{"format_version":"1.2","terraform_version":"1.5.7","variables":{"application_enabled_folder_paths":{"value":["Sales/Production","Sales/Non-Production","Sales/Development","Operations/Production","Operations/Non-Production","Operations/Development","Managers/Production","Managers/Non-Production","Managers/Development","API_Manager/Production","API_Manager/Non-Production","API_Manager/Development"]},"billing_account":{"value":"01A890-50B478-5C132C"},"billing_project":{"value":"cs-host-c6889db1289b4fba8e3d96"},"folders":{"value":{"API_Manager":{"Development":{},"Non-Production":{},"Production":{}},"Managers":{"Development":{},"Non-Production":{},"Production":{}},"Operations":{"Development":{},"Non-Production":{},"Production":{}},"Sales":{"Development":{},"Non-Production":{},"Production":{}}}},"org_id":{"value":"403564791417"}},"planned_values":{"root_module":{"resources":[{"address":"google_artifact_registry_repository.smart_rentals_web","mode":"managed","type":"google_artifact_registry_repository","name":"smart_rentals_web","provider_name":"registry.terraform.io/hashicorp/google","schema_version":0,"values":{"cleanup_policies":[],"cleanup_policy_dry_run":false,"create_time":"2025-12-06T06:40:15.534457Z","description":"Docker repository for Smart Rentals Web App","docker_config":[],"effective_labels":{"goog-cloudsetup":"downloaded","goog-terraform-provisioned":"true"},"format":"DOCKER","id":"projects/smart-rentals-prod-svc/locations/australia-southeast1/repositories/smart-rentals-web","kms_key_name":"","labels":{},"location":"australia-southeast1","maven_config":[],"mode":"STANDARD_REPOSITORY","name":"smart-rentals-web","project":"smart-rentals-prod-svc","remote_repository_config":[],"repository_id":"smart-rentals-web","terraform_labels":{"goog-cloudsetup":"downloaded","goog-terraform-provisioned":"true"},"timeouts":null,"update_time":"2025-12-06T06:40:15.534457Z","virtual_repository_config":[],"vulnerability_scanning_config":[{"enablement_config":"","enablement_state":"SCANNING_DISABLED","enablement_state_reason":"API containerscanning.googleapis.com is not enabled."}]},"sensitive_values":{"cleanup_policies":[],"docker_config":[],"effective_labels":{},"labels":{},"maven_config":[],"remote_repository_config":[],"terraform_labels":{},"virtual_repository_config":[],"vulnerability_scanning_config":[{}]}},{"address":"google_cloud_run_service.smart_rentals_web","mode":"managed","type":"google_cloud_run_service","name":"smart_rentals_web","provider_name":"registry.terraform.io/hashicorp/google","schema_version":2,"values":{"autogenerate_revision_name":false,"id":"locations/australia-southeast1/namespaces/smart-rentals-prod-svc/services/smart-rentals-web","location":"australia-southeast1","metadata":[{"annotations":{},"effective_annotations":{"run.googleapis.com/ingress":"all","run.googleapis.com/ingress-status":"all","run.googleapis.com/operation-id":"11c7adc2-5953-4ca5-b55f-9fcf9e01fa16","run.googleapis.com/urls":"[\"https://smart-rentals-web-367720462542.australia-southeast1.run.app\",\"https://smart-rentals-web-tmgnytbgha-ts.a.run.app\"]","serving.knative.dev/creator":"terraform-deployer@mh-oct-2025.iam.gserviceaccount.com","serving.knative.dev/lastModifier":"terraform-deployer@mh-oct-2025.iam.gserviceaccount.com"},"effective_labels":{"cloud.googleapis.com/location":"australia-southeast1","goog-cloudsetup":"downloaded","run.googleapis.com/satisfiesPzs":"true"},"generation":1,"labels":{},"namespace":"smart-rentals-prod-svc","resource_version":"AAZFQtn97fA","self_link":"/apis/serving.knative.dev/v1/namespaces/367720462542/services/smart-rentals-web","terraform_labels":{"goog-cloudsetup":"downloaded"},"uid":"f901b464-1fc7-4788-9a0f-7f7fa5af887e"}],"name":"smart-rentals-web","project":"smart-rentals-prod-svc","status":[{"conditions":[{"message":"","reason":"","status":"True","type":"Ready"},{"message":"","reason":"","status":"True","type":"ConfigurationsReady"},{"message":"","reason":"","status":"True","type":"RoutesReady"}],"latest_created_revision_name":"smart-rentals-web-00001-mzw","latest_ready_revision_name":"smart-rentals-web-00001-mzw","observed_generation":1,"traffic":[{"latest_revision":true,"percent":100,"revision_name":"smart-rentals-web-00001-mzw","tag":"","url":""}],"url":"https://smart-rentals-web-tmgnytbgha-ts.a.run.app"}],"template":[{"metadata":[{"annotations":{"autoscaling.knative.dev/maxScale":"100"},"generation":0,"labels":{"run.googleapis.com/startupProbeType":"Default"},"name":"","namespace":"","resource_version":"","self_link":"","uid":""}],"spec":[{"container_concurrency":80,"containers":[{"args":[],"command":[],"env":[],"env_from":[],"image":"us-docker.pkg.dev/cloudrun/container/hello","liveness_probe":[],"name":"","ports":[{"container_port":3000,"name":"http1","protocol":""}],"resources":[{"limits":{"cpu":"1000m","memory":"512Mi"},"requests":{}}],"startup_probe":[{"failure_threshold":1,"grpc":[],"http_get":[],"initial_delay_seconds":0,"period_seconds":240,"tcp_socket":[{"port":3000}],"timeout_seconds":240}],"volume_mounts":[],"working_dir":""}],"node_selector":{},"service_account_name":"367720462542-compute@developer.gserviceaccount.com","serving_state":"","timeout_seconds":300,"volumes":[]}]}],"timeouts":null,"traffic":[{"latest_revision":true,"percent":100,"revision_name":"","tag":"","url":""}]},"sensitive_values":{"metadata":[{"annotations":{},"effective_annotations":{},"effective_labels":{},"labels":{},"terraform_labels":{}}],"status":[{"conditions":[{},{},{}],"traffic":[{}]}],"template":[{"metadata":[{"annotations":{},"labels":{}}],"spec":[{"containers":[{"args":[],"command":[],"env":[],"env_from":[],"liveness_probe":[],"ports":[{}],"resources":[{"limits":{},"requests":{}}],"startup_probe":[{"grpc":[],"http_get":[],"tcp_socket":[{}]}],"volume_mounts":[]}],"node_selector":{},"volumes":[]}]}],"traffic":[{}]}},{"address":"google_monitoring_monitored_project.cs-monitored-projects[\"vpc-host-nonprod-ng786-al606\"]","mode":"managed","type":"google_monitoring_monitored_project","name":"cs-monitored-projects","index":"vpc-host-nonprod-ng786-al606","provider_name":"registry.terraform.io/hashicorp/google","schema_version":1,"values":{"metrics_scope":"locations/global/metricsScopes/central-log-monitor-gt738-xd25","name":"vpc-host-nonprod-ng786-al606","timeouts":null},"sensitive_values":{}},{"address":"google_monitoring_monitored_project.cs-monitored-projects[\"vpc-host-prod-ds581-hy386\"]","mode":"managed","type":"google_monitoring_monitored_project","name":"cs-monitored-projects","index":"vpc-host-prod-ds581-hy386","provider_name":"registry.terraform.io/hashicorp/google","schema_version":1,"values":{"metrics_scope":"locations/global/metricsScopes/central-log-monitor-gt738-xd25","name":"vpc-host-prod-ds581-hy386","timeouts":null},"sensitive_values":{}},{"address":"google_resource_manager_capability.capability[\"API_Manager/Development\"]","mode":"managed","type":"google_resource_manager_capability","name":"capability","index":"API_Manager/Development","provider_name":"registry.terraform.io/hashicorp/google-beta","schema_version":0,"values":{"capability_name":"app-management","id":"folders/165865028466/capabilities/app-management","parent":"folders/165865028466","timeouts":null,"value":true},"sensitive_values":{}},{"address":"google_resource_manager_capability.capability[\"API_Manager/Non-Production\"]","mode":"managed","type":"google_resource_manager_capability","name":"capability","index":"API_Manager/Non-Production","provider_name":"registry.terraform.io/hashicorp/google-beta","schema_version":0,"values":{"capability_name":"app-management","id":"folders/437428707484/capabilities/app-management","parent":"folders/437428707484","timeouts":null,"value":true},"sensitive_values":{}},{"address":"google_resource_manager_capability.capability[\"API_Manager/Production\"]","mode":"managed","type":"google_resource_manager_capability","name":"capability","index":"API_Manager/Production","provider_name":"registry.terraform.io/hashicorp/google-beta","schema_version":0,"values":{"capability_name":"app-management","id":"folders/920044424654/capabilities/app-management","parent":"folders/920044424654","timeouts":null,"value":true},"sensitive_values":{}},{"address":"google_resource_manager_capability.capability[\"Managers/Development\"]","mode":"managed","type":"google_resource_manager_capability","name":"capability","index":"Managers/Development","provider_name":"registry.terraform.io/hashicorp/google-beta","schema_version":0,"values":{"capability_name":"app-management","id":"folders/815831532556/capabilities/app-management","parent":"folders/815831532556","timeouts":null,"value":true},"sensitive_values":{}},{"address":"google_resource_manager_capability.capability[\"Managers/Non-Production\"]","mode":"managed","type":"google_resource_manager_capability","name":"capability","index":"Managers/Non-Production","provider_name":"registry.terraform.io/hashicorp/google-beta","schema_version":0,"values":{"capability_name":"app-management","id":"folders/959991129302/capabilities/app-management","parent":"folders/959991129302","timeouts":null,"value":true},"sensitive_values":{}},{"address":"google_resource_manager_capability.capability[\"Managers/Production\"]","mode":"managed","type":"google_resource_manager_capability","name":"capability","index":"Managers/Production","provider_name":"registry.terraform.io/hashicorp/google-beta","schema_version":0,"values":{"capability_name":"app-management","id":"folders/343520406158/capabilities/app-management","parent":"folders/343520406158","timeouts":null,"value":true},"sensitive_values":{}},{"address":"google_resource_manager_capability.capability[\"Operations/Development\"]","mode":"managed","type":"google_resource_manager_capability","name":"capability","index":"Operations/Development","provider_name":"registry.terraform.io/hashicorp/google-beta","schema_version":0,"values":{"capability_name":"app-management","id":"folders/1057673246676/capabilities/app-management","parent":"folders/1057673246676","timeouts":null,"value":true},"sensitive_values":{}},{"address":"google_resource_manager_capability.capability[\"Operations/Non-Production\"]","mode":"managed","type":"google_resource_manager_capability","name":"capability","index":"Operations/Non-Production","provider_name":"registry.terraform.io/hashicorp/google-beta","schema_version":0,"values":{"capability_name":"app-management","id":"folders/1082518302626/capabilities/app-management","parent":"folders/1082518302626","timeouts":null,"value":true},"sensitive_values":{}},{"address":"google_resource_manager_capability.capability[\"Operations/Production\"]","mode":"managed","type":"google_resource_manager_capability","name":"capability","index":"Operations/Production","provider_name":"registry.terraform.io/hashicorp/google-beta","schema_version":0,"values":{"capability_name":"app-management","id":"folders/1057431337546/capabilities/app-management","parent":"folders/1057431337546","timeouts":null,"value":true},"sensitive_values":{}},{"address":"google_resource_manager_capability.capability[\"Sales/Development\"]","mode":"managed","type":"google_resource_manager_capability","name":"capability","index":"Sales/Development","provider_name":"registry.terraform.io/hashicorp/google-beta","schema_version":0,"values":{"capability_name":"app-management","id":"folders/160188010802/capabilities/app-management","parent":"folders/160188010802","timeouts":null,"value":true},"sensitive_values":{}},{"address":"google_resource_manager_capability.capability[\"Sales/Non-Production\"]","mode":"managed","type":"google_resource_manager_capability","name":"capability","index":"Sales/Non-Production","provider_name":"registry.terraform.io/hashicorp/google-beta","schema_version":0,"values":{"capability_name":"app-management","id":"folders/202287051102/capabilities/app-management","parent":"folders/202287051102","timeouts":null,"value":true},"sensitive_values":{}},{"address":"google_resource_manager_capability.capability[\"Sales/Production\"]","mode":"managed","type":"google_resource_manager_capability","name":"capability","index":"Sales/Production","provider_name":"registry.terraform.io/hashicorp/google-beta","schema_version":0,"values":{"capability_name":"app-management","id":"folders/472226013082/capabilities/app-management","parent":"folders/472226013082","timeouts":null,"value":true},"sensitive_values":{}},{"address":"random_id.suffix","mode":"managed","type":"random_id","name":"suffix","provider_name":"registry.terraform.io/hashicorp/random","schema_version":0,"values":{"b64_std":"jw3M3w==","b64_url":"jw3M3w","byte_length":4,"dec":"2400046303","hex":"8f0dccdf","id":"jw3M3w","keepers":null,"prefix":null},"sensitive_values":{}},{"address":"random_integer.hostnum[\"prod-australia-southeast1-0\"]","mode":"managed","type":"random_integer","name":"hostnum","index":"prod-australia-southeast1-0","provider_name":"registry.terraform.io/hashicorp/random","schema_version":0,"values":{"id":"39181","keepers":null,"max":65535,"min":1,"result":39181,"seed":null},"sensitive_values":{}},{"address":"random_integer.hostnum[\"prod-australia-southeast1-1\"]","mode":"managed","type":"random_integer","name":"hostnum","index":"prod-australia-southeast1-1","provider_name":"registry.terraform.io/hashicorp/random","schema_version":0,"values":{"id":"21709","keepers":null,"max":65535,"min":1,"result":21709,"seed":null},"sensitive_values":{}},{"address":"time_sleep.wait_for_folder_creations","mode":"managed","type":"time_sleep","name":"wait_for_folder_creations","provider_name":"registry.terraform.io/hashicorp/time","schema_version":0,"values":{"create_duration":"60s","destroy_duration":null,"id":"2025-11-30T23:37:05Z","triggers":null},"sensitive_values":{}}],"child_modules":[{"resources":[{"address":"module.cs-common.google_folder.folders[\"Common\"]","mode":"managed","type":"google_folder","name":"folders","index":"Common","provider_name":"registry.terraform.io/hashicorp/google","schema_version":0,"values":{"configured_capabilities":[],"create_time":"2025-11-27T07:06:23.633Z","deletion_protection":false,"display_name":"Common","folder_id":"766619413482","id":"folders/766619413482","lifecycle_state":"DELETE_REQUESTED","management_project":"","name":"folders/766619413482","parent":"organizations/403564791417","tags":null,"timeouts":null},"sensitive_values":{"configured_capabilities":[]}}],"address":"module.cs-common"},{"resources":[{"address":"module.cs-folders-iam-0-computeinstanceAdminv1.google_folder_iam_member.folder_iam_additive[\"default--roles/compute.instanceAdmin.v1--group:gcp-developers@smartrentalstsv.com.au\"]","mode":"managed","type":"google_folder_iam_member","name":"folder_iam_additive","index":"default--roles/compute.instanceAdmin.v1--group:gcp-developers@smartrentalstsv.com.au","provider_name":"registry.terraform.io/hashicorp/google","schema_version":0,"values":{"condition":[],"etag":"BwZE2FRt/Os=","folder":"folders/202287051102","id":"folders/202287051102/roles/compute.instanceAdmin.v1/group:gcp-developers@smartrentalstsv.com.au","member":"group:gcp-developers@smartrentalstsv.com.au","role":"roles/compute.instanceAdmin.v1"},"sensitive_values":{"condition":[]}}],"address":"module.cs-folders-iam-0-computeinstanceAdminv1"},{"resources":[{"address":"module.cs-folders-iam-0-containeradmin.google_folder_iam_member.folder_iam_additive[\"default--roles/container.admin--group:gcp-developers@smartrentalstsv.com.au\"]","mode":"managed","type":"google_folder_iam_member","name":"folder_iam_additive","index":"default--roles/container.admin--group:gcp-developers@smartrentalstsv.com.au","provider_name":"registry.terraform.io/hashicorp/google","schema_version":0,"values":{"condition":[],"etag":"BwZE2FRt/Os=","folder":"folders/202287051102","id":"folders/202287051102/roles/container.admin/group:gcp-developers@smartrentalstsv.com.au","member":"group:gcp-developers@smartrentalstsv.com.au","role":"roles/container.admin"},"sensitive_values":{"condition":[]}}],"address":"module.cs-folders-iam-0-containeradmin"},{"resources":[{"address":"module.cs-folders-iam-1-computeinstanceAdminv1.google_folder_iam_member.folder_iam_additive[\"default--roles/compute.instanceAdmin.v1--group:gcp-developers@smartrentalstsv.com.au\"]","mode":"managed","type":"google_folder_iam_member","name":"folder_iam_additive","index":"default--roles/compute.instanceAdmin.v1--group:gcp-developers@smartrentalstsv.com.au","provider_name":"registry.terraform.io/hashicorp/google","schema_version":0,"values":{"condition":[],"etag":"BwZE2FQQ4hE=","folder":"folders/1082518302626","id":"folders/1082518302626/roles/compute.instanceAdmin.v1/group:gcp-developers@smartrentalstsv.com.au","member":"group:gcp-developers@smartrentalstsv.com.au","role":"roles/compute.instanceAdmin.v1"},"sensitive_values":{"condition":[]}}],"address":"module.cs-folders-iam-1-computeinstanceAdminv1"},{"resources":[{"address":"module.cs-folders-iam-1-containeradmin.google_folder_iam_member.folder_iam_additive[\"default--roles/container.admin--group:gcp-developers@smartrentalstsv.com.au\"]","mode":"managed","type":"google_folder_iam_member","name":"folder_iam_additive","index":"default--roles/container.admin--group:gcp-developers@smartrentalstsv.com.au","provider_name":"registry.terraform.io/hashicorp/google","schema_version":0,"values":{"condition":[],"etag":"BwZE2FQQ4hE=","folder":"folders/1082518302626","id":"folders/1082518302626/roles/container.admin/group:gcp-developers@smartrentalstsv.com.au","member":"group:gcp-developers@smartrentalstsv.com.au","role":"roles/container.admin"},"sensitive_values":{"condition":[]}}],"address":"module.cs-folders-iam-1-containeradmin"},{"resources":[{"address":"module.cs-folders-iam-2-computeinstanceAdminv1.google_folder_iam_member.folder_iam_additive[\"default--roles/compute.instanceAdmin.v1--group:gcp-developers@smartrentalstsv.com.au\"]","mode":"managed","type":"google_folder_iam_member","name":"folder_iam_additive","index":"default--roles/compute.instanceAdmin.v1--group:gcp-developers@smartrentalstsv.com.au","provider_name":"registry.terraform.io/hashicorp/google","schema_version":0,"values":{"condition":[],"etag":"BwZE2FQdDnw=","folder":"folders/959991129302","id":"folders/959991129302/roles/compute.instanceAdmin.v1/group:gcp-developers@smartrentalstsv.com.au","member":"group:gcp-developers@smartrentalstsv.com.au","role":"roles/compute.instanceAdmin.v1"},"sensitive_values":{"condition":[]}}],"address":"module.cs-folders-iam-2-computeinstanceAdminv1"},{"resources":[{"address":"module.cs-folders-iam-2-containeradmin.google_folder_iam_member.folder_iam_additive[\"default--roles/container.admin--group:gcp-developers@smartrentalstsv.com.au\"]","mode":"managed","type":"google_folder_iam_member","name":"folder_iam_additive","index":"default--roles/container.admin--group:gcp-developers@smartrentalstsv.com.au","provider_name":"registry.terraform.io/hashicorp/google","schema_version":0,"values":{"condition":[],"etag":"BwZE2FQdDnw=","folder":"folders/959991129302","id":"folders/959991129302/roles/container.admin/group:gcp-developers@smartrentalstsv.com.au","member":"group:gcp-developers@smartrentalstsv.com.au","role":"roles/container.admin"},"sensitive_values":{"condition":[]}}],"address":"module.cs-folders-iam-2-containeradmin"},{"resources":[{"address":"module.cs-folders-iam-3-computeinstanceAdminv1.google_folder_iam_member.folder_iam_additive[\"default--roles/compute.instanceAdmin.v1--group:gcp-developers@smartrentalstsv.com.au\"]","mode":"managed","type":"google_folder_iam_member","name":"folder_iam_additive","index":"default--roles/compute.instanceAdmin.v1--group:gcp-developers@smartrentalstsv.com.au","provider_name":"registry.terraform.io/hashicorp/google","schema_version":0,"values":{"condition":[],"etag":"BwZE2FQdKLI=","folder":"folders/437428707484","id":"folders/437428707484/roles/compute.instanceAdmin.v1/group:gcp-developers@smartrentalstsv.com.au","member":"group:gcp-developers@smartrentalstsv.com.au","role":"roles/compute.instanceAdmin.v1"},"sensitive_values":{"condition":[]}}],"address":"module.cs-folders-iam-3-computeinstanceAdminv1"},{"resources":[{"address":"module.cs-folders-iam-3-containeradmin.google_folder_iam_member.folder_iam_additive[\"default--roles/container.admin--group:gcp-developers@smartrentalstsv.com.au\"]","mode":"managed","type":"google_folder_iam_member","name":"folder_iam_additive","index":"default--roles/container.admin--group:gcp-developers@smartrentalstsv.com.au","provider_name":"registry.terraform.io/hashicorp/google","schema_version":0,"values":{"condition":[],"etag":"BwZE2FQdKLI=","folder":"folders/437428707484","id":"folders/437428707484/roles/container.admin/group:gcp-developers@smartrentalstsv.com.au","member":"group:gcp-developers@smartrentalstsv.com.au","role":"roles/container.admin"},"sensitive_values":{"condition":[]}}],"address":"module.cs-folders-iam-3-containeradmin"},{"resources":[{"address":"module.cs-folders-iam-4-computeinstanceAdminv1.google_folder_iam_member.folder_iam_additive[\"default--roles/compute.instanceAdmin.v1--group:gcp-developers@smartrentalstsv.com.au\"]","mode":"managed","type":"google_folder_iam_member","name":"folder_iam_additive","index":"default--roles/compute.instanceAdmin.v1--group:gcp-developers@smartrentalstsv.com.au","provider_name":"registry.terraform.io/hashicorp/google","schema_version":0,"values":{"condition":[],"etag":"BwZE2FQkw10=","folder":"folders/160188010802","id":"folders/160188010802/roles/compute.instanceAdmin.v1/group:gcp-developers@smartrentalstsv.com.au","member":"group:gcp-developers@smartrentalstsv.com.au","role":"roles/compute.instanceAdmin.v1"},"sensitive_values":{"condition":[]}}],"address":"module.cs-folders-iam-4-computeinstanceAdminv1"},{"resources":[{"address":"module.cs-folders-iam-4-containeradmin.google_folder_iam_member.folder_iam_additive[\"default--roles/container.admin--group:gcp-developers@smartrentalstsv.com.au\"]","mode":"managed","type":"google_folder_iam_member","name":"folder_iam_additive","index":"default--roles/container.admin--group:gcp-developers@smartrentalstsv.com.au","provider_name":"registry.terraform.io/hashicorp/google","schema_version":0,"values":{"condition":[],"etag":"BwZE2FQkw10=","folder":"folders/160188010802","id":"folders/160188010802/roles/container.admin/group:gcp-developers@smartrentalstsv.com.au","member":"group:gcp-developers@smartrentalstsv.com.au","role":"roles/container.admin"},"sensitive_values":{"condition":[]}}],"address":"module.cs-folders-iam-4-containeradmin"},{"resources":[{"address":"module.cs-folders-iam-5-computeinstanceAdminv1.google_folder_iam_member.folder_iam_additive[\"default--roles/compute.instanceAdmin.v1--group:gcp-developers@smartrentalstsv.com.au\"]","mode":"managed","type":"google_folder_iam_member","name":"folder_iam_additive","index":"default--roles/compute.instanceAdmin.v1--group:gcp-developers@smartrentalstsv.com.au","provider_name":"registry.terraform.io/hashicorp/google","schema_version":0,"values":{"condition":[],"etag":"BwZE2FRn2x0=","folder":"folders/1057673246676","id":"folders/1057673246676/roles/compute.instanceAdmin.v1/group:gcp-developers@smartrentalstsv.com.au","member":"group:gcp-developers@smartrentalstsv.com.au","role":"roles/compute.instanceAdmin.v1"},"sensitive_values":{"condition":[]}}],"address":"module.cs-folders-iam-5-computeinstanceAdminv1"},{"resources":[{"address":"module.cs-folders-iam-5-containeradmin.google_folder_iam_member.folder_iam_additive[\"default--roles/container.admin--group:gcp-developers@smartrentalstsv.com.au\"]","mode":"managed","type":"google_folder_iam_member","name":"folder_iam_additive","index":"default--roles/container.admin--group:gcp-developers@smartrentalstsv.com.au","provider_name":"registry.terraform.io/hashicorp/google","schema_version":0,"values":{"condition":[],"etag":"BwZE2FRn2x0=","folder":"folders/1057673246676","id":"folders/1057673246676/roles/container.admin/group:gcp-developers@smartrentalstsv.com.au","member":"group:gcp-developers@smartrentalstsv.com.au","role":"roles/container.admin"},"sensitive_values":{"condition":[]}}],"address":"module.cs-folders-iam-5-containeradmin"},{"resources":[{"address":"module.cs-folders-iam-6-computeinstanceAdminv1.google_folder_iam_member.folder_iam_additive[\"default--roles/compute.instanceAdmin.v1--group:gcp-developers@smartrentalstsv.com.au\"]","mode":"managed","type":"google_folder_iam_member","name":"folder_iam_additive","index":"default--roles/compute.instanceAdmin.v1--group:gcp-developers@smartrentalstsv.com.au","provider_name":"registry.terraform.io/hashicorp/google","schema_version":0,"values":{"condition":[],"etag":"BwZE2FQLTGM=","folder":"folders/815831532556","id":"folders/815831532556/roles/compute.instanceAdmin.v1/group:gcp-developers@smartrentalstsv.com.au","member":"group:gcp-developers@smartrentalstsv.com.au","role":"roles/compute.instanceAdmin.v1"},"sensitive_values":{"condition":[]}}],"address":"module.cs-folders-iam-6-computeinstanceAdminv1"},{"resources":[{"address":"module.cs-folders-iam-6-containeradmin.google_folder_iam_member.folder_iam_additive[\"default--roles/container.admin--group:gcp-developers@smartrentalstsv.com.au\"]","mode":"managed","type":"google_folder_iam_member","name":"folder_iam_additive","index":"default--roles/container.admin--group:gcp-developers@smartrentalstsv.com.au","provider_name":"registry.terraform.io/hashicorp/google","schema_version":0,"values":{"condition":[],"etag":"BwZE2FQLTGM=","folder":"folders/815831532556","id":"folders/815831532556/roles/container.admin/group:gcp-developers@smartrentalstsv.com.au","member":"group:gcp-developers@smartrentalstsv.com.au","role":"roles/container.admin"},"sensitive_values":{"condition":[]}}],"address":"module.cs-folders-iam-6-containeradmin"},{"resources":[{"address":"module.cs-folders-iam-7-computeinstanceAdminv1.google_folder_iam_member.folder_iam_additive[\"default--roles/compute.instanceAdmin.v1--group:gcp-developers@smartrentalstsv.com.au\"]","mode":"managed","type":"google_folder_iam_member","name":"folder_iam_additive","index":"default--roles/compute.instanceAdmin.v1--group:gcp-developers@smartrentalstsv.com.au","provider_name":"registry.terraform.io/hashicorp/google","schema_version":0,"values":{"condition":[],"etag":"BwZE2FRiW8A=","folder":"folders/165865028466","id":"folders/165865028466/roles/compute.instanceAdmin.v1/group:gcp-developers@smartrentalstsv.com.au","member":"group:gcp-developers@smartrentalstsv.com.au","role":"roles/compute.instanceAdmin.v1"},"sensitive_values":{"condition":[]}}],"address":"module.cs-folders-iam-7-computeinstanceAdminv1"},{"resources":[{"address":"module.cs-folders-iam-7-containeradmin.google_folder_iam_member.folder_iam_additive[\"default--roles/container.admin--group:gcp-developers@smartrentalstsv.com.au\"]","mode":"managed","type":"google_folder_iam_member","name":"folder_iam_additive","index":"default--roles/container.admin--group:gcp-developers@smartrentalstsv.com.au","provider_name":"registry.terraform.io/hashicorp/google","schema_version":0,"values":{"condition":[],"etag":"BwZE2FRiW8A=","folder":"folders/165865028466","id":"folders/165865028466/roles/container.admin/group:gcp-developers@smartrentalstsv.com.au","member":"group:gcp-developers@smartrentalstsv.com.au","role":"roles/container.admin"},"sensitive_values":{"condition":[]}}],"address":"module.cs-folders-iam-7-containeradmin"},{"resources":[{"address":"module.cs-folders-level-0[\"API_Manager\"].google_folder.folders[\"API_Manager\"]","mode":"managed","type":"google_folder","name":"folders","index":"API_Manager","provider_name":"registry.terraform.io/hashicorp/google","schema_version":0,"values":{"configured_capabilities":[],"create_time":"2025-11-27T07:06:20.549Z","deletion_protection":true,"display_name":"API_Manager","folder_id":"112933961464","id":"folders/112933961464","lifecycle_state":"ACTIVE","management_project":"","name":"folders/112933961464","parent":"organizations/403564791417","tags":null,"timeouts":null},"sensitive_values":{"configured_capabilities":[]}}],"address":"module.cs-folders-level-0[\"API_Manager\"]"},{"resources":[{"address":"module.cs-folders-level-0[\"Managers\"].google_folder.folders[\"Managers\"]","mode":"managed","type":"google_folder","name":"folders","index":"Managers","provider_name":"registry.terraform.io/hashicorp/google","schema_version":0,"values":{"configured_capabilities":[],"create_time":"2025-11-27T07:06:18.607Z","deletion_protection":true,"display_name":"Managers","folder_id":"1041835919178","id":"folders/1041835919178","lifecycle_state":"ACTIVE","management_project":"","name":"folders/1041835919178","parent":"organizations/403564791417","tags":null,"timeouts":null},"sensitive_values":{"configured_capabilities":[]}}],"address":"module.cs-folders-level-0[\"Managers\"]"},{"resources":[{"address":"module.cs-folders-level-0[\"Operations\"].google_folder.folders[\"Operations\"]","mode":"managed","type":"google_folder","name":"folders","index":"Operations","provider_name":"registry.terraform.io/hashicorp/google","schema_version":0,"values":{"configured_capabilities":[],"create_time":"2025-11-27T07:06:19.783Z","deletion_protection":true,"display_name":"Operations","folder_id":"791725784966","id":"folders/791725784966","lifecycle_state":"ACTIVE","management_project":"","name":"folders/791725784966","parent":"organizations/403564791417","tags":null,"timeouts":null},"sensitive_values":{"configured_capabilities":[]}}],"address":"module.cs-folders-level-0[\"Operations\"]"},{"resources":[{"address":"module.cs-folders-level-0[\"Sales\"].google_folder.folders[\"Sales\"]","mode":"managed","type":"google_folder","name":"folders","index":"Sales","provider_name":"registry.terraform.io/hashicorp/google","schema_version":0,"values":{"configured_capabilities":[],"create_time":"2025-11-27T07:06:20Z","deletion_protection":true,"display_name":"Sales","folder_id":"617097906382","id":"folders/617097906382","lifecycle_state":"ACTIVE","management_project":"","name":"folders/617097906382","parent":"organizations/403564791417","tags":null,"timeouts":null},"sensitive_values":{"configured_capabilities":[]}}],"address":"module.cs-folders-level-0[\"Sales\"]"},{"resources":[{"address":"module.cs-folders-level-1[\"API_Manager/Development\"].google_folder.folders[\"Development\"]","mode":"managed","type":"google_folder","name":"folders","index":"Development","provider_name":"registry.terraform.io/hashicorp/google","schema_version":0,"values":{"configured_capabilities":["folders/165865028466/capabilities/app-management"],"create_time":"2025-11-27T07:06:35.489Z","deletion_protection":true,"display_name":"Development","folder_id":"165865028466","id":"folders/165865028466","lifecycle_state":"ACTIVE","management_project":"projects/google-mpf-v4qhdqim51sq","name":"folders/165865028466","parent":"folders/112933961464","tags":null,"timeouts":null},"sensitive_values":{"configured_capabilities":[false]}}],"address":"module.cs-folders-level-1[\"API_Manager/Development\"]"},{"resources":[{"address":"module.cs-folders-level-1[\"API_Manager/Non-Production\"].google_folder.folders[\"Non-Production\"]","mode":"managed","type":"google_folder","name":"folders","index":"Non-Production","provider_name":"registry.terraform.io/hashicorp/google","schema_version":0,"values":{"configured_capabilities":["folders/437428707484/capabilities/app-management"],"create_time":"2025-11-27T07:06:35.659Z","deletion_protection":true,"display_name":"Non-Production","folder_id":"437428707484","id":"folders/437428707484","lifecycle_state":"ACTIVE","management_project":"projects/google-mpf-hbj2cuhzco2a","name":"folders/437428707484","parent":"folders/112933961464","tags":null,"timeouts":null},"sensitive_values":{"configured_capabilities":[false]}}],"address":"module.cs-folders-level-1[\"API_Manager/Non-Production\"]"},{"resources":[{"address":"module.cs-folders-level-1[\"API_Manager/Production\"].google_folder.folders[\"Production\"]","mode":"managed","type":"google_folder","name":"folders","index":"Production","provider_name":"registry.terraform.io/hashicorp/google","schema_version":0,"values":{"configured_capabilities":["folders/920044424654/capabilities/app-management"],"create_time":"2025-11-27T07:07:06.014Z","deletion_protection":true,"display_name":"Production","folder_id":"920044424654","id":"folders/920044424654","lifecycle_state":"ACTIVE","management_project":"projects/google-mpf-hcmce8st2sc8","name":"folders/920044424654","parent":"folders/112933961464","tags":null,"timeouts":null},"sensitive_values":{"configured_capabilities":[false]}}],"address":"module.cs-folders-level-1[\"API_Manager/Production\"]"},{"resources":[{"address":"module.cs-folders-level-1[\"Managers/Development\"].google_folder.folders[\"Development\"]","mode":"managed","type":"google_folder","name":"folders","index":"Development","provider_name":"registry.terraform.io/hashicorp/google","schema_version":0,"values":{"configured_capabilities":["folders/815831532556/capabilities/app-management"],"create_time":"2025-11-27T07:06:35.294Z","deletion_protection":true,"display_name":"Development","folder_id":"815831532556","id":"folders/815831532556","lifecycle_state":"ACTIVE","management_project":"projects/google-mpf-chcg06qa6gnf","name":"folders/815831532556","parent":"folders/1041835919178","tags":null,"timeouts":null},"sensitive_values":{"configured_capabilities":[false]}}],"address":"module.cs-folders-level-1[\"Managers/Development\"]"},{"resources":[{"address":"module.cs-folders-level-1[\"Managers/Non-Production\"].google_folder.folders[\"Non-Production\"]","mode":"managed","type":"google_folder","name":"folders","index":"Non-Production","provider_name":"registry.terraform.io/hashicorp/google","schema_version":0,"values":{"configured_capabilities":["folders/959991129302/capabilities/app-management"],"create_time":"2025-11-27T07:07:00.630Z","deletion_protection":true,"display_name":"Non-Production","folder_id":"959991129302","id":"folders/959991129302","lifecycle_state":"ACTIVE","management_project":"projects/google-mpf-uycqezc8148x","name":"folders/959991129302","parent":"folders/1041835919178","tags":null,"timeouts":null},"sensitive_values":{"configured_capabilities":[false]}}],"address":"module.cs-folders-level-1[\"Managers/Non-Production\"]"},{"resources":[{"address":"module.cs-folders-level-1[\"Managers/Production\"].google_folder.folders[\"Production\"]","mode":"managed","type":"google_folder","name":"folders","index":"Production","provider_name":"registry.terraform.io/hashicorp/google","schema_version":0,"values":{"configured_capabilities":["folders/343520406158/capabilities/app-management"],"create_time":"2025-11-27T07:07:48.849Z","deletion_protection":true,"display_name":"Production","folder_id":"343520406158","id":"folders/343520406158","lifecycle_state":"ACTIVE","management_project":"projects/google-mpf-dbnpurab17rq","name":"folders/343520406158","parent":"folders/1041835919178","tags":null,"timeouts":null},"sensitive_values":{"configured_capabilities":[false]}}],"address":"module.cs-folders-level-1[\"Managers/Production\"]"},{"resources":[{"address":"module.cs-folders-level-1[\"Operations/Development\"].google_folder.folders[\"Development\"]","mode":"managed","type":"google_folder","name":"folders","index":"Development","provider_name":"registry.terraform.io/hashicorp/google","schema_version":0,"values":{"configured_capabilities":["folders/1057673246676/capabilities/app-management"],"create_time":"2025-11-27T07:06:35.908Z","deletion_protection":true,"display_name":"Development","folder_id":"1057673246676","id":"folders/1057673246676","lifecycle_state":"ACTIVE","management_project":"projects/google-mpf-zgjzi8awa075","name":"folders/1057673246676","parent":"folders/791725784966","tags":null,"timeouts":null},"sensitive_values":{"configured_capabilities":[false]}}],"address":"module.cs-folders-level-1[\"Operations/Development\"]"},{"resources":[{"address":"module.cs-folders-level-1[\"Operations/Non-Production\"].google_folder.folders[\"Non-Production\"]","mode":"managed","type":"google_folder","name":"folders","index":"Non-Production","provider_name":"registry.terraform.io/hashicorp/google","schema_version":0,"values":{"configured_capabilities":["folders/1082518302626/capabilities/app-management"],"create_time":"2025-11-27T07:06:35.712Z","deletion_protection":true,"display_name":"Non-Production","folder_id":"1082518302626","id":"folders/1082518302626","lifecycle_state":"ACTIVE","management_project":"projects/google-mpf-loz0kqizplx7","name":"folders/1082518302626","parent":"folders/791725784966","tags":null,"timeouts":null},"sensitive_values":{"configured_capabilities":[false]}}],"address":"module.cs-folders-level-1[\"Operations/Non-Production\"]"},{"resources":[{"address":"module.cs-folders-level-1[\"Operations/Production\"].google_folder.folders[\"Production\"]","mode":"managed","type":"google_folder","name":"folders","index":"Production","provider_name":"registry.terraform.io/hashicorp/google","schema_version":0,"values":{"configured_capabilities":["folders/1057431337546/capabilities/app-management"],"create_time":"2025-11-27T07:07:49.644Z","deletion_protection":true,"display_name":"Production","folder_id":"1057431337546","id":"folders/1057431337546","lifecycle_state":"ACTIVE","management_project":"projects/google-mpf-394ri3gmo7tj","name":"folders/1057431337546","parent":"folders/791725784966","tags":null,"timeouts":null},"sensitive_values":{"configured_capabilities":[false]}}],"address":"module.cs-folders-level-1[\"Operations/Production\"]"},{"resources":[{"address":"module.cs-folders-level-1[\"Sales/Development\"].google_folder.folders[\"Development\"]","mode":"managed","type":"google_folder","name":"folders","index":"Development","provider_name":"registry.terraform.io/hashicorp/google","schema_version":0,"values":{"configured_capabilities":["folders/160188010802/capabilities/app-management"],"create_time":"2025-11-27T07:06:36.743Z","deletion_protection":true,"display_name":"Development","folder_id":"160188010802","id":"folders/160188010802","lifecycle_state":"ACTIVE","management_project":"projects/google-mpf-e40kwzelplgr","name":"folders/160188010802","parent":"folders/617097906382","tags":null,"timeouts":null},"sensitive_values":{"configured_capabilities":[false]}}],"address":"module.cs-folders-level-1[\"Sales/Development\"]"},{"resources":[{"address":"module.cs-folders-level-1[\"Sales/Non-Production\"].google_folder.folders[\"Non-Production\"]","mode":"managed","type":"google_folder","name":"folders","index":"Non-Production","provider_name":"registry.terraform.io/hashicorp/google","schema_version":0,"values":{"configured_capabilities":["folders/202287051102/capabilities/app-management"],"create_time":"2025-11-27T07:06:36.041Z","deletion_protection":true,"display_name":"Non-Production","folder_id":"202287051102","id":"folders/202287051102","lifecycle_state":"ACTIVE","management_project":"projects/google-mpf-ej1fsrx2kpsl","name":"folders/202287051102","parent":"folders/617097906382","tags":null,"timeouts":null},"sensitive_values":{"configured_capabilities":[false]}}],"address":"module.cs-folders-level-1[\"Sales/Non-Production\"]"},{"resources":[{"address":"module.cs-folders-level-1[\"Sales/Production\"].google_folder.folders[\"Production\"]","mode":"managed","type":"google_folder","name":"folders","index":"Production","provider_name":"registry.terraform.io/hashicorp/google","schema_version":0,"values":{"configured_capabilities":["folders/472226013082/capabilities/app-management"],"create_time":"2025-11-27T07:07:00.997Z","deletion_protection":true,"display_name":"Production","folder_id":"472226013082","id":"folders/472226013082","lifecycle_state":"ACTIVE","management_project":"projects/google-mpf-4zkqw1jx7ofb","name":"folders/472226013082","parent":"folders/617097906382","tags":null,"timeouts":null},"sensitive_values":{"configured_capabilities":[false]}}],"address":"module.cs-folders-level-1[\"Sales/Production\"]"},{"resources":[{"address":"module.cs-gg-operations-nonprod-service.google_cloud_identity_group.group","mode":"managed","type":"google_cloud_identity_group","name":"group","provider_name":"registry.terraform.io/hashicorp/google-beta","schema_version":0,"values":{"description":"","display_name":"operations-nonprod-service","group_key":[{"id":"operations-nonprod-service@smartrentalstsv.com.au","namespace":null}],"initial_group_config":"EMPTY","labels":{"cloudidentity.googleapis.com/groups.discussion_forum":"","cloudidentity.googleapis.com/groups.security":""},"parent":"customers/C00hs4gl3","timeouts":null},"sensitive_values":{"additional_group_keys":[],"group_key":[{}],"labels":{}}}],"address":"module.cs-gg-operations-nonprod-service"},{"resources":[{"address":"module.cs-gg-operations-prod-service.google_cloud_identity_group.group","mode":"managed","type":"google_cloud_identity_group","name":"group","provider_name":"registry.terraform.io/hashicorp/google-beta","schema_version":0,"values":{"description":"","display_name":"operations-prod-service","group_key":[{"id":"operations-prod-service@smartrentalstsv.com.au","namespace":null}],"initial_group_config":"EMPTY","labels":{"cloudidentity.googleapis.com/groups.discussion_forum":"","cloudidentity.googleapis.com/groups.security":""},"parent":"customers/C00hs4gl3","timeouts":null},"sensitive_values":{"additional_group_keys":[],"group_key":[{}],"labels":{}}}],"address":"module.cs-gg-operations-prod-service"},{"resources":[{"address":"module.cs-gg-sales-nonprod-service.google_cloud_identity_group.group","mode":"managed","type":"google_cloud_identity_group","name":"group","provider_name":"registry.terraform.io/hashicorp/google-beta","schema_version":0,"values":{"description":"","display_name":"sales-nonprod-service","group_key":[{"id":"sales-nonprod-service@smartrentalstsv.com.au","namespace":null}],"initial_group_config":"EMPTY","labels":{"cloudidentity.googleapis.com/groups.discussion_forum":"","cloudidentity.googleapis.com/groups.security":""},"parent":"customers/C00hs4gl3","timeouts":null},"sensitive_values":{"additional_group_keys":[],"group_key":[{}],"labels":{}}}],"address":"module.cs-gg-sales-nonprod-service"},{"resources":[{"address":"module.cs-gg-sales-prod-service.google_cloud_identity_group.group","mode":"managed","type":"google_cloud_identity_group","name":"group","provider_name":"registry.terraform.io/hashicorp/google-beta","schema_version":0,"values":{"description":"","display_name":"sales-prod-service","group_key":[{"id":"sales-prod-service@smartrentalstsv.com.au","namespace":null}],"initial_group_config":"EMPTY","labels":{"cloudidentity.googleapis.com/groups.discussion_forum":"","cloudidentity.googleapis.com/groups.security":""},"parent":"customers/C00hs4gl3","timeouts":null},"sensitive_values":{"additional_group_keys":[],"group_key":[{}],"labels":{}}}],"address":"module.cs-gg-sales-prod-service"},{"resources":[{"address":"module.cs-logging-destination.google_logging_project_bucket_config.bucket","mode":"managed","type":"google_logging_project_bucket_config","name":"bucket","provider_name":"registry.terraform.io/hashicorp/google","schema_version":0,"values":{"bucket_id":"smartrentalstsv.com-logging","cmek_settings":[],"enable_analytics":false,"index_configs":[],"location":"australia-southeast1","locked":null,"project":"central-log-monitor-gt738-xd25","retention_days":30},"sensitive_values":{"cmek_settings":[],"index_configs":[]}},{"address":"module.cs-logging-destination.google_project_iam_member.logbucket_sink_member[0]","mode":"managed","type":"google_project_iam_member","name":"logbucket_sink_member","index":0,"provider_name":"registry.terraform.io/hashicorp/google","schema_version":0,"values":{"condition":[],"project":"central-log-monitor-gt738-xd25","role":"roles/logging.bucketWriter"},"sensitive_values":{"condition":[]}},{"address":"module.cs-logging-destination.google_project_service.enable_destination_api","mode":"managed","type":"google_project_service","name":"enable_destination_api","provider_name":"registry.terraform.io/hashicorp/google","schema_version":0,"values":{"disable_dependent_services":false,"disable_on_destroy":false,"project":"central-log-monitor-gt738-xd25","service":"logging.googleapis.com","timeouts":null},"sensitive_values":{}}],"address":"module.cs-logging-destination"},{"resources":[{"address":"module.cs-logsink-logbucketsink.google_logging_organization_sink.sink[0]","mode":"managed","type":"google_logging_organization_sink","name":"sink","index":0,"provider_name":"registry.terraform.io/hashicorp/google","schema_version":0,"values":{"description":null,"disabled":false,"exclusions":[],"filter":"logName: /logs/cloudaudit.googleapis.com%2Factivity OR logName: /logs/cloudaudit.googleapis.com%2Fsystem_event OR logName: /logs/cloudaudit.googleapis.com%2Fdata_access OR logName: /logs/cloudaudit.googleapis.com%2Faccess_transparency","include_children":true,"intercept_children":false,"name":"403564791417-logbucketsink-8f0dccdf","org_id":"403564791417"},"sensitive_values":{"bigquery_options":[],"exclusions":[]}}],"address":"module.cs-logsink-logbucketsink"},{"resources":[{"address":"module.cs-org-policy-compute_disableNestedVirtualization.google_org_policy_policy.org_policy_boolean[0]","mode":"managed","type":"google_org_policy_policy","name":"org_policy_boolean","index":0,"provider_name":"registry.terraform.io/hashicorp/google","schema_version":0,"values":{"dry_run_spec":[],"etag":"COSps8kGEMi5isQB-","id":"organizations/403564791417/policies/compute.disableNestedVirtualization","name":"compute.disableNestedVirtualization","parent":"organizations/403564791417","spec":[{"etag":"COSps8kGEMi5isQB","inherit_from_parent":false,"reset":false,"rules":[{"allow_all":"","condition":[],"deny_all":"","enforce":"TRUE","parameters":"","values":[]}],"update_time":"2025-11-30T23:36:04.411213Z"}],"timeouts":null},"sensitive_values":{"dry_run_spec":[],"spec":[{"rules":[{"condition":[],"values":[]}]}]}}],"address":"module.cs-org-policy-compute_disableNestedVirtualization"},{"resources":[{"address":"module.cs-org-policy-compute_disableSerialPortAccess.google_org_policy_policy.org_policy_boolean[0]","mode":"managed","type":"google_org_policy_policy","name":"org_policy_boolean","index":0,"provider_name":"registry.terraform.io/hashicorp/google","schema_version":0,"values":{"dry_run_spec":[],"etag":"COWps8kGEJCzrsQB-","id":"organizations/403564791417/policies/compute.disableSerialPortAccess","name":"compute.disableSerialPortAccess","parent":"organizations/403564791417","spec":[{"etag":"COWps8kGEJCzrsQB","inherit_from_parent":false,"reset":false,"rules":[{"allow_all":"","condition":[],"deny_all":"","enforce":"TRUE","parameters":"","values":[]}],"update_time":"2025-11-30T23:36:05.411802Z"}],"timeouts":null},"sensitive_values":{"dry_run_spec":[],"spec":[{"rules":[{"condition":[],"values":[]}]}]}}],"address":"module.cs-org-policy-compute_disableSerialPortAccess"},{"resources":[{"address":"module.cs-org-policy-compute_disableVpcExternalIpv6.google_org_policy_policy.org_policy_boolean[0]","mode":"managed","type":"google_org_policy_policy","name":"org_policy_boolean","index":0,"provider_name":"registry.terraform.io/hashicorp/google","schema_version":0,"values":{"dry_run_spec":[],"etag":"COOps8kGEMj1vdMC-","id":"organizations/403564791417/policies/compute.disableVpcExternalIpv6","name":"compute.disableVpcExternalIpv6","parent":"organizations/403564791417","spec":[{"etag":"COOps8kGEMj1vdMC","inherit_from_parent":false,"reset":false,"rules":[{"allow_all":"","condition":[],"deny_all":"","enforce":"TRUE","parameters":"","values":[]}],"update_time":"2025-11-30T23:36:03.711949Z"}],"timeouts":null},"sensitive_values":{"dry_run_spec":[],"spec":[{"rules":[{"condition":[],"values":[]}]}]}}],"address":"module.cs-org-policy-compute_disableVpcExternalIpv6"},{"resources":[{"address":"module.cs-org-policy-compute_requireOsLogin.google_org_policy_policy.org_policy_boolean[0]","mode":"managed","type":"google_org_policy_policy","name":"org_policy_boolean","index":0,"provider_name":"registry.terraform.io/hashicorp/google","schema_version":0,"values":{"dry_run_spec":[],"etag":"COSps8kGEMi8icQB-","id":"organizations/403564791417/policies/compute.requireOsLogin","name":"compute.requireOsLogin","parent":"organizations/403564791417","spec":[{"etag":"COSps8kGEMi8icQB","inherit_from_parent":false,"reset":false,"rules":[{"allow_all":"","condition":[],"deny_all":"","enforce":"TRUE","parameters":"","values":[]}],"update_time":"2025-11-30T23:36:04.411197Z"}],"timeouts":null},"sensitive_values":{"dry_run_spec":[],"spec":[{"rules":[{"condition":[],"values":[]}]}]}}],"address":"module.cs-org-policy-compute_requireOsLogin"},{"resources":[{"address":"module.cs-org-policy-compute_restrictProtocolForwardingCreationForTypes.google_org_policy_policy.organization_policy[0]","mode":"managed","type":"google_org_policy_policy","name":"organization_policy","index":0,"provider_name":"registry.terraform.io/hashicorp/google","schema_version":0,"values":{"dry_run_spec":[],"etag":"COWps8kGEICL8WQ=-","id":"organizations/403564791417/policies/compute.restrictProtocolForwardingCreationForTypes","name":"compute.restrictProtocolForwardingCreationForTypes","parent":"organizations/403564791417","spec":[{"etag":"COWps8kGEICL8WQ=","inherit_from_parent":false,"reset":false,"rules":[{"allow_all":"","condition":[],"deny_all":"","enforce":"","parameters":"","values":[{"allowed_values":["INTERNAL"],"denied_values":[]}]}],"update_time":"2025-11-30T23:36:05.211568Z"}],"timeouts":null},"sensitive_values":{"dry_run_spec":[],"spec":[{"rules":[{"condition":[],"values":[{"allowed_values":[false],"denied_values":[]}]}]}]}}],"address":"module.cs-org-policy-compute_restrictProtocolForwardingCreationForTypes"},{"resources":[{"address":"module.cs-org-policy-compute_restrictXpnProjectLienRemoval.google_org_policy_policy.org_policy_boolean[0]","mode":"managed","type":"google_org_policy_policy","name":"org_policy_boolean","index":0,"provider_name":"registry.terraform.io/hashicorp/google","schema_version":0,"values":{"dry_run_spec":[],"etag":"COWps8kGEMinkMQB-","id":"organizations/403564791417/policies/compute.restrictXpnProjectLienRemoval","name":"compute.restrictXpnProjectLienRemoval","parent":"organizations/403564791417","spec":[{"etag":"COWps8kGEMinkMQB","inherit_from_parent":false,"reset":false,"rules":[{"allow_all":"","condition":[],"deny_all":"","enforce":"TRUE","parameters":"","values":[]}],"update_time":"2025-11-30T23:36:05.411309Z"}],"timeouts":null},"sensitive_values":{"dry_run_spec":[],"spec":[{"rules":[{"condition":[],"values":[]}]}]}}],"address":"module.cs-org-policy-compute_restrictXpnProjectLienRemoval"},{"resources":[{"address":"module.cs-org-policy-compute_setNewProjectDefaultToZonalDNSOnly.google_org_policy_policy.org_policy_boolean[0]","mode":"managed","type":"google_org_policy_policy","name":"org_policy_boolean","index":0,"provider_name":"registry.terraform.io/hashicorp/google","schema_version":0,"values":{"dry_run_spec":[],"etag":"COSps8kGEJD4u7ID-","id":"organizations/403564791417/policies/compute.setNewProjectDefaultToZonalDNSOnly","name":"compute.setNewProjectDefaultToZonalDNSOnly","parent":"organizations/403564791417","spec":[{"etag":"COSps8kGEJD4u7ID","inherit_from_parent":false,"reset":false,"rules":[{"allow_all":"","condition":[],"deny_all":"","enforce":"TRUE","parameters":"","values":[]}],"update_time":"2025-11-30T23:36:04.911146Z"}],"timeouts":null},"sensitive_values":{"dry_run_spec":[],"spec":[{"rules":[{"condition":[],"values":[]}]}]}}],"address":"module.cs-org-policy-compute_setNewProjectDefaultToZonalDNSOnly"},{"resources":[{"address":"module.cs-org-policy-compute_skipDefaultNetworkCreation.google_org_policy_policy.org_policy_boolean[0]","mode":"managed","type":"google_org_policy_policy","name":"org_policy_boolean","index":0,"provider_name":"registry.terraform.io/hashicorp/google","schema_version":0,"values":{"dry_run_spec":[],"etag":"COWps8kGEJje8PMB-","id":"organizations/403564791417/policies/compute.skipDefaultNetworkCreation","name":"compute.skipDefaultNetworkCreation","parent":"organizations/403564791417","spec":[{"etag":"COWps8kGEJje8PMB","inherit_from_parent":false,"reset":false,"rules":[{"allow_all":"","condition":[],"deny_all":"","enforce":"TRUE","parameters":"","values":[]}],"update_time":"2025-11-30T23:36:05.511455Z"}],"timeouts":null},"sensitive_values":{"dry_run_spec":[],"spec":[{"rules":[{"condition":[],"values":[]}]}]}}],"address":"module.cs-org-policy-compute_skipDefaultNetworkCreation"},{"resources":[{"address":"module.cs-org-policy-compute_vmExternalIpAccess.google_org_policy_policy.organization_policy[0]","mode":"managed","type":"google_org_policy_policy","name":"organization_policy","index":0,"provider_name":"registry.terraform.io/hashicorp/google","schema_version":0,"values":{"dry_run_spec":[],"etag":"COWps8kGEOCljsQB-","id":"organizations/403564791417/policies/compute.vmExternalIpAccess","name":"compute.vmExternalIpAccess","parent":"organizations/403564791417","spec":[{"etag":"COWps8kGEOCljsQB","inherit_from_parent":false,"reset":false,"rules":[{"allow_all":"","condition":[],"deny_all":"TRUE","enforce":"","parameters":"","values":[]}],"update_time":"2025-11-30T23:36:05.411276Z"}],"timeouts":null},"sensitive_values":{"dry_run_spec":[],"spec":[{"rules":[{"condition":[],"values":[]}]}]}}],"address":"module.cs-org-policy-compute_vmExternalIpAccess"},{"resources":[{"address":"module.cs-org-policy-essentialcontacts_allowedContactDomains.google_org_policy_policy.organization_policy[0]","mode":"managed","type":"google_org_policy_policy","name":"organization_policy","index":0,"provider_name":"registry.terraform.io/hashicorp/google","schema_version":0,"values":{"dry_run_spec":[],"etag":"COSps8kGEPi52MQB-","id":"organizations/403564791417/policies/essentialcontacts.allowedContactDomains","name":"essentialcontacts.allowedContactDomains","parent":"organizations/403564791417","spec":[{"etag":"COSps8kGEPi52MQB","inherit_from_parent":false,"reset":false,"rules":[{"allow_all":"","condition":[],"deny_all":"","enforce":"","parameters":"","values":[{"allowed_values":["@smartrentalstsv.com.au"],"denied_values":[]}]}],"update_time":"2025-11-30T23:36:04.412491Z"}],"timeouts":null},"sensitive_values":{"dry_run_spec":[],"spec":[{"rules":[{"condition":[],"values":[{"allowed_values":[false],"denied_values":[]}]}]}]}}],"address":"module.cs-org-policy-essentialcontacts_allowedContactDomains"},{"resources":[{"address":"module.cs-org-policy-iam_allowedPolicyMemberDomains.google_org_policy_policy.organization_policy[0]","mode":"managed","type":"google_org_policy_policy","name":"organization_policy","index":0,"provider_name":"registry.terraform.io/hashicorp/google","schema_version":0,"values":{"dry_run_spec":[],"etag":"COSps8kGEIi5n8QB-","id":"organizations/403564791417/policies/iam.allowedPolicyMemberDomains","name":"iam.allowedPolicyMemberDomains","parent":"organizations/403564791417","spec":[{"etag":"COSps8kGEIi5n8QB","inherit_from_parent":false,"reset":false,"rules":[{"allow_all":"","condition":[],"deny_all":"","enforce":"","parameters":"","values":[{"allowed_values":["C00hs4gl3"],"denied_values":[]}]}],"update_time":"2025-11-30T23:36:04.411557Z"}],"timeouts":null},"sensitive_values":{"dry_run_spec":[],"spec":[{"rules":[{"condition":[],"values":[{"allowed_values":[false],"denied_values":[]}]}]}]}}],"address":"module.cs-org-policy-iam_allowedPolicyMemberDomains"},{"resources":[{"address":"module.cs-org-policy-iam_automaticIamGrantsForDefaultServiceAccounts.google_org_policy_policy.org_policy_boolean[0]","mode":"managed","type":"google_org_policy_policy","name":"org_policy_boolean","index":0,"provider_name":"registry.terraform.io/hashicorp/google","schema_version":0,"values":{"dry_run_spec":[],"etag":"COSps8kGEJi8uMQB-","id":"organizations/403564791417/policies/iam.automaticIamGrantsForDefaultServiceAccounts","name":"iam.automaticIamGrantsForDefaultServiceAccounts","parent":"organizations/403564791417","spec":[{"etag":"COSps8kGEJi8uMQB","inherit_from_parent":false,"reset":false,"rules":[{"allow_all":"","condition":[],"deny_all":"","enforce":"TRUE","parameters":"","values":[]}],"update_time":"2025-11-30T23:36:04.411967Z"}],"timeouts":null},"sensitive_values":{"dry_run_spec":[],"spec":[{"rules":[{"condition":[],"values":[]}]}]}}],"address":"module.cs-org-policy-iam_automaticIamGrantsForDefaultServiceAccounts"},{"resources":[{"address":"module.cs-org-policy-iam_disableServiceAccountKeyCreation.google_org_policy_policy.org_policy_boolean[0]","mode":"managed","type":"google_org_policy_policy","name":"org_policy_boolean","index":0,"provider_name":"registry.terraform.io/hashicorp/google","schema_version":0,"values":{"dry_run_spec":[],"etag":"COOps8kGEOCR2PMB-","id":"organizations/403564791417/policies/iam.disableServiceAccountKeyCreation","name":"iam.disableServiceAccountKeyCreation","parent":"organizations/403564791417","spec":[{"etag":"COOps8kGEOCR2PMB","inherit_from_parent":false,"reset":false,"rules":[{"allow_all":"","condition":[],"deny_all":"","enforce":"TRUE","parameters":"","values":[]}],"update_time":"2025-11-30T23:36:03.511052Z"}],"timeouts":null},"sensitive_values":{"dry_run_spec":[],"spec":[{"rules":[{"condition":[],"values":[]}]}]}}],"address":"module.cs-org-policy-iam_disableServiceAccountKeyCreation"},{"resources":[{"address":"module.cs-org-policy-iam_disableServiceAccountKeyUpload.google_org_policy_policy.org_policy_boolean[0]","mode":"managed","type":"google_org_policy_policy","name":"org_policy_boolean","index":0,"provider_name":"registry.terraform.io/hashicorp/google","schema_version":0,"values":{"dry_run_spec":[],"etag":"COOps8kGEPCMpNMC-","id":"organizations/403564791417/policies/iam.disableServiceAccountKeyUpload","name":"iam.disableServiceAccountKeyUpload","parent":"organizations/403564791417","spec":[{"etag":"COOps8kGEPCMpNMC","inherit_from_parent":false,"reset":false,"rules":[{"allow_all":"","condition":[],"deny_all":"","enforce":"TRUE","parameters":"","values":[]}],"update_time":"2025-11-30T23:36:03.711526Z"}],"timeouts":null},"sensitive_values":{"dry_run_spec":[],"spec":[{"rules":[{"condition":[],"values":[]}]}]}}],"address":"module.cs-org-policy-iam_disableServiceAccountKeyUpload"},{"resources":[{"address":"module.cs-org-policy-sql_restrictAuthorizedNetworks.google_org_policy_policy.org_policy_boolean[0]","mode":"managed","type":"google_org_policy_policy","name":"org_policy_boolean","index":0,"provider_name":"registry.terraform.io/hashicorp/google","schema_version":0,"values":{"dry_run_spec":[],"etag":"COWps8kGEKCbiTU=-","id":"organizations/403564791417/policies/sql.restrictAuthorizedNetworks","name":"sql.restrictAuthorizedNetworks","parent":"organizations/403564791417","spec":[{"etag":"COWps8kGEKCbiTU=","inherit_from_parent":false,"reset":false,"rules":[{"allow_all":"","condition":[],"deny_all":"","enforce":"TRUE","parameters":"","values":[]}],"update_time":"2025-11-30T23:36:05.111300Z"}],"timeouts":null},"sensitive_values":{"dry_run_spec":[],"spec":[{"rules":[{"condition":[],"values":[]}]}]}}],"address":"module.cs-org-policy-sql_restrictAuthorizedNetworks"},{"resources":[{"address":"module.cs-org-policy-sql_restrictPublicIp.google_org_policy_policy.org_policy_boolean[0]","mode":"managed","type":"google_org_policy_policy","name":"org_policy_boolean","index":0,"provider_name":"registry.terraform.io/hashicorp/google","schema_version":0,"values":{"dry_run_spec":[],"etag":"COSps8kGEMDYkNMC-","id":"organizations/403564791417/policies/sql.restrictPublicIp","name":"sql.restrictPublicIp","parent":"organizations/403564791417","spec":[{"etag":"COSps8kGEMDYkNMC","inherit_from_parent":false,"reset":false,"rules":[{"allow_all":"","condition":[],"deny_all":"","enforce":"TRUE","parameters":"","values":[]}],"update_time":"2025-11-30T23:36:04.711208Z"}],"timeouts":null},"sensitive_values":{"dry_run_spec":[],"spec":[{"rules":[{"condition":[],"values":[]}]}]}}],"address":"module.cs-org-policy-sql_restrictPublicIp"},{"resources":[{"address":"module.cs-org-policy-storage_publicAccessPrevention.google_org_policy_policy.org_policy_boolean[0]","mode":"managed","type":"google_org_policy_policy","name":"org_policy_boolean","index":0,"provider_name":"registry.terraform.io/hashicorp/google","schema_version":0,"values":{"dry_run_spec":[],"etag":"COSps8kGELDMsMQB-","id":"organizations/403564791417/policies/storage.publicAccessPrevention","name":"storage.publicAccessPrevention","parent":"organizations/403564791417","spec":[{"etag":"COSps8kGELDMsMQB","inherit_from_parent":false,"reset":false,"rules":[{"allow_all":"","condition":[],"deny_all":"","enforce":"TRUE","parameters":"","values":[]}],"update_time":"2025-11-30T23:36:04.411838Z"}],"timeouts":null},"sensitive_values":{"dry_run_spec":[],"spec":[{"rules":[{"condition":[],"values":[]}]}]}}],"address":"module.cs-org-policy-storage_publicAccessPrevention"},{"resources":[{"address":"module.cs-org-policy-storage_uniformBucketLevelAccess.google_org_policy_policy.org_policy_boolean[0]","mode":"managed","type":"google_org_policy_policy","name":"org_policy_boolean","index":0,"provider_name":"registry.terraform.io/hashicorp/google","schema_version":0,"values":{"dry_run_spec":[],"etag":"COSps8kGEIjk5MQB-","id":"organizations/403564791417/policies/storage.uniformBucketLevelAccess","name":"storage.uniformBucketLevelAccess","parent":"organizations/403564791417","spec":[{"etag":"COSps8kGEIjk5MQB","inherit_from_parent":false,"reset":false,"rules":[{"allow_all":"","condition":[],"deny_all":"","enforce":"TRUE","parameters":"","values":[]}],"update_time":"2025-11-30T23:36:04.412693Z"}],"timeouts":null},"sensitive_values":{"dry_run_spec":[],"spec":[{"rules":[{"condition":[],"values":[]}]}]}}],"address":"module.cs-org-policy-storage_uniformBucketLevelAccess"},{"resources":[{"address":"module.cs-prod-prod-australia-southeast1-gateway.google_compute_external_vpn_gateway.external_gateway[0]","mode":"managed","type":"google_compute_external_vpn_gateway","name":"external_gateway","index":0,"provider_name":"registry.terraform.io/hashicorp/google","schema_version":0,"values":{"description":"Terraform managed external VPN gateway","effective_labels":{"goog-cloudsetup":"downloaded","goog-terraform-provisioned":"true"},"interface":[{"id":0,"ip_address":"45.115.232.159","ipv6_address":null},{"id":1,"ip_address":"45.115.232.159","ipv6_address":null}],"labels":null,"name":"maroochydore","project":"vpc-host-prod-ds581-hy386","redundancy_type":"TWO_IPS_REDUNDANCY","terraform_labels":{"goog-cloudsetup":"downloaded","goog-terraform-provisioned":"true"},"timeouts":null},"sensitive_values":{"effective_labels":{},"interface":[{},{}],"terraform_labels":{}}},{"address":"module.cs-prod-prod-australia-southeast1-gateway.google_compute_ha_vpn_gateway.ha_gateway[0]","mode":"managed","type":"google_compute_ha_vpn_gateway","name":"ha_gateway","index":0,"provider_name":"registry.terraform.io/hashicorp/google","schema_version":1,"values":{"description":null,"effective_labels":{"goog-cloudsetup":"downloaded","goog-terraform-provisioned":"true"},"gateway_ip_version":"IPV4","labels":null,"name":"prod-australia-southeast1-gateway","project":"vpc-host-prod-ds581-hy386","region":"australia-southeast1","stack_type":"IPV4_IPV6","terraform_labels":{"goog-cloudsetup":"downloaded","goog-terraform-provisioned":"true"},"timeouts":null},"sensitive_values":{"effective_labels":{},"terraform_labels":{},"vpn_interfaces":[]}},{"address":"module.cs-prod-prod-australia-southeast1-gateway.google_compute_router.router[0]","mode":"managed","type":"google_compute_router","name":"router","index":0,"provider_name":"registry.terraform.io/hashicorp/google","schema_version":0,"values":{"bgp":[{"advertise_mode":"DEFAULT","advertised_groups":null,"advertised_ip_ranges":[],"asn":64512,"keepalive_interval":20}],"description":null,"encrypted_interconnect_router":null,"md5_authentication_keys":[],"name":"vpn-prod-australia-southeast1-gateway","project":"vpc-host-prod-ds581-hy386","region":"australia-southeast1","timeouts":null},"sensitive_values":{"bgp":[{"advertised_ip_ranges":[]}],"md5_authentication_keys":[]}},{"address":"module.cs-prod-prod-australia-southeast1-gateway.google_compute_router_interface.router_interface[\"tnl0\"]","mode":"managed","type":"google_compute_router_interface","name":"router_interface","index":"tnl0","provider_name":"registry.terraform.io/hashicorp/google","schema_version":0,"values":{"interconnect_attachment":null,"name":"prod-australia-southeast1-gateway-tnl0","private_ip_address":null,"project":"vpc-host-prod-ds581-hy386","region":"australia-southeast1","router":"vpn-prod-australia-southeast1-gateway","subnetwork":null,"timeouts":null,"vpn_tunnel":"prod-australia-southeast1-gateway-tnl0"},"sensitive_values":{}},{"address":"module.cs-prod-prod-australia-southeast1-gateway.google_compute_router_interface.router_interface[\"tnl1\"]","mode":"managed","type":"google_compute_router_interface","name":"router_interface","index":"tnl1","provider_name":"registry.terraform.io/hashicorp/google","schema_version":0,"values":{"interconnect_attachment":null,"name":"prod-australia-southeast1-gateway-tnl1","private_ip_address":null,"project":"vpc-host-prod-ds581-hy386","region":"australia-southeast1","router":"vpn-prod-australia-southeast1-gateway","subnetwork":null,"timeouts":null,"vpn_tunnel":"prod-australia-southeast1-gateway-tnl1"},"sensitive_values":{}},{"address":"module.cs-prod-prod-australia-southeast1-gateway.google_compute_router_peer.bgp_peer[\"tnl0\"]","mode":"managed","type":"google_compute_router_peer","name":"bgp_peer","index":"tnl0","provider_name":"registry.terraform.io/hashicorp/google","schema_version":0,"values":{"advertise_mode":"DEFAULT","advertised_groups":null,"advertised_ip_ranges":[],"advertised_route_priority":1000,"custom_learned_ip_ranges":[],"custom_learned_route_priority":null,"enable":true,"enable_ipv6":false,"export_policies":null,"import_policies":null,"interface":"prod-australia-southeast1-gateway-tnl0","ip_address":"169.254.153.13","md5_authentication_key":[],"name":"prod-australia-southeast1-gateway-tnl0","peer_asn":65001,"peer_ip_address":"169.254.153.14","project":"vpc-host-prod-ds581-hy386","region":"australia-southeast1","router":"vpn-prod-australia-southeast1-gateway","router_appliance_instance":null,"timeouts":null,"zero_advertised_route_priority":null,"zero_custom_learned_route_priority":false},"sensitive_values":{"advertised_ip_ranges":[],"bfd":[],"custom_learned_ip_ranges":[],"md5_authentication_key":[]}},{"address":"module.cs-prod-prod-australia-southeast1-gateway.google_compute_router_peer.bgp_peer[\"tnl1\"]","mode":"managed","type":"google_compute_router_peer","name":"bgp_peer","index":"tnl1","provider_name":"registry.terraform.io/hashicorp/google","schema_version":0,"values":{"advertise_mode":"DEFAULT","advertised_groups":null,"advertised_ip_ranges":[],"advertised_route_priority":1000,"custom_learned_ip_ranges":[],"custom_learned_route_priority":null,"enable":true,"enable_ipv6":false,"export_policies":null,"import_policies":null,"interface":"prod-australia-southeast1-gateway-tnl1","ip_address":"169.254.84.205","md5_authentication_key":[],"name":"prod-australia-southeast1-gateway-tnl1","peer_asn":65001,"peer_ip_address":"169.254.84.206","project":"vpc-host-prod-ds581-hy386","region":"australia-southeast1","router":"vpn-prod-australia-southeast1-gateway","router_appliance_instance":null,"timeouts":null,"zero_advertised_route_priority":null,"zero_custom_learned_route_priority":false},"sensitive_values":{"advertised_ip_ranges":[],"bfd":[],"custom_learned_ip_ranges":[],"md5_authentication_key":[]}},{"address":"module.cs-prod-prod-australia-southeast1-gateway.google_compute_vpn_tunnel.tunnels[\"tnl0\"]","mode":"managed","type":"google_compute_vpn_tunnel","name":"tunnels","index":"tnl0","provider_name":"registry.terraform.io/hashicorp/google","schema_version":0,"values":{"description":null,"effective_labels":{"goog-cloudsetup":"downloaded","goog-terraform-provisioned":"true"},"ike_version":2,"labels":null,"name":"prod-australia-southeast1-gateway-tnl0","peer_external_gateway_interface":0,"peer_gcp_gateway":null,"project":"vpc-host-prod-ds581-hy386","region":"australia-southeast1","router":"vpn-prod-australia-southeast1-gateway","shared_secret":"KP9wX62ExXh+ShdBz1WUzVSWqFCblnaQ","target_vpn_gateway":null,"terraform_labels":{"goog-cloudsetup":"downloaded","goog-terraform-provisioned":"true"},"timeouts":null,"vpn_gateway_interface":0},"sensitive_values":{"effective_labels":{},"local_traffic_selector":[],"remote_traffic_selector":[],"shared_secret":true,"terraform_labels":{}}},{"address":"module.cs-prod-prod-australia-southeast1-gateway.google_compute_vpn_tunnel.tunnels[\"tnl1\"]","mode":"managed","type":"google_compute_vpn_tunnel","name":"tunnels","index":"tnl1","provider_name":"registry.terraform.io/hashicorp/google","schema_version":0,"values":{"description":null,"effective_labels":{"goog-cloudsetup":"downloaded","goog-terraform-provisioned":"true"},"ike_version":2,"labels":null,"name":"prod-australia-southeast1-gateway-tnl1","peer_external_gateway_interface":1,"peer_gcp_gateway":null,"project":"vpc-host-prod-ds581-hy386","region":"australia-southeast1","router":"vpn-prod-australia-southeast1-gateway","shared_secret":"1vtnpwqCakXPDvEJIsfBTqFaiYs2JjBP","target_vpn_gateway":null,"terraform_labels":{"goog-cloudsetup":"downloaded","goog-terraform-provisioned":"true"},"timeouts":null,"vpn_gateway_interface":1},"sensitive_values":{"effective_labels":{},"local_traffic_selector":[],"remote_traffic_selector":[],"shared_secret":true,"terraform_labels":{}}},{"address":"module.cs-prod-prod-australia-southeast1-gateway.random_id.secret","mode":"managed","type":"random_id","name":"secret","provider_name":"registry.terraform.io/hashicorp/random","schema_version":0,"values":{"b64_std":"TeVEucAtyJg=","b64_url":"TeVEucAtyJg","byte_length":8,"dec":"5612968075171055768","hex":"4de544b9c02dc898","id":"TeVEucAtyJg","keepers":null,"prefix":null},"sensitive_values":{}}],"address":"module.cs-prod-prod-australia-southeast1-gateway"},{"address":"module.cs-project-logging-monitoring","child_modules":[{"resources":[{"address":"module.cs-project-logging-monitoring.module.project-factory.google_project.main","mode":"managed","type":"google_project","name":"main","provider_name":"registry.terraform.io/hashicorp/google","schema_version":1,"values":{"auto_create_network":false,"billing_account":"01A890-50B478-5C132C","deletion_policy":"PREVENT","effective_labels":{"goog-cloudsetup":"downloaded","goog-terraform-provisioned":"true"},"folder_id":"766619413482","labels":null,"name":"central-logging-monitoring","org_id":null,"project_id":"central-log-monitor-gt738-xd25","tags":null,"terraform_labels":{"goog-cloudsetup":"downloaded","goog-terraform-provisioned":"true"},"timeouts":null},"sensitive_values":{"effective_labels":{},"terraform_labels":{}}},{"address":"module.cs-project-logging-monitoring.module.project-factory.google_project_default_service_accounts.default_service_accounts[0]","mode":"managed","type":"google_project_default_service_accounts","name":"default_service_accounts","index":0,"provider_name":"registry.terraform.io/hashicorp/google","schema_version":0,"values":{"action":"DISABLE","project":"central-log-monitor-gt738-xd25","restore_policy":"REVERT_AND_IGNORE_FAILURE","timeouts":null},"sensitive_values":{"service_accounts":{}}},{"address":"module.cs-project-logging-monitoring.module.project-factory.google_service_account.default_service_account[0]","mode":"managed","type":"google_service_account","name":"default_service_account","index":0,"provider_name":"registry.terraform.io/hashicorp/google","schema_version":0,"values":{"account_id":"project-service-account","create_ignore_already_exists":true,"description":null,"disabled":false,"display_name":"central-logging-monitoring Project Service Account","email":"project-service-account@central-log-monitor-gt738-xd25.iam.gserviceaccount.com","member":"serviceAccount:project-service-account@central-log-monitor-gt738-xd25.iam.gserviceaccount.com","project":"central-log-monitor-gt738-xd25","timeouts":null},"sensitive_values":{}},{"address":"module.cs-project-logging-monitoring.module.project-factory.random_id.random_project_id_suffix","mode":"managed","type":"random_id","name":"random_project_id_suffix","provider_name":"registry.terraform.io/hashicorp/random","schema_version":0,"values":{"b64_std":"woo=","b64_url":"woo","byte_length":2,"dec":"49802","hex":"c28a","id":"woo","keepers":null,"prefix":null},"sensitive_values":{}}],"address":"module.cs-project-logging-monitoring.module.project-factory","child_modules":[{"resources":[{"address":"module.cs-project-logging-monitoring.module.project-factory.module.project_services.google_project_service.project_services[\"compute.googleapis.com\"]","mode":"managed","type":"google_project_service","name":"project_services","index":"compute.googleapis.com","provider_name":"registry.terraform.io/hashicorp/google","schema_version":0,"values":{"disable_dependent_services":true,"disable_on_destroy":true,"project":"central-log-monitor-gt738-xd25","service":"compute.googleapis.com","timeouts":null},"sensitive_values":{}},{"address":"module.cs-project-logging-monitoring.module.project-factory.module.project_services.google_project_service.project_services[\"monitoring.googleapis.com\"]","mode":"managed","type":"google_project_service","name":"project_services","index":"monitoring.googleapis.com","provider_name":"registry.terraform.io/hashicorp/google","schema_version":0,"values":{"disable_dependent_services":true,"disable_on_destroy":true,"project":"central-log-monitor-gt738-xd25","service":"monitoring.googleapis.com","timeouts":null},"sensitive_values":{}}],"address":"module.cs-project-logging-monitoring.module.project-factory.module.project_services"}]}]},{"address":"module.cs-project-vpc-host-nonprod","child_modules":[{"resources":[{"address":"module.cs-project-vpc-host-nonprod.module.project-factory.google_compute_shared_vpc_host_project.shared_vpc_host[0]","mode":"managed","type":"google_compute_shared_vpc_host_project","name":"shared_vpc_host","index":0,"provider_name":"registry.terraform.io/hashicorp/google-beta","schema_version":0,"values":{"project":"vpc-host-nonprod-ng786-al606","timeouts":null},"sensitive_values":{}},{"address":"module.cs-project-vpc-host-nonprod.module.project-factory.google_project.main","mode":"managed","type":"google_project","name":"main","provider_name":"registry.terraform.io/hashicorp/google","schema_version":1,"values":{"auto_create_network":false,"billing_account":"01A890-50B478-5C132C","deletion_policy":"PREVENT","effective_labels":{"goog-cloudsetup":"downloaded","goog-terraform-provisioned":"true"},"folder_id":"766619413482","labels":null,"name":"vpc-host-nonprod","org_id":null,"project_id":"vpc-host-nonprod-ng786-al606","tags":null,"terraform_labels":{"goog-cloudsetup":"downloaded","goog-terraform-provisioned":"true"},"timeouts":null},"sensitive_values":{"effective_labels":{},"terraform_labels":{}}},{"address":"module.cs-project-vpc-host-nonprod.module.project-factory.google_project_default_service_accounts.default_service_accounts[0]","mode":"managed","type":"google_project_default_service_accounts","name":"default_service_accounts","index":0,"provider_name":"registry.terraform.io/hashicorp/google","schema_version":0,"values":{"action":"DISABLE","project":"vpc-host-nonprod-ng786-al606","restore_policy":"REVERT_AND_IGNORE_FAILURE","timeouts":null},"sensitive_values":{"service_accounts":{}}},{"address":"module.cs-project-vpc-host-nonprod.module.project-factory.google_service_account.default_service_account[0]","mode":"managed","type":"google_service_account","name":"default_service_account","index":0,"provider_name":"registry.terraform.io/hashicorp/google","schema_version":0,"values":{"account_id":"project-service-account","create_ignore_already_exists":true,"description":null,"disabled":false,"display_name":"vpc-host-nonprod Project Service Account","email":"project-service-account@vpc-host-nonprod-ng786-al606.iam.gserviceaccount.com","member":"serviceAccount:project-service-account@vpc-host-nonprod-ng786-al606.iam.gserviceaccount.com","project":"vpc-host-nonprod-ng786-al606","timeouts":null},"sensitive_values":{}},{"address":"module.cs-project-vpc-host-nonprod.module.project-factory.random_id.random_project_id_suffix","mode":"managed","type":"random_id","name":"random_project_id_suffix","provider_name":"registry.terraform.io/hashicorp/random","schema_version":0,"values":{"b64_std":"Jx4=","b64_url":"Jx4","byte_length":2,"dec":"10014","hex":"271e","id":"Jx4","keepers":null,"prefix":null},"sensitive_values":{}}],"address":"module.cs-project-vpc-host-nonprod.module.project-factory","child_modules":[{"resources":[{"address":"module.cs-project-vpc-host-nonprod.module.project-factory.module.project_services.google_project_service.project_services[\"compute.googleapis.com\"]","mode":"managed","type":"google_project_service","name":"project_services","index":"compute.googleapis.com","provider_name":"registry.terraform.io/hashicorp/google","schema_version":0,"values":{"disable_dependent_services":true,"disable_on_destroy":true,"project":"vpc-host-nonprod-ng786-al606","service":"compute.googleapis.com","timeouts":null},"sensitive_values":{}}],"address":"module.cs-project-vpc-host-nonprod.module.project-factory.module.project_services"}]}]},{"address":"module.cs-project-vpc-host-prod","child_modules":[{"resources":[{"address":"module.cs-project-vpc-host-prod.module.project-factory.google_compute_shared_vpc_host_project.shared_vpc_host[0]","mode":"managed","type":"google_compute_shared_vpc_host_project","name":"shared_vpc_host","index":0,"provider_name":"registry.terraform.io/hashicorp/google-beta","schema_version":0,"values":{"project":"vpc-host-prod-ds581-hy386","timeouts":null},"sensitive_values":{}},{"address":"module.cs-project-vpc-host-prod.module.project-factory.google_project.main","mode":"managed","type":"google_project","name":"main","provider_name":"registry.terraform.io/hashicorp/google","schema_version":1,"values":{"auto_create_network":false,"billing_account":"01A890-50B478-5C132C","deletion_policy":"PREVENT","effective_labels":{"goog-cloudsetup":"downloaded","goog-terraform-provisioned":"true"},"folder_id":"766619413482","labels":null,"name":"vpc-host-prod","org_id":null,"project_id":"vpc-host-prod-ds581-hy386","tags":null,"terraform_labels":{"goog-cloudsetup":"downloaded","goog-terraform-provisioned":"true"},"timeouts":null},"sensitive_values":{"effective_labels":{},"terraform_labels":{}}},{"address":"module.cs-project-vpc-host-prod.module.project-factory.google_project_default_service_accounts.default_service_accounts[0]","mode":"managed","type":"google_project_default_service_accounts","name":"default_service_accounts","index":0,"provider_name":"registry.terraform.io/hashicorp/google","schema_version":0,"values":{"action":"DISABLE","project":"vpc-host-prod-ds581-hy386","restore_policy":"REVERT_AND_IGNORE_FAILURE","timeouts":null},"sensitive_values":{"service_accounts":{}}},{"address":"module.cs-project-vpc-host-prod.module.project-factory.google_service_account.default_service_account[0]","mode":"managed","type":"google_service_account","name":"default_service_account","index":0,"provider_name":"registry.terraform.io/hashicorp/google","schema_version":0,"values":{"account_id":"project-service-account","create_ignore_already_exists":true,"description":null,"disabled":false,"display_name":"vpc-host-prod Project Service Account","email":"project-service-account@vpc-host-prod-ds581-hy386.iam.gserviceaccount.com","member":"serviceAccount:project-service-account@vpc-host-prod-ds581-hy386.iam.gserviceaccount.com","project":"vpc-host-prod-ds581-hy386","timeouts":null},"sensitive_values":{}},{"address":"module.cs-project-vpc-host-prod.module.project-factory.random_id.random_project_id_suffix","mode":"managed","type":"random_id","name":"random_project_id_suffix","provider_name":"registry.terraform.io/hashicorp/random","schema_version":0,"values":{"b64_std":"u6g=","b64_url":"u6g","byte_length":2,"dec":"48040","hex":"bba8","id":"u6g","keepers":null,"prefix":null},"sensitive_values":{}}],"address":"module.cs-project-vpc-host-prod.module.project-factory","child_modules":[{"resources":[{"address":"module.cs-project-vpc-host-prod.module.project-factory.module.project_services.google_project_service.project_services[\"compute.googleapis.com\"]","mode":"managed","type":"google_project_service","name":"project_services","index":"compute.googleapis.com","provider_name":"registry.terraform.io/hashicorp/google","schema_version":0,"values":{"disable_dependent_services":true,"disable_on_destroy":true,"project":"vpc-host-prod-ds581-hy386","service":"compute.googleapis.com","timeouts":null},"sensitive_values":{}}],"address":"module.cs-project-vpc-host-prod.module.project-factory.module.project_services"}]}]},{"resources":[{"address":"module.cs-projects-iam-8-bigquerydataViewer.google_project_iam_member.project_iam_additive[\"default--roles/bigquery.dataViewer--group:gcp-logging-monitoring-viewers@smartrentalstsv.com.au\"]","mode":"managed","type":"google_project_iam_member","name":"project_iam_additive","index":"default--roles/bigquery.dataViewer--group:gcp-logging-monitoring-viewers@smartrentalstsv.com.au","provider_name":"registry.terraform.io/hashicorp/google","schema_version":0,"values":{"condition":[],"member":"group:gcp-logging-monitoring-viewers@smartrentalstsv.com.au","project":"central-log-monitor-gt738-xd25","role":"roles/bigquery.dataViewer"},"sensitive_values":{"condition":[]}}],"address":"module.cs-projects-iam-8-bigquerydataViewer"},{"resources":[{"address":"module.cs-projects-iam-8-loggingprivateLogViewer.google_project_iam_member.project_iam_additive[\"default--roles/logging.privateLogViewer--group:gcp-logging-monitoring-viewers@smartrentalstsv.com.au\"]","mode":"managed","type":"google_project_iam_member","name":"project_iam_additive","index":"default--roles/logging.privateLogViewer--group:gcp-logging-monitoring-viewers@smartrentalstsv.com.au","provider_name":"registry.terraform.io/hashicorp/google","schema_version":0,"values":{"condition":[],"member":"group:gcp-logging-monitoring-viewers@smartrentalstsv.com.au","project":"central-log-monitor-gt738-xd25","role":"roles/logging.privateLogViewer"},"sensitive_values":{"condition":[]}}],"address":"module.cs-projects-iam-8-loggingprivateLogViewer"},{"resources":[{"address":"module.cs-projects-iam-8-loggingviewer.google_project_iam_member.project_iam_additive[\"default--roles/logging.viewer--group:gcp-logging-monitoring-viewers@smartrentalstsv.com.au\"]","mode":"managed","type":"google_project_iam_member","name":"project_iam_additive","index":"default--roles/logging.viewer--group:gcp-logging-monitoring-viewers@smartrentalstsv.com.au","provider_name":"registry.terraform.io/hashicorp/google","schema_version":0,"values":{"condition":[],"member":"group:gcp-logging-monitoring-viewers@smartrentalstsv.com.au","project":"central-log-monitor-gt738-xd25","role":"roles/logging.viewer"},"sensitive_values":{"condition":[]}}],"address":"module.cs-projects-iam-8-loggingviewer"},{"resources":[{"address":"module.cs-projects-iam-8-monitoringviewer.google_project_iam_member.project_iam_additive[\"default--roles/monitoring.viewer--group:gcp-logging-monitoring-viewers@smartrentalstsv.com.au\"]","mode":"managed","type":"google_project_iam_member","name":"project_iam_additive","index":"default--roles/monitoring.viewer--group:gcp-logging-monitoring-viewers@smartrentalstsv.com.au","provider_name":"registry.terraform.io/hashicorp/google","schema_version":0,"values":{"condition":[],"member":"group:gcp-logging-monitoring-viewers@smartrentalstsv.com.au","project":"central-log-monitor-gt738-xd25","role":"roles/monitoring.viewer"},"sensitive_values":{"condition":[]}}],"address":"module.cs-projects-iam-8-monitoringviewer"},{"resources":[{"address":"module.cs-projects-iam-8-pubsubviewer.google_project_iam_member.project_iam_additive[\"default--roles/pubsub.viewer--group:gcp-logging-monitoring-viewers@smartrentalstsv.com.au\"]","mode":"managed","type":"google_project_iam_member","name":"project_iam_additive","index":"default--roles/pubsub.viewer--group:gcp-logging-monitoring-viewers@smartrentalstsv.com.au","provider_name":"registry.terraform.io/hashicorp/google","schema_version":0,"values":{"condition":[],"member":"group:gcp-logging-monitoring-viewers@smartrentalstsv.com.au","project":"central-log-monitor-gt738-xd25","role":"roles/pubsub.viewer"},"sensitive_values":{"condition":[]}}],"address":"module.cs-projects-iam-8-pubsubviewer"},{"resources":[{"address":"module.cs-projects-iam-9-bigquerydataViewer.google_project_iam_member.project_iam_additive[\"default--roles/bigquery.dataViewer--group:gcp-security-admins@smartrentalstsv.com.au\"]","mode":"managed","type":"google_project_iam_member","name":"project_iam_additive","index":"default--roles/bigquery.dataViewer--group:gcp-security-admins@smartrentalstsv.com.au","provider_name":"registry.terraform.io/hashicorp/google","schema_version":0,"values":{"condition":[],"member":"group:gcp-security-admins@smartrentalstsv.com.au","project":"central-log-monitor-gt738-xd25","role":"roles/bigquery.dataViewer"},"sensitive_values":{"condition":[]}}],"address":"module.cs-projects-iam-9-bigquerydataViewer"},{"resources":[{"address":"module.cs-projects-iam-9-pubsubviewer.google_project_iam_member.project_iam_additive[\"default--roles/pubsub.viewer--group:gcp-security-admins@smartrentalstsv.com.au\"]","mode":"managed","type":"google_project_iam_member","name":"project_iam_additive","index":"default--roles/pubsub.viewer--group:gcp-security-admins@smartrentalstsv.com.au","provider_name":"registry.terraform.io/hashicorp/google","schema_version":0,"values":{"condition":[],"member":"group:gcp-security-admins@smartrentalstsv.com.au","project":"central-log-monitor-gt738-xd25","role":"roles/pubsub.viewer"},"sensitive_values":{"condition":[]}}],"address":"module.cs-projects-iam-9-pubsubviewer"},{"address":"module.cs-svc-smart-rentals-prod-svc","child_modules":[{"resources":[{"address":"module.cs-svc-smart-rentals-prod-svc.module.project-factory.google_compute_shared_vpc_service_project.shared_vpc_attachment[0]","mode":"managed","type":"google_compute_shared_vpc_service_project","name":"shared_vpc_attachment","index":0,"provider_name":"registry.terraform.io/hashicorp/google-beta","schema_version":0,"values":{"deletion_policy":null,"host_project":"vpc-host-prod-ds581-hy386","service_project":"smart-rentals-prod-svc","timeouts":null},"sensitive_values":{}},{"address":"module.cs-svc-smart-rentals-prod-svc.module.project-factory.google_compute_subnetwork_iam_member.apis_service_account_role_to_vpc_subnets[0]","mode":"managed","type":"google_compute_subnetwork_iam_member","name":"apis_service_account_role_to_vpc_subnets","index":0,"provider_name":"registry.terraform.io/hashicorp/google-beta","schema_version":0,"values":{"condition":[],"member":"serviceAccount:367720462542@cloudservices.gserviceaccount.com","project":"vpc-host-prod-ds581-hy386","role":"roles/compute.networkUser"},"sensitive_values":{"condition":[]}},{"address":"module.cs-svc-smart-rentals-prod-svc.module.project-factory.google_compute_subnetwork_iam_member.group_role_to_vpc_subnets[0]","mode":"managed","type":"google_compute_subnetwork_iam_member","name":"group_role_to_vpc_subnets","index":0,"provider_name":"registry.terraform.io/hashicorp/google-beta","schema_version":0,"values":{"condition":[],"member":"group:operations-prod-service@smartrentalstsv.com.au","project":"vpc-host-prod-ds581-hy386","role":"roles/compute.networkUser"},"sensitive_values":{"condition":[]}},{"address":"module.cs-svc-smart-rentals-prod-svc.module.project-factory.google_compute_subnetwork_iam_member.service_account_role_to_vpc_subnets[0]","mode":"managed","type":"google_compute_subnetwork_iam_member","name":"service_account_role_to_vpc_subnets","index":0,"provider_name":"registry.terraform.io/hashicorp/google-beta","schema_version":0,"values":{"condition":[],"member":"serviceAccount:project-service-account@smart-rentals-prod-svc.iam.gserviceaccount.com","project":"vpc-host-prod-ds581-hy386","role":"roles/compute.networkUser"},"sensitive_values":{"condition":[]}},{"address":"module.cs-svc-smart-rentals-prod-svc.module.project-factory.google_project.main","mode":"managed","type":"google_project","name":"main","provider_name":"registry.terraform.io/hashicorp/google","schema_version":1,"values":{"auto_create_network":false,"billing_account":"01A890-50B478-5C132C","deletion_policy":"PREVENT","effective_labels":{"goog-cloudsetup":"downloaded","goog-terraform-provisioned":"true"},"folder_id":"1057431337546","id":"projects/smart-rentals-prod-svc","labels":{},"name":"smart-rentals-prod-service","number":"367720462542","org_id":"","project_id":"smart-rentals-prod-svc","tags":null,"terraform_labels":{"goog-cloudsetup":"downloaded","goog-terraform-provisioned":"true"},"timeouts":null},"sensitive_values":{"effective_labels":{},"labels":{},"terraform_labels":{}}},{"address":"module.cs-svc-smart-rentals-prod-svc.module.project-factory.google_project_default_service_accounts.default_service_accounts[0]","mode":"managed","type":"google_project_default_service_accounts","name":"default_service_accounts","index":0,"provider_name":"registry.terraform.io/hashicorp/google","schema_version":0,"values":{"action":"DISABLE","id":"projects/smart-rentals-prod-svc","project":"smart-rentals-prod-svc","restore_policy":"REVERT_AND_IGNORE_FAILURE","service_accounts":{"106181603088281449238":"367720462542-compute@developer.gserviceaccount.com"},"timeouts":null},"sensitive_values":{"service_accounts":{}}},{"address":"module.cs-svc-smart-rentals-prod-svc.module.project-factory.google_project_iam_member.gsuite_group_role[0]","mode":"managed","type":"google_project_iam_member","name":"gsuite_group_role","index":0,"provider_name":"registry.terraform.io/hashicorp/google","schema_version":0,"values":{"condition":[],"member":"group:operations-prod-service@smartrentalstsv.com.au","project":"smart-rentals-prod-svc","role":"roles/viewer"},"sensitive_values":{"condition":[]}},{"address":"module.cs-svc-smart-rentals-prod-svc.module.project-factory.google_service_account.default_service_account[0]","mode":"managed","type":"google_service_account","name":"default_service_account","index":0,"provider_name":"registry.terraform.io/hashicorp/google","schema_version":0,"values":{"account_id":"project-service-account","create_ignore_already_exists":true,"description":"","disabled":false,"display_name":"smart-rentals-prod-service Project Service Account","email":"project-service-account@smart-rentals-prod-svc.iam.gserviceaccount.com","id":"projects/smart-rentals-prod-svc/serviceAccounts/project-service-account@smart-rentals-prod-svc.iam.gserviceaccount.com","member":"serviceAccount:project-service-account@smart-rentals-prod-svc.iam.gserviceaccount.com","name":"projects/smart-rentals-prod-svc/serviceAccounts/project-service-account@smart-rentals-prod-svc.iam.gserviceaccount.com","project":"smart-rentals-prod-svc","timeouts":null,"unique_id":"117950569651485963524"},"sensitive_values":{}},{"address":"module.cs-svc-smart-rentals-prod-svc.module.project-factory.google_service_account_iam_member.service_account_grant_to_group[0]","mode":"managed","type":"google_service_account_iam_member","name":"service_account_grant_to_group","index":0,"provider_name":"registry.terraform.io/hashicorp/google","schema_version":0,"values":{"condition":[],"member":"group:operations-prod-service@smartrentalstsv.com.au","role":"roles/iam.serviceAccountUser","service_account_id":"projects/smart-rentals-prod-svc/serviceAccounts/project-service-account@smart-rentals-prod-svc.iam.gserviceaccount.com"},"sensitive_values":{"condition":[]}},{"address":"module.cs-svc-smart-rentals-prod-svc.module.project-factory.random_id.random_project_id_suffix","mode":"managed","type":"random_id","name":"random_project_id_suffix","provider_name":"registry.terraform.io/hashicorp/random","schema_version":0,"values":{"b64_std":"sbw=","b64_url":"sbw","byte_length":2,"dec":"45500","hex":"b1bc","id":"sbw","keepers":null,"prefix":null},"sensitive_values":{}}],"address":"module.cs-svc-smart-rentals-prod-svc.module.project-factory","child_modules":[{"resources":[{"address":"module.cs-svc-smart-rentals-prod-svc.module.project-factory.module.project_services.google_project_service.project_services[\"artifactregistry.googleapis.com\"]","mode":"managed","type":"google_project_service","name":"project_services","index":"artifactregistry.googleapis.com","provider_name":"registry.terraform.io/hashicorp/google","schema_version":0,"values":{"disable_dependent_services":true,"disable_on_destroy":true,"id":"smart-rentals-prod-svc/artifactregistry.googleapis.com","project":"smart-rentals-prod-svc","service":"artifactregistry.googleapis.com","timeouts":null},"sensitive_values":{}},{"address":"module.cs-svc-smart-rentals-prod-svc.module.project-factory.module.project_services.google_project_service.project_services[\"cloudbuild.googleapis.com\"]","mode":"managed","type":"google_project_service","name":"project_services","index":"cloudbuild.googleapis.com","provider_name":"registry.terraform.io/hashicorp/google","schema_version":0,"values":{"disable_dependent_services":true,"disable_on_destroy":true,"id":"smart-rentals-prod-svc/cloudbuild.googleapis.com","project":"smart-rentals-prod-svc","service":"cloudbuild.googleapis.com","timeouts":null},"sensitive_values":{}},{"address":"module.cs-svc-smart-rentals-prod-svc.module.project-factory.module.project_services.google_project_service.project_services[\"compute.googleapis.com\"]","mode":"managed","type":"google_project_service","name":"project_services","index":"compute.googleapis.com","provider_name":"registry.terraform.io/hashicorp/google","schema_version":0,"values":{"disable_dependent_services":true,"disable_on_destroy":true,"id":"smart-rentals-prod-svc/compute.googleapis.com","project":"smart-rentals-prod-svc","service":"compute.googleapis.com","timeouts":null},"sensitive_values":{}},{"address":"module.cs-svc-smart-rentals-prod-svc.module.project-factory.module.project_services.google_project_service.project_services[\"run.googleapis.com\"]","mode":"managed","type":"google_project_service","name":"project_services","index":"run.googleapis.com","provider_name":"registry.terraform.io/hashicorp/google","schema_version":0,"values":{"disable_dependent_services":true,"disable_on_destroy":true,"id":"smart-rentals-prod-svc/run.googleapis.com","project":"smart-rentals-prod-svc","service":"run.googleapis.com","timeouts":null},"sensitive_values":{}}],"address":"module.cs-svc-smart-rentals-prod-svc.module.project-factory.module.project_services"}]},{"resources":[{"address":"module.cs-svc-smart-rentals-prod-svc.module.shared_vpc_access.google_compute_subnetwork_iam_member.service_shared_vpc_subnet_users[0]","mode":"managed","type":"google_compute_subnetwork_iam_member","name":"service_shared_vpc_subnet_users","index":0,"provider_name":"registry.terraform.io/hashicorp/google-beta","schema_version":0,"values":{"condition":[],"project":"vpc-host-prod-ds581-hy386"},"sensitive_values":{"condition":[]}},{"address":"module.cs-svc-smart-rentals-prod-svc.module.shared_vpc_access.google_compute_subnetwork_iam_member.service_shared_vpc_subnet_users[1]","mode":"managed","type":"google_compute_subnetwork_iam_member","name":"service_shared_vpc_subnet_users","index":1,"provider_name":"registry.terraform.io/hashicorp/google-beta","schema_version":0,"values":{"condition":[],"project":"vpc-host-prod-ds581-hy386"},"sensitive_values":{"condition":[]}},{"address":"module.cs-svc-smart-rentals-prod-svc.module.shared_vpc_access.google_project_iam_member.cloudrun_network_viewer[0]","mode":"managed","type":"google_project_iam_member","name":"cloudrun_network_viewer","index":0,"provider_name":"registry.terraform.io/hashicorp/google","schema_version":0,"values":{"condition":[],"member":"serviceAccount:service-367720462542@serverless-robot-prod.iam.gserviceaccount.com","project":"vpc-host-prod-ds581-hy386","role":"roles/compute.networkViewer"},"sensitive_values":{"condition":[]}}],"address":"module.cs-svc-smart-rentals-prod-svc.module.shared_vpc_access"}]},{"address":"module.cs-vpc-nonprod-shared","child_modules":[{"resources":[{"address":"module.cs-vpc-nonprod-shared.module.vpc.google_compute_network.network","mode":"managed","type":"google_compute_network","name":"network","provider_name":"registry.terraform.io/hashicorp/google","schema_version":0,"values":{"auto_create_subnetworks":false,"delete_default_routes_on_create":false,"description":"","enable_ula_internal_ipv6":false,"mtu":0,"name":"vpc-nonprod-shared","network_firewall_policy_enforcement_order":"AFTER_CLASSIC_FIREWALL","network_profile":null,"params":[],"project":"vpc-host-nonprod-ng786-al606","routing_mode":"GLOBAL","timeouts":null},"sensitive_values":{"params":[]}}],"address":"module.cs-vpc-nonprod-shared.module.vpc"},{"resources":[{"address":"module.cs-vpc-nonprod-shared.module.subnets.google_compute_subnetwork.subnetwork[\"australia-southeast1/subnet-non-prod-1\"]","mode":"managed","type":"google_compute_subnetwork","name":"subnetwork","index":"australia-southeast1/subnet-non-prod-1","provider_name":"registry.terraform.io/hashicorp/google","schema_version":0,"values":{"description":null,"ip_cidr_range":"10.0.0.0/24","ip_collection":null,"ipv6_access_type":null,"log_config":[{"aggregation_interval":"INTERVAL_10_MIN","filter_expr":"true","flow_sampling":0.5,"metadata":"INCLUDE_ALL_METADATA","metadata_fields":null}],"name":"subnet-non-prod-1","network":"vpc-nonprod-shared","params":[],"private_ip_google_access":true,"project":"vpc-host-nonprod-ng786-al606","region":"australia-southeast1","reserved_internal_range":null,"role":null,"send_secondary_ip_range_if_empty":null,"timeouts":null},"sensitive_values":{"log_config":[{}],"params":[],"secondary_ip_range":[]}},{"address":"module.cs-vpc-nonprod-shared.module.subnets.google_compute_subnetwork.subnetwork[\"australia-southeast2/subnet-non-prod-2\"]","mode":"managed","type":"google_compute_subnetwork","name":"subnetwork","index":"australia-southeast2/subnet-non-prod-2","provider_name":"registry.terraform.io/hashicorp/google","schema_version":0,"values":{"description":null,"ip_cidr_range":"192.168.0.0/16","ip_collection":null,"ipv6_access_type":null,"log_config":[{"aggregation_interval":"INTERVAL_10_MIN","filter_expr":"true","flow_sampling":0.5,"metadata":"INCLUDE_ALL_METADATA","metadata_fields":null}],"name":"subnet-non-prod-2","network":"vpc-nonprod-shared","params":[],"private_ip_google_access":true,"project":"vpc-host-nonprod-ng786-al606","region":"australia-southeast2","reserved_internal_range":null,"role":null,"send_secondary_ip_range_if_empty":null,"timeouts":null},"sensitive_values":{"log_config":[{}],"params":[],"secondary_ip_range":[]}}],"address":"module.cs-vpc-nonprod-shared.module.subnets"},{"resources":[{"address":"module.cs-vpc-nonprod-shared.module.firewall_rules.google_compute_firewall.rules[\"vpc-nonprod-shared-allow-icmp\"]","mode":"managed","type":"google_compute_firewall","name":"rules","index":"vpc-nonprod-shared-allow-icmp","provider_name":"registry.terraform.io/hashicorp/google","schema_version":1,"values":{"allow":[{"ports":[],"protocol":"icmp"}],"deny":[],"description":null,"direction":"INGRESS","disabled":null,"log_config":[{"metadata":"INCLUDE_ALL_METADATA"}],"name":"vpc-nonprod-shared-allow-icmp","network":"vpc-nonprod-shared","params":[],"priority":10000,"project":"vpc-host-nonprod-ng786-al606","source_ranges":["10.128.0.0/9"],"source_service_accounts":null,"source_tags":null,"target_service_accounts":null,"target_tags":null,"timeouts":null},"sensitive_values":{"allow":[{"ports":[]}],"deny":[],"destination_ranges":[],"log_config":[{}],"params":[],"source_ranges":[false]}},{"address":"module.cs-vpc-nonprod-shared.module.firewall_rules.google_compute_firewall.rules[\"vpc-nonprod-shared-allow-rdp\"]","mode":"managed","type":"google_compute_firewall","name":"rules","index":"vpc-nonprod-shared-allow-rdp","provider_name":"registry.terraform.io/hashicorp/google","schema_version":1,"values":{"allow":[{"ports":["3389"],"protocol":"tcp"}],"deny":[],"description":null,"direction":"INGRESS","disabled":null,"log_config":[{"metadata":"INCLUDE_ALL_METADATA"}],"name":"vpc-nonprod-shared-allow-rdp","network":"vpc-nonprod-shared","params":[],"priority":10000,"project":"vpc-host-nonprod-ng786-al606","source_ranges":["35.235.240.0/20"],"source_service_accounts":null,"source_tags":null,"target_service_accounts":null,"target_tags":null,"timeouts":null},"sensitive_values":{"allow":[{"ports":[false]}],"deny":[],"destination_ranges":[],"log_config":[{}],"params":[],"source_ranges":[false]}},{"address":"module.cs-vpc-nonprod-shared.module.firewall_rules.google_compute_firewall.rules[\"vpc-nonprod-shared-allow-ssh\"]","mode":"managed","type":"google_compute_firewall","name":"rules","index":"vpc-nonprod-shared-allow-ssh","provider_name":"registry.terraform.io/hashicorp/google","schema_version":1,"values":{"allow":[{"ports":["22"],"protocol":"tcp"}],"deny":[],"description":null,"direction":"INGRESS","disabled":null,"log_config":[{"metadata":"INCLUDE_ALL_METADATA"}],"name":"vpc-nonprod-shared-allow-ssh","network":"vpc-nonprod-shared","params":[],"priority":10000,"project":"vpc-host-nonprod-ng786-al606","source_ranges":["35.235.240.0/20"],"source_service_accounts":null,"source_tags":null,"target_service_accounts":null,"target_tags":null,"timeouts":null},"sensitive_values":{"allow":[{"ports":[false]}],"deny":[],"destination_ranges":[],"log_config":[{}],"params":[],"source_ranges":[false]}}],"address":"module.cs-vpc-nonprod-shared.module.firewall_rules"}]},{"address":"module.cs-vpc-prod-shared","child_modules":[{"resources":[{"address":"module.cs-vpc-prod-shared.module.vpc.google_compute_network.network","mode":"managed","type":"google_compute_network","name":"network","provider_name":"registry.terraform.io/hashicorp/google","schema_version":0,"values":{"auto_create_subnetworks":false,"delete_default_routes_on_create":false,"description":"","enable_ula_internal_ipv6":false,"mtu":0,"name":"vpc-prod-shared","network_firewall_policy_enforcement_order":"AFTER_CLASSIC_FIREWALL","network_profile":null,"params":[],"project":"vpc-host-prod-ds581-hy386","routing_mode":"GLOBAL","timeouts":null},"sensitive_values":{"params":[]}}],"address":"module.cs-vpc-prod-shared.module.vpc"},{"resources":[{"address":"module.cs-vpc-prod-shared.module.subnets.google_compute_subnetwork.subnetwork[\"australia-southeast1/subnet-prod-1\"]","mode":"managed","type":"google_compute_subnetwork","name":"subnetwork","index":"australia-southeast1/subnet-prod-1","provider_name":"registry.terraform.io/hashicorp/google","schema_version":0,"values":{"description":null,"ip_cidr_range":"10.0.0.0/24","ip_collection":null,"ipv6_access_type":null,"log_config":[{"aggregation_interval":"INTERVAL_10_MIN","filter_expr":"true","flow_sampling":0.5,"metadata":"INCLUDE_ALL_METADATA","metadata_fields":null}],"name":"subnet-prod-1","network":"vpc-prod-shared","params":[],"private_ip_google_access":true,"project":"vpc-host-prod-ds581-hy386","region":"australia-southeast1","reserved_internal_range":null,"role":null,"send_secondary_ip_range_if_empty":null,"timeouts":null},"sensitive_values":{"log_config":[{}],"params":[],"secondary_ip_range":[]}},{"address":"module.cs-vpc-prod-shared.module.subnets.google_compute_subnetwork.subnetwork[\"australia-southeast2/subnet-prod-2\"]","mode":"managed","type":"google_compute_subnetwork","name":"subnetwork","index":"australia-southeast2/subnet-prod-2","provider_name":"registry.terraform.io/hashicorp/google","schema_version":0,"values":{"description":null,"ip_cidr_range":"192.168.0.0/16","ip_collection":null,"ipv6_access_type":null,"log_config":[{"aggregation_interval":"INTERVAL_10_MIN","filter_expr":"true","flow_sampling":0.5,"metadata":"INCLUDE_ALL_METADATA","metadata_fields":null}],"name":"subnet-prod-2","network":"vpc-prod-shared","params":[],"private_ip_google_access":true,"project":"vpc-host-prod-ds581-hy386","region":"australia-southeast2","reserved_internal_range":null,"role":null,"send_secondary_ip_range_if_empty":null,"timeouts":null},"sensitive_values":{"log_config":[{}],"params":[],"secondary_ip_range":[]}}],"address":"module.cs-vpc-prod-shared.module.subnets"},{"resources":[{"address":"module.cs-vpc-prod-shared.module.firewall_rules.google_compute_firewall.rules[\"vpc-prod-shared-allow-icmp\"]","mode":"managed","type":"google_compute_firewall","name":"rules","index":"vpc-prod-shared-allow-icmp","provider_name":"registry.terraform.io/hashicorp/google","schema_version":1,"values":{"allow":[{"ports":[],"protocol":"icmp"}],"deny":[],"description":null,"direction":"INGRESS","disabled":null,"log_config":[{"metadata":"INCLUDE_ALL_METADATA"}],"name":"vpc-prod-shared-allow-icmp","network":"vpc-prod-shared","params":[],"priority":10000,"project":"vpc-host-prod-ds581-hy386","source_ranges":["10.128.0.0/9"],"source_service_accounts":null,"source_tags":null,"target_service_accounts":null,"target_tags":null,"timeouts":null},"sensitive_values":{"allow":[{"ports":[]}],"deny":[],"destination_ranges":[],"log_config":[{}],"params":[],"source_ranges":[false]}},{"address":"module.cs-vpc-prod-shared.module.firewall_rules.google_compute_firewall.rules[\"vpc-prod-shared-allow-rdp\"]","mode":"managed","type":"google_compute_firewall","name":"rules","index":"vpc-prod-shared-allow-rdp","provider_name":"registry.terraform.io/hashicorp/google","schema_version":1,"values":{"allow":[{"ports":["3389"],"protocol":"tcp"}],"deny":[],"description":null,"direction":"INGRESS","disabled":null,"log_config":[{"metadata":"INCLUDE_ALL_METADATA"}],"name":"vpc-prod-shared-allow-rdp","network":"vpc-prod-shared","params":[],"priority":10000,"project":"vpc-host-prod-ds581-hy386","source_ranges":["35.235.240.0/20"],"source_service_accounts":null,"source_tags":null,"target_service_accounts":null,"target_tags":null,"timeouts":null},"sensitive_values":{"allow":[{"ports":[false]}],"deny":[],"destination_ranges":[],"log_config":[{}],"params":[],"source_ranges":[false]}},{"address":"module.cs-vpc-prod-shared.module.firewall_rules.google_compute_firewall.rules[\"vpc-prod-shared-allow-ssh\"]","mode":"managed","type":"google_compute_firewall","name":"rules","index":"vpc-prod-shared-allow-ssh","provider_name":"registry.terraform.io/hashicorp/google","schema_version":1,"values":{"allow":[{"ports":["22"],"protocol":"tcp"}],"deny":[],"description":null,"direction":"INGRESS","disabled":null,"log_config":[{"metadata":"INCLUDE_ALL_METADATA"}],"name":"vpc-prod-shared-allow-ssh","network":"vpc-prod-shared","params":[],"priority":10000,"project":"vpc-host-prod-ds581-hy386","source_ranges":["35.235.240.0/20"],"source_service_accounts":null,"source_tags":null,"target_service_accounts":null,"target_tags":null,"timeouts":null},"sensitive_values":{"allow":[{"ports":[false]}],"deny":[],"destination_ranges":[],"log_config":[{}],"params":[],"source_ranges":[false]}}],"address":"module.cs-vpc-prod-shared.module.firewall_rules"}]}]}},"resource_changes":[{"address":"google_artifact_registry_repository.smart_rentals_web","mode":"managed","type":"google_artifact_registry_repository","name":"smart_rentals_web","provider_name":"registry.terraform.io/hashicorp/google","change":{"actions":["no-op"],"before":{"cleanup_policies":[],"cleanup_policy_dry_run":false,"create_time":"2025-12-06T06:40:15.534457Z","description":"Docker repository for Smart Rentals Web App","docker_config":[],"effective_labels":{"goog-cloudsetup":"downloaded","goog-terraform-provisioned":"true"},"format":"DOCKER","id":"projects/smart-rentals-prod-svc/locations/australia-southeast1/repositories/smart-rentals-web","kms_key_name":"","labels":{},"location":"australia-southeast1","maven_config":[],"mode":"STANDARD_REPOSITORY","name":"smart-rentals-web","project":"smart-rentals-prod-svc","remote_repository_config":[],"repository_id":"smart-rentals-web","terraform_labels":{"goog-cloudsetup":"downloaded","goog-terraform-provisioned":"true"},"timeouts":null,"update_time":"2025-12-06T06:40:15.534457Z","virtual_repository_config":[],"vulnerability_scanning_config":[{"enablement_config":"","enablement_state":"SCANNING_DISABLED","enablement_state_reason":"API containerscanning.googleapis.com is not enabled."}]},"after":{"cleanup_policies":[],"cleanup_policy_dry_run":false,"create_time":"2025-12-06T06:40:15.534457Z","description":"Docker repository for Smart Rentals Web App","docker_config":[],"effective_labels":{"goog-cloudsetup":"downloaded","goog-terraform-provisioned":"true"},"format":"DOCKER","id":"projects/smart-rentals-prod-svc/locations/australia-southeast1/repositories/smart-rentals-web","kms_key_name":"","labels":{},"location":"australia-southeast1","maven_config":[],"mode":"STANDARD_REPOSITORY","name":"smart-rentals-web","project":"smart-rentals-prod-svc","remote_repository_config":[],"repository_id":"smart-rentals-web","terraform_labels":{"goog-cloudsetup":"downloaded","goog-terraform-provisioned":"true"},"timeouts":null,"update_time":"2025-12-06T06:40:15.534457Z","virtual_repository_config":[],"vulnerability_scanning_config":[{"enablement_config":"","enablement_state":"SCANNING_DISABLED","enablement_state_reason":"API containerscanning.googleapis.com is not enabled."}]},"after_unknown":{},"before_sensitive":{"cleanup_policies":[],"docker_config":[],"effective_labels":{},"labels":{},"maven_config":[],"remote_repository_config":[],"terraform_labels":{},"virtual_repository_config":[],"vulnerability_scanning_config":[{}]},"after_sensitive":{"cleanup_policies":[],"docker_config":[],"effective_labels":{},"labels":{},"maven_config":[],"remote_repository_config":[],"terraform_labels":{},"virtual_repository_config":[],"vulnerability_scanning_config":[{}]}}},{"address":"google_cloud_run_service.smart_rentals_web","mode":"managed","type":"google_cloud_run_service","name":"smart_rentals_web","provider_name":"registry.terraform.io/hashicorp/google","change":{"actions":["no-op"],"before":{"autogenerate_revision_name":false,"id":"locations/australia-southeast1/namespaces/smart-rentals-prod-svc/services/smart-rentals-web","location":"australia-southeast1","metadata":[{"annotations":{},"effective_annotations":{"run.googleapis.com/ingress":"all","run.googleapis.com/ingress-status":"all","run.googleapis.com/operation-id":"11c7adc2-5953-4ca5-b55f-9fcf9e01fa16","run.googleapis.com/urls":"[\"https://smart-rentals-web-367720462542.australia-southeast1.run.app\",\"https://smart-rentals-web-tmgnytbgha-ts.a.run.app\"]","serving.knative.dev/creator":"terraform-deployer@mh-oct-2025.iam.gserviceaccount.com","serving.knative.dev/lastModifier":"terraform-deployer@mh-oct-2025.iam.gserviceaccount.com"},"effective_labels":{"cloud.googleapis.com/location":"australia-southeast1","goog-cloudsetup":"downloaded","run.googleapis.com/satisfiesPzs":"true"},"generation":1,"labels":{},"namespace":"smart-rentals-prod-svc","resource_version":"AAZFQtn97fA","self_link":"/apis/serving.knative.dev/v1/namespaces/367720462542/services/smart-rentals-web","terraform_labels":{"goog-cloudsetup":"downloaded"},"uid":"f901b464-1fc7-4788-9a0f-7f7fa5af887e"}],"name":"smart-rentals-web","project":"smart-rentals-prod-svc","status":[{"conditions":[{"message":"","reason":"","status":"True","type":"Ready"},{"message":"","reason":"","status":"True","type":"ConfigurationsReady"},{"message":"","reason":"","status":"True","type":"RoutesReady"}],"latest_created_revision_name":"smart-rentals-web-00001-mzw","latest_ready_revision_name":"smart-rentals-web-00001-mzw","observed_generation":1,"traffic":[{"latest_revision":true,"percent":100,"revision_name":"smart-rentals-web-00001-mzw","tag":"","url":""}],"url":"https://smart-rentals-web-tmgnytbgha-ts.a.run.app"}],"template":[{"metadata":[{"annotations":{"autoscaling.knative.dev/maxScale":"100"},"generation":0,"labels":{"run.googleapis.com/startupProbeType":"Default"},"name":"","namespace":"","resource_version":"","self_link":"","uid":""}],"spec":[{"container_concurrency":80,"containers":[{"args":[],"command":[],"env":[],"env_from":[],"image":"us-docker.pkg.dev/cloudrun/container/hello","liveness_probe":[],"name":"","ports":[{"container_port":3000,"name":"http1","protocol":""}],"resources":[{"limits":{"cpu":"1000m","memory":"512Mi"},"requests":{}}],"startup_probe":[{"failure_threshold":1,"grpc":[],"http_get":[],"initial_delay_seconds":0,"period_seconds":240,"tcp_socket":[{"port":3000}],"timeout_seconds":240}],"volume_mounts":[],"working_dir":""}],"node_selector":{},"service_account_name":"367720462542-compute@developer.gserviceaccount.com","serving_state":"","timeout_seconds":300,"volumes":[]}]}],"timeouts":null,"traffic":[{"latest_revision":true,"percent":100,"revision_name":"","tag":"","url":""}]},"after":{"autogenerate_revision_name":false,"id":"locations/australia-southeast1/namespaces/smart-rentals-prod-svc/services/smart-rentals-web","location":"australia-southeast1","metadata":[{"annotations":{},"effective_annotations":{"run.googleapis.com/ingress":"all","run.googleapis.com/ingress-status":"all","run.googleapis.com/operation-id":"11c7adc2-5953-4ca5-b55f-9fcf9e01fa16","run.googleapis.com/urls":"[\"https://smart-rentals-web-367720462542.australia-southeast1.run.app\",\"https://smart-rentals-web-tmgnytbgha-ts.a.run.app\"]","serving.knative.dev/creator":"terraform-deployer@mh-oct-2025.iam.gserviceaccount.com","serving.knative.dev/lastModifier":"terraform-deployer@mh-oct-2025.iam.gserviceaccount.com"},"effective_labels":{"cloud.googleapis.com/location":"australia-southeast1","goog-cloudsetup":"downloaded","run.googleapis.com/satisfiesPzs":"true"},"generation":1,"labels":{},"namespace":"smart-rentals-prod-svc","resource_version":"AAZFQtn97fA","self_link":"/apis/serving.knative.dev/v1/namespaces/367720462542/services/smart-rentals-web","terraform_labels":{"goog-cloudsetup":"downloaded"},"uid":"f901b464-1fc7-4788-9a0f-7f7fa5af887e"}],"name":"smart-rentals-web","project":"smart-rentals-prod-svc","status":[{"conditions":[{"message":"","reason":"","status":"True","type":"Ready"},{"message":"","reason":"","status":"True","type":"ConfigurationsReady"},{"message":"","reason":"","status":"True","type":"RoutesReady"}],"latest_created_revision_name":"smart-rentals-web-00001-mzw","latest_ready_revision_name":"smart-rentals-web-00001-mzw","observed_generation":1,"traffic":[{"latest_revision":true,"percent":100,"revision_name":"smart-rentals-web-00001-mzw","tag":"","url":""}],"url":"https://smart-rentals-web-tmgnytbgha-ts.a.run.app"}],"template":[{"metadata":[{"annotations":{"autoscaling.knative.dev/maxScale":"100"},"generation":0,"labels":{"run.googleapis.com/startupProbeType":"Default"},"name":"","namespace":"","resource_version":"","self_link":"","uid":""}],"spec":[{"container_concurrency":80,"containers":[{"args":[],"command":[],"env":[],"env_from":[],"image":"us-docker.pkg.dev/cloudrun/container/hello","liveness_probe":[],"name":"","ports":[{"container_port":3000,"name":"http1","protocol":""}],"resources":[{"limits":{"cpu":"1000m","memory":"512Mi"},"requests":{}}],"startup_probe":[{"failure_threshold":1,"grpc":[],"http_get":[],"initial_delay_seconds":0,"period_seconds":240,"tcp_socket":[{"port":3000}],"timeout_seconds":240}],"volume_mounts":[],"working_dir":""}],"node_selector":{},"service_account_name":"367720462542-compute@developer.gserviceaccount.com","serving_state":"","timeout_seconds":300,"volumes":[]}]}],"timeouts":null,"traffic":[{"latest_revision":true,"percent":100,"revision_name":"","tag":"","url":""}]},"after_unknown":{},"before_sensitive":{"metadata":[{"annotations":{},"effective_annotations":{},"effective_labels":{},"labels":{},"terraform_labels":{}}],"status":[{"conditions":[{},{},{}],"traffic":[{}]}],"template":[{"metadata":[{"annotations":{},"labels":{}}],"spec":[{"containers":[{"args":[],"command":[],"env":[],"env_from":[],"liveness_probe":[],"ports":[{}],"resources":[{"limits":{},"requests":{}}],"startup_probe":[{"grpc":[],"http_get":[],"tcp_socket":[{}]}],"volume_mounts":[]}],"node_selector":{},"volumes":[]}]}],"traffic":[{}]},"after_sensitive":{"metadata":[{"annotations":{},"effective_annotations":{},"effective_labels":{},"labels":{},"terraform_labels":{}}],"status":[{"conditions":[{},{},{}],"traffic":[{}]}],"template":[{"metadata":[{"annotations":{},"labels":{}}],"spec":[{"containers":[{"args":[],"command":[],"env":[],"env_from":[],"liveness_probe":[],"ports":[{}],"resources":[{"limits":{},"requests":{}}],"startup_probe":[{"grpc":[],"http_get":[],"tcp_socket":[{}]}],"volume_mounts":[]}],"node_selector":{},"volumes":[]}]}],"traffic":[{}]}}},{"address":"google_monitoring_monitored_project.cs-monitored-projects[\"vpc-host-nonprod-ng786-al606\"]","mode":"managed","type":"google_monitoring_monitored_project","name":"cs-monitored-projects","index":"vpc-host-nonprod-ng786-al606","provider_name":"registry.terraform.io/hashicorp/google","change":{"actions":["create"],"before":null,"after":{"metrics_scope":"locations/global/metricsScopes/central-log-monitor-gt738-xd25","name":"vpc-host-nonprod-ng786-al606","timeouts":null},"after_unknown":{"create_time":true,"id":true},"before_sensitive":false,"after_sensitive":{}}},{"address":"google_monitoring_monitored_project.cs-monitored-projects[\"vpc-host-prod-ds581-hy386\"]","mode":"managed","type":"google_monitoring_monitored_project","name":"cs-monitored-projects","index":"vpc-host-prod-ds581-hy386","provider_name":"registry.terraform.io/hashicorp/google","change":{"actions":["create"],"before":null,"after":{"metrics_scope":"locations/global/metricsScopes/central-log-monitor-gt738-xd25","name":"vpc-host-prod-ds581-hy386","timeouts":null},"after_unknown":{"create_time":true,"id":true},"before_sensitive":false,"after_sensitive":{}}},{"address":"google_resource_manager_capability.capability[\"API_Manager/Development\"]","mode":"managed","type":"google_resource_manager_capability","name":"capability","index":"API_Manager/Development","provider_name":"registry.terraform.io/hashicorp/google-beta","change":{"actions":["no-op"],"before":{"capability_name":"app-management","id":"folders/165865028466/capabilities/app-management","parent":"folders/165865028466","timeouts":null,"value":true},"after":{"capability_name":"app-management","id":"folders/165865028466/capabilities/app-management","parent":"folders/165865028466","timeouts":null,"value":true},"after_unknown":{},"before_sensitive":{},"after_sensitive":{}}},{"address":"google_resource_manager_capability.capability[\"API_Manager/Non-Production\"]","mode":"managed","type":"google_resource_manager_capability","name":"capability","index":"API_Manager/Non-Production","provider_name":"registry.terraform.io/hashicorp/google-beta","change":{"actions":["no-op"],"before":{"capability_name":"app-management","id":"folders/437428707484/capabilities/app-management","parent":"folders/437428707484","timeouts":null,"value":true},"after":{"capability_name":"app-management","id":"folders/437428707484/capabilities/app-management","parent":"folders/437428707484","timeouts":null,"value":true},"after_unknown":{},"before_sensitive":{},"after_sensitive":{}}},{"address":"google_resource_manager_capability.capability[\"API_Manager/Production\"]","mode":"managed","type":"google_resource_manager_capability","name":"capability","index":"API_Manager/Production","provider_name":"registry.terraform.io/hashicorp/google-beta","change":{"actions":["no-op"],"before":{"capability_name":"app-management","id":"folders/920044424654/capabilities/app-management","parent":"folders/920044424654","timeouts":null,"value":true},"after":{"capability_name":"app-management","id":"folders/920044424654/capabilities/app-management","parent":"folders/920044424654","timeouts":null,"value":true},"after_unknown":{},"before_sensitive":{},"after_sensitive":{}}},{"address":"google_resource_manager_capability.capability[\"Managers/Development\"]","mode":"managed","type":"google_resource_manager_capability","name":"capability","index":"Managers/Development","provider_name":"registry.terraform.io/hashicorp/google-beta","change":{"actions":["no-op"],"before":{"capability_name":"app-management","id":"folders/815831532556/capabilities/app-management","parent":"folders/815831532556","timeouts":null,"value":true},"after":{"capability_name":"app-management","id":"folders/815831532556/capabilities/app-management","parent":"folders/815831532556","timeouts":null,"value":true},"after_unknown":{},"before_sensitive":{},"after_sensitive":{}}},{"address":"google_resource_manager_capability.capability[\"Managers/Non-Production\"]","mode":"managed","type":"google_resource_manager_capability","name":"capability","index":"Managers/Non-Production","provider_name":"registry.terraform.io/hashicorp/google-beta","change":{"actions":["no-op"],"before":{"capability_name":"app-management","id":"folders/959991129302/capabilities/app-management","parent":"folders/959991129302","timeouts":null,"value":true},"after":{"capability_name":"app-management","id":"folders/959991129302/capabilities/app-management","parent":"folders/959991129302","timeouts":null,"value":true},"after_unknown":{},"before_sensitive":{},"after_sensitive":{}}},{"address":"google_resource_manager_capability.capability[\"Managers/Production\"]","mode":"managed","type":"google_resource_manager_capability","name":"capability","index":"Managers/Production","provider_name":"registry.terraform.io/hashicorp/google-beta","change":{"actions":["no-op"],"before":{"capability_name":"app-management","id":"folders/343520406158/capabilities/app-management","parent":"folders/343520406158","timeouts":null,"value":true},"after":{"capability_name":"app-management","id":"folders/343520406158/capabilities/app-management","parent":"folders/343520406158","timeouts":null,"value":true},"after_unknown":{},"before_sensitive":{},"after_sensitive":{}}},{"address":"google_resource_manager_capability.capability[\"Operations/Development\"]","mode":"managed","type":"google_resource_manager_capability","name":"capability","index":"Operations/Development","provider_name":"registry.terraform.io/hashicorp/google-beta","change":{"actions":["no-op"],"before":{"capability_name":"app-management","id":"folders/1057673246676/capabilities/app-management","parent":"folders/1057673246676","timeouts":null,"value":true},"after":{"capability_name":"app-management","id":"folders/1057673246676/capabilities/app-management","parent":"folders/1057673246676","timeouts":null,"value":true},"after_unknown":{},"before_sensitive":{},"after_sensitive":{}}},{"address":"google_resource_manager_capability.capability[\"Operations/Non-Production\"]","mode":"managed","type":"google_resource_manager_capability","name":"capability","index":"Operations/Non-Production","provider_name":"registry.terraform.io/hashicorp/google-beta","change":{"actions":["no-op"],"before":{"capability_name":"app-management","id":"folders/1082518302626/capabilities/app-management","parent":"folders/1082518302626","timeouts":null,"value":true},"after":{"capability_name":"app-management","id":"folders/1082518302626/capabilities/app-management","parent":"folders/1082518302626","timeouts":null,"value":true},"after_unknown":{},"before_sensitive":{},"after_sensitive":{}}},{"address":"google_resource_manager_capability.capability[\"Operations/Production\"]","mode":"managed","type":"google_resource_manager_capability","name":"capability","index":"Operations/Production","provider_name":"registry.terraform.io/hashicorp/google-beta","change":{"actions":["no-op"],"before":{"capability_name":"app-management","id":"folders/1057431337546/capabilities/app-management","parent":"folders/1057431337546","timeouts":null,"value":true},"after":{"capability_name":"app-management","id":"folders/1057431337546/capabilities/app-management","parent":"folders/1057431337546","timeouts":null,"value":true},"after_unknown":{},"before_sensitive":{},"after_sensitive":{}}},{"address":"google_resource_manager_capability.capability[\"Sales/Development\"]","mode":"managed","type":"google_resource_manager_capability","name":"capability","index":"Sales/Development","provider_name":"registry.terraform.io/hashicorp/google-beta","change":{"actions":["no-op"],"before":{"capability_name":"app-management","id":"folders/160188010802/capabilities/app-management","parent":"folders/160188010802","timeouts":null,"value":true},"after":{"capability_name":"app-management","id":"folders/160188010802/capabilities/app-management","parent":"folders/160188010802","timeouts":null,"value":true},"after_unknown":{},"before_sensitive":{},"after_sensitive":{}}},{"address":"google_resource_manager_capability.capability[\"Sales/Non-Production\"]","mode":"managed","type":"google_resource_manager_capability","name":"capability","index":"Sales/Non-Production","provider_name":"registry.terraform.io/hashicorp/google-beta","change":{"actions":["no-op"],"before":{"capability_name":"app-management","id":"folders/202287051102/capabilities/app-management","parent":"folders/202287051102","timeouts":null,"value":true},"after":{"capability_name":"app-management","id":"folders/202287051102/capabilities/app-management","parent":"folders/202287051102","timeouts":null,"value":true},"after_unknown":{},"before_sensitive":{},"after_sensitive":{}}},{"address":"google_resource_manager_capability.capability[\"Sales/Production\"]","mode":"managed","type":"google_resource_manager_capability","name":"capability","index":"Sales/Production","provider_name":"registry.terraform.io/hashicorp/google-beta","change":{"actions":["no-op"],"before":{"capability_name":"app-management","id":"folders/472226013082/capabilities/app-management","parent":"folders/472226013082","timeouts":null,"value":true},"after":{"capability_name":"app-management","id":"folders/472226013082/capabilities/app-management","parent":"folders/472226013082","timeouts":null,"value":true},"after_unknown":{},"before_sensitive":{},"after_sensitive":{}}},{"address":"random_id.suffix","mode":"managed","type":"random_id","name":"suffix","provider_name":"registry.terraform.io/hashicorp/random","change":{"actions":["no-op"],"before":{"b64_std":"jw3M3w==","b64_url":"jw3M3w","byte_length":4,"dec":"2400046303","hex":"8f0dccdf","id":"jw3M3w","keepers":null,"prefix":null},"after":{"b64_std":"jw3M3w==","b64_url":"jw3M3w","byte_length":4,"dec":"2400046303","hex":"8f0dccdf","id":"jw3M3w","keepers":null,"prefix":null},"after_unknown":{},"before_sensitive":{},"after_sensitive":{}}},{"address":"random_integer.hostnum[\"prod-australia-southeast1-0\"]","mode":"managed","type":"random_integer","name":"hostnum","index":"prod-australia-southeast1-0","provider_name":"registry.terraform.io/hashicorp/random","change":{"actions":["no-op"],"before":{"id":"39181","keepers":null,"max":65535,"min":1,"result":39181,"seed":null},"after":{"id":"39181","keepers":null,"max":65535,"min":1,"result":39181,"seed":null},"after_unknown":{},"before_sensitive":{},"after_sensitive":{}}},{"address":"random_integer.hostnum[\"prod-australia-southeast1-1\"]","mode":"managed","type":"random_integer","name":"hostnum","index":"prod-australia-southeast1-1","provider_name":"registry.terraform.io/hashicorp/random","change":{"actions":["no-op"],"before":{"id":"21709","keepers":null,"max":65535,"min":1,"result":21709,"seed":null},"after":{"id":"21709","keepers":null,"max":65535,"min":1,"result":21709,"seed":null},"after_unknown":{},"before_sensitive":{},"after_sensitive":{}}},{"address":"time_sleep.wait_for_folder_creations","mode":"managed","type":"time_sleep","name":"wait_for_folder_creations","provider_name":"registry.terraform.io/hashicorp/time","change":{"actions":["no-op"],"before":{"create_duration":"60s","destroy_duration":null,"id":"2025-11-30T23:37:05Z","triggers":null},"after":{"create_duration":"60s","destroy_duration":null,"id":"2025-11-30T23:37:05Z","triggers":null},"after_unknown":{},"before_sensitive":{},"after_sensitive":{}}},{"address":"module.cs-common.google_folder.folders[\"Common\"]","module_address":"module.cs-common","mode":"managed","type":"google_folder","name":"folders","index":"Common","provider_name":"registry.terraform.io/hashicorp/google","change":{"actions":["no-op"],"before":{"configured_capabilities":[],"create_time":"2025-11-27T07:06:23.633Z","deletion_protection":false,"display_name":"Common","folder_id":"766619413482","id":"folders/766619413482","lifecycle_state":"DELETE_REQUESTED","management_project":"","name":"folders/766619413482","parent":"organizations/403564791417","tags":null,"timeouts":null},"after":{"configured_capabilities":[],"create_time":"2025-11-27T07:06:23.633Z","deletion_protection":false,"display_name":"Common","folder_id":"766619413482","id":"folders/766619413482","lifecycle_state":"DELETE_REQUESTED","management_project":"","name":"folders/766619413482","parent":"organizations/403564791417","tags":null,"timeouts":null},"after_unknown":{},"before_sensitive":{"configured_capabilities":[]},"after_sensitive":{"configured_capabilities":[]}}},{"address":"module.cs-folders-iam-0-computeinstanceAdminv1.google_folder_iam_member.folder_iam_additive[\"default--roles/compute.instanceAdmin.v1--group:gcp-developers@smartrentalstsv.com.au\"]","module_address":"module.cs-folders-iam-0-computeinstanceAdminv1","mode":"managed","type":"google_folder_iam_member","name":"folder_iam_additive","index":"default--roles/compute.instanceAdmin.v1--group:gcp-developers@smartrentalstsv.com.au","provider_name":"registry.terraform.io/hashicorp/google","change":{"actions":["no-op"],"before":{"condition":[],"etag":"BwZE2FRt/Os=","folder":"folders/202287051102","id":"folders/202287051102/roles/compute.instanceAdmin.v1/group:gcp-developers@smartrentalstsv.com.au","member":"group:gcp-developers@smartrentalstsv.com.au","role":"roles/compute.instanceAdmin.v1"},"after":{"condition":[],"etag":"BwZE2FRt/Os=","folder":"folders/202287051102","id":"folders/202287051102/roles/compute.instanceAdmin.v1/group:gcp-developers@smartrentalstsv.com.au","member":"group:gcp-developers@smartrentalstsv.com.au","role":"roles/compute.instanceAdmin.v1"},"after_unknown":{},"before_sensitive":{"condition":[]},"after_sensitive":{"condition":[]}}},{"address":"module.cs-folders-iam-0-containeradmin.google_folder_iam_member.folder_iam_additive[\"default--roles/container.admin--group:gcp-developers@smartrentalstsv.com.au\"]","module_address":"module.cs-folders-iam-0-containeradmin","mode":"managed","type":"google_folder_iam_member","name":"folder_iam_additive","index":"default--roles/container.admin--group:gcp-developers@smartrentalstsv.com.au","provider_name":"registry.terraform.io/hashicorp/google","change":{"actions":["no-op"],"before":{"condition":[],"etag":"BwZE2FRt/Os=","folder":"folders/202287051102","id":"folders/202287051102/roles/container.admin/group:gcp-developers@smartrentalstsv.com.au","member":"group:gcp-developers@smartrentalstsv.com.au","role":"roles/container.admin"},"after":{"condition":[],"etag":"BwZE2FRt/Os=","folder":"folders/202287051102","id":"folders/202287051102/roles/container.admin/group:gcp-developers@smartrentalstsv.com.au","member":"group:gcp-developers@smartrentalstsv.com.au","role":"roles/container.admin"},"after_unknown":{},"before_sensitive":{"condition":[]},"after_sensitive":{"condition":[]}}},{"address":"module.cs-folders-iam-1-computeinstanceAdminv1.google_folder_iam_member.folder_iam_additive[\"default--roles/compute.instanceAdmin.v1--group:gcp-developers@smartrentalstsv.com.au\"]","module_address":"module.cs-folders-iam-1-computeinstanceAdminv1","mode":"managed","type":"google_folder_iam_member","name":"folder_iam_additive","index":"default--roles/compute.instanceAdmin.v1--group:gcp-developers@smartrentalstsv.com.au","provider_name":"registry.terraform.io/hashicorp/google","change":{"actions":["no-op"],"before":{"condition":[],"etag":"BwZE2FQQ4hE=","folder":"folders/1082518302626","id":"folders/1082518302626/roles/compute.instanceAdmin.v1/group:gcp-developers@smartrentalstsv.com.au","member":"group:gcp-developers@smartrentalstsv.com.au","role":"roles/compute.instanceAdmin.v1"},"after":{"condition":[],"etag":"BwZE2FQQ4hE=","folder":"folders/1082518302626","id":"folders/1082518302626/roles/compute.instanceAdmin.v1/group:gcp-developers@smartrentalstsv.com.au","member":"group:gcp-developers@smartrentalstsv.com.au","role":"roles/compute.instanceAdmin.v1"},"after_unknown":{},"before_sensitive":{"condition":[]},"after_sensitive":{"condition":[]}}},{"address":"module.cs-folders-iam-1-containeradmin.google_folder_iam_member.folder_iam_additive[\"default--roles/container.admin--group:gcp-developers@smartrentalstsv.com.au\"]","module_address":"module.cs-folders-iam-1-containeradmin","mode":"managed","type":"google_folder_iam_member","name":"folder_iam_additive","index":"default--roles/container.admin--group:gcp-developers@smartrentalstsv.com.au","provider_name":"registry.terraform.io/hashicorp/google","change":{"actions":["no-op"],"before":{"condition":[],"etag":"BwZE2FQQ4hE=","folder":"folders/1082518302626","id":"folders/1082518302626/roles/container.admin/group:gcp-developers@smartrentalstsv.com.au","member":"group:gcp-developers@smartrentalstsv.com.au","role":"roles/container.admin"},"after":{"condition":[],"etag":"BwZE2FQQ4hE=","folder":"folders/1082518302626","id":"folders/1082518302626/roles/container.admin/group:gcp-developers@smartrentalstsv.com.au","member":"group:gcp-developers@smartrentalstsv.com.au","role":"roles/container.admin"},"after_unknown":{},"before_sensitive":{"condition":[]},"after_sensitive":{"condition":[]}}},{"address":"module.cs-folders-iam-2-computeinstanceAdminv1.google_folder_iam_member.folder_iam_additive[\"default--roles/compute.instanceAdmin.v1--group:gcp-developers@smartrentalstsv.com.au\"]","module_address":"module.cs-folders-iam-2-computeinstanceAdminv1","mode":"managed","type":"google_folder_iam_member","name":"folder_iam_additive","index":"default--roles/compute.instanceAdmin.v1--group:gcp-developers@smartrentalstsv.com.au","provider_name":"registry.terraform.io/hashicorp/google","change":{"actions":["no-op"],"before":{"condition":[],"etag":"BwZE2FQdDnw=","folder":"folders/959991129302","id":"folders/959991129302/roles/compute.instanceAdmin.v1/group:gcp-developers@smartrentalstsv.com.au","member":"group:gcp-developers@smartrentalstsv.com.au","role":"roles/compute.instanceAdmin.v1"},"after":{"condition":[],"etag":"BwZE2FQdDnw=","folder":"folders/959991129302","id":"folders/959991129302/roles/compute.instanceAdmin.v1/group:gcp-developers@smartrentalstsv.com.au","member":"group:gcp-developers@smartrentalstsv.com.au","role":"roles/compute.instanceAdmin.v1"},"after_unknown":{},"before_sensitive":{"condition":[]},"after_sensitive":{"condition":[]}}},{"address":"module.cs-folders-iam-2-containeradmin.google_folder_iam_member.folder_iam_additive[\"default--roles/container.admin--group:gcp-developers@smartrentalstsv.com.au\"]","module_address":"module.cs-folders-iam-2-containeradmin","mode":"managed","type":"google_folder_iam_member","name":"folder_iam_additive","index":"default--roles/container.admin--group:gcp-developers@smartrentalstsv.com.au","provider_name":"registry.terraform.io/hashicorp/google","change":{"actions":["no-op"],"before":{"condition":[],"etag":"BwZE2FQdDnw=","folder":"folders/959991129302","id":"folders/959991129302/roles/container.admin/group:gcp-developers@smartrentalstsv.com.au","member":"group:gcp-developers@smartrentalstsv.com.au","role":"roles/container.admin"},"after":{"condition":[],"etag":"BwZE2FQdDnw=","folder":"folders/959991129302","id":"folders/959991129302/roles/container.admin/group:gcp-developers@smartrentalstsv.com.au","member":"group:gcp-developers@smartrentalstsv.com.au","role":"roles/container.admin"},"after_unknown":{},"before_sensitive":{"condition":[]},"after_sensitive":{"condition":[]}}},{"address":"module.cs-folders-iam-3-computeinstanceAdminv1.google_folder_iam_member.folder_iam_additive[\"default--roles/compute.instanceAdmin.v1--group:gcp-developers@smartrentalstsv.com.au\"]","module_address":"module.cs-folders-iam-3-computeinstanceAdminv1","mode":"managed","type":"google_folder_iam_member","name":"folder_iam_additive","index":"default--roles/compute.instanceAdmin.v1--group:gcp-developers@smartrentalstsv.com.au","provider_name":"registry.terraform.io/hashicorp/google","change":{"actions":["no-op"],"before":{"condition":[],"etag":"BwZE2FQdKLI=","folder":"folders/437428707484","id":"folders/437428707484/roles/compute.instanceAdmin.v1/group:gcp-developers@smartrentalstsv.com.au","member":"group:gcp-developers@smartrentalstsv.com.au","role":"roles/compute.instanceAdmin.v1"},"after":{"condition":[],"etag":"BwZE2FQdKLI=","folder":"folders/437428707484","id":"folders/437428707484/roles/compute.instanceAdmin.v1/group:gcp-developers@smartrentalstsv.com.au","member":"group:gcp-developers@smartrentalstsv.com.au","role":"roles/compute.instanceAdmin.v1"},"after_unknown":{},"before_sensitive":{"condition":[]},"after_sensitive":{"condition":[]}}},{"address":"module.cs-folders-iam-3-containeradmin.google_folder_iam_member.folder_iam_additive[\"default--roles/container.admin--group:gcp-developers@smartrentalstsv.com.au\"]","module_address":"module.cs-folders-iam-3-containeradmin","mode":"managed","type":"google_folder_iam_member","name":"folder_iam_additive","index":"default--roles/container.admin--group:gcp-developers@smartrentalstsv.com.au","provider_name":"registry.terraform.io/hashicorp/google","change":{"actions":["no-op"],"before":{"condition":[],"etag":"BwZE2FQdKLI=","folder":"folders/437428707484","id":"folders/437428707484/roles/container.admin/group:gcp-developers@smartrentalstsv.com.au","member":"group:gcp-developers@smartrentalstsv.com.au","role":"roles/container.admin"},"after":{"condition":[],"etag":"BwZE2FQdKLI=","folder":"folders/437428707484","id":"folders/437428707484/roles/container.admin/group:gcp-developers@smartrentalstsv.com.au","member":"group:gcp-developers@smartrentalstsv.com.au","role":"roles/container.admin"},"after_unknown":{},"before_sensitive":{"condition":[]},"after_sensitive":{"condition":[]}}},{"address":"module.cs-folders-iam-4-computeinstanceAdminv1.google_folder_iam_member.folder_iam_additive[\"default--roles/compute.instanceAdmin.v1--group:gcp-developers@smartrentalstsv.com.au\"]","module_address":"module.cs-folders-iam-4-computeinstanceAdminv1","mode":"managed","type":"google_folder_iam_member","name":"folder_iam_additive","index":"default--roles/compute.instanceAdmin.v1--group:gcp-developers@smartrentalstsv.com.au","provider_name":"registry.terraform.io/hashicorp/google","change":{"actions":["no-op"],"before":{"condition":[],"etag":"BwZE2FQkw10=","folder":"folders/160188010802","id":"folders/160188010802/roles/compute.instanceAdmin.v1/group:gcp-developers@smartrentalstsv.com.au","member":"group:gcp-developers@smartrentalstsv.com.au","role":"roles/compute.instanceAdmin.v1"},"after":{"condition":[],"etag":"BwZE2FQkw10=","folder":"folders/160188010802","id":"folders/160188010802/roles/compute.instanceAdmin.v1/group:gcp-developers@smartrentalstsv.com.au","member":"group:gcp-developers@smartrentalstsv.com.au","role":"roles/compute.instanceAdmin.v1"},"after_unknown":{},"before_sensitive":{"condition":[]},"after_sensitive":{"condition":[]}}},{"address":"module.cs-folders-iam-4-containeradmin.google_folder_iam_member.folder_iam_additive[\"default--roles/container.admin--group:gcp-developers@smartrentalstsv.com.au\"]","module_address":"module.cs-folders-iam-4-containeradmin","mode":"managed","type":"google_folder_iam_member","name":"folder_iam_additive","index":"default--roles/container.admin--group:gcp-developers@smartrentalstsv.com.au","provider_name":"registry.terraform.io/hashicorp/google","change":{"actions":["no-op"],"before":{"condition":[],"etag":"BwZE2FQkw10=","folder":"folders/160188010802","id":"folders/160188010802/roles/container.admin/group:gcp-developers@smartrentalstsv.com.au","member":"group:gcp-developers@smartrentalstsv.com.au","role":"roles/container.admin"},"after":{"condition":[],"etag":"BwZE2FQkw10=","folder":"folders/160188010802","id":"folders/160188010802/roles/container.admin/group:gcp-developers@smartrentalstsv.com.au","member":"group:gcp-developers@smartrentalstsv.com.au","role":"roles/container.admin"},"after_unknown":{},"before_sensitive":{"condition":[]},"after_sensitive":{"condition":[]}}},{"address":"module.cs-folders-iam-5-computeinstanceAdminv1.google_folder_iam_member.folder_iam_additive[\"default--roles/compute.instanceAdmin.v1--group:gcp-developers@smartrentalstsv.com.au\"]","module_address":"module.cs-folders-iam-5-computeinstanceAdminv1","mode":"managed","type":"google_folder_iam_member","name":"folder_iam_additive","index":"default--roles/compute.instanceAdmin.v1--group:gcp-developers@smartrentalstsv.com.au","provider_name":"registry.terraform.io/hashicorp/google","change":{"actions":["no-op"],"before":{"condition":[],"etag":"BwZE2FRn2x0=","folder":"folders/1057673246676","id":"folders/1057673246676/roles/compute.instanceAdmin.v1/group:gcp-developers@smartrentalstsv.com.au","member":"group:gcp-developers@smartrentalstsv.com.au","role":"roles/compute.instanceAdmin.v1"},"after":{"condition":[],"etag":"BwZE2FRn2x0=","folder":"folders/1057673246676","id":"folders/1057673246676/roles/compute.instanceAdmin.v1/group:gcp-developers@smartrentalstsv.com.au","member":"group:gcp-developers@smartrentalstsv.com.au","role":"roles/compute.instanceAdmin.v1"},"after_unknown":{},"before_sensitive":{"condition":[]},"after_sensitive":{"condition":[]}}},{"address":"module.cs-folders-iam-5-containeradmin.google_folder_iam_member.folder_iam_additive[\"default--roles/container.admin--group:gcp-developers@smartrentalstsv.com.au\"]","module_address":"module.cs-folders-iam-5-containeradmin","mode":"managed","type":"google_folder_iam_member","name":"folder_iam_additive","index":"default--roles/container.admin--group:gcp-developers@smartrentalstsv.com.au","provider_name":"registry.terraform.io/hashicorp/google","change":{"actions":["no-op"],"before":{"condition":[],"etag":"BwZE2FRn2x0=","folder":"folders/1057673246676","id":"folders/1057673246676/roles/container.admin/group:gcp-developers@smartrentalstsv.com.au","member":"group:gcp-developers@smartrentalstsv.com.au","role":"roles/container.admin"},"after":{"condition":[],"etag":"BwZE2FRn2x0=","folder":"folders/1057673246676","id":"folders/1057673246676/roles/container.admin/group:gcp-developers@smartrentalstsv.com.au","member":"group:gcp-developers@smartrentalstsv.com.au","role":"roles/container.admin"},"after_unknown":{},"before_sensitive":{"condition":[]},"after_sensitive":{"condition":[]}}},{"address":"module.cs-folders-iam-6-computeinstanceAdminv1.google_folder_iam_member.folder_iam_additive[\"default--roles/compute.instanceAdmin.v1--group:gcp-developers@smartrentalstsv.com.au\"]","module_address":"module.cs-folders-iam-6-computeinstanceAdminv1","mode":"managed","type":"google_folder_iam_member","name":"folder_iam_additive","index":"default--roles/compute.instanceAdmin.v1--group:gcp-developers@smartrentalstsv.com.au","provider_name":"registry.terraform.io/hashicorp/google","change":{"actions":["no-op"],"before":{"condition":[],"etag":"BwZE2FQLTGM=","folder":"folders/815831532556","id":"folders/815831532556/roles/compute.instanceAdmin.v1/group:gcp-developers@smartrentalstsv.com.au","member":"group:gcp-developers@smartrentalstsv.com.au","role":"roles/compute.instanceAdmin.v1"},"after":{"condition":[],"etag":"BwZE2FQLTGM=","folder":"folders/815831532556","id":"folders/815831532556/roles/compute.instanceAdmin.v1/group:gcp-developers@smartrentalstsv.com.au","member":"group:gcp-developers@smartrentalstsv.com.au","role":"roles/compute.instanceAdmin.v1"},"after_unknown":{},"before_sensitive":{"condition":[]},"after_sensitive":{"condition":[]}}},{"address":"module.cs-folders-iam-6-containeradmin.google_folder_iam_member.folder_iam_additive[\"default--roles/container.admin--group:gcp-developers@smartrentalstsv.com.au\"]","module_address":"module.cs-folders-iam-6-containeradmin","mode":"managed","type":"google_folder_iam_member","name":"folder_iam_additive","index":"default--roles/container.admin--group:gcp-developers@smartrentalstsv.com.au","provider_name":"registry.terraform.io/hashicorp/google","change":{"actions":["no-op"],"before":{"condition":[],"etag":"BwZE2FQLTGM=","folder":"folders/815831532556","id":"folders/815831532556/roles/container.admin/group:gcp-developers@smartrentalstsv.com.au","member":"group:gcp-developers@smartrentalstsv.com.au","role":"roles/container.admin"},"after":{"condition":[],"etag":"BwZE2FQLTGM=","folder":"folders/815831532556","id":"folders/815831532556/roles/container.admin/group:gcp-developers@smartrentalstsv.com.au","member":"group:gcp-developers@smartrentalstsv.com.au","role":"roles/container.admin"},"after_unknown":{},"before_sensitive":{"condition":[]},"after_sensitive":{"condition":[]}}},{"address":"module.cs-folders-iam-7-computeinstanceAdminv1.google_folder_iam_member.folder_iam_additive[\"default--roles/compute.instanceAdmin.v1--group:gcp-developers@smartrentalstsv.com.au\"]","module_address":"module.cs-folders-iam-7-computeinstanceAdminv1","mode":"managed","type":"google_folder_iam_member","name":"folder_iam_additive","index":"default--roles/compute.instanceAdmin.v1--group:gcp-developers@smartrentalstsv.com.au","provider_name":"registry.terraform.io/hashicorp/google","change":{"actions":["no-op"],"before":{"condition":[],"etag":"BwZE2FRiW8A=","folder":"folders/165865028466","id":"folders/165865028466/roles/compute.instanceAdmin.v1/group:gcp-developers@smartrentalstsv.com.au","member":"group:gcp-developers@smartrentalstsv.com.au","role":"roles/compute.instanceAdmin.v1"},"after":{"condition":[],"etag":"BwZE2FRiW8A=","folder":"folders/165865028466","id":"folders/165865028466/roles/compute.instanceAdmin.v1/group:gcp-developers@smartrentalstsv.com.au","member":"group:gcp-developers@smartrentalstsv.com.au","role":"roles/compute.instanceAdmin.v1"},"after_unknown":{},"before_sensitive":{"condition":[]},"after_sensitive":{"condition":[]}}},{"address":"module.cs-folders-iam-7-containeradmin.google_folder_iam_member.folder_iam_additive[\"default--roles/container.admin--group:gcp-developers@smartrentalstsv.com.au\"]","module_address":"module.cs-folders-iam-7-containeradmin","mode":"managed","type":"google_folder_iam_member","name":"folder_iam_additive","index":"default--roles/container.admin--group:gcp-developers@smartrentalstsv.com.au","provider_name":"registry.terraform.io/hashicorp/google","change":{"actions":["no-op"],"before":{"condition":[],"etag":"BwZE2FRiW8A=","folder":"folders/165865028466","id":"folders/165865028466/roles/container.admin/group:gcp-developers@smartrentalstsv.com.au","member":"group:gcp-developers@smartrentalstsv.com.au","role":"roles/container.admin"},"after":{"condition":[],"etag":"BwZE2FRiW8A=","folder":"folders/165865028466","id":"folders/165865028466/roles/container.admin/group:gcp-developers@smartrentalstsv.com.au","member":"group:gcp-developers@smartrentalstsv.com.au","role":"roles/container.admin"},"after_unknown":{},"before_sensitive":{"condition":[]},"after_sensitive":{"condition":[]}}},{"address":"module.cs-folders-level-0[\"API_Manager\"].google_folder.folders[\"API_Manager\"]","module_address":"module.cs-folders-level-0[\"API_Manager\"]","mode":"managed","type":"google_folder","name":"folders","index":"API_Manager","provider_name":"registry.terraform.io/hashicorp/google","change":{"actions":["no-op"],"before":{"configured_capabilities":[],"create_time":"2025-11-27T07:06:20.549Z","deletion_protection":true,"display_name":"API_Manager","folder_id":"112933961464","id":"folders/112933961464","lifecycle_state":"ACTIVE","management_project":"","name":"folders/112933961464","parent":"organizations/403564791417","tags":null,"timeouts":null},"after":{"configured_capabilities":[],"create_time":"2025-11-27T07:06:20.549Z","deletion_protection":true,"display_name":"API_Manager","folder_id":"112933961464","id":"folders/112933961464","lifecycle_state":"ACTIVE","management_project":"","name":"folders/112933961464","parent":"organizations/403564791417","tags":null,"timeouts":null},"after_unknown":{},"before_sensitive":{"configured_capabilities":[]},"after_sensitive":{"configured_capabilities":[]}}},{"address":"module.cs-folders-level-0[\"Managers\"].google_folder.folders[\"Managers\"]","module_address":"module.cs-folders-level-0[\"Managers\"]","mode":"managed","type":"google_folder","name":"folders","index":"Managers","provider_name":"registry.terraform.io/hashicorp/google","change":{"actions":["no-op"],"before":{"configured_capabilities":[],"create_time":"2025-11-27T07:06:18.607Z","deletion_protection":true,"display_name":"Managers","folder_id":"1041835919178","id":"folders/1041835919178","lifecycle_state":"ACTIVE","management_project":"","name":"folders/1041835919178","parent":"organizations/403564791417","tags":null,"timeouts":null},"after":{"configured_capabilities":[],"create_time":"2025-11-27T07:06:18.607Z","deletion_protection":true,"display_name":"Managers","folder_id":"1041835919178","id":"folders/1041835919178","lifecycle_state":"ACTIVE","management_project":"","name":"folders/1041835919178","parent":"organizations/403564791417","tags":null,"timeouts":null},"after_unknown":{},"before_sensitive":{"configured_capabilities":[]},"after_sensitive":{"configured_capabilities":[]}}},{"address":"module.cs-folders-level-0[\"Operations\"].google_folder.folders[\"Operations\"]","module_address":"module.cs-folders-level-0[\"Operations\"]","mode":"managed","type":"google_folder","name":"folders","index":"Operations","provider_name":"registry.terraform.io/hashicorp/google","change":{"actions":["no-op"],"before":{"configured_capabilities":[],"create_time":"2025-11-27T07:06:19.783Z","deletion_protection":true,"display_name":"Operations","folder_id":"791725784966","id":"folders/791725784966","lifecycle_state":"ACTIVE","management_project":"","name":"folders/791725784966","parent":"organizations/403564791417","tags":null,"timeouts":null},"after":{"configured_capabilities":[],"create_time":"2025-11-27T07:06:19.783Z","deletion_protection":true,"display_name":"Operations","folder_id":"791725784966","id":"folders/791725784966","lifecycle_state":"ACTIVE","management_project":"","name":"folders/791725784966","parent":"organizations/403564791417","tags":null,"timeouts":null},"after_unknown":{},"before_sensitive":{"configured_capabilities":[]},"after_sensitive":{"configured_capabilities":[]}}},{"address":"module.cs-folders-level-0[\"Sales\"].google_folder.folders[\"Sales\"]","module_address":"module.cs-folders-level-0[\"Sales\"]","mode":"managed","type":"google_folder","name":"folders","index":"Sales","provider_name":"registry.terraform.io/hashicorp/google","change":{"actions":["no-op"],"before":{"configured_capabilities":[],"create_time":"2025-11-27T07:06:20Z","deletion_protection":true,"display_name":"Sales","folder_id":"617097906382","id":"folders/617097906382","lifecycle_state":"ACTIVE","management_project":"","name":"folders/617097906382","parent":"organizations/403564791417","tags":null,"timeouts":null},"after":{"configured_capabilities":[],"create_time":"2025-11-27T07:06:20Z","deletion_protection":true,"display_name":"Sales","folder_id":"617097906382","id":"folders/617097906382","lifecycle_state":"ACTIVE","management_project":"","name":"folders/617097906382","parent":"organizations/403564791417","tags":null,"timeouts":null},"after_unknown":{},"before_sensitive":{"configured_capabilities":[]},"after_sensitive":{"configured_capabilities":[]}}},{"address":"module.cs-folders-level-1[\"API_Manager/Development\"].google_folder.folders[\"Development\"]","module_address":"module.cs-folders-level-1[\"API_Manager/Development\"]","mode":"managed","type":"google_folder","name":"folders","index":"Development","provider_name":"registry.terraform.io/hashicorp/google","change":{"actions":["no-op"],"before":{"configured_capabilities":["folders/165865028466/capabilities/app-management"],"create_time":"2025-11-27T07:06:35.489Z","deletion_protection":true,"display_name":"Development","folder_id":"165865028466","id":"folders/165865028466","lifecycle_state":"ACTIVE","management_project":"projects/google-mpf-v4qhdqim51sq","name":"folders/165865028466","parent":"folders/112933961464","tags":null,"timeouts":null},"after":{"configured_capabilities":["folders/165865028466/capabilities/app-management"],"create_time":"2025-11-27T07:06:35.489Z","deletion_protection":true,"display_name":"Development","folder_id":"165865028466","id":"folders/165865028466","lifecycle_state":"ACTIVE","management_project":"projects/google-mpf-v4qhdqim51sq","name":"folders/165865028466","parent":"folders/112933961464","tags":null,"timeouts":null},"after_unknown":{},"before_sensitive":{"configured_capabilities":[false]},"after_sensitive":{"configured_capabilities":[false]}}},{"address":"module.cs-folders-level-1[\"API_Manager/Non-Production\"].google_folder.folders[\"Non-Production\"]","module_address":"module.cs-folders-level-1[\"API_Manager/Non-Production\"]","mode":"managed","type":"google_folder","name":"folders","index":"Non-Production","provider_name":"registry.terraform.io/hashicorp/google","change":{"actions":["no-op"],"before":{"configured_capabilities":["folders/437428707484/capabilities/app-management"],"create_time":"2025-11-27T07:06:35.659Z","deletion_protection":true,"display_name":"Non-Production","folder_id":"437428707484","id":"folders/437428707484","lifecycle_state":"ACTIVE","management_project":"projects/google-mpf-hbj2cuhzco2a","name":"folders/437428707484","parent":"folders/112933961464","tags":null,"timeouts":null},"after":{"configured_capabilities":["folders/437428707484/capabilities/app-management"],"create_time":"2025-11-27T07:06:35.659Z","deletion_protection":true,"display_name":"Non-Production","folder_id":"437428707484","id":"folders/437428707484","lifecycle_state":"ACTIVE","management_project":"projects/google-mpf-hbj2cuhzco2a","name":"folders/437428707484","parent":"folders/112933961464","tags":null,"timeouts":null},"after_unknown":{},"before_sensitive":{"configured_capabilities":[false]},"after_sensitive":{"configured_capabilities":[false]}}},{"address":"module.cs-folders-level-1[\"API_Manager/Production\"].google_folder.folders[\"Production\"]","module_address":"module.cs-folders-level-1[\"API_Manager/Production\"]","mode":"managed","type":"google_folder","name":"folders","index":"Production","provider_name":"registry.terraform.io/hashicorp/google","change":{"actions":["no-op"],"before":{"configured_capabilities":["folders/920044424654/capabilities/app-management"],"create_time":"2025-11-27T07:07:06.014Z","deletion_protection":true,"display_name":"Production","folder_id":"920044424654","id":"folders/920044424654","lifecycle_state":"ACTIVE","management_project":"projects/google-mpf-hcmce8st2sc8","name":"folders/920044424654","parent":"folders/112933961464","tags":null,"timeouts":null},"after":{"configured_capabilities":["folders/920044424654/capabilities/app-management"],"create_time":"2025-11-27T07:07:06.014Z","deletion_protection":true,"display_name":"Production","folder_id":"920044424654","id":"folders/920044424654","lifecycle_state":"ACTIVE","management_project":"projects/google-mpf-hcmce8st2sc8","name":"folders/920044424654","parent":"folders/112933961464","tags":null,"timeouts":null},"after_unknown":{},"before_sensitive":{"configured_capabilities":[false]},"after_sensitive":{"configured_capabilities":[false]}}},{"address":"module.cs-folders-level-1[\"Managers/Development\"].google_folder.folders[\"Development\"]","module_address":"module.cs-folders-level-1[\"Managers/Development\"]","mode":"managed","type":"google_folder","name":"folders","index":"Development","provider_name":"registry.terraform.io/hashicorp/google","change":{"actions":["no-op"],"before":{"configured_capabilities":["folders/815831532556/capabilities/app-management"],"create_time":"2025-11-27T07:06:35.294Z","deletion_protection":true,"display_name":"Development","folder_id":"815831532556","id":"folders/815831532556","lifecycle_state":"ACTIVE","management_project":"projects/google-mpf-chcg06qa6gnf","name":"folders/815831532556","parent":"folders/1041835919178","tags":null,"timeouts":null},"after":{"configured_capabilities":["folders/815831532556/capabilities/app-management"],"create_time":"2025-11-27T07:06:35.294Z","deletion_protection":true,"display_name":"Development","folder_id":"815831532556","id":"folders/815831532556","lifecycle_state":"ACTIVE","management_project":"projects/google-mpf-chcg06qa6gnf","name":"folders/815831532556","parent":"folders/1041835919178","tags":null,"timeouts":null},"after_unknown":{},"before_sensitive":{"configured_capabilities":[false]},"after_sensitive":{"configured_capabilities":[false]}}},{"address":"module.cs-folders-level-1[\"Managers/Non-Production\"].google_folder.folders[\"Non-Production\"]","module_address":"module.cs-folders-level-1[\"Managers/Non-Production\"]","mode":"managed","type":"google_folder","name":"folders","index":"Non-Production","provider_name":"registry.terraform.io/hashicorp/google","change":{"actions":["no-op"],"before":{"configured_capabilities":["folders/959991129302/capabilities/app-management"],"create_time":"2025-11-27T07:07:00.630Z","deletion_protection":true,"display_name":"Non-Production","folder_id":"959991129302","id":"folders/959991129302","lifecycle_state":"ACTIVE","management_project":"projects/google-mpf-uycqezc8148x","name":"folders/959991129302","parent":"folders/1041835919178","tags":null,"timeouts":null},"after":{"configured_capabilities":["folders/959991129302/capabilities/app-management"],"create_time":"2025-11-27T07:07:00.630Z","deletion_protection":true,"display_name":"Non-Production","folder_id":"959991129302","id":"folders/959991129302","lifecycle_state":"ACTIVE","management_project":"projects/google-mpf-uycqezc8148x","name":"folders/959991129302","parent":"folders/1041835919178","tags":null,"timeouts":null},"after_unknown":{},"before_sensitive":{"configured_capabilities":[false]},"after_sensitive":{"configured_capabilities":[false]}}},{"address":"module.cs-folders-level-1[\"Managers/Production\"].google_folder.folders[\"Production\"]","module_address":"module.cs-folders-level-1[\"Managers/Production\"]","mode":"managed","type":"google_folder","name":"folders","index":"Production","provider_name":"registry.terraform.io/hashicorp/google","change":{"actions":["no-op"],"before":{"configured_capabilities":["folders/343520406158/capabilities/app-management"],"create_time":"2025-11-27T07:07:48.849Z","deletion_protection":true,"display_name":"Production","folder_id":"343520406158","id":"folders/343520406158","lifecycle_state":"ACTIVE","management_project":"projects/google-mpf-dbnpurab17rq","name":"folders/343520406158","parent":"folders/1041835919178","tags":null,"timeouts":null},"after":{"configured_capabilities":["folders/343520406158/capabilities/app-management"],"create_time":"2025-11-27T07:07:48.849Z","deletion_protection":true,"display_name":"Production","folder_id":"343520406158","id":"folders/343520406158","lifecycle_state":"ACTIVE","management_project":"projects/google-mpf-dbnpurab17rq","name":"folders/343520406158","parent":"folders/1041835919178","tags":null,"timeouts":null},"after_unknown":{},"before_sensitive":{"configured_capabilities":[false]},"after_sensitive":{"configured_capabilities":[false]}}},{"address":"module.cs-folders-level-1[\"Operations/Development\"].google_folder.folders[\"Development\"]","module_address":"module.cs-folders-level-1[\"Operations/Development\"]","mode":"managed","type":"google_folder","name":"folders","index":"Development","provider_name":"registry.terraform.io/hashicorp/google","change":{"actions":["no-op"],"before":{"configured_capabilities":["folders/1057673246676/capabilities/app-management"],"create_time":"2025-11-27T07:06:35.908Z","deletion_protection":true,"display_name":"Development","folder_id":"1057673246676","id":"folders/1057673246676","lifecycle_state":"ACTIVE","management_project":"projects/google-mpf-zgjzi8awa075","name":"folders/1057673246676","parent":"folders/791725784966","tags":null,"timeouts":null},"after":{"configured_capabilities":["folders/1057673246676/capabilities/app-management"],"create_time":"2025-11-27T07:06:35.908Z","deletion_protection":true,"display_name":"Development","folder_id":"1057673246676","id":"folders/1057673246676","lifecycle_state":"ACTIVE","management_project":"projects/google-mpf-zgjzi8awa075","name":"folders/1057673246676","parent":"folders/791725784966","tags":null,"timeouts":null},"after_unknown":{},"before_sensitive":{"configured_capabilities":[false]},"after_sensitive":{"configured_capabilities":[false]}}},{"address":"module.cs-folders-level-1[\"Operations/Non-Production\"].google_folder.folders[\"Non-Production\"]","module_address":"module.cs-folders-level-1[\"Operations/Non-Production\"]","mode":"managed","type":"google_folder","name":"folders","index":"Non-Production","provider_name":"registry.terraform.io/hashicorp/google","change":{"actions":["no-op"],"before":{"configured_capabilities":["folders/1082518302626/capabilities/app-management"],"create_time":"2025-11-27T07:06:35.712Z","deletion_protection":true,"display_name":"Non-Production","folder_id":"1082518302626","id":"folders/1082518302626","lifecycle_state":"ACTIVE","management_project":"projects/google-mpf-loz0kqizplx7","name":"folders/1082518302626","parent":"folders/791725784966","tags":null,"timeouts":null},"after":{"configured_capabilities":["folders/1082518302626/capabilities/app-management"],"create_time":"2025-11-27T07:06:35.712Z","deletion_protection":true,"display_name":"Non-Production","folder_id":"1082518302626","id":"folders/1082518302626","lifecycle_state":"ACTIVE","management_project":"projects/google-mpf-loz0kqizplx7","name":"folders/1082518302626","parent":"folders/791725784966","tags":null,"timeouts":null},"after_unknown":{},"before_sensitive":{"configured_capabilities":[false]},"after_sensitive":{"configured_capabilities":[false]}}},{"address":"module.cs-folders-level-1[\"Operations/Production\"].google_folder.folders[\"Production\"]","module_address":"module.cs-folders-level-1[\"Operations/Production\"]","mode":"managed","type":"google_folder","name":"folders","index":"Production","provider_name":"registry.terraform.io/hashicorp/google","change":{"actions":["no-op"],"before":{"configured_capabilities":["folders/1057431337546/capabilities/app-management"],"create_time":"2025-11-27T07:07:49.644Z","deletion_protection":true,"display_name":"Production","folder_id":"1057431337546","id":"folders/1057431337546","lifecycle_state":"ACTIVE","management_project":"projects/google-mpf-394ri3gmo7tj","name":"folders/1057431337546","parent":"folders/791725784966","tags":null,"timeouts":null},"after":{"configured_capabilities":["folders/1057431337546/capabilities/app-management"],"create_time":"2025-11-27T07:07:49.644Z","deletion_protection":true,"display_name":"Production","folder_id":"1057431337546","id":"folders/1057431337546","lifecycle_state":"ACTIVE","management_project":"projects/google-mpf-394ri3gmo7tj","name":"folders/1057431337546","parent":"folders/791725784966","tags":null,"timeouts":null},"after_unknown":{},"before_sensitive":{"configured_capabilities":[false]},"after_sensitive":{"configured_capabilities":[false]}}},{"address":"module.cs-folders-level-1[\"Sales/Development\"].google_folder.folders[\"Development\"]","module_address":"module.cs-folders-level-1[\"Sales/Development\"]","mode":"managed","type":"google_folder","name":"folders","index":"Development","provider_name":"registry.terraform.io/hashicorp/google","change":{"actions":["no-op"],"before":{"configured_capabilities":["folders/160188010802/capabilities/app-management"],"create_time":"2025-11-27T07:06:36.743Z","deletion_protection":true,"display_name":"Development","folder_id":"160188010802","id":"folders/160188010802","lifecycle_state":"ACTIVE","management_project":"projects/google-mpf-e40kwzelplgr","name":"folders/160188010802","parent":"folders/617097906382","tags":null,"timeouts":null},"after":{"configured_capabilities":["folders/160188010802/capabilities/app-management"],"create_time":"2025-11-27T07:06:36.743Z","deletion_protection":true,"display_name":"Development","folder_id":"160188010802","id":"folders/160188010802","lifecycle_state":"ACTIVE","management_project":"projects/google-mpf-e40kwzelplgr","name":"folders/160188010802","parent":"folders/617097906382","tags":null,"timeouts":null},"after_unknown":{},"before_sensitive":{"configured_capabilities":[false]},"after_sensitive":{"configured_capabilities":[false]}}},{"address":"module.cs-folders-level-1[\"Sales/Non-Production\"].google_folder.folders[\"Non-Production\"]","module_address":"module.cs-folders-level-1[\"Sales/Non-Production\"]","mode":"managed","type":"google_folder","name":"folders","index":"Non-Production","provider_name":"registry.terraform.io/hashicorp/google","change":{"actions":["no-op"],"before":{"configured_capabilities":["folders/202287051102/capabilities/app-management"],"create_time":"2025-11-27T07:06:36.041Z","deletion_protection":true,"display_name":"Non-Production","folder_id":"202287051102","id":"folders/202287051102","lifecycle_state":"ACTIVE","management_project":"projects/google-mpf-ej1fsrx2kpsl","name":"folders/202287051102","parent":"folders/617097906382","tags":null,"timeouts":null},"after":{"configured_capabilities":["folders/202287051102/capabilities/app-management"],"create_time":"2025-11-27T07:06:36.041Z","deletion_protection":true,"display_name":"Non-Production","folder_id":"202287051102","id":"folders/202287051102","lifecycle_state":"ACTIVE","management_project":"projects/google-mpf-ej1fsrx2kpsl","name":"folders/202287051102","parent":"folders/617097906382","tags":null,"timeouts":null},"after_unknown":{},"before_sensitive":{"configured_capabilities":[false]},"after_sensitive":{"configured_capabilities":[false]}}},{"address":"module.cs-folders-level-1[\"Sales/Production\"].google_folder.folders[\"Production\"]","module_address":"module.cs-folders-level-1[\"Sales/Production\"]","mode":"managed","type":"google_folder","name":"folders","index":"Production","provider_name":"registry.terraform.io/hashicorp/google","change":{"actions":["no-op"],"before":{"configured_capabilities":["folders/472226013082/capabilities/app-management"],"create_time":"2025-11-27T07:07:00.997Z","deletion_protection":true,"display_name":"Production","folder_id":"472226013082","id":"folders/472226013082","lifecycle_state":"ACTIVE","management_project":"projects/google-mpf-4zkqw1jx7ofb","name":"folders/472226013082","parent":"folders/617097906382","tags":null,"timeouts":null},"after":{"configured_capabilities":["folders/472226013082/capabilities/app-management"],"create_time":"2025-11-27T07:07:00.997Z","deletion_protection":true,"display_name":"Production","folder_id":"472226013082","id":"folders/472226013082","lifecycle_state":"ACTIVE","management_project":"projects/google-mpf-4zkqw1jx7ofb","name":"folders/472226013082","parent":"folders/617097906382","tags":null,"timeouts":null},"after_unknown":{},"before_sensitive":{"configured_capabilities":[false]},"after_sensitive":{"configured_capabilities":[false]}}},{"address":"module.cs-gg-operations-nonprod-service.google_cloud_identity_group.group","module_address":"module.cs-gg-operations-nonprod-service","mode":"managed","type":"google_cloud_identity_group","name":"group","provider_name":"registry.terraform.io/hashicorp/google-beta","change":{"actions":["create"],"before":null,"after":{"description":"","display_name":"operations-nonprod-service","group_key":[{"id":"operations-nonprod-service@smartrentalstsv.com.au","namespace":null}],"initial_group_config":"EMPTY","labels":{"cloudidentity.googleapis.com/groups.discussion_forum":"","cloudidentity.googleapis.com/groups.security":""},"parent":"customers/C00hs4gl3","timeouts":null},"after_unknown":{"additional_group_keys":true,"create_time":true,"group_key":[{}],"id":true,"labels":{},"name":true,"update_time":true},"before_sensitive":false,"after_sensitive":{"additional_group_keys":[],"group_key":[{}],"labels":{}}}},{"address":"module.cs-gg-operations-prod-service.google_cloud_identity_group.group","module_address":"module.cs-gg-operations-prod-service","mode":"managed","type":"google_cloud_identity_group","name":"group","provider_name":"registry.terraform.io/hashicorp/google-beta","change":{"actions":["create"],"before":null,"after":{"description":"","display_name":"operations-prod-service","group_key":[{"id":"operations-prod-service@smartrentalstsv.com.au","namespace":null}],"initial_group_config":"EMPTY","labels":{"cloudidentity.googleapis.com/groups.discussion_forum":"","cloudidentity.googleapis.com/groups.security":""},"parent":"customers/C00hs4gl3","timeouts":null},"after_unknown":{"additional_group_keys":true,"create_time":true,"group_key":[{}],"id":true,"labels":{},"name":true,"update_time":true},"before_sensitive":false,"after_sensitive":{"additional_group_keys":[],"group_key":[{}],"labels":{}}}},{"address":"module.cs-gg-sales-nonprod-service.google_cloud_identity_group.group","module_address":"module.cs-gg-sales-nonprod-service","mode":"managed","type":"google_cloud_identity_group","name":"group","provider_name":"registry.terraform.io/hashicorp/google-beta","change":{"actions":["create"],"before":null,"after":{"description":"","display_name":"sales-nonprod-service","group_key":[{"id":"sales-nonprod-service@smartrentalstsv.com.au","namespace":null}],"initial_group_config":"EMPTY","labels":{"cloudidentity.googleapis.com/groups.discussion_forum":"","cloudidentity.googleapis.com/groups.security":""},"parent":"customers/C00hs4gl3","timeouts":null},"after_unknown":{"additional_group_keys":true,"create_time":true,"group_key":[{}],"id":true,"labels":{},"name":true,"update_time":true},"before_sensitive":false,"after_sensitive":{"additional_group_keys":[],"group_key":[{}],"labels":{}}}},{"address":"module.cs-gg-sales-prod-service.google_cloud_identity_group.group","module_address":"module.cs-gg-sales-prod-service","mode":"managed","type":"google_cloud_identity_group","name":"group","provider_name":"registry.terraform.io/hashicorp/google-beta","change":{"actions":["create"],"before":null,"after":{"description":"","display_name":"sales-prod-service","group_key":[{"id":"sales-prod-service@smartrentalstsv.com.au","namespace":null}],"initial_group_config":"EMPTY","labels":{"cloudidentity.googleapis.com/groups.discussion_forum":"","cloudidentity.googleapis.com/groups.security":""},"parent":"customers/C00hs4gl3","timeouts":null},"after_unknown":{"additional_group_keys":true,"create_time":true,"group_key":[{}],"id":true,"labels":{},"name":true,"update_time":true},"before_sensitive":false,"after_sensitive":{"additional_group_keys":[],"group_key":[{}],"labels":{}}}},{"address":"module.cs-logging-destination.google_logging_project_bucket_config.bucket","module_address":"module.cs-logging-destination","mode":"managed","type":"google_logging_project_bucket_config","name":"bucket","provider_name":"registry.terraform.io/hashicorp/google","change":{"actions":["create"],"before":null,"after":{"bucket_id":"smartrentalstsv.com-logging","cmek_settings":[],"enable_analytics":false,"index_configs":[],"location":"australia-southeast1","locked":null,"project":"central-log-monitor-gt738-xd25","retention_days":30},"after_unknown":{"cmek_settings":[],"description":true,"id":true,"index_configs":[],"lifecycle_state":true,"name":true},"before_sensitive":false,"after_sensitive":{"cmek_settings":[],"index_configs":[]}}},{"address":"module.cs-logging-destination.google_project_iam_member.logbucket_sink_member[0]","module_address":"module.cs-logging-destination","mode":"managed","type":"google_project_iam_member","name":"logbucket_sink_member","index":0,"provider_name":"registry.terraform.io/hashicorp/google","change":{"actions":["create"],"before":null,"after":{"condition":[],"project":"central-log-monitor-gt738-xd25","role":"roles/logging.bucketWriter"},"after_unknown":{"condition":[],"etag":true,"id":true,"member":true},"before_sensitive":false,"after_sensitive":{"condition":[]}}},{"address":"module.cs-logging-destination.google_project_service.enable_destination_api","module_address":"module.cs-logging-destination","mode":"managed","type":"google_project_service","name":"enable_destination_api","provider_name":"registry.terraform.io/hashicorp/google","change":{"actions":["create"],"before":null,"after":{"disable_dependent_services":false,"disable_on_destroy":false,"project":"central-log-monitor-gt738-xd25","service":"logging.googleapis.com","timeouts":null},"after_unknown":{"id":true},"before_sensitive":false,"after_sensitive":{}}},{"address":"module.cs-logsink-logbucketsink.google_logging_organization_sink.sink[0]","module_address":"module.cs-logsink-logbucketsink","mode":"managed","type":"google_logging_organization_sink","name":"sink","index":0,"provider_name":"registry.terraform.io/hashicorp/google","change":{"actions":["create"],"before":null,"after":{"description":null,"disabled":false,"exclusions":[],"filter":"logName: /logs/cloudaudit.googleapis.com%2Factivity OR logName: /logs/cloudaudit.googleapis.com%2Fsystem_event OR logName: /logs/cloudaudit.googleapis.com%2Fdata_access OR logName: /logs/cloudaudit.googleapis.com%2Faccess_transparency","include_children":true,"intercept_children":false,"name":"403564791417-logbucketsink-8f0dccdf","org_id":"403564791417"},"after_unknown":{"bigquery_options":true,"destination":true,"exclusions":[],"id":true,"writer_identity":true},"before_sensitive":false,"after_sensitive":{"bigquery_options":[],"exclusions":[]}}},{"address":"module.cs-org-policy-compute_disableNestedVirtualization.google_org_policy_policy.org_policy_boolean[0]","module_address":"module.cs-org-policy-compute_disableNestedVirtualization","mode":"managed","type":"google_org_policy_policy","name":"org_policy_boolean","index":0,"provider_name":"registry.terraform.io/hashicorp/google","change":{"actions":["no-op"],"before":{"dry_run_spec":[],"etag":"COSps8kGEMi5isQB-","id":"organizations/403564791417/policies/compute.disableNestedVirtualization","name":"compute.disableNestedVirtualization","parent":"organizations/403564791417","spec":[{"etag":"COSps8kGEMi5isQB","inherit_from_parent":false,"reset":false,"rules":[{"allow_all":"","condition":[],"deny_all":"","enforce":"TRUE","parameters":"","values":[]}],"update_time":"2025-11-30T23:36:04.411213Z"}],"timeouts":null},"after":{"dry_run_spec":[],"etag":"COSps8kGEMi5isQB-","id":"organizations/403564791417/policies/compute.disableNestedVirtualization","name":"compute.disableNestedVirtualization","parent":"organizations/403564791417","spec":[{"etag":"COSps8kGEMi5isQB","inherit_from_parent":false,"reset":false,"rules":[{"allow_all":"","condition":[],"deny_all":"","enforce":"TRUE","parameters":"","values":[]}],"update_time":"2025-11-30T23:36:04.411213Z"}],"timeouts":null},"after_unknown":{},"before_sensitive":{"dry_run_spec":[],"spec":[{"rules":[{"condition":[],"values":[]}]}]},"after_sensitive":{"dry_run_spec":[],"spec":[{"rules":[{"condition":[],"values":[]}]}]}}},{"address":"module.cs-org-policy-compute_disableSerialPortAccess.google_org_policy_policy.org_policy_boolean[0]","module_address":"module.cs-org-policy-compute_disableSerialPortAccess","mode":"managed","type":"google_org_policy_policy","name":"org_policy_boolean","index":0,"provider_name":"registry.terraform.io/hashicorp/google","change":{"actions":["no-op"],"before":{"dry_run_spec":[],"etag":"COWps8kGEJCzrsQB-","id":"organizations/403564791417/policies/compute.disableSerialPortAccess","name":"compute.disableSerialPortAccess","parent":"organizations/403564791417","spec":[{"etag":"COWps8kGEJCzrsQB","inherit_from_parent":false,"reset":false,"rules":[{"allow_all":"","condition":[],"deny_all":"","enforce":"TRUE","parameters":"","values":[]}],"update_time":"2025-11-30T23:36:05.411802Z"}],"timeouts":null},"after":{"dry_run_spec":[],"etag":"COWps8kGEJCzrsQB-","id":"organizations/403564791417/policies/compute.disableSerialPortAccess","name":"compute.disableSerialPortAccess","parent":"organizations/403564791417","spec":[{"etag":"COWps8kGEJCzrsQB","inherit_from_parent":false,"reset":false,"rules":[{"allow_all":"","condition":[],"deny_all":"","enforce":"TRUE","parameters":"","values":[]}],"update_time":"2025-11-30T23:36:05.411802Z"}],"timeouts":null},"after_unknown":{},"before_sensitive":{"dry_run_spec":[],"spec":[{"rules":[{"condition":[],"values":[]}]}]},"after_sensitive":{"dry_run_spec":[],"spec":[{"rules":[{"condition":[],"values":[]}]}]}}},{"address":"module.cs-org-policy-compute_disableVpcExternalIpv6.google_org_policy_policy.org_policy_boolean[0]","module_address":"module.cs-org-policy-compute_disableVpcExternalIpv6","mode":"managed","type":"google_org_policy_policy","name":"org_policy_boolean","index":0,"provider_name":"registry.terraform.io/hashicorp/google","change":{"actions":["no-op"],"before":{"dry_run_spec":[],"etag":"COOps8kGEMj1vdMC-","id":"organizations/403564791417/policies/compute.disableVpcExternalIpv6","name":"compute.disableVpcExternalIpv6","parent":"organizations/403564791417","spec":[{"etag":"COOps8kGEMj1vdMC","inherit_from_parent":false,"reset":false,"rules":[{"allow_all":"","condition":[],"deny_all":"","enforce":"TRUE","parameters":"","values":[]}],"update_time":"2025-11-30T23:36:03.711949Z"}],"timeouts":null},"after":{"dry_run_spec":[],"etag":"COOps8kGEMj1vdMC-","id":"organizations/403564791417/policies/compute.disableVpcExternalIpv6","name":"compute.disableVpcExternalIpv6","parent":"organizations/403564791417","spec":[{"etag":"COOps8kGEMj1vdMC","inherit_from_parent":false,"reset":false,"rules":[{"allow_all":"","condition":[],"deny_all":"","enforce":"TRUE","parameters":"","values":[]}],"update_time":"2025-11-30T23:36:03.711949Z"}],"timeouts":null},"after_unknown":{},"before_sensitive":{"dry_run_spec":[],"spec":[{"rules":[{"condition":[],"values":[]}]}]},"after_sensitive":{"dry_run_spec":[],"spec":[{"rules":[{"condition":[],"values":[]}]}]}}},{"address":"module.cs-org-policy-compute_requireOsLogin.google_org_policy_policy.org_policy_boolean[0]","module_address":"module.cs-org-policy-compute_requireOsLogin","mode":"managed","type":"google_org_policy_policy","name":"org_policy_boolean","index":0,"provider_name":"registry.terraform.io/hashicorp/google","change":{"actions":["no-op"],"before":{"dry_run_spec":[],"etag":"COSps8kGEMi8icQB-","id":"organizations/403564791417/policies/compute.requireOsLogin","name":"compute.requireOsLogin","parent":"organizations/403564791417","spec":[{"etag":"COSps8kGEMi8icQB","inherit_from_parent":false,"reset":false,"rules":[{"allow_all":"","condition":[],"deny_all":"","enforce":"TRUE","parameters":"","values":[]}],"update_time":"2025-11-30T23:36:04.411197Z"}],"timeouts":null},"after":{"dry_run_spec":[],"etag":"COSps8kGEMi8icQB-","id":"organizations/403564791417/policies/compute.requireOsLogin","name":"compute.requireOsLogin","parent":"organizations/403564791417","spec":[{"etag":"COSps8kGEMi8icQB","inherit_from_parent":false,"reset":false,"rules":[{"allow_all":"","condition":[],"deny_all":"","enforce":"TRUE","parameters":"","values":[]}],"update_time":"2025-11-30T23:36:04.411197Z"}],"timeouts":null},"after_unknown":{},"before_sensitive":{"dry_run_spec":[],"spec":[{"rules":[{"condition":[],"values":[]}]}]},"after_sensitive":{"dry_run_spec":[],"spec":[{"rules":[{"condition":[],"values":[]}]}]}}},{"address":"module.cs-org-policy-compute_restrictProtocolForwardingCreationForTypes.google_org_policy_policy.organization_policy[0]","module_address":"module.cs-org-policy-compute_restrictProtocolForwardingCreationForTypes","mode":"managed","type":"google_org_policy_policy","name":"organization_policy","index":0,"provider_name":"registry.terraform.io/hashicorp/google","change":{"actions":["no-op"],"before":{"dry_run_spec":[],"etag":"COWps8kGEICL8WQ=-","id":"organizations/403564791417/policies/compute.restrictProtocolForwardingCreationForTypes","name":"compute.restrictProtocolForwardingCreationForTypes","parent":"organizations/403564791417","spec":[{"etag":"COWps8kGEICL8WQ=","inherit_from_parent":false,"reset":false,"rules":[{"allow_all":"","condition":[],"deny_all":"","enforce":"","parameters":"","values":[{"allowed_values":["INTERNAL"],"denied_values":[]}]}],"update_time":"2025-11-30T23:36:05.211568Z"}],"timeouts":null},"after":{"dry_run_spec":[],"etag":"COWps8kGEICL8WQ=-","id":"organizations/403564791417/policies/compute.restrictProtocolForwardingCreationForTypes","name":"compute.restrictProtocolForwardingCreationForTypes","parent":"organizations/403564791417","spec":[{"etag":"COWps8kGEICL8WQ=","inherit_from_parent":false,"reset":false,"rules":[{"allow_all":"","condition":[],"deny_all":"","enforce":"","parameters":"","values":[{"allowed_values":["INTERNAL"],"denied_values":[]}]}],"update_time":"2025-11-30T23:36:05.211568Z"}],"timeouts":null},"after_unknown":{},"before_sensitive":{"dry_run_spec":[],"spec":[{"rules":[{"condition":[],"values":[{"allowed_values":[false],"denied_values":[]}]}]}]},"after_sensitive":{"dry_run_spec":[],"spec":[{"rules":[{"condition":[],"values":[{"allowed_values":[false],"denied_values":[]}]}]}]}}},{"address":"module.cs-org-policy-compute_restrictXpnProjectLienRemoval.google_org_policy_policy.org_policy_boolean[0]","module_address":"module.cs-org-policy-compute_restrictXpnProjectLienRemoval","mode":"managed","type":"google_org_policy_policy","name":"org_policy_boolean","index":0,"provider_name":"registry.terraform.io/hashicorp/google","change":{"actions":["no-op"],"before":{"dry_run_spec":[],"etag":"COWps8kGEMinkMQB-","id":"organizations/403564791417/policies/compute.restrictXpnProjectLienRemoval","name":"compute.restrictXpnProjectLienRemoval","parent":"organizations/403564791417","spec":[{"etag":"COWps8kGEMinkMQB","inherit_from_parent":false,"reset":false,"rules":[{"allow_all":"","condition":[],"deny_all":"","enforce":"TRUE","parameters":"","values":[]}],"update_time":"2025-11-30T23:36:05.411309Z"}],"timeouts":null},"after":{"dry_run_spec":[],"etag":"COWps8kGEMinkMQB-","id":"organizations/403564791417/policies/compute.restrictXpnProjectLienRemoval","name":"compute.restrictXpnProjectLienRemoval","parent":"organizations/403564791417","spec":[{"etag":"COWps8kGEMinkMQB","inherit_from_parent":false,"reset":false,"rules":[{"allow_all":"","condition":[],"deny_all":"","enforce":"TRUE","parameters":"","values":[]}],"update_time":"2025-11-30T23:36:05.411309Z"}],"timeouts":null},"after_unknown":{},"before_sensitive":{"dry_run_spec":[],"spec":[{"rules":[{"condition":[],"values":[]}]}]},"after_sensitive":{"dry_run_spec":[],"spec":[{"rules":[{"condition":[],"values":[]}]}]}}},{"address":"module.cs-org-policy-compute_setNewProjectDefaultToZonalDNSOnly.google_org_policy_policy.org_policy_boolean[0]","module_address":"module.cs-org-policy-compute_setNewProjectDefaultToZonalDNSOnly","mode":"managed","type":"google_org_policy_policy","name":"org_policy_boolean","index":0,"provider_name":"registry.terraform.io/hashicorp/google","change":{"actions":["no-op"],"before":{"dry_run_spec":[],"etag":"COSps8kGEJD4u7ID-","id":"organizations/403564791417/policies/compute.setNewProjectDefaultToZonalDNSOnly","name":"compute.setNewProjectDefaultToZonalDNSOnly","parent":"organizations/403564791417","spec":[{"etag":"COSps8kGEJD4u7ID","inherit_from_parent":false,"reset":false,"rules":[{"allow_all":"","condition":[],"deny_all":"","enforce":"TRUE","parameters":"","values":[]}],"update_time":"2025-11-30T23:36:04.911146Z"}],"timeouts":null},"after":{"dry_run_spec":[],"etag":"COSps8kGEJD4u7ID-","id":"organizations/403564791417/policies/compute.setNewProjectDefaultToZonalDNSOnly","name":"compute.setNewProjectDefaultToZonalDNSOnly","parent":"organizations/403564791417","spec":[{"etag":"COSps8kGEJD4u7ID","inherit_from_parent":false,"reset":false,"rules":[{"allow_all":"","condition":[],"deny_all":"","enforce":"TRUE","parameters":"","values":[]}],"update_time":"2025-11-30T23:36:04.911146Z"}],"timeouts":null},"after_unknown":{},"before_sensitive":{"dry_run_spec":[],"spec":[{"rules":[{"condition":[],"values":[]}]}]},"after_sensitive":{"dry_run_spec":[],"spec":[{"rules":[{"condition":[],"values":[]}]}]}}},{"address":"module.cs-org-policy-compute_skipDefaultNetworkCreation.google_org_policy_policy.org_policy_boolean[0]","module_address":"module.cs-org-policy-compute_skipDefaultNetworkCreation","mode":"managed","type":"google_org_policy_policy","name":"org_policy_boolean","index":0,"provider_name":"registry.terraform.io/hashicorp/google","change":{"actions":["no-op"],"before":{"dry_run_spec":[],"etag":"COWps8kGEJje8PMB-","id":"organizations/403564791417/policies/compute.skipDefaultNetworkCreation","name":"compute.skipDefaultNetworkCreation","parent":"organizations/403564791417","spec":[{"etag":"COWps8kGEJje8PMB","inherit_from_parent":false,"reset":false,"rules":[{"allow_all":"","condition":[],"deny_all":"","enforce":"TRUE","parameters":"","values":[]}],"update_time":"2025-11-30T23:36:05.511455Z"}],"timeouts":null},"after":{"dry_run_spec":[],"etag":"COWps8kGEJje8PMB-","id":"organizations/403564791417/policies/compute.skipDefaultNetworkCreation","name":"compute.skipDefaultNetworkCreation","parent":"organizations/403564791417","spec":[{"etag":"COWps8kGEJje8PMB","inherit_from_parent":false,"reset":false,"rules":[{"allow_all":"","condition":[],"deny_all":"","enforce":"TRUE","parameters":"","values":[]}],"update_time":"2025-11-30T23:36:05.511455Z"}],"timeouts":null},"after_unknown":{},"before_sensitive":{"dry_run_spec":[],"spec":[{"rules":[{"condition":[],"values":[]}]}]},"after_sensitive":{"dry_run_spec":[],"spec":[{"rules":[{"condition":[],"values":[]}]}]}}},{"address":"module.cs-org-policy-compute_vmExternalIpAccess.google_org_policy_policy.organization_policy[0]","module_address":"module.cs-org-policy-compute_vmExternalIpAccess","mode":"managed","type":"google_org_policy_policy","name":"organization_policy","index":0,"provider_name":"registry.terraform.io/hashicorp/google","change":{"actions":["no-op"],"before":{"dry_run_spec":[],"etag":"COWps8kGEOCljsQB-","id":"organizations/403564791417/policies/compute.vmExternalIpAccess","name":"compute.vmExternalIpAccess","parent":"organizations/403564791417","spec":[{"etag":"COWps8kGEOCljsQB","inherit_from_parent":false,"reset":false,"rules":[{"allow_all":"","condition":[],"deny_all":"TRUE","enforce":"","parameters":"","values":[]}],"update_time":"2025-11-30T23:36:05.411276Z"}],"timeouts":null},"after":{"dry_run_spec":[],"etag":"COWps8kGEOCljsQB-","id":"organizations/403564791417/policies/compute.vmExternalIpAccess","name":"compute.vmExternalIpAccess","parent":"organizations/403564791417","spec":[{"etag":"COWps8kGEOCljsQB","inherit_from_parent":false,"reset":false,"rules":[{"allow_all":"","condition":[],"deny_all":"TRUE","enforce":"","parameters":"","values":[]}],"update_time":"2025-11-30T23:36:05.411276Z"}],"timeouts":null},"after_unknown":{},"before_sensitive":{"dry_run_spec":[],"spec":[{"rules":[{"condition":[],"values":[]}]}]},"after_sensitive":{"dry_run_spec":[],"spec":[{"rules":[{"condition":[],"values":[]}]}]}}},{"address":"module.cs-org-policy-essentialcontacts_allowedContactDomains.google_org_policy_policy.organization_policy[0]","module_address":"module.cs-org-policy-essentialcontacts_allowedContactDomains","mode":"managed","type":"google_org_policy_policy","name":"organization_policy","index":0,"provider_name":"registry.terraform.io/hashicorp/google","change":{"actions":["no-op"],"before":{"dry_run_spec":[],"etag":"COSps8kGEPi52MQB-","id":"organizations/403564791417/policies/essentialcontacts.allowedContactDomains","name":"essentialcontacts.allowedContactDomains","parent":"organizations/403564791417","spec":[{"etag":"COSps8kGEPi52MQB","inherit_from_parent":false,"reset":false,"rules":[{"allow_all":"","condition":[],"deny_all":"","enforce":"","parameters":"","values":[{"allowed_values":["@smartrentalstsv.com.au"],"denied_values":[]}]}],"update_time":"2025-11-30T23:36:04.412491Z"}],"timeouts":null},"after":{"dry_run_spec":[],"etag":"COSps8kGEPi52MQB-","id":"organizations/403564791417/policies/essentialcontacts.allowedContactDomains","name":"essentialcontacts.allowedContactDomains","parent":"organizations/403564791417","spec":[{"etag":"COSps8kGEPi52MQB","inherit_from_parent":false,"reset":false,"rules":[{"allow_all":"","condition":[],"deny_all":"","enforce":"","parameters":"","values":[{"allowed_values":["@smartrentalstsv.com.au"],"denied_values":[]}]}],"update_time":"2025-11-30T23:36:04.412491Z"}],"timeouts":null},"after_unknown":{},"before_sensitive":{"dry_run_spec":[],"spec":[{"rules":[{"condition":[],"values":[{"allowed_values":[false],"denied_values":[]}]}]}]},"after_sensitive":{"dry_run_spec":[],"spec":[{"rules":[{"condition":[],"values":[{"allowed_values":[false],"denied_values":[]}]}]}]}}},{"address":"module.cs-org-policy-iam_allowedPolicyMemberDomains.google_org_policy_policy.organization_policy[0]","module_address":"module.cs-org-policy-iam_allowedPolicyMemberDomains","mode":"managed","type":"google_org_policy_policy","name":"organization_policy","index":0,"provider_name":"registry.terraform.io/hashicorp/google","change":{"actions":["no-op"],"before":{"dry_run_spec":[],"etag":"COSps8kGEIi5n8QB-","id":"organizations/403564791417/policies/iam.allowedPolicyMemberDomains","name":"iam.allowedPolicyMemberDomains","parent":"organizations/403564791417","spec":[{"etag":"COSps8kGEIi5n8QB","inherit_from_parent":false,"reset":false,"rules":[{"allow_all":"","condition":[],"deny_all":"","enforce":"","parameters":"","values":[{"allowed_values":["C00hs4gl3"],"denied_values":[]}]}],"update_time":"2025-11-30T23:36:04.411557Z"}],"timeouts":null},"after":{"dry_run_spec":[],"etag":"COSps8kGEIi5n8QB-","id":"organizations/403564791417/policies/iam.allowedPolicyMemberDomains","name":"iam.allowedPolicyMemberDomains","parent":"organizations/403564791417","spec":[{"etag":"COSps8kGEIi5n8QB","inherit_from_parent":false,"reset":false,"rules":[{"allow_all":"","condition":[],"deny_all":"","enforce":"","parameters":"","values":[{"allowed_values":["C00hs4gl3"],"denied_values":[]}]}],"update_time":"2025-11-30T23:36:04.411557Z"}],"timeouts":null},"after_unknown":{},"before_sensitive":{"dry_run_spec":[],"spec":[{"rules":[{"condition":[],"values":[{"allowed_values":[false],"denied_values":[]}]}]}]},"after_sensitive":{"dry_run_spec":[],"spec":[{"rules":[{"condition":[],"values":[{"allowed_values":[false],"denied_values":[]}]}]}]}}},{"address":"module.cs-org-policy-iam_automaticIamGrantsForDefaultServiceAccounts.google_org_policy_policy.org_policy_boolean[0]","module_address":"module.cs-org-policy-iam_automaticIamGrantsForDefaultServiceAccounts","mode":"managed","type":"google_org_policy_policy","name":"org_policy_boolean","index":0,"provider_name":"registry.terraform.io/hashicorp/google","change":{"actions":["no-op"],"before":{"dry_run_spec":[],"etag":"COSps8kGEJi8uMQB-","id":"organizations/403564791417/policies/iam.automaticIamGrantsForDefaultServiceAccounts","name":"iam.automaticIamGrantsForDefaultServiceAccounts","parent":"organizations/403564791417","spec":[{"etag":"COSps8kGEJi8uMQB","inherit_from_parent":false,"reset":false,"rules":[{"allow_all":"","condition":[],"deny_all":"","enforce":"TRUE","parameters":"","values":[]}],"update_time":"2025-11-30T23:36:04.411967Z"}],"timeouts":null},"after":{"dry_run_spec":[],"etag":"COSps8kGEJi8uMQB-","id":"organizations/403564791417/policies/iam.automaticIamGrantsForDefaultServiceAccounts","name":"iam.automaticIamGrantsForDefaultServiceAccounts","parent":"organizations/403564791417","spec":[{"etag":"COSps8kGEJi8uMQB","inherit_from_parent":false,"reset":false,"rules":[{"allow_all":"","condition":[],"deny_all":"","enforce":"TRUE","parameters":"","values":[]}],"update_time":"2025-11-30T23:36:04.411967Z"}],"timeouts":null},"after_unknown":{},"before_sensitive":{"dry_run_spec":[],"spec":[{"rules":[{"condition":[],"values":[]}]}]},"after_sensitive":{"dry_run_spec":[],"spec":[{"rules":[{"condition":[],"values":[]}]}]}}},{"address":"module.cs-org-policy-iam_disableServiceAccountKeyCreation.google_org_policy_policy.org_policy_boolean[0]","module_address":"module.cs-org-policy-iam_disableServiceAccountKeyCreation","mode":"managed","type":"google_org_policy_policy","name":"org_policy_boolean","index":0,"provider_name":"registry.terraform.io/hashicorp/google","change":{"actions":["no-op"],"before":{"dry_run_spec":[],"etag":"COOps8kGEOCR2PMB-","id":"organizations/403564791417/policies/iam.disableServiceAccountKeyCreation","name":"iam.disableServiceAccountKeyCreation","parent":"organizations/403564791417","spec":[{"etag":"COOps8kGEOCR2PMB","inherit_from_parent":false,"reset":false,"rules":[{"allow_all":"","condition":[],"deny_all":"","enforce":"TRUE","parameters":"","values":[]}],"update_time":"2025-11-30T23:36:03.511052Z"}],"timeouts":null},"after":{"dry_run_spec":[],"etag":"COOps8kGEOCR2PMB-","id":"organizations/403564791417/policies/iam.disableServiceAccountKeyCreation","name":"iam.disableServiceAccountKeyCreation","parent":"organizations/403564791417","spec":[{"etag":"COOps8kGEOCR2PMB","inherit_from_parent":false,"reset":false,"rules":[{"allow_all":"","condition":[],"deny_all":"","enforce":"TRUE","parameters":"","values":[]}],"update_time":"2025-11-30T23:36:03.511052Z"}],"timeouts":null},"after_unknown":{},"before_sensitive":{"dry_run_spec":[],"spec":[{"rules":[{"condition":[],"values":[]}]}]},"after_sensitive":{"dry_run_spec":[],"spec":[{"rules":[{"condition":[],"values":[]}]}]}}},{"address":"module.cs-org-policy-iam_disableServiceAccountKeyUpload.google_org_policy_policy.org_policy_boolean[0]","module_address":"module.cs-org-policy-iam_disableServiceAccountKeyUpload","mode":"managed","type":"google_org_policy_policy","name":"org_policy_boolean","index":0,"provider_name":"registry.terraform.io/hashicorp/google","change":{"actions":["no-op"],"before":{"dry_run_spec":[],"etag":"COOps8kGEPCMpNMC-","id":"organizations/403564791417/policies/iam.disableServiceAccountKeyUpload","name":"iam.disableServiceAccountKeyUpload","parent":"organizations/403564791417","spec":[{"etag":"COOps8kGEPCMpNMC","inherit_from_parent":false,"reset":false,"rules":[{"allow_all":"","condition":[],"deny_all":"","enforce":"TRUE","parameters":"","values":[]}],"update_time":"2025-11-30T23:36:03.711526Z"}],"timeouts":null},"after":{"dry_run_spec":[],"etag":"COOps8kGEPCMpNMC-","id":"organizations/403564791417/policies/iam.disableServiceAccountKeyUpload","name":"iam.disableServiceAccountKeyUpload","parent":"organizations/403564791417","spec":[{"etag":"COOps8kGEPCMpNMC","inherit_from_parent":false,"reset":false,"rules":[{"allow_all":"","condition":[],"deny_all":"","enforce":"TRUE","parameters":"","values":[]}],"update_time":"2025-11-30T23:36:03.711526Z"}],"timeouts":null},"after_unknown":{},"before_sensitive":{"dry_run_spec":[],"spec":[{"rules":[{"condition":[],"values":[]}]}]},"after_sensitive":{"dry_run_spec":[],"spec":[{"rules":[{"condition":[],"values":[]}]}]}}},{"address":"module.cs-org-policy-sql_restrictAuthorizedNetworks.google_org_policy_policy.org_policy_boolean[0]","module_address":"module.cs-org-policy-sql_restrictAuthorizedNetworks","mode":"managed","type":"google_org_policy_policy","name":"org_policy_boolean","index":0,"provider_name":"registry.terraform.io/hashicorp/google","change":{"actions":["no-op"],"before":{"dry_run_spec":[],"etag":"COWps8kGEKCbiTU=-","id":"organizations/403564791417/policies/sql.restrictAuthorizedNetworks","name":"sql.restrictAuthorizedNetworks","parent":"organizations/403564791417","spec":[{"etag":"COWps8kGEKCbiTU=","inherit_from_parent":false,"reset":false,"rules":[{"allow_all":"","condition":[],"deny_all":"","enforce":"TRUE","parameters":"","values":[]}],"update_time":"2025-11-30T23:36:05.111300Z"}],"timeouts":null},"after":{"dry_run_spec":[],"etag":"COWps8kGEKCbiTU=-","id":"organizations/403564791417/policies/sql.restrictAuthorizedNetworks","name":"sql.restrictAuthorizedNetworks","parent":"organizations/403564791417","spec":[{"etag":"COWps8kGEKCbiTU=","inherit_from_parent":false,"reset":false,"rules":[{"allow_all":"","condition":[],"deny_all":"","enforce":"TRUE","parameters":"","values":[]}],"update_time":"2025-11-30T23:36:05.111300Z"}],"timeouts":null},"after_unknown":{},"before_sensitive":{"dry_run_spec":[],"spec":[{"rules":[{"condition":[],"values":[]}]}]},"after_sensitive":{"dry_run_spec":[],"spec":[{"rules":[{"condition":[],"values":[]}]}]}}},{"address":"module.cs-org-policy-sql_restrictPublicIp.google_org_policy_policy.org_policy_boolean[0]","module_address":"module.cs-org-policy-sql_restrictPublicIp","mode":"managed","type":"google_org_policy_policy","name":"org_policy_boolean","index":0,"provider_name":"registry.terraform.io/hashicorp/google","change":{"actions":["no-op"],"before":{"dry_run_spec":[],"etag":"COSps8kGEMDYkNMC-","id":"organizations/403564791417/policies/sql.restrictPublicIp","name":"sql.restrictPublicIp","parent":"organizations/403564791417","spec":[{"etag":"COSps8kGEMDYkNMC","inherit_from_parent":false,"reset":false,"rules":[{"allow_all":"","condition":[],"deny_all":"","enforce":"TRUE","parameters":"","values":[]}],"update_time":"2025-11-30T23:36:04.711208Z"}],"timeouts":null},"after":{"dry_run_spec":[],"etag":"COSps8kGEMDYkNMC-","id":"organizations/403564791417/policies/sql.restrictPublicIp","name":"sql.restrictPublicIp","parent":"organizations/403564791417","spec":[{"etag":"COSps8kGEMDYkNMC","inherit_from_parent":false,"reset":false,"rules":[{"allow_all":"","condition":[],"deny_all":"","enforce":"TRUE","parameters":"","values":[]}],"update_time":"2025-11-30T23:36:04.711208Z"}],"timeouts":null},"after_unknown":{},"before_sensitive":{"dry_run_spec":[],"spec":[{"rules":[{"condition":[],"values":[]}]}]},"after_sensitive":{"dry_run_spec":[],"spec":[{"rules":[{"condition":[],"values":[]}]}]}}},{"address":"module.cs-org-policy-storage_publicAccessPrevention.google_org_policy_policy.org_policy_boolean[0]","module_address":"module.cs-org-policy-storage_publicAccessPrevention","mode":"managed","type":"google_org_policy_policy","name":"org_policy_boolean","index":0,"provider_name":"registry.terraform.io/hashicorp/google","change":{"actions":["no-op"],"before":{"dry_run_spec":[],"etag":"COSps8kGELDMsMQB-","id":"organizations/403564791417/policies/storage.publicAccessPrevention","name":"storage.publicAccessPrevention","parent":"organizations/403564791417","spec":[{"etag":"COSps8kGELDMsMQB","inherit_from_parent":false,"reset":false,"rules":[{"allow_all":"","condition":[],"deny_all":"","enforce":"TRUE","parameters":"","values":[]}],"update_time":"2025-11-30T23:36:04.411838Z"}],"timeouts":null},"after":{"dry_run_spec":[],"etag":"COSps8kGELDMsMQB-","id":"organizations/403564791417/policies/storage.publicAccessPrevention","name":"storage.publicAccessPrevention","parent":"organizations/403564791417","spec":[{"etag":"COSps8kGELDMsMQB","inherit_from_parent":false,"reset":false,"rules":[{"allow_all":"","condition":[],"deny_all":"","enforce":"TRUE","parameters":"","values":[]}],"update_time":"2025-11-30T23:36:04.411838Z"}],"timeouts":null},"after_unknown":{},"before_sensitive":{"dry_run_spec":[],"spec":[{"rules":[{"condition":[],"values":[]}]}]},"after_sensitive":{"dry_run_spec":[],"spec":[{"rules":[{"condition":[],"values":[]}]}]}}},{"address":"module.cs-org-policy-storage_uniformBucketLevelAccess.google_org_policy_policy.org_policy_boolean[0]","module_address":"module.cs-org-policy-storage_uniformBucketLevelAccess","mode":"managed","type":"google_org_policy_policy","name":"org_policy_boolean","index":0,"provider_name":"registry.terraform.io/hashicorp/google","change":{"actions":["no-op"],"before":{"dry_run_spec":[],"etag":"COSps8kGEIjk5MQB-","id":"organizations/403564791417/policies/storage.uniformBucketLevelAccess","name":"storage.uniformBucketLevelAccess","parent":"organizations/403564791417","spec":[{"etag":"COSps8kGEIjk5MQB","inherit_from_parent":false,"reset":false,"rules":[{"allow_all":"","condition":[],"deny_all":"","enforce":"TRUE","parameters":"","values":[]}],"update_time":"2025-11-30T23:36:04.412693Z"}],"timeouts":null},"after":{"dry_run_spec":[],"etag":"COSps8kGEIjk5MQB-","id":"organizations/403564791417/policies/storage.uniformBucketLevelAccess","name":"storage.uniformBucketLevelAccess","parent":"organizations/403564791417","spec":[{"etag":"COSps8kGEIjk5MQB","inherit_from_parent":false,"reset":false,"rules":[{"allow_all":"","condition":[],"deny_all":"","enforce":"TRUE","parameters":"","values":[]}],"update_time":"2025-11-30T23:36:04.412693Z"}],"timeouts":null},"after_unknown":{},"before_sensitive":{"dry_run_spec":[],"spec":[{"rules":[{"condition":[],"values":[]}]}]},"after_sensitive":{"dry_run_spec":[],"spec":[{"rules":[{"condition":[],"values":[]}]}]}}},{"address":"module.cs-prod-prod-australia-southeast1-gateway.google_compute_external_vpn_gateway.external_gateway[0]","module_address":"module.cs-prod-prod-australia-southeast1-gateway","mode":"managed","type":"google_compute_external_vpn_gateway","name":"external_gateway","index":0,"provider_name":"registry.terraform.io/hashicorp/google","change":{"actions":["create"],"before":null,"after":{"description":"Terraform managed external VPN gateway","effective_labels":{"goog-cloudsetup":"downloaded","goog-terraform-provisioned":"true"},"interface":[{"id":0,"ip_address":"45.115.232.159","ipv6_address":null},{"id":1,"ip_address":"45.115.232.159","ipv6_address":null}],"labels":null,"name":"maroochydore","project":"vpc-host-prod-ds581-hy386","redundancy_type":"TWO_IPS_REDUNDANCY","terraform_labels":{"goog-cloudsetup":"downloaded","goog-terraform-provisioned":"true"},"timeouts":null},"after_unknown":{"effective_labels":{},"id":true,"interface":[{},{}],"label_fingerprint":true,"self_link":true,"terraform_labels":{}},"before_sensitive":false,"after_sensitive":{"effective_labels":{},"interface":[{},{}],"terraform_labels":{}}}},{"address":"module.cs-prod-prod-australia-southeast1-gateway.google_compute_ha_vpn_gateway.ha_gateway[0]","module_address":"module.cs-prod-prod-australia-southeast1-gateway","mode":"managed","type":"google_compute_ha_vpn_gateway","name":"ha_gateway","index":0,"provider_name":"registry.terraform.io/hashicorp/google","change":{"actions":["create"],"before":null,"after":{"description":null,"effective_labels":{"goog-cloudsetup":"downloaded","goog-terraform-provisioned":"true"},"gateway_ip_version":"IPV4","labels":null,"name":"prod-australia-southeast1-gateway","project":"vpc-host-prod-ds581-hy386","region":"australia-southeast1","stack_type":"IPV4_IPV6","terraform_labels":{"goog-cloudsetup":"downloaded","goog-terraform-provisioned":"true"},"timeouts":null},"after_unknown":{"effective_labels":{},"id":true,"label_fingerprint":true,"network":true,"self_link":true,"terraform_labels":{},"vpn_interfaces":true},"before_sensitive":false,"after_sensitive":{"effective_labels":{},"terraform_labels":{},"vpn_interfaces":[]}}},{"address":"module.cs-prod-prod-australia-southeast1-gateway.google_compute_router.router[0]","module_address":"module.cs-prod-prod-australia-southeast1-gateway","mode":"managed","type":"google_compute_router","name":"router","index":0,"provider_name":"registry.terraform.io/hashicorp/google","change":{"actions":["create"],"before":null,"after":{"bgp":[{"advertise_mode":"DEFAULT","advertised_groups":null,"advertised_ip_ranges":[],"asn":64512,"keepalive_interval":20}],"description":null,"encrypted_interconnect_router":null,"md5_authentication_keys":[],"name":"vpn-prod-australia-southeast1-gateway","project":"vpc-host-prod-ds581-hy386","region":"australia-southeast1","timeouts":null},"after_unknown":{"bgp":[{"advertised_ip_ranges":[],"identifier_range":true}],"creation_timestamp":true,"id":true,"md5_authentication_keys":[],"network":true,"self_link":true},"before_sensitive":false,"after_sensitive":{"bgp":[{"advertised_ip_ranges":[]}],"md5_authentication_keys":[]}}},{"address":"module.cs-prod-prod-australia-southeast1-gateway.google_compute_router_interface.router_interface[\"tnl0\"]","module_address":"module.cs-prod-prod-australia-southeast1-gateway","mode":"managed","type":"google_compute_router_interface","name":"router_interface","index":"tnl0","provider_name":"registry.terraform.io/hashicorp/google","change":{"actions":["create"],"before":null,"after":{"interconnect_attachment":null,"name":"prod-australia-southeast1-gateway-tnl0","private_ip_address":null,"project":"vpc-host-prod-ds581-hy386","region":"australia-southeast1","router":"vpn-prod-australia-southeast1-gateway","subnetwork":null,"timeouts":null,"vpn_tunnel":"prod-australia-southeast1-gateway-tnl0"},"after_unknown":{"id":true,"ip_range":true,"ip_version":true,"redundant_interface":true},"before_sensitive":false,"after_sensitive":{}}},{"address":"module.cs-prod-prod-australia-southeast1-gateway.google_compute_router_interface.router_interface[\"tnl1\"]","module_address":"module.cs-prod-prod-australia-southeast1-gateway","mode":"managed","type":"google_compute_router_interface","name":"router_interface","index":"tnl1","provider_name":"registry.terraform.io/hashicorp/google","change":{"actions":["create"],"before":null,"after":{"interconnect_attachment":null,"name":"prod-australia-southeast1-gateway-tnl1","private_ip_address":null,"project":"vpc-host-prod-ds581-hy386","region":"australia-southeast1","router":"vpn-prod-australia-southeast1-gateway","subnetwork":null,"timeouts":null,"vpn_tunnel":"prod-australia-southeast1-gateway-tnl1"},"after_unknown":{"id":true,"ip_range":true,"ip_version":true,"redundant_interface":true},"before_sensitive":false,"after_sensitive":{}}},{"address":"module.cs-prod-prod-australia-southeast1-gateway.google_compute_router_peer.bgp_peer[\"tnl0\"]","module_address":"module.cs-prod-prod-australia-southeast1-gateway","mode":"managed","type":"google_compute_router_peer","name":"bgp_peer","index":"tnl0","provider_name":"registry.terraform.io/hashicorp/google","change":{"actions":["create"],"before":null,"after":{"advertise_mode":"DEFAULT","advertised_groups":null,"advertised_ip_ranges":[],"advertised_route_priority":1000,"custom_learned_ip_ranges":[],"custom_learned_route_priority":null,"enable":true,"enable_ipv6":false,"export_policies":null,"import_policies":null,"interface":"prod-australia-southeast1-gateway-tnl0","ip_address":"169.254.153.13","md5_authentication_key":[],"name":"prod-australia-southeast1-gateway-tnl0","peer_asn":65001,"peer_ip_address":"169.254.153.14","project":"vpc-host-prod-ds581-hy386","region":"australia-southeast1","router":"vpn-prod-australia-southeast1-gateway","router_appliance_instance":null,"timeouts":null,"zero_advertised_route_priority":null,"zero_custom_learned_route_priority":false},"after_unknown":{"advertised_ip_ranges":[],"bfd":true,"custom_learned_ip_ranges":[],"enable_ipv4":true,"id":true,"ipv4_nexthop_address":true,"ipv6_nexthop_address":true,"is_advertised_route_priority_set":true,"is_custom_learned_priority_set":true,"management_type":true,"md5_authentication_key":[],"peer_ipv4_nexthop_address":true,"peer_ipv6_nexthop_address":true},"before_sensitive":false,"after_sensitive":{"advertised_ip_ranges":[],"bfd":[],"custom_learned_ip_ranges":[],"md5_authentication_key":[]}}},{"address":"module.cs-prod-prod-australia-southeast1-gateway.google_compute_router_peer.bgp_peer[\"tnl1\"]","module_address":"module.cs-prod-prod-australia-southeast1-gateway","mode":"managed","type":"google_compute_router_peer","name":"bgp_peer","index":"tnl1","provider_name":"registry.terraform.io/hashicorp/google","change":{"actions":["create"],"before":null,"after":{"advertise_mode":"DEFAULT","advertised_groups":null,"advertised_ip_ranges":[],"advertised_route_priority":1000,"custom_learned_ip_ranges":[],"custom_learned_route_priority":null,"enable":true,"enable_ipv6":false,"export_policies":null,"import_policies":null,"interface":"prod-australia-southeast1-gateway-tnl1","ip_address":"169.254.84.205","md5_authentication_key":[],"name":"prod-australia-southeast1-gateway-tnl1","peer_asn":65001,"peer_ip_address":"169.254.84.206","project":"vpc-host-prod-ds581-hy386","region":"australia-southeast1","router":"vpn-prod-australia-southeast1-gateway","router_appliance_instance":null,"timeouts":null,"zero_advertised_route_priority":null,"zero_custom_learned_route_priority":false},"after_unknown":{"advertised_ip_ranges":[],"bfd":true,"custom_learned_ip_ranges":[],"enable_ipv4":true,"id":true,"ipv4_nexthop_address":true,"ipv6_nexthop_address":true,"is_advertised_route_priority_set":true,"is_custom_learned_priority_set":true,"management_type":true,"md5_authentication_key":[],"peer_ipv4_nexthop_address":true,"peer_ipv6_nexthop_address":true},"before_sensitive":false,"after_sensitive":{"advertised_ip_ranges":[],"bfd":[],"custom_learned_ip_ranges":[],"md5_authentication_key":[]}}},{"address":"module.cs-prod-prod-australia-southeast1-gateway.google_compute_vpn_tunnel.tunnels[\"tnl0\"]","module_address":"module.cs-prod-prod-australia-southeast1-gateway","mode":"managed","type":"google_compute_vpn_tunnel","name":"tunnels","index":"tnl0","provider_name":"registry.terraform.io/hashicorp/google","change":{"actions":["create"],"before":null,"after":{"description":null,"effective_labels":{"goog-cloudsetup":"downloaded","goog-terraform-provisioned":"true"},"ike_version":2,"labels":null,"name":"prod-australia-southeast1-gateway-tnl0","peer_external_gateway_interface":0,"peer_gcp_gateway":null,"project":"vpc-host-prod-ds581-hy386","region":"australia-southeast1","router":"vpn-prod-australia-southeast1-gateway","shared_secret":"KP9wX62ExXh+ShdBz1WUzVSWqFCblnaQ","target_vpn_gateway":null,"terraform_labels":{"goog-cloudsetup":"downloaded","goog-terraform-provisioned":"true"},"timeouts":null,"vpn_gateway_interface":0},"after_unknown":{"creation_timestamp":true,"detailed_status":true,"effective_labels":{},"id":true,"label_fingerprint":true,"local_traffic_selector":true,"peer_external_gateway":true,"peer_ip":true,"remote_traffic_selector":true,"self_link":true,"shared_secret_hash":true,"terraform_labels":{},"tunnel_id":true,"vpn_gateway":true},"before_sensitive":false,"after_sensitive":{"effective_labels":{},"local_traffic_selector":[],"remote_traffic_selector":[],"shared_secret":true,"terraform_labels":{}}}},{"address":"module.cs-prod-prod-australia-southeast1-gateway.google_compute_vpn_tunnel.tunnels[\"tnl1\"]","module_address":"module.cs-prod-prod-australia-southeast1-gateway","mode":"managed","type":"google_compute_vpn_tunnel","name":"tunnels","index":"tnl1","provider_name":"registry.terraform.io/hashicorp/google","change":{"actions":["create"],"before":null,"after":{"description":null,"effective_labels":{"goog-cloudsetup":"downloaded","goog-terraform-provisioned":"true"},"ike_version":2,"labels":null,"name":"prod-australia-southeast1-gateway-tnl1","peer_external_gateway_interface":1,"peer_gcp_gateway":null,"project":"vpc-host-prod-ds581-hy386","region":"australia-southeast1","router":"vpn-prod-australia-southeast1-gateway","shared_secret":"1vtnpwqCakXPDvEJIsfBTqFaiYs2JjBP","target_vpn_gateway":null,"terraform_labels":{"goog-cloudsetup":"downloaded","goog-terraform-provisioned":"true"},"timeouts":null,"vpn_gateway_interface":1},"after_unknown":{"creation_timestamp":true,"detailed_status":true,"effective_labels":{},"id":true,"label_fingerprint":true,"local_traffic_selector":true,"peer_external_gateway":true,"peer_ip":true,"remote_traffic_selector":true,"self_link":true,"shared_secret_hash":true,"terraform_labels":{},"tunnel_id":true,"vpn_gateway":true},"before_sensitive":false,"after_sensitive":{"effective_labels":{},"local_traffic_selector":[],"remote_traffic_selector":[],"shared_secret":true,"terraform_labels":{}}}},{"address":"module.cs-prod-prod-australia-southeast1-gateway.random_id.secret","module_address":"module.cs-prod-prod-australia-southeast1-gateway","mode":"managed","type":"random_id","name":"secret","provider_name":"registry.terraform.io/hashicorp/random","change":{"actions":["no-op"],"before":{"b64_std":"TeVEucAtyJg=","b64_url":"TeVEucAtyJg","byte_length":8,"dec":"5612968075171055768","hex":"4de544b9c02dc898","id":"TeVEucAtyJg","keepers":null,"prefix":null},"after":{"b64_std":"TeVEucAtyJg=","b64_url":"TeVEucAtyJg","byte_length":8,"dec":"5612968075171055768","hex":"4de544b9c02dc898","id":"TeVEucAtyJg","keepers":null,"prefix":null},"after_unknown":{},"before_sensitive":{},"after_sensitive":{}}},{"address":"module.cs-projects-iam-8-bigquerydataViewer.google_project_iam_member.project_iam_additive[\"default--roles/bigquery.dataViewer--group:gcp-logging-monitoring-viewers@smartrentalstsv.com.au\"]","module_address":"module.cs-projects-iam-8-bigquerydataViewer","mode":"managed","type":"google_project_iam_member","name":"project_iam_additive","index":"default--roles/bigquery.dataViewer--group:gcp-logging-monitoring-viewers@smartrentalstsv.com.au","provider_name":"registry.terraform.io/hashicorp/google","change":{"actions":["create"],"before":null,"after":{"condition":[],"member":"group:gcp-logging-monitoring-viewers@smartrentalstsv.com.au","project":"central-log-monitor-gt738-xd25","role":"roles/bigquery.dataViewer"},"after_unknown":{"condition":[],"etag":true,"id":true},"before_sensitive":false,"after_sensitive":{"condition":[]}}},{"address":"module.cs-projects-iam-8-loggingprivateLogViewer.google_project_iam_member.project_iam_additive[\"default--roles/logging.privateLogViewer--group:gcp-logging-monitoring-viewers@smartrentalstsv.com.au\"]","module_address":"module.cs-projects-iam-8-loggingprivateLogViewer","mode":"managed","type":"google_project_iam_member","name":"project_iam_additive","index":"default--roles/logging.privateLogViewer--group:gcp-logging-monitoring-viewers@smartrentalstsv.com.au","provider_name":"registry.terraform.io/hashicorp/google","change":{"actions":["create"],"before":null,"after":{"condition":[],"member":"group:gcp-logging-monitoring-viewers@smartrentalstsv.com.au","project":"central-log-monitor-gt738-xd25","role":"roles/logging.privateLogViewer"},"after_unknown":{"condition":[],"etag":true,"id":true},"before_sensitive":false,"after_sensitive":{"condition":[]}}},{"address":"module.cs-projects-iam-8-loggingviewer.google_project_iam_member.project_iam_additive[\"default--roles/logging.viewer--group:gcp-logging-monitoring-viewers@smartrentalstsv.com.au\"]","module_address":"module.cs-projects-iam-8-loggingviewer","mode":"managed","type":"google_project_iam_member","name":"project_iam_additive","index":"default--roles/logging.viewer--group:gcp-logging-monitoring-viewers@smartrentalstsv.com.au","provider_name":"registry.terraform.io/hashicorp/google","change":{"actions":["create"],"before":null,"after":{"condition":[],"member":"group:gcp-logging-monitoring-viewers@smartrentalstsv.com.au","project":"central-log-monitor-gt738-xd25","role":"roles/logging.viewer"},"after_unknown":{"condition":[],"etag":true,"id":true},"before_sensitive":false,"after_sensitive":{"condition":[]}}},{"address":"module.cs-projects-iam-8-monitoringviewer.google_project_iam_member.project_iam_additive[\"default--roles/monitoring.viewer--group:gcp-logging-monitoring-viewers@smartrentalstsv.com.au\"]","module_address":"module.cs-projects-iam-8-monitoringviewer","mode":"managed","type":"google_project_iam_member","name":"project_iam_additive","index":"default--roles/monitoring.viewer--group:gcp-logging-monitoring-viewers@smartrentalstsv.com.au","provider_name":"registry.terraform.io/hashicorp/google","change":{"actions":["create"],"before":null,"after":{"condition":[],"member":"group:gcp-logging-monitoring-viewers@smartrentalstsv.com.au","project":"central-log-monitor-gt738-xd25","role":"roles/monitoring.viewer"},"after_unknown":{"condition":[],"etag":true,"id":true},"before_sensitive":false,"after_sensitive":{"condition":[]}}},{"address":"module.cs-projects-iam-8-pubsubviewer.google_project_iam_member.project_iam_additive[\"default--roles/pubsub.viewer--group:gcp-logging-monitoring-viewers@smartrentalstsv.com.au\"]","module_address":"module.cs-projects-iam-8-pubsubviewer","mode":"managed","type":"google_project_iam_member","name":"project_iam_additive","index":"default--roles/pubsub.viewer--group:gcp-logging-monitoring-viewers@smartrentalstsv.com.au","provider_name":"registry.terraform.io/hashicorp/google","change":{"actions":["create"],"before":null,"after":{"condition":[],"member":"group:gcp-logging-monitoring-viewers@smartrentalstsv.com.au","project":"central-log-monitor-gt738-xd25","role":"roles/pubsub.viewer"},"after_unknown":{"condition":[],"etag":true,"id":true},"before_sensitive":false,"after_sensitive":{"condition":[]}}},{"address":"module.cs-projects-iam-9-bigquerydataViewer.google_project_iam_member.project_iam_additive[\"default--roles/bigquery.dataViewer--group:gcp-security-admins@smartrentalstsv.com.au\"]","module_address":"module.cs-projects-iam-9-bigquerydataViewer","mode":"managed","type":"google_project_iam_member","name":"project_iam_additive","index":"default--roles/bigquery.dataViewer--group:gcp-security-admins@smartrentalstsv.com.au","provider_name":"registry.terraform.io/hashicorp/google","change":{"actions":["create"],"before":null,"after":{"condition":[],"member":"group:gcp-security-admins@smartrentalstsv.com.au","project":"central-log-monitor-gt738-xd25","role":"roles/bigquery.dataViewer"},"after_unknown":{"condition":[],"etag":true,"id":true},"before_sensitive":false,"after_sensitive":{"condition":[]}}},{"address":"module.cs-projects-iam-9-pubsubviewer.google_project_iam_member.project_iam_additive[\"default--roles/pubsub.viewer--group:gcp-security-admins@smartrentalstsv.com.au\"]","module_address":"module.cs-projects-iam-9-pubsubviewer","mode":"managed","type":"google_project_iam_member","name":"project_iam_additive","index":"default--roles/pubsub.viewer--group:gcp-security-admins@smartrentalstsv.com.au","provider_name":"registry.terraform.io/hashicorp/google","change":{"actions":["create"],"before":null,"after":{"condition":[],"member":"group:gcp-security-admins@smartrentalstsv.com.au","project":"central-log-monitor-gt738-xd25","role":"roles/pubsub.viewer"},"after_unknown":{"condition":[],"etag":true,"id":true},"before_sensitive":false,"after_sensitive":{"condition":[]}}},{"address":"module.cs-project-logging-monitoring.module.project-factory.google_project.main","module_address":"module.cs-project-logging-monitoring.module.project-factory","mode":"managed","type":"google_project","name":"main","provider_name":"registry.terraform.io/hashicorp/google","change":{"actions":["create"],"before":null,"after":{"auto_create_network":false,"billing_account":"01A890-50B478-5C132C","deletion_policy":"PREVENT","effective_labels":{"goog-cloudsetup":"downloaded","goog-terraform-provisioned":"true"},"folder_id":"766619413482","labels":null,"name":"central-logging-monitoring","org_id":null,"project_id":"central-log-monitor-gt738-xd25","tags":null,"terraform_labels":{"goog-cloudsetup":"downloaded","goog-terraform-provisioned":"true"},"timeouts":null},"after_unknown":{"effective_labels":{},"id":true,"number":true,"terraform_labels":{}},"before_sensitive":false,"after_sensitive":{"effective_labels":{},"terraform_labels":{}}}},{"address":"module.cs-project-logging-monitoring.module.project-factory.google_project_default_service_accounts.default_service_accounts[0]","module_address":"module.cs-project-logging-monitoring.module.project-factory","mode":"managed","type":"google_project_default_service_accounts","name":"default_service_accounts","index":0,"provider_name":"registry.terraform.io/hashicorp/google","change":{"actions":["create"],"before":null,"after":{"action":"DISABLE","project":"central-log-monitor-gt738-xd25","restore_policy":"REVERT_AND_IGNORE_FAILURE","timeouts":null},"after_unknown":{"id":true,"service_accounts":true},"before_sensitive":false,"after_sensitive":{"service_accounts":{}}}},{"address":"module.cs-project-logging-monitoring.module.project-factory.google_service_account.default_service_account[0]","module_address":"module.cs-project-logging-monitoring.module.project-factory","mode":"managed","type":"google_service_account","name":"default_service_account","index":0,"provider_name":"registry.terraform.io/hashicorp/google","change":{"actions":["create"],"before":null,"after":{"account_id":"project-service-account","create_ignore_already_exists":true,"description":null,"disabled":false,"display_name":"central-logging-monitoring Project Service Account","email":"project-service-account@central-log-monitor-gt738-xd25.iam.gserviceaccount.com","member":"serviceAccount:project-service-account@central-log-monitor-gt738-xd25.iam.gserviceaccount.com","project":"central-log-monitor-gt738-xd25","timeouts":null},"after_unknown":{"id":true,"name":true,"unique_id":true},"before_sensitive":false,"after_sensitive":{}}},{"address":"module.cs-project-logging-monitoring.module.project-factory.random_id.random_project_id_suffix","module_address":"module.cs-project-logging-monitoring.module.project-factory","mode":"managed","type":"random_id","name":"random_project_id_suffix","provider_name":"registry.terraform.io/hashicorp/random","change":{"actions":["no-op"],"before":{"b64_std":"woo=","b64_url":"woo","byte_length":2,"dec":"49802","hex":"c28a","id":"woo","keepers":null,"prefix":null},"after":{"b64_std":"woo=","b64_url":"woo","byte_length":2,"dec":"49802","hex":"c28a","id":"woo","keepers":null,"prefix":null},"after_unknown":{},"before_sensitive":{},"after_sensitive":{}}},{"address":"module.cs-project-vpc-host-nonprod.module.project-factory.google_compute_shared_vpc_host_project.shared_vpc_host[0]","module_address":"module.cs-project-vpc-host-nonprod.module.project-factory","mode":"managed","type":"google_compute_shared_vpc_host_project","name":"shared_vpc_host","index":0,"provider_name":"registry.terraform.io/hashicorp/google-beta","change":{"actions":["create"],"before":null,"after":{"project":"vpc-host-nonprod-ng786-al606","timeouts":null},"after_unknown":{"id":true},"before_sensitive":false,"after_sensitive":{}}},{"address":"module.cs-project-vpc-host-nonprod.module.project-factory.google_project.main","module_address":"module.cs-project-vpc-host-nonprod.module.project-factory","mode":"managed","type":"google_project","name":"main","provider_name":"registry.terraform.io/hashicorp/google","change":{"actions":["create"],"before":null,"after":{"auto_create_network":false,"billing_account":"01A890-50B478-5C132C","deletion_policy":"PREVENT","effective_labels":{"goog-cloudsetup":"downloaded","goog-terraform-provisioned":"true"},"folder_id":"766619413482","labels":null,"name":"vpc-host-nonprod","org_id":null,"project_id":"vpc-host-nonprod-ng786-al606","tags":null,"terraform_labels":{"goog-cloudsetup":"downloaded","goog-terraform-provisioned":"true"},"timeouts":null},"after_unknown":{"effective_labels":{},"id":true,"number":true,"terraform_labels":{}},"before_sensitive":false,"after_sensitive":{"effective_labels":{},"terraform_labels":{}}}},{"address":"module.cs-project-vpc-host-nonprod.module.project-factory.google_project_default_service_accounts.default_service_accounts[0]","module_address":"module.cs-project-vpc-host-nonprod.module.project-factory","mode":"managed","type":"google_project_default_service_accounts","name":"default_service_accounts","index":0,"provider_name":"registry.terraform.io/hashicorp/google","change":{"actions":["create"],"before":null,"after":{"action":"DISABLE","project":"vpc-host-nonprod-ng786-al606","restore_policy":"REVERT_AND_IGNORE_FAILURE","timeouts":null},"after_unknown":{"id":true,"service_accounts":true},"before_sensitive":false,"after_sensitive":{"service_accounts":{}}}},{"address":"module.cs-project-vpc-host-nonprod.module.project-factory.google_service_account.default_service_account[0]","module_address":"module.cs-project-vpc-host-nonprod.module.project-factory","mode":"managed","type":"google_service_account","name":"default_service_account","index":0,"provider_name":"registry.terraform.io/hashicorp/google","change":{"actions":["create"],"before":null,"after":{"account_id":"project-service-account","create_ignore_already_exists":true,"description":null,"disabled":false,"display_name":"vpc-host-nonprod Project Service Account","email":"project-service-account@vpc-host-nonprod-ng786-al606.iam.gserviceaccount.com","member":"serviceAccount:project-service-account@vpc-host-nonprod-ng786-al606.iam.gserviceaccount.com","project":"vpc-host-nonprod-ng786-al606","timeouts":null},"after_unknown":{"id":true,"name":true,"unique_id":true},"before_sensitive":false,"after_sensitive":{}}},{"address":"module.cs-project-vpc-host-nonprod.module.project-factory.random_id.random_project_id_suffix","module_address":"module.cs-project-vpc-host-nonprod.module.project-factory","mode":"managed","type":"random_id","name":"random_project_id_suffix","provider_name":"registry.terraform.io/hashicorp/random","change":{"actions":["no-op"],"before":{"b64_std":"Jx4=","b64_url":"Jx4","byte_length":2,"dec":"10014","hex":"271e","id":"Jx4","keepers":null,"prefix":null},"after":{"b64_std":"Jx4=","b64_url":"Jx4","byte_length":2,"dec":"10014","hex":"271e","id":"Jx4","keepers":null,"prefix":null},"after_unknown":{},"before_sensitive":{},"after_sensitive":{}}},{"address":"module.cs-project-vpc-host-prod.module.project-factory.google_compute_shared_vpc_host_project.shared_vpc_host[0]","module_address":"module.cs-project-vpc-host-prod.module.project-factory","mode":"managed","type":"google_compute_shared_vpc_host_project","name":"shared_vpc_host","index":0,"provider_name":"registry.terraform.io/hashicorp/google-beta","change":{"actions":["create"],"before":null,"after":{"project":"vpc-host-prod-ds581-hy386","timeouts":null},"after_unknown":{"id":true},"before_sensitive":false,"after_sensitive":{}}},{"address":"module.cs-project-vpc-host-prod.module.project-factory.google_project.main","module_address":"module.cs-project-vpc-host-prod.module.project-factory","mode":"managed","type":"google_project","name":"main","provider_name":"registry.terraform.io/hashicorp/google","change":{"actions":["create"],"before":null,"after":{"auto_create_network":false,"billing_account":"01A890-50B478-5C132C","deletion_policy":"PREVENT","effective_labels":{"goog-cloudsetup":"downloaded","goog-terraform-provisioned":"true"},"folder_id":"766619413482","labels":null,"name":"vpc-host-prod","org_id":null,"project_id":"vpc-host-prod-ds581-hy386","tags":null,"terraform_labels":{"goog-cloudsetup":"downloaded","goog-terraform-provisioned":"true"},"timeouts":null},"after_unknown":{"effective_labels":{},"id":true,"number":true,"terraform_labels":{}},"before_sensitive":false,"after_sensitive":{"effective_labels":{},"terraform_labels":{}}}},{"address":"module.cs-project-vpc-host-prod.module.project-factory.google_project_default_service_accounts.default_service_accounts[0]","module_address":"module.cs-project-vpc-host-prod.module.project-factory","mode":"managed","type":"google_project_default_service_accounts","name":"default_service_accounts","index":0,"provider_name":"registry.terraform.io/hashicorp/google","change":{"actions":["create"],"before":null,"after":{"action":"DISABLE","project":"vpc-host-prod-ds581-hy386","restore_policy":"REVERT_AND_IGNORE_FAILURE","timeouts":null},"after_unknown":{"id":true,"service_accounts":true},"before_sensitive":false,"after_sensitive":{"service_accounts":{}}}},{"address":"module.cs-project-vpc-host-prod.module.project-factory.google_service_account.default_service_account[0]","module_address":"module.cs-project-vpc-host-prod.module.project-factory","mode":"managed","type":"google_service_account","name":"default_service_account","index":0,"provider_name":"registry.terraform.io/hashicorp/google","change":{"actions":["create"],"before":null,"after":{"account_id":"project-service-account","create_ignore_already_exists":true,"description":null,"disabled":false,"display_name":"vpc-host-prod Project Service Account","email":"project-service-account@vpc-host-prod-ds581-hy386.iam.gserviceaccount.com","member":"serviceAccount:project-service-account@vpc-host-prod-ds581-hy386.iam.gserviceaccount.com","project":"vpc-host-prod-ds581-hy386","timeouts":null},"after_unknown":{"id":true,"name":true,"unique_id":true},"before_sensitive":false,"after_sensitive":{}}},{"address":"module.cs-project-vpc-host-prod.module.project-factory.random_id.random_project_id_suffix","module_address":"module.cs-project-vpc-host-prod.module.project-factory","mode":"managed","type":"random_id","name":"random_project_id_suffix","provider_name":"registry.terraform.io/hashicorp/random","change":{"actions":["no-op"],"before":{"b64_std":"u6g=","b64_url":"u6g","byte_length":2,"dec":"48040","hex":"bba8","id":"u6g","keepers":null,"prefix":null},"after":{"b64_std":"u6g=","b64_url":"u6g","byte_length":2,"dec":"48040","hex":"bba8","id":"u6g","keepers":null,"prefix":null},"after_unknown":{},"before_sensitive":{},"after_sensitive":{}}},{"address":"module.cs-svc-smart-rentals-prod-svc.module.project-factory.google_compute_shared_vpc_service_project.shared_vpc_attachment[0]","module_address":"module.cs-svc-smart-rentals-prod-svc.module.project-factory","mode":"managed","type":"google_compute_shared_vpc_service_project","name":"shared_vpc_attachment","index":0,"provider_name":"registry.terraform.io/hashicorp/google-beta","change":{"actions":["create"],"before":null,"after":{"deletion_policy":null,"host_project":"vpc-host-prod-ds581-hy386","service_project":"smart-rentals-prod-svc","timeouts":null},"after_unknown":{"id":true},"before_sensitive":false,"after_sensitive":{}}},{"address":"module.cs-svc-smart-rentals-prod-svc.module.project-factory.google_compute_subnetwork_iam_member.apis_service_account_role_to_vpc_subnets[0]","module_address":"module.cs-svc-smart-rentals-prod-svc.module.project-factory","mode":"managed","type":"google_compute_subnetwork_iam_member","name":"apis_service_account_role_to_vpc_subnets","index":0,"provider_name":"registry.terraform.io/hashicorp/google-beta","change":{"actions":["create"],"before":null,"after":{"condition":[],"member":"serviceAccount:367720462542@cloudservices.gserviceaccount.com","project":"vpc-host-prod-ds581-hy386","role":"roles/compute.networkUser"},"after_unknown":{"condition":[],"etag":true,"id":true,"region":true,"subnetwork":true},"before_sensitive":false,"after_sensitive":{"condition":[]}}},{"address":"module.cs-svc-smart-rentals-prod-svc.module.project-factory.google_compute_subnetwork_iam_member.group_role_to_vpc_subnets[0]","module_address":"module.cs-svc-smart-rentals-prod-svc.module.project-factory","mode":"managed","type":"google_compute_subnetwork_iam_member","name":"group_role_to_vpc_subnets","index":0,"provider_name":"registry.terraform.io/hashicorp/google-beta","change":{"actions":["create"],"before":null,"after":{"condition":[],"member":"group:operations-prod-service@smartrentalstsv.com.au","project":"vpc-host-prod-ds581-hy386","role":"roles/compute.networkUser"},"after_unknown":{"condition":[],"etag":true,"id":true,"region":true,"subnetwork":true},"before_sensitive":false,"after_sensitive":{"condition":[]}}},{"address":"module.cs-svc-smart-rentals-prod-svc.module.project-factory.google_compute_subnetwork_iam_member.service_account_role_to_vpc_subnets[0]","module_address":"module.cs-svc-smart-rentals-prod-svc.module.project-factory","mode":"managed","type":"google_compute_subnetwork_iam_member","name":"service_account_role_to_vpc_subnets","index":0,"provider_name":"registry.terraform.io/hashicorp/google-beta","change":{"actions":["create"],"before":null,"after":{"condition":[],"member":"serviceAccount:project-service-account@smart-rentals-prod-svc.iam.gserviceaccount.com","project":"vpc-host-prod-ds581-hy386","role":"roles/compute.networkUser"},"after_unknown":{"condition":[],"etag":true,"id":true,"region":true,"subnetwork":true},"before_sensitive":false,"after_sensitive":{"condition":[]}}},{"address":"module.cs-svc-smart-rentals-prod-svc.module.project-factory.google_project.main","module_address":"module.cs-svc-smart-rentals-prod-svc.module.project-factory","mode":"managed","type":"google_project","name":"main","provider_name":"registry.terraform.io/hashicorp/google","change":{"actions":["no-op"],"before":{"auto_create_network":false,"billing_account":"01A890-50B478-5C132C","deletion_policy":"PREVENT","effective_labels":{"goog-cloudsetup":"downloaded","goog-terraform-provisioned":"true"},"folder_id":"1057431337546","id":"projects/smart-rentals-prod-svc","labels":{},"name":"smart-rentals-prod-service","number":"367720462542","org_id":"","project_id":"smart-rentals-prod-svc","tags":null,"terraform_labels":{"goog-cloudsetup":"downloaded","goog-terraform-provisioned":"true"},"timeouts":null},"after":{"auto_create_network":false,"billing_account":"01A890-50B478-5C132C","deletion_policy":"PREVENT","effective_labels":{"goog-cloudsetup":"downloaded","goog-terraform-provisioned":"true"},"folder_id":"1057431337546","id":"projects/smart-rentals-prod-svc","labels":{},"name":"smart-rentals-prod-service","number":"367720462542","org_id":"","project_id":"smart-rentals-prod-svc","tags":null,"terraform_labels":{"goog-cloudsetup":"downloaded","goog-terraform-provisioned":"true"},"timeouts":null},"after_unknown":{},"before_sensitive":{"effective_labels":{},"labels":{},"terraform_labels":{}},"after_sensitive":{"effective_labels":{},"labels":{},"terraform_labels":{}}}},{"address":"module.cs-svc-smart-rentals-prod-svc.module.project-factory.google_project_default_service_accounts.default_service_accounts[0]","module_address":"module.cs-svc-smart-rentals-prod-svc.module.project-factory","mode":"managed","type":"google_project_default_service_accounts","name":"default_service_accounts","index":0,"provider_name":"registry.terraform.io/hashicorp/google","change":{"actions":["no-op"],"before":{"action":"DISABLE","id":"projects/smart-rentals-prod-svc","project":"smart-rentals-prod-svc","restore_policy":"REVERT_AND_IGNORE_FAILURE","service_accounts":{"106181603088281449238":"367720462542-compute@developer.gserviceaccount.com"},"timeouts":null},"after":{"action":"DISABLE","id":"projects/smart-rentals-prod-svc","project":"smart-rentals-prod-svc","restore_policy":"REVERT_AND_IGNORE_FAILURE","service_accounts":{"106181603088281449238":"367720462542-compute@developer.gserviceaccount.com"},"timeouts":null},"after_unknown":{},"before_sensitive":{"service_accounts":{}},"after_sensitive":{"service_accounts":{}}}},{"address":"module.cs-svc-smart-rentals-prod-svc.module.project-factory.google_project_iam_member.gsuite_group_role[0]","module_address":"module.cs-svc-smart-rentals-prod-svc.module.project-factory","mode":"managed","type":"google_project_iam_member","name":"gsuite_group_role","index":0,"provider_name":"registry.terraform.io/hashicorp/google","change":{"actions":["create"],"before":null,"after":{"condition":[],"member":"group:operations-prod-service@smartrentalstsv.com.au","project":"smart-rentals-prod-svc","role":"roles/viewer"},"after_unknown":{"condition":[],"etag":true,"id":true},"before_sensitive":false,"after_sensitive":{"condition":[]}}},{"address":"module.cs-svc-smart-rentals-prod-svc.module.project-factory.google_service_account.default_service_account[0]","module_address":"module.cs-svc-smart-rentals-prod-svc.module.project-factory","mode":"managed","type":"google_service_account","name":"default_service_account","index":0,"provider_name":"registry.terraform.io/hashicorp/google","change":{"actions":["no-op"],"before":{"account_id":"project-service-account","create_ignore_already_exists":true,"description":"","disabled":false,"display_name":"smart-rentals-prod-service Project Service Account","email":"project-service-account@smart-rentals-prod-svc.iam.gserviceaccount.com","id":"projects/smart-rentals-prod-svc/serviceAccounts/project-service-account@smart-rentals-prod-svc.iam.gserviceaccount.com","member":"serviceAccount:project-service-account@smart-rentals-prod-svc.iam.gserviceaccount.com","name":"projects/smart-rentals-prod-svc/serviceAccounts/project-service-account@smart-rentals-prod-svc.iam.gserviceaccount.com","project":"smart-rentals-prod-svc","timeouts":null,"unique_id":"117950569651485963524"},"after":{"account_id":"project-service-account","create_ignore_already_exists":true,"description":"","disabled":false,"display_name":"smart-rentals-prod-service Project Service Account","email":"project-service-account@smart-rentals-prod-svc.iam.gserviceaccount.com","id":"projects/smart-rentals-prod-svc/serviceAccounts/project-service-account@smart-rentals-prod-svc.iam.gserviceaccount.com","member":"serviceAccount:project-service-account@smart-rentals-prod-svc.iam.gserviceaccount.com","name":"projects/smart-rentals-prod-svc/serviceAccounts/project-service-account@smart-rentals-prod-svc.iam.gserviceaccount.com","project":"smart-rentals-prod-svc","timeouts":null,"unique_id":"117950569651485963524"},"after_unknown":{},"before_sensitive":{},"after_sensitive":{}}},{"address":"module.cs-svc-smart-rentals-prod-svc.module.project-factory.google_service_account_iam_member.service_account_grant_to_group[0]","module_address":"module.cs-svc-smart-rentals-prod-svc.module.project-factory","mode":"managed","type":"google_service_account_iam_member","name":"service_account_grant_to_group","index":0,"provider_name":"registry.terraform.io/hashicorp/google","change":{"actions":["create"],"before":null,"after":{"condition":[],"member":"group:operations-prod-service@smartrentalstsv.com.au","role":"roles/iam.serviceAccountUser","service_account_id":"projects/smart-rentals-prod-svc/serviceAccounts/project-service-account@smart-rentals-prod-svc.iam.gserviceaccount.com"},"after_unknown":{"condition":[],"etag":true,"id":true},"before_sensitive":false,"after_sensitive":{"condition":[]}}},{"address":"module.cs-svc-smart-rentals-prod-svc.module.project-factory.random_id.random_project_id_suffix","module_address":"module.cs-svc-smart-rentals-prod-svc.module.project-factory","mode":"managed","type":"random_id","name":"random_project_id_suffix","provider_name":"registry.terraform.io/hashicorp/random","change":{"actions":["no-op"],"before":{"b64_std":"sbw=","b64_url":"sbw","byte_length":2,"dec":"45500","hex":"b1bc","id":"sbw","keepers":null,"prefix":null},"after":{"b64_std":"sbw=","b64_url":"sbw","byte_length":2,"dec":"45500","hex":"b1bc","id":"sbw","keepers":null,"prefix":null},"after_unknown":{},"before_sensitive":{},"after_sensitive":{}}},{"address":"module.cs-svc-smart-rentals-prod-svc.module.shared_vpc_access.google_compute_subnetwork_iam_member.service_shared_vpc_subnet_users[0]","module_address":"module.cs-svc-smart-rentals-prod-svc.module.shared_vpc_access","mode":"managed","type":"google_compute_subnetwork_iam_member","name":"service_shared_vpc_subnet_users","index":0,"provider_name":"registry.terraform.io/hashicorp/google-beta","change":{"actions":["create"],"before":null,"after":{"condition":[],"project":"vpc-host-prod-ds581-hy386"},"after_unknown":{"condition":[],"etag":true,"id":true,"member":true,"region":true,"role":true,"subnetwork":true},"before_sensitive":false,"after_sensitive":{"condition":[]}}},{"address":"module.cs-svc-smart-rentals-prod-svc.module.shared_vpc_access.google_compute_subnetwork_iam_member.service_shared_vpc_subnet_users[1]","module_address":"module.cs-svc-smart-rentals-prod-svc.module.shared_vpc_access","mode":"managed","type":"google_compute_subnetwork_iam_member","name":"service_shared_vpc_subnet_users","index":1,"provider_name":"registry.terraform.io/hashicorp/google-beta","change":{"actions":["create"],"before":null,"after":{"condition":[],"project":"vpc-host-prod-ds581-hy386"},"after_unknown":{"condition":[],"etag":true,"id":true,"member":true,"region":true,"role":true,"subnetwork":true},"before_sensitive":false,"after_sensitive":{"condition":[]}}},{"address":"module.cs-svc-smart-rentals-prod-svc.module.shared_vpc_access.google_project_iam_member.cloudrun_network_viewer[0]","module_address":"module.cs-svc-smart-rentals-prod-svc.module.shared_vpc_access","mode":"managed","type":"google_project_iam_member","name":"cloudrun_network_viewer","index":0,"provider_name":"registry.terraform.io/hashicorp/google","change":{"actions":["create"],"before":null,"after":{"condition":[],"member":"serviceAccount:service-367720462542@serverless-robot-prod.iam.gserviceaccount.com","project":"vpc-host-prod-ds581-hy386","role":"roles/compute.networkViewer"},"after_unknown":{"condition":[],"etag":true,"id":true},"before_sensitive":false,"after_sensitive":{"condition":[]}}},{"address":"module.cs-vpc-nonprod-shared.module.firewall_rules.google_compute_firewall.rules[\"vpc-nonprod-shared-allow-icmp\"]","module_address":"module.cs-vpc-nonprod-shared.module.firewall_rules","mode":"managed","type":"google_compute_firewall","name":"rules","index":"vpc-nonprod-shared-allow-icmp","provider_name":"registry.terraform.io/hashicorp/google","change":{"actions":["create"],"before":null,"after":{"allow":[{"ports":[],"protocol":"icmp"}],"deny":[],"description":null,"direction":"INGRESS","disabled":null,"log_config":[{"metadata":"INCLUDE_ALL_METADATA"}],"name":"vpc-nonprod-shared-allow-icmp","network":"vpc-nonprod-shared","params":[],"priority":10000,"project":"vpc-host-nonprod-ng786-al606","source_ranges":["10.128.0.0/9"],"source_service_accounts":null,"source_tags":null,"target_service_accounts":null,"target_tags":null,"timeouts":null},"after_unknown":{"allow":[{"ports":[]}],"creation_timestamp":true,"deny":[],"destination_ranges":true,"enable_logging":true,"id":true,"log_config":[{}],"params":[],"self_link":true,"source_ranges":[false]},"before_sensitive":false,"after_sensitive":{"allow":[{"ports":[]}],"deny":[],"destination_ranges":[],"log_config":[{}],"params":[],"source_ranges":[false]}}},{"address":"module.cs-vpc-nonprod-shared.module.firewall_rules.google_compute_firewall.rules[\"vpc-nonprod-shared-allow-rdp\"]","module_address":"module.cs-vpc-nonprod-shared.module.firewall_rules","mode":"managed","type":"google_compute_firewall","name":"rules","index":"vpc-nonprod-shared-allow-rdp","provider_name":"registry.terraform.io/hashicorp/google","change":{"actions":["create"],"before":null,"after":{"allow":[{"ports":["3389"],"protocol":"tcp"}],"deny":[],"description":null,"direction":"INGRESS","disabled":null,"log_config":[{"metadata":"INCLUDE_ALL_METADATA"}],"name":"vpc-nonprod-shared-allow-rdp","network":"vpc-nonprod-shared","params":[],"priority":10000,"project":"vpc-host-nonprod-ng786-al606","source_ranges":["35.235.240.0/20"],"source_service_accounts":null,"source_tags":null,"target_service_accounts":null,"target_tags":null,"timeouts":null},"after_unknown":{"allow":[{"ports":[false]}],"creation_timestamp":true,"deny":[],"destination_ranges":true,"enable_logging":true,"id":true,"log_config":[{}],"params":[],"self_link":true,"source_ranges":[false]},"before_sensitive":false,"after_sensitive":{"allow":[{"ports":[false]}],"deny":[],"destination_ranges":[],"log_config":[{}],"params":[],"source_ranges":[false]}}},{"address":"module.cs-vpc-nonprod-shared.module.firewall_rules.google_compute_firewall.rules[\"vpc-nonprod-shared-allow-ssh\"]","module_address":"module.cs-vpc-nonprod-shared.module.firewall_rules","mode":"managed","type":"google_compute_firewall","name":"rules","index":"vpc-nonprod-shared-allow-ssh","provider_name":"registry.terraform.io/hashicorp/google","change":{"actions":["create"],"before":null,"after":{"allow":[{"ports":["22"],"protocol":"tcp"}],"deny":[],"description":null,"direction":"INGRESS","disabled":null,"log_config":[{"metadata":"INCLUDE_ALL_METADATA"}],"name":"vpc-nonprod-shared-allow-ssh","network":"vpc-nonprod-shared","params":[],"priority":10000,"project":"vpc-host-nonprod-ng786-al606","source_ranges":["35.235.240.0/20"],"source_service_accounts":null,"source_tags":null,"target_service_accounts":null,"target_tags":null,"timeouts":null},"after_unknown":{"allow":[{"ports":[false]}],"creation_timestamp":true,"deny":[],"destination_ranges":true,"enable_logging":true,"id":true,"log_config":[{}],"params":[],"self_link":true,"source_ranges":[false]},"before_sensitive":false,"after_sensitive":{"allow":[{"ports":[false]}],"deny":[],"destination_ranges":[],"log_config":[{}],"params":[],"source_ranges":[false]}}},{"address":"module.cs-vpc-nonprod-shared.module.subnets.google_compute_subnetwork.subnetwork[\"australia-southeast1/subnet-non-prod-1\"]","module_address":"module.cs-vpc-nonprod-shared.module.subnets","mode":"managed","type":"google_compute_subnetwork","name":"subnetwork","index":"australia-southeast1/subnet-non-prod-1","provider_name":"registry.terraform.io/hashicorp/google","change":{"actions":["create"],"before":null,"after":{"description":null,"ip_cidr_range":"10.0.0.0/24","ip_collection":null,"ipv6_access_type":null,"log_config":[{"aggregation_interval":"INTERVAL_10_MIN","filter_expr":"true","flow_sampling":0.5,"metadata":"INCLUDE_ALL_METADATA","metadata_fields":null}],"name":"subnet-non-prod-1","network":"vpc-nonprod-shared","params":[],"private_ip_google_access":true,"project":"vpc-host-nonprod-ng786-al606","region":"australia-southeast1","reserved_internal_range":null,"role":null,"send_secondary_ip_range_if_empty":null,"timeouts":null},"after_unknown":{"creation_timestamp":true,"enable_flow_logs":true,"external_ipv6_prefix":true,"fingerprint":true,"gateway_address":true,"id":true,"internal_ipv6_prefix":true,"ipv6_cidr_range":true,"ipv6_gce_endpoint":true,"log_config":[{}],"params":[],"private_ipv6_google_access":true,"purpose":true,"secondary_ip_range":true,"self_link":true,"stack_type":true,"state":true,"subnetwork_id":true},"before_sensitive":false,"after_sensitive":{"log_config":[{}],"params":[],"secondary_ip_range":[]}}},{"address":"module.cs-vpc-nonprod-shared.module.subnets.google_compute_subnetwork.subnetwork[\"australia-southeast2/subnet-non-prod-2\"]","module_address":"module.cs-vpc-nonprod-shared.module.subnets","mode":"managed","type":"google_compute_subnetwork","name":"subnetwork","index":"australia-southeast2/subnet-non-prod-2","provider_name":"registry.terraform.io/hashicorp/google","change":{"actions":["create"],"before":null,"after":{"description":null,"ip_cidr_range":"192.168.0.0/16","ip_collection":null,"ipv6_access_type":null,"log_config":[{"aggregation_interval":"INTERVAL_10_MIN","filter_expr":"true","flow_sampling":0.5,"metadata":"INCLUDE_ALL_METADATA","metadata_fields":null}],"name":"subnet-non-prod-2","network":"vpc-nonprod-shared","params":[],"private_ip_google_access":true,"project":"vpc-host-nonprod-ng786-al606","region":"australia-southeast2","reserved_internal_range":null,"role":null,"send_secondary_ip_range_if_empty":null,"timeouts":null},"after_unknown":{"creation_timestamp":true,"enable_flow_logs":true,"external_ipv6_prefix":true,"fingerprint":true,"gateway_address":true,"id":true,"internal_ipv6_prefix":true,"ipv6_cidr_range":true,"ipv6_gce_endpoint":true,"log_config":[{}],"params":[],"private_ipv6_google_access":true,"purpose":true,"secondary_ip_range":true,"self_link":true,"stack_type":true,"state":true,"subnetwork_id":true},"before_sensitive":false,"after_sensitive":{"log_config":[{}],"params":[],"secondary_ip_range":[]}}},{"address":"module.cs-vpc-nonprod-shared.module.vpc.google_compute_network.network","module_address":"module.cs-vpc-nonprod-shared.module.vpc","mode":"managed","type":"google_compute_network","name":"network","provider_name":"registry.terraform.io/hashicorp/google","change":{"actions":["create"],"before":null,"after":{"auto_create_subnetworks":false,"delete_default_routes_on_create":false,"description":"","enable_ula_internal_ipv6":false,"mtu":0,"name":"vpc-nonprod-shared","network_firewall_policy_enforcement_order":"AFTER_CLASSIC_FIREWALL","network_profile":null,"params":[],"project":"vpc-host-nonprod-ng786-al606","routing_mode":"GLOBAL","timeouts":null},"after_unknown":{"bgp_always_compare_med":true,"bgp_best_path_selection_mode":true,"bgp_inter_region_cost":true,"gateway_ipv4":true,"id":true,"internal_ipv6_range":true,"network_id":true,"numeric_id":true,"params":[],"self_link":true},"before_sensitive":false,"after_sensitive":{"params":[]}}},{"address":"module.cs-vpc-prod-shared.module.firewall_rules.google_compute_firewall.rules[\"vpc-prod-shared-allow-icmp\"]","module_address":"module.cs-vpc-prod-shared.module.firewall_rules","mode":"managed","type":"google_compute_firewall","name":"rules","index":"vpc-prod-shared-allow-icmp","provider_name":"registry.terraform.io/hashicorp/google","change":{"actions":["create"],"before":null,"after":{"allow":[{"ports":[],"protocol":"icmp"}],"deny":[],"description":null,"direction":"INGRESS","disabled":null,"log_config":[{"metadata":"INCLUDE_ALL_METADATA"}],"name":"vpc-prod-shared-allow-icmp","network":"vpc-prod-shared","params":[],"priority":10000,"project":"vpc-host-prod-ds581-hy386","source_ranges":["10.128.0.0/9"],"source_service_accounts":null,"source_tags":null,"target_service_accounts":null,"target_tags":null,"timeouts":null},"after_unknown":{"allow":[{"ports":[]}],"creation_timestamp":true,"deny":[],"destination_ranges":true,"enable_logging":true,"id":true,"log_config":[{}],"params":[],"self_link":true,"source_ranges":[false]},"before_sensitive":false,"after_sensitive":{"allow":[{"ports":[]}],"deny":[],"destination_ranges":[],"log_config":[{}],"params":[],"source_ranges":[false]}}},{"address":"module.cs-vpc-prod-shared.module.firewall_rules.google_compute_firewall.rules[\"vpc-prod-shared-allow-rdp\"]","module_address":"module.cs-vpc-prod-shared.module.firewall_rules","mode":"managed","type":"google_compute_firewall","name":"rules","index":"vpc-prod-shared-allow-rdp","provider_name":"registry.terraform.io/hashicorp/google","change":{"actions":["create"],"before":null,"after":{"allow":[{"ports":["3389"],"protocol":"tcp"}],"deny":[],"description":null,"direction":"INGRESS","disabled":null,"log_config":[{"metadata":"INCLUDE_ALL_METADATA"}],"name":"vpc-prod-shared-allow-rdp","network":"vpc-prod-shared","params":[],"priority":10000,"project":"vpc-host-prod-ds581-hy386","source_ranges":["35.235.240.0/20"],"source_service_accounts":null,"source_tags":null,"target_service_accounts":null,"target_tags":null,"timeouts":null},"after_unknown":{"allow":[{"ports":[false]}],"creation_timestamp":true,"deny":[],"destination_ranges":true,"enable_logging":true,"id":true,"log_config":[{}],"params":[],"self_link":true,"source_ranges":[false]},"before_sensitive":false,"after_sensitive":{"allow":[{"ports":[false]}],"deny":[],"destination_ranges":[],"log_config":[{}],"params":[],"source_ranges":[false]}}},{"address":"module.cs-vpc-prod-shared.module.firewall_rules.google_compute_firewall.rules[\"vpc-prod-shared-allow-ssh\"]","module_address":"module.cs-vpc-prod-shared.module.firewall_rules","mode":"managed","type":"google_compute_firewall","name":"rules","index":"vpc-prod-shared-allow-ssh","provider_name":"registry.terraform.io/hashicorp/google","change":{"actions":["create"],"before":null,"after":{"allow":[{"ports":["22"],"protocol":"tcp"}],"deny":[],"description":null,"direction":"INGRESS","disabled":null,"log_config":[{"metadata":"INCLUDE_ALL_METADATA"}],"name":"vpc-prod-shared-allow-ssh","network":"vpc-prod-shared","params":[],"priority":10000,"project":"vpc-host-prod-ds581-hy386","source_ranges":["35.235.240.0/20"],"source_service_accounts":null,"source_tags":null,"target_service_accounts":null,"target_tags":null,"timeouts":null},"after_unknown":{"allow":[{"ports":[false]}],"creation_timestamp":true,"deny":[],"destination_ranges":true,"enable_logging":true,"id":true,"log_config":[{}],"params":[],"self_link":true,"source_ranges":[false]},"before_sensitive":false,"after_sensitive":{"allow":[{"ports":[false]}],"deny":[],"destination_ranges":[],"log_config":[{}],"params":[],"source_ranges":[false]}}},{"address":"module.cs-vpc-prod-shared.module.subnets.google_compute_subnetwork.subnetwork[\"australia-southeast1/subnet-prod-1\"]","module_address":"module.cs-vpc-prod-shared.module.subnets","mode":"managed","type":"google_compute_subnetwork","name":"subnetwork","index":"australia-southeast1/subnet-prod-1","provider_name":"registry.terraform.io/hashicorp/google","change":{"actions":["create"],"before":null,"after":{"description":null,"ip_cidr_range":"10.0.0.0/24","ip_collection":null,"ipv6_access_type":null,"log_config":[{"aggregation_interval":"INTERVAL_10_MIN","filter_expr":"true","flow_sampling":0.5,"metadata":"INCLUDE_ALL_METADATA","metadata_fields":null}],"name":"subnet-prod-1","network":"vpc-prod-shared","params":[],"private_ip_google_access":true,"project":"vpc-host-prod-ds581-hy386","region":"australia-southeast1","reserved_internal_range":null,"role":null,"send_secondary_ip_range_if_empty":null,"timeouts":null},"after_unknown":{"creation_timestamp":true,"enable_flow_logs":true,"external_ipv6_prefix":true,"fingerprint":true,"gateway_address":true,"id":true,"internal_ipv6_prefix":true,"ipv6_cidr_range":true,"ipv6_gce_endpoint":true,"log_config":[{}],"params":[],"private_ipv6_google_access":true,"purpose":true,"secondary_ip_range":true,"self_link":true,"stack_type":true,"state":true,"subnetwork_id":true},"before_sensitive":false,"after_sensitive":{"log_config":[{}],"params":[],"secondary_ip_range":[]}}},{"address":"module.cs-vpc-prod-shared.module.subnets.google_compute_subnetwork.subnetwork[\"australia-southeast2/subnet-prod-2\"]","module_address":"module.cs-vpc-prod-shared.module.subnets","mode":"managed","type":"google_compute_subnetwork","name":"subnetwork","index":"australia-southeast2/subnet-prod-2","provider_name":"registry.terraform.io/hashicorp/google","change":{"actions":["create"],"before":null,"after":{"description":null,"ip_cidr_range":"192.168.0.0/16","ip_collection":null,"ipv6_access_type":null,"log_config":[{"aggregation_interval":"INTERVAL_10_MIN","filter_expr":"true","flow_sampling":0.5,"metadata":"INCLUDE_ALL_METADATA","metadata_fields":null}],"name":"subnet-prod-2","network":"vpc-prod-shared","params":[],"private_ip_google_access":true,"project":"vpc-host-prod-ds581-hy386","region":"australia-southeast2","reserved_internal_range":null,"role":null,"send_secondary_ip_range_if_empty":null,"timeouts":null},"after_unknown":{"creation_timestamp":true,"enable_flow_logs":true,"external_ipv6_prefix":true,"fingerprint":true,"gateway_address":true,"id":true,"internal_ipv6_prefix":true,"ipv6_cidr_range":true,"ipv6_gce_endpoint":true,"log_config":[{}],"params":[],"private_ipv6_google_access":true,"purpose":true,"secondary_ip_range":true,"self_link":true,"stack_type":true,"state":true,"subnetwork_id":true},"before_sensitive":false,"after_sensitive":{"log_config":[{}],"params":[],"secondary_ip_range":[]}}},{"address":"module.cs-vpc-prod-shared.module.vpc.google_compute_network.network","module_address":"module.cs-vpc-prod-shared.module.vpc","mode":"managed","type":"google_compute_network","name":"network","provider_name":"registry.terraform.io/hashicorp/google","change":{"actions":["create"],"before":null,"after":{"auto_create_subnetworks":false,"delete_default_routes_on_create":false,"description":"","enable_ula_internal_ipv6":false,"mtu":0,"name":"vpc-prod-shared","network_firewall_policy_enforcement_order":"AFTER_CLASSIC_FIREWALL","network_profile":null,"params":[],"project":"vpc-host-prod-ds581-hy386","routing_mode":"GLOBAL","timeouts":null},"after_unknown":{"bgp_always_compare_med":true,"bgp_best_path_selection_mode":true,"bgp_inter_region_cost":true,"gateway_ipv4":true,"id":true,"internal_ipv6_range":true,"network_id":true,"numeric_id":true,"params":[],"self_link":true},"before_sensitive":false,"after_sensitive":{"params":[]}}},{"address":"module.cs-project-logging-monitoring.module.project-factory.module.project_services.google_project_service.project_services[\"compute.googleapis.com\"]","module_address":"module.cs-project-logging-monitoring.module.project-factory.module.project_services","mode":"managed","type":"google_project_service","name":"project_services","index":"compute.googleapis.com","provider_name":"registry.terraform.io/hashicorp/google","change":{"actions":["create"],"before":null,"after":{"disable_dependent_services":true,"disable_on_destroy":true,"project":"central-log-monitor-gt738-xd25","service":"compute.googleapis.com","timeouts":null},"after_unknown":{"id":true},"before_sensitive":false,"after_sensitive":{}}},{"address":"module.cs-project-logging-monitoring.module.project-factory.module.project_services.google_project_service.project_services[\"monitoring.googleapis.com\"]","module_address":"module.cs-project-logging-monitoring.module.project-factory.module.project_services","mode":"managed","type":"google_project_service","name":"project_services","index":"monitoring.googleapis.com","provider_name":"registry.terraform.io/hashicorp/google","change":{"actions":["create"],"before":null,"after":{"disable_dependent_services":true,"disable_on_destroy":true,"project":"central-log-monitor-gt738-xd25","service":"monitoring.googleapis.com","timeouts":null},"after_unknown":{"id":true},"before_sensitive":false,"after_sensitive":{}}},{"address":"module.cs-project-vpc-host-nonprod.module.project-factory.module.project_services.google_project_service.project_services[\"compute.googleapis.com\"]","module_address":"module.cs-project-vpc-host-nonprod.module.project-factory.module.project_services","mode":"managed","type":"google_project_service","name":"project_services","index":"compute.googleapis.com","provider_name":"registry.terraform.io/hashicorp/google","change":{"actions":["create"],"before":null,"after":{"disable_dependent_services":true,"disable_on_destroy":true,"project":"vpc-host-nonprod-ng786-al606","service":"compute.googleapis.com","timeouts":null},"after_unknown":{"id":true},"before_sensitive":false,"after_sensitive":{}}},{"address":"module.cs-project-vpc-host-prod.module.project-factory.module.project_services.google_project_service.project_services[\"compute.googleapis.com\"]","module_address":"module.cs-project-vpc-host-prod.module.project-factory.module.project_services","mode":"managed","type":"google_project_service","name":"project_services","index":"compute.googleapis.com","provider_name":"registry.terraform.io/hashicorp/google","change":{"actions":["create"],"before":null,"after":{"disable_dependent_services":true,"disable_on_destroy":true,"project":"vpc-host-prod-ds581-hy386","service":"compute.googleapis.com","timeouts":null},"after_unknown":{"id":true},"before_sensitive":false,"after_sensitive":{}}},{"address":"module.cs-svc-smart-rentals-prod-svc.module.project-factory.module.project_services.google_project_service.project_services[\"artifactregistry.googleapis.com\"]","module_address":"module.cs-svc-smart-rentals-prod-svc.module.project-factory.module.project_services","mode":"managed","type":"google_project_service","name":"project_services","index":"artifactregistry.googleapis.com","provider_name":"registry.terraform.io/hashicorp/google","change":{"actions":["no-op"],"before":{"disable_dependent_services":true,"disable_on_destroy":true,"id":"smart-rentals-prod-svc/artifactregistry.googleapis.com","project":"smart-rentals-prod-svc","service":"artifactregistry.googleapis.com","timeouts":null},"after":{"disable_dependent_services":true,"disable_on_destroy":true,"id":"smart-rentals-prod-svc/artifactregistry.googleapis.com","project":"smart-rentals-prod-svc","service":"artifactregistry.googleapis.com","timeouts":null},"after_unknown":{},"before_sensitive":{},"after_sensitive":{}}},{"address":"module.cs-svc-smart-rentals-prod-svc.module.project-factory.module.project_services.google_project_service.project_services[\"cloudbuild.googleapis.com\"]","module_address":"module.cs-svc-smart-rentals-prod-svc.module.project-factory.module.project_services","mode":"managed","type":"google_project_service","name":"project_services","index":"cloudbuild.googleapis.com","provider_name":"registry.terraform.io/hashicorp/google","change":{"actions":["no-op"],"before":{"disable_dependent_services":true,"disable_on_destroy":true,"id":"smart-rentals-prod-svc/cloudbuild.googleapis.com","project":"smart-rentals-prod-svc","service":"cloudbuild.googleapis.com","timeouts":null},"after":{"disable_dependent_services":true,"disable_on_destroy":true,"id":"smart-rentals-prod-svc/cloudbuild.googleapis.com","project":"smart-rentals-prod-svc","service":"cloudbuild.googleapis.com","timeouts":null},"after_unknown":{},"before_sensitive":{},"after_sensitive":{}}},{"address":"module.cs-svc-smart-rentals-prod-svc.module.project-factory.module.project_services.google_project_service.project_services[\"compute.googleapis.com\"]","module_address":"module.cs-svc-smart-rentals-prod-svc.module.project-factory.module.project_services","mode":"managed","type":"google_project_service","name":"project_services","index":"compute.googleapis.com","provider_name":"registry.terraform.io/hashicorp/google","change":{"actions":["no-op"],"before":{"disable_dependent_services":true,"disable_on_destroy":true,"id":"smart-rentals-prod-svc/compute.googleapis.com","project":"smart-rentals-prod-svc","service":"compute.googleapis.com","timeouts":null},"after":{"disable_dependent_services":true,"disable_on_destroy":true,"id":"smart-rentals-prod-svc/compute.googleapis.com","project":"smart-rentals-prod-svc","service":"compute.googleapis.com","timeouts":null},"after_unknown":{},"before_sensitive":{},"after_sensitive":{}}},{"address":"module.cs-svc-smart-rentals-prod-svc.module.project-factory.module.project_services.google_project_service.project_services[\"run.googleapis.com\"]","module_address":"module.cs-svc-smart-rentals-prod-svc.module.project-factory.module.project_services","mode":"managed","type":"google_project_service","name":"project_services","index":"run.googleapis.com","provider_name":"registry.terraform.io/hashicorp/google","change":{"actions":["no-op"],"before":{"disable_dependent_services":true,"disable_on_destroy":true,"id":"smart-rentals-prod-svc/run.googleapis.com","project":"smart-rentals-prod-svc","service":"run.googleapis.com","timeouts":null},"after":{"disable_dependent_services":true,"disable_on_destroy":true,"id":"smart-rentals-prod-svc/run.googleapis.com","project":"smart-rentals-prod-svc","service":"run.googleapis.com","timeouts":null},"after_unknown":{},"before_sensitive":{},"after_sensitive":{}}}],"prior_state":{"format_version":"1.0","terraform_version":"1.5.7","values":{"root_module":{"resources":[{"address":"data.google_organization.org","mode":"data","type":"google_organization","name":"org","provider_name":"registry.terraform.io/hashicorp/google","schema_version":0,"values":{"create_time":"2021-06-24T12:16:36.251Z","directory_customer_id":"C00hs4gl3","domain":"smartrentalstsv.com.au","id":"organizations/403564791417","lifecycle_state":"ACTIVE","name":"organizations/403564791417","org_id":"403564791417","organization":"organizations/403564791417"},"sensitive_values":{}},{"address":"data.google_secret_manager_secret_version_access.secret_data[\"prod-australia-southeast1-0\"]","mode":"data","type":"google_secret_manager_secret_version_access","name":"secret_data","index":"prod-australia-southeast1-0","provider_name":"registry.terraform.io/hashicorp/google","schema_version":0,"values":{"id":"projects/607443732634/secrets/cs-vpn-psk-prod-australia-southeast1-tunnel-0/versions/1","is_secret_data_base64":false,"name":"projects/607443732634/secrets/cs-vpn-psk-prod-australia-southeast1-tunnel-0/versions/1","project":"cs-hc-1e3139d9a4264deca6431a05","secret":"cs-vpn-psk-prod-australia-southeast1-tunnel-0","secret_data":"KP9wX62ExXh+ShdBz1WUzVSWqFCblnaQ","version":"1"},"sensitive_values":{"secret_data":true}},{"address":"data.google_secret_manager_secret_version_access.secret_data[\"prod-australia-southeast1-1\"]","mode":"data","type":"google_secret_manager_secret_version_access","name":"secret_data","index":"prod-australia-southeast1-1","provider_name":"registry.terraform.io/hashicorp/google","schema_version":0,"values":{"id":"projects/607443732634/secrets/cs-vpn-psk-prod-australia-southeast1-tunnel-1/versions/1","is_secret_data_base64":false,"name":"projects/607443732634/secrets/cs-vpn-psk-prod-australia-southeast1-tunnel-1/versions/1","project":"cs-hc-1e3139d9a4264deca6431a05","secret":"cs-vpn-psk-prod-australia-southeast1-tunnel-1","secret_data":"1vtnpwqCakXPDvEJIsfBTqFaiYs2JjBP","version":"1"},"sensitive_values":{"secret_data":true}},{"address":"google_artifact_registry_repository.smart_rentals_web","mode":"managed","type":"google_artifact_registry_repository","name":"smart_rentals_web","provider_name":"registry.terraform.io/hashicorp/google","schema_version":0,"values":{"cleanup_policies":[],"cleanup_policy_dry_run":false,"create_time":"2025-12-06T06:40:15.534457Z","description":"Docker repository for Smart Rentals Web App","docker_config":[],"effective_labels":{"goog-cloudsetup":"downloaded","goog-terraform-provisioned":"true"},"format":"DOCKER","id":"projects/smart-rentals-prod-svc/locations/australia-southeast1/repositories/smart-rentals-web","kms_key_name":"","labels":{},"location":"australia-southeast1","maven_config":[],"mode":"STANDARD_REPOSITORY","name":"smart-rentals-web","project":"smart-rentals-prod-svc","remote_repository_config":[],"repository_id":"smart-rentals-web","terraform_labels":{"goog-cloudsetup":"downloaded","goog-terraform-provisioned":"true"},"timeouts":null,"update_time":"2025-12-06T06:40:15.534457Z","virtual_repository_config":[],"vulnerability_scanning_config":[{"enablement_config":"","enablement_state":"SCANNING_DISABLED","enablement_state_reason":"API containerscanning.googleapis.com is not enabled."}]},"sensitive_values":{"cleanup_policies":[],"docker_config":[],"effective_labels":{},"labels":{},"maven_config":[],"remote_repository_config":[],"terraform_labels":{},"virtual_repository_config":[],"vulnerability_scanning_config":[{}]}},{"address":"google_cloud_run_service.smart_rentals_web","mode":"managed","type":"google_cloud_run_service","name":"smart_rentals_web","provider_name":"registry.terraform.io/hashicorp/google","schema_version":2,"values":{"autogenerate_revision_name":false,"id":"locations/australia-southeast1/namespaces/smart-rentals-prod-svc/services/smart-rentals-web","location":"australia-southeast1","metadata":[{"annotations":{},"effective_annotations":{"run.googleapis.com/ingress":"all","run.googleapis.com/ingress-status":"all","run.googleapis.com/operation-id":"11c7adc2-5953-4ca5-b55f-9fcf9e01fa16","run.googleapis.com/urls":"[\"https://smart-rentals-web-367720462542.australia-southeast1.run.app\",\"https://smart-rentals-web-tmgnytbgha-ts.a.run.app\"]","serving.knative.dev/creator":"terraform-deployer@mh-oct-2025.iam.gserviceaccount.com","serving.knative.dev/lastModifier":"terraform-deployer@mh-oct-2025.iam.gserviceaccount.com"},"effective_labels":{"cloud.googleapis.com/location":"australia-southeast1","goog-cloudsetup":"downloaded","run.googleapis.com/satisfiesPzs":"true"},"generation":1,"labels":{},"namespace":"smart-rentals-prod-svc","resource_version":"AAZFQtn97fA","self_link":"/apis/serving.knative.dev/v1/namespaces/367720462542/services/smart-rentals-web","terraform_labels":{"goog-cloudsetup":"downloaded"},"uid":"f901b464-1fc7-4788-9a0f-7f7fa5af887e"}],"name":"smart-rentals-web","project":"smart-rentals-prod-svc","status":[{"conditions":[{"message":"","reason":"","status":"True","type":"Ready"},{"message":"","reason":"","status":"True","type":"ConfigurationsReady"},{"message":"","reason":"","status":"True","type":"RoutesReady"}],"latest_created_revision_name":"smart-rentals-web-00001-mzw","latest_ready_revision_name":"smart-rentals-web-00001-mzw","observed_generation":1,"traffic":[{"latest_revision":true,"percent":100,"revision_name":"smart-rentals-web-00001-mzw","tag":"","url":""}],"url":"https://smart-rentals-web-tmgnytbgha-ts.a.run.app"}],"template":[{"metadata":[{"annotations":{"autoscaling.knative.dev/maxScale":"100"},"generation":0,"labels":{"run.googleapis.com/startupProbeType":"Default"},"name":"","namespace":"","resource_version":"","self_link":"","uid":""}],"spec":[{"container_concurrency":80,"containers":[{"args":[],"command":[],"env":[],"env_from":[],"image":"us-docker.pkg.dev/cloudrun/container/hello","liveness_probe":[],"name":"","ports":[{"container_port":3000,"name":"http1","protocol":""}],"resources":[{"limits":{"cpu":"1000m","memory":"512Mi"},"requests":{}}],"startup_probe":[{"failure_threshold":1,"grpc":[],"http_get":[],"initial_delay_seconds":0,"period_seconds":240,"tcp_socket":[{"port":3000}],"timeout_seconds":240}],"volume_mounts":[],"working_dir":""}],"node_selector":{},"service_account_name":"367720462542-compute@developer.gserviceaccount.com","serving_state":"","timeout_seconds":300,"volumes":[]}]}],"timeouts":null,"traffic":[{"latest_revision":true,"percent":100,"revision_name":"","tag":"","url":""}]},"sensitive_values":{"metadata":[{"annotations":{},"effective_annotations":{},"effective_labels":{},"labels":{},"terraform_labels":{}}],"status":[{"conditions":[{},{},{}],"traffic":[{}]}],"template":[{"metadata":[{"annotations":{},"labels":{}}],"spec":[{"containers":[{"args":[],"command":[],"env":[],"env_from":[],"liveness_probe":[],"ports":[{}],"resources":[{"limits":{},"requests":{}}],"startup_probe":[{"grpc":[],"http_get":[],"tcp_socket":[{}]}],"volume_mounts":[]}],"node_selector":{},"volumes":[]}]}],"traffic":[{}]}},{"address":"google_resource_manager_capability.capability[\"API_Manager/Development\"]","mode":"managed","type":"google_resource_manager_capability","name":"capability","index":"API_Manager/Development","provider_name":"registry.terraform.io/hashicorp/google-beta","schema_version":0,"values":{"capability_name":"app-management","id":"folders/165865028466/capabilities/app-management","parent":"folders/165865028466","timeouts":null,"value":true},"sensitive_values":{},"depends_on":["module.cs-common.google_folder.folders","module.cs-common.google_folder_iam_binding.owners_combined","module.cs-folders-level-0.google_folder.folders","module.cs-folders-level-0.google_folder_iam_binding.owners_combined","module.cs-folders-level-1.google_folder.folders","module.cs-folders-level-1.google_folder_iam_binding.owners_combined","module.cs-folders-level-2.google_folder.folders","module.cs-folders-level-2.google_folder_iam_binding.owners_combined","time_sleep.wait_for_folder_creations"]},{"address":"google_resource_manager_capability.capability[\"API_Manager/Non-Production\"]","mode":"managed","type":"google_resource_manager_capability","name":"capability","index":"API_Manager/Non-Production","provider_name":"registry.terraform.io/hashicorp/google-beta","schema_version":0,"values":{"capability_name":"app-management","id":"folders/437428707484/capabilities/app-management","parent":"folders/437428707484","timeouts":null,"value":true},"sensitive_values":{},"depends_on":["module.cs-common.google_folder.folders","module.cs-common.google_folder_iam_binding.owners_combined","module.cs-folders-level-0.google_folder.folders","module.cs-folders-level-0.google_folder_iam_binding.owners_combined","module.cs-folders-level-1.google_folder.folders","module.cs-folders-level-1.google_folder_iam_binding.owners_combined","module.cs-folders-level-2.google_folder.folders","module.cs-folders-level-2.google_folder_iam_binding.owners_combined","time_sleep.wait_for_folder_creations"]},{"address":"google_resource_manager_capability.capability[\"API_Manager/Production\"]","mode":"managed","type":"google_resource_manager_capability","name":"capability","index":"API_Manager/Production","provider_name":"registry.terraform.io/hashicorp/google-beta","schema_version":0,"values":{"capability_name":"app-management","id":"folders/920044424654/capabilities/app-management","parent":"folders/920044424654","timeouts":null,"value":true},"sensitive_values":{},"depends_on":["module.cs-common.google_folder.folders","module.cs-common.google_folder_iam_binding.owners_combined","module.cs-folders-level-0.google_folder.folders","module.cs-folders-level-0.google_folder_iam_binding.owners_combined","module.cs-folders-level-1.google_folder.folders","module.cs-folders-level-1.google_folder_iam_binding.owners_combined","module.cs-folders-level-2.google_folder.folders","module.cs-folders-level-2.google_folder_iam_binding.owners_combined","time_sleep.wait_for_folder_creations"]},{"address":"google_resource_manager_capability.capability[\"Managers/Development\"]","mode":"managed","type":"google_resource_manager_capability","name":"capability","index":"Managers/Development","provider_name":"registry.terraform.io/hashicorp/google-beta","schema_version":0,"values":{"capability_name":"app-management","id":"folders/815831532556/capabilities/app-management","parent":"folders/815831532556","timeouts":null,"value":true},"sensitive_values":{},"depends_on":["module.cs-common.google_folder.folders","module.cs-common.google_folder_iam_binding.owners_combined","module.cs-folders-level-0.google_folder.folders","module.cs-folders-level-0.google_folder_iam_binding.owners_combined","module.cs-folders-level-1.google_folder.folders","module.cs-folders-level-1.google_folder_iam_binding.owners_combined","module.cs-folders-level-2.google_folder.folders","module.cs-folders-level-2.google_folder_iam_binding.owners_combined","time_sleep.wait_for_folder_creations"]},{"address":"google_resource_manager_capability.capability[\"Managers/Non-Production\"]","mode":"managed","type":"google_resource_manager_capability","name":"capability","index":"Managers/Non-Production","provider_name":"registry.terraform.io/hashicorp/google-beta","schema_version":0,"values":{"capability_name":"app-management","id":"folders/959991129302/capabilities/app-management","parent":"folders/959991129302","timeouts":null,"value":true},"sensitive_values":{},"depends_on":["module.cs-common.google_folder.folders","module.cs-common.google_folder_iam_binding.owners_combined","module.cs-folders-level-0.google_folder.folders","module.cs-folders-level-0.google_folder_iam_binding.owners_combined","module.cs-folders-level-1.google_folder.folders","module.cs-folders-level-1.google_folder_iam_binding.owners_combined","module.cs-folders-level-2.google_folder.folders","module.cs-folders-level-2.google_folder_iam_binding.owners_combined","time_sleep.wait_for_folder_creations"]},{"address":"google_resource_manager_capability.capability[\"Managers/Production\"]","mode":"managed","type":"google_resource_manager_capability","name":"capability","index":"Managers/Production","provider_name":"registry.terraform.io/hashicorp/google-beta","schema_version":0,"values":{"capability_name":"app-management","id":"folders/343520406158/capabilities/app-management","parent":"folders/343520406158","timeouts":null,"value":true},"sensitive_values":{},"depends_on":["module.cs-common.google_folder.folders","module.cs-common.google_folder_iam_binding.owners_combined","module.cs-folders-level-0.google_folder.folders","module.cs-folders-level-0.google_folder_iam_binding.owners_combined","module.cs-folders-level-1.google_folder.folders","module.cs-folders-level-1.google_folder_iam_binding.owners_combined","module.cs-folders-level-2.google_folder.folders","module.cs-folders-level-2.google_folder_iam_binding.owners_combined","time_sleep.wait_for_folder_creations"]},{"address":"google_resource_manager_capability.capability[\"Operations/Development\"]","mode":"managed","type":"google_resource_manager_capability","name":"capability","index":"Operations/Development","provider_name":"registry.terraform.io/hashicorp/google-beta","schema_version":0,"values":{"capability_name":"app-management","id":"folders/1057673246676/capabilities/app-management","parent":"folders/1057673246676","timeouts":null,"value":true},"sensitive_values":{},"depends_on":["module.cs-common.google_folder.folders","module.cs-common.google_folder_iam_binding.owners_combined","module.cs-folders-level-0.google_folder.folders","module.cs-folders-level-0.google_folder_iam_binding.owners_combined","module.cs-folders-level-1.google_folder.folders","module.cs-folders-level-1.google_folder_iam_binding.owners_combined","module.cs-folders-level-2.google_folder.folders","module.cs-folders-level-2.google_folder_iam_binding.owners_combined","time_sleep.wait_for_folder_creations"]},{"address":"google_resource_manager_capability.capability[\"Operations/Non-Production\"]","mode":"managed","type":"google_resource_manager_capability","name":"capability","index":"Operations/Non-Production","provider_name":"registry.terraform.io/hashicorp/google-beta","schema_version":0,"values":{"capability_name":"app-management","id":"folders/1082518302626/capabilities/app-management","parent":"folders/1082518302626","timeouts":null,"value":true},"sensitive_values":{},"depends_on":["module.cs-common.google_folder.folders","module.cs-common.google_folder_iam_binding.owners_combined","module.cs-folders-level-0.google_folder.folders","module.cs-folders-level-0.google_folder_iam_binding.owners_combined","module.cs-folders-level-1.google_folder.folders","module.cs-folders-level-1.google_folder_iam_binding.owners_combined","module.cs-folders-level-2.google_folder.folders","module.cs-folders-level-2.google_folder_iam_binding.owners_combined","time_sleep.wait_for_folder_creations"]},{"address":"google_resource_manager_capability.capability[\"Operations/Production\"]","mode":"managed","type":"google_resource_manager_capability","name":"capability","index":"Operations/Production","provider_name":"registry.terraform.io/hashicorp/google-beta","schema_version":0,"values":{"capability_name":"app-management","id":"folders/1057431337546/capabilities/app-management","parent":"folders/1057431337546","timeouts":null,"value":true},"sensitive_values":{},"depends_on":["module.cs-common.google_folder.folders","module.cs-common.google_folder_iam_binding.owners_combined","module.cs-folders-level-0.google_folder.folders","module.cs-folders-level-0.google_folder_iam_binding.owners_combined","module.cs-folders-level-1.google_folder.folders","module.cs-folders-level-1.google_folder_iam_binding.owners_combined","module.cs-folders-level-2.google_folder.folders","module.cs-folders-level-2.google_folder_iam_binding.owners_combined","time_sleep.wait_for_folder_creations"]},{"address":"google_resource_manager_capability.capability[\"Sales/Development\"]","mode":"managed","type":"google_resource_manager_capability","name":"capability","index":"Sales/Development","provider_name":"registry.terraform.io/hashicorp/google-beta","schema_version":0,"values":{"capability_name":"app-management","id":"folders/160188010802/capabilities/app-management","parent":"folders/160188010802","timeouts":null,"value":true},"sensitive_values":{},"depends_on":["module.cs-common.google_folder.folders","module.cs-common.google_folder_iam_binding.owners_combined","module.cs-folders-level-0.google_folder.folders","module.cs-folders-level-0.google_folder_iam_binding.owners_combined","module.cs-folders-level-1.google_folder.folders","module.cs-folders-level-1.google_folder_iam_binding.owners_combined","module.cs-folders-level-2.google_folder.folders","module.cs-folders-level-2.google_folder_iam_binding.owners_combined","time_sleep.wait_for_folder_creations"]},{"address":"google_resource_manager_capability.capability[\"Sales/Non-Production\"]","mode":"managed","type":"google_resource_manager_capability","name":"capability","index":"Sales/Non-Production","provider_name":"registry.terraform.io/hashicorp/google-beta","schema_version":0,"values":{"capability_name":"app-management","id":"folders/202287051102/capabilities/app-management","parent":"folders/202287051102","timeouts":null,"value":true},"sensitive_values":{},"depends_on":["module.cs-common.google_folder.folders","module.cs-common.google_folder_iam_binding.owners_combined","module.cs-folders-level-0.google_folder.folders","module.cs-folders-level-0.google_folder_iam_binding.owners_combined","module.cs-folders-level-1.google_folder.folders","module.cs-folders-level-1.google_folder_iam_binding.owners_combined","module.cs-folders-level-2.google_folder.folders","module.cs-folders-level-2.google_folder_iam_binding.owners_combined","time_sleep.wait_for_folder_creations"]},{"address":"google_resource_manager_capability.capability[\"Sales/Production\"]","mode":"managed","type":"google_resource_manager_capability","name":"capability","index":"Sales/Production","provider_name":"registry.terraform.io/hashicorp/google-beta","schema_version":0,"values":{"capability_name":"app-management","id":"folders/472226013082/capabilities/app-management","parent":"folders/472226013082","timeouts":null,"value":true},"sensitive_values":{},"depends_on":["module.cs-common.google_folder.folders","module.cs-common.google_folder_iam_binding.owners_combined","module.cs-folders-level-0.google_folder.folders","module.cs-folders-level-0.google_folder_iam_binding.owners_combined","module.cs-folders-level-1.google_folder.folders","module.cs-folders-level-1.google_folder_iam_binding.owners_combined","module.cs-folders-level-2.google_folder.folders","module.cs-folders-level-2.google_folder_iam_binding.owners_combined","time_sleep.wait_for_folder_creations"]},{"address":"random_id.suffix","mode":"managed","type":"random_id","name":"suffix","provider_name":"registry.terraform.io/hashicorp/random","schema_version":0,"values":{"b64_std":"jw3M3w==","b64_url":"jw3M3w","byte_length":4,"dec":"2400046303","hex":"8f0dccdf","id":"jw3M3w","keepers":null,"prefix":null},"sensitive_values":{}},{"address":"random_integer.hostnum[\"prod-australia-southeast1-0\"]","mode":"managed","type":"random_integer","name":"hostnum","index":"prod-australia-southeast1-0","provider_name":"registry.terraform.io/hashicorp/random","schema_version":0,"values":{"id":"39181","keepers":null,"max":65535,"min":1,"result":39181,"seed":null},"sensitive_values":{}},{"address":"random_integer.hostnum[\"prod-australia-southeast1-1\"]","mode":"managed","type":"random_integer","name":"hostnum","index":"prod-australia-southeast1-1","provider_name":"registry.terraform.io/hashicorp/random","schema_version":0,"values":{"id":"21709","keepers":null,"max":65535,"min":1,"result":21709,"seed":null},"sensitive_values":{}},{"address":"time_sleep.wait_for_folder_creations","mode":"managed","type":"time_sleep","name":"wait_for_folder_creations","provider_name":"registry.terraform.io/hashicorp/time","schema_version":0,"values":{"create_duration":"60s","destroy_duration":null,"id":"2025-11-30T23:37:05Z","triggers":null},"sensitive_values":{},"depends_on":["module.cs-folders-level-0.google_folder.folders","module.cs-folders-level-0.google_folder_iam_binding.owners_combined","module.cs-folders-level-1.google_folder.folders","module.cs-folders-level-1.google_folder_iam_binding.owners_combined","module.cs-folders-level-2.google_folder.folders","module.cs-folders-level-2.google_folder_iam_binding.owners_combined"]}],"child_modules":[{"resources":[{"address":"module.cs-common.google_folder.folders[\"Common\"]","mode":"managed","type":"google_folder","name":"folders","index":"Common","provider_name":"registry.terraform.io/hashicorp/google","schema_version":0,"values":{"configured_capabilities":[],"create_time":"2025-11-27T07:06:23.633Z","deletion_protection":false,"display_name":"Common","folder_id":"766619413482","id":"folders/766619413482","lifecycle_state":"DELETE_REQUESTED","management_project":"","name":"folders/766619413482","parent":"organizations/403564791417","tags":null,"timeouts":null},"sensitive_values":{"configured_capabilities":[]}}],"address":"module.cs-common"},{"resources":[{"address":"module.cs-folders-iam-0-computeinstanceAdminv1.google_folder_iam_member.folder_iam_additive[\"default--roles/compute.instanceAdmin.v1--group:gcp-developers@smartrentalstsv.com.au\"]","mode":"managed","type":"google_folder_iam_member","name":"folder_iam_additive","index":"default--roles/compute.instanceAdmin.v1--group:gcp-developers@smartrentalstsv.com.au","provider_name":"registry.terraform.io/hashicorp/google","schema_version":0,"values":{"condition":[],"etag":"BwZE2FRt/Os=","folder":"folders/202287051102","id":"folders/202287051102/roles/compute.instanceAdmin.v1/group:gcp-developers@smartrentalstsv.com.au","member":"group:gcp-developers@smartrentalstsv.com.au","role":"roles/compute.instanceAdmin.v1"},"sensitive_values":{"condition":[]},"depends_on":["module.cs-common.google_folder.folders","module.cs-common.google_folder_iam_binding.owners_combined","module.cs-folders-level-0.google_folder.folders","module.cs-folders-level-0.google_folder_iam_binding.owners_combined","module.cs-folders-level-1.google_folder.folders","module.cs-folders-level-1.google_folder_iam_binding.owners_combined","module.cs-folders-level-2.google_folder.folders","module.cs-folders-level-2.google_folder_iam_binding.owners_combined"]}],"address":"module.cs-folders-iam-0-computeinstanceAdminv1"},{"resources":[{"address":"module.cs-folders-iam-0-containeradmin.google_folder_iam_member.folder_iam_additive[\"default--roles/container.admin--group:gcp-developers@smartrentalstsv.com.au\"]","mode":"managed","type":"google_folder_iam_member","name":"folder_iam_additive","index":"default--roles/container.admin--group:gcp-developers@smartrentalstsv.com.au","provider_name":"registry.terraform.io/hashicorp/google","schema_version":0,"values":{"condition":[],"etag":"BwZE2FRt/Os=","folder":"folders/202287051102","id":"folders/202287051102/roles/container.admin/group:gcp-developers@smartrentalstsv.com.au","member":"group:gcp-developers@smartrentalstsv.com.au","role":"roles/container.admin"},"sensitive_values":{"condition":[]},"depends_on":["module.cs-common.google_folder.folders","module.cs-common.google_folder_iam_binding.owners_combined","module.cs-folders-level-0.google_folder.folders","module.cs-folders-level-0.google_folder_iam_binding.owners_combined","module.cs-folders-level-1.google_folder.folders","module.cs-folders-level-1.google_folder_iam_binding.owners_combined","module.cs-folders-level-2.google_folder.folders","module.cs-folders-level-2.google_folder_iam_binding.owners_combined"]}],"address":"module.cs-folders-iam-0-containeradmin"},{"resources":[{"address":"module.cs-folders-iam-1-computeinstanceAdminv1.google_folder_iam_member.folder_iam_additive[\"default--roles/compute.instanceAdmin.v1--group:gcp-developers@smartrentalstsv.com.au\"]","mode":"managed","type":"google_folder_iam_member","name":"folder_iam_additive","index":"default--roles/compute.instanceAdmin.v1--group:gcp-developers@smartrentalstsv.com.au","provider_name":"registry.terraform.io/hashicorp/google","schema_version":0,"values":{"condition":[],"etag":"BwZE2FQQ4hE=","folder":"folders/1082518302626","id":"folders/1082518302626/roles/compute.instanceAdmin.v1/group:gcp-developers@smartrentalstsv.com.au","member":"group:gcp-developers@smartrentalstsv.com.au","role":"roles/compute.instanceAdmin.v1"},"sensitive_values":{"condition":[]},"depends_on":["module.cs-common.google_folder.folders","module.cs-common.google_folder_iam_binding.owners_combined","module.cs-folders-level-0.google_folder.folders","module.cs-folders-level-0.google_folder_iam_binding.owners_combined","module.cs-folders-level-1.google_folder.folders","module.cs-folders-level-1.google_folder_iam_binding.owners_combined","module.cs-folders-level-2.google_folder.folders","module.cs-folders-level-2.google_folder_iam_binding.owners_combined"]}],"address":"module.cs-folders-iam-1-computeinstanceAdminv1"},{"resources":[{"address":"module.cs-folders-iam-1-containeradmin.google_folder_iam_member.folder_iam_additive[\"default--roles/container.admin--group:gcp-developers@smartrentalstsv.com.au\"]","mode":"managed","type":"google_folder_iam_member","name":"folder_iam_additive","index":"default--roles/container.admin--group:gcp-developers@smartrentalstsv.com.au","provider_name":"registry.terraform.io/hashicorp/google","schema_version":0,"values":{"condition":[],"etag":"BwZE2FQQ4hE=","folder":"folders/1082518302626","id":"folders/1082518302626/roles/container.admin/group:gcp-developers@smartrentalstsv.com.au","member":"group:gcp-developers@smartrentalstsv.com.au","role":"roles/container.admin"},"sensitive_values":{"condition":[]},"depends_on":["module.cs-common.google_folder.folders","module.cs-common.google_folder_iam_binding.owners_combined","module.cs-folders-level-0.google_folder.folders","module.cs-folders-level-0.google_folder_iam_binding.owners_combined","module.cs-folders-level-1.google_folder.folders","module.cs-folders-level-1.google_folder_iam_binding.owners_combined","module.cs-folders-level-2.google_folder.folders","module.cs-folders-level-2.google_folder_iam_binding.owners_combined"]}],"address":"module.cs-folders-iam-1-containeradmin"},{"resources":[{"address":"module.cs-folders-iam-2-computeinstanceAdminv1.google_folder_iam_member.folder_iam_additive[\"default--roles/compute.instanceAdmin.v1--group:gcp-developers@smartrentalstsv.com.au\"]","mode":"managed","type":"google_folder_iam_member","name":"folder_iam_additive","index":"default--roles/compute.instanceAdmin.v1--group:gcp-developers@smartrentalstsv.com.au","provider_name":"registry.terraform.io/hashicorp/google","schema_version":0,"values":{"condition":[],"etag":"BwZE2FQdDnw=","folder":"folders/959991129302","id":"folders/959991129302/roles/compute.instanceAdmin.v1/group:gcp-developers@smartrentalstsv.com.au","member":"group:gcp-developers@smartrentalstsv.com.au","role":"roles/compute.instanceAdmin.v1"},"sensitive_values":{"condition":[]},"depends_on":["module.cs-common.google_folder.folders","module.cs-common.google_folder_iam_binding.owners_combined","module.cs-folders-level-0.google_folder.folders","module.cs-folders-level-0.google_folder_iam_binding.owners_combined","module.cs-folders-level-1.google_folder.folders","module.cs-folders-level-1.google_folder_iam_binding.owners_combined","module.cs-folders-level-2.google_folder.folders","module.cs-folders-level-2.google_folder_iam_binding.owners_combined"]}],"address":"module.cs-folders-iam-2-computeinstanceAdminv1"},{"resources":[{"address":"module.cs-folders-iam-2-containeradmin.google_folder_iam_member.folder_iam_additive[\"default--roles/container.admin--group:gcp-developers@smartrentalstsv.com.au\"]","mode":"managed","type":"google_folder_iam_member","name":"folder_iam_additive","index":"default--roles/container.admin--group:gcp-developers@smartrentalstsv.com.au","provider_name":"registry.terraform.io/hashicorp/google","schema_version":0,"values":{"condition":[],"etag":"BwZE2FQdDnw=","folder":"folders/959991129302","id":"folders/959991129302/roles/container.admin/group:gcp-developers@smartrentalstsv.com.au","member":"group:gcp-developers@smartrentalstsv.com.au","role":"roles/container.admin"},"sensitive_values":{"condition":[]},"depends_on":["module.cs-common.google_folder.folders","module.cs-common.google_folder_iam_binding.owners_combined","module.cs-folders-level-0.google_folder.folders","module.cs-folders-level-0.google_folder_iam_binding.owners_combined","module.cs-folders-level-1.google_folder.folders","module.cs-folders-level-1.google_folder_iam_binding.owners_combined","module.cs-folders-level-2.google_folder.folders","module.cs-folders-level-2.google_folder_iam_binding.owners_combined"]}],"address":"module.cs-folders-iam-2-containeradmin"},{"resources":[{"address":"module.cs-folders-iam-3-computeinstanceAdminv1.google_folder_iam_member.folder_iam_additive[\"default--roles/compute.instanceAdmin.v1--group:gcp-developers@smartrentalstsv.com.au\"]","mode":"managed","type":"google_folder_iam_member","name":"folder_iam_additive","index":"default--roles/compute.instanceAdmin.v1--group:gcp-developers@smartrentalstsv.com.au","provider_name":"registry.terraform.io/hashicorp/google","schema_version":0,"values":{"condition":[],"etag":"BwZE2FQdKLI=","folder":"folders/437428707484","id":"folders/437428707484/roles/compute.instanceAdmin.v1/group:gcp-developers@smartrentalstsv.com.au","member":"group:gcp-developers@smartrentalstsv.com.au","role":"roles/compute.instanceAdmin.v1"},"sensitive_values":{"condition":[]},"depends_on":["module.cs-common.google_folder.folders","module.cs-common.google_folder_iam_binding.owners_combined","module.cs-folders-level-0.google_folder.folders","module.cs-folders-level-0.google_folder_iam_binding.owners_combined","module.cs-folders-level-1.google_folder.folders","module.cs-folders-level-1.google_folder_iam_binding.owners_combined","module.cs-folders-level-2.google_folder.folders","module.cs-folders-level-2.google_folder_iam_binding.owners_combined"]}],"address":"module.cs-folders-iam-3-computeinstanceAdminv1"},{"resources":[{"address":"module.cs-folders-iam-3-containeradmin.google_folder_iam_member.folder_iam_additive[\"default--roles/container.admin--group:gcp-developers@smartrentalstsv.com.au\"]","mode":"managed","type":"google_folder_iam_member","name":"folder_iam_additive","index":"default--roles/container.admin--group:gcp-developers@smartrentalstsv.com.au","provider_name":"registry.terraform.io/hashicorp/google","schema_version":0,"values":{"condition":[],"etag":"BwZE2FQdKLI=","folder":"folders/437428707484","id":"folders/437428707484/roles/container.admin/group:gcp-developers@smartrentalstsv.com.au","member":"group:gcp-developers@smartrentalstsv.com.au","role":"roles/container.admin"},"sensitive_values":{"condition":[]},"depends_on":["module.cs-common.google_folder.folders","module.cs-common.google_folder_iam_binding.owners_combined","module.cs-folders-level-0.google_folder.folders","module.cs-folders-level-0.google_folder_iam_binding.owners_combined","module.cs-folders-level-1.google_folder.folders","module.cs-folders-level-1.google_folder_iam_binding.owners_combined","module.cs-folders-level-2.google_folder.folders","module.cs-folders-level-2.google_folder_iam_binding.owners_combined"]}],"address":"module.cs-folders-iam-3-containeradmin"},{"resources":[{"address":"module.cs-folders-iam-4-computeinstanceAdminv1.google_folder_iam_member.folder_iam_additive[\"default--roles/compute.instanceAdmin.v1--group:gcp-developers@smartrentalstsv.com.au\"]","mode":"managed","type":"google_folder_iam_member","name":"folder_iam_additive","index":"default--roles/compute.instanceAdmin.v1--group:gcp-developers@smartrentalstsv.com.au","provider_name":"registry.terraform.io/hashicorp/google","schema_version":0,"values":{"condition":[],"etag":"BwZE2FQkw10=","folder":"folders/160188010802","id":"folders/160188010802/roles/compute.instanceAdmin.v1/group:gcp-developers@smartrentalstsv.com.au","member":"group:gcp-developers@smartrentalstsv.com.au","role":"roles/compute.instanceAdmin.v1"},"sensitive_values":{"condition":[]},"depends_on":["module.cs-common.google_folder.folders","module.cs-common.google_folder_iam_binding.owners_combined","module.cs-folders-level-0.google_folder.folders","module.cs-folders-level-0.google_folder_iam_binding.owners_combined","module.cs-folders-level-1.google_folder.folders","module.cs-folders-level-1.google_folder_iam_binding.owners_combined","module.cs-folders-level-2.google_folder.folders","module.cs-folders-level-2.google_folder_iam_binding.owners_combined"]}],"address":"module.cs-folders-iam-4-computeinstanceAdminv1"},{"resources":[{"address":"module.cs-folders-iam-4-containeradmin.google_folder_iam_member.folder_iam_additive[\"default--roles/container.admin--group:gcp-developers@smartrentalstsv.com.au\"]","mode":"managed","type":"google_folder_iam_member","name":"folder_iam_additive","index":"default--roles/container.admin--group:gcp-developers@smartrentalstsv.com.au","provider_name":"registry.terraform.io/hashicorp/google","schema_version":0,"values":{"condition":[],"etag":"BwZE2FQkw10=","folder":"folders/160188010802","id":"folders/160188010802/roles/container.admin/group:gcp-developers@smartrentalstsv.com.au","member":"group:gcp-developers@smartrentalstsv.com.au","role":"roles/container.admin"},"sensitive_values":{"condition":[]},"depends_on":["module.cs-common.google_folder.folders","module.cs-common.google_folder_iam_binding.owners_combined","module.cs-folders-level-0.google_folder.folders","module.cs-folders-level-0.google_folder_iam_binding.owners_combined","module.cs-folders-level-1.google_folder.folders","module.cs-folders-level-1.google_folder_iam_binding.owners_combined","module.cs-folders-level-2.google_folder.folders","module.cs-folders-level-2.google_folder_iam_binding.owners_combined"]}],"address":"module.cs-folders-iam-4-containeradmin"},{"resources":[{"address":"module.cs-folders-iam-5-computeinstanceAdminv1.google_folder_iam_member.folder_iam_additive[\"default--roles/compute.instanceAdmin.v1--group:gcp-developers@smartrentalstsv.com.au\"]","mode":"managed","type":"google_folder_iam_member","name":"folder_iam_additive","index":"default--roles/compute.instanceAdmin.v1--group:gcp-developers@smartrentalstsv.com.au","provider_name":"registry.terraform.io/hashicorp/google","schema_version":0,"values":{"condition":[],"etag":"BwZE2FRn2x0=","folder":"folders/1057673246676","id":"folders/1057673246676/roles/compute.instanceAdmin.v1/group:gcp-developers@smartrentalstsv.com.au","member":"group:gcp-developers@smartrentalstsv.com.au","role":"roles/compute.instanceAdmin.v1"},"sensitive_values":{"condition":[]},"depends_on":["module.cs-common.google_folder.folders","module.cs-common.google_folder_iam_binding.owners_combined","module.cs-folders-level-0.google_folder.folders","module.cs-folders-level-0.google_folder_iam_binding.owners_combined","module.cs-folders-level-1.google_folder.folders","module.cs-folders-level-1.google_folder_iam_binding.owners_combined","module.cs-folders-level-2.google_folder.folders","module.cs-folders-level-2.google_folder_iam_binding.owners_combined"]}],"address":"module.cs-folders-iam-5-computeinstanceAdminv1"},{"resources":[{"address":"module.cs-folders-iam-5-containeradmin.google_folder_iam_member.folder_iam_additive[\"default--roles/container.admin--group:gcp-developers@smartrentalstsv.com.au\"]","mode":"managed","type":"google_folder_iam_member","name":"folder_iam_additive","index":"default--roles/container.admin--group:gcp-developers@smartrentalstsv.com.au","provider_name":"registry.terraform.io/hashicorp/google","schema_version":0,"values":{"condition":[],"etag":"BwZE2FRn2x0=","folder":"folders/1057673246676","id":"folders/1057673246676/roles/container.admin/group:gcp-developers@smartrentalstsv.com.au","member":"group:gcp-developers@smartrentalstsv.com.au","role":"roles/container.admin"},"sensitive_values":{"condition":[]},"depends_on":["module.cs-common.google_folder.folders","module.cs-common.google_folder_iam_binding.owners_combined","module.cs-folders-level-0.google_folder.folders","module.cs-folders-level-0.google_folder_iam_binding.owners_combined","module.cs-folders-level-1.google_folder.folders","module.cs-folders-level-1.google_folder_iam_binding.owners_combined","module.cs-folders-level-2.google_folder.folders","module.cs-folders-level-2.google_folder_iam_binding.owners_combined"]}],"address":"module.cs-folders-iam-5-containeradmin"},{"resources":[{"address":"module.cs-folders-iam-6-computeinstanceAdminv1.google_folder_iam_member.folder_iam_additive[\"default--roles/compute.instanceAdmin.v1--group:gcp-developers@smartrentalstsv.com.au\"]","mode":"managed","type":"google_folder_iam_member","name":"folder_iam_additive","index":"default--roles/compute.instanceAdmin.v1--group:gcp-developers@smartrentalstsv.com.au","provider_name":"registry.terraform.io/hashicorp/google","schema_version":0,"values":{"condition":[],"etag":"BwZE2FQLTGM=","folder":"folders/815831532556","id":"folders/815831532556/roles/compute.instanceAdmin.v1/group:gcp-developers@smartrentalstsv.com.au","member":"group:gcp-developers@smartrentalstsv.com.au","role":"roles/compute.instanceAdmin.v1"},"sensitive_values":{"condition":[]},"depends_on":["module.cs-common.google_folder.folders","module.cs-common.google_folder_iam_binding.owners_combined","module.cs-folders-level-0.google_folder.folders","module.cs-folders-level-0.google_folder_iam_binding.owners_combined","module.cs-folders-level-1.google_folder.folders","module.cs-folders-level-1.google_folder_iam_binding.owners_combined","module.cs-folders-level-2.google_folder.folders","module.cs-folders-level-2.google_folder_iam_binding.owners_combined"]}],"address":"module.cs-folders-iam-6-computeinstanceAdminv1"},{"resources":[{"address":"module.cs-folders-iam-6-containeradmin.google_folder_iam_member.folder_iam_additive[\"default--roles/container.admin--group:gcp-developers@smartrentalstsv.com.au\"]","mode":"managed","type":"google_folder_iam_member","name":"folder_iam_additive","index":"default--roles/container.admin--group:gcp-developers@smartrentalstsv.com.au","provider_name":"registry.terraform.io/hashicorp/google","schema_version":0,"values":{"condition":[],"etag":"BwZE2FQLTGM=","folder":"folders/815831532556","id":"folders/815831532556/roles/container.admin/group:gcp-developers@smartrentalstsv.com.au","member":"group:gcp-developers@smartrentalstsv.com.au","role":"roles/container.admin"},"sensitive_values":{"condition":[]},"depends_on":["module.cs-common.google_folder.folders","module.cs-common.google_folder_iam_binding.owners_combined","module.cs-folders-level-0.google_folder.folders","module.cs-folders-level-0.google_folder_iam_binding.owners_combined","module.cs-folders-level-1.google_folder.folders","module.cs-folders-level-1.google_folder_iam_binding.owners_combined","module.cs-folders-level-2.google_folder.folders","module.cs-folders-level-2.google_folder_iam_binding.owners_combined"]}],"address":"module.cs-folders-iam-6-containeradmin"},{"resources":[{"address":"module.cs-folders-iam-7-computeinstanceAdminv1.google_folder_iam_member.folder_iam_additive[\"default--roles/compute.instanceAdmin.v1--group:gcp-developers@smartrentalstsv.com.au\"]","mode":"managed","type":"google_folder_iam_member","name":"folder_iam_additive","index":"default--roles/compute.instanceAdmin.v1--group:gcp-developers@smartrentalstsv.com.au","provider_name":"registry.terraform.io/hashicorp/google","schema_version":0,"values":{"condition":[],"etag":"BwZE2FRiW8A=","folder":"folders/165865028466","id":"folders/165865028466/roles/compute.instanceAdmin.v1/group:gcp-developers@smartrentalstsv.com.au","member":"group:gcp-developers@smartrentalstsv.com.au","role":"roles/compute.instanceAdmin.v1"},"sensitive_values":{"condition":[]},"depends_on":["module.cs-common.google_folder.folders","module.cs-common.google_folder_iam_binding.owners_combined","module.cs-folders-level-0.google_folder.folders","module.cs-folders-level-0.google_folder_iam_binding.owners_combined","module.cs-folders-level-1.google_folder.folders","module.cs-folders-level-1.google_folder_iam_binding.owners_combined","module.cs-folders-level-2.google_folder.folders","module.cs-folders-level-2.google_folder_iam_binding.owners_combined"]}],"address":"module.cs-folders-iam-7-computeinstanceAdminv1"},{"resources":[{"address":"module.cs-folders-iam-7-containeradmin.google_folder_iam_member.folder_iam_additive[\"default--roles/container.admin--group:gcp-developers@smartrentalstsv.com.au\"]","mode":"managed","type":"google_folder_iam_member","name":"folder_iam_additive","index":"default--roles/container.admin--group:gcp-developers@smartrentalstsv.com.au","provider_name":"registry.terraform.io/hashicorp/google","schema_version":0,"values":{"condition":[],"etag":"BwZE2FRiW8A=","folder":"folders/165865028466","id":"folders/165865028466/roles/container.admin/group:gcp-developers@smartrentalstsv.com.au","member":"group:gcp-developers@smartrentalstsv.com.au","role":"roles/container.admin"},"sensitive_values":{"condition":[]},"depends_on":["module.cs-common.google_folder.folders","module.cs-common.google_folder_iam_binding.owners_combined","module.cs-folders-level-0.google_folder.folders","module.cs-folders-level-0.google_folder_iam_binding.owners_combined","module.cs-folders-level-1.google_folder.folders","module.cs-folders-level-1.google_folder_iam_binding.owners_combined","module.cs-folders-level-2.google_folder.folders","module.cs-folders-level-2.google_folder_iam_binding.owners_combined"]}],"address":"module.cs-folders-iam-7-containeradmin"},{"resources":[{"address":"module.cs-folders-level-0[\"API_Manager\"].google_folder.folders[\"API_Manager\"]","mode":"managed","type":"google_folder","name":"folders","index":"API_Manager","provider_name":"registry.terraform.io/hashicorp/google","schema_version":0,"values":{"configured_capabilities":[],"create_time":"2025-11-27T07:06:20.549Z","deletion_protection":true,"display_name":"API_Manager","folder_id":"112933961464","id":"folders/112933961464","lifecycle_state":"ACTIVE","management_project":"","name":"folders/112933961464","parent":"organizations/403564791417","tags":null,"timeouts":null},"sensitive_values":{"configured_capabilities":[]}}],"address":"module.cs-folders-level-0[\"API_Manager\"]"},{"resources":[{"address":"module.cs-folders-level-0[\"Managers\"].google_folder.folders[\"Managers\"]","mode":"managed","type":"google_folder","name":"folders","index":"Managers","provider_name":"registry.terraform.io/hashicorp/google","schema_version":0,"values":{"configured_capabilities":[],"create_time":"2025-11-27T07:06:18.607Z","deletion_protection":true,"display_name":"Managers","folder_id":"1041835919178","id":"folders/1041835919178","lifecycle_state":"ACTIVE","management_project":"","name":"folders/1041835919178","parent":"organizations/403564791417","tags":null,"timeouts":null},"sensitive_values":{"configured_capabilities":[]}}],"address":"module.cs-folders-level-0[\"Managers\"]"},{"resources":[{"address":"module.cs-folders-level-0[\"Operations\"].google_folder.folders[\"Operations\"]","mode":"managed","type":"google_folder","name":"folders","index":"Operations","provider_name":"registry.terraform.io/hashicorp/google","schema_version":0,"values":{"configured_capabilities":[],"create_time":"2025-11-27T07:06:19.783Z","deletion_protection":true,"display_name":"Operations","folder_id":"791725784966","id":"folders/791725784966","lifecycle_state":"ACTIVE","management_project":"","name":"folders/791725784966","parent":"organizations/403564791417","tags":null,"timeouts":null},"sensitive_values":{"configured_capabilities":[]}}],"address":"module.cs-folders-level-0[\"Operations\"]"},{"resources":[{"address":"module.cs-folders-level-0[\"Sales\"].google_folder.folders[\"Sales\"]","mode":"managed","type":"google_folder","name":"folders","index":"Sales","provider_name":"registry.terraform.io/hashicorp/google","schema_version":0,"values":{"configured_capabilities":[],"create_time":"2025-11-27T07:06:20Z","deletion_protection":true,"display_name":"Sales","folder_id":"617097906382","id":"folders/617097906382","lifecycle_state":"ACTIVE","management_project":"","name":"folders/617097906382","parent":"organizations/403564791417","tags":null,"timeouts":null},"sensitive_values":{"configured_capabilities":[]}}],"address":"module.cs-folders-level-0[\"Sales\"]"},{"resources":[{"address":"module.cs-folders-level-1[\"API_Manager/Development\"].google_folder.folders[\"Development\"]","mode":"managed","type":"google_folder","name":"folders","index":"Development","provider_name":"registry.terraform.io/hashicorp/google","schema_version":0,"values":{"configured_capabilities":["folders/165865028466/capabilities/app-management"],"create_time":"2025-11-27T07:06:35.489Z","deletion_protection":true,"display_name":"Development","folder_id":"165865028466","id":"folders/165865028466","lifecycle_state":"ACTIVE","management_project":"projects/google-mpf-v4qhdqim51sq","name":"folders/165865028466","parent":"folders/112933961464","tags":null,"timeouts":null},"sensitive_values":{"configured_capabilities":[false]},"depends_on":["module.cs-folders-level-0.google_folder.folders","module.cs-folders-level-0.google_folder_iam_binding.owners_combined"]}],"address":"module.cs-folders-level-1[\"API_Manager/Development\"]"},{"resources":[{"address":"module.cs-folders-level-1[\"API_Manager/Non-Production\"].google_folder.folders[\"Non-Production\"]","mode":"managed","type":"google_folder","name":"folders","index":"Non-Production","provider_name":"registry.terraform.io/hashicorp/google","schema_version":0,"values":{"configured_capabilities":["folders/437428707484/capabilities/app-management"],"create_time":"2025-11-27T07:06:35.659Z","deletion_protection":true,"display_name":"Non-Production","folder_id":"437428707484","id":"folders/437428707484","lifecycle_state":"ACTIVE","management_project":"projects/google-mpf-hbj2cuhzco2a","name":"folders/437428707484","parent":"folders/112933961464","tags":null,"timeouts":null},"sensitive_values":{"configured_capabilities":[false]},"depends_on":["module.cs-folders-level-0.google_folder.folders","module.cs-folders-level-0.google_folder_iam_binding.owners_combined"]}],"address":"module.cs-folders-level-1[\"API_Manager/Non-Production\"]"},{"resources":[{"address":"module.cs-folders-level-1[\"API_Manager/Production\"].google_folder.folders[\"Production\"]","mode":"managed","type":"google_folder","name":"folders","index":"Production","provider_name":"registry.terraform.io/hashicorp/google","schema_version":0,"values":{"configured_capabilities":["folders/920044424654/capabilities/app-management"],"create_time":"2025-11-27T07:07:06.014Z","deletion_protection":true,"display_name":"Production","folder_id":"920044424654","id":"folders/920044424654","lifecycle_state":"ACTIVE","management_project":"projects/google-mpf-hcmce8st2sc8","name":"folders/920044424654","parent":"folders/112933961464","tags":null,"timeouts":null},"sensitive_values":{"configured_capabilities":[false]},"depends_on":["module.cs-folders-level-0.google_folder.folders","module.cs-folders-level-0.google_folder_iam_binding.owners_combined"]}],"address":"module.cs-folders-level-1[\"API_Manager/Production\"]"},{"resources":[{"address":"module.cs-folders-level-1[\"Managers/Development\"].google_folder.folders[\"Development\"]","mode":"managed","type":"google_folder","name":"folders","index":"Development","provider_name":"registry.terraform.io/hashicorp/google","schema_version":0,"values":{"configured_capabilities":["folders/815831532556/capabilities/app-management"],"create_time":"2025-11-27T07:06:35.294Z","deletion_protection":true,"display_name":"Development","folder_id":"815831532556","id":"folders/815831532556","lifecycle_state":"ACTIVE","management_project":"projects/google-mpf-chcg06qa6gnf","name":"folders/815831532556","parent":"folders/1041835919178","tags":null,"timeouts":null},"sensitive_values":{"configured_capabilities":[false]},"depends_on":["module.cs-folders-level-0.google_folder.folders","module.cs-folders-level-0.google_folder_iam_binding.owners_combined"]}],"address":"module.cs-folders-level-1[\"Managers/Development\"]"},{"resources":[{"address":"module.cs-folders-level-1[\"Managers/Non-Production\"].google_folder.folders[\"Non-Production\"]","mode":"managed","type":"google_folder","name":"folders","index":"Non-Production","provider_name":"registry.terraform.io/hashicorp/google","schema_version":0,"values":{"configured_capabilities":["folders/959991129302/capabilities/app-management"],"create_time":"2025-11-27T07:07:00.630Z","deletion_protection":true,"display_name":"Non-Production","folder_id":"959991129302","id":"folders/959991129302","lifecycle_state":"ACTIVE","management_project":"projects/google-mpf-uycqezc8148x","name":"folders/959991129302","parent":"folders/1041835919178","tags":null,"timeouts":null},"sensitive_values":{"configured_capabilities":[false]},"depends_on":["module.cs-folders-level-0.google_folder.folders","module.cs-folders-level-0.google_folder_iam_binding.owners_combined"]}],"address":"module.cs-folders-level-1[\"Managers/Non-Production\"]"},{"resources":[{"address":"module.cs-folders-level-1[\"Managers/Production\"].google_folder.folders[\"Production\"]","mode":"managed","type":"google_folder","name":"folders","index":"Production","provider_name":"registry.terraform.io/hashicorp/google","schema_version":0,"values":{"configured_capabilities":["folders/343520406158/capabilities/app-management"],"create_time":"2025-11-27T07:07:48.849Z","deletion_protection":true,"display_name":"Production","folder_id":"343520406158","id":"folders/343520406158","lifecycle_state":"ACTIVE","management_project":"projects/google-mpf-dbnpurab17rq","name":"folders/343520406158","parent":"folders/1041835919178","tags":null,"timeouts":null},"sensitive_values":{"configured_capabilities":[false]},"depends_on":["module.cs-folders-level-0.google_folder.folders","module.cs-folders-level-0.google_folder_iam_binding.owners_combined"]}],"address":"module.cs-folders-level-1[\"Managers/Production\"]"},{"resources":[{"address":"module.cs-folders-level-1[\"Operations/Development\"].google_folder.folders[\"Development\"]","mode":"managed","type":"google_folder","name":"folders","index":"Development","provider_name":"registry.terraform.io/hashicorp/google","schema_version":0,"values":{"configured_capabilities":["folders/1057673246676/capabilities/app-management"],"create_time":"2025-11-27T07:06:35.908Z","deletion_protection":true,"display_name":"Development","folder_id":"1057673246676","id":"folders/1057673246676","lifecycle_state":"ACTIVE","management_project":"projects/google-mpf-zgjzi8awa075","name":"folders/1057673246676","parent":"folders/791725784966","tags":null,"timeouts":null},"sensitive_values":{"configured_capabilities":[false]},"depends_on":["module.cs-folders-level-0.google_folder.folders","module.cs-folders-level-0.google_folder_iam_binding.owners_combined"]}],"address":"module.cs-folders-level-1[\"Operations/Development\"]"},{"resources":[{"address":"module.cs-folders-level-1[\"Operations/Non-Production\"].google_folder.folders[\"Non-Production\"]","mode":"managed","type":"google_folder","name":"folders","index":"Non-Production","provider_name":"registry.terraform.io/hashicorp/google","schema_version":0,"values":{"configured_capabilities":["folders/1082518302626/capabilities/app-management"],"create_time":"2025-11-27T07:06:35.712Z","deletion_protection":true,"display_name":"Non-Production","folder_id":"1082518302626","id":"folders/1082518302626","lifecycle_state":"ACTIVE","management_project":"projects/google-mpf-loz0kqizplx7","name":"folders/1082518302626","parent":"folders/791725784966","tags":null,"timeouts":null},"sensitive_values":{"configured_capabilities":[false]},"depends_on":["module.cs-folders-level-0.google_folder.folders","module.cs-folders-level-0.google_folder_iam_binding.owners_combined"]}],"address":"module.cs-folders-level-1[\"Operations/Non-Production\"]"},{"resources":[{"address":"module.cs-folders-level-1[\"Operations/Production\"].google_folder.folders[\"Production\"]","mode":"managed","type":"google_folder","name":"folders","index":"Production","provider_name":"registry.terraform.io/hashicorp/google","schema_version":0,"values":{"configured_capabilities":["folders/1057431337546/capabilities/app-management"],"create_time":"2025-11-27T07:07:49.644Z","deletion_protection":true,"display_name":"Production","folder_id":"1057431337546","id":"folders/1057431337546","lifecycle_state":"ACTIVE","management_project":"projects/google-mpf-394ri3gmo7tj","name":"folders/1057431337546","parent":"folders/791725784966","tags":null,"timeouts":null},"sensitive_values":{"configured_capabilities":[false]},"depends_on":["module.cs-folders-level-0.google_folder.folders","module.cs-folders-level-0.google_folder_iam_binding.owners_combined"]}],"address":"module.cs-folders-level-1[\"Operations/Production\"]"},{"resources":[{"address":"module.cs-folders-level-1[\"Sales/Development\"].google_folder.folders[\"Development\"]","mode":"managed","type":"google_folder","name":"folders","index":"Development","provider_name":"registry.terraform.io/hashicorp/google","schema_version":0,"values":{"configured_capabilities":["folders/160188010802/capabilities/app-management"],"create_time":"2025-11-27T07:06:36.743Z","deletion_protection":true,"display_name":"Development","folder_id":"160188010802","id":"folders/160188010802","lifecycle_state":"ACTIVE","management_project":"projects/google-mpf-e40kwzelplgr","name":"folders/160188010802","parent":"folders/617097906382","tags":null,"timeouts":null},"sensitive_values":{"configured_capabilities":[false]},"depends_on":["module.cs-folders-level-0.google_folder.folders","module.cs-folders-level-0.google_folder_iam_binding.owners_combined"]}],"address":"module.cs-folders-level-1[\"Sales/Development\"]"},{"resources":[{"address":"module.cs-folders-level-1[\"Sales/Non-Production\"].google_folder.folders[\"Non-Production\"]","mode":"managed","type":"google_folder","name":"folders","index":"Non-Production","provider_name":"registry.terraform.io/hashicorp/google","schema_version":0,"values":{"configured_capabilities":["folders/202287051102/capabilities/app-management"],"create_time":"2025-11-27T07:06:36.041Z","deletion_protection":true,"display_name":"Non-Production","folder_id":"202287051102","id":"folders/202287051102","lifecycle_state":"ACTIVE","management_project":"projects/google-mpf-ej1fsrx2kpsl","name":"folders/202287051102","parent":"folders/617097906382","tags":null,"timeouts":null},"sensitive_values":{"configured_capabilities":[false]},"depends_on":["module.cs-folders-level-0.google_folder.folders","module.cs-folders-level-0.google_folder_iam_binding.owners_combined"]}],"address":"module.cs-folders-level-1[\"Sales/Non-Production\"]"},{"resources":[{"address":"module.cs-folders-level-1[\"Sales/Production\"].google_folder.folders[\"Production\"]","mode":"managed","type":"google_folder","name":"folders","index":"Production","provider_name":"registry.terraform.io/hashicorp/google","schema_version":0,"values":{"configured_capabilities":["folders/472226013082/capabilities/app-management"],"create_time":"2025-11-27T07:07:00.997Z","deletion_protection":true,"display_name":"Production","folder_id":"472226013082","id":"folders/472226013082","lifecycle_state":"ACTIVE","management_project":"projects/google-mpf-4zkqw1jx7ofb","name":"folders/472226013082","parent":"folders/617097906382","tags":null,"timeouts":null},"sensitive_values":{"configured_capabilities":[false]},"depends_on":["module.cs-folders-level-0.google_folder.folders","module.cs-folders-level-0.google_folder_iam_binding.owners_combined"]}],"address":"module.cs-folders-level-1[\"Sales/Production\"]"},{"address":"module.cs-gg-operations-nonprod-service"},{"address":"module.cs-gg-operations-prod-service"},{"address":"module.cs-gg-sales-nonprod-service"},{"address":"module.cs-gg-sales-prod-service"},{"address":"module.cs-logsink-logbucketsink"},{"resources":[{"address":"module.cs-org-policy-compute_disableNestedVirtualization.google_org_policy_policy.org_policy_boolean[0]","mode":"managed","type":"google_org_policy_policy","name":"org_policy_boolean","index":0,"provider_name":"registry.terraform.io/hashicorp/google","schema_version":0,"values":{"dry_run_spec":[],"etag":"COSps8kGEMi5isQB-","id":"organizations/403564791417/policies/compute.disableNestedVirtualization","name":"compute.disableNestedVirtualization","parent":"organizations/403564791417","spec":[{"etag":"COSps8kGEMi5isQB","inherit_from_parent":false,"reset":false,"rules":[{"allow_all":"","condition":[],"deny_all":"","enforce":"TRUE","parameters":"","values":[]}],"update_time":"2025-11-30T23:36:04.411213Z"}],"timeouts":null},"sensitive_values":{"dry_run_spec":[],"spec":[{"rules":[{"condition":[],"values":[]}]}]}}],"address":"module.cs-org-policy-compute_disableNestedVirtualization"},{"resources":[{"address":"module.cs-org-policy-compute_disableSerialPortAccess.google_org_policy_policy.org_policy_boolean[0]","mode":"managed","type":"google_org_policy_policy","name":"org_policy_boolean","index":0,"provider_name":"registry.terraform.io/hashicorp/google","schema_version":0,"values":{"dry_run_spec":[],"etag":"COWps8kGEJCzrsQB-","id":"organizations/403564791417/policies/compute.disableSerialPortAccess","name":"compute.disableSerialPortAccess","parent":"organizations/403564791417","spec":[{"etag":"COWps8kGEJCzrsQB","inherit_from_parent":false,"reset":false,"rules":[{"allow_all":"","condition":[],"deny_all":"","enforce":"TRUE","parameters":"","values":[]}],"update_time":"2025-11-30T23:36:05.411802Z"}],"timeouts":null},"sensitive_values":{"dry_run_spec":[],"spec":[{"rules":[{"condition":[],"values":[]}]}]}}],"address":"module.cs-org-policy-compute_disableSerialPortAccess"},{"resources":[{"address":"module.cs-org-policy-compute_disableVpcExternalIpv6.google_org_policy_policy.org_policy_boolean[0]","mode":"managed","type":"google_org_policy_policy","name":"org_policy_boolean","index":0,"provider_name":"registry.terraform.io/hashicorp/google","schema_version":0,"values":{"dry_run_spec":[],"etag":"COOps8kGEMj1vdMC-","id":"organizations/403564791417/policies/compute.disableVpcExternalIpv6","name":"compute.disableVpcExternalIpv6","parent":"organizations/403564791417","spec":[{"etag":"COOps8kGEMj1vdMC","inherit_from_parent":false,"reset":false,"rules":[{"allow_all":"","condition":[],"deny_all":"","enforce":"TRUE","parameters":"","values":[]}],"update_time":"2025-11-30T23:36:03.711949Z"}],"timeouts":null},"sensitive_values":{"dry_run_spec":[],"spec":[{"rules":[{"condition":[],"values":[]}]}]}}],"address":"module.cs-org-policy-compute_disableVpcExternalIpv6"},{"resources":[{"address":"module.cs-org-policy-compute_requireOsLogin.google_org_policy_policy.org_policy_boolean[0]","mode":"managed","type":"google_org_policy_policy","name":"org_policy_boolean","index":0,"provider_name":"registry.terraform.io/hashicorp/google","schema_version":0,"values":{"dry_run_spec":[],"etag":"COSps8kGEMi8icQB-","id":"organizations/403564791417/policies/compute.requireOsLogin","name":"compute.requireOsLogin","parent":"organizations/403564791417","spec":[{"etag":"COSps8kGEMi8icQB","inherit_from_parent":false,"reset":false,"rules":[{"allow_all":"","condition":[],"deny_all":"","enforce":"TRUE","parameters":"","values":[]}],"update_time":"2025-11-30T23:36:04.411197Z"}],"timeouts":null},"sensitive_values":{"dry_run_spec":[],"spec":[{"rules":[{"condition":[],"values":[]}]}]}}],"address":"module.cs-org-policy-compute_requireOsLogin"},{"resources":[{"address":"module.cs-org-policy-compute_restrictProtocolForwardingCreationForTypes.google_org_policy_policy.organization_policy[0]","mode":"managed","type":"google_org_policy_policy","name":"organization_policy","index":0,"provider_name":"registry.terraform.io/hashicorp/google","schema_version":0,"values":{"dry_run_spec":[],"etag":"COWps8kGEICL8WQ=-","id":"organizations/403564791417/policies/compute.restrictProtocolForwardingCreationForTypes","name":"compute.restrictProtocolForwardingCreationForTypes","parent":"organizations/403564791417","spec":[{"etag":"COWps8kGEICL8WQ=","inherit_from_parent":false,"reset":false,"rules":[{"allow_all":"","condition":[],"deny_all":"","enforce":"","parameters":"","values":[{"allowed_values":["INTERNAL"],"denied_values":[]}]}],"update_time":"2025-11-30T23:36:05.211568Z"}],"timeouts":null},"sensitive_values":{"dry_run_spec":[],"spec":[{"rules":[{"condition":[],"values":[{"allowed_values":[false],"denied_values":[]}]}]}]}}],"address":"module.cs-org-policy-compute_restrictProtocolForwardingCreationForTypes"},{"resources":[{"address":"module.cs-org-policy-compute_restrictXpnProjectLienRemoval.google_org_policy_policy.org_policy_boolean[0]","mode":"managed","type":"google_org_policy_policy","name":"org_policy_boolean","index":0,"provider_name":"registry.terraform.io/hashicorp/google","schema_version":0,"values":{"dry_run_spec":[],"etag":"COWps8kGEMinkMQB-","id":"organizations/403564791417/policies/compute.restrictXpnProjectLienRemoval","name":"compute.restrictXpnProjectLienRemoval","parent":"organizations/403564791417","spec":[{"etag":"COWps8kGEMinkMQB","inherit_from_parent":false,"reset":false,"rules":[{"allow_all":"","condition":[],"deny_all":"","enforce":"TRUE","parameters":"","values":[]}],"update_time":"2025-11-30T23:36:05.411309Z"}],"timeouts":null},"sensitive_values":{"dry_run_spec":[],"spec":[{"rules":[{"condition":[],"values":[]}]}]}}],"address":"module.cs-org-policy-compute_restrictXpnProjectLienRemoval"},{"resources":[{"address":"module.cs-org-policy-compute_setNewProjectDefaultToZonalDNSOnly.google_org_policy_policy.org_policy_boolean[0]","mode":"managed","type":"google_org_policy_policy","name":"org_policy_boolean","index":0,"provider_name":"registry.terraform.io/hashicorp/google","schema_version":0,"values":{"dry_run_spec":[],"etag":"COSps8kGEJD4u7ID-","id":"organizations/403564791417/policies/compute.setNewProjectDefaultToZonalDNSOnly","name":"compute.setNewProjectDefaultToZonalDNSOnly","parent":"organizations/403564791417","spec":[{"etag":"COSps8kGEJD4u7ID","inherit_from_parent":false,"reset":false,"rules":[{"allow_all":"","condition":[],"deny_all":"","enforce":"TRUE","parameters":"","values":[]}],"update_time":"2025-11-30T23:36:04.911146Z"}],"timeouts":null},"sensitive_values":{"dry_run_spec":[],"spec":[{"rules":[{"condition":[],"values":[]}]}]}}],"address":"module.cs-org-policy-compute_setNewProjectDefaultToZonalDNSOnly"},{"resources":[{"address":"module.cs-org-policy-compute_skipDefaultNetworkCreation.google_org_policy_policy.org_policy_boolean[0]","mode":"managed","type":"google_org_policy_policy","name":"org_policy_boolean","index":0,"provider_name":"registry.terraform.io/hashicorp/google","schema_version":0,"values":{"dry_run_spec":[],"etag":"COWps8kGEJje8PMB-","id":"organizations/403564791417/policies/compute.skipDefaultNetworkCreation","name":"compute.skipDefaultNetworkCreation","parent":"organizations/403564791417","spec":[{"etag":"COWps8kGEJje8PMB","inherit_from_parent":false,"reset":false,"rules":[{"allow_all":"","condition":[],"deny_all":"","enforce":"TRUE","parameters":"","values":[]}],"update_time":"2025-11-30T23:36:05.511455Z"}],"timeouts":null},"sensitive_values":{"dry_run_spec":[],"spec":[{"rules":[{"condition":[],"values":[]}]}]}}],"address":"module.cs-org-policy-compute_skipDefaultNetworkCreation"},{"resources":[{"address":"module.cs-org-policy-compute_vmExternalIpAccess.google_org_policy_policy.organization_policy[0]","mode":"managed","type":"google_org_policy_policy","name":"organization_policy","index":0,"provider_name":"registry.terraform.io/hashicorp/google","schema_version":0,"values":{"dry_run_spec":[],"etag":"COWps8kGEOCljsQB-","id":"organizations/403564791417/policies/compute.vmExternalIpAccess","name":"compute.vmExternalIpAccess","parent":"organizations/403564791417","spec":[{"etag":"COWps8kGEOCljsQB","inherit_from_parent":false,"reset":false,"rules":[{"allow_all":"","condition":[],"deny_all":"TRUE","enforce":"","parameters":"","values":[]}],"update_time":"2025-11-30T23:36:05.411276Z"}],"timeouts":null},"sensitive_values":{"dry_run_spec":[],"spec":[{"rules":[{"condition":[],"values":[]}]}]}}],"address":"module.cs-org-policy-compute_vmExternalIpAccess"},{"resources":[{"address":"module.cs-org-policy-essentialcontacts_allowedContactDomains.google_org_policy_policy.organization_policy[0]","mode":"managed","type":"google_org_policy_policy","name":"organization_policy","index":0,"provider_name":"registry.terraform.io/hashicorp/google","schema_version":0,"values":{"dry_run_spec":[],"etag":"COSps8kGEPi52MQB-","id":"organizations/403564791417/policies/essentialcontacts.allowedContactDomains","name":"essentialcontacts.allowedContactDomains","parent":"organizations/403564791417","spec":[{"etag":"COSps8kGEPi52MQB","inherit_from_parent":false,"reset":false,"rules":[{"allow_all":"","condition":[],"deny_all":"","enforce":"","parameters":"","values":[{"allowed_values":["@smartrentalstsv.com.au"],"denied_values":[]}]}],"update_time":"2025-11-30T23:36:04.412491Z"}],"timeouts":null},"sensitive_values":{"dry_run_spec":[],"spec":[{"rules":[{"condition":[],"values":[{"allowed_values":[false],"denied_values":[]}]}]}]}}],"address":"module.cs-org-policy-essentialcontacts_allowedContactDomains"},{"resources":[{"address":"module.cs-org-policy-iam_allowedPolicyMemberDomains.google_org_policy_policy.organization_policy[0]","mode":"managed","type":"google_org_policy_policy","name":"organization_policy","index":0,"provider_name":"registry.terraform.io/hashicorp/google","schema_version":0,"values":{"dry_run_spec":[],"etag":"COSps8kGEIi5n8QB-","id":"organizations/403564791417/policies/iam.allowedPolicyMemberDomains","name":"iam.allowedPolicyMemberDomains","parent":"organizations/403564791417","spec":[{"etag":"COSps8kGEIi5n8QB","inherit_from_parent":false,"reset":false,"rules":[{"allow_all":"","condition":[],"deny_all":"","enforce":"","parameters":"","values":[{"allowed_values":["C00hs4gl3"],"denied_values":[]}]}],"update_time":"2025-11-30T23:36:04.411557Z"}],"timeouts":null},"sensitive_values":{"dry_run_spec":[],"spec":[{"rules":[{"condition":[],"values":[{"allowed_values":[false],"denied_values":[]}]}]}]}}],"address":"module.cs-org-policy-iam_allowedPolicyMemberDomains"},{"resources":[{"address":"module.cs-org-policy-iam_automaticIamGrantsForDefaultServiceAccounts.google_org_policy_policy.org_policy_boolean[0]","mode":"managed","type":"google_org_policy_policy","name":"org_policy_boolean","index":0,"provider_name":"registry.terraform.io/hashicorp/google","schema_version":0,"values":{"dry_run_spec":[],"etag":"COSps8kGEJi8uMQB-","id":"organizations/403564791417/policies/iam.automaticIamGrantsForDefaultServiceAccounts","name":"iam.automaticIamGrantsForDefaultServiceAccounts","parent":"organizations/403564791417","spec":[{"etag":"COSps8kGEJi8uMQB","inherit_from_parent":false,"reset":false,"rules":[{"allow_all":"","condition":[],"deny_all":"","enforce":"TRUE","parameters":"","values":[]}],"update_time":"2025-11-30T23:36:04.411967Z"}],"timeouts":null},"sensitive_values":{"dry_run_spec":[],"spec":[{"rules":[{"condition":[],"values":[]}]}]}}],"address":"module.cs-org-policy-iam_automaticIamGrantsForDefaultServiceAccounts"},{"resources":[{"address":"module.cs-org-policy-iam_disableServiceAccountKeyCreation.google_org_policy_policy.org_policy_boolean[0]","mode":"managed","type":"google_org_policy_policy","name":"org_policy_boolean","index":0,"provider_name":"registry.terraform.io/hashicorp/google","schema_version":0,"values":{"dry_run_spec":[],"etag":"COOps8kGEOCR2PMB-","id":"organizations/403564791417/policies/iam.disableServiceAccountKeyCreation","name":"iam.disableServiceAccountKeyCreation","parent":"organizations/403564791417","spec":[{"etag":"COOps8kGEOCR2PMB","inherit_from_parent":false,"reset":false,"rules":[{"allow_all":"","condition":[],"deny_all":"","enforce":"TRUE","parameters":"","values":[]}],"update_time":"2025-11-30T23:36:03.511052Z"}],"timeouts":null},"sensitive_values":{"dry_run_spec":[],"spec":[{"rules":[{"condition":[],"values":[]}]}]}}],"address":"module.cs-org-policy-iam_disableServiceAccountKeyCreation"},{"resources":[{"address":"module.cs-org-policy-iam_disableServiceAccountKeyUpload.google_org_policy_policy.org_policy_boolean[0]","mode":"managed","type":"google_org_policy_policy","name":"org_policy_boolean","index":0,"provider_name":"registry.terraform.io/hashicorp/google","schema_version":0,"values":{"dry_run_spec":[],"etag":"COOps8kGEPCMpNMC-","id":"organizations/403564791417/policies/iam.disableServiceAccountKeyUpload","name":"iam.disableServiceAccountKeyUpload","parent":"organizations/403564791417","spec":[{"etag":"COOps8kGEPCMpNMC","inherit_from_parent":false,"reset":false,"rules":[{"allow_all":"","condition":[],"deny_all":"","enforce":"TRUE","parameters":"","values":[]}],"update_time":"2025-11-30T23:36:03.711526Z"}],"timeouts":null},"sensitive_values":{"dry_run_spec":[],"spec":[{"rules":[{"condition":[],"values":[]}]}]}}],"address":"module.cs-org-policy-iam_disableServiceAccountKeyUpload"},{"resources":[{"address":"module.cs-org-policy-sql_restrictAuthorizedNetworks.google_org_policy_policy.org_policy_boolean[0]","mode":"managed","type":"google_org_policy_policy","name":"org_policy_boolean","index":0,"provider_name":"registry.terraform.io/hashicorp/google","schema_version":0,"values":{"dry_run_spec":[],"etag":"COWps8kGEKCbiTU=-","id":"organizations/403564791417/policies/sql.restrictAuthorizedNetworks","name":"sql.restrictAuthorizedNetworks","parent":"organizations/403564791417","spec":[{"etag":"COWps8kGEKCbiTU=","inherit_from_parent":false,"reset":false,"rules":[{"allow_all":"","condition":[],"deny_all":"","enforce":"TRUE","parameters":"","values":[]}],"update_time":"2025-11-30T23:36:05.111300Z"}],"timeouts":null},"sensitive_values":{"dry_run_spec":[],"spec":[{"rules":[{"condition":[],"values":[]}]}]}}],"address":"module.cs-org-policy-sql_restrictAuthorizedNetworks"},{"resources":[{"address":"module.cs-org-policy-sql_restrictPublicIp.google_org_policy_policy.org_policy_boolean[0]","mode":"managed","type":"google_org_policy_policy","name":"org_policy_boolean","index":0,"provider_name":"registry.terraform.io/hashicorp/google","schema_version":0,"values":{"dry_run_spec":[],"etag":"COSps8kGEMDYkNMC-","id":"organizations/403564791417/policies/sql.restrictPublicIp","name":"sql.restrictPublicIp","parent":"organizations/403564791417","spec":[{"etag":"COSps8kGEMDYkNMC","inherit_from_parent":false,"reset":false,"rules":[{"allow_all":"","condition":[],"deny_all":"","enforce":"TRUE","parameters":"","values":[]}],"update_time":"2025-11-30T23:36:04.711208Z"}],"timeouts":null},"sensitive_values":{"dry_run_spec":[],"spec":[{"rules":[{"condition":[],"values":[]}]}]}}],"address":"module.cs-org-policy-sql_restrictPublicIp"},{"resources":[{"address":"module.cs-org-policy-storage_publicAccessPrevention.google_org_policy_policy.org_policy_boolean[0]","mode":"managed","type":"google_org_policy_policy","name":"org_policy_boolean","index":0,"provider_name":"registry.terraform.io/hashicorp/google","schema_version":0,"values":{"dry_run_spec":[],"etag":"COSps8kGELDMsMQB-","id":"organizations/403564791417/policies/storage.publicAccessPrevention","name":"storage.publicAccessPrevention","parent":"organizations/403564791417","spec":[{"etag":"COSps8kGELDMsMQB","inherit_from_parent":false,"reset":false,"rules":[{"allow_all":"","condition":[],"deny_all":"","enforce":"TRUE","parameters":"","values":[]}],"update_time":"2025-11-30T23:36:04.411838Z"}],"timeouts":null},"sensitive_values":{"dry_run_spec":[],"spec":[{"rules":[{"condition":[],"values":[]}]}]}}],"address":"module.cs-org-policy-storage_publicAccessPrevention"},{"resources":[{"address":"module.cs-org-policy-storage_uniformBucketLevelAccess.google_org_policy_policy.org_policy_boolean[0]","mode":"managed","type":"google_org_policy_policy","name":"org_policy_boolean","index":0,"provider_name":"registry.terraform.io/hashicorp/google","schema_version":0,"values":{"dry_run_spec":[],"etag":"COSps8kGEIjk5MQB-","id":"organizations/403564791417/policies/storage.uniformBucketLevelAccess","name":"storage.uniformBucketLevelAccess","parent":"organizations/403564791417","spec":[{"etag":"COSps8kGEIjk5MQB","inherit_from_parent":false,"reset":false,"rules":[{"allow_all":"","condition":[],"deny_all":"","enforce":"TRUE","parameters":"","values":[]}],"update_time":"2025-11-30T23:36:04.412693Z"}],"timeouts":null},"sensitive_values":{"dry_run_spec":[],"spec":[{"rules":[{"condition":[],"values":[]}]}]}}],"address":"module.cs-org-policy-storage_uniformBucketLevelAccess"},{"resources":[{"address":"module.cs-prod-prod-australia-southeast1-gateway.random_id.secret","mode":"managed","type":"random_id","name":"secret","provider_name":"registry.terraform.io/hashicorp/random","schema_version":0,"values":{"b64_std":"TeVEucAtyJg=","b64_url":"TeVEucAtyJg","byte_length":8,"dec":"5612968075171055768","hex":"4de544b9c02dc898","id":"TeVEucAtyJg","keepers":null,"prefix":null},"sensitive_values":{}}],"address":"module.cs-prod-prod-australia-southeast1-gateway"},{"address":"module.cs-project-logging-monitoring","child_modules":[{"resources":[{"address":"module.cs-project-logging-monitoring.module.project-factory.random_id.random_project_id_suffix","mode":"managed","type":"random_id","name":"random_project_id_suffix","provider_name":"registry.terraform.io/hashicorp/random","schema_version":0,"values":{"b64_std":"woo=","b64_url":"woo","byte_length":2,"dec":"49802","hex":"c28a","id":"woo","keepers":null,"prefix":null},"sensitive_values":{},"depends_on":["module.cs-org-policy-compute_skipDefaultNetworkCreation.google_org_policy_policy.folder_policy","module.cs-org-policy-compute_skipDefaultNetworkCreation.google_org_policy_policy.folder_policy_boolean","module.cs-org-policy-compute_skipDefaultNetworkCreation.google_org_policy_policy.folder_policy_list_exclude_folders","module.cs-org-policy-compute_skipDefaultNetworkCreation.google_org_policy_policy.org_policy_boolean","module.cs-org-policy-compute_skipDefaultNetworkCreation.google_org_policy_policy.organization_policy","module.cs-org-policy-compute_skipDefaultNetworkCreation.google_org_policy_policy.policy_boolean_exclude_folders","module.cs-org-policy-compute_skipDefaultNetworkCreation.google_org_policy_policy.policy_boolean_exclude_projects","module.cs-org-policy-compute_skipDefaultNetworkCreation.google_org_policy_policy.project_policy","module.cs-org-policy-compute_skipDefaultNetworkCreation.google_org_policy_policy.project_policy_boolean","module.cs-org-policy-compute_skipDefaultNetworkCreation.google_org_policy_policy.project_policy_list_exclude_projects","module.cs-org-policy-iam_allowedPolicyMemberDomains.google_org_policy_policy.folder_policy","module.cs-org-policy-iam_allowedPolicyMemberDomains.google_org_policy_policy.folder_policy_boolean","module.cs-org-policy-iam_allowedPolicyMemberDomains.google_org_policy_policy.folder_policy_list_exclude_folders","module.cs-org-policy-iam_allowedPolicyMemberDomains.google_org_policy_policy.org_policy_boolean","module.cs-org-policy-iam_allowedPolicyMemberDomains.google_org_policy_policy.organization_policy","module.cs-org-policy-iam_allowedPolicyMemberDomains.google_org_policy_policy.policy_boolean_exclude_folders","module.cs-org-policy-iam_allowedPolicyMemberDomains.google_org_policy_policy.policy_boolean_exclude_projects","module.cs-org-policy-iam_allowedPolicyMemberDomains.google_org_policy_policy.project_policy","module.cs-org-policy-iam_allowedPolicyMemberDomains.google_org_policy_policy.project_policy_boolean","module.cs-org-policy-iam_allowedPolicyMemberDomains.google_org_policy_policy.project_policy_list_exclude_projects","module.cs-org-policy-iam_automaticIamGrantsForDefaultServiceAccounts.google_org_policy_policy.folder_policy","module.cs-org-policy-iam_automaticIamGrantsForDefaultServiceAccounts.google_org_policy_policy.folder_policy_boolean","module.cs-org-policy-iam_automaticIamGrantsForDefaultServiceAccounts.google_org_policy_policy.folder_policy_list_exclude_folders","module.cs-org-policy-iam_automaticIamGrantsForDefaultServiceAccounts.google_org_policy_policy.org_policy_boolean","module.cs-org-policy-iam_automaticIamGrantsForDefaultServiceAccounts.google_org_policy_policy.organization_policy","module.cs-org-policy-iam_automaticIamGrantsForDefaultServiceAccounts.google_org_policy_policy.policy_boolean_exclude_folders","module.cs-org-policy-iam_automaticIamGrantsForDefaultServiceAccounts.google_org_policy_policy.policy_boolean_exclude_projects","module.cs-org-policy-iam_automaticIamGrantsForDefaultServiceAccounts.google_org_policy_policy.project_policy","module.cs-org-policy-iam_automaticIamGrantsForDefaultServiceAccounts.google_org_policy_policy.project_policy_boolean","module.cs-org-policy-iam_automaticIamGrantsForDefaultServiceAccounts.google_org_policy_policy.project_policy_list_exclude_projects"]}],"address":"module.cs-project-logging-monitoring.module.project-factory","child_modules":[{"address":"module.cs-project-logging-monitoring.module.project-factory.module.project_services"}]}]},{"address":"module.cs-project-vpc-host-nonprod","child_modules":[{"resources":[{"address":"module.cs-project-vpc-host-nonprod.module.project-factory.random_id.random_project_id_suffix","mode":"managed","type":"random_id","name":"random_project_id_suffix","provider_name":"registry.terraform.io/hashicorp/random","schema_version":0,"values":{"b64_std":"Jx4=","b64_url":"Jx4","byte_length":2,"dec":"10014","hex":"271e","id":"Jx4","keepers":null,"prefix":null},"sensitive_values":{},"depends_on":["module.cs-org-policy-compute_skipDefaultNetworkCreation.google_org_policy_policy.folder_policy","module.cs-org-policy-compute_skipDefaultNetworkCreation.google_org_policy_policy.folder_policy_boolean","module.cs-org-policy-compute_skipDefaultNetworkCreation.google_org_policy_policy.folder_policy_list_exclude_folders","module.cs-org-policy-compute_skipDefaultNetworkCreation.google_org_policy_policy.org_policy_boolean","module.cs-org-policy-compute_skipDefaultNetworkCreation.google_org_policy_policy.organization_policy","module.cs-org-policy-compute_skipDefaultNetworkCreation.google_org_policy_policy.policy_boolean_exclude_folders","module.cs-org-policy-compute_skipDefaultNetworkCreation.google_org_policy_policy.policy_boolean_exclude_projects","module.cs-org-policy-compute_skipDefaultNetworkCreation.google_org_policy_policy.project_policy","module.cs-org-policy-compute_skipDefaultNetworkCreation.google_org_policy_policy.project_policy_boolean","module.cs-org-policy-compute_skipDefaultNetworkCreation.google_org_policy_policy.project_policy_list_exclude_projects","module.cs-org-policy-iam_allowedPolicyMemberDomains.google_org_policy_policy.folder_policy","module.cs-org-policy-iam_allowedPolicyMemberDomains.google_org_policy_policy.folder_policy_boolean","module.cs-org-policy-iam_allowedPolicyMemberDomains.google_org_policy_policy.folder_policy_list_exclude_folders","module.cs-org-policy-iam_allowedPolicyMemberDomains.google_org_policy_policy.org_policy_boolean","module.cs-org-policy-iam_allowedPolicyMemberDomains.google_org_policy_policy.organization_policy","module.cs-org-policy-iam_allowedPolicyMemberDomains.google_org_policy_policy.policy_boolean_exclude_folders","module.cs-org-policy-iam_allowedPolicyMemberDomains.google_org_policy_policy.policy_boolean_exclude_projects","module.cs-org-policy-iam_allowedPolicyMemberDomains.google_org_policy_policy.project_policy","module.cs-org-policy-iam_allowedPolicyMemberDomains.google_org_policy_policy.project_policy_boolean","module.cs-org-policy-iam_allowedPolicyMemberDomains.google_org_policy_policy.project_policy_list_exclude_projects","module.cs-org-policy-iam_automaticIamGrantsForDefaultServiceAccounts.google_org_policy_policy.folder_policy","module.cs-org-policy-iam_automaticIamGrantsForDefaultServiceAccounts.google_org_policy_policy.folder_policy_boolean","module.cs-org-policy-iam_automaticIamGrantsForDefaultServiceAccounts.google_org_policy_policy.folder_policy_list_exclude_folders","module.cs-org-policy-iam_automaticIamGrantsForDefaultServiceAccounts.google_org_policy_policy.org_policy_boolean","module.cs-org-policy-iam_automaticIamGrantsForDefaultServiceAccounts.google_org_policy_policy.organization_policy","module.cs-org-policy-iam_automaticIamGrantsForDefaultServiceAccounts.google_org_policy_policy.policy_boolean_exclude_folders","module.cs-org-policy-iam_automaticIamGrantsForDefaultServiceAccounts.google_org_policy_policy.policy_boolean_exclude_projects","module.cs-org-policy-iam_automaticIamGrantsForDefaultServiceAccounts.google_org_policy_policy.project_policy","module.cs-org-policy-iam_automaticIamGrantsForDefaultServiceAccounts.google_org_policy_policy.project_policy_boolean","module.cs-org-policy-iam_automaticIamGrantsForDefaultServiceAccounts.google_org_policy_policy.project_policy_list_exclude_projects"]}],"address":"module.cs-project-vpc-host-nonprod.module.project-factory","child_modules":[{"address":"module.cs-project-vpc-host-nonprod.module.project-factory.module.project_services"}]}]},{"address":"module.cs-project-vpc-host-prod","child_modules":[{"resources":[{"address":"module.cs-project-vpc-host-prod.module.project-factory.random_id.random_project_id_suffix","mode":"managed","type":"random_id","name":"random_project_id_suffix","provider_name":"registry.terraform.io/hashicorp/random","schema_version":0,"values":{"b64_std":"u6g=","b64_url":"u6g","byte_length":2,"dec":"48040","hex":"bba8","id":"u6g","keepers":null,"prefix":null},"sensitive_values":{},"depends_on":["module.cs-org-policy-compute_skipDefaultNetworkCreation.google_org_policy_policy.folder_policy","module.cs-org-policy-compute_skipDefaultNetworkCreation.google_org_policy_policy.folder_policy_boolean","module.cs-org-policy-compute_skipDefaultNetworkCreation.google_org_policy_policy.folder_policy_list_exclude_folders","module.cs-org-policy-compute_skipDefaultNetworkCreation.google_org_policy_policy.org_policy_boolean","module.cs-org-policy-compute_skipDefaultNetworkCreation.google_org_policy_policy.organization_policy","module.cs-org-policy-compute_skipDefaultNetworkCreation.google_org_policy_policy.policy_boolean_exclude_folders","module.cs-org-policy-compute_skipDefaultNetworkCreation.google_org_policy_policy.policy_boolean_exclude_projects","module.cs-org-policy-compute_skipDefaultNetworkCreation.google_org_policy_policy.project_policy","module.cs-org-policy-compute_skipDefaultNetworkCreation.google_org_policy_policy.project_policy_boolean","module.cs-org-policy-compute_skipDefaultNetworkCreation.google_org_policy_policy.project_policy_list_exclude_projects","module.cs-org-policy-iam_allowedPolicyMemberDomains.google_org_policy_policy.folder_policy","module.cs-org-policy-iam_allowedPolicyMemberDomains.google_org_policy_policy.folder_policy_boolean","module.cs-org-policy-iam_allowedPolicyMemberDomains.google_org_policy_policy.folder_policy_list_exclude_folders","module.cs-org-policy-iam_allowedPolicyMemberDomains.google_org_policy_policy.org_policy_boolean","module.cs-org-policy-iam_allowedPolicyMemberDomains.google_org_policy_policy.organization_policy","module.cs-org-policy-iam_allowedPolicyMemberDomains.google_org_policy_policy.policy_boolean_exclude_folders","module.cs-org-policy-iam_allowedPolicyMemberDomains.google_org_policy_policy.policy_boolean_exclude_projects","module.cs-org-policy-iam_allowedPolicyMemberDomains.google_org_policy_policy.project_policy","module.cs-org-policy-iam_allowedPolicyMemberDomains.google_org_policy_policy.project_policy_boolean","module.cs-org-policy-iam_allowedPolicyMemberDomains.google_org_policy_policy.project_policy_list_exclude_projects","module.cs-org-policy-iam_automaticIamGrantsForDefaultServiceAccounts.google_org_policy_policy.folder_policy","module.cs-org-policy-iam_automaticIamGrantsForDefaultServiceAccounts.google_org_policy_policy.folder_policy_boolean","module.cs-org-policy-iam_automaticIamGrantsForDefaultServiceAccounts.google_org_policy_policy.folder_policy_list_exclude_folders","module.cs-org-policy-iam_automaticIamGrantsForDefaultServiceAccounts.google_org_policy_policy.org_policy_boolean","module.cs-org-policy-iam_automaticIamGrantsForDefaultServiceAccounts.google_org_policy_policy.organization_policy","module.cs-org-policy-iam_automaticIamGrantsForDefaultServiceAccounts.google_org_policy_policy.policy_boolean_exclude_folders","module.cs-org-policy-iam_automaticIamGrantsForDefaultServiceAccounts.google_org_policy_policy.policy_boolean_exclude_projects","module.cs-org-policy-iam_automaticIamGrantsForDefaultServiceAccounts.google_org_policy_policy.project_policy","module.cs-org-policy-iam_automaticIamGrantsForDefaultServiceAccounts.google_org_policy_policy.project_policy_boolean","module.cs-org-policy-iam_automaticIamGrantsForDefaultServiceAccounts.google_org_policy_policy.project_policy_list_exclude_projects"]}],"address":"module.cs-project-vpc-host-prod.module.project-factory","child_modules":[{"address":"module.cs-project-vpc-host-prod.module.project-factory.module.project_services"}]}]},{"address":"module.cs-svc-smart-rentals-prod-svc","child_modules":[{"resources":[{"address":"module.cs-svc-smart-rentals-prod-svc.module.project-factory.google_project.main","mode":"managed","type":"google_project","name":"main","provider_name":"registry.terraform.io/hashicorp/google","schema_version":1,"values":{"auto_create_network":false,"billing_account":"01A890-50B478-5C132C","deletion_policy":"PREVENT","effective_labels":{"goog-cloudsetup":"downloaded","goog-terraform-provisioned":"true"},"folder_id":"1057431337546","id":"projects/smart-rentals-prod-svc","labels":{},"name":"smart-rentals-prod-service","number":"367720462542","org_id":"","project_id":"smart-rentals-prod-svc","tags":null,"terraform_labels":{"goog-cloudsetup":"downloaded","goog-terraform-provisioned":"true"},"timeouts":null},"sensitive_values":{"effective_labels":{},"labels":{},"terraform_labels":{}},"depends_on":["module.cs-common.google_folder.folders","module.cs-common.google_folder_iam_binding.owners_combined","module.cs-folders-level-0.google_folder.folders","module.cs-folders-level-0.google_folder_iam_binding.owners_combined","module.cs-folders-level-1.google_folder.folders","module.cs-folders-level-1.google_folder_iam_binding.owners_combined","module.cs-folders-level-2.google_folder.folders","module.cs-folders-level-2.google_folder_iam_binding.owners_combined","module.cs-svc-smart-rentals-prod-svc.module.project-factory.random_id.random_project_id_suffix","module.cs-svc-smart-rentals-prod-svc.module.project-factory.random_string.random_project_id_suffix"]},{"address":"module.cs-svc-smart-rentals-prod-svc.module.project-factory.google_project_default_service_accounts.default_service_accounts[0]","mode":"managed","type":"google_project_default_service_accounts","name":"default_service_accounts","index":0,"provider_name":"registry.terraform.io/hashicorp/google","schema_version":0,"values":{"action":"DISABLE","id":"projects/smart-rentals-prod-svc","project":"smart-rentals-prod-svc","restore_policy":"REVERT_AND_IGNORE_FAILURE","service_accounts":{"106181603088281449238":"367720462542-compute@developer.gserviceaccount.com"},"timeouts":null},"sensitive_values":{"service_accounts":{}},"depends_on":["module.cs-common.google_folder.folders","module.cs-common.google_folder_iam_binding.owners_combined","module.cs-folders-level-0.google_folder.folders","module.cs-folders-level-0.google_folder_iam_binding.owners_combined","module.cs-folders-level-1.google_folder.folders","module.cs-folders-level-1.google_folder_iam_binding.owners_combined","module.cs-folders-level-2.google_folder.folders","module.cs-folders-level-2.google_folder_iam_binding.owners_combined","module.cs-svc-smart-rentals-prod-svc.module.project-factory.google_project.main","module.cs-svc-smart-rentals-prod-svc.module.project-factory.module.project_services.data.google_compute_default_service_account.default","module.cs-svc-smart-rentals-prod-svc.module.project-factory.module.project_services.google_project_iam_member.project_service_identity_roles","module.cs-svc-smart-rentals-prod-svc.module.project-factory.module.project_services.google_project_service.project_services","module.cs-svc-smart-rentals-prod-svc.module.project-factory.module.project_services.google_project_service_identity.project_service_identities","module.cs-svc-smart-rentals-prod-svc.module.project-factory.random_id.random_project_id_suffix","module.cs-svc-smart-rentals-prod-svc.module.project-factory.random_string.random_project_id_suffix"]},{"address":"module.cs-svc-smart-rentals-prod-svc.module.project-factory.google_service_account.default_service_account[0]","mode":"managed","type":"google_service_account","name":"default_service_account","index":0,"provider_name":"registry.terraform.io/hashicorp/google","schema_version":0,"values":{"account_id":"project-service-account","create_ignore_already_exists":true,"description":"","disabled":false,"display_name":"smart-rentals-prod-service Project Service Account","email":"project-service-account@smart-rentals-prod-svc.iam.gserviceaccount.com","id":"projects/smart-rentals-prod-svc/serviceAccounts/project-service-account@smart-rentals-prod-svc.iam.gserviceaccount.com","member":"serviceAccount:project-service-account@smart-rentals-prod-svc.iam.gserviceaccount.com","name":"projects/smart-rentals-prod-svc/serviceAccounts/project-service-account@smart-rentals-prod-svc.iam.gserviceaccount.com","project":"smart-rentals-prod-svc","timeouts":null,"unique_id":"117950569651485963524"},"sensitive_values":{},"depends_on":["module.cs-common.google_folder.folders","module.cs-common.google_folder_iam_binding.owners_combined","module.cs-folders-level-0.google_folder.folders","module.cs-folders-level-0.google_folder_iam_binding.owners_combined","module.cs-folders-level-1.google_folder.folders","module.cs-folders-level-1.google_folder_iam_binding.owners_combined","module.cs-folders-level-2.google_folder.folders","module.cs-folders-level-2.google_folder_iam_binding.owners_combined","module.cs-svc-smart-rentals-prod-svc.module.project-factory.google_project.main","module.cs-svc-smart-rentals-prod-svc.module.project-factory.random_id.random_project_id_suffix","module.cs-svc-smart-rentals-prod-svc.module.project-factory.random_string.random_project_id_suffix"]},{"address":"module.cs-svc-smart-rentals-prod-svc.module.project-factory.random_id.random_project_id_suffix","mode":"managed","type":"random_id","name":"random_project_id_suffix","provider_name":"registry.terraform.io/hashicorp/random","schema_version":0,"values":{"b64_std":"sbw=","b64_url":"sbw","byte_length":2,"dec":"45500","hex":"b1bc","id":"sbw","keepers":null,"prefix":null},"sensitive_values":{}}],"address":"module.cs-svc-smart-rentals-prod-svc.module.project-factory","child_modules":[{"resources":[{"address":"module.cs-svc-smart-rentals-prod-svc.module.project-factory.module.project_services.google_project_service.project_services[\"artifactregistry.googleapis.com\"]","mode":"managed","type":"google_project_service","name":"project_services","index":"artifactregistry.googleapis.com","provider_name":"registry.terraform.io/hashicorp/google","schema_version":0,"values":{"disable_dependent_services":true,"disable_on_destroy":true,"id":"smart-rentals-prod-svc/artifactregistry.googleapis.com","project":"smart-rentals-prod-svc","service":"artifactregistry.googleapis.com","timeouts":null},"sensitive_values":{},"depends_on":["module.cs-common.google_folder.folders","module.cs-common.google_folder_iam_binding.owners_combined","module.cs-folders-level-0.google_folder.folders","module.cs-folders-level-0.google_folder_iam_binding.owners_combined","module.cs-folders-level-1.google_folder.folders","module.cs-folders-level-1.google_folder_iam_binding.owners_combined","module.cs-folders-level-2.google_folder.folders","module.cs-folders-level-2.google_folder_iam_binding.owners_combined","module.cs-svc-smart-rentals-prod-svc.module.project-factory.google_project.main","module.cs-svc-smart-rentals-prod-svc.module.project-factory.random_id.random_project_id_suffix","module.cs-svc-smart-rentals-prod-svc.module.project-factory.random_string.random_project_id_suffix"]},{"address":"module.cs-svc-smart-rentals-prod-svc.module.project-factory.module.project_services.google_project_service.project_services[\"cloudbuild.googleapis.com\"]","mode":"managed","type":"google_project_service","name":"project_services","index":"cloudbuild.googleapis.com","provider_name":"registry.terraform.io/hashicorp/google","schema_version":0,"values":{"disable_dependent_services":true,"disable_on_destroy":true,"id":"smart-rentals-prod-svc/cloudbuild.googleapis.com","project":"smart-rentals-prod-svc","service":"cloudbuild.googleapis.com","timeouts":null},"sensitive_values":{},"depends_on":["module.cs-common.google_folder.folders","module.cs-common.google_folder_iam_binding.owners_combined","module.cs-folders-level-0.google_folder.folders","module.cs-folders-level-0.google_folder_iam_binding.owners_combined","module.cs-folders-level-1.google_folder.folders","module.cs-folders-level-1.google_folder_iam_binding.owners_combined","module.cs-folders-level-2.google_folder.folders","module.cs-folders-level-2.google_folder_iam_binding.owners_combined","module.cs-svc-smart-rentals-prod-svc.module.project-factory.google_project.main","module.cs-svc-smart-rentals-prod-svc.module.project-factory.random_id.random_project_id_suffix","module.cs-svc-smart-rentals-prod-svc.module.project-factory.random_string.random_project_id_suffix"]},{"address":"module.cs-svc-smart-rentals-prod-svc.module.project-factory.module.project_services.google_project_service.project_services[\"compute.googleapis.com\"]","mode":"managed","type":"google_project_service","name":"project_services","index":"compute.googleapis.com","provider_name":"registry.terraform.io/hashicorp/google","schema_version":0,"values":{"disable_dependent_services":true,"disable_on_destroy":true,"id":"smart-rentals-prod-svc/compute.googleapis.com","project":"smart-rentals-prod-svc","service":"compute.googleapis.com","timeouts":null},"sensitive_values":{},"depends_on":["module.cs-common.google_folder.folders","module.cs-common.google_folder_iam_binding.owners_combined","module.cs-folders-level-0.google_folder.folders","module.cs-folders-level-0.google_folder_iam_binding.owners_combined","module.cs-folders-level-1.google_folder.folders","module.cs-folders-level-1.google_folder_iam_binding.owners_combined","module.cs-folders-level-2.google_folder.folders","module.cs-folders-level-2.google_folder_iam_binding.owners_combined","module.cs-svc-smart-rentals-prod-svc.module.project-factory.google_project.main","module.cs-svc-smart-rentals-prod-svc.module.project-factory.random_id.random_project_id_suffix","module.cs-svc-smart-rentals-prod-svc.module.project-factory.random_string.random_project_id_suffix"]},{"address":"module.cs-svc-smart-rentals-prod-svc.module.project-factory.module.project_services.google_project_service.project_services[\"run.googleapis.com\"]","mode":"managed","type":"google_project_service","name":"project_services","index":"run.googleapis.com","provider_name":"registry.terraform.io/hashicorp/google","schema_version":0,"values":{"disable_dependent_services":true,"disable_on_destroy":true,"id":"smart-rentals-prod-svc/run.googleapis.com","project":"smart-rentals-prod-svc","service":"run.googleapis.com","timeouts":null},"sensitive_values":{},"depends_on":["module.cs-common.google_folder.folders","module.cs-common.google_folder_iam_binding.owners_combined","module.cs-folders-level-0.google_folder.folders","module.cs-folders-level-0.google_folder_iam_binding.owners_combined","module.cs-folders-level-1.google_folder.folders","module.cs-folders-level-1.google_folder_iam_binding.owners_combined","module.cs-folders-level-2.google_folder.folders","module.cs-folders-level-2.google_folder_iam_binding.owners_combined","module.cs-svc-smart-rentals-prod-svc.module.project-factory.google_project.main","module.cs-svc-smart-rentals-prod-svc.module.project-factory.random_id.random_project_id_suffix","module.cs-svc-smart-rentals-prod-svc.module.project-factory.random_string.random_project_id_suffix"]}],"address":"module.cs-svc-smart-rentals-prod-svc.module.project-factory.module.project_services"}]},{"address":"module.cs-svc-smart-rentals-prod-svc.module.shared_vpc_access"}]},{"address":"module.cs-vpc-prod-shared","child_modules":[{"address":"module.cs-vpc-prod-shared.module.vpc"}]}]}}},"configuration":{"provider_config":{"google":{"name":"google","full_name":"registry.terraform.io/hashicorp/google","version_constraint":"\u003e= 6.34.0","expressions":{"billing_project":{"references":["var.billing_project"]},"default_labels":{"constant_value":{"goog-cloudsetup":"downloaded"}},"user_project_override":{"constant_value":true}}},"google-beta":{"name":"google-beta","full_name":"registry.terraform.io/hashicorp/google-beta","version_constraint":"\u003e= 6.34.0","expressions":{"billing_project":{"references":["var.billing_project"]},"user_project_override":{"constant_value":true}}},"module.cs-project-logging-monitoring.module.project-factory:null":{"name":"null","full_name":"registry.terraform.io/hashicorp/null","version_constraint":"\u003e= 2.1.0","module_address":"module.cs-project-logging-monitoring.module.project-factory"},"module.cs-project-logging-monitoring.module.project-factory:random":{"name":"random","full_name":"registry.terraform.io/hashicorp/random","version_constraint":"\u003e= 2.2.0","module_address":"module.cs-project-logging-monitoring.module.project-factory"},"module.cs-project-logging-monitoring.module.project-factory:time":{"name":"time","full_name":"registry.terraform.io/hashicorp/time","version_constraint":"\u003e= 0.5.0","module_address":"module.cs-project-logging-monitoring.module.project-factory"},"module.cs-project-vpc-host-nonprod.module.project-factory:null":{"name":"null","full_name":"registry.terraform.io/hashicorp/null","version_constraint":"\u003e= 2.1.0","module_address":"module.cs-project-vpc-host-nonprod.module.project-factory"},"module.cs-project-vpc-host-nonprod.module.project-factory:random":{"name":"random","full_name":"registry.terraform.io/hashicorp/random","version_constraint":"\u003e= 2.2.0","module_address":"module.cs-project-vpc-host-nonprod.module.project-factory"},"module.cs-project-vpc-host-nonprod.module.project-factory:time":{"name":"time","full_name":"registry.terraform.io/hashicorp/time","version_constraint":"\u003e= 0.5.0","module_address":"module.cs-project-vpc-host-nonprod.module.project-factory"},"module.cs-project-vpc-host-prod.module.project-factory:null":{"name":"null","full_name":"registry.terraform.io/hashicorp/null","version_constraint":"\u003e= 2.1.0","module_address":"module.cs-project-vpc-host-prod.module.project-factory"},"module.cs-project-vpc-host-prod.module.project-factory:random":{"name":"random","full_name":"registry.terraform.io/hashicorp/random","version_constraint":"\u003e= 2.2.0","module_address":"module.cs-project-vpc-host-prod.module.project-factory"},"module.cs-project-vpc-host-prod.module.project-factory:time":{"name":"time","full_name":"registry.terraform.io/hashicorp/time","version_constraint":"\u003e= 0.5.0","module_address":"module.cs-project-vpc-host-prod.module.project-factory"},"module.cs-svc-smart-rentals-prod-svc.module.project-factory:null":{"name":"null","full_name":"registry.terraform.io/hashicorp/null","version_constraint":"\u003e= 2.1.0","module_address":"module.cs-svc-smart-rentals-prod-svc.module.project-factory"},"module.cs-svc-smart-rentals-prod-svc.module.project-factory:random":{"name":"random","full_name":"registry.terraform.io/hashicorp/random","version_constraint":"\u003e= 2.2.0","module_address":"module.cs-svc-smart-rentals-prod-svc.module.project-factory"},"module.cs-svc-smart-rentals-prod-svc.module.project-factory:time":{"name":"time","full_name":"registry.terraform.io/hashicorp/time","version_constraint":"\u003e= 0.5.0","module_address":"module.cs-svc-smart-rentals-prod-svc.module.project-factory"},"random":{"name":"random","full_name":"registry.terraform.io/hashicorp/random"},"time":{"name":"time","full_name":"registry.terraform.io/hashicorp/time"}},"root_module":{"resources":[{"address":"google_artifact_registry_repository.smart_rentals_web","mode":"managed","type":"google_artifact_registry_repository","name":"smart_rentals_web","provider_config_key":"google","expressions":{"description":{"constant_value":"Docker repository for Smart Rentals Web App"},"format":{"constant_value":"DOCKER"},"location":{"constant_value":"australia-southeast1"},"project":{"constant_value":"smart-rentals-prod-svc"},"repository_id":{"constant_value":"smart-rentals-web"}},"schema_version":0},{"address":"google_cloud_run_service.smart_rentals_web","mode":"managed","type":"google_cloud_run_service","name":"smart_rentals_web","provider_config_key":"google","expressions":{"location":{"constant_value":"australia-southeast1"},"name":{"constant_value":"smart-rentals-web"},"project":{"constant_value":"smart-rentals-prod-svc"},"template":[{"spec":[{"containers":[{"image":{"constant_value":"us-docker.pkg.dev/cloudrun/container/hello"},"ports":[{"container_port":{"constant_value":3000}}]}]}]}],"traffic":[{"latest_revision":{"constant_value":true},"percent":{"constant_value":100}}]},"schema_version":2},{"address":"google_monitoring_monitored_project.cs-monitored-projects","mode":"managed","type":"google_monitoring_monitored_project","name":"cs-monitored-projects","provider_config_key":"google","expressions":{"metrics_scope":{"references":["module.cs-project-logging-monitoring.project_id","module.cs-project-logging-monitoring"]},"name":{"references":["each.value"]}},"schema_version":1,"for_each_expression":{"references":["module.cs-project-vpc-host-prod.project_id","module.cs-project-vpc-host-prod","module.cs-project-vpc-host-nonprod.project_id","module.cs-project-vpc-host-nonprod"]}},{"address":"google_resource_manager_capability.capability","mode":"managed","type":"google_resource_manager_capability","name":"capability","provider_config_key":"google-beta","expressions":{"capability_name":{"constant_value":"app-management"},"parent":{"references":["local.folder_map","each.key"]},"value":{"constant_value":true}},"schema_version":0,"for_each_expression":{"references":["var.application_enabled_folder_paths"]},"depends_on":["time_sleep.wait_for_folder_creations"]},{"address":"random_id.suffix","mode":"managed","type":"random_id","name":"suffix","provider_config_key":"random","expressions":{"byte_length":{"constant_value":4}},"schema_version":0},{"address":"random_integer.hostnum","mode":"managed","type":"random_integer","name":"hostnum","provider_config_key":"random","expressions":{"max":{"constant_value":65535},"min":{"constant_value":1}},"schema_version":0,"for_each_expression":{"references":["local.envs"]}},{"address":"time_sleep.wait_for_folder_creations","mode":"managed","type":"time_sleep","name":"wait_for_folder_creations","provider_config_key":"time","expressions":{"create_duration":{"constant_value":"60s"}},"schema_version":0,"depends_on":["module.cs-folders-level-0","module.cs-folders-level-1","module.cs-folders-level-2"]},{"address":"data.google_organization.org","mode":"data","type":"google_organization","name":"org","provider_config_key":"google","expressions":{"organization":{"references":["var.org_id"]}},"schema_version":0},{"address":"data.google_secret_manager_secret_version_access.secret_data","mode":"data","type":"google_secret_manager_secret_version_access","name":"secret_data","provider_config_key":"google","expressions":{"project":{"references":["each.value.secret_project","each.value"]},"secret":{"references":["each.value.secret_name","each.value"]},"version":{"references":["each.value.secret_version","each.value"]}},"schema_version":0,"for_each_expression":{"references":["local.envs"]}}],"module_calls":{"cs-common":{"source":"terraform-google-modules/folders/google","expressions":{"deletion_protection":{"constant_value":false},"names":{"constant_value":["Common"]},"parent":{"references":["var.org_id"]}},"module":{"outputs":{"folder":{"expression":{"references":["local.first_folder"]},"description":"Folder resource (for single use)."},"folders":{"expression":{"references":["local.folders_list"]},"description":"Folder resources as list."},"folders_map":{"expression":{"references":["google_folder.folders"]},"description":"Folder resources by name."},"id":{"expression":{"references":["local.first_folder.name","local.first_folder"]},"description":"Folder id (for single use)."},"ids":{"expression":{"references":["var.names","google_folder.folders"]},"description":"Folder ids."},"ids_list":{"expression":{"references":["local.folders_list"]},"description":"List of folder ids."},"name":{"expression":{"references":["local.first_folder.display_name","local.first_folder"]},"description":"Folder name (for single use)."},"names":{"expression":{"references":["google_folder.folders"]},"description":"Folder names."},"names_list":{"expression":{"references":["local.folders_list"]},"description":"List of folder names."},"per_folder_admins":{"expression":{"references":["var.per_folder_admins"]},"description":"IAM-style members per folder who will get extended permissions."}},"resources":[{"address":"google_folder.folders","mode":"managed","type":"google_folder","name":"folders","provider_config_key":"google","expressions":{"deletion_protection":{"references":["var.deletion_protection"]},"display_name":{"references":["local.prefix","each.value"]},"parent":{"references":["var.parent"]}},"schema_version":0,"for_each_expression":{"references":["var.names"]}},{"address":"google_folder_iam_binding.owners_combined","mode":"managed","type":"google_folder_iam_binding","name":"owners_combined","provider_config_key":"google","expressions":{"folder":{"references":["google_folder.folders","each.value.name","each.value"]},"members":{"references":["each.value.members","each.value","var.all_folder_admins","var.names","each.value.name","each.value","var.all_folder_admins"]},"role":{"references":["each.value.role","each.value"]}},"schema_version":0,"for_each_expression":{"references":["local.folder_iam_bindings"]}}],"variables":{"all_folder_admins":{"default":[],"description":"List of IAM-style members that will get the extended permissions across all the folders."},"deletion_protection":{"default":true,"description":"Prevent Terraform from destroying or recreating the folder."},"folder_admin_roles":{"default":["roles/owner","roles/resourcemanager.folderViewer","roles/resourcemanager.projectCreator","roles/compute.networkAdmin"],"description":"List of roles that will be applied to a folder if roles are not explictly specified in per_folder_admins"},"names":{"default":[],"description":"Folder names."},"parent":{"description":"The resource name of the parent Folder or Organization. Must be of the form folders/folder_id or organizations/org_id"},"per_folder_admins":{"default":{},"description":"IAM-style roles per members per folder who will get extended permissions. If roles are not provided for a folder/member combination, the list provided as `folder_admin_roles` will be applied as default."},"prefix":{"default":"","description":"Optional prefix to enforce uniqueness of folder names."},"set_roles":{"default":false,"description":"Enable setting roles via the folder admin variables."}}},"version_constraint":"~\u003e 5.0"},"cs-folders-iam-0-computeinstanceAdminv1":{"source":"terraform-google-modules/iam/google//modules/folders_iam","expressions":{"bindings":{"constant_value":{"roles/compute.instanceAdmin.v1":["group:gcp-developers@smartrentalstsv.com.au"]}},"folders":{"references":["local.folder_map[\"Sales/Non-Production\"].id","local.folder_map[\"Sales/Non-Production\"]","local.folder_map"]}},"module":{"outputs":{"folders":{"expression":{"references":["module.helper.bindings_by_member","module.helper"]},"depends_on":["google_folder_iam_binding.folder_iam_authoritative","google_folder_iam_member.folder_iam_additive"],"description":"Folders which received bindings."},"members":{"expression":{"references":["module.helper.bindings_by_member","module.helper"]},"description":"Members which were bound to the folders."},"roles":{"expression":{"references":["module.helper.bindings_by_member","module.helper"]},"description":"Roles which were assigned to members."}},"resources":[{"address":"google_folder_iam_binding.folder_iam_authoritative","mode":"managed","type":"google_folder_iam_binding","name":"folder_iam_authoritative","provider_config_key":"google","expressions":{"folder":{"references":["module.helper.bindings_authoritative","module.helper","each.key"]},"members":{"references":["module.helper.bindings_authoritative","module.helper","each.key"]},"role":{"references":["module.helper.bindings_authoritative","module.helper","each.key"]}},"schema_version":0,"for_each_expression":{"references":["module.helper.set_authoritative","module.helper"]}},{"address":"google_folder_iam_member.folder_iam_additive","mode":"managed","type":"google_folder_iam_member","name":"folder_iam_additive","provider_config_key":"google","expressions":{"folder":{"references":["module.helper.bindings_additive","module.helper","each.key"]},"member":{"references":["module.helper.bindings_additive","module.helper","each.key"]},"role":{"references":["module.helper.bindings_additive","module.helper","each.key"]}},"schema_version":0,"for_each_expression":{"references":["module.helper.set_additive","module.helper"]}}],"module_calls":{"helper":{"source":"../helper","expressions":{"bindings":{"references":["var.bindings"]},"conditional_bindings":{"references":["var.conditional_bindings"]},"entities":{"references":["var.folders"]},"mode":{"references":["var.mode"]}},"module":{"outputs":{"bindings_additive":{"expression":{"references":["local.bindings_additive"]},"description":"Map of additive bindings for entities. Unwinded by members."},"bindings_authoritative":{"expression":{"references":["local.bindings_authoritative"]},"description":"Map of authoritative bindings for entities. Unwinded by roles."},"bindings_by_member":{"expression":{"references":["local.bindings_by_member"]},"description":"List of bindings for entities unwinded by members."},"set_additive":{"expression":{"references":["local.set_additive"]},"description":"A set of additive binding keys (from bindings_additive) to be used in for_each. Unwinded by members."},"set_authoritative":{"expression":{"references":["local.set_authoritative"]},"description":"A set of authoritative binding keys (from bindings_authoritative) to be used in for_each. Unwinded by roles."}},"variables":{"bindings":{"default":{},"description":"Map of role (key) and list of members (value) to add the IAM policies/bindings"},"conditional_bindings":{"default":[],"description":"List of maps of role and respective conditions, and the members to add the IAM policies/bindings"},"entities":{"description":"Entities list to add the IAM policies/bindings"},"mode":{"default":"additive","description":"Mode for adding the IAM policies/bindings, additive and authoritative"}}}}},"variables":{"bindings":{"default":{},"description":"Map of role (key) and list of members (value) to add the IAM policies/bindings"},"conditional_bindings":{"default":[],"description":"List of maps of role and respective conditions, and the members to add the IAM policies/bindings"},"folders":{"default":[],"description":"Folders list to add the IAM policies/bindings"},"mode":{"default":"additive","description":"Mode for adding the IAM policies/bindings, additive and authoritative"}}},"version_constraint":"~\u003e 8.0"},"cs-folders-iam-0-containeradmin":{"source":"terraform-google-modules/iam/google//modules/folders_iam","expressions":{"bindings":{"constant_value":{"roles/container.admin":["group:gcp-developers@smartrentalstsv.com.au"]}},"folders":{"references":["local.folder_map[\"Sales/Non-Production\"].id","local.folder_map[\"Sales/Non-Production\"]","local.folder_map"]}},"module":{"outputs":{"folders":{"expression":{"references":["module.helper.bindings_by_member","module.helper"]},"depends_on":["google_folder_iam_binding.folder_iam_authoritative","google_folder_iam_member.folder_iam_additive"],"description":"Folders which received bindings."},"members":{"expression":{"references":["module.helper.bindings_by_member","module.helper"]},"description":"Members which were bound to the folders."},"roles":{"expression":{"references":["module.helper.bindings_by_member","module.helper"]},"description":"Roles which were assigned to members."}},"resources":[{"address":"google_folder_iam_binding.folder_iam_authoritative","mode":"managed","type":"google_folder_iam_binding","name":"folder_iam_authoritative","provider_config_key":"google","expressions":{"folder":{"references":["module.helper.bindings_authoritative","module.helper","each.key"]},"members":{"references":["module.helper.bindings_authoritative","module.helper","each.key"]},"role":{"references":["module.helper.bindings_authoritative","module.helper","each.key"]}},"schema_version":0,"for_each_expression":{"references":["module.helper.set_authoritative","module.helper"]}},{"address":"google_folder_iam_member.folder_iam_additive","mode":"managed","type":"google_folder_iam_member","name":"folder_iam_additive","provider_config_key":"google","expressions":{"folder":{"references":["module.helper.bindings_additive","module.helper","each.key"]},"member":{"references":["module.helper.bindings_additive","module.helper","each.key"]},"role":{"references":["module.helper.bindings_additive","module.helper","each.key"]}},"schema_version":0,"for_each_expression":{"references":["module.helper.set_additive","module.helper"]}}],"module_calls":{"helper":{"source":"../helper","expressions":{"bindings":{"references":["var.bindings"]},"conditional_bindings":{"references":["var.conditional_bindings"]},"entities":{"references":["var.folders"]},"mode":{"references":["var.mode"]}},"module":{"outputs":{"bindings_additive":{"expression":{"references":["local.bindings_additive"]},"description":"Map of additive bindings for entities. Unwinded by members."},"bindings_authoritative":{"expression":{"references":["local.bindings_authoritative"]},"description":"Map of authoritative bindings for entities. Unwinded by roles."},"bindings_by_member":{"expression":{"references":["local.bindings_by_member"]},"description":"List of bindings for entities unwinded by members."},"set_additive":{"expression":{"references":["local.set_additive"]},"description":"A set of additive binding keys (from bindings_additive) to be used in for_each. Unwinded by members."},"set_authoritative":{"expression":{"references":["local.set_authoritative"]},"description":"A set of authoritative binding keys (from bindings_authoritative) to be used in for_each. Unwinded by roles."}},"variables":{"bindings":{"default":{},"description":"Map of role (key) and list of members (value) to add the IAM policies/bindings"},"conditional_bindings":{"default":[],"description":"List of maps of role and respective conditions, and the members to add the IAM policies/bindings"},"entities":{"description":"Entities list to add the IAM policies/bindings"},"mode":{"default":"additive","description":"Mode for adding the IAM policies/bindings, additive and authoritative"}}}}},"variables":{"bindings":{"default":{},"description":"Map of role (key) and list of members (value) to add the IAM policies/bindings"},"conditional_bindings":{"default":[],"description":"List of maps of role and respective conditions, and the members to add the IAM policies/bindings"},"folders":{"default":[],"description":"Folders list to add the IAM policies/bindings"},"mode":{"default":"additive","description":"Mode for adding the IAM policies/bindings, additive and authoritative"}}},"version_constraint":"~\u003e 8.0"},"cs-folders-iam-1-computeinstanceAdminv1":{"source":"terraform-google-modules/iam/google//modules/folders_iam","expressions":{"bindings":{"constant_value":{"roles/compute.instanceAdmin.v1":["group:gcp-developers@smartrentalstsv.com.au"]}},"folders":{"references":["local.folder_map[\"Operations/Non-Production\"].id","local.folder_map[\"Operations/Non-Production\"]","local.folder_map"]}},"module":{"outputs":{"folders":{"expression":{"references":["module.helper.bindings_by_member","module.helper"]},"depends_on":["google_folder_iam_binding.folder_iam_authoritative","google_folder_iam_member.folder_iam_additive"],"description":"Folders which received bindings."},"members":{"expression":{"references":["module.helper.bindings_by_member","module.helper"]},"description":"Members which were bound to the folders."},"roles":{"expression":{"references":["module.helper.bindings_by_member","module.helper"]},"description":"Roles which were assigned to members."}},"resources":[{"address":"google_folder_iam_binding.folder_iam_authoritative","mode":"managed","type":"google_folder_iam_binding","name":"folder_iam_authoritative","provider_config_key":"google","expressions":{"folder":{"references":["module.helper.bindings_authoritative","module.helper","each.key"]},"members":{"references":["module.helper.bindings_authoritative","module.helper","each.key"]},"role":{"references":["module.helper.bindings_authoritative","module.helper","each.key"]}},"schema_version":0,"for_each_expression":{"references":["module.helper.set_authoritative","module.helper"]}},{"address":"google_folder_iam_member.folder_iam_additive","mode":"managed","type":"google_folder_iam_member","name":"folder_iam_additive","provider_config_key":"google","expressions":{"folder":{"references":["module.helper.bindings_additive","module.helper","each.key"]},"member":{"references":["module.helper.bindings_additive","module.helper","each.key"]},"role":{"references":["module.helper.bindings_additive","module.helper","each.key"]}},"schema_version":0,"for_each_expression":{"references":["module.helper.set_additive","module.helper"]}}],"module_calls":{"helper":{"source":"../helper","expressions":{"bindings":{"references":["var.bindings"]},"conditional_bindings":{"references":["var.conditional_bindings"]},"entities":{"references":["var.folders"]},"mode":{"references":["var.mode"]}},"module":{"outputs":{"bindings_additive":{"expression":{"references":["local.bindings_additive"]},"description":"Map of additive bindings for entities. Unwinded by members."},"bindings_authoritative":{"expression":{"references":["local.bindings_authoritative"]},"description":"Map of authoritative bindings for entities. Unwinded by roles."},"bindings_by_member":{"expression":{"references":["local.bindings_by_member"]},"description":"List of bindings for entities unwinded by members."},"set_additive":{"expression":{"references":["local.set_additive"]},"description":"A set of additive binding keys (from bindings_additive) to be used in for_each. Unwinded by members."},"set_authoritative":{"expression":{"references":["local.set_authoritative"]},"description":"A set of authoritative binding keys (from bindings_authoritative) to be used in for_each. Unwinded by roles."}},"variables":{"bindings":{"default":{},"description":"Map of role (key) and list of members (value) to add the IAM policies/bindings"},"conditional_bindings":{"default":[],"description":"List of maps of role and respective conditions, and the members to add the IAM policies/bindings"},"entities":{"description":"Entities list to add the IAM policies/bindings"},"mode":{"default":"additive","description":"Mode for adding the IAM policies/bindings, additive and authoritative"}}}}},"variables":{"bindings":{"default":{},"description":"Map of role (key) and list of members (value) to add the IAM policies/bindings"},"conditional_bindings":{"default":[],"description":"List of maps of role and respective conditions, and the members to add the IAM policies/bindings"},"folders":{"default":[],"description":"Folders list to add the IAM policies/bindings"},"mode":{"default":"additive","description":"Mode for adding the IAM policies/bindings, additive and authoritative"}}},"version_constraint":"~\u003e 8.0"},"cs-folders-iam-1-containeradmin":{"source":"terraform-google-modules/iam/google//modules/folders_iam","expressions":{"bindings":{"constant_value":{"roles/container.admin":["group:gcp-developers@smartrentalstsv.com.au"]}},"folders":{"references":["local.folder_map[\"Operations/Non-Production\"].id","local.folder_map[\"Operations/Non-Production\"]","local.folder_map"]}},"module":{"outputs":{"folders":{"expression":{"references":["module.helper.bindings_by_member","module.helper"]},"depends_on":["google_folder_iam_binding.folder_iam_authoritative","google_folder_iam_member.folder_iam_additive"],"description":"Folders which received bindings."},"members":{"expression":{"references":["module.helper.bindings_by_member","module.helper"]},"description":"Members which were bound to the folders."},"roles":{"expression":{"references":["module.helper.bindings_by_member","module.helper"]},"description":"Roles which were assigned to members."}},"resources":[{"address":"google_folder_iam_binding.folder_iam_authoritative","mode":"managed","type":"google_folder_iam_binding","name":"folder_iam_authoritative","provider_config_key":"google","expressions":{"folder":{"references":["module.helper.bindings_authoritative","module.helper","each.key"]},"members":{"references":["module.helper.bindings_authoritative","module.helper","each.key"]},"role":{"references":["module.helper.bindings_authoritative","module.helper","each.key"]}},"schema_version":0,"for_each_expression":{"references":["module.helper.set_authoritative","module.helper"]}},{"address":"google_folder_iam_member.folder_iam_additive","mode":"managed","type":"google_folder_iam_member","name":"folder_iam_additive","provider_config_key":"google","expressions":{"folder":{"references":["module.helper.bindings_additive","module.helper","each.key"]},"member":{"references":["module.helper.bindings_additive","module.helper","each.key"]},"role":{"references":["module.helper.bindings_additive","module.helper","each.key"]}},"schema_version":0,"for_each_expression":{"references":["module.helper.set_additive","module.helper"]}}],"module_calls":{"helper":{"source":"../helper","expressions":{"bindings":{"references":["var.bindings"]},"conditional_bindings":{"references":["var.conditional_bindings"]},"entities":{"references":["var.folders"]},"mode":{"references":["var.mode"]}},"module":{"outputs":{"bindings_additive":{"expression":{"references":["local.bindings_additive"]},"description":"Map of additive bindings for entities. Unwinded by members."},"bindings_authoritative":{"expression":{"references":["local.bindings_authoritative"]},"description":"Map of authoritative bindings for entities. Unwinded by roles."},"bindings_by_member":{"expression":{"references":["local.bindings_by_member"]},"description":"List of bindings for entities unwinded by members."},"set_additive":{"expression":{"references":["local.set_additive"]},"description":"A set of additive binding keys (from bindings_additive) to be used in for_each. Unwinded by members."},"set_authoritative":{"expression":{"references":["local.set_authoritative"]},"description":"A set of authoritative binding keys (from bindings_authoritative) to be used in for_each. Unwinded by roles."}},"variables":{"bindings":{"default":{},"description":"Map of role (key) and list of members (value) to add the IAM policies/bindings"},"conditional_bindings":{"default":[],"description":"List of maps of role and respective conditions, and the members to add the IAM policies/bindings"},"entities":{"description":"Entities list to add the IAM policies/bindings"},"mode":{"default":"additive","description":"Mode for adding the IAM policies/bindings, additive and authoritative"}}}}},"variables":{"bindings":{"default":{},"description":"Map of role (key) and list of members (value) to add the IAM policies/bindings"},"conditional_bindings":{"default":[],"description":"List of maps of role and respective conditions, and the members to add the IAM policies/bindings"},"folders":{"default":[],"description":"Folders list to add the IAM policies/bindings"},"mode":{"default":"additive","description":"Mode for adding the IAM policies/bindings, additive and authoritative"}}},"version_constraint":"~\u003e 8.0"},"cs-folders-iam-2-computeinstanceAdminv1":{"source":"terraform-google-modules/iam/google//modules/folders_iam","expressions":{"bindings":{"constant_value":{"roles/compute.instanceAdmin.v1":["group:gcp-developers@smartrentalstsv.com.au"]}},"folders":{"references":["local.folder_map[\"Managers/Non-Production\"].id","local.folder_map[\"Managers/Non-Production\"]","local.folder_map"]}},"module":{"outputs":{"folders":{"expression":{"references":["module.helper.bindings_by_member","module.helper"]},"depends_on":["google_folder_iam_binding.folder_iam_authoritative","google_folder_iam_member.folder_iam_additive"],"description":"Folders which received bindings."},"members":{"expression":{"references":["module.helper.bindings_by_member","module.helper"]},"description":"Members which were bound to the folders."},"roles":{"expression":{"references":["module.helper.bindings_by_member","module.helper"]},"description":"Roles which were assigned to members."}},"resources":[{"address":"google_folder_iam_binding.folder_iam_authoritative","mode":"managed","type":"google_folder_iam_binding","name":"folder_iam_authoritative","provider_config_key":"google","expressions":{"folder":{"references":["module.helper.bindings_authoritative","module.helper","each.key"]},"members":{"references":["module.helper.bindings_authoritative","module.helper","each.key"]},"role":{"references":["module.helper.bindings_authoritative","module.helper","each.key"]}},"schema_version":0,"for_each_expression":{"references":["module.helper.set_authoritative","module.helper"]}},{"address":"google_folder_iam_member.folder_iam_additive","mode":"managed","type":"google_folder_iam_member","name":"folder_iam_additive","provider_config_key":"google","expressions":{"folder":{"references":["module.helper.bindings_additive","module.helper","each.key"]},"member":{"references":["module.helper.bindings_additive","module.helper","each.key"]},"role":{"references":["module.helper.bindings_additive","module.helper","each.key"]}},"schema_version":0,"for_each_expression":{"references":["module.helper.set_additive","module.helper"]}}],"module_calls":{"helper":{"source":"../helper","expressions":{"bindings":{"references":["var.bindings"]},"conditional_bindings":{"references":["var.conditional_bindings"]},"entities":{"references":["var.folders"]},"mode":{"references":["var.mode"]}},"module":{"outputs":{"bindings_additive":{"expression":{"references":["local.bindings_additive"]},"description":"Map of additive bindings for entities. Unwinded by members."},"bindings_authoritative":{"expression":{"references":["local.bindings_authoritative"]},"description":"Map of authoritative bindings for entities. Unwinded by roles."},"bindings_by_member":{"expression":{"references":["local.bindings_by_member"]},"description":"List of bindings for entities unwinded by members."},"set_additive":{"expression":{"references":["local.set_additive"]},"description":"A set of additive binding keys (from bindings_additive) to be used in for_each. Unwinded by members."},"set_authoritative":{"expression":{"references":["local.set_authoritative"]},"description":"A set of authoritative binding keys (from bindings_authoritative) to be used in for_each. Unwinded by roles."}},"variables":{"bindings":{"default":{},"description":"Map of role (key) and list of members (value) to add the IAM policies/bindings"},"conditional_bindings":{"default":[],"description":"List of maps of role and respective conditions, and the members to add the IAM policies/bindings"},"entities":{"description":"Entities list to add the IAM policies/bindings"},"mode":{"default":"additive","description":"Mode for adding the IAM policies/bindings, additive and authoritative"}}}}},"variables":{"bindings":{"default":{},"description":"Map of role (key) and list of members (value) to add the IAM policies/bindings"},"conditional_bindings":{"default":[],"description":"List of maps of role and respective conditions, and the members to add the IAM policies/bindings"},"folders":{"default":[],"description":"Folders list to add the IAM policies/bindings"},"mode":{"default":"additive","description":"Mode for adding the IAM policies/bindings, additive and authoritative"}}},"version_constraint":"~\u003e 8.0"},"cs-folders-iam-2-containeradmin":{"source":"terraform-google-modules/iam/google//modules/folders_iam","expressions":{"bindings":{"constant_value":{"roles/container.admin":["group:gcp-developers@smartrentalstsv.com.au"]}},"folders":{"references":["local.folder_map[\"Managers/Non-Production\"].id","local.folder_map[\"Managers/Non-Production\"]","local.folder_map"]}},"module":{"outputs":{"folders":{"expression":{"references":["module.helper.bindings_by_member","module.helper"]},"depends_on":["google_folder_iam_binding.folder_iam_authoritative","google_folder_iam_member.folder_iam_additive"],"description":"Folders which received bindings."},"members":{"expression":{"references":["module.helper.bindings_by_member","module.helper"]},"description":"Members which were bound to the folders."},"roles":{"expression":{"references":["module.helper.bindings_by_member","module.helper"]},"description":"Roles which were assigned to members."}},"resources":[{"address":"google_folder_iam_binding.folder_iam_authoritative","mode":"managed","type":"google_folder_iam_binding","name":"folder_iam_authoritative","provider_config_key":"google","expressions":{"folder":{"references":["module.helper.bindings_authoritative","module.helper","each.key"]},"members":{"references":["module.helper.bindings_authoritative","module.helper","each.key"]},"role":{"references":["module.helper.bindings_authoritative","module.helper","each.key"]}},"schema_version":0,"for_each_expression":{"references":["module.helper.set_authoritative","module.helper"]}},{"address":"google_folder_iam_member.folder_iam_additive","mode":"managed","type":"google_folder_iam_member","name":"folder_iam_additive","provider_config_key":"google","expressions":{"folder":{"references":["module.helper.bindings_additive","module.helper","each.key"]},"member":{"references":["module.helper.bindings_additive","module.helper","each.key"]},"role":{"references":["module.helper.bindings_additive","module.helper","each.key"]}},"schema_version":0,"for_each_expression":{"references":["module.helper.set_additive","module.helper"]}}],"module_calls":{"helper":{"source":"../helper","expressions":{"bindings":{"references":["var.bindings"]},"conditional_bindings":{"references":["var.conditional_bindings"]},"entities":{"references":["var.folders"]},"mode":{"references":["var.mode"]}},"module":{"outputs":{"bindings_additive":{"expression":{"references":["local.bindings_additive"]},"description":"Map of additive bindings for entities. Unwinded by members."},"bindings_authoritative":{"expression":{"references":["local.bindings_authoritative"]},"description":"Map of authoritative bindings for entities. Unwinded by roles."},"bindings_by_member":{"expression":{"references":["local.bindings_by_member"]},"description":"List of bindings for entities unwinded by members."},"set_additive":{"expression":{"references":["local.set_additive"]},"description":"A set of additive binding keys (from bindings_additive) to be used in for_each. Unwinded by members."},"set_authoritative":{"expression":{"references":["local.set_authoritative"]},"description":"A set of authoritative binding keys (from bindings_authoritative) to be used in for_each. Unwinded by roles."}},"variables":{"bindings":{"default":{},"description":"Map of role (key) and list of members (value) to add the IAM policies/bindings"},"conditional_bindings":{"default":[],"description":"List of maps of role and respective conditions, and the members to add the IAM policies/bindings"},"entities":{"description":"Entities list to add the IAM policies/bindings"},"mode":{"default":"additive","description":"Mode for adding the IAM policies/bindings, additive and authoritative"}}}}},"variables":{"bindings":{"default":{},"description":"Map of role (key) and list of members (value) to add the IAM policies/bindings"},"conditional_bindings":{"default":[],"description":"List of maps of role and respective conditions, and the members to add the IAM policies/bindings"},"folders":{"default":[],"description":"Folders list to add the IAM policies/bindings"},"mode":{"default":"additive","description":"Mode for adding the IAM policies/bindings, additive and authoritative"}}},"version_constraint":"~\u003e 8.0"},"cs-folders-iam-3-computeinstanceAdminv1":{"source":"terraform-google-modules/iam/google//modules/folders_iam","expressions":{"bindings":{"constant_value":{"roles/compute.instanceAdmin.v1":["group:gcp-developers@smartrentalstsv.com.au"]}},"folders":{"references":["local.folder_map[\"API_Manager/Non-Production\"].id","local.folder_map[\"API_Manager/Non-Production\"]","local.folder_map"]}},"module":{"outputs":{"folders":{"expression":{"references":["module.helper.bindings_by_member","module.helper"]},"depends_on":["google_folder_iam_binding.folder_iam_authoritative","google_folder_iam_member.folder_iam_additive"],"description":"Folders which received bindings."},"members":{"expression":{"references":["module.helper.bindings_by_member","module.helper"]},"description":"Members which were bound to the folders."},"roles":{"expression":{"references":["module.helper.bindings_by_member","module.helper"]},"description":"Roles which were assigned to members."}},"resources":[{"address":"google_folder_iam_binding.folder_iam_authoritative","mode":"managed","type":"google_folder_iam_binding","name":"folder_iam_authoritative","provider_config_key":"google","expressions":{"folder":{"references":["module.helper.bindings_authoritative","module.helper","each.key"]},"members":{"references":["module.helper.bindings_authoritative","module.helper","each.key"]},"role":{"references":["module.helper.bindings_authoritative","module.helper","each.key"]}},"schema_version":0,"for_each_expression":{"references":["module.helper.set_authoritative","module.helper"]}},{"address":"google_folder_iam_member.folder_iam_additive","mode":"managed","type":"google_folder_iam_member","name":"folder_iam_additive","provider_config_key":"google","expressions":{"folder":{"references":["module.helper.bindings_additive","module.helper","each.key"]},"member":{"references":["module.helper.bindings_additive","module.helper","each.key"]},"role":{"references":["module.helper.bindings_additive","module.helper","each.key"]}},"schema_version":0,"for_each_expression":{"references":["module.helper.set_additive","module.helper"]}}],"module_calls":{"helper":{"source":"../helper","expressions":{"bindings":{"references":["var.bindings"]},"conditional_bindings":{"references":["var.conditional_bindings"]},"entities":{"references":["var.folders"]},"mode":{"references":["var.mode"]}},"module":{"outputs":{"bindings_additive":{"expression":{"references":["local.bindings_additive"]},"description":"Map of additive bindings for entities. Unwinded by members."},"bindings_authoritative":{"expression":{"references":["local.bindings_authoritative"]},"description":"Map of authoritative bindings for entities. Unwinded by roles."},"bindings_by_member":{"expression":{"references":["local.bindings_by_member"]},"description":"List of bindings for entities unwinded by members."},"set_additive":{"expression":{"references":["local.set_additive"]},"description":"A set of additive binding keys (from bindings_additive) to be used in for_each. Unwinded by members."},"set_authoritative":{"expression":{"references":["local.set_authoritative"]},"description":"A set of authoritative binding keys (from bindings_authoritative) to be used in for_each. Unwinded by roles."}},"variables":{"bindings":{"default":{},"description":"Map of role (key) and list of members (value) to add the IAM policies/bindings"},"conditional_bindings":{"default":[],"description":"List of maps of role and respective conditions, and the members to add the IAM policies/bindings"},"entities":{"description":"Entities list to add the IAM policies/bindings"},"mode":{"default":"additive","description":"Mode for adding the IAM policies/bindings, additive and authoritative"}}}}},"variables":{"bindings":{"default":{},"description":"Map of role (key) and list of members (value) to add the IAM policies/bindings"},"conditional_bindings":{"default":[],"description":"List of maps of role and respective conditions, and the members to add the IAM policies/bindings"},"folders":{"default":[],"description":"Folders list to add the IAM policies/bindings"},"mode":{"default":"additive","description":"Mode for adding the IAM policies/bindings, additive and authoritative"}}},"version_constraint":"~\u003e 8.0"},"cs-folders-iam-3-containeradmin":{"source":"terraform-google-modules/iam/google//modules/folders_iam","expressions":{"bindings":{"constant_value":{"roles/container.admin":["group:gcp-developers@smartrentalstsv.com.au"]}},"folders":{"references":["local.folder_map[\"API_Manager/Non-Production\"].id","local.folder_map[\"API_Manager/Non-Production\"]","local.folder_map"]}},"module":{"outputs":{"folders":{"expression":{"references":["module.helper.bindings_by_member","module.helper"]},"depends_on":["google_folder_iam_binding.folder_iam_authoritative","google_folder_iam_member.folder_iam_additive"],"description":"Folders which received bindings."},"members":{"expression":{"references":["module.helper.bindings_by_member","module.helper"]},"description":"Members which were bound to the folders."},"roles":{"expression":{"references":["module.helper.bindings_by_member","module.helper"]},"description":"Roles which were assigned to members."}},"resources":[{"address":"google_folder_iam_binding.folder_iam_authoritative","mode":"managed","type":"google_folder_iam_binding","name":"folder_iam_authoritative","provider_config_key":"google","expressions":{"folder":{"references":["module.helper.bindings_authoritative","module.helper","each.key"]},"members":{"references":["module.helper.bindings_authoritative","module.helper","each.key"]},"role":{"references":["module.helper.bindings_authoritative","module.helper","each.key"]}},"schema_version":0,"for_each_expression":{"references":["module.helper.set_authoritative","module.helper"]}},{"address":"google_folder_iam_member.folder_iam_additive","mode":"managed","type":"google_folder_iam_member","name":"folder_iam_additive","provider_config_key":"google","expressions":{"folder":{"references":["module.helper.bindings_additive","module.helper","each.key"]},"member":{"references":["module.helper.bindings_additive","module.helper","each.key"]},"role":{"references":["module.helper.bindings_additive","module.helper","each.key"]}},"schema_version":0,"for_each_expression":{"references":["module.helper.set_additive","module.helper"]}}],"module_calls":{"helper":{"source":"../helper","expressions":{"bindings":{"references":["var.bindings"]},"conditional_bindings":{"references":["var.conditional_bindings"]},"entities":{"references":["var.folders"]},"mode":{"references":["var.mode"]}},"module":{"outputs":{"bindings_additive":{"expression":{"references":["local.bindings_additive"]},"description":"Map of additive bindings for entities. Unwinded by members."},"bindings_authoritative":{"expression":{"references":["local.bindings_authoritative"]},"description":"Map of authoritative bindings for entities. Unwinded by roles."},"bindings_by_member":{"expression":{"references":["local.bindings_by_member"]},"description":"List of bindings for entities unwinded by members."},"set_additive":{"expression":{"references":["local.set_additive"]},"description":"A set of additive binding keys (from bindings_additive) to be used in for_each. Unwinded by members."},"set_authoritative":{"expression":{"references":["local.set_authoritative"]},"description":"A set of authoritative binding keys (from bindings_authoritative) to be used in for_each. Unwinded by roles."}},"variables":{"bindings":{"default":{},"description":"Map of role (key) and list of members (value) to add the IAM policies/bindings"},"conditional_bindings":{"default":[],"description":"List of maps of role and respective conditions, and the members to add the IAM policies/bindings"},"entities":{"description":"Entities list to add the IAM policies/bindings"},"mode":{"default":"additive","description":"Mode for adding the IAM policies/bindings, additive and authoritative"}}}}},"variables":{"bindings":{"default":{},"description":"Map of role (key) and list of members (value) to add the IAM policies/bindings"},"conditional_bindings":{"default":[],"description":"List of maps of role and respective conditions, and the members to add the IAM policies/bindings"},"folders":{"default":[],"description":"Folders list to add the IAM policies/bindings"},"mode":{"default":"additive","description":"Mode for adding the IAM policies/bindings, additive and authoritative"}}},"version_constraint":"~\u003e 8.0"},"cs-folders-iam-4-computeinstanceAdminv1":{"source":"terraform-google-modules/iam/google//modules/folders_iam","expressions":{"bindings":{"constant_value":{"roles/compute.instanceAdmin.v1":["group:gcp-developers@smartrentalstsv.com.au"]}},"folders":{"references":["local.folder_map[\"Sales/Development\"].id","local.folder_map[\"Sales/Development\"]","local.folder_map"]}},"module":{"outputs":{"folders":{"expression":{"references":["module.helper.bindings_by_member","module.helper"]},"depends_on":["google_folder_iam_binding.folder_iam_authoritative","google_folder_iam_member.folder_iam_additive"],"description":"Folders which received bindings."},"members":{"expression":{"references":["module.helper.bindings_by_member","module.helper"]},"description":"Members which were bound to the folders."},"roles":{"expression":{"references":["module.helper.bindings_by_member","module.helper"]},"description":"Roles which were assigned to members."}},"resources":[{"address":"google_folder_iam_binding.folder_iam_authoritative","mode":"managed","type":"google_folder_iam_binding","name":"folder_iam_authoritative","provider_config_key":"google","expressions":{"folder":{"references":["module.helper.bindings_authoritative","module.helper","each.key"]},"members":{"references":["module.helper.bindings_authoritative","module.helper","each.key"]},"role":{"references":["module.helper.bindings_authoritative","module.helper","each.key"]}},"schema_version":0,"for_each_expression":{"references":["module.helper.set_authoritative","module.helper"]}},{"address":"google_folder_iam_member.folder_iam_additive","mode":"managed","type":"google_folder_iam_member","name":"folder_iam_additive","provider_config_key":"google","expressions":{"folder":{"references":["module.helper.bindings_additive","module.helper","each.key"]},"member":{"references":["module.helper.bindings_additive","module.helper","each.key"]},"role":{"references":["module.helper.bindings_additive","module.helper","each.key"]}},"schema_version":0,"for_each_expression":{"references":["module.helper.set_additive","module.helper"]}}],"module_calls":{"helper":{"source":"../helper","expressions":{"bindings":{"references":["var.bindings"]},"conditional_bindings":{"references":["var.conditional_bindings"]},"entities":{"references":["var.folders"]},"mode":{"references":["var.mode"]}},"module":{"outputs":{"bindings_additive":{"expression":{"references":["local.bindings_additive"]},"description":"Map of additive bindings for entities. Unwinded by members."},"bindings_authoritative":{"expression":{"references":["local.bindings_authoritative"]},"description":"Map of authoritative bindings for entities. Unwinded by roles."},"bindings_by_member":{"expression":{"references":["local.bindings_by_member"]},"description":"List of bindings for entities unwinded by members."},"set_additive":{"expression":{"references":["local.set_additive"]},"description":"A set of additive binding keys (from bindings_additive) to be used in for_each. Unwinded by members."},"set_authoritative":{"expression":{"references":["local.set_authoritative"]},"description":"A set of authoritative binding keys (from bindings_authoritative) to be used in for_each. Unwinded by roles."}},"variables":{"bindings":{"default":{},"description":"Map of role (key) and list of members (value) to add the IAM policies/bindings"},"conditional_bindings":{"default":[],"description":"List of maps of role and respective conditions, and the members to add the IAM policies/bindings"},"entities":{"description":"Entities list to add the IAM policies/bindings"},"mode":{"default":"additive","description":"Mode for adding the IAM policies/bindings, additive and authoritative"}}}}},"variables":{"bindings":{"default":{},"description":"Map of role (key) and list of members (value) to add the IAM policies/bindings"},"conditional_bindings":{"default":[],"description":"List of maps of role and respective conditions, and the members to add the IAM policies/bindings"},"folders":{"default":[],"description":"Folders list to add the IAM policies/bindings"},"mode":{"default":"additive","description":"Mode for adding the IAM policies/bindings, additive and authoritative"}}},"version_constraint":"~\u003e 8.0"},"cs-folders-iam-4-containeradmin":{"source":"terraform-google-modules/iam/google//modules/folders_iam","expressions":{"bindings":{"constant_value":{"roles/container.admin":["group:gcp-developers@smartrentalstsv.com.au"]}},"folders":{"references":["local.folder_map[\"Sales/Development\"].id","local.folder_map[\"Sales/Development\"]","local.folder_map"]}},"module":{"outputs":{"folders":{"expression":{"references":["module.helper.bindings_by_member","module.helper"]},"depends_on":["google_folder_iam_binding.folder_iam_authoritative","google_folder_iam_member.folder_iam_additive"],"description":"Folders which received bindings."},"members":{"expression":{"references":["module.helper.bindings_by_member","module.helper"]},"description":"Members which were bound to the folders."},"roles":{"expression":{"references":["module.helper.bindings_by_member","module.helper"]},"description":"Roles which were assigned to members."}},"resources":[{"address":"google_folder_iam_binding.folder_iam_authoritative","mode":"managed","type":"google_folder_iam_binding","name":"folder_iam_authoritative","provider_config_key":"google","expressions":{"folder":{"references":["module.helper.bindings_authoritative","module.helper","each.key"]},"members":{"references":["module.helper.bindings_authoritative","module.helper","each.key"]},"role":{"references":["module.helper.bindings_authoritative","module.helper","each.key"]}},"schema_version":0,"for_each_expression":{"references":["module.helper.set_authoritative","module.helper"]}},{"address":"google_folder_iam_member.folder_iam_additive","mode":"managed","type":"google_folder_iam_member","name":"folder_iam_additive","provider_config_key":"google","expressions":{"folder":{"references":["module.helper.bindings_additive","module.helper","each.key"]},"member":{"references":["module.helper.bindings_additive","module.helper","each.key"]},"role":{"references":["module.helper.bindings_additive","module.helper","each.key"]}},"schema_version":0,"for_each_expression":{"references":["module.helper.set_additive","module.helper"]}}],"module_calls":{"helper":{"source":"../helper","expressions":{"bindings":{"references":["var.bindings"]},"conditional_bindings":{"references":["var.conditional_bindings"]},"entities":{"references":["var.folders"]},"mode":{"references":["var.mode"]}},"module":{"outputs":{"bindings_additive":{"expression":{"references":["local.bindings_additive"]},"description":"Map of additive bindings for entities. Unwinded by members."},"bindings_authoritative":{"expression":{"references":["local.bindings_authoritative"]},"description":"Map of authoritative bindings for entities. Unwinded by roles."},"bindings_by_member":{"expression":{"references":["local.bindings_by_member"]},"description":"List of bindings for entities unwinded by members."},"set_additive":{"expression":{"references":["local.set_additive"]},"description":"A set of additive binding keys (from bindings_additive) to be used in for_each. Unwinded by members."},"set_authoritative":{"expression":{"references":["local.set_authoritative"]},"description":"A set of authoritative binding keys (from bindings_authoritative) to be used in for_each. Unwinded by roles."}},"variables":{"bindings":{"default":{},"description":"Map of role (key) and list of members (value) to add the IAM policies/bindings"},"conditional_bindings":{"default":[],"description":"List of maps of role and respective conditions, and the members to add the IAM policies/bindings"},"entities":{"description":"Entities list to add the IAM policies/bindings"},"mode":{"default":"additive","description":"Mode for adding the IAM policies/bindings, additive and authoritative"}}}}},"variables":{"bindings":{"default":{},"description":"Map of role (key) and list of members (value) to add the IAM policies/bindings"},"conditional_bindings":{"default":[],"description":"List of maps of role and respective conditions, and the members to add the IAM policies/bindings"},"folders":{"default":[],"description":"Folders list to add the IAM policies/bindings"},"mode":{"default":"additive","description":"Mode for adding the IAM policies/bindings, additive and authoritative"}}},"version_constraint":"~\u003e 8.0"},"cs-folders-iam-5-computeinstanceAdminv1":{"source":"terraform-google-modules/iam/google//modules/folders_iam","expressions":{"bindings":{"constant_value":{"roles/compute.instanceAdmin.v1":["group:gcp-developers@smartrentalstsv.com.au"]}},"folders":{"references":["local.folder_map[\"Operations/Development\"].id","local.folder_map[\"Operations/Development\"]","local.folder_map"]}},"module":{"outputs":{"folders":{"expression":{"references":["module.helper.bindings_by_member","module.helper"]},"depends_on":["google_folder_iam_binding.folder_iam_authoritative","google_folder_iam_member.folder_iam_additive"],"description":"Folders which received bindings."},"members":{"expression":{"references":["module.helper.bindings_by_member","module.helper"]},"description":"Members which were bound to the folders."},"roles":{"expression":{"references":["module.helper.bindings_by_member","module.helper"]},"description":"Roles which were assigned to members."}},"resources":[{"address":"google_folder_iam_binding.folder_iam_authoritative","mode":"managed","type":"google_folder_iam_binding","name":"folder_iam_authoritative","provider_config_key":"google","expressions":{"folder":{"references":["module.helper.bindings_authoritative","module.helper","each.key"]},"members":{"references":["module.helper.bindings_authoritative","module.helper","each.key"]},"role":{"references":["module.helper.bindings_authoritative","module.helper","each.key"]}},"schema_version":0,"for_each_expression":{"references":["module.helper.set_authoritative","module.helper"]}},{"address":"google_folder_iam_member.folder_iam_additive","mode":"managed","type":"google_folder_iam_member","name":"folder_iam_additive","provider_config_key":"google","expressions":{"folder":{"references":["module.helper.bindings_additive","module.helper","each.key"]},"member":{"references":["module.helper.bindings_additive","module.helper","each.key"]},"role":{"references":["module.helper.bindings_additive","module.helper","each.key"]}},"schema_version":0,"for_each_expression":{"references":["module.helper.set_additive","module.helper"]}}],"module_calls":{"helper":{"source":"../helper","expressions":{"bindings":{"references":["var.bindings"]},"conditional_bindings":{"references":["var.conditional_bindings"]},"entities":{"references":["var.folders"]},"mode":{"references":["var.mode"]}},"module":{"outputs":{"bindings_additive":{"expression":{"references":["local.bindings_additive"]},"description":"Map of additive bindings for entities. Unwinded by members."},"bindings_authoritative":{"expression":{"references":["local.bindings_authoritative"]},"description":"Map of authoritative bindings for entities. Unwinded by roles."},"bindings_by_member":{"expression":{"references":["local.bindings_by_member"]},"description":"List of bindings for entities unwinded by members."},"set_additive":{"expression":{"references":["local.set_additive"]},"description":"A set of additive binding keys (from bindings_additive) to be used in for_each. Unwinded by members."},"set_authoritative":{"expression":{"references":["local.set_authoritative"]},"description":"A set of authoritative binding keys (from bindings_authoritative) to be used in for_each. Unwinded by roles."}},"variables":{"bindings":{"default":{},"description":"Map of role (key) and list of members (value) to add the IAM policies/bindings"},"conditional_bindings":{"default":[],"description":"List of maps of role and respective conditions, and the members to add the IAM policies/bindings"},"entities":{"description":"Entities list to add the IAM policies/bindings"},"mode":{"default":"additive","description":"Mode for adding the IAM policies/bindings, additive and authoritative"}}}}},"variables":{"bindings":{"default":{},"description":"Map of role (key) and list of members (value) to add the IAM policies/bindings"},"conditional_bindings":{"default":[],"description":"List of maps of role and respective conditions, and the members to add the IAM policies/bindings"},"folders":{"default":[],"description":"Folders list to add the IAM policies/bindings"},"mode":{"default":"additive","description":"Mode for adding the IAM policies/bindings, additive and authoritative"}}},"version_constraint":"~\u003e 8.0"},"cs-folders-iam-5-containeradmin":{"source":"terraform-google-modules/iam/google//modules/folders_iam","expressions":{"bindings":{"constant_value":{"roles/container.admin":["group:gcp-developers@smartrentalstsv.com.au"]}},"folders":{"references":["local.folder_map[\"Operations/Development\"].id","local.folder_map[\"Operations/Development\"]","local.folder_map"]}},"module":{"outputs":{"folders":{"expression":{"references":["module.helper.bindings_by_member","module.helper"]},"depends_on":["google_folder_iam_binding.folder_iam_authoritative","google_folder_iam_member.folder_iam_additive"],"description":"Folders which received bindings."},"members":{"expression":{"references":["module.helper.bindings_by_member","module.helper"]},"description":"Members which were bound to the folders."},"roles":{"expression":{"references":["module.helper.bindings_by_member","module.helper"]},"description":"Roles which were assigned to members."}},"resources":[{"address":"google_folder_iam_binding.folder_iam_authoritative","mode":"managed","type":"google_folder_iam_binding","name":"folder_iam_authoritative","provider_config_key":"google","expressions":{"folder":{"references":["module.helper.bindings_authoritative","module.helper","each.key"]},"members":{"references":["module.helper.bindings_authoritative","module.helper","each.key"]},"role":{"references":["module.helper.bindings_authoritative","module.helper","each.key"]}},"schema_version":0,"for_each_expression":{"references":["module.helper.set_authoritative","module.helper"]}},{"address":"google_folder_iam_member.folder_iam_additive","mode":"managed","type":"google_folder_iam_member","name":"folder_iam_additive","provider_config_key":"google","expressions":{"folder":{"references":["module.helper.bindings_additive","module.helper","each.key"]},"member":{"references":["module.helper.bindings_additive","module.helper","each.key"]},"role":{"references":["module.helper.bindings_additive","module.helper","each.key"]}},"schema_version":0,"for_each_expression":{"references":["module.helper.set_additive","module.helper"]}}],"module_calls":{"helper":{"source":"../helper","expressions":{"bindings":{"references":["var.bindings"]},"conditional_bindings":{"references":["var.conditional_bindings"]},"entities":{"references":["var.folders"]},"mode":{"references":["var.mode"]}},"module":{"outputs":{"bindings_additive":{"expression":{"references":["local.bindings_additive"]},"description":"Map of additive bindings for entities. Unwinded by members."},"bindings_authoritative":{"expression":{"references":["local.bindings_authoritative"]},"description":"Map of authoritative bindings for entities. Unwinded by roles."},"bindings_by_member":{"expression":{"references":["local.bindings_by_member"]},"description":"List of bindings for entities unwinded by members."},"set_additive":{"expression":{"references":["local.set_additive"]},"description":"A set of additive binding keys (from bindings_additive) to be used in for_each. Unwinded by members."},"set_authoritative":{"expression":{"references":["local.set_authoritative"]},"description":"A set of authoritative binding keys (from bindings_authoritative) to be used in for_each. Unwinded by roles."}},"variables":{"bindings":{"default":{},"description":"Map of role (key) and list of members (value) to add the IAM policies/bindings"},"conditional_bindings":{"default":[],"description":"List of maps of role and respective conditions, and the members to add the IAM policies/bindings"},"entities":{"description":"Entities list to add the IAM policies/bindings"},"mode":{"default":"additive","description":"Mode for adding the IAM policies/bindings, additive and authoritative"}}}}},"variables":{"bindings":{"default":{},"description":"Map of role (key) and list of members (value) to add the IAM policies/bindings"},"conditional_bindings":{"default":[],"description":"List of maps of role and respective conditions, and the members to add the IAM policies/bindings"},"folders":{"default":[],"description":"Folders list to add the IAM policies/bindings"},"mode":{"default":"additive","description":"Mode for adding the IAM policies/bindings, additive and authoritative"}}},"version_constraint":"~\u003e 8.0"},"cs-folders-iam-6-computeinstanceAdminv1":{"source":"terraform-google-modules/iam/google//modules/folders_iam","expressions":{"bindings":{"constant_value":{"roles/compute.instanceAdmin.v1":["group:gcp-developers@smartrentalstsv.com.au"]}},"folders":{"references":["local.folder_map[\"Managers/Development\"].id","local.folder_map[\"Managers/Development\"]","local.folder_map"]}},"module":{"outputs":{"folders":{"expression":{"references":["module.helper.bindings_by_member","module.helper"]},"depends_on":["google_folder_iam_binding.folder_iam_authoritative","google_folder_iam_member.folder_iam_additive"],"description":"Folders which received bindings."},"members":{"expression":{"references":["module.helper.bindings_by_member","module.helper"]},"description":"Members which were bound to the folders."},"roles":{"expression":{"references":["module.helper.bindings_by_member","module.helper"]},"description":"Roles which were assigned to members."}},"resources":[{"address":"google_folder_iam_binding.folder_iam_authoritative","mode":"managed","type":"google_folder_iam_binding","name":"folder_iam_authoritative","provider_config_key":"google","expressions":{"folder":{"references":["module.helper.bindings_authoritative","module.helper","each.key"]},"members":{"references":["module.helper.bindings_authoritative","module.helper","each.key"]},"role":{"references":["module.helper.bindings_authoritative","module.helper","each.key"]}},"schema_version":0,"for_each_expression":{"references":["module.helper.set_authoritative","module.helper"]}},{"address":"google_folder_iam_member.folder_iam_additive","mode":"managed","type":"google_folder_iam_member","name":"folder_iam_additive","provider_config_key":"google","expressions":{"folder":{"references":["module.helper.bindings_additive","module.helper","each.key"]},"member":{"references":["module.helper.bindings_additive","module.helper","each.key"]},"role":{"references":["module.helper.bindings_additive","module.helper","each.key"]}},"schema_version":0,"for_each_expression":{"references":["module.helper.set_additive","module.helper"]}}],"module_calls":{"helper":{"source":"../helper","expressions":{"bindings":{"references":["var.bindings"]},"conditional_bindings":{"references":["var.conditional_bindings"]},"entities":{"references":["var.folders"]},"mode":{"references":["var.mode"]}},"module":{"outputs":{"bindings_additive":{"expression":{"references":["local.bindings_additive"]},"description":"Map of additive bindings for entities. Unwinded by members."},"bindings_authoritative":{"expression":{"references":["local.bindings_authoritative"]},"description":"Map of authoritative bindings for entities. Unwinded by roles."},"bindings_by_member":{"expression":{"references":["local.bindings_by_member"]},"description":"List of bindings for entities unwinded by members."},"set_additive":{"expression":{"references":["local.set_additive"]},"description":"A set of additive binding keys (from bindings_additive) to be used in for_each. Unwinded by members."},"set_authoritative":{"expression":{"references":["local.set_authoritative"]},"description":"A set of authoritative binding keys (from bindings_authoritative) to be used in for_each. Unwinded by roles."}},"variables":{"bindings":{"default":{},"description":"Map of role (key) and list of members (value) to add the IAM policies/bindings"},"conditional_bindings":{"default":[],"description":"List of maps of role and respective conditions, and the members to add the IAM policies/bindings"},"entities":{"description":"Entities list to add the IAM policies/bindings"},"mode":{"default":"additive","description":"Mode for adding the IAM policies/bindings, additive and authoritative"}}}}},"variables":{"bindings":{"default":{},"description":"Map of role (key) and list of members (value) to add the IAM policies/bindings"},"conditional_bindings":{"default":[],"description":"List of maps of role and respective conditions, and the members to add the IAM policies/bindings"},"folders":{"default":[],"description":"Folders list to add the IAM policies/bindings"},"mode":{"default":"additive","description":"Mode for adding the IAM policies/bindings, additive and authoritative"}}},"version_constraint":"~\u003e 8.0"},"cs-folders-iam-6-containeradmin":{"source":"terraform-google-modules/iam/google//modules/folders_iam","expressions":{"bindings":{"constant_value":{"roles/container.admin":["group:gcp-developers@smartrentalstsv.com.au"]}},"folders":{"references":["local.folder_map[\"Managers/Development\"].id","local.folder_map[\"Managers/Development\"]","local.folder_map"]}},"module":{"outputs":{"folders":{"expression":{"references":["module.helper.bindings_by_member","module.helper"]},"depends_on":["google_folder_iam_binding.folder_iam_authoritative","google_folder_iam_member.folder_iam_additive"],"description":"Folders which received bindings."},"members":{"expression":{"references":["module.helper.bindings_by_member","module.helper"]},"description":"Members which were bound to the folders."},"roles":{"expression":{"references":["module.helper.bindings_by_member","module.helper"]},"description":"Roles which were assigned to members."}},"resources":[{"address":"google_folder_iam_binding.folder_iam_authoritative","mode":"managed","type":"google_folder_iam_binding","name":"folder_iam_authoritative","provider_config_key":"google","expressions":{"folder":{"references":["module.helper.bindings_authoritative","module.helper","each.key"]},"members":{"references":["module.helper.bindings_authoritative","module.helper","each.key"]},"role":{"references":["module.helper.bindings_authoritative","module.helper","each.key"]}},"schema_version":0,"for_each_expression":{"references":["module.helper.set_authoritative","module.helper"]}},{"address":"google_folder_iam_member.folder_iam_additive","mode":"managed","type":"google_folder_iam_member","name":"folder_iam_additive","provider_config_key":"google","expressions":{"folder":{"references":["module.helper.bindings_additive","module.helper","each.key"]},"member":{"references":["module.helper.bindings_additive","module.helper","each.key"]},"role":{"references":["module.helper.bindings_additive","module.helper","each.key"]}},"schema_version":0,"for_each_expression":{"references":["module.helper.set_additive","module.helper"]}}],"module_calls":{"helper":{"source":"../helper","expressions":{"bindings":{"references":["var.bindings"]},"conditional_bindings":{"references":["var.conditional_bindings"]},"entities":{"references":["var.folders"]},"mode":{"references":["var.mode"]}},"module":{"outputs":{"bindings_additive":{"expression":{"references":["local.bindings_additive"]},"description":"Map of additive bindings for entities. Unwinded by members."},"bindings_authoritative":{"expression":{"references":["local.bindings_authoritative"]},"description":"Map of authoritative bindings for entities. Unwinded by roles."},"bindings_by_member":{"expression":{"references":["local.bindings_by_member"]},"description":"List of bindings for entities unwinded by members."},"set_additive":{"expression":{"references":["local.set_additive"]},"description":"A set of additive binding keys (from bindings_additive) to be used in for_each. Unwinded by members."},"set_authoritative":{"expression":{"references":["local.set_authoritative"]},"description":"A set of authoritative binding keys (from bindings_authoritative) to be used in for_each. Unwinded by roles."}},"variables":{"bindings":{"default":{},"description":"Map of role (key) and list of members (value) to add the IAM policies/bindings"},"conditional_bindings":{"default":[],"description":"List of maps of role and respective conditions, and the members to add the IAM policies/bindings"},"entities":{"description":"Entities list to add the IAM policies/bindings"},"mode":{"default":"additive","description":"Mode for adding the IAM policies/bindings, additive and authoritative"}}}}},"variables":{"bindings":{"default":{},"description":"Map of role (key) and list of members (value) to add the IAM policies/bindings"},"conditional_bindings":{"default":[],"description":"List of maps of role and respective conditions, and the members to add the IAM policies/bindings"},"folders":{"default":[],"description":"Folders list to add the IAM policies/bindings"},"mode":{"default":"additive","description":"Mode for adding the IAM policies/bindings, additive and authoritative"}}},"version_constraint":"~\u003e 8.0"},"cs-folders-iam-7-computeinstanceAdminv1":{"source":"terraform-google-modules/iam/google//modules/folders_iam","expressions":{"bindings":{"constant_value":{"roles/compute.instanceAdmin.v1":["group:gcp-developers@smartrentalstsv.com.au"]}},"folders":{"references":["local.folder_map[\"API_Manager/Development\"].id","local.folder_map[\"API_Manager/Development\"]","local.folder_map"]}},"module":{"outputs":{"folders":{"expression":{"references":["module.helper.bindings_by_member","module.helper"]},"depends_on":["google_folder_iam_binding.folder_iam_authoritative","google_folder_iam_member.folder_iam_additive"],"description":"Folders which received bindings."},"members":{"expression":{"references":["module.helper.bindings_by_member","module.helper"]},"description":"Members which were bound to the folders."},"roles":{"expression":{"references":["module.helper.bindings_by_member","module.helper"]},"description":"Roles which were assigned to members."}},"resources":[{"address":"google_folder_iam_binding.folder_iam_authoritative","mode":"managed","type":"google_folder_iam_binding","name":"folder_iam_authoritative","provider_config_key":"google","expressions":{"folder":{"references":["module.helper.bindings_authoritative","module.helper","each.key"]},"members":{"references":["module.helper.bindings_authoritative","module.helper","each.key"]},"role":{"references":["module.helper.bindings_authoritative","module.helper","each.key"]}},"schema_version":0,"for_each_expression":{"references":["module.helper.set_authoritative","module.helper"]}},{"address":"google_folder_iam_member.folder_iam_additive","mode":"managed","type":"google_folder_iam_member","name":"folder_iam_additive","provider_config_key":"google","expressions":{"folder":{"references":["module.helper.bindings_additive","module.helper","each.key"]},"member":{"references":["module.helper.bindings_additive","module.helper","each.key"]},"role":{"references":["module.helper.bindings_additive","module.helper","each.key"]}},"schema_version":0,"for_each_expression":{"references":["module.helper.set_additive","module.helper"]}}],"module_calls":{"helper":{"source":"../helper","expressions":{"bindings":{"references":["var.bindings"]},"conditional_bindings":{"references":["var.conditional_bindings"]},"entities":{"references":["var.folders"]},"mode":{"references":["var.mode"]}},"module":{"outputs":{"bindings_additive":{"expression":{"references":["local.bindings_additive"]},"description":"Map of additive bindings for entities. Unwinded by members."},"bindings_authoritative":{"expression":{"references":["local.bindings_authoritative"]},"description":"Map of authoritative bindings for entities. Unwinded by roles."},"bindings_by_member":{"expression":{"references":["local.bindings_by_member"]},"description":"List of bindings for entities unwinded by members."},"set_additive":{"expression":{"references":["local.set_additive"]},"description":"A set of additive binding keys (from bindings_additive) to be used in for_each. Unwinded by members."},"set_authoritative":{"expression":{"references":["local.set_authoritative"]},"description":"A set of authoritative binding keys (from bindings_authoritative) to be used in for_each. Unwinded by roles."}},"variables":{"bindings":{"default":{},"description":"Map of role (key) and list of members (value) to add the IAM policies/bindings"},"conditional_bindings":{"default":[],"description":"List of maps of role and respective conditions, and the members to add the IAM policies/bindings"},"entities":{"description":"Entities list to add the IAM policies/bindings"},"mode":{"default":"additive","description":"Mode for adding the IAM policies/bindings, additive and authoritative"}}}}},"variables":{"bindings":{"default":{},"description":"Map of role (key) and list of members (value) to add the IAM policies/bindings"},"conditional_bindings":{"default":[],"description":"List of maps of role and respective conditions, and the members to add the IAM policies/bindings"},"folders":{"default":[],"description":"Folders list to add the IAM policies/bindings"},"mode":{"default":"additive","description":"Mode for adding the IAM policies/bindings, additive and authoritative"}}},"version_constraint":"~\u003e 8.0"},"cs-folders-iam-7-containeradmin":{"source":"terraform-google-modules/iam/google//modules/folders_iam","expressions":{"bindings":{"constant_value":{"roles/container.admin":["group:gcp-developers@smartrentalstsv.com.au"]}},"folders":{"references":["local.folder_map[\"API_Manager/Development\"].id","local.folder_map[\"API_Manager/Development\"]","local.folder_map"]}},"module":{"outputs":{"folders":{"expression":{"references":["module.helper.bindings_by_member","module.helper"]},"depends_on":["google_folder_iam_binding.folder_iam_authoritative","google_folder_iam_member.folder_iam_additive"],"description":"Folders which received bindings."},"members":{"expression":{"references":["module.helper.bindings_by_member","module.helper"]},"description":"Members which were bound to the folders."},"roles":{"expression":{"references":["module.helper.bindings_by_member","module.helper"]},"description":"Roles which were assigned to members."}},"resources":[{"address":"google_folder_iam_binding.folder_iam_authoritative","mode":"managed","type":"google_folder_iam_binding","name":"folder_iam_authoritative","provider_config_key":"google","expressions":{"folder":{"references":["module.helper.bindings_authoritative","module.helper","each.key"]},"members":{"references":["module.helper.bindings_authoritative","module.helper","each.key"]},"role":{"references":["module.helper.bindings_authoritative","module.helper","each.key"]}},"schema_version":0,"for_each_expression":{"references":["module.helper.set_authoritative","module.helper"]}},{"address":"google_folder_iam_member.folder_iam_additive","mode":"managed","type":"google_folder_iam_member","name":"folder_iam_additive","provider_config_key":"google","expressions":{"folder":{"references":["module.helper.bindings_additive","module.helper","each.key"]},"member":{"references":["module.helper.bindings_additive","module.helper","each.key"]},"role":{"references":["module.helper.bindings_additive","module.helper","each.key"]}},"schema_version":0,"for_each_expression":{"references":["module.helper.set_additive","module.helper"]}}],"module_calls":{"helper":{"source":"../helper","expressions":{"bindings":{"references":["var.bindings"]},"conditional_bindings":{"references":["var.conditional_bindings"]},"entities":{"references":["var.folders"]},"mode":{"references":["var.mode"]}},"module":{"outputs":{"bindings_additive":{"expression":{"references":["local.bindings_additive"]},"description":"Map of additive bindings for entities. Unwinded by members."},"bindings_authoritative":{"expression":{"references":["local.bindings_authoritative"]},"description":"Map of authoritative bindings for entities. Unwinded by roles."},"bindings_by_member":{"expression":{"references":["local.bindings_by_member"]},"description":"List of bindings for entities unwinded by members."},"set_additive":{"expression":{"references":["local.set_additive"]},"description":"A set of additive binding keys (from bindings_additive) to be used in for_each. Unwinded by members."},"set_authoritative":{"expression":{"references":["local.set_authoritative"]},"description":"A set of authoritative binding keys (from bindings_authoritative) to be used in for_each. Unwinded by roles."}},"variables":{"bindings":{"default":{},"description":"Map of role (key) and list of members (value) to add the IAM policies/bindings"},"conditional_bindings":{"default":[],"description":"List of maps of role and respective conditions, and the members to add the IAM policies/bindings"},"entities":{"description":"Entities list to add the IAM policies/bindings"},"mode":{"default":"additive","description":"Mode for adding the IAM policies/bindings, additive and authoritative"}}}}},"variables":{"bindings":{"default":{},"description":"Map of role (key) and list of members (value) to add the IAM policies/bindings"},"conditional_bindings":{"default":[],"description":"List of maps of role and respective conditions, and the members to add the IAM policies/bindings"},"folders":{"default":[],"description":"Folders list to add the IAM policies/bindings"},"mode":{"default":"additive","description":"Mode for adding the IAM policies/bindings, additive and authoritative"}}},"version_constraint":"~\u003e 8.0"},"cs-folders-level-0":{"source":"terraform-google-modules/folders/google","expressions":{"names":{"references":["each.key"]},"parent":{"references":["var.org_id"]}},"for_each_expression":{"references":["var.folders"]},"module":{"outputs":{"folder":{"expression":{"references":["local.first_folder"]},"description":"Folder resource (for single use)."},"folders":{"expression":{"references":["local.folders_list"]},"description":"Folder resources as list."},"folders_map":{"expression":{"references":["google_folder.folders"]},"description":"Folder resources by name."},"id":{"expression":{"references":["local.first_folder.name","local.first_folder"]},"description":"Folder id (for single use)."},"ids":{"expression":{"references":["var.names","google_folder.folders"]},"description":"Folder ids."},"ids_list":{"expression":{"references":["local.folders_list"]},"description":"List of folder ids."},"name":{"expression":{"references":["local.first_folder.display_name","local.first_folder"]},"description":"Folder name (for single use)."},"names":{"expression":{"references":["google_folder.folders"]},"description":"Folder names."},"names_list":{"expression":{"references":["local.folders_list"]},"description":"List of folder names."},"per_folder_admins":{"expression":{"references":["var.per_folder_admins"]},"description":"IAM-style members per folder who will get extended permissions."}},"resources":[{"address":"google_folder.folders","mode":"managed","type":"google_folder","name":"folders","provider_config_key":"google","expressions":{"deletion_protection":{"references":["var.deletion_protection"]},"display_name":{"references":["local.prefix","each.value"]},"parent":{"references":["var.parent"]}},"schema_version":0,"for_each_expression":{"references":["var.names"]}},{"address":"google_folder_iam_binding.owners_combined","mode":"managed","type":"google_folder_iam_binding","name":"owners_combined","provider_config_key":"google","expressions":{"folder":{"references":["google_folder.folders","each.value.name","each.value"]},"members":{"references":["each.value.members","each.value","var.all_folder_admins","var.names","each.value.name","each.value","var.all_folder_admins"]},"role":{"references":["each.value.role","each.value"]}},"schema_version":0,"for_each_expression":{"references":["local.folder_iam_bindings"]}}],"variables":{"all_folder_admins":{"default":[],"description":"List of IAM-style members that will get the extended permissions across all the folders."},"deletion_protection":{"default":true,"description":"Prevent Terraform from destroying or recreating the folder."},"folder_admin_roles":{"default":["roles/owner","roles/resourcemanager.folderViewer","roles/resourcemanager.projectCreator","roles/compute.networkAdmin"],"description":"List of roles that will be applied to a folder if roles are not explictly specified in per_folder_admins"},"names":{"default":[],"description":"Folder names."},"parent":{"description":"The resource name of the parent Folder or Organization. Must be of the form folders/folder_id or organizations/org_id"},"per_folder_admins":{"default":{},"description":"IAM-style roles per members per folder who will get extended permissions. If roles are not provided for a folder/member combination, the list provided as `folder_admin_roles` will be applied as default."},"prefix":{"default":"","description":"Optional prefix to enforce uniqueness of folder names."},"set_roles":{"default":false,"description":"Enable setting roles via the folder admin variables."}}},"version_constraint":"~\u003e 5.0"},"cs-folders-level-1":{"source":"terraform-google-modules/folders/google","expressions":{"names":{"references":["each.value"]},"parent":{"references":["module.cs-folders-level-0","each.value"]}},"for_each_expression":{"references":["local.folders_level_1"]},"module":{"outputs":{"folder":{"expression":{"references":["local.first_folder"]},"description":"Folder resource (for single use)."},"folders":{"expression":{"references":["local.folders_list"]},"description":"Folder resources as list."},"folders_map":{"expression":{"references":["google_folder.folders"]},"description":"Folder resources by name."},"id":{"expression":{"references":["local.first_folder.name","local.first_folder"]},"description":"Folder id (for single use)."},"ids":{"expression":{"references":["var.names","google_folder.folders"]},"description":"Folder ids."},"ids_list":{"expression":{"references":["local.folders_list"]},"description":"List of folder ids."},"name":{"expression":{"references":["local.first_folder.display_name","local.first_folder"]},"description":"Folder name (for single use)."},"names":{"expression":{"references":["google_folder.folders"]},"description":"Folder names."},"names_list":{"expression":{"references":["local.folders_list"]},"description":"List of folder names."},"per_folder_admins":{"expression":{"references":["var.per_folder_admins"]},"description":"IAM-style members per folder who will get extended permissions."}},"resources":[{"address":"google_folder.folders","mode":"managed","type":"google_folder","name":"folders","provider_config_key":"google","expressions":{"deletion_protection":{"references":["var.deletion_protection"]},"display_name":{"references":["local.prefix","each.value"]},"parent":{"references":["var.parent"]}},"schema_version":0,"for_each_expression":{"references":["var.names"]}},{"address":"google_folder_iam_binding.owners_combined","mode":"managed","type":"google_folder_iam_binding","name":"owners_combined","provider_config_key":"google","expressions":{"folder":{"references":["google_folder.folders","each.value.name","each.value"]},"members":{"references":["each.value.members","each.value","var.all_folder_admins","var.names","each.value.name","each.value","var.all_folder_admins"]},"role":{"references":["each.value.role","each.value"]}},"schema_version":0,"for_each_expression":{"references":["local.folder_iam_bindings"]}}],"variables":{"all_folder_admins":{"default":[],"description":"List of IAM-style members that will get the extended permissions across all the folders."},"deletion_protection":{"default":true,"description":"Prevent Terraform from destroying or recreating the folder."},"folder_admin_roles":{"default":["roles/owner","roles/resourcemanager.folderViewer","roles/resourcemanager.projectCreator","roles/compute.networkAdmin"],"description":"List of roles that will be applied to a folder if roles are not explictly specified in per_folder_admins"},"names":{"default":[],"description":"Folder names."},"parent":{"description":"The resource name of the parent Folder or Organization. Must be of the form folders/folder_id or organizations/org_id"},"per_folder_admins":{"default":{},"description":"IAM-style roles per members per folder who will get extended permissions. If roles are not provided for a folder/member combination, the list provided as `folder_admin_roles` will be applied as default."},"prefix":{"default":"","description":"Optional prefix to enforce uniqueness of folder names."},"set_roles":{"default":false,"description":"Enable setting roles via the folder admin variables."}}},"version_constraint":"~\u003e 5.0"},"cs-folders-level-2":{"source":"terraform-google-modules/folders/google","expressions":{"names":{"references":["each.value"]},"parent":{"references":["module.cs-folders-level-1","each.value"]}},"for_each_expression":{"references":["local.folders_level_2"]},"module":{"outputs":{"folder":{"expression":{"references":["local.first_folder"]},"description":"Folder resource (for single use)."},"folders":{"expression":{"references":["local.folders_list"]},"description":"Folder resources as list."},"folders_map":{"expression":{"references":["google_folder.folders"]},"description":"Folder resources by name."},"id":{"expression":{"references":["local.first_folder.name","local.first_folder"]},"description":"Folder id (for single use)."},"ids":{"expression":{"references":["var.names","google_folder.folders"]},"description":"Folder ids."},"ids_list":{"expression":{"references":["local.folders_list"]},"description":"List of folder ids."},"name":{"expression":{"references":["local.first_folder.display_name","local.first_folder"]},"description":"Folder name (for single use)."},"names":{"expression":{"references":["google_folder.folders"]},"description":"Folder names."},"names_list":{"expression":{"references":["local.folders_list"]},"description":"List of folder names."},"per_folder_admins":{"expression":{"references":["var.per_folder_admins"]},"description":"IAM-style members per folder who will get extended permissions."}},"resources":[{"address":"google_folder.folders","mode":"managed","type":"google_folder","name":"folders","provider_config_key":"google","expressions":{"deletion_protection":{"references":["var.deletion_protection"]},"display_name":{"references":["local.prefix","each.value"]},"parent":{"references":["var.parent"]}},"schema_version":0,"for_each_expression":{"references":["var.names"]}},{"address":"google_folder_iam_binding.owners_combined","mode":"managed","type":"google_folder_iam_binding","name":"owners_combined","provider_config_key":"google","expressions":{"folder":{"references":["google_folder.folders","each.value.name","each.value"]},"members":{"references":["each.value.members","each.value","var.all_folder_admins","var.names","each.value.name","each.value","var.all_folder_admins"]},"role":{"references":["each.value.role","each.value"]}},"schema_version":0,"for_each_expression":{"references":["local.folder_iam_bindings"]}}],"variables":{"all_folder_admins":{"default":[],"description":"List of IAM-style members that will get the extended permissions across all the folders."},"deletion_protection":{"default":true,"description":"Prevent Terraform from destroying or recreating the folder."},"folder_admin_roles":{"default":["roles/owner","roles/resourcemanager.folderViewer","roles/resourcemanager.projectCreator","roles/compute.networkAdmin"],"description":"List of roles that will be applied to a folder if roles are not explictly specified in per_folder_admins"},"names":{"default":[],"description":"Folder names."},"parent":{"description":"The resource name of the parent Folder or Organization. Must be of the form folders/folder_id or organizations/org_id"},"per_folder_admins":{"default":{},"description":"IAM-style roles per members per folder who will get extended permissions. If roles are not provided for a folder/member combination, the list provided as `folder_admin_roles` will be applied as default."},"prefix":{"default":"","description":"Optional prefix to enforce uniqueness of folder names."},"set_roles":{"default":false,"description":"Enable setting roles via the folder admin variables."}}},"version_constraint":"~\u003e 5.0"},"cs-gg-operations-nonprod-service":{"source":"terraform-google-modules/group/google","expressions":{"customer_id":{"references":["data.google_organization.org.directory_customer_id","data.google_organization.org"]},"display_name":{"constant_value":"operations-nonprod-service"},"id":{"constant_value":"operations-nonprod-service@smartrentalstsv.com.au"},"types":{"constant_value":["default","security"]}},"module":{"outputs":{"id":{"expression":{"references":["google_cloud_identity_group.group.group_key[0].id","google_cloud_identity_group.group.group_key[0]","google_cloud_identity_group.group.group_key","google_cloud_identity_group.group"]},"description":"ID of the group. For Google-managed entities, the ID is the email address the group"},"name":{"expression":{"references":["google_cloud_identity_group.group.group_key[0].id","google_cloud_identity_group.group.group_key[0]","google_cloud_identity_group.group.group_key","google_cloud_identity_group.group"]},"description":"Name of the group with the domain removed. For Google-managed entities, the ID is the email address the group"},"resource_name":{"expression":{"references":["google_cloud_identity_group.group.name","google_cloud_identity_group.group"]},"description":"Resource name of the group in the format: groups/{group_id}, where group_id is the unique ID assigned to the group."}},"resources":[{"address":"google_cloud_identity_group.group","mode":"managed","type":"google_cloud_identity_group","name":"group","provider_config_key":"google-beta","expressions":{"description":{"references":["var.description"]},"display_name":{"references":["var.display_name"]},"group_key":[{"id":{"references":["var.id"]}}],"initial_group_config":{"references":["var.initial_group_config"]},"labels":{"references":["var.types","local.label_keys"]},"parent":{"references":["local.customer_id"]}},"schema_version":0},{"address":"google_cloud_identity_group_membership.managers","mode":"managed","type":"google_cloud_identity_group_membership","name":"managers","provider_config_key":"google-beta","expressions":{"group":{"references":["google_cloud_identity_group.group.id","google_cloud_identity_group.group"]},"preferred_member_key":[{"id":{"references":["each.key"]}}],"roles":[{"name":{"constant_value":"MEMBER"}},{"name":{"constant_value":"MANAGER"}}]},"schema_version":0,"for_each_expression":{"references":["var.managers"]}},{"address":"google_cloud_identity_group_membership.members","mode":"managed","type":"google_cloud_identity_group_membership","name":"members","provider_config_key":"google-beta","expressions":{"group":{"references":["google_cloud_identity_group.group.id","google_cloud_identity_group.group"]},"preferred_member_key":[{"id":{"references":["each.key"]}}],"roles":[{"name":{"constant_value":"MEMBER"}}]},"schema_version":0,"for_each_expression":{"references":["var.members"]}},{"address":"google_cloud_identity_group_membership.owners","mode":"managed","type":"google_cloud_identity_group_membership","name":"owners","provider_config_key":"google-beta","expressions":{"group":{"references":["google_cloud_identity_group.group.id","google_cloud_identity_group.group"]},"preferred_member_key":[{"id":{"references":["each.key"]}}],"roles":[{"name":{"constant_value":"OWNER"}},{"name":{"constant_value":"MEMBER"}}]},"schema_version":0,"for_each_expression":{"references":["var.owners"]}},{"address":"data.google_organization.org","mode":"data","type":"google_organization","name":"org","provider_config_key":"google","expressions":{"domain":{"references":["var.domain"]}},"schema_version":0,"count_expression":{"references":["var.domain"]}}],"variables":{"customer_id":{"default":"","description":"Customer ID of the organization to create the group in. One of domain or customer_id must be specified"},"description":{"default":"","description":"Description of the group"},"display_name":{"default":"","description":"Display name of the group"},"domain":{"default":"","description":"Domain of the organization to create the group in. One of domain or customer_id must be specified"},"id":{"description":"ID of the group. For Google-managed entities, the ID must be the email address the group"},"initial_group_config":{"default":"EMPTY","description":"The initial configuration options for creating a Group. See the API reference for possible values. Possible values are INITIAL_GROUP_CONFIG_UNSPECIFIED, WITH_INITIAL_OWNER, and EMPTY."},"managers":{"default":[],"description":"Managers of the group. Each entry is the ID of an entity. For Google-managed entities, the ID must be the email address of an existing group, user or service account"},"members":{"default":[],"description":"Members of the group. Each entry is the ID of an entity. For Google-managed entities, the ID must be the email address of an existing group, user or service account"},"owners":{"default":[],"description":"Owners of the group. Each entry is the ID of an entity. For Google-managed entities, the ID must be the email address of an existing group, user or service account"},"types":{"default":["default"],"description":"The type of the group to be created. More info: https://cloud.google.com/identity/docs/groups#group_properties"}}},"version_constraint":"~\u003e 0.6"},"cs-gg-operations-prod-service":{"source":"terraform-google-modules/group/google","expressions":{"customer_id":{"references":["data.google_organization.org.directory_customer_id","data.google_organization.org"]},"display_name":{"constant_value":"operations-prod-service"},"id":{"constant_value":"operations-prod-service@smartrentalstsv.com.au"},"types":{"constant_value":["default","security"]}},"module":{"outputs":{"id":{"expression":{"references":["google_cloud_identity_group.group.group_key[0].id","google_cloud_identity_group.group.group_key[0]","google_cloud_identity_group.group.group_key","google_cloud_identity_group.group"]},"description":"ID of the group. For Google-managed entities, the ID is the email address the group"},"name":{"expression":{"references":["google_cloud_identity_group.group.group_key[0].id","google_cloud_identity_group.group.group_key[0]","google_cloud_identity_group.group.group_key","google_cloud_identity_group.group"]},"description":"Name of the group with the domain removed. For Google-managed entities, the ID is the email address the group"},"resource_name":{"expression":{"references":["google_cloud_identity_group.group.name","google_cloud_identity_group.group"]},"description":"Resource name of the group in the format: groups/{group_id}, where group_id is the unique ID assigned to the group."}},"resources":[{"address":"google_cloud_identity_group.group","mode":"managed","type":"google_cloud_identity_group","name":"group","provider_config_key":"google-beta","expressions":{"description":{"references":["var.description"]},"display_name":{"references":["var.display_name"]},"group_key":[{"id":{"references":["var.id"]}}],"initial_group_config":{"references":["var.initial_group_config"]},"labels":{"references":["var.types","local.label_keys"]},"parent":{"references":["local.customer_id"]}},"schema_version":0},{"address":"google_cloud_identity_group_membership.managers","mode":"managed","type":"google_cloud_identity_group_membership","name":"managers","provider_config_key":"google-beta","expressions":{"group":{"references":["google_cloud_identity_group.group.id","google_cloud_identity_group.group"]},"preferred_member_key":[{"id":{"references":["each.key"]}}],"roles":[{"name":{"constant_value":"MEMBER"}},{"name":{"constant_value":"MANAGER"}}]},"schema_version":0,"for_each_expression":{"references":["var.managers"]}},{"address":"google_cloud_identity_group_membership.members","mode":"managed","type":"google_cloud_identity_group_membership","name":"members","provider_config_key":"google-beta","expressions":{"group":{"references":["google_cloud_identity_group.group.id","google_cloud_identity_group.group"]},"preferred_member_key":[{"id":{"references":["each.key"]}}],"roles":[{"name":{"constant_value":"MEMBER"}}]},"schema_version":0,"for_each_expression":{"references":["var.members"]}},{"address":"google_cloud_identity_group_membership.owners","mode":"managed","type":"google_cloud_identity_group_membership","name":"owners","provider_config_key":"google-beta","expressions":{"group":{"references":["google_cloud_identity_group.group.id","google_cloud_identity_group.group"]},"preferred_member_key":[{"id":{"references":["each.key"]}}],"roles":[{"name":{"constant_value":"OWNER"}},{"name":{"constant_value":"MEMBER"}}]},"schema_version":0,"for_each_expression":{"references":["var.owners"]}},{"address":"data.google_organization.org","mode":"data","type":"google_organization","name":"org","provider_config_key":"google","expressions":{"domain":{"references":["var.domain"]}},"schema_version":0,"count_expression":{"references":["var.domain"]}}],"variables":{"customer_id":{"default":"","description":"Customer ID of the organization to create the group in. One of domain or customer_id must be specified"},"description":{"default":"","description":"Description of the group"},"display_name":{"default":"","description":"Display name of the group"},"domain":{"default":"","description":"Domain of the organization to create the group in. One of domain or customer_id must be specified"},"id":{"description":"ID of the group. For Google-managed entities, the ID must be the email address the group"},"initial_group_config":{"default":"EMPTY","description":"The initial configuration options for creating a Group. See the API reference for possible values. Possible values are INITIAL_GROUP_CONFIG_UNSPECIFIED, WITH_INITIAL_OWNER, and EMPTY."},"managers":{"default":[],"description":"Managers of the group. Each entry is the ID of an entity. For Google-managed entities, the ID must be the email address of an existing group, user or service account"},"members":{"default":[],"description":"Members of the group. Each entry is the ID of an entity. For Google-managed entities, the ID must be the email address of an existing group, user or service account"},"owners":{"default":[],"description":"Owners of the group. Each entry is the ID of an entity. For Google-managed entities, the ID must be the email address of an existing group, user or service account"},"types":{"default":["default"],"description":"The type of the group to be created. More info: https://cloud.google.com/identity/docs/groups#group_properties"}}},"version_constraint":"~\u003e 0.6"},"cs-gg-sales-nonprod-service":{"source":"terraform-google-modules/group/google","expressions":{"customer_id":{"references":["data.google_organization.org.directory_customer_id","data.google_organization.org"]},"display_name":{"constant_value":"sales-nonprod-service"},"id":{"constant_value":"sales-nonprod-service@smartrentalstsv.com.au"},"types":{"constant_value":["default","security"]}},"module":{"outputs":{"id":{"expression":{"references":["google_cloud_identity_group.group.group_key[0].id","google_cloud_identity_group.group.group_key[0]","google_cloud_identity_group.group.group_key","google_cloud_identity_group.group"]},"description":"ID of the group. For Google-managed entities, the ID is the email address the group"},"name":{"expression":{"references":["google_cloud_identity_group.group.group_key[0].id","google_cloud_identity_group.group.group_key[0]","google_cloud_identity_group.group.group_key","google_cloud_identity_group.group"]},"description":"Name of the group with the domain removed. For Google-managed entities, the ID is the email address the group"},"resource_name":{"expression":{"references":["google_cloud_identity_group.group.name","google_cloud_identity_group.group"]},"description":"Resource name of the group in the format: groups/{group_id}, where group_id is the unique ID assigned to the group."}},"resources":[{"address":"google_cloud_identity_group.group","mode":"managed","type":"google_cloud_identity_group","name":"group","provider_config_key":"google-beta","expressions":{"description":{"references":["var.description"]},"display_name":{"references":["var.display_name"]},"group_key":[{"id":{"references":["var.id"]}}],"initial_group_config":{"references":["var.initial_group_config"]},"labels":{"references":["var.types","local.label_keys"]},"parent":{"references":["local.customer_id"]}},"schema_version":0},{"address":"google_cloud_identity_group_membership.managers","mode":"managed","type":"google_cloud_identity_group_membership","name":"managers","provider_config_key":"google-beta","expressions":{"group":{"references":["google_cloud_identity_group.group.id","google_cloud_identity_group.group"]},"preferred_member_key":[{"id":{"references":["each.key"]}}],"roles":[{"name":{"constant_value":"MEMBER"}},{"name":{"constant_value":"MANAGER"}}]},"schema_version":0,"for_each_expression":{"references":["var.managers"]}},{"address":"google_cloud_identity_group_membership.members","mode":"managed","type":"google_cloud_identity_group_membership","name":"members","provider_config_key":"google-beta","expressions":{"group":{"references":["google_cloud_identity_group.group.id","google_cloud_identity_group.group"]},"preferred_member_key":[{"id":{"references":["each.key"]}}],"roles":[{"name":{"constant_value":"MEMBER"}}]},"schema_version":0,"for_each_expression":{"references":["var.members"]}},{"address":"google_cloud_identity_group_membership.owners","mode":"managed","type":"google_cloud_identity_group_membership","name":"owners","provider_config_key":"google-beta","expressions":{"group":{"references":["google_cloud_identity_group.group.id","google_cloud_identity_group.group"]},"preferred_member_key":[{"id":{"references":["each.key"]}}],"roles":[{"name":{"constant_value":"OWNER"}},{"name":{"constant_value":"MEMBER"}}]},"schema_version":0,"for_each_expression":{"references":["var.owners"]}},{"address":"data.google_organization.org","mode":"data","type":"google_organization","name":"org","provider_config_key":"google","expressions":{"domain":{"references":["var.domain"]}},"schema_version":0,"count_expression":{"references":["var.domain"]}}],"variables":{"customer_id":{"default":"","description":"Customer ID of the organization to create the group in. One of domain or customer_id must be specified"},"description":{"default":"","description":"Description of the group"},"display_name":{"default":"","description":"Display name of the group"},"domain":{"default":"","description":"Domain of the organization to create the group in. One of domain or customer_id must be specified"},"id":{"description":"ID of the group. For Google-managed entities, the ID must be the email address the group"},"initial_group_config":{"default":"EMPTY","description":"The initial configuration options for creating a Group. See the API reference for possible values. Possible values are INITIAL_GROUP_CONFIG_UNSPECIFIED, WITH_INITIAL_OWNER, and EMPTY."},"managers":{"default":[],"description":"Managers of the group. Each entry is the ID of an entity. For Google-managed entities, the ID must be the email address of an existing group, user or service account"},"members":{"default":[],"description":"Members of the group. Each entry is the ID of an entity. For Google-managed entities, the ID must be the email address of an existing group, user or service account"},"owners":{"default":[],"description":"Owners of the group. Each entry is the ID of an entity. For Google-managed entities, the ID must be the email address of an existing group, user or service account"},"types":{"default":["default"],"description":"The type of the group to be created. More info: https://cloud.google.com/identity/docs/groups#group_properties"}}},"version_constraint":"~\u003e 0.6"},"cs-gg-sales-prod-service":{"source":"terraform-google-modules/group/google","expressions":{"customer_id":{"references":["data.google_organization.org.directory_customer_id","data.google_organization.org"]},"display_name":{"constant_value":"sales-prod-service"},"id":{"constant_value":"sales-prod-service@smartrentalstsv.com.au"},"types":{"constant_value":["default","security"]}},"module":{"outputs":{"id":{"expression":{"references":["google_cloud_identity_group.group.group_key[0].id","google_cloud_identity_group.group.group_key[0]","google_cloud_identity_group.group.group_key","google_cloud_identity_group.group"]},"description":"ID of the group. For Google-managed entities, the ID is the email address the group"},"name":{"expression":{"references":["google_cloud_identity_group.group.group_key[0].id","google_cloud_identity_group.group.group_key[0]","google_cloud_identity_group.group.group_key","google_cloud_identity_group.group"]},"description":"Name of the group with the domain removed. For Google-managed entities, the ID is the email address the group"},"resource_name":{"expression":{"references":["google_cloud_identity_group.group.name","google_cloud_identity_group.group"]},"description":"Resource name of the group in the format: groups/{group_id}, where group_id is the unique ID assigned to the group."}},"resources":[{"address":"google_cloud_identity_group.group","mode":"managed","type":"google_cloud_identity_group","name":"group","provider_config_key":"google-beta","expressions":{"description":{"references":["var.description"]},"display_name":{"references":["var.display_name"]},"group_key":[{"id":{"references":["var.id"]}}],"initial_group_config":{"references":["var.initial_group_config"]},"labels":{"references":["var.types","local.label_keys"]},"parent":{"references":["local.customer_id"]}},"schema_version":0},{"address":"google_cloud_identity_group_membership.managers","mode":"managed","type":"google_cloud_identity_group_membership","name":"managers","provider_config_key":"google-beta","expressions":{"group":{"references":["google_cloud_identity_group.group.id","google_cloud_identity_group.group"]},"preferred_member_key":[{"id":{"references":["each.key"]}}],"roles":[{"name":{"constant_value":"MEMBER"}},{"name":{"constant_value":"MANAGER"}}]},"schema_version":0,"for_each_expression":{"references":["var.managers"]}},{"address":"google_cloud_identity_group_membership.members","mode":"managed","type":"google_cloud_identity_group_membership","name":"members","provider_config_key":"google-beta","expressions":{"group":{"references":["google_cloud_identity_group.group.id","google_cloud_identity_group.group"]},"preferred_member_key":[{"id":{"references":["each.key"]}}],"roles":[{"name":{"constant_value":"MEMBER"}}]},"schema_version":0,"for_each_expression":{"references":["var.members"]}},{"address":"google_cloud_identity_group_membership.owners","mode":"managed","type":"google_cloud_identity_group_membership","name":"owners","provider_config_key":"google-beta","expressions":{"group":{"references":["google_cloud_identity_group.group.id","google_cloud_identity_group.group"]},"preferred_member_key":[{"id":{"references":["each.key"]}}],"roles":[{"name":{"constant_value":"OWNER"}},{"name":{"constant_value":"MEMBER"}}]},"schema_version":0,"for_each_expression":{"references":["var.owners"]}},{"address":"data.google_organization.org","mode":"data","type":"google_organization","name":"org","provider_config_key":"google","expressions":{"domain":{"references":["var.domain"]}},"schema_version":0,"count_expression":{"references":["var.domain"]}}],"variables":{"customer_id":{"default":"","description":"Customer ID of the organization to create the group in. One of domain or customer_id must be specified"},"description":{"default":"","description":"Description of the group"},"display_name":{"default":"","description":"Display name of the group"},"domain":{"default":"","description":"Domain of the organization to create the group in. One of domain or customer_id must be specified"},"id":{"description":"ID of the group. For Google-managed entities, the ID must be the email address the group"},"initial_group_config":{"default":"EMPTY","description":"The initial configuration options for creating a Group. See the API reference for possible values. Possible values are INITIAL_GROUP_CONFIG_UNSPECIFIED, WITH_INITIAL_OWNER, and EMPTY."},"managers":{"default":[],"description":"Managers of the group. Each entry is the ID of an entity. For Google-managed entities, the ID must be the email address of an existing group, user or service account"},"members":{"default":[],"description":"Members of the group. Each entry is the ID of an entity. For Google-managed entities, the ID must be the email address of an existing group, user or service account"},"owners":{"default":[],"description":"Owners of the group. Each entry is the ID of an entity. For Google-managed entities, the ID must be the email address of an existing group, user or service account"},"types":{"default":["default"],"description":"The type of the group to be created. More info: https://cloud.google.com/identity/docs/groups#group_properties"}}},"version_constraint":"~\u003e 0.6"},"cs-logging-destination":{"source":"terraform-google-modules/log-export/google//modules/logbucket","expressions":{"location":{"constant_value":"australia-southeast1"},"log_sink_writer_identity":{"references":["module.cs-logsink-logbucketsink.writer_identity","module.cs-logsink-logbucketsink"]},"name":{"constant_value":"smartrentalstsv.com-logging"},"project_id":{"references":["module.cs-project-logging-monitoring.project_id","module.cs-project-logging-monitoring"]},"retention_days":{"constant_value":30}},"module":{"outputs":{"console_link":{"expression":{"references":["var.project_id"]},"description":"The console link to the destination log buckets"},"destination_uri":{"expression":{"references":["local.destination_uri"]},"description":"The destination URI for the log bucket."},"linked_dataset_name":{"expression":{"references":["var.linked_dataset_id","google_logging_linked_dataset.linked_dataset[0].name","google_logging_linked_dataset.linked_dataset[0]","google_logging_linked_dataset.linked_dataset"]},"description":"The resource name of the linked BigQuery dataset."},"project":{"expression":{"references":["google_logging_project_bucket_config.bucket.project","google_logging_project_bucket_config.bucket"]},"description":"The project in which the log bucket was created."},"resource_name":{"expression":{"references":["google_logging_project_bucket_config.bucket.bucket_id","google_logging_project_bucket_config.bucket"]},"description":"The resource name for the destination log bucket"}},"resources":[{"address":"google_logging_linked_dataset.linked_dataset","mode":"managed","type":"google_logging_linked_dataset","name":"linked_dataset","provider_config_key":"google","expressions":{"bucket":{"references":["google_logging_project_bucket_config.bucket.id","google_logging_project_bucket_config.bucket"]},"description":{"references":["var.linked_dataset_description"]},"link_id":{"references":["var.linked_dataset_id"]},"location":{"references":["var.location"]},"parent":{"references":["google_project_service.enable_destination_api.project","google_project_service.enable_destination_api"]}},"schema_version":0,"count_expression":{"references":["var.linked_dataset_id"]}},{"address":"google_logging_project_bucket_config.bucket","mode":"managed","type":"google_logging_project_bucket_config","name":"bucket","provider_config_key":"google","expressions":{"bucket_id":{"references":["var.name"]},"enable_analytics":{"references":["var.enable_analytics"]},"location":{"references":["var.location"]},"locked":{"references":["var.locked"]},"project":{"references":["google_project_service.enable_destination_api.project","google_project_service.enable_destination_api"]},"retention_days":{"references":["var.retention_days"]}},"schema_version":0},{"address":"google_project_iam_member.logbucket_sink_member","mode":"managed","type":"google_project_iam_member","name":"logbucket_sink_member","provider_config_key":"google","expressions":{"member":{"references":["var.log_sink_writer_identity"]},"project":{"references":["google_logging_project_bucket_config.bucket.project","google_logging_project_bucket_config.bucket"]},"role":{"constant_value":"roles/logging.bucketWriter"}},"schema_version":0,"count_expression":{"references":["var.grant_write_permission_on_bkt"]}},{"address":"google_project_service.enable_destination_api","mode":"managed","type":"google_project_service","name":"enable_destination_api","provider_config_key":"google","expressions":{"disable_dependent_services":{"constant_value":false},"disable_on_destroy":{"constant_value":false},"project":{"references":["var.project_id"]},"service":{"constant_value":"logging.googleapis.com"}},"schema_version":0}],"variables":{"enable_analytics":{"default":false,"description":"(Optional) Whether or not Log Analytics is enabled. A Log bucket with Log Analytics enabled can be queried in the Log Analytics page using SQL queries. Cannot be disabled once enabled."},"grant_write_permission_on_bkt":{"default":true,"description":"(Optional) Indicates whether the module is responsible for granting write permission on the logbucket. This permission will be given by default, but if the user wants, this module can skip this step. This is the case when the sink route logs to a log bucket in the same Cloud project, no new service account will be created and this module will need to bypass granting permissions."},"kms_key_name":{"default":null,"description":"To enable CMEK for a project logging bucket, set this field to a valid name. The associated service account requires cloudkms.cryptoKeyEncrypterDecrypter roles assigned for the key.The kms_key_name should be of the format projects/{project ID}/locations/{region}/keyRings/{keyring name}/cryptoKeys/{key name} "},"linked_dataset_description":{"default":null,"description":"A use-friendly description of the linked BigQuery dataset. The maximum length of the description is 8000 characters."},"linked_dataset_id":{"default":null,"description":"The ID of the linked BigQuery dataset. A valid link dataset ID must only have alphanumeric characters and underscores within it and have up to 100 characters."},"location":{"default":"global","description":"The location of the log bucket."},"locked":{"default":null,"description":"(Optional) Whether the bucket is locked. The retention period on a locked bucket cannot be changed. Locked buckets may only be deleted if they are empty"},"log_sink_writer_identity":{"description":"The service account that logging uses to write log entries to the destination. (This is available as an output coming from the root module)."},"name":{"description":"The name of the log bucket to be created and used for log entries matching the filter."},"project_id":{"description":"The ID of the project in which the log bucket will be created."},"retention_days":{"default":30,"description":"The number of days data should be retained for the log bucket."}}},"version_constraint":"~\u003e 11.0"},"cs-logsink-logbucketsink":{"source":"terraform-google-modules/log-export/google","expressions":{"destination_uri":{"references":["module.cs-logging-destination.destination_uri","module.cs-logging-destination"]},"filter":{"constant_value":"logName: /logs/cloudaudit.googleapis.com%2Factivity OR logName: /logs/cloudaudit.googleapis.com%2Fsystem_event OR logName: /logs/cloudaudit.googleapis.com%2Fdata_access OR logName: /logs/cloudaudit.googleapis.com%2Faccess_transparency"},"include_children":{"constant_value":true},"log_sink_name":{"references":["var.org_id","random_id.suffix.hex","random_id.suffix"]},"parent_resource_id":{"references":["var.org_id"]},"parent_resource_type":{"constant_value":"organization"}},"module":{"outputs":{"filter":{"expression":{"references":["var.filter"]},"description":"The filter to be applied when exporting logs."},"log_sink_resource_id":{"expression":{"references":["local.log_sink_resource_id"]},"description":"The resource ID of the log sink that was created."},"log_sink_resource_name":{"expression":{"references":["local.log_sink_resource_name"]},"description":"The resource name of the log sink that was created."},"parent_resource_id":{"expression":{"references":["local.log_sink_parent_id"]},"description":"The ID of the GCP resource in which you create the log sink."},"writer_identity":{"expression":{"references":["local.log_sink_writer_identity"]},"description":"The service account that logging uses to write log entries to the destination."}},"resources":[{"address":"google_logging_billing_account_sink.sink","mode":"managed","type":"google_logging_billing_account_sink","name":"sink","provider_config_key":"google","expressions":{"billing_account":{"references":["var.parent_resource_id"]},"description":{"references":["var.description"]},"destination":{"references":["var.destination_uri"]},"disabled":{"references":["var.disabled"]},"filter":{"references":["var.filter"]},"name":{"references":["var.log_sink_name"]}},"schema_version":0,"count_expression":{"references":["local.is_billing_level"]}},{"address":"google_logging_folder_sink.sink","mode":"managed","type":"google_logging_folder_sink","name":"sink","provider_config_key":"google","expressions":{"description":{"references":["var.description"]},"destination":{"references":["var.destination_uri"]},"disabled":{"references":["var.disabled"]},"filter":{"references":["var.filter"]},"folder":{"references":["var.parent_resource_id"]},"include_children":{"references":["var.include_children"]},"intercept_children":{"references":["var.intercept_children"]},"name":{"references":["var.log_sink_name"]}},"schema_version":0,"count_expression":{"references":["local.is_folder_level"]}},{"address":"google_logging_organization_sink.sink","mode":"managed","type":"google_logging_organization_sink","name":"sink","provider_config_key":"google","expressions":{"description":{"references":["var.description"]},"destination":{"references":["var.destination_uri"]},"disabled":{"references":["var.disabled"]},"filter":{"references":["var.filter"]},"include_children":{"references":["var.include_children"]},"intercept_children":{"references":["var.intercept_children"]},"name":{"references":["var.log_sink_name"]},"org_id":{"references":["var.parent_resource_id"]}},"schema_version":0,"count_expression":{"references":["local.is_org_level"]}},{"address":"google_logging_project_sink.sink","mode":"managed","type":"google_logging_project_sink","name":"sink","provider_config_key":"google","expressions":{"description":{"references":["var.description"]},"destination":{"references":["var.destination_uri"]},"disabled":{"references":["var.disabled"]},"filter":{"references":["var.filter"]},"name":{"references":["var.log_sink_name"]},"project":{"references":["var.parent_resource_id"]},"unique_writer_identity":{"references":["var.unique_writer_identity"]}},"schema_version":0,"count_expression":{"references":["local.is_project_level"]}}],"variables":{"bigquery_options":{"default":null,"description":"(Optional) Options that affect sinks exporting data to BigQuery. use_partitioned_tables - (Required) Whether to use BigQuery's partition tables."},"description":{"default":null,"description":"A description of this sink. The maximum length of the description is 8000 characters."},"destination_uri":{"description":"The self_link URI of the destination resource (This is available as an output coming from one of the destination submodules)"},"disabled":{"default":false,"description":"(Optional) If set to true, then the sink is disabled and it does not export any log entries."},"exclusions":{"default":[],"description":"(Optional) A list of sink exclusion filters."},"filter":{"default":"","description":"The filter to apply when exporting logs. Only log entries that match the filter are exported. Default is '' which exports all logs."},"include_children":{"default":false,"description":"Only valid if 'organization' or 'folder' is chosen as var.parent_resource.type. Determines whether or not to include children organizations/folders in the sink export. If true, logs associated with child projects are also exported; otherwise only logs relating to the provided organization/folder are included."},"intercept_children":{"default":false,"description":"Only valid if 'organization' or 'folder' is chosen as var.parent_resource.type. Whether or not to intercept logs from child projects. If true, matching logs will not match with sinks in child resources, except _Required sinks. This sink will be visible to child resources when listing sinks."},"log_sink_name":{"description":"The name of the log sink to be created."},"parent_resource_id":{"description":"The ID of the GCP resource in which you create the log sink. If var.parent_resource_type is set to 'project', then this is the Project ID (and etc)."},"parent_resource_type":{"default":"project","description":"The GCP resource in which you create the log sink. The value must not be computed, and must be one of the following: 'project', 'folder', 'billing_account', or 'organization'."},"unique_writer_identity":{"default":false,"description":"Whether or not to create a unique identity associated with this sink. If false (the default), then the writer_identity used is serviceAccount:cloud-logs@system.gserviceaccount.com. If true, then a unique service account is created and used for the logging sink."}}},"version_constraint":"~\u003e 11.0"},"cs-org-policy-compute_disableNestedVirtualization":{"source":"terraform-google-modules/org-policy/google//modules/org_policy_v2","expressions":{"constraint":{"constant_value":"compute.disableNestedVirtualization"},"exclude_folders":{"constant_value":[]},"exclude_projects":{"constant_value":[]},"policy_root":{"constant_value":"organization"},"policy_root_id":{"references":["var.org_id"]},"policy_type":{"constant_value":"boolean"},"rules":{"constant_value":[{"allow":[],"conditions":[],"deny":[],"enforcement":true}]}},"module":{"outputs":{"constraint":{"expression":{"references":["var.constraint"]},"description":"Policy Constraint Identifier without constraints/ prefix"},"policy_root":{"expression":{"references":["var.policy_root"]},"description":"Policy Root in the hierarchy for the given policy"},"policy_root_id":{"expression":{"references":["var.policy_root_id"]},"description":"Project Root ID at which the policy is applied"}},"resources":[{"address":"google_org_policy_policy.folder_policy","mode":"managed","type":"google_org_policy_policy","name":"folder_policy","provider_config_key":"google","expressions":{"name":{"references":["local.policy_root","var.policy_root_id","var.constraint"]},"parent":{"references":["local.policy_root","var.policy_root_id"]},"spec":[{"inherit_from_parent":{"references":["var.inherit_from_parent"]}}]},"schema_version":0,"count_expression":{"references":["local.folder","local.list_policy"]}},{"address":"google_org_policy_policy.folder_policy_boolean","mode":"managed","type":"google_org_policy_policy","name":"folder_policy_boolean","provider_config_key":"google","expressions":{"name":{"references":["local.policy_root","var.policy_root_id","var.constraint"]},"parent":{"references":["local.policy_root","var.policy_root_id"]},"spec":[{}]},"schema_version":0,"count_expression":{"references":["local.folder","local.boolean_policy"]}},{"address":"google_org_policy_policy.folder_policy_list_exclude_folders","mode":"managed","type":"google_org_policy_policy","name":"folder_policy_list_exclude_folders","provider_config_key":"google","expressions":{"name":{"references":["each.value","var.constraint"]},"parent":{"references":["each.value"]},"spec":[{"reset":{"constant_value":true}}]},"schema_version":0,"for_each_expression":{"references":["local.list_policy","local.project","var.exclude_folders"]}},{"address":"google_org_policy_policy.org_policy_boolean","mode":"managed","type":"google_org_policy_policy","name":"org_policy_boolean","provider_config_key":"google","expressions":{"name":{"references":["local.policy_root","var.policy_root_id","var.constraint"]},"parent":{"references":["local.policy_root","var.policy_root_id"]},"spec":[{}]},"schema_version":0,"count_expression":{"references":["local.organization","local.boolean_policy"]}},{"address":"google_org_policy_policy.organization_policy","mode":"managed","type":"google_org_policy_policy","name":"organization_policy","provider_config_key":"google","expressions":{"name":{"references":["local.policy_root","var.policy_root_id","var.constraint"]},"parent":{"references":["local.policy_root","var.policy_root_id"]},"spec":[{"inherit_from_parent":{"references":["var.inherit_from_parent"]}}]},"schema_version":0,"count_expression":{"references":["local.organization","local.list_policy"]}},{"address":"google_org_policy_policy.policy_boolean_exclude_folders","mode":"managed","type":"google_org_policy_policy","name":"policy_boolean_exclude_folders","provider_config_key":"google","expressions":{"name":{"references":["each.value","var.constraint"]},"parent":{"references":["each.value"]},"spec":[{"rules":[{"enforce":{"constant_value":"FALSE"}}]}]},"schema_version":0,"for_each_expression":{"references":["local.boolean_policy","local.project","var.exclude_folders"]}},{"address":"google_org_policy_policy.policy_boolean_exclude_projects","mode":"managed","type":"google_org_policy_policy","name":"policy_boolean_exclude_projects","provider_config_key":"google","expressions":{"name":{"references":["each.value","var.constraint"]},"parent":{"references":["each.value"]},"spec":[{"rules":[{"enforce":{"constant_value":"FALSE"}}]}]},"schema_version":0,"for_each_expression":{"references":["local.boolean_policy","local.project","var.exclude_projects"]}},{"address":"google_org_policy_policy.project_policy","mode":"managed","type":"google_org_policy_policy","name":"project_policy","provider_config_key":"google","expressions":{"name":{"references":["local.policy_root","var.policy_root_id","var.constraint"]},"parent":{"references":["local.policy_root","var.policy_root_id"]},"spec":[{"inherit_from_parent":{"references":["var.inherit_from_parent"]}}]},"schema_version":0,"count_expression":{"references":["local.project","local.list_policy"]}},{"address":"google_org_policy_policy.project_policy_boolean","mode":"managed","type":"google_org_policy_policy","name":"project_policy_boolean","provider_config_key":"google","expressions":{"name":{"references":["local.policy_root","var.policy_root_id","var.constraint"]},"parent":{"references":["local.policy_root","var.policy_root_id"]},"spec":[{}]},"schema_version":0,"count_expression":{"references":["local.project","local.boolean_policy"]}},{"address":"google_org_policy_policy.project_policy_list_exclude_projects","mode":"managed","type":"google_org_policy_policy","name":"project_policy_list_exclude_projects","provider_config_key":"google","expressions":{"name":{"references":["each.value","var.constraint"]},"parent":{"references":["each.value"]},"spec":[{"reset":{"constant_value":true}}]},"schema_version":0,"for_each_expression":{"references":["local.list_policy","local.project","var.exclude_projects"]}}],"variables":{"constraint":{"description":"The constraint to be applied"},"exclude_folders":{"default":[],"description":"Set of folders to exclude from the policy"},"exclude_projects":{"default":[],"description":"Set of projects to exclude from the policy"},"inherit_from_parent":{"default":false,"description":"Determines the inheritance behavior for this policy (only supported on list constraints)"},"policy_root":{"default":"organization","description":"Resource hierarchy node to apply the policy to: can be one of `organization`, `folder`, or `project`."},"policy_root_id":{"default":null,"description":"The policy root id, either of organization_id, folder_id or project_id"},"policy_type":{"default":"list","description":"The constraint type to work with (either 'boolean' or 'list')"},"rules":{"description":"List of rules per policy. Up to 10."}}},"version_constraint":"~\u003e 5.2"},"cs-org-policy-compute_disableSerialPortAccess":{"source":"terraform-google-modules/org-policy/google//modules/org_policy_v2","expressions":{"constraint":{"constant_value":"compute.disableSerialPortAccess"},"exclude_folders":{"constant_value":[]},"exclude_projects":{"constant_value":[]},"policy_root":{"constant_value":"organization"},"policy_root_id":{"references":["var.org_id"]},"policy_type":{"constant_value":"boolean"},"rules":{"constant_value":[{"allow":[],"conditions":[],"deny":[],"enforcement":true}]}},"module":{"outputs":{"constraint":{"expression":{"references":["var.constraint"]},"description":"Policy Constraint Identifier without constraints/ prefix"},"policy_root":{"expression":{"references":["var.policy_root"]},"description":"Policy Root in the hierarchy for the given policy"},"policy_root_id":{"expression":{"references":["var.policy_root_id"]},"description":"Project Root ID at which the policy is applied"}},"resources":[{"address":"google_org_policy_policy.folder_policy","mode":"managed","type":"google_org_policy_policy","name":"folder_policy","provider_config_key":"google","expressions":{"name":{"references":["local.policy_root","var.policy_root_id","var.constraint"]},"parent":{"references":["local.policy_root","var.policy_root_id"]},"spec":[{"inherit_from_parent":{"references":["var.inherit_from_parent"]}}]},"schema_version":0,"count_expression":{"references":["local.folder","local.list_policy"]}},{"address":"google_org_policy_policy.folder_policy_boolean","mode":"managed","type":"google_org_policy_policy","name":"folder_policy_boolean","provider_config_key":"google","expressions":{"name":{"references":["local.policy_root","var.policy_root_id","var.constraint"]},"parent":{"references":["local.policy_root","var.policy_root_id"]},"spec":[{}]},"schema_version":0,"count_expression":{"references":["local.folder","local.boolean_policy"]}},{"address":"google_org_policy_policy.folder_policy_list_exclude_folders","mode":"managed","type":"google_org_policy_policy","name":"folder_policy_list_exclude_folders","provider_config_key":"google","expressions":{"name":{"references":["each.value","var.constraint"]},"parent":{"references":["each.value"]},"spec":[{"reset":{"constant_value":true}}]},"schema_version":0,"for_each_expression":{"references":["local.list_policy","local.project","var.exclude_folders"]}},{"address":"google_org_policy_policy.org_policy_boolean","mode":"managed","type":"google_org_policy_policy","name":"org_policy_boolean","provider_config_key":"google","expressions":{"name":{"references":["local.policy_root","var.policy_root_id","var.constraint"]},"parent":{"references":["local.policy_root","var.policy_root_id"]},"spec":[{}]},"schema_version":0,"count_expression":{"references":["local.organization","local.boolean_policy"]}},{"address":"google_org_policy_policy.organization_policy","mode":"managed","type":"google_org_policy_policy","name":"organization_policy","provider_config_key":"google","expressions":{"name":{"references":["local.policy_root","var.policy_root_id","var.constraint"]},"parent":{"references":["local.policy_root","var.policy_root_id"]},"spec":[{"inherit_from_parent":{"references":["var.inherit_from_parent"]}}]},"schema_version":0,"count_expression":{"references":["local.organization","local.list_policy"]}},{"address":"google_org_policy_policy.policy_boolean_exclude_folders","mode":"managed","type":"google_org_policy_policy","name":"policy_boolean_exclude_folders","provider_config_key":"google","expressions":{"name":{"references":["each.value","var.constraint"]},"parent":{"references":["each.value"]},"spec":[{"rules":[{"enforce":{"constant_value":"FALSE"}}]}]},"schema_version":0,"for_each_expression":{"references":["local.boolean_policy","local.project","var.exclude_folders"]}},{"address":"google_org_policy_policy.policy_boolean_exclude_projects","mode":"managed","type":"google_org_policy_policy","name":"policy_boolean_exclude_projects","provider_config_key":"google","expressions":{"name":{"references":["each.value","var.constraint"]},"parent":{"references":["each.value"]},"spec":[{"rules":[{"enforce":{"constant_value":"FALSE"}}]}]},"schema_version":0,"for_each_expression":{"references":["local.boolean_policy","local.project","var.exclude_projects"]}},{"address":"google_org_policy_policy.project_policy","mode":"managed","type":"google_org_policy_policy","name":"project_policy","provider_config_key":"google","expressions":{"name":{"references":["local.policy_root","var.policy_root_id","var.constraint"]},"parent":{"references":["local.policy_root","var.policy_root_id"]},"spec":[{"inherit_from_parent":{"references":["var.inherit_from_parent"]}}]},"schema_version":0,"count_expression":{"references":["local.project","local.list_policy"]}},{"address":"google_org_policy_policy.project_policy_boolean","mode":"managed","type":"google_org_policy_policy","name":"project_policy_boolean","provider_config_key":"google","expressions":{"name":{"references":["local.policy_root","var.policy_root_id","var.constraint"]},"parent":{"references":["local.policy_root","var.policy_root_id"]},"spec":[{}]},"schema_version":0,"count_expression":{"references":["local.project","local.boolean_policy"]}},{"address":"google_org_policy_policy.project_policy_list_exclude_projects","mode":"managed","type":"google_org_policy_policy","name":"project_policy_list_exclude_projects","provider_config_key":"google","expressions":{"name":{"references":["each.value","var.constraint"]},"parent":{"references":["each.value"]},"spec":[{"reset":{"constant_value":true}}]},"schema_version":0,"for_each_expression":{"references":["local.list_policy","local.project","var.exclude_projects"]}}],"variables":{"constraint":{"description":"The constraint to be applied"},"exclude_folders":{"default":[],"description":"Set of folders to exclude from the policy"},"exclude_projects":{"default":[],"description":"Set of projects to exclude from the policy"},"inherit_from_parent":{"default":false,"description":"Determines the inheritance behavior for this policy (only supported on list constraints)"},"policy_root":{"default":"organization","description":"Resource hierarchy node to apply the policy to: can be one of `organization`, `folder`, or `project`."},"policy_root_id":{"default":null,"description":"The policy root id, either of organization_id, folder_id or project_id"},"policy_type":{"default":"list","description":"The constraint type to work with (either 'boolean' or 'list')"},"rules":{"description":"List of rules per policy. Up to 10."}}},"version_constraint":"~\u003e 5.2"},"cs-org-policy-compute_disableVpcExternalIpv6":{"source":"terraform-google-modules/org-policy/google//modules/org_policy_v2","expressions":{"constraint":{"constant_value":"compute.disableVpcExternalIpv6"},"exclude_folders":{"constant_value":[]},"exclude_projects":{"constant_value":[]},"policy_root":{"constant_value":"organization"},"policy_root_id":{"references":["var.org_id"]},"policy_type":{"constant_value":"boolean"},"rules":{"constant_value":[{"allow":[],"conditions":[],"deny":[],"enforcement":true}]}},"module":{"outputs":{"constraint":{"expression":{"references":["var.constraint"]},"description":"Policy Constraint Identifier without constraints/ prefix"},"policy_root":{"expression":{"references":["var.policy_root"]},"description":"Policy Root in the hierarchy for the given policy"},"policy_root_id":{"expression":{"references":["var.policy_root_id"]},"description":"Project Root ID at which the policy is applied"}},"resources":[{"address":"google_org_policy_policy.folder_policy","mode":"managed","type":"google_org_policy_policy","name":"folder_policy","provider_config_key":"google","expressions":{"name":{"references":["local.policy_root","var.policy_root_id","var.constraint"]},"parent":{"references":["local.policy_root","var.policy_root_id"]},"spec":[{"inherit_from_parent":{"references":["var.inherit_from_parent"]}}]},"schema_version":0,"count_expression":{"references":["local.folder","local.list_policy"]}},{"address":"google_org_policy_policy.folder_policy_boolean","mode":"managed","type":"google_org_policy_policy","name":"folder_policy_boolean","provider_config_key":"google","expressions":{"name":{"references":["local.policy_root","var.policy_root_id","var.constraint"]},"parent":{"references":["local.policy_root","var.policy_root_id"]},"spec":[{}]},"schema_version":0,"count_expression":{"references":["local.folder","local.boolean_policy"]}},{"address":"google_org_policy_policy.folder_policy_list_exclude_folders","mode":"managed","type":"google_org_policy_policy","name":"folder_policy_list_exclude_folders","provider_config_key":"google","expressions":{"name":{"references":["each.value","var.constraint"]},"parent":{"references":["each.value"]},"spec":[{"reset":{"constant_value":true}}]},"schema_version":0,"for_each_expression":{"references":["local.list_policy","local.project","var.exclude_folders"]}},{"address":"google_org_policy_policy.org_policy_boolean","mode":"managed","type":"google_org_policy_policy","name":"org_policy_boolean","provider_config_key":"google","expressions":{"name":{"references":["local.policy_root","var.policy_root_id","var.constraint"]},"parent":{"references":["local.policy_root","var.policy_root_id"]},"spec":[{}]},"schema_version":0,"count_expression":{"references":["local.organization","local.boolean_policy"]}},{"address":"google_org_policy_policy.organization_policy","mode":"managed","type":"google_org_policy_policy","name":"organization_policy","provider_config_key":"google","expressions":{"name":{"references":["local.policy_root","var.policy_root_id","var.constraint"]},"parent":{"references":["local.policy_root","var.policy_root_id"]},"spec":[{"inherit_from_parent":{"references":["var.inherit_from_parent"]}}]},"schema_version":0,"count_expression":{"references":["local.organization","local.list_policy"]}},{"address":"google_org_policy_policy.policy_boolean_exclude_folders","mode":"managed","type":"google_org_policy_policy","name":"policy_boolean_exclude_folders","provider_config_key":"google","expressions":{"name":{"references":["each.value","var.constraint"]},"parent":{"references":["each.value"]},"spec":[{"rules":[{"enforce":{"constant_value":"FALSE"}}]}]},"schema_version":0,"for_each_expression":{"references":["local.boolean_policy","local.project","var.exclude_folders"]}},{"address":"google_org_policy_policy.policy_boolean_exclude_projects","mode":"managed","type":"google_org_policy_policy","name":"policy_boolean_exclude_projects","provider_config_key":"google","expressions":{"name":{"references":["each.value","var.constraint"]},"parent":{"references":["each.value"]},"spec":[{"rules":[{"enforce":{"constant_value":"FALSE"}}]}]},"schema_version":0,"for_each_expression":{"references":["local.boolean_policy","local.project","var.exclude_projects"]}},{"address":"google_org_policy_policy.project_policy","mode":"managed","type":"google_org_policy_policy","name":"project_policy","provider_config_key":"google","expressions":{"name":{"references":["local.policy_root","var.policy_root_id","var.constraint"]},"parent":{"references":["local.policy_root","var.policy_root_id"]},"spec":[{"inherit_from_parent":{"references":["var.inherit_from_parent"]}}]},"schema_version":0,"count_expression":{"references":["local.project","local.list_policy"]}},{"address":"google_org_policy_policy.project_policy_boolean","mode":"managed","type":"google_org_policy_policy","name":"project_policy_boolean","provider_config_key":"google","expressions":{"name":{"references":["local.policy_root","var.policy_root_id","var.constraint"]},"parent":{"references":["local.policy_root","var.policy_root_id"]},"spec":[{}]},"schema_version":0,"count_expression":{"references":["local.project","local.boolean_policy"]}},{"address":"google_org_policy_policy.project_policy_list_exclude_projects","mode":"managed","type":"google_org_policy_policy","name":"project_policy_list_exclude_projects","provider_config_key":"google","expressions":{"name":{"references":["each.value","var.constraint"]},"parent":{"references":["each.value"]},"spec":[{"reset":{"constant_value":true}}]},"schema_version":0,"for_each_expression":{"references":["local.list_policy","local.project","var.exclude_projects"]}}],"variables":{"constraint":{"description":"The constraint to be applied"},"exclude_folders":{"default":[],"description":"Set of folders to exclude from the policy"},"exclude_projects":{"default":[],"description":"Set of projects to exclude from the policy"},"inherit_from_parent":{"default":false,"description":"Determines the inheritance behavior for this policy (only supported on list constraints)"},"policy_root":{"default":"organization","description":"Resource hierarchy node to apply the policy to: can be one of `organization`, `folder`, or `project`."},"policy_root_id":{"default":null,"description":"The policy root id, either of organization_id, folder_id or project_id"},"policy_type":{"default":"list","description":"The constraint type to work with (either 'boolean' or 'list')"},"rules":{"description":"List of rules per policy. Up to 10."}}},"version_constraint":"~\u003e 5.2"},"cs-org-policy-compute_requireOsLogin":{"source":"terraform-google-modules/org-policy/google//modules/org_policy_v2","expressions":{"constraint":{"constant_value":"compute.requireOsLogin"},"exclude_folders":{"constant_value":[]},"exclude_projects":{"constant_value":[]},"policy_root":{"constant_value":"organization"},"policy_root_id":{"references":["var.org_id"]},"policy_type":{"constant_value":"boolean"},"rules":{"constant_value":[{"allow":[],"conditions":[],"deny":[],"enforcement":true}]}},"module":{"outputs":{"constraint":{"expression":{"references":["var.constraint"]},"description":"Policy Constraint Identifier without constraints/ prefix"},"policy_root":{"expression":{"references":["var.policy_root"]},"description":"Policy Root in the hierarchy for the given policy"},"policy_root_id":{"expression":{"references":["var.policy_root_id"]},"description":"Project Root ID at which the policy is applied"}},"resources":[{"address":"google_org_policy_policy.folder_policy","mode":"managed","type":"google_org_policy_policy","name":"folder_policy","provider_config_key":"google","expressions":{"name":{"references":["local.policy_root","var.policy_root_id","var.constraint"]},"parent":{"references":["local.policy_root","var.policy_root_id"]},"spec":[{"inherit_from_parent":{"references":["var.inherit_from_parent"]}}]},"schema_version":0,"count_expression":{"references":["local.folder","local.list_policy"]}},{"address":"google_org_policy_policy.folder_policy_boolean","mode":"managed","type":"google_org_policy_policy","name":"folder_policy_boolean","provider_config_key":"google","expressions":{"name":{"references":["local.policy_root","var.policy_root_id","var.constraint"]},"parent":{"references":["local.policy_root","var.policy_root_id"]},"spec":[{}]},"schema_version":0,"count_expression":{"references":["local.folder","local.boolean_policy"]}},{"address":"google_org_policy_policy.folder_policy_list_exclude_folders","mode":"managed","type":"google_org_policy_policy","name":"folder_policy_list_exclude_folders","provider_config_key":"google","expressions":{"name":{"references":["each.value","var.constraint"]},"parent":{"references":["each.value"]},"spec":[{"reset":{"constant_value":true}}]},"schema_version":0,"for_each_expression":{"references":["local.list_policy","local.project","var.exclude_folders"]}},{"address":"google_org_policy_policy.org_policy_boolean","mode":"managed","type":"google_org_policy_policy","name":"org_policy_boolean","provider_config_key":"google","expressions":{"name":{"references":["local.policy_root","var.policy_root_id","var.constraint"]},"parent":{"references":["local.policy_root","var.policy_root_id"]},"spec":[{}]},"schema_version":0,"count_expression":{"references":["local.organization","local.boolean_policy"]}},{"address":"google_org_policy_policy.organization_policy","mode":"managed","type":"google_org_policy_policy","name":"organization_policy","provider_config_key":"google","expressions":{"name":{"references":["local.policy_root","var.policy_root_id","var.constraint"]},"parent":{"references":["local.policy_root","var.policy_root_id"]},"spec":[{"inherit_from_parent":{"references":["var.inherit_from_parent"]}}]},"schema_version":0,"count_expression":{"references":["local.organization","local.list_policy"]}},{"address":"google_org_policy_policy.policy_boolean_exclude_folders","mode":"managed","type":"google_org_policy_policy","name":"policy_boolean_exclude_folders","provider_config_key":"google","expressions":{"name":{"references":["each.value","var.constraint"]},"parent":{"references":["each.value"]},"spec":[{"rules":[{"enforce":{"constant_value":"FALSE"}}]}]},"schema_version":0,"for_each_expression":{"references":["local.boolean_policy","local.project","var.exclude_folders"]}},{"address":"google_org_policy_policy.policy_boolean_exclude_projects","mode":"managed","type":"google_org_policy_policy","name":"policy_boolean_exclude_projects","provider_config_key":"google","expressions":{"name":{"references":["each.value","var.constraint"]},"parent":{"references":["each.value"]},"spec":[{"rules":[{"enforce":{"constant_value":"FALSE"}}]}]},"schema_version":0,"for_each_expression":{"references":["local.boolean_policy","local.project","var.exclude_projects"]}},{"address":"google_org_policy_policy.project_policy","mode":"managed","type":"google_org_policy_policy","name":"project_policy","provider_config_key":"google","expressions":{"name":{"references":["local.policy_root","var.policy_root_id","var.constraint"]},"parent":{"references":["local.policy_root","var.policy_root_id"]},"spec":[{"inherit_from_parent":{"references":["var.inherit_from_parent"]}}]},"schema_version":0,"count_expression":{"references":["local.project","local.list_policy"]}},{"address":"google_org_policy_policy.project_policy_boolean","mode":"managed","type":"google_org_policy_policy","name":"project_policy_boolean","provider_config_key":"google","expressions":{"name":{"references":["local.policy_root","var.policy_root_id","var.constraint"]},"parent":{"references":["local.policy_root","var.policy_root_id"]},"spec":[{}]},"schema_version":0,"count_expression":{"references":["local.project","local.boolean_policy"]}},{"address":"google_org_policy_policy.project_policy_list_exclude_projects","mode":"managed","type":"google_org_policy_policy","name":"project_policy_list_exclude_projects","provider_config_key":"google","expressions":{"name":{"references":["each.value","var.constraint"]},"parent":{"references":["each.value"]},"spec":[{"reset":{"constant_value":true}}]},"schema_version":0,"for_each_expression":{"references":["local.list_policy","local.project","var.exclude_projects"]}}],"variables":{"constraint":{"description":"The constraint to be applied"},"exclude_folders":{"default":[],"description":"Set of folders to exclude from the policy"},"exclude_projects":{"default":[],"description":"Set of projects to exclude from the policy"},"inherit_from_parent":{"default":false,"description":"Determines the inheritance behavior for this policy (only supported on list constraints)"},"policy_root":{"default":"organization","description":"Resource hierarchy node to apply the policy to: can be one of `organization`, `folder`, or `project`."},"policy_root_id":{"default":null,"description":"The policy root id, either of organization_id, folder_id or project_id"},"policy_type":{"default":"list","description":"The constraint type to work with (either 'boolean' or 'list')"},"rules":{"description":"List of rules per policy. Up to 10."}}},"version_constraint":"~\u003e 5.2"},"cs-org-policy-compute_restrictProtocolForwardingCreationForTypes":{"source":"terraform-google-modules/org-policy/google//modules/org_policy_v2","expressions":{"constraint":{"constant_value":"compute.restrictProtocolForwardingCreationForTypes"},"exclude_folders":{"constant_value":[]},"exclude_projects":{"constant_value":[]},"policy_root":{"constant_value":"organization"},"policy_root_id":{"references":["var.org_id"]},"policy_type":{"constant_value":"list"},"rules":{"constant_value":[{"allow":["INTERNAL"],"conditions":[],"deny":[],"enforcement":null}]}},"module":{"outputs":{"constraint":{"expression":{"references":["var.constraint"]},"description":"Policy Constraint Identifier without constraints/ prefix"},"policy_root":{"expression":{"references":["var.policy_root"]},"description":"Policy Root in the hierarchy for the given policy"},"policy_root_id":{"expression":{"references":["var.policy_root_id"]},"description":"Project Root ID at which the policy is applied"}},"resources":[{"address":"google_org_policy_policy.folder_policy","mode":"managed","type":"google_org_policy_policy","name":"folder_policy","provider_config_key":"google","expressions":{"name":{"references":["local.policy_root","var.policy_root_id","var.constraint"]},"parent":{"references":["local.policy_root","var.policy_root_id"]},"spec":[{"inherit_from_parent":{"references":["var.inherit_from_parent"]}}]},"schema_version":0,"count_expression":{"references":["local.folder","local.list_policy"]}},{"address":"google_org_policy_policy.folder_policy_boolean","mode":"managed","type":"google_org_policy_policy","name":"folder_policy_boolean","provider_config_key":"google","expressions":{"name":{"references":["local.policy_root","var.policy_root_id","var.constraint"]},"parent":{"references":["local.policy_root","var.policy_root_id"]},"spec":[{}]},"schema_version":0,"count_expression":{"references":["local.folder","local.boolean_policy"]}},{"address":"google_org_policy_policy.folder_policy_list_exclude_folders","mode":"managed","type":"google_org_policy_policy","name":"folder_policy_list_exclude_folders","provider_config_key":"google","expressions":{"name":{"references":["each.value","var.constraint"]},"parent":{"references":["each.value"]},"spec":[{"reset":{"constant_value":true}}]},"schema_version":0,"for_each_expression":{"references":["local.list_policy","local.project","var.exclude_folders"]}},{"address":"google_org_policy_policy.org_policy_boolean","mode":"managed","type":"google_org_policy_policy","name":"org_policy_boolean","provider_config_key":"google","expressions":{"name":{"references":["local.policy_root","var.policy_root_id","var.constraint"]},"parent":{"references":["local.policy_root","var.policy_root_id"]},"spec":[{}]},"schema_version":0,"count_expression":{"references":["local.organization","local.boolean_policy"]}},{"address":"google_org_policy_policy.organization_policy","mode":"managed","type":"google_org_policy_policy","name":"organization_policy","provider_config_key":"google","expressions":{"name":{"references":["local.policy_root","var.policy_root_id","var.constraint"]},"parent":{"references":["local.policy_root","var.policy_root_id"]},"spec":[{"inherit_from_parent":{"references":["var.inherit_from_parent"]}}]},"schema_version":0,"count_expression":{"references":["local.organization","local.list_policy"]}},{"address":"google_org_policy_policy.policy_boolean_exclude_folders","mode":"managed","type":"google_org_policy_policy","name":"policy_boolean_exclude_folders","provider_config_key":"google","expressions":{"name":{"references":["each.value","var.constraint"]},"parent":{"references":["each.value"]},"spec":[{"rules":[{"enforce":{"constant_value":"FALSE"}}]}]},"schema_version":0,"for_each_expression":{"references":["local.boolean_policy","local.project","var.exclude_folders"]}},{"address":"google_org_policy_policy.policy_boolean_exclude_projects","mode":"managed","type":"google_org_policy_policy","name":"policy_boolean_exclude_projects","provider_config_key":"google","expressions":{"name":{"references":["each.value","var.constraint"]},"parent":{"references":["each.value"]},"spec":[{"rules":[{"enforce":{"constant_value":"FALSE"}}]}]},"schema_version":0,"for_each_expression":{"references":["local.boolean_policy","local.project","var.exclude_projects"]}},{"address":"google_org_policy_policy.project_policy","mode":"managed","type":"google_org_policy_policy","name":"project_policy","provider_config_key":"google","expressions":{"name":{"references":["local.policy_root","var.policy_root_id","var.constraint"]},"parent":{"references":["local.policy_root","var.policy_root_id"]},"spec":[{"inherit_from_parent":{"references":["var.inherit_from_parent"]}}]},"schema_version":0,"count_expression":{"references":["local.project","local.list_policy"]}},{"address":"google_org_policy_policy.project_policy_boolean","mode":"managed","type":"google_org_policy_policy","name":"project_policy_boolean","provider_config_key":"google","expressions":{"name":{"references":["local.policy_root","var.policy_root_id","var.constraint"]},"parent":{"references":["local.policy_root","var.policy_root_id"]},"spec":[{}]},"schema_version":0,"count_expression":{"references":["local.project","local.boolean_policy"]}},{"address":"google_org_policy_policy.project_policy_list_exclude_projects","mode":"managed","type":"google_org_policy_policy","name":"project_policy_list_exclude_projects","provider_config_key":"google","expressions":{"name":{"references":["each.value","var.constraint"]},"parent":{"references":["each.value"]},"spec":[{"reset":{"constant_value":true}}]},"schema_version":0,"for_each_expression":{"references":["local.list_policy","local.project","var.exclude_projects"]}}],"variables":{"constraint":{"description":"The constraint to be applied"},"exclude_folders":{"default":[],"description":"Set of folders to exclude from the policy"},"exclude_projects":{"default":[],"description":"Set of projects to exclude from the policy"},"inherit_from_parent":{"default":false,"description":"Determines the inheritance behavior for this policy (only supported on list constraints)"},"policy_root":{"default":"organization","description":"Resource hierarchy node to apply the policy to: can be one of `organization`, `folder`, or `project`."},"policy_root_id":{"default":null,"description":"The policy root id, either of organization_id, folder_id or project_id"},"policy_type":{"default":"list","description":"The constraint type to work with (either 'boolean' or 'list')"},"rules":{"description":"List of rules per policy. Up to 10."}}},"version_constraint":"~\u003e 5.2"},"cs-org-policy-compute_restrictXpnProjectLienRemoval":{"source":"terraform-google-modules/org-policy/google//modules/org_policy_v2","expressions":{"constraint":{"constant_value":"compute.restrictXpnProjectLienRemoval"},"exclude_folders":{"constant_value":[]},"exclude_projects":{"constant_value":[]},"policy_root":{"constant_value":"organization"},"policy_root_id":{"references":["var.org_id"]},"policy_type":{"constant_value":"boolean"},"rules":{"constant_value":[{"allow":[],"conditions":[],"deny":[],"enforcement":true}]}},"module":{"outputs":{"constraint":{"expression":{"references":["var.constraint"]},"description":"Policy Constraint Identifier without constraints/ prefix"},"policy_root":{"expression":{"references":["var.policy_root"]},"description":"Policy Root in the hierarchy for the given policy"},"policy_root_id":{"expression":{"references":["var.policy_root_id"]},"description":"Project Root ID at which the policy is applied"}},"resources":[{"address":"google_org_policy_policy.folder_policy","mode":"managed","type":"google_org_policy_policy","name":"folder_policy","provider_config_key":"google","expressions":{"name":{"references":["local.policy_root","var.policy_root_id","var.constraint"]},"parent":{"references":["local.policy_root","var.policy_root_id"]},"spec":[{"inherit_from_parent":{"references":["var.inherit_from_parent"]}}]},"schema_version":0,"count_expression":{"references":["local.folder","local.list_policy"]}},{"address":"google_org_policy_policy.folder_policy_boolean","mode":"managed","type":"google_org_policy_policy","name":"folder_policy_boolean","provider_config_key":"google","expressions":{"name":{"references":["local.policy_root","var.policy_root_id","var.constraint"]},"parent":{"references":["local.policy_root","var.policy_root_id"]},"spec":[{}]},"schema_version":0,"count_expression":{"references":["local.folder","local.boolean_policy"]}},{"address":"google_org_policy_policy.folder_policy_list_exclude_folders","mode":"managed","type":"google_org_policy_policy","name":"folder_policy_list_exclude_folders","provider_config_key":"google","expressions":{"name":{"references":["each.value","var.constraint"]},"parent":{"references":["each.value"]},"spec":[{"reset":{"constant_value":true}}]},"schema_version":0,"for_each_expression":{"references":["local.list_policy","local.project","var.exclude_folders"]}},{"address":"google_org_policy_policy.org_policy_boolean","mode":"managed","type":"google_org_policy_policy","name":"org_policy_boolean","provider_config_key":"google","expressions":{"name":{"references":["local.policy_root","var.policy_root_id","var.constraint"]},"parent":{"references":["local.policy_root","var.policy_root_id"]},"spec":[{}]},"schema_version":0,"count_expression":{"references":["local.organization","local.boolean_policy"]}},{"address":"google_org_policy_policy.organization_policy","mode":"managed","type":"google_org_policy_policy","name":"organization_policy","provider_config_key":"google","expressions":{"name":{"references":["local.policy_root","var.policy_root_id","var.constraint"]},"parent":{"references":["local.policy_root","var.policy_root_id"]},"spec":[{"inherit_from_parent":{"references":["var.inherit_from_parent"]}}]},"schema_version":0,"count_expression":{"references":["local.organization","local.list_policy"]}},{"address":"google_org_policy_policy.policy_boolean_exclude_folders","mode":"managed","type":"google_org_policy_policy","name":"policy_boolean_exclude_folders","provider_config_key":"google","expressions":{"name":{"references":["each.value","var.constraint"]},"parent":{"references":["each.value"]},"spec":[{"rules":[{"enforce":{"constant_value":"FALSE"}}]}]},"schema_version":0,"for_each_expression":{"references":["local.boolean_policy","local.project","var.exclude_folders"]}},{"address":"google_org_policy_policy.policy_boolean_exclude_projects","mode":"managed","type":"google_org_policy_policy","name":"policy_boolean_exclude_projects","provider_config_key":"google","expressions":{"name":{"references":["each.value","var.constraint"]},"parent":{"references":["each.value"]},"spec":[{"rules":[{"enforce":{"constant_value":"FALSE"}}]}]},"schema_version":0,"for_each_expression":{"references":["local.boolean_policy","local.project","var.exclude_projects"]}},{"address":"google_org_policy_policy.project_policy","mode":"managed","type":"google_org_policy_policy","name":"project_policy","provider_config_key":"google","expressions":{"name":{"references":["local.policy_root","var.policy_root_id","var.constraint"]},"parent":{"references":["local.policy_root","var.policy_root_id"]},"spec":[{"inherit_from_parent":{"references":["var.inherit_from_parent"]}}]},"schema_version":0,"count_expression":{"references":["local.project","local.list_policy"]}},{"address":"google_org_policy_policy.project_policy_boolean","mode":"managed","type":"google_org_policy_policy","name":"project_policy_boolean","provider_config_key":"google","expressions":{"name":{"references":["local.policy_root","var.policy_root_id","var.constraint"]},"parent":{"references":["local.policy_root","var.policy_root_id"]},"spec":[{}]},"schema_version":0,"count_expression":{"references":["local.project","local.boolean_policy"]}},{"address":"google_org_policy_policy.project_policy_list_exclude_projects","mode":"managed","type":"google_org_policy_policy","name":"project_policy_list_exclude_projects","provider_config_key":"google","expressions":{"name":{"references":["each.value","var.constraint"]},"parent":{"references":["each.value"]},"spec":[{"reset":{"constant_value":true}}]},"schema_version":0,"for_each_expression":{"references":["local.list_policy","local.project","var.exclude_projects"]}}],"variables":{"constraint":{"description":"The constraint to be applied"},"exclude_folders":{"default":[],"description":"Set of folders to exclude from the policy"},"exclude_projects":{"default":[],"description":"Set of projects to exclude from the policy"},"inherit_from_parent":{"default":false,"description":"Determines the inheritance behavior for this policy (only supported on list constraints)"},"policy_root":{"default":"organization","description":"Resource hierarchy node to apply the policy to: can be one of `organization`, `folder`, or `project`."},"policy_root_id":{"default":null,"description":"The policy root id, either of organization_id, folder_id or project_id"},"policy_type":{"default":"list","description":"The constraint type to work with (either 'boolean' or 'list')"},"rules":{"description":"List of rules per policy. Up to 10."}}},"version_constraint":"~\u003e 5.2"},"cs-org-policy-compute_setNewProjectDefaultToZonalDNSOnly":{"source":"terraform-google-modules/org-policy/google//modules/org_policy_v2","expressions":{"constraint":{"constant_value":"compute.setNewProjectDefaultToZonalDNSOnly"},"exclude_folders":{"constant_value":[]},"exclude_projects":{"constant_value":[]},"policy_root":{"constant_value":"organization"},"policy_root_id":{"references":["var.org_id"]},"policy_type":{"constant_value":"boolean"},"rules":{"constant_value":[{"allow":[],"conditions":[],"deny":[],"enforcement":true}]}},"module":{"outputs":{"constraint":{"expression":{"references":["var.constraint"]},"description":"Policy Constraint Identifier without constraints/ prefix"},"policy_root":{"expression":{"references":["var.policy_root"]},"description":"Policy Root in the hierarchy for the given policy"},"policy_root_id":{"expression":{"references":["var.policy_root_id"]},"description":"Project Root ID at which the policy is applied"}},"resources":[{"address":"google_org_policy_policy.folder_policy","mode":"managed","type":"google_org_policy_policy","name":"folder_policy","provider_config_key":"google","expressions":{"name":{"references":["local.policy_root","var.policy_root_id","var.constraint"]},"parent":{"references":["local.policy_root","var.policy_root_id"]},"spec":[{"inherit_from_parent":{"references":["var.inherit_from_parent"]}}]},"schema_version":0,"count_expression":{"references":["local.folder","local.list_policy"]}},{"address":"google_org_policy_policy.folder_policy_boolean","mode":"managed","type":"google_org_policy_policy","name":"folder_policy_boolean","provider_config_key":"google","expressions":{"name":{"references":["local.policy_root","var.policy_root_id","var.constraint"]},"parent":{"references":["local.policy_root","var.policy_root_id"]},"spec":[{}]},"schema_version":0,"count_expression":{"references":["local.folder","local.boolean_policy"]}},{"address":"google_org_policy_policy.folder_policy_list_exclude_folders","mode":"managed","type":"google_org_policy_policy","name":"folder_policy_list_exclude_folders","provider_config_key":"google","expressions":{"name":{"references":["each.value","var.constraint"]},"parent":{"references":["each.value"]},"spec":[{"reset":{"constant_value":true}}]},"schema_version":0,"for_each_expression":{"references":["local.list_policy","local.project","var.exclude_folders"]}},{"address":"google_org_policy_policy.org_policy_boolean","mode":"managed","type":"google_org_policy_policy","name":"org_policy_boolean","provider_config_key":"google","expressions":{"name":{"references":["local.policy_root","var.policy_root_id","var.constraint"]},"parent":{"references":["local.policy_root","var.policy_root_id"]},"spec":[{}]},"schema_version":0,"count_expression":{"references":["local.organization","local.boolean_policy"]}},{"address":"google_org_policy_policy.organization_policy","mode":"managed","type":"google_org_policy_policy","name":"organization_policy","provider_config_key":"google","expressions":{"name":{"references":["local.policy_root","var.policy_root_id","var.constraint"]},"parent":{"references":["local.policy_root","var.policy_root_id"]},"spec":[{"inherit_from_parent":{"references":["var.inherit_from_parent"]}}]},"schema_version":0,"count_expression":{"references":["local.organization","local.list_policy"]}},{"address":"google_org_policy_policy.policy_boolean_exclude_folders","mode":"managed","type":"google_org_policy_policy","name":"policy_boolean_exclude_folders","provider_config_key":"google","expressions":{"name":{"references":["each.value","var.constraint"]},"parent":{"references":["each.value"]},"spec":[{"rules":[{"enforce":{"constant_value":"FALSE"}}]}]},"schema_version":0,"for_each_expression":{"references":["local.boolean_policy","local.project","var.exclude_folders"]}},{"address":"google_org_policy_policy.policy_boolean_exclude_projects","mode":"managed","type":"google_org_policy_policy","name":"policy_boolean_exclude_projects","provider_config_key":"google","expressions":{"name":{"references":["each.value","var.constraint"]},"parent":{"references":["each.value"]},"spec":[{"rules":[{"enforce":{"constant_value":"FALSE"}}]}]},"schema_version":0,"for_each_expression":{"references":["local.boolean_policy","local.project","var.exclude_projects"]}},{"address":"google_org_policy_policy.project_policy","mode":"managed","type":"google_org_policy_policy","name":"project_policy","provider_config_key":"google","expressions":{"name":{"references":["local.policy_root","var.policy_root_id","var.constraint"]},"parent":{"references":["local.policy_root","var.policy_root_id"]},"spec":[{"inherit_from_parent":{"references":["var.inherit_from_parent"]}}]},"schema_version":0,"count_expression":{"references":["local.project","local.list_policy"]}},{"address":"google_org_policy_policy.project_policy_boolean","mode":"managed","type":"google_org_policy_policy","name":"project_policy_boolean","provider_config_key":"google","expressions":{"name":{"references":["local.policy_root","var.policy_root_id","var.constraint"]},"parent":{"references":["local.policy_root","var.policy_root_id"]},"spec":[{}]},"schema_version":0,"count_expression":{"references":["local.project","local.boolean_policy"]}},{"address":"google_org_policy_policy.project_policy_list_exclude_projects","mode":"managed","type":"google_org_policy_policy","name":"project_policy_list_exclude_projects","provider_config_key":"google","expressions":{"name":{"references":["each.value","var.constraint"]},"parent":{"references":["each.value"]},"spec":[{"reset":{"constant_value":true}}]},"schema_version":0,"for_each_expression":{"references":["local.list_policy","local.project","var.exclude_projects"]}}],"variables":{"constraint":{"description":"The constraint to be applied"},"exclude_folders":{"default":[],"description":"Set of folders to exclude from the policy"},"exclude_projects":{"default":[],"description":"Set of projects to exclude from the policy"},"inherit_from_parent":{"default":false,"description":"Determines the inheritance behavior for this policy (only supported on list constraints)"},"policy_root":{"default":"organization","description":"Resource hierarchy node to apply the policy to: can be one of `organization`, `folder`, or `project`."},"policy_root_id":{"default":null,"description":"The policy root id, either of organization_id, folder_id or project_id"},"policy_type":{"default":"list","description":"The constraint type to work with (either 'boolean' or 'list')"},"rules":{"description":"List of rules per policy. Up to 10."}}},"version_constraint":"~\u003e 5.2"},"cs-org-policy-compute_skipDefaultNetworkCreation":{"source":"terraform-google-modules/org-policy/google//modules/org_policy_v2","expressions":{"constraint":{"constant_value":"compute.skipDefaultNetworkCreation"},"exclude_folders":{"constant_value":[]},"exclude_projects":{"constant_value":[]},"policy_root":{"constant_value":"organization"},"policy_root_id":{"references":["var.org_id"]},"policy_type":{"constant_value":"boolean"},"rules":{"constant_value":[{"allow":[],"conditions":[],"deny":[],"enforcement":true}]}},"module":{"outputs":{"constraint":{"expression":{"references":["var.constraint"]},"description":"Policy Constraint Identifier without constraints/ prefix"},"policy_root":{"expression":{"references":["var.policy_root"]},"description":"Policy Root in the hierarchy for the given policy"},"policy_root_id":{"expression":{"references":["var.policy_root_id"]},"description":"Project Root ID at which the policy is applied"}},"resources":[{"address":"google_org_policy_policy.folder_policy","mode":"managed","type":"google_org_policy_policy","name":"folder_policy","provider_config_key":"google","expressions":{"name":{"references":["local.policy_root","var.policy_root_id","var.constraint"]},"parent":{"references":["local.policy_root","var.policy_root_id"]},"spec":[{"inherit_from_parent":{"references":["var.inherit_from_parent"]}}]},"schema_version":0,"count_expression":{"references":["local.folder","local.list_policy"]}},{"address":"google_org_policy_policy.folder_policy_boolean","mode":"managed","type":"google_org_policy_policy","name":"folder_policy_boolean","provider_config_key":"google","expressions":{"name":{"references":["local.policy_root","var.policy_root_id","var.constraint"]},"parent":{"references":["local.policy_root","var.policy_root_id"]},"spec":[{}]},"schema_version":0,"count_expression":{"references":["local.folder","local.boolean_policy"]}},{"address":"google_org_policy_policy.folder_policy_list_exclude_folders","mode":"managed","type":"google_org_policy_policy","name":"folder_policy_list_exclude_folders","provider_config_key":"google","expressions":{"name":{"references":["each.value","var.constraint"]},"parent":{"references":["each.value"]},"spec":[{"reset":{"constant_value":true}}]},"schema_version":0,"for_each_expression":{"references":["local.list_policy","local.project","var.exclude_folders"]}},{"address":"google_org_policy_policy.org_policy_boolean","mode":"managed","type":"google_org_policy_policy","name":"org_policy_boolean","provider_config_key":"google","expressions":{"name":{"references":["local.policy_root","var.policy_root_id","var.constraint"]},"parent":{"references":["local.policy_root","var.policy_root_id"]},"spec":[{}]},"schema_version":0,"count_expression":{"references":["local.organization","local.boolean_policy"]}},{"address":"google_org_policy_policy.organization_policy","mode":"managed","type":"google_org_policy_policy","name":"organization_policy","provider_config_key":"google","expressions":{"name":{"references":["local.policy_root","var.policy_root_id","var.constraint"]},"parent":{"references":["local.policy_root","var.policy_root_id"]},"spec":[{"inherit_from_parent":{"references":["var.inherit_from_parent"]}}]},"schema_version":0,"count_expression":{"references":["local.organization","local.list_policy"]}},{"address":"google_org_policy_policy.policy_boolean_exclude_folders","mode":"managed","type":"google_org_policy_policy","name":"policy_boolean_exclude_folders","provider_config_key":"google","expressions":{"name":{"references":["each.value","var.constraint"]},"parent":{"references":["each.value"]},"spec":[{"rules":[{"enforce":{"constant_value":"FALSE"}}]}]},"schema_version":0,"for_each_expression":{"references":["local.boolean_policy","local.project","var.exclude_folders"]}},{"address":"google_org_policy_policy.policy_boolean_exclude_projects","mode":"managed","type":"google_org_policy_policy","name":"policy_boolean_exclude_projects","provider_config_key":"google","expressions":{"name":{"references":["each.value","var.constraint"]},"parent":{"references":["each.value"]},"spec":[{"rules":[{"enforce":{"constant_value":"FALSE"}}]}]},"schema_version":0,"for_each_expression":{"references":["local.boolean_policy","local.project","var.exclude_projects"]}},{"address":"google_org_policy_policy.project_policy","mode":"managed","type":"google_org_policy_policy","name":"project_policy","provider_config_key":"google","expressions":{"name":{"references":["local.policy_root","var.policy_root_id","var.constraint"]},"parent":{"references":["local.policy_root","var.policy_root_id"]},"spec":[{"inherit_from_parent":{"references":["var.inherit_from_parent"]}}]},"schema_version":0,"count_expression":{"references":["local.project","local.list_policy"]}},{"address":"google_org_policy_policy.project_policy_boolean","mode":"managed","type":"google_org_policy_policy","name":"project_policy_boolean","provider_config_key":"google","expressions":{"name":{"references":["local.policy_root","var.policy_root_id","var.constraint"]},"parent":{"references":["local.policy_root","var.policy_root_id"]},"spec":[{}]},"schema_version":0,"count_expression":{"references":["local.project","local.boolean_policy"]}},{"address":"google_org_policy_policy.project_policy_list_exclude_projects","mode":"managed","type":"google_org_policy_policy","name":"project_policy_list_exclude_projects","provider_config_key":"google","expressions":{"name":{"references":["each.value","var.constraint"]},"parent":{"references":["each.value"]},"spec":[{"reset":{"constant_value":true}}]},"schema_version":0,"for_each_expression":{"references":["local.list_policy","local.project","var.exclude_projects"]}}],"variables":{"constraint":{"description":"The constraint to be applied"},"exclude_folders":{"default":[],"description":"Set of folders to exclude from the policy"},"exclude_projects":{"default":[],"description":"Set of projects to exclude from the policy"},"inherit_from_parent":{"default":false,"description":"Determines the inheritance behavior for this policy (only supported on list constraints)"},"policy_root":{"default":"organization","description":"Resource hierarchy node to apply the policy to: can be one of `organization`, `folder`, or `project`."},"policy_root_id":{"default":null,"description":"The policy root id, either of organization_id, folder_id or project_id"},"policy_type":{"default":"list","description":"The constraint type to work with (either 'boolean' or 'list')"},"rules":{"description":"List of rules per policy. Up to 10."}}},"version_constraint":"~\u003e 5.2"},"cs-org-policy-compute_vmExternalIpAccess":{"source":"terraform-google-modules/org-policy/google//modules/org_policy_v2","expressions":{"constraint":{"constant_value":"compute.vmExternalIpAccess"},"exclude_folders":{"constant_value":[]},"exclude_projects":{"constant_value":[]},"policy_root":{"constant_value":"organization"},"policy_root_id":{"references":["var.org_id"]},"policy_type":{"constant_value":"list"},"rules":{"constant_value":[{"allow":[],"conditions":[],"deny":[],"enforcement":true}]}},"module":{"outputs":{"constraint":{"expression":{"references":["var.constraint"]},"description":"Policy Constraint Identifier without constraints/ prefix"},"policy_root":{"expression":{"references":["var.policy_root"]},"description":"Policy Root in the hierarchy for the given policy"},"policy_root_id":{"expression":{"references":["var.policy_root_id"]},"description":"Project Root ID at which the policy is applied"}},"resources":[{"address":"google_org_policy_policy.folder_policy","mode":"managed","type":"google_org_policy_policy","name":"folder_policy","provider_config_key":"google","expressions":{"name":{"references":["local.policy_root","var.policy_root_id","var.constraint"]},"parent":{"references":["local.policy_root","var.policy_root_id"]},"spec":[{"inherit_from_parent":{"references":["var.inherit_from_parent"]}}]},"schema_version":0,"count_expression":{"references":["local.folder","local.list_policy"]}},{"address":"google_org_policy_policy.folder_policy_boolean","mode":"managed","type":"google_org_policy_policy","name":"folder_policy_boolean","provider_config_key":"google","expressions":{"name":{"references":["local.policy_root","var.policy_root_id","var.constraint"]},"parent":{"references":["local.policy_root","var.policy_root_id"]},"spec":[{}]},"schema_version":0,"count_expression":{"references":["local.folder","local.boolean_policy"]}},{"address":"google_org_policy_policy.folder_policy_list_exclude_folders","mode":"managed","type":"google_org_policy_policy","name":"folder_policy_list_exclude_folders","provider_config_key":"google","expressions":{"name":{"references":["each.value","var.constraint"]},"parent":{"references":["each.value"]},"spec":[{"reset":{"constant_value":true}}]},"schema_version":0,"for_each_expression":{"references":["local.list_policy","local.project","var.exclude_folders"]}},{"address":"google_org_policy_policy.org_policy_boolean","mode":"managed","type":"google_org_policy_policy","name":"org_policy_boolean","provider_config_key":"google","expressions":{"name":{"references":["local.policy_root","var.policy_root_id","var.constraint"]},"parent":{"references":["local.policy_root","var.policy_root_id"]},"spec":[{}]},"schema_version":0,"count_expression":{"references":["local.organization","local.boolean_policy"]}},{"address":"google_org_policy_policy.organization_policy","mode":"managed","type":"google_org_policy_policy","name":"organization_policy","provider_config_key":"google","expressions":{"name":{"references":["local.policy_root","var.policy_root_id","var.constraint"]},"parent":{"references":["local.policy_root","var.policy_root_id"]},"spec":[{"inherit_from_parent":{"references":["var.inherit_from_parent"]}}]},"schema_version":0,"count_expression":{"references":["local.organization","local.list_policy"]}},{"address":"google_org_policy_policy.policy_boolean_exclude_folders","mode":"managed","type":"google_org_policy_policy","name":"policy_boolean_exclude_folders","provider_config_key":"google","expressions":{"name":{"references":["each.value","var.constraint"]},"parent":{"references":["each.value"]},"spec":[{"rules":[{"enforce":{"constant_value":"FALSE"}}]}]},"schema_version":0,"for_each_expression":{"references":["local.boolean_policy","local.project","var.exclude_folders"]}},{"address":"google_org_policy_policy.policy_boolean_exclude_projects","mode":"managed","type":"google_org_policy_policy","name":"policy_boolean_exclude_projects","provider_config_key":"google","expressions":{"name":{"references":["each.value","var.constraint"]},"parent":{"references":["each.value"]},"spec":[{"rules":[{"enforce":{"constant_value":"FALSE"}}]}]},"schema_version":0,"for_each_expression":{"references":["local.boolean_policy","local.project","var.exclude_projects"]}},{"address":"google_org_policy_policy.project_policy","mode":"managed","type":"google_org_policy_policy","name":"project_policy","provider_config_key":"google","expressions":{"name":{"references":["local.policy_root","var.policy_root_id","var.constraint"]},"parent":{"references":["local.policy_root","var.policy_root_id"]},"spec":[{"inherit_from_parent":{"references":["var.inherit_from_parent"]}}]},"schema_version":0,"count_expression":{"references":["local.project","local.list_policy"]}},{"address":"google_org_policy_policy.project_policy_boolean","mode":"managed","type":"google_org_policy_policy","name":"project_policy_boolean","provider_config_key":"google","expressions":{"name":{"references":["local.policy_root","var.policy_root_id","var.constraint"]},"parent":{"references":["local.policy_root","var.policy_root_id"]},"spec":[{}]},"schema_version":0,"count_expression":{"references":["local.project","local.boolean_policy"]}},{"address":"google_org_policy_policy.project_policy_list_exclude_projects","mode":"managed","type":"google_org_policy_policy","name":"project_policy_list_exclude_projects","provider_config_key":"google","expressions":{"name":{"references":["each.value","var.constraint"]},"parent":{"references":["each.value"]},"spec":[{"reset":{"constant_value":true}}]},"schema_version":0,"for_each_expression":{"references":["local.list_policy","local.project","var.exclude_projects"]}}],"variables":{"constraint":{"description":"The constraint to be applied"},"exclude_folders":{"default":[],"description":"Set of folders to exclude from the policy"},"exclude_projects":{"default":[],"description":"Set of projects to exclude from the policy"},"inherit_from_parent":{"default":false,"description":"Determines the inheritance behavior for this policy (only supported on list constraints)"},"policy_root":{"default":"organization","description":"Resource hierarchy node to apply the policy to: can be one of `organization`, `folder`, or `project`."},"policy_root_id":{"default":null,"description":"The policy root id, either of organization_id, folder_id or project_id"},"policy_type":{"default":"list","description":"The constraint type to work with (either 'boolean' or 'list')"},"rules":{"description":"List of rules per policy. Up to 10."}}},"version_constraint":"~\u003e 5.2"},"cs-org-policy-essentialcontacts_allowedContactDomains":{"source":"terraform-google-modules/org-policy/google//modules/org_policy_v2","expressions":{"constraint":{"constant_value":"essentialcontacts.allowedContactDomains"},"exclude_folders":{"constant_value":[]},"exclude_projects":{"constant_value":[]},"policy_root":{"constant_value":"organization"},"policy_root_id":{"references":["var.org_id"]},"policy_type":{"constant_value":"list"},"rules":{"constant_value":[{"allow":["@smartrentalstsv.com.au"],"conditions":[],"deny":[],"enforcement":null}]}},"module":{"outputs":{"constraint":{"expression":{"references":["var.constraint"]},"description":"Policy Constraint Identifier without constraints/ prefix"},"policy_root":{"expression":{"references":["var.policy_root"]},"description":"Policy Root in the hierarchy for the given policy"},"policy_root_id":{"expression":{"references":["var.policy_root_id"]},"description":"Project Root ID at which the policy is applied"}},"resources":[{"address":"google_org_policy_policy.folder_policy","mode":"managed","type":"google_org_policy_policy","name":"folder_policy","provider_config_key":"google","expressions":{"name":{"references":["local.policy_root","var.policy_root_id","var.constraint"]},"parent":{"references":["local.policy_root","var.policy_root_id"]},"spec":[{"inherit_from_parent":{"references":["var.inherit_from_parent"]}}]},"schema_version":0,"count_expression":{"references":["local.folder","local.list_policy"]}},{"address":"google_org_policy_policy.folder_policy_boolean","mode":"managed","type":"google_org_policy_policy","name":"folder_policy_boolean","provider_config_key":"google","expressions":{"name":{"references":["local.policy_root","var.policy_root_id","var.constraint"]},"parent":{"references":["local.policy_root","var.policy_root_id"]},"spec":[{}]},"schema_version":0,"count_expression":{"references":["local.folder","local.boolean_policy"]}},{"address":"google_org_policy_policy.folder_policy_list_exclude_folders","mode":"managed","type":"google_org_policy_policy","name":"folder_policy_list_exclude_folders","provider_config_key":"google","expressions":{"name":{"references":["each.value","var.constraint"]},"parent":{"references":["each.value"]},"spec":[{"reset":{"constant_value":true}}]},"schema_version":0,"for_each_expression":{"references":["local.list_policy","local.project","var.exclude_folders"]}},{"address":"google_org_policy_policy.org_policy_boolean","mode":"managed","type":"google_org_policy_policy","name":"org_policy_boolean","provider_config_key":"google","expressions":{"name":{"references":["local.policy_root","var.policy_root_id","var.constraint"]},"parent":{"references":["local.policy_root","var.policy_root_id"]},"spec":[{}]},"schema_version":0,"count_expression":{"references":["local.organization","local.boolean_policy"]}},{"address":"google_org_policy_policy.organization_policy","mode":"managed","type":"google_org_policy_policy","name":"organization_policy","provider_config_key":"google","expressions":{"name":{"references":["local.policy_root","var.policy_root_id","var.constraint"]},"parent":{"references":["local.policy_root","var.policy_root_id"]},"spec":[{"inherit_from_parent":{"references":["var.inherit_from_parent"]}}]},"schema_version":0,"count_expression":{"references":["local.organization","local.list_policy"]}},{"address":"google_org_policy_policy.policy_boolean_exclude_folders","mode":"managed","type":"google_org_policy_policy","name":"policy_boolean_exclude_folders","provider_config_key":"google","expressions":{"name":{"references":["each.value","var.constraint"]},"parent":{"references":["each.value"]},"spec":[{"rules":[{"enforce":{"constant_value":"FALSE"}}]}]},"schema_version":0,"for_each_expression":{"references":["local.boolean_policy","local.project","var.exclude_folders"]}},{"address":"google_org_policy_policy.policy_boolean_exclude_projects","mode":"managed","type":"google_org_policy_policy","name":"policy_boolean_exclude_projects","provider_config_key":"google","expressions":{"name":{"references":["each.value","var.constraint"]},"parent":{"references":["each.value"]},"spec":[{"rules":[{"enforce":{"constant_value":"FALSE"}}]}]},"schema_version":0,"for_each_expression":{"references":["local.boolean_policy","local.project","var.exclude_projects"]}},{"address":"google_org_policy_policy.project_policy","mode":"managed","type":"google_org_policy_policy","name":"project_policy","provider_config_key":"google","expressions":{"name":{"references":["local.policy_root","var.policy_root_id","var.constraint"]},"parent":{"references":["local.policy_root","var.policy_root_id"]},"spec":[{"inherit_from_parent":{"references":["var.inherit_from_parent"]}}]},"schema_version":0,"count_expression":{"references":["local.project","local.list_policy"]}},{"address":"google_org_policy_policy.project_policy_boolean","mode":"managed","type":"google_org_policy_policy","name":"project_policy_boolean","provider_config_key":"google","expressions":{"name":{"references":["local.policy_root","var.policy_root_id","var.constraint"]},"parent":{"references":["local.policy_root","var.policy_root_id"]},"spec":[{}]},"schema_version":0,"count_expression":{"references":["local.project","local.boolean_policy"]}},{"address":"google_org_policy_policy.project_policy_list_exclude_projects","mode":"managed","type":"google_org_policy_policy","name":"project_policy_list_exclude_projects","provider_config_key":"google","expressions":{"name":{"references":["each.value","var.constraint"]},"parent":{"references":["each.value"]},"spec":[{"reset":{"constant_value":true}}]},"schema_version":0,"for_each_expression":{"references":["local.list_policy","local.project","var.exclude_projects"]}}],"variables":{"constraint":{"description":"The constraint to be applied"},"exclude_folders":{"default":[],"description":"Set of folders to exclude from the policy"},"exclude_projects":{"default":[],"description":"Set of projects to exclude from the policy"},"inherit_from_parent":{"default":false,"description":"Determines the inheritance behavior for this policy (only supported on list constraints)"},"policy_root":{"default":"organization","description":"Resource hierarchy node to apply the policy to: can be one of `organization`, `folder`, or `project`."},"policy_root_id":{"default":null,"description":"The policy root id, either of organization_id, folder_id or project_id"},"policy_type":{"default":"list","description":"The constraint type to work with (either 'boolean' or 'list')"},"rules":{"description":"List of rules per policy. Up to 10."}}},"version_constraint":"~\u003e 5.2"},"cs-org-policy-iam_allowedPolicyMemberDomains":{"source":"terraform-google-modules/org-policy/google//modules/org_policy_v2","expressions":{"constraint":{"constant_value":"iam.allowedPolicyMemberDomains"},"exclude_folders":{"constant_value":[]},"exclude_projects":{"constant_value":[]},"policy_root":{"constant_value":"organization"},"policy_root_id":{"references":["var.org_id"]},"policy_type":{"constant_value":"list"},"rules":{"constant_value":[{"allow":["C00hs4gl3"],"conditions":[],"deny":[],"enforcement":null}]}},"module":{"outputs":{"constraint":{"expression":{"references":["var.constraint"]},"description":"Policy Constraint Identifier without constraints/ prefix"},"policy_root":{"expression":{"references":["var.policy_root"]},"description":"Policy Root in the hierarchy for the given policy"},"policy_root_id":{"expression":{"references":["var.policy_root_id"]},"description":"Project Root ID at which the policy is applied"}},"resources":[{"address":"google_org_policy_policy.folder_policy","mode":"managed","type":"google_org_policy_policy","name":"folder_policy","provider_config_key":"google","expressions":{"name":{"references":["local.policy_root","var.policy_root_id","var.constraint"]},"parent":{"references":["local.policy_root","var.policy_root_id"]},"spec":[{"inherit_from_parent":{"references":["var.inherit_from_parent"]}}]},"schema_version":0,"count_expression":{"references":["local.folder","local.list_policy"]}},{"address":"google_org_policy_policy.folder_policy_boolean","mode":"managed","type":"google_org_policy_policy","name":"folder_policy_boolean","provider_config_key":"google","expressions":{"name":{"references":["local.policy_root","var.policy_root_id","var.constraint"]},"parent":{"references":["local.policy_root","var.policy_root_id"]},"spec":[{}]},"schema_version":0,"count_expression":{"references":["local.folder","local.boolean_policy"]}},{"address":"google_org_policy_policy.folder_policy_list_exclude_folders","mode":"managed","type":"google_org_policy_policy","name":"folder_policy_list_exclude_folders","provider_config_key":"google","expressions":{"name":{"references":["each.value","var.constraint"]},"parent":{"references":["each.value"]},"spec":[{"reset":{"constant_value":true}}]},"schema_version":0,"for_each_expression":{"references":["local.list_policy","local.project","var.exclude_folders"]}},{"address":"google_org_policy_policy.org_policy_boolean","mode":"managed","type":"google_org_policy_policy","name":"org_policy_boolean","provider_config_key":"google","expressions":{"name":{"references":["local.policy_root","var.policy_root_id","var.constraint"]},"parent":{"references":["local.policy_root","var.policy_root_id"]},"spec":[{}]},"schema_version":0,"count_expression":{"references":["local.organization","local.boolean_policy"]}},{"address":"google_org_policy_policy.organization_policy","mode":"managed","type":"google_org_policy_policy","name":"organization_policy","provider_config_key":"google","expressions":{"name":{"references":["local.policy_root","var.policy_root_id","var.constraint"]},"parent":{"references":["local.policy_root","var.policy_root_id"]},"spec":[{"inherit_from_parent":{"references":["var.inherit_from_parent"]}}]},"schema_version":0,"count_expression":{"references":["local.organization","local.list_policy"]}},{"address":"google_org_policy_policy.policy_boolean_exclude_folders","mode":"managed","type":"google_org_policy_policy","name":"policy_boolean_exclude_folders","provider_config_key":"google","expressions":{"name":{"references":["each.value","var.constraint"]},"parent":{"references":["each.value"]},"spec":[{"rules":[{"enforce":{"constant_value":"FALSE"}}]}]},"schema_version":0,"for_each_expression":{"references":["local.boolean_policy","local.project","var.exclude_folders"]}},{"address":"google_org_policy_policy.policy_boolean_exclude_projects","mode":"managed","type":"google_org_policy_policy","name":"policy_boolean_exclude_projects","provider_config_key":"google","expressions":{"name":{"references":["each.value","var.constraint"]},"parent":{"references":["each.value"]},"spec":[{"rules":[{"enforce":{"constant_value":"FALSE"}}]}]},"schema_version":0,"for_each_expression":{"references":["local.boolean_policy","local.project","var.exclude_projects"]}},{"address":"google_org_policy_policy.project_policy","mode":"managed","type":"google_org_policy_policy","name":"project_policy","provider_config_key":"google","expressions":{"name":{"references":["local.policy_root","var.policy_root_id","var.constraint"]},"parent":{"references":["local.policy_root","var.policy_root_id"]},"spec":[{"inherit_from_parent":{"references":["var.inherit_from_parent"]}}]},"schema_version":0,"count_expression":{"references":["local.project","local.list_policy"]}},{"address":"google_org_policy_policy.project_policy_boolean","mode":"managed","type":"google_org_policy_policy","name":"project_policy_boolean","provider_config_key":"google","expressions":{"name":{"references":["local.policy_root","var.policy_root_id","var.constraint"]},"parent":{"references":["local.policy_root","var.policy_root_id"]},"spec":[{}]},"schema_version":0,"count_expression":{"references":["local.project","local.boolean_policy"]}},{"address":"google_org_policy_policy.project_policy_list_exclude_projects","mode":"managed","type":"google_org_policy_policy","name":"project_policy_list_exclude_projects","provider_config_key":"google","expressions":{"name":{"references":["each.value","var.constraint"]},"parent":{"references":["each.value"]},"spec":[{"reset":{"constant_value":true}}]},"schema_version":0,"for_each_expression":{"references":["local.list_policy","local.project","var.exclude_projects"]}}],"variables":{"constraint":{"description":"The constraint to be applied"},"exclude_folders":{"default":[],"description":"Set of folders to exclude from the policy"},"exclude_projects":{"default":[],"description":"Set of projects to exclude from the policy"},"inherit_from_parent":{"default":false,"description":"Determines the inheritance behavior for this policy (only supported on list constraints)"},"policy_root":{"default":"organization","description":"Resource hierarchy node to apply the policy to: can be one of `organization`, `folder`, or `project`."},"policy_root_id":{"default":null,"description":"The policy root id, either of organization_id, folder_id or project_id"},"policy_type":{"default":"list","description":"The constraint type to work with (either 'boolean' or 'list')"},"rules":{"description":"List of rules per policy. Up to 10."}}},"version_constraint":"~\u003e 5.2"},"cs-org-policy-iam_automaticIamGrantsForDefaultServiceAccounts":{"source":"terraform-google-modules/org-policy/google//modules/org_policy_v2","expressions":{"constraint":{"constant_value":"iam.automaticIamGrantsForDefaultServiceAccounts"},"exclude_folders":{"constant_value":[]},"exclude_projects":{"constant_value":[]},"policy_root":{"constant_value":"organization"},"policy_root_id":{"references":["var.org_id"]},"policy_type":{"constant_value":"boolean"},"rules":{"constant_value":[{"allow":[],"conditions":[],"deny":[],"enforcement":true}]}},"module":{"outputs":{"constraint":{"expression":{"references":["var.constraint"]},"description":"Policy Constraint Identifier without constraints/ prefix"},"policy_root":{"expression":{"references":["var.policy_root"]},"description":"Policy Root in the hierarchy for the given policy"},"policy_root_id":{"expression":{"references":["var.policy_root_id"]},"description":"Project Root ID at which the policy is applied"}},"resources":[{"address":"google_org_policy_policy.folder_policy","mode":"managed","type":"google_org_policy_policy","name":"folder_policy","provider_config_key":"google","expressions":{"name":{"references":["local.policy_root","var.policy_root_id","var.constraint"]},"parent":{"references":["local.policy_root","var.policy_root_id"]},"spec":[{"inherit_from_parent":{"references":["var.inherit_from_parent"]}}]},"schema_version":0,"count_expression":{"references":["local.folder","local.list_policy"]}},{"address":"google_org_policy_policy.folder_policy_boolean","mode":"managed","type":"google_org_policy_policy","name":"folder_policy_boolean","provider_config_key":"google","expressions":{"name":{"references":["local.policy_root","var.policy_root_id","var.constraint"]},"parent":{"references":["local.policy_root","var.policy_root_id"]},"spec":[{}]},"schema_version":0,"count_expression":{"references":["local.folder","local.boolean_policy"]}},{"address":"google_org_policy_policy.folder_policy_list_exclude_folders","mode":"managed","type":"google_org_policy_policy","name":"folder_policy_list_exclude_folders","provider_config_key":"google","expressions":{"name":{"references":["each.value","var.constraint"]},"parent":{"references":["each.value"]},"spec":[{"reset":{"constant_value":true}}]},"schema_version":0,"for_each_expression":{"references":["local.list_policy","local.project","var.exclude_folders"]}},{"address":"google_org_policy_policy.org_policy_boolean","mode":"managed","type":"google_org_policy_policy","name":"org_policy_boolean","provider_config_key":"google","expressions":{"name":{"references":["local.policy_root","var.policy_root_id","var.constraint"]},"parent":{"references":["local.policy_root","var.policy_root_id"]},"spec":[{}]},"schema_version":0,"count_expression":{"references":["local.organization","local.boolean_policy"]}},{"address":"google_org_policy_policy.organization_policy","mode":"managed","type":"google_org_policy_policy","name":"organization_policy","provider_config_key":"google","expressions":{"name":{"references":["local.policy_root","var.policy_root_id","var.constraint"]},"parent":{"references":["local.policy_root","var.policy_root_id"]},"spec":[{"inherit_from_parent":{"references":["var.inherit_from_parent"]}}]},"schema_version":0,"count_expression":{"references":["local.organization","local.list_policy"]}},{"address":"google_org_policy_policy.policy_boolean_exclude_folders","mode":"managed","type":"google_org_policy_policy","name":"policy_boolean_exclude_folders","provider_config_key":"google","expressions":{"name":{"references":["each.value","var.constraint"]},"parent":{"references":["each.value"]},"spec":[{"rules":[{"enforce":{"constant_value":"FALSE"}}]}]},"schema_version":0,"for_each_expression":{"references":["local.boolean_policy","local.project","var.exclude_folders"]}},{"address":"google_org_policy_policy.policy_boolean_exclude_projects","mode":"managed","type":"google_org_policy_policy","name":"policy_boolean_exclude_projects","provider_config_key":"google","expressions":{"name":{"references":["each.value","var.constraint"]},"parent":{"references":["each.value"]},"spec":[{"rules":[{"enforce":{"constant_value":"FALSE"}}]}]},"schema_version":0,"for_each_expression":{"references":["local.boolean_policy","local.project","var.exclude_projects"]}},{"address":"google_org_policy_policy.project_policy","mode":"managed","type":"google_org_policy_policy","name":"project_policy","provider_config_key":"google","expressions":{"name":{"references":["local.policy_root","var.policy_root_id","var.constraint"]},"parent":{"references":["local.policy_root","var.policy_root_id"]},"spec":[{"inherit_from_parent":{"references":["var.inherit_from_parent"]}}]},"schema_version":0,"count_expression":{"references":["local.project","local.list_policy"]}},{"address":"google_org_policy_policy.project_policy_boolean","mode":"managed","type":"google_org_policy_policy","name":"project_policy_boolean","provider_config_key":"google","expressions":{"name":{"references":["local.policy_root","var.policy_root_id","var.constraint"]},"parent":{"references":["local.policy_root","var.policy_root_id"]},"spec":[{}]},"schema_version":0,"count_expression":{"references":["local.project","local.boolean_policy"]}},{"address":"google_org_policy_policy.project_policy_list_exclude_projects","mode":"managed","type":"google_org_policy_policy","name":"project_policy_list_exclude_projects","provider_config_key":"google","expressions":{"name":{"references":["each.value","var.constraint"]},"parent":{"references":["each.value"]},"spec":[{"reset":{"constant_value":true}}]},"schema_version":0,"for_each_expression":{"references":["local.list_policy","local.project","var.exclude_projects"]}}],"variables":{"constraint":{"description":"The constraint to be applied"},"exclude_folders":{"default":[],"description":"Set of folders to exclude from the policy"},"exclude_projects":{"default":[],"description":"Set of projects to exclude from the policy"},"inherit_from_parent":{"default":false,"description":"Determines the inheritance behavior for this policy (only supported on list constraints)"},"policy_root":{"default":"organization","description":"Resource hierarchy node to apply the policy to: can be one of `organization`, `folder`, or `project`."},"policy_root_id":{"default":null,"description":"The policy root id, either of organization_id, folder_id or project_id"},"policy_type":{"default":"list","description":"The constraint type to work with (either 'boolean' or 'list')"},"rules":{"description":"List of rules per policy. Up to 10."}}},"version_constraint":"~\u003e 5.2"},"cs-org-policy-iam_disableServiceAccountKeyCreation":{"source":"terraform-google-modules/org-policy/google//modules/org_policy_v2","expressions":{"constraint":{"constant_value":"iam.disableServiceAccountKeyCreation"},"exclude_folders":{"constant_value":[]},"exclude_projects":{"constant_value":[]},"policy_root":{"constant_value":"organization"},"policy_root_id":{"references":["var.org_id"]},"policy_type":{"constant_value":"boolean"},"rules":{"constant_value":[{"allow":[],"conditions":[],"deny":[],"enforcement":true}]}},"module":{"outputs":{"constraint":{"expression":{"references":["var.constraint"]},"description":"Policy Constraint Identifier without constraints/ prefix"},"policy_root":{"expression":{"references":["var.policy_root"]},"description":"Policy Root in the hierarchy for the given policy"},"policy_root_id":{"expression":{"references":["var.policy_root_id"]},"description":"Project Root ID at which the policy is applied"}},"resources":[{"address":"google_org_policy_policy.folder_policy","mode":"managed","type":"google_org_policy_policy","name":"folder_policy","provider_config_key":"google","expressions":{"name":{"references":["local.policy_root","var.policy_root_id","var.constraint"]},"parent":{"references":["local.policy_root","var.policy_root_id"]},"spec":[{"inherit_from_parent":{"references":["var.inherit_from_parent"]}}]},"schema_version":0,"count_expression":{"references":["local.folder","local.list_policy"]}},{"address":"google_org_policy_policy.folder_policy_boolean","mode":"managed","type":"google_org_policy_policy","name":"folder_policy_boolean","provider_config_key":"google","expressions":{"name":{"references":["local.policy_root","var.policy_root_id","var.constraint"]},"parent":{"references":["local.policy_root","var.policy_root_id"]},"spec":[{}]},"schema_version":0,"count_expression":{"references":["local.folder","local.boolean_policy"]}},{"address":"google_org_policy_policy.folder_policy_list_exclude_folders","mode":"managed","type":"google_org_policy_policy","name":"folder_policy_list_exclude_folders","provider_config_key":"google","expressions":{"name":{"references":["each.value","var.constraint"]},"parent":{"references":["each.value"]},"spec":[{"reset":{"constant_value":true}}]},"schema_version":0,"for_each_expression":{"references":["local.list_policy","local.project","var.exclude_folders"]}},{"address":"google_org_policy_policy.org_policy_boolean","mode":"managed","type":"google_org_policy_policy","name":"org_policy_boolean","provider_config_key":"google","expressions":{"name":{"references":["local.policy_root","var.policy_root_id","var.constraint"]},"parent":{"references":["local.policy_root","var.policy_root_id"]},"spec":[{}]},"schema_version":0,"count_expression":{"references":["local.organization","local.boolean_policy"]}},{"address":"google_org_policy_policy.organization_policy","mode":"managed","type":"google_org_policy_policy","name":"organization_policy","provider_config_key":"google","expressions":{"name":{"references":["local.policy_root","var.policy_root_id","var.constraint"]},"parent":{"references":["local.policy_root","var.policy_root_id"]},"spec":[{"inherit_from_parent":{"references":["var.inherit_from_parent"]}}]},"schema_version":0,"count_expression":{"references":["local.organization","local.list_policy"]}},{"address":"google_org_policy_policy.policy_boolean_exclude_folders","mode":"managed","type":"google_org_policy_policy","name":"policy_boolean_exclude_folders","provider_config_key":"google","expressions":{"name":{"references":["each.value","var.constraint"]},"parent":{"references":["each.value"]},"spec":[{"rules":[{"enforce":{"constant_value":"FALSE"}}]}]},"schema_version":0,"for_each_expression":{"references":["local.boolean_policy","local.project","var.exclude_folders"]}},{"address":"google_org_policy_policy.policy_boolean_exclude_projects","mode":"managed","type":"google_org_policy_policy","name":"policy_boolean_exclude_projects","provider_config_key":"google","expressions":{"name":{"references":["each.value","var.constraint"]},"parent":{"references":["each.value"]},"spec":[{"rules":[{"enforce":{"constant_value":"FALSE"}}]}]},"schema_version":0,"for_each_expression":{"references":["local.boolean_policy","local.project","var.exclude_projects"]}},{"address":"google_org_policy_policy.project_policy","mode":"managed","type":"google_org_policy_policy","name":"project_policy","provider_config_key":"google","expressions":{"name":{"references":["local.policy_root","var.policy_root_id","var.constraint"]},"parent":{"references":["local.policy_root","var.policy_root_id"]},"spec":[{"inherit_from_parent":{"references":["var.inherit_from_parent"]}}]},"schema_version":0,"count_expression":{"references":["local.project","local.list_policy"]}},{"address":"google_org_policy_policy.project_policy_boolean","mode":"managed","type":"google_org_policy_policy","name":"project_policy_boolean","provider_config_key":"google","expressions":{"name":{"references":["local.policy_root","var.policy_root_id","var.constraint"]},"parent":{"references":["local.policy_root","var.policy_root_id"]},"spec":[{}]},"schema_version":0,"count_expression":{"references":["local.project","local.boolean_policy"]}},{"address":"google_org_policy_policy.project_policy_list_exclude_projects","mode":"managed","type":"google_org_policy_policy","name":"project_policy_list_exclude_projects","provider_config_key":"google","expressions":{"name":{"references":["each.value","var.constraint"]},"parent":{"references":["each.value"]},"spec":[{"reset":{"constant_value":true}}]},"schema_version":0,"for_each_expression":{"references":["local.list_policy","local.project","var.exclude_projects"]}}],"variables":{"constraint":{"description":"The constraint to be applied"},"exclude_folders":{"default":[],"description":"Set of folders to exclude from the policy"},"exclude_projects":{"default":[],"description":"Set of projects to exclude from the policy"},"inherit_from_parent":{"default":false,"description":"Determines the inheritance behavior for this policy (only supported on list constraints)"},"policy_root":{"default":"organization","description":"Resource hierarchy node to apply the policy to: can be one of `organization`, `folder`, or `project`."},"policy_root_id":{"default":null,"description":"The policy root id, either of organization_id, folder_id or project_id"},"policy_type":{"default":"list","description":"The constraint type to work with (either 'boolean' or 'list')"},"rules":{"description":"List of rules per policy. Up to 10."}}},"version_constraint":"~\u003e 5.2"},"cs-org-policy-iam_disableServiceAccountKeyUpload":{"source":"terraform-google-modules/org-policy/google//modules/org_policy_v2","expressions":{"constraint":{"constant_value":"iam.disableServiceAccountKeyUpload"},"exclude_folders":{"constant_value":[]},"exclude_projects":{"constant_value":[]},"policy_root":{"constant_value":"organization"},"policy_root_id":{"references":["var.org_id"]},"policy_type":{"constant_value":"boolean"},"rules":{"constant_value":[{"allow":[],"conditions":[],"deny":[],"enforcement":true}]}},"module":{"outputs":{"constraint":{"expression":{"references":["var.constraint"]},"description":"Policy Constraint Identifier without constraints/ prefix"},"policy_root":{"expression":{"references":["var.policy_root"]},"description":"Policy Root in the hierarchy for the given policy"},"policy_root_id":{"expression":{"references":["var.policy_root_id"]},"description":"Project Root ID at which the policy is applied"}},"resources":[{"address":"google_org_policy_policy.folder_policy","mode":"managed","type":"google_org_policy_policy","name":"folder_policy","provider_config_key":"google","expressions":{"name":{"references":["local.policy_root","var.policy_root_id","var.constraint"]},"parent":{"references":["local.policy_root","var.policy_root_id"]},"spec":[{"inherit_from_parent":{"references":["var.inherit_from_parent"]}}]},"schema_version":0,"count_expression":{"references":["local.folder","local.list_policy"]}},{"address":"google_org_policy_policy.folder_policy_boolean","mode":"managed","type":"google_org_policy_policy","name":"folder_policy_boolean","provider_config_key":"google","expressions":{"name":{"references":["local.policy_root","var.policy_root_id","var.constraint"]},"parent":{"references":["local.policy_root","var.policy_root_id"]},"spec":[{}]},"schema_version":0,"count_expression":{"references":["local.folder","local.boolean_policy"]}},{"address":"google_org_policy_policy.folder_policy_list_exclude_folders","mode":"managed","type":"google_org_policy_policy","name":"folder_policy_list_exclude_folders","provider_config_key":"google","expressions":{"name":{"references":["each.value","var.constraint"]},"parent":{"references":["each.value"]},"spec":[{"reset":{"constant_value":true}}]},"schema_version":0,"for_each_expression":{"references":["local.list_policy","local.project","var.exclude_folders"]}},{"address":"google_org_policy_policy.org_policy_boolean","mode":"managed","type":"google_org_policy_policy","name":"org_policy_boolean","provider_config_key":"google","expressions":{"name":{"references":["local.policy_root","var.policy_root_id","var.constraint"]},"parent":{"references":["local.policy_root","var.policy_root_id"]},"spec":[{}]},"schema_version":0,"count_expression":{"references":["local.organization","local.boolean_policy"]}},{"address":"google_org_policy_policy.organization_policy","mode":"managed","type":"google_org_policy_policy","name":"organization_policy","provider_config_key":"google","expressions":{"name":{"references":["local.policy_root","var.policy_root_id","var.constraint"]},"parent":{"references":["local.policy_root","var.policy_root_id"]},"spec":[{"inherit_from_parent":{"references":["var.inherit_from_parent"]}}]},"schema_version":0,"count_expression":{"references":["local.organization","local.list_policy"]}},{"address":"google_org_policy_policy.policy_boolean_exclude_folders","mode":"managed","type":"google_org_policy_policy","name":"policy_boolean_exclude_folders","provider_config_key":"google","expressions":{"name":{"references":["each.value","var.constraint"]},"parent":{"references":["each.value"]},"spec":[{"rules":[{"enforce":{"constant_value":"FALSE"}}]}]},"schema_version":0,"for_each_expression":{"references":["local.boolean_policy","local.project","var.exclude_folders"]}},{"address":"google_org_policy_policy.policy_boolean_exclude_projects","mode":"managed","type":"google_org_policy_policy","name":"policy_boolean_exclude_projects","provider_config_key":"google","expressions":{"name":{"references":["each.value","var.constraint"]},"parent":{"references":["each.value"]},"spec":[{"rules":[{"enforce":{"constant_value":"FALSE"}}]}]},"schema_version":0,"for_each_expression":{"references":["local.boolean_policy","local.project","var.exclude_projects"]}},{"address":"google_org_policy_policy.project_policy","mode":"managed","type":"google_org_policy_policy","name":"project_policy","provider_config_key":"google","expressions":{"name":{"references":["local.policy_root","var.policy_root_id","var.constraint"]},"parent":{"references":["local.policy_root","var.policy_root_id"]},"spec":[{"inherit_from_parent":{"references":["var.inherit_from_parent"]}}]},"schema_version":0,"count_expression":{"references":["local.project","local.list_policy"]}},{"address":"google_org_policy_policy.project_policy_boolean","mode":"managed","type":"google_org_policy_policy","name":"project_policy_boolean","provider_config_key":"google","expressions":{"name":{"references":["local.policy_root","var.policy_root_id","var.constraint"]},"parent":{"references":["local.policy_root","var.policy_root_id"]},"spec":[{}]},"schema_version":0,"count_expression":{"references":["local.project","local.boolean_policy"]}},{"address":"google_org_policy_policy.project_policy_list_exclude_projects","mode":"managed","type":"google_org_policy_policy","name":"project_policy_list_exclude_projects","provider_config_key":"google","expressions":{"name":{"references":["each.value","var.constraint"]},"parent":{"references":["each.value"]},"spec":[{"reset":{"constant_value":true}}]},"schema_version":0,"for_each_expression":{"references":["local.list_policy","local.project","var.exclude_projects"]}}],"variables":{"constraint":{"description":"The constraint to be applied"},"exclude_folders":{"default":[],"description":"Set of folders to exclude from the policy"},"exclude_projects":{"default":[],"description":"Set of projects to exclude from the policy"},"inherit_from_parent":{"default":false,"description":"Determines the inheritance behavior for this policy (only supported on list constraints)"},"policy_root":{"default":"organization","description":"Resource hierarchy node to apply the policy to: can be one of `organization`, `folder`, or `project`."},"policy_root_id":{"default":null,"description":"The policy root id, either of organization_id, folder_id or project_id"},"policy_type":{"default":"list","description":"The constraint type to work with (either 'boolean' or 'list')"},"rules":{"description":"List of rules per policy. Up to 10."}}},"version_constraint":"~\u003e 5.2"},"cs-org-policy-sql_restrictAuthorizedNetworks":{"source":"terraform-google-modules/org-policy/google//modules/org_policy_v2","expressions":{"constraint":{"constant_value":"sql.restrictAuthorizedNetworks"},"exclude_folders":{"constant_value":[]},"exclude_projects":{"constant_value":[]},"policy_root":{"constant_value":"organization"},"policy_root_id":{"references":["var.org_id"]},"policy_type":{"constant_value":"boolean"},"rules":{"constant_value":[{"allow":[],"conditions":[],"deny":[],"enforcement":true}]}},"module":{"outputs":{"constraint":{"expression":{"references":["var.constraint"]},"description":"Policy Constraint Identifier without constraints/ prefix"},"policy_root":{"expression":{"references":["var.policy_root"]},"description":"Policy Root in the hierarchy for the given policy"},"policy_root_id":{"expression":{"references":["var.policy_root_id"]},"description":"Project Root ID at which the policy is applied"}},"resources":[{"address":"google_org_policy_policy.folder_policy","mode":"managed","type":"google_org_policy_policy","name":"folder_policy","provider_config_key":"google","expressions":{"name":{"references":["local.policy_root","var.policy_root_id","var.constraint"]},"parent":{"references":["local.policy_root","var.policy_root_id"]},"spec":[{"inherit_from_parent":{"references":["var.inherit_from_parent"]}}]},"schema_version":0,"count_expression":{"references":["local.folder","local.list_policy"]}},{"address":"google_org_policy_policy.folder_policy_boolean","mode":"managed","type":"google_org_policy_policy","name":"folder_policy_boolean","provider_config_key":"google","expressions":{"name":{"references":["local.policy_root","var.policy_root_id","var.constraint"]},"parent":{"references":["local.policy_root","var.policy_root_id"]},"spec":[{}]},"schema_version":0,"count_expression":{"references":["local.folder","local.boolean_policy"]}},{"address":"google_org_policy_policy.folder_policy_list_exclude_folders","mode":"managed","type":"google_org_policy_policy","name":"folder_policy_list_exclude_folders","provider_config_key":"google","expressions":{"name":{"references":["each.value","var.constraint"]},"parent":{"references":["each.value"]},"spec":[{"reset":{"constant_value":true}}]},"schema_version":0,"for_each_expression":{"references":["local.list_policy","local.project","var.exclude_folders"]}},{"address":"google_org_policy_policy.org_policy_boolean","mode":"managed","type":"google_org_policy_policy","name":"org_policy_boolean","provider_config_key":"google","expressions":{"name":{"references":["local.policy_root","var.policy_root_id","var.constraint"]},"parent":{"references":["local.policy_root","var.policy_root_id"]},"spec":[{}]},"schema_version":0,"count_expression":{"references":["local.organization","local.boolean_policy"]}},{"address":"google_org_policy_policy.organization_policy","mode":"managed","type":"google_org_policy_policy","name":"organization_policy","provider_config_key":"google","expressions":{"name":{"references":["local.policy_root","var.policy_root_id","var.constraint"]},"parent":{"references":["local.policy_root","var.policy_root_id"]},"spec":[{"inherit_from_parent":{"references":["var.inherit_from_parent"]}}]},"schema_version":0,"count_expression":{"references":["local.organization","local.list_policy"]}},{"address":"google_org_policy_policy.policy_boolean_exclude_folders","mode":"managed","type":"google_org_policy_policy","name":"policy_boolean_exclude_folders","provider_config_key":"google","expressions":{"name":{"references":["each.value","var.constraint"]},"parent":{"references":["each.value"]},"spec":[{"rules":[{"enforce":{"constant_value":"FALSE"}}]}]},"schema_version":0,"for_each_expression":{"references":["local.boolean_policy","local.project","var.exclude_folders"]}},{"address":"google_org_policy_policy.policy_boolean_exclude_projects","mode":"managed","type":"google_org_policy_policy","name":"policy_boolean_exclude_projects","provider_config_key":"google","expressions":{"name":{"references":["each.value","var.constraint"]},"parent":{"references":["each.value"]},"spec":[{"rules":[{"enforce":{"constant_value":"FALSE"}}]}]},"schema_version":0,"for_each_expression":{"references":["local.boolean_policy","local.project","var.exclude_projects"]}},{"address":"google_org_policy_policy.project_policy","mode":"managed","type":"google_org_policy_policy","name":"project_policy","provider_config_key":"google","expressions":{"name":{"references":["local.policy_root","var.policy_root_id","var.constraint"]},"parent":{"references":["local.policy_root","var.policy_root_id"]},"spec":[{"inherit_from_parent":{"references":["var.inherit_from_parent"]}}]},"schema_version":0,"count_expression":{"references":["local.project","local.list_policy"]}},{"address":"google_org_policy_policy.project_policy_boolean","mode":"managed","type":"google_org_policy_policy","name":"project_policy_boolean","provider_config_key":"google","expressions":{"name":{"references":["local.policy_root","var.policy_root_id","var.constraint"]},"parent":{"references":["local.policy_root","var.policy_root_id"]},"spec":[{}]},"schema_version":0,"count_expression":{"references":["local.project","local.boolean_policy"]}},{"address":"google_org_policy_policy.project_policy_list_exclude_projects","mode":"managed","type":"google_org_policy_policy","name":"project_policy_list_exclude_projects","provider_config_key":"google","expressions":{"name":{"references":["each.value","var.constraint"]},"parent":{"references":["each.value"]},"spec":[{"reset":{"constant_value":true}}]},"schema_version":0,"for_each_expression":{"references":["local.list_policy","local.project","var.exclude_projects"]}}],"variables":{"constraint":{"description":"The constraint to be applied"},"exclude_folders":{"default":[],"description":"Set of folders to exclude from the policy"},"exclude_projects":{"default":[],"description":"Set of projects to exclude from the policy"},"inherit_from_parent":{"default":false,"description":"Determines the inheritance behavior for this policy (only supported on list constraints)"},"policy_root":{"default":"organization","description":"Resource hierarchy node to apply the policy to: can be one of `organization`, `folder`, or `project`."},"policy_root_id":{"default":null,"description":"The policy root id, either of organization_id, folder_id or project_id"},"policy_type":{"default":"list","description":"The constraint type to work with (either 'boolean' or 'list')"},"rules":{"description":"List of rules per policy. Up to 10."}}},"version_constraint":"~\u003e 5.2"},"cs-org-policy-sql_restrictPublicIp":{"source":"terraform-google-modules/org-policy/google//modules/org_policy_v2","expressions":{"constraint":{"constant_value":"sql.restrictPublicIp"},"exclude_folders":{"constant_value":[]},"exclude_projects":{"constant_value":[]},"policy_root":{"constant_value":"organization"},"policy_root_id":{"references":["var.org_id"]},"policy_type":{"constant_value":"boolean"},"rules":{"constant_value":[{"allow":[],"conditions":[],"deny":[],"enforcement":true}]}},"module":{"outputs":{"constraint":{"expression":{"references":["var.constraint"]},"description":"Policy Constraint Identifier without constraints/ prefix"},"policy_root":{"expression":{"references":["var.policy_root"]},"description":"Policy Root in the hierarchy for the given policy"},"policy_root_id":{"expression":{"references":["var.policy_root_id"]},"description":"Project Root ID at which the policy is applied"}},"resources":[{"address":"google_org_policy_policy.folder_policy","mode":"managed","type":"google_org_policy_policy","name":"folder_policy","provider_config_key":"google","expressions":{"name":{"references":["local.policy_root","var.policy_root_id","var.constraint"]},"parent":{"references":["local.policy_root","var.policy_root_id"]},"spec":[{"inherit_from_parent":{"references":["var.inherit_from_parent"]}}]},"schema_version":0,"count_expression":{"references":["local.folder","local.list_policy"]}},{"address":"google_org_policy_policy.folder_policy_boolean","mode":"managed","type":"google_org_policy_policy","name":"folder_policy_boolean","provider_config_key":"google","expressions":{"name":{"references":["local.policy_root","var.policy_root_id","var.constraint"]},"parent":{"references":["local.policy_root","var.policy_root_id"]},"spec":[{}]},"schema_version":0,"count_expression":{"references":["local.folder","local.boolean_policy"]}},{"address":"google_org_policy_policy.folder_policy_list_exclude_folders","mode":"managed","type":"google_org_policy_policy","name":"folder_policy_list_exclude_folders","provider_config_key":"google","expressions":{"name":{"references":["each.value","var.constraint"]},"parent":{"references":["each.value"]},"spec":[{"reset":{"constant_value":true}}]},"schema_version":0,"for_each_expression":{"references":["local.list_policy","local.project","var.exclude_folders"]}},{"address":"google_org_policy_policy.org_policy_boolean","mode":"managed","type":"google_org_policy_policy","name":"org_policy_boolean","provider_config_key":"google","expressions":{"name":{"references":["local.policy_root","var.policy_root_id","var.constraint"]},"parent":{"references":["local.policy_root","var.policy_root_id"]},"spec":[{}]},"schema_version":0,"count_expression":{"references":["local.organization","local.boolean_policy"]}},{"address":"google_org_policy_policy.organization_policy","mode":"managed","type":"google_org_policy_policy","name":"organization_policy","provider_config_key":"google","expressions":{"name":{"references":["local.policy_root","var.policy_root_id","var.constraint"]},"parent":{"references":["local.policy_root","var.policy_root_id"]},"spec":[{"inherit_from_parent":{"references":["var.inherit_from_parent"]}}]},"schema_version":0,"count_expression":{"references":["local.organization","local.list_policy"]}},{"address":"google_org_policy_policy.policy_boolean_exclude_folders","mode":"managed","type":"google_org_policy_policy","name":"policy_boolean_exclude_folders","provider_config_key":"google","expressions":{"name":{"references":["each.value","var.constraint"]},"parent":{"references":["each.value"]},"spec":[{"rules":[{"enforce":{"constant_value":"FALSE"}}]}]},"schema_version":0,"for_each_expression":{"references":["local.boolean_policy","local.project","var.exclude_folders"]}},{"address":"google_org_policy_policy.policy_boolean_exclude_projects","mode":"managed","type":"google_org_policy_policy","name":"policy_boolean_exclude_projects","provider_config_key":"google","expressions":{"name":{"references":["each.value","var.constraint"]},"parent":{"references":["each.value"]},"spec":[{"rules":[{"enforce":{"constant_value":"FALSE"}}]}]},"schema_version":0,"for_each_expression":{"references":["local.boolean_policy","local.project","var.exclude_projects"]}},{"address":"google_org_policy_policy.project_policy","mode":"managed","type":"google_org_policy_policy","name":"project_policy","provider_config_key":"google","expressions":{"name":{"references":["local.policy_root","var.policy_root_id","var.constraint"]},"parent":{"references":["local.policy_root","var.policy_root_id"]},"spec":[{"inherit_from_parent":{"references":["var.inherit_from_parent"]}}]},"schema_version":0,"count_expression":{"references":["local.project","local.list_policy"]}},{"address":"google_org_policy_policy.project_policy_boolean","mode":"managed","type":"google_org_policy_policy","name":"project_policy_boolean","provider_config_key":"google","expressions":{"name":{"references":["local.policy_root","var.policy_root_id","var.constraint"]},"parent":{"references":["local.policy_root","var.policy_root_id"]},"spec":[{}]},"schema_version":0,"count_expression":{"references":["local.project","local.boolean_policy"]}},{"address":"google_org_policy_policy.project_policy_list_exclude_projects","mode":"managed","type":"google_org_policy_policy","name":"project_policy_list_exclude_projects","provider_config_key":"google","expressions":{"name":{"references":["each.value","var.constraint"]},"parent":{"references":["each.value"]},"spec":[{"reset":{"constant_value":true}}]},"schema_version":0,"for_each_expression":{"references":["local.list_policy","local.project","var.exclude_projects"]}}],"variables":{"constraint":{"description":"The constraint to be applied"},"exclude_folders":{"default":[],"description":"Set of folders to exclude from the policy"},"exclude_projects":{"default":[],"description":"Set of projects to exclude from the policy"},"inherit_from_parent":{"default":false,"description":"Determines the inheritance behavior for this policy (only supported on list constraints)"},"policy_root":{"default":"organization","description":"Resource hierarchy node to apply the policy to: can be one of `organization`, `folder`, or `project`."},"policy_root_id":{"default":null,"description":"The policy root id, either of organization_id, folder_id or project_id"},"policy_type":{"default":"list","description":"The constraint type to work with (either 'boolean' or 'list')"},"rules":{"description":"List of rules per policy. Up to 10."}}},"version_constraint":"~\u003e 5.2"},"cs-org-policy-storage_publicAccessPrevention":{"source":"terraform-google-modules/org-policy/google//modules/org_policy_v2","expressions":{"constraint":{"constant_value":"storage.publicAccessPrevention"},"exclude_folders":{"constant_value":[]},"exclude_projects":{"constant_value":[]},"policy_root":{"constant_value":"organization"},"policy_root_id":{"references":["var.org_id"]},"policy_type":{"constant_value":"boolean"},"rules":{"constant_value":[{"allow":[],"conditions":[],"deny":[],"enforcement":true}]}},"module":{"outputs":{"constraint":{"expression":{"references":["var.constraint"]},"description":"Policy Constraint Identifier without constraints/ prefix"},"policy_root":{"expression":{"references":["var.policy_root"]},"description":"Policy Root in the hierarchy for the given policy"},"policy_root_id":{"expression":{"references":["var.policy_root_id"]},"description":"Project Root ID at which the policy is applied"}},"resources":[{"address":"google_org_policy_policy.folder_policy","mode":"managed","type":"google_org_policy_policy","name":"folder_policy","provider_config_key":"google","expressions":{"name":{"references":["local.policy_root","var.policy_root_id","var.constraint"]},"parent":{"references":["local.policy_root","var.policy_root_id"]},"spec":[{"inherit_from_parent":{"references":["var.inherit_from_parent"]}}]},"schema_version":0,"count_expression":{"references":["local.folder","local.list_policy"]}},{"address":"google_org_policy_policy.folder_policy_boolean","mode":"managed","type":"google_org_policy_policy","name":"folder_policy_boolean","provider_config_key":"google","expressions":{"name":{"references":["local.policy_root","var.policy_root_id","var.constraint"]},"parent":{"references":["local.policy_root","var.policy_root_id"]},"spec":[{}]},"schema_version":0,"count_expression":{"references":["local.folder","local.boolean_policy"]}},{"address":"google_org_policy_policy.folder_policy_list_exclude_folders","mode":"managed","type":"google_org_policy_policy","name":"folder_policy_list_exclude_folders","provider_config_key":"google","expressions":{"name":{"references":["each.value","var.constraint"]},"parent":{"references":["each.value"]},"spec":[{"reset":{"constant_value":true}}]},"schema_version":0,"for_each_expression":{"references":["local.list_policy","local.project","var.exclude_folders"]}},{"address":"google_org_policy_policy.org_policy_boolean","mode":"managed","type":"google_org_policy_policy","name":"org_policy_boolean","provider_config_key":"google","expressions":{"name":{"references":["local.policy_root","var.policy_root_id","var.constraint"]},"parent":{"references":["local.policy_root","var.policy_root_id"]},"spec":[{}]},"schema_version":0,"count_expression":{"references":["local.organization","local.boolean_policy"]}},{"address":"google_org_policy_policy.organization_policy","mode":"managed","type":"google_org_policy_policy","name":"organization_policy","provider_config_key":"google","expressions":{"name":{"references":["local.policy_root","var.policy_root_id","var.constraint"]},"parent":{"references":["local.policy_root","var.policy_root_id"]},"spec":[{"inherit_from_parent":{"references":["var.inherit_from_parent"]}}]},"schema_version":0,"count_expression":{"references":["local.organization","local.list_policy"]}},{"address":"google_org_policy_policy.policy_boolean_exclude_folders","mode":"managed","type":"google_org_policy_policy","name":"policy_boolean_exclude_folders","provider_config_key":"google","expressions":{"name":{"references":["each.value","var.constraint"]},"parent":{"references":["each.value"]},"spec":[{"rules":[{"enforce":{"constant_value":"FALSE"}}]}]},"schema_version":0,"for_each_expression":{"references":["local.boolean_policy","local.project","var.exclude_folders"]}},{"address":"google_org_policy_policy.policy_boolean_exclude_projects","mode":"managed","type":"google_org_policy_policy","name":"policy_boolean_exclude_projects","provider_config_key":"google","expressions":{"name":{"references":["each.value","var.constraint"]},"parent":{"references":["each.value"]},"spec":[{"rules":[{"enforce":{"constant_value":"FALSE"}}]}]},"schema_version":0,"for_each_expression":{"references":["local.boolean_policy","local.project","var.exclude_projects"]}},{"address":"google_org_policy_policy.project_policy","mode":"managed","type":"google_org_policy_policy","name":"project_policy","provider_config_key":"google","expressions":{"name":{"references":["local.policy_root","var.policy_root_id","var.constraint"]},"parent":{"references":["local.policy_root","var.policy_root_id"]},"spec":[{"inherit_from_parent":{"references":["var.inherit_from_parent"]}}]},"schema_version":0,"count_expression":{"references":["local.project","local.list_policy"]}},{"address":"google_org_policy_policy.project_policy_boolean","mode":"managed","type":"google_org_policy_policy","name":"project_policy_boolean","provider_config_key":"google","expressions":{"name":{"references":["local.policy_root","var.policy_root_id","var.constraint"]},"parent":{"references":["local.policy_root","var.policy_root_id"]},"spec":[{}]},"schema_version":0,"count_expression":{"references":["local.project","local.boolean_policy"]}},{"address":"google_org_policy_policy.project_policy_list_exclude_projects","mode":"managed","type":"google_org_policy_policy","name":"project_policy_list_exclude_projects","provider_config_key":"google","expressions":{"name":{"references":["each.value","var.constraint"]},"parent":{"references":["each.value"]},"spec":[{"reset":{"constant_value":true}}]},"schema_version":0,"for_each_expression":{"references":["local.list_policy","local.project","var.exclude_projects"]}}],"variables":{"constraint":{"description":"The constraint to be applied"},"exclude_folders":{"default":[],"description":"Set of folders to exclude from the policy"},"exclude_projects":{"default":[],"description":"Set of projects to exclude from the policy"},"inherit_from_parent":{"default":false,"description":"Determines the inheritance behavior for this policy (only supported on list constraints)"},"policy_root":{"default":"organization","description":"Resource hierarchy node to apply the policy to: can be one of `organization`, `folder`, or `project`."},"policy_root_id":{"default":null,"description":"The policy root id, either of organization_id, folder_id or project_id"},"policy_type":{"default":"list","description":"The constraint type to work with (either 'boolean' or 'list')"},"rules":{"description":"List of rules per policy. Up to 10."}}},"version_constraint":"~\u003e 5.2"},"cs-org-policy-storage_uniformBucketLevelAccess":{"source":"terraform-google-modules/org-policy/google//modules/org_policy_v2","expressions":{"constraint":{"constant_value":"storage.uniformBucketLevelAccess"},"exclude_folders":{"constant_value":[]},"exclude_projects":{"constant_value":[]},"policy_root":{"constant_value":"organization"},"policy_root_id":{"references":["var.org_id"]},"policy_type":{"constant_value":"boolean"},"rules":{"constant_value":[{"allow":[],"conditions":[],"deny":[],"enforcement":true}]}},"module":{"outputs":{"constraint":{"expression":{"references":["var.constraint"]},"description":"Policy Constraint Identifier without constraints/ prefix"},"policy_root":{"expression":{"references":["var.policy_root"]},"description":"Policy Root in the hierarchy for the given policy"},"policy_root_id":{"expression":{"references":["var.policy_root_id"]},"description":"Project Root ID at which the policy is applied"}},"resources":[{"address":"google_org_policy_policy.folder_policy","mode":"managed","type":"google_org_policy_policy","name":"folder_policy","provider_config_key":"google","expressions":{"name":{"references":["local.policy_root","var.policy_root_id","var.constraint"]},"parent":{"references":["local.policy_root","var.policy_root_id"]},"spec":[{"inherit_from_parent":{"references":["var.inherit_from_parent"]}}]},"schema_version":0,"count_expression":{"references":["local.folder","local.list_policy"]}},{"address":"google_org_policy_policy.folder_policy_boolean","mode":"managed","type":"google_org_policy_policy","name":"folder_policy_boolean","provider_config_key":"google","expressions":{"name":{"references":["local.policy_root","var.policy_root_id","var.constraint"]},"parent":{"references":["local.policy_root","var.policy_root_id"]},"spec":[{}]},"schema_version":0,"count_expression":{"references":["local.folder","local.boolean_policy"]}},{"address":"google_org_policy_policy.folder_policy_list_exclude_folders","mode":"managed","type":"google_org_policy_policy","name":"folder_policy_list_exclude_folders","provider_config_key":"google","expressions":{"name":{"references":["each.value","var.constraint"]},"parent":{"references":["each.value"]},"spec":[{"reset":{"constant_value":true}}]},"schema_version":0,"for_each_expression":{"references":["local.list_policy","local.project","var.exclude_folders"]}},{"address":"google_org_policy_policy.org_policy_boolean","mode":"managed","type":"google_org_policy_policy","name":"org_policy_boolean","provider_config_key":"google","expressions":{"name":{"references":["local.policy_root","var.policy_root_id","var.constraint"]},"parent":{"references":["local.policy_root","var.policy_root_id"]},"spec":[{}]},"schema_version":0,"count_expression":{"references":["local.organization","local.boolean_policy"]}},{"address":"google_org_policy_policy.organization_policy","mode":"managed","type":"google_org_policy_policy","name":"organization_policy","provider_config_key":"google","expressions":{"name":{"references":["local.policy_root","var.policy_root_id","var.constraint"]},"parent":{"references":["local.policy_root","var.policy_root_id"]},"spec":[{"inherit_from_parent":{"references":["var.inherit_from_parent"]}}]},"schema_version":0,"count_expression":{"references":["local.organization","local.list_policy"]}},{"address":"google_org_policy_policy.policy_boolean_exclude_folders","mode":"managed","type":"google_org_policy_policy","name":"policy_boolean_exclude_folders","provider_config_key":"google","expressions":{"name":{"references":["each.value","var.constraint"]},"parent":{"references":["each.value"]},"spec":[{"rules":[{"enforce":{"constant_value":"FALSE"}}]}]},"schema_version":0,"for_each_expression":{"references":["local.boolean_policy","local.project","var.exclude_folders"]}},{"address":"google_org_policy_policy.policy_boolean_exclude_projects","mode":"managed","type":"google_org_policy_policy","name":"policy_boolean_exclude_projects","provider_config_key":"google","expressions":{"name":{"references":["each.value","var.constraint"]},"parent":{"references":["each.value"]},"spec":[{"rules":[{"enforce":{"constant_value":"FALSE"}}]}]},"schema_version":0,"for_each_expression":{"references":["local.boolean_policy","local.project","var.exclude_projects"]}},{"address":"google_org_policy_policy.project_policy","mode":"managed","type":"google_org_policy_policy","name":"project_policy","provider_config_key":"google","expressions":{"name":{"references":["local.policy_root","var.policy_root_id","var.constraint"]},"parent":{"references":["local.policy_root","var.policy_root_id"]},"spec":[{"inherit_from_parent":{"references":["var.inherit_from_parent"]}}]},"schema_version":0,"count_expression":{"references":["local.project","local.list_policy"]}},{"address":"google_org_policy_policy.project_policy_boolean","mode":"managed","type":"google_org_policy_policy","name":"project_policy_boolean","provider_config_key":"google","expressions":{"name":{"references":["local.policy_root","var.policy_root_id","var.constraint"]},"parent":{"references":["local.policy_root","var.policy_root_id"]},"spec":[{}]},"schema_version":0,"count_expression":{"references":["local.project","local.boolean_policy"]}},{"address":"google_org_policy_policy.project_policy_list_exclude_projects","mode":"managed","type":"google_org_policy_policy","name":"project_policy_list_exclude_projects","provider_config_key":"google","expressions":{"name":{"references":["each.value","var.constraint"]},"parent":{"references":["each.value"]},"spec":[{"reset":{"constant_value":true}}]},"schema_version":0,"for_each_expression":{"references":["local.list_policy","local.project","var.exclude_projects"]}}],"variables":{"constraint":{"description":"The constraint to be applied"},"exclude_folders":{"default":[],"description":"Set of folders to exclude from the policy"},"exclude_projects":{"default":[],"description":"Set of projects to exclude from the policy"},"inherit_from_parent":{"default":false,"description":"Determines the inheritance behavior for this policy (only supported on list constraints)"},"policy_root":{"default":"organization","description":"Resource hierarchy node to apply the policy to: can be one of `organization`, `folder`, or `project`."},"policy_root_id":{"default":null,"description":"The policy root id, either of organization_id, folder_id or project_id"},"policy_type":{"default":"list","description":"The constraint type to work with (either 'boolean' or 'list')"},"rules":{"description":"List of rules per policy. Up to 10."}}},"version_constraint":"~\u003e 5.2"},"cs-prod-prod-australia-southeast1-gateway":{"source":"terraform-google-modules/vpn/google//modules/vpn_ha","expressions":{"keepalive_interval":{"constant_value":20},"name":{"constant_value":"prod-australia-southeast1-gateway"},"network":{"references":["module.cs-vpc-prod-shared.network_self_link","module.cs-vpc-prod-shared"]},"peer_external_gateway":{"constant_value":{"interfaces":[{"id":0,"ip_address":"45.115.232.159"},{"id":1,"ip_address":"45.115.232.159"}],"name":"maroochydore","redundancy_type":"TWO_IPS_REDUNDANCY"}},"project_id":{"references":["module.cs-project-vpc-host-prod.project_id","module.cs-project-vpc-host-prod"]},"region":{"constant_value":"australia-southeast1"},"router_asn":{"constant_value":64512},"stack_type":{"constant_value":"IPV4_IPV6"},"tunnels":{"references":["local.bgp_ips.prod-prod-australia-southeast1-gateway-tnl0","local.bgp_ips","local.bgp_ips.prod-prod-australia-southeast1-gateway-tnl0","local.bgp_ips","data.google_secret_manager_secret_version_access.secret_data[\"prod-australia-southeast1-0\"].secret_data","data.google_secret_manager_secret_version_access.secret_data[\"prod-australia-southeast1-0\"]","data.google_secret_manager_secret_version_access.secret_data","local.bgp_ips.prod-prod-australia-southeast1-gateway-tnl1","local.bgp_ips","local.bgp_ips.prod-prod-australia-southeast1-gateway-tnl1","local.bgp_ips","data.google_secret_manager_secret_version_access.secret_data[\"prod-australia-southeast1-1\"].secret_data","data.google_secret_manager_secret_version_access.secret_data[\"prod-australia-southeast1-1\"]","data.google_secret_manager_secret_version_access.secret_data"]}},"module":{"outputs":{"external_gateway":{"expression":{"references":["var.peer_external_gateway","google_compute_external_vpn_gateway.external_gateway[0]","google_compute_external_vpn_gateway.external_gateway"]},"description":"External VPN gateway resource."},"gateway":{"expression":{"references":["google_compute_ha_vpn_gateway.ha_gateway"]},"description":"HA VPN gateway resource."},"name":{"expression":{"references":["local.vpn_gateway_self_link"]},"description":"VPN gateway name."},"random_secret":{"sensitive":true,"expression":{"references":["local.secret"]},"description":"Generated secret."},"router":{"expression":{"references":["var.router_name","google_compute_router.router[0]","google_compute_router.router"]},"description":"Router resource (only if auto-created)."},"router_name":{"expression":{"references":["local.router"]},"description":"Router name."},"self_link":{"expression":{"references":["local.vpn_gateway_self_link"]},"description":"HA VPN gateway self link."},"tunnel_names":{"expression":{"references":["var.tunnels","google_compute_vpn_tunnel.tunnels"]},"description":"VPN tunnel names."},"tunnel_self_links":{"sensitive":true,"expression":{"references":["var.tunnels","google_compute_vpn_tunnel.tunnels"]},"description":"VPN tunnel self links."},"tunnels":{"sensitive":true,"expression":{"references":["var.tunnels","google_compute_vpn_tunnel.tunnels"]},"description":"VPN tunnel resources."}},"resources":[{"address":"google_compute_external_vpn_gateway.external_gateway","mode":"managed","type":"google_compute_external_vpn_gateway","name":"external_gateway","provider_config_key":"google","expressions":{"description":{"references":["var.external_vpn_gateway_description"]},"labels":{"references":["var.labels"]},"name":{"references":["var.peer_external_gateway.name","var.peer_external_gateway","var.peer_external_gateway.name","var.peer_external_gateway","var.name"]},"project":{"references":["var.project_id"]},"redundancy_type":{"references":["var.peer_external_gateway.redundancy_type","var.peer_external_gateway"]}},"schema_version":0,"count_expression":{"references":["var.peer_external_gateway"]}},{"address":"google_compute_ha_vpn_gateway.ha_gateway","mode":"managed","type":"google_compute_ha_vpn_gateway","name":"ha_gateway","provider_config_key":"google","expressions":{"name":{"references":["var.name"]},"network":{"references":["var.network"]},"project":{"references":["var.project_id"]},"region":{"references":["var.region"]},"stack_type":{"references":["var.stack_type"]}},"schema_version":1,"count_expression":{"references":["var.create_vpn_gateway"]}},{"address":"google_compute_router.router","mode":"managed","type":"google_compute_router","name":"router","provider_config_key":"google","expressions":{"bgp":[{"advertise_mode":{"references":["var.router_advertise_config","var.router_advertise_config.mode","var.router_advertise_config"]},"advertised_groups":{"references":["var.router_advertise_config","var.router_advertise_config.mode","var.router_advertise_config","var.router_advertise_config.groups","var.router_advertise_config"]},"asn":{"references":["var.router_asn"]},"keepalive_interval":{"references":["var.keepalive_interval"]}}],"name":{"references":["var.name"]},"network":{"references":["var.network"]},"project":{"references":["var.project_id"]},"region":{"references":["var.region"]}},"schema_version":0,"count_expression":{"references":["var.router_name"]}},{"address":"google_compute_router_interface.router_interface","mode":"managed","type":"google_compute_router_interface","name":"router_interface","provider_config_key":"google","expressions":{"ip_range":{"references":["each.value.bgp_session_range","each.value","each.value.bgp_session_range","each.value"]},"name":{"references":["each.value.bgp_session_name","each.value","each.value.bgp_session_name","each.value","var.name","each.key"]},"project":{"references":["var.project_id"]},"region":{"references":["var.region"]},"router":{"references":["local.router"]},"vpn_tunnel":{"references":["google_compute_vpn_tunnel.tunnels","each.key"]}},"schema_version":0,"for_each_expression":{"references":["var.tunnels"]}},{"address":"google_compute_router_peer.bgp_peer","mode":"managed","type":"google_compute_router_peer","name":"bgp_peer","provider_config_key":"google","expressions":{"advertise_mode":{"references":["each.value.bgp_peer_options","each.value","each.value.bgp_peer_options.advertise_mode","each.value.bgp_peer_options","each.value"]},"advertised_groups":{"references":["each.value.bgp_peer_options","each.value","each.value.bgp_peer_options.advertise_mode","each.value.bgp_peer_options","each.value","each.value.bgp_peer_options.advertise_groups","each.value.bgp_peer_options","each.value"]},"advertised_route_priority":{"references":["each.value.bgp_peer_options","each.value","var.route_priority","each.value.bgp_peer_options.route_priority","each.value.bgp_peer_options","each.value","var.route_priority","each.value.bgp_peer_options.route_priority","each.value.bgp_peer_options","each.value"]},"interface":{"references":["google_compute_router_interface.router_interface","each.key"]},"ip_address":{"references":["each.value.bgp_peer_options","each.value","each.value.bgp_peer_options.ip_address","each.value.bgp_peer_options","each.value"]},"name":{"references":["each.value.bgp_session_name","each.value","each.value.bgp_session_name","each.value","var.name","each.key"]},"peer_asn":{"references":["each.value.bgp_peer.asn","each.value.bgp_peer","each.value"]},"peer_ip_address":{"references":["each.value.bgp_peer.address","each.value.bgp_peer","each.value"]},"project":{"references":["var.project_id"]},"region":{"references":["var.region"]},"router":{"references":["local.router"]}},"schema_version":0,"for_each_expression":{"references":["var.tunnels"]}},{"address":"google_compute_vpn_tunnel.tunnels","mode":"managed","type":"google_compute_vpn_tunnel","name":"tunnels","provider_config_key":"google","expressions":{"ike_version":{"references":["each.value.ike_version","each.value"]},"labels":{"references":["var.labels"]},"name":{"references":["var.name","each.key"]},"peer_external_gateway":{"references":["each.value.peer_external_gateway_self_link","each.value","each.value.peer_external_gateway_self_link","each.value","local.peer_external_gateway"]},"peer_external_gateway_interface":{"references":["each.value.peer_external_gateway_interface","each.value"]},"peer_gcp_gateway":{"references":["var.peer_gcp_gateway"]},"project":{"references":["var.project_id"]},"region":{"references":["var.region"]},"router":{"references":["local.router"]},"shared_secret":{"references":["each.value.shared_secret","each.value","local.secret","each.value.shared_secret","each.value"]},"vpn_gateway":{"references":["local.vpn_gateway_self_link"]},"vpn_gateway_interface":{"references":["each.value.vpn_gateway_interface","each.value"]}},"schema_version":0,"for_each_expression":{"references":["var.tunnels"]}},{"address":"random_id.secret","mode":"managed","type":"random_id","name":"secret","provider_config_key":"random","expressions":{"byte_length":{"references":["var.ipsec_secret_length"]}},"schema_version":0}],"variables":{"create_vpn_gateway":{"default":true,"description":"create a VPN gateway"},"external_vpn_gateway_description":{"default":"Terraform managed external VPN gateway","description":"An optional description of external VPN Gateway"},"ipsec_secret_length":{"default":8,"description":"The lnegth the of shared secret for VPN tunnels"},"keepalive_interval":{"default":20,"description":"The interval in seconds between BGP keepalive messages that are sent to the peer."},"labels":{"default":{},"description":"Labels for vpn components"},"name":{"description":"VPN gateway name, and prefix used for dependent resources."},"network":{"description":"VPC used for the gateway and routes."},"peer_external_gateway":{"default":null,"description":"Configuration of an external VPN gateway to which this VPN is connected."},"peer_gcp_gateway":{"default":null,"description":"Self Link URL of the peer side HA GCP VPN gateway to which this VPN tunnel is connected."},"project_id":{"description":"Project where resources will be created."},"region":{"description":"Region used for resources."},"route_priority":{"default":1000,"description":"Route priority, defaults to 1000."},"router_advertise_config":{"default":null,"description":"Router custom advertisement configuration, ip_ranges is a map of address ranges and descriptions."},"router_asn":{"default":64514,"description":"Router ASN used for auto-created router."},"router_name":{"default":"","description":"Name of router, leave blank to create one."},"stack_type":{"default":"IPV4_ONLY","description":"The IP stack type will apply to all the tunnels associated with this VPN gateway."},"tunnels":{"default":{},"description":"VPN tunnel configurations, bgp_peer_options is usually null."},"vpn_gateway_self_link":{"default":null,"description":"self_link of existing VPN gateway to be used for the vpn tunnel. create_vpn_gateway should be set to false"}}},"version_constraint":"~\u003e 4.0"},"cs-project-logging-monitoring":{"source":"terraform-google-modules/project-factory/google","expressions":{"activate_apis":{"constant_value":["compute.googleapis.com","monitoring.googleapis.com"]},"billing_account":{"references":["var.billing_account"]},"folder_id":{"references":["local.folder_map[\"Common\"].id","local.folder_map[\"Common\"]","local.folder_map"]},"name":{"constant_value":"central-logging-monitoring"},"org_id":{"references":["var.org_id"]},"project_id":{"constant_value":"central-log-monitor-gt738-xd25"}},"module":{"outputs":{"api_s_account":{"expression":{"references":["module.project-factory.api_s_account","module.project-factory"]},"description":"API service account email"},"api_s_account_fmt":{"expression":{"references":["module.project-factory.api_s_account_fmt","module.project-factory"]},"description":"API service account email formatted for terraform use"},"budget_name":{"expression":{"references":["module.budget.name","module.budget"]},"description":"The name of the budget if created"},"domain":{"expression":{"references":["module.gsuite_group.domain","module.gsuite_group"]},"description":"The organization's domain"},"enabled_api_identities":{"expression":{"references":["module.project-factory.enabled_api_identities","module.project-factory"]},"description":"Enabled API identities in the project"},"enabled_apis":{"expression":{"references":["module.project-factory.enabled_apis","module.project-factory"]},"description":"Enabled APIs in the project"},"group_email":{"expression":{"references":["module.gsuite_group.email","module.gsuite_group"]},"description":"The email of the G Suite group with group_name"},"project_bucket_self_link":{"expression":{"references":["module.project-factory.project_bucket_self_link","module.project-factory"]},"description":"Project's bucket selfLink"},"project_bucket_url":{"expression":{"references":["module.project-factory.project_bucket_url","module.project-factory"]},"description":"Project's bucket url"},"project_id":{"expression":{"references":["module.project-factory.project_id","module.project-factory"]},"description":"ID of the project"},"project_name":{"expression":{"references":["module.project-factory.project_name","module.project-factory"]},"description":"Name of the project"},"project_number":{"expression":{"references":["module.project-factory.project_number","module.project-factory"]},"description":"Numeric identifier for the project"},"service_account_display_name":{"expression":{"references":["module.project-factory.service_account_display_name","module.project-factory"]},"description":"The display name of the default service account"},"service_account_email":{"expression":{"references":["module.project-factory.service_account_email","module.project-factory"]},"description":"The email of the default service account"},"service_account_id":{"expression":{"references":["module.project-factory.service_account_id","module.project-factory"]},"description":"The id of the default service account"},"service_account_name":{"expression":{"references":["module.project-factory.service_account_name","module.project-factory"]},"description":"The fully-qualified name of the default service account"},"service_account_unique_id":{"expression":{"references":["module.project-factory.service_account_unique_id","module.project-factory"]},"description":"The unique id of the default service account"},"tag_bindings":{"expression":{"references":["module.project-factory.tag_bindings","module.project-factory"]},"description":"Tag bindings"},"usage_report_export_bucket":{"expression":{"references":["module.project-factory.usage_report_export_bucket","module.project-factory"]},"description":"GCE usage reports bucket"}},"module_calls":{"budget":{"source":"./modules/budget","expressions":{"alert_pubsub_topic":{"references":["var.budget_alert_pubsub_topic"]},"alert_spend_basis":{"references":["var.budget_alert_spend_basis"]},"alert_spent_percents":{"references":["var.budget_alert_spent_percents"]},"amount":{"references":["var.budget_amount"]},"billing_account":{"references":["var.billing_account"]},"calendar_period":{"references":["var.budget_calendar_period"]},"create_budget":{"references":["var.budget_amount"]},"custom_period_end_date":{"references":["var.budget_custom_period_end_date"]},"custom_period_start_date":{"references":["var.budget_custom_period_start_date"]},"display_name":{"references":["var.budget_display_name","var.budget_display_name"]},"labels":{"references":["var.budget_labels"]},"monitoring_notification_channels":{"references":["var.budget_monitoring_notification_channels"]},"projects":{"references":["module.project-factory.project_id","module.project-factory"]}},"module":{"outputs":{"name":{"expression":{"references":["google_billing_budget.budget","google_billing_budget.budget[0].name","google_billing_budget.budget[0]","google_billing_budget.budget"]},"description":"Resource name of the budget. Values are of the form `billingAccounts/{billingAccountId}/budgets/{budgetId}.`"}},"resources":[{"address":"google_billing_budget.budget","mode":"managed","type":"google_billing_budget","name":"budget","provider_config_key":"google","expressions":{"amount":[{"specified_amount":[{"units":{"references":["var.amount"]}}]}],"billing_account":{"references":["var.billing_account"]},"budget_filter":[{"calendar_period":{"references":["local.custom_period","var.calendar_period"]},"credit_types_treatment":{"references":["var.credit_types_treatment"]},"labels":{"references":["var.labels"]},"projects":{"references":["local.projects"]},"services":{"references":["local.services"]}}],"display_name":{"references":["local.display_name"]}},"schema_version":1,"count_expression":{"references":["var.create_budget"]}},{"address":"data.google_project.project","mode":"data","type":"google_project","name":"project","provider_config_key":"google","expressions":{"project_id":{"references":["var.projects","count.index"]}},"schema_version":0,"count_expression":{"references":["var.create_budget","var.projects"]},"depends_on":["var.projects"]}],"variables":{"alert_pubsub_topic":{"default":null,"description":"The name of the Cloud Pub/Sub topic where budget related messages will be published, in the form of `projects/{project_id}/topics/{topic_id}`"},"alert_spend_basis":{"default":"CURRENT_SPEND","description":"The type of basis used to determine if spend has passed the threshold"},"alert_spent_percents":{"default":[0.5,0.7,1],"description":"A list of percentages of the budget to alert on when threshold is exceeded"},"amount":{"description":"The amount to use as the budget"},"billing_account":{"description":"ID of the billing account to set a budget on"},"calendar_period":{"default":null,"description":"Specifies the calendar period for the budget. Possible values are MONTH, QUARTER, YEAR, CALENDAR_PERIOD_UNSPECIFIED, CUSTOM. custom_period_start_date and custom_period_end_date must be set if CUSTOM"},"create_budget":{"default":true,"description":"If the budget should be created"},"credit_types_treatment":{"default":"INCLUDE_ALL_CREDITS","description":"Specifies how credits should be treated when determining spend for threshold calculations"},"custom_period_end_date":{"default":null,"description":"Specifies the end date (DD-MM-YYYY) for the calendar_period CUSTOM"},"custom_period_start_date":{"default":null,"description":"Specifies the start date (DD-MM-YYYY) for the calendar_period CUSTOM"},"display_name":{"default":null,"description":"The display name of the budget. If not set defaults to `Budget For \u003cprojects[0]|All Projects\u003e` "},"labels":{"default":{},"description":"A single label and value pair specifying that usage from only this set of labeled resources should be included in the budget."},"monitoring_notification_channels":{"default":[],"description":"A list of monitoring notification channels in the form `[projects/{project_id}/notificationChannels/{channel_id}]`. A maximum of 5 channels are allowed."},"projects":{"description":"The project ids to include in this budget. If empty budget will include all projects"},"services":{"default":null,"description":"A list of services ids to be included in the budget. If omitted, all services will be included in the budget. Service ids can be found at https://cloud.google.com/skus/"}}}},"essential_contacts":{"source":"./modules/essential_contacts","expressions":{"essential_contacts":{"references":["var.essential_contacts"]},"language_tag":{"references":["var.language_tag"]},"project_id":{"references":["module.project-factory.project_id","module.project-factory"]}},"module":{"outputs":{"essential_contacts":{"expression":{"references":["google_essential_contacts_contact.contact"]},"description":"Essential Contact resources created"},"project_id":{"expression":{"references":["var.project_id"]},"description":"The GCP project you want to enable APIs on"}},"resources":[{"address":"google_essential_contacts_contact.contact","mode":"managed","type":"google_essential_contacts_contact","name":"contact","provider_config_key":"google","expressions":{"email":{"references":["each.key"]},"language_tag":{"references":["var.language_tag"]},"notification_category_subscriptions":{"references":["each.value"]},"parent":{"references":["var.project_id"]}},"schema_version":0,"for_each_expression":{"references":["var.essential_contacts"]}}],"variables":{"essential_contacts":{"default":{},"description":"A mapping of users or groups to be assigned as Essential Contacts to the project, specifying a notification category"},"language_tag":{"description":"Language code to be used for essential contacts notifiactions"},"project_id":{"description":"The GCP project you want to send Essential Contacts notifications for"}}}},"gsuite_group":{"source":"./modules/gsuite_group","expressions":{"domain":{"references":["var.domain"]},"name":{"references":["var.group_name"]},"org_id":{"references":["var.org_id"]}},"module":{"outputs":{"domain":{"expression":{"references":["local.domain"]},"description":"The domain of the group's organization."},"email":{"expression":{"references":["local.email"]},"description":"The email address of the group."},"name":{"expression":{"references":["var.name"]},"description":"The username portion of the email address of the group."}},"resources":[{"address":"data.google_organization.org","mode":"data","type":"google_organization","name":"org","provider_config_key":"google","expressions":{"organization":{"references":["var.org_id"]}},"schema_version":0,"count_expression":{"references":["var.domain","var.name"]}}],"variables":{"domain":{"default":"","description":"The domain name"},"name":{"default":"","description":"The name of the group."},"org_id":{"default":null,"description":"The organization ID."}}}},"project-factory":{"source":"./modules/core_project_factory","expressions":{"activate_api_identities":{"references":["var.activate_api_identities"]},"activate_apis":{"references":["var.activate_apis"]},"auto_create_network":{"references":["var.auto_create_network"]},"billing_account":{"references":["var.billing_account"]},"bucket_force_destroy":{"references":["var.bucket_force_destroy"]},"bucket_labels":{"references":["var.bucket_labels"]},"bucket_location":{"references":["var.bucket_location"]},"bucket_name":{"references":["var.bucket_name"]},"bucket_pap":{"references":["var.bucket_pap"]},"bucket_project":{"references":["var.bucket_project"]},"bucket_ula":{"references":["var.bucket_ula"]},"bucket_versioning":{"references":["var.bucket_versioning"]},"cloud_armor_tier":{"references":["var.cloud_armor_tier"]},"create_project_sa":{"references":["var.create_project_sa"]},"default_network_tier":{"references":["var.default_network_tier"]},"default_service_account":{"references":["var.default_service_account"]},"deletion_policy":{"references":["var.deletion_policy"]},"disable_dependent_services":{"references":["var.disable_dependent_services"]},"disable_services_on_destroy":{"references":["var.disable_services_on_destroy"]},"enable_shared_vpc_host_project":{"references":["var.enable_shared_vpc_host_project"]},"enable_shared_vpc_service_project":{"references":["var.svpc_host_project_id"]},"folder_id":{"references":["var.folder_id"]},"grant_network_role":{"references":["var.grant_network_role"]},"group_email":{"references":["module.gsuite_group.email","module.gsuite_group"]},"group_role":{"references":["var.group_role"]},"labels":{"references":["var.labels"]},"lien":{"references":["var.lien"]},"manage_group":{"references":["var.group_name"]},"name":{"references":["var.name"]},"org_id":{"references":["var.folder_id","var.org_id"]},"project_id":{"references":["var.project_id"]},"project_sa_description":{"references":["var.project_sa_description"]},"project_sa_name":{"references":["var.project_sa_name"]},"random_project_id":{"references":["var.random_project_id"]},"random_project_id_length":{"references":["var.random_project_id_length"]},"sa_role":{"references":["var.sa_role"]},"shared_vpc":{"references":["var.svpc_host_project_id"]},"shared_vpc_subnets":{"references":["var.shared_vpc_subnets"]},"tag_binding_values":{"references":["var.tag_binding_values"]},"usage_bucket_name":{"references":["var.usage_bucket_name"]},"usage_bucket_prefix":{"references":["var.usage_bucket_prefix"]},"vpc_service_control_attach_dry_run":{"references":["var.vpc_service_control_attach_dry_run"]},"vpc_service_control_attach_enabled":{"references":["var.vpc_service_control_attach_enabled"]},"vpc_service_control_perimeter_name":{"references":["var.vpc_service_control_perimeter_name"]},"vpc_service_control_sleep_duration":{"references":["var.vpc_service_control_sleep_duration"]}},"module":{"outputs":{"api_s_account":{"expression":{"references":["local.api_s_account"]},"description":"API service account email"},"api_s_account_fmt":{"expression":{"references":["local.api_s_account_fmt"]},"description":"API service account email formatted for terraform use"},"enabled_api_identities":{"expression":{"references":["module.project_services.enabled_api_identities","module.project_services"]},"description":"Enabled API identities in the project"},"enabled_apis":{"expression":{"references":["module.project_services.enabled_apis","module.project_services"]},"description":"Enabled APIs in the project"},"project_bucket_name":{"expression":{"references":["google_storage_bucket.project_bucket"]},"description":"The name of the projec's bucket"},"project_bucket_self_link":{"expression":{"references":["google_storage_bucket.project_bucket"]},"description":"Project's bucket selfLink"},"project_bucket_url":{"expression":{"references":["google_storage_bucket.project_bucket"]},"description":"Project's bucket url"},"project_id":{"expression":{"references":["module.project_services.project_id","module.project_services"]},"depends_on":["module.project_services","google_project.main","google_compute_shared_vpc_service_project.shared_vpc_attachment","google_compute_shared_vpc_host_project.shared_vpc_host"],"description":"ID of the project"},"project_name":{"expression":{"references":["google_project.main.name","google_project.main"]},"description":"Name of the project"},"project_number":{"expression":{"references":["google_project.main.number","google_project.main"]},"depends_on":["module.project_services"],"description":"Numeric identifier for the project"},"service_account_display_name":{"expression":{"references":["var.create_project_sa","google_service_account.default_service_account[0].display_name","google_service_account.default_service_account[0]","google_service_account.default_service_account"]},"description":"The display name of the default service account"},"service_account_email":{"expression":{"references":["var.create_project_sa","google_service_account.default_service_account[0].email","google_service_account.default_service_account[0]","google_service_account.default_service_account"]},"description":"The email of the default service account"},"service_account_id":{"expression":{"references":["var.create_project_sa","google_service_account.default_service_account[0].account_id","google_service_account.default_service_account[0]","google_service_account.default_service_account"]},"description":"The id of the default service account"},"service_account_name":{"expression":{"references":["var.create_project_sa","google_service_account.default_service_account[0].name","google_service_account.default_service_account[0]","google_service_account.default_service_account"]},"description":"The fully-qualified name of the default service account"},"service_account_unique_id":{"expression":{"references":["var.create_project_sa","google_service_account.default_service_account[0].unique_id","google_service_account.default_service_account[0]","google_service_account.default_service_account"]},"description":"The unique id of the default service account"},"tag_bindings":{"expression":{"references":["google_tags_tag_binding.bindings"]},"description":"Tag bindings"},"usage_report_export_bucket":{"expression":{"references":["google_project_usage_export_bucket.usage_report_export[0]","google_project_usage_export_bucket.usage_report_export"]},"description":"GCE usage reports bucket"}},"resources":[{"address":"google_access_context_manager_service_perimeter_dry_run_resource.service_perimeter_attachment_dry_run","mode":"managed","type":"google_access_context_manager_service_perimeter_dry_run_resource","name":"service_perimeter_attachment_dry_run","provider_config_key":"google","expressions":{"perimeter_name":{"references":["var.vpc_service_control_perimeter_name"]},"resource":{"references":["google_project.main.number","google_project.main"]}},"schema_version":0,"count_expression":{"references":["var.vpc_service_control_attach_dry_run","var.vpc_service_control_attach_enabled"]},"depends_on":["google_service_account.default_service_account"]},{"address":"google_access_context_manager_service_perimeter_resource.service_perimeter_attachment","mode":"managed","type":"google_access_context_manager_service_perimeter_resource","name":"service_perimeter_attachment","provider_config_key":"google","expressions":{"perimeter_name":{"references":["var.vpc_service_control_perimeter_name"]},"resource":{"references":["google_project.main.number","google_project.main"]}},"schema_version":0,"count_expression":{"references":["var.vpc_service_control_attach_enabled"]},"depends_on":["google_service_account.default_service_account"]},{"address":"google_compute_project_cloud_armor_tier.cloud_armor_tier_config","mode":"managed","type":"google_compute_project_cloud_armor_tier","name":"cloud_armor_tier_config","provider_config_key":"google","expressions":{"cloud_armor_tier":{"references":["var.cloud_armor_tier"]},"project":{"references":["var.project_id"]}},"schema_version":0,"count_expression":{"references":["var.cloud_armor_tier"]}},{"address":"google_compute_project_default_network_tier.default","mode":"managed","type":"google_compute_project_default_network_tier","name":"default","provider_config_key":"google","expressions":{"network_tier":{"references":["var.default_network_tier"]},"project":{"references":["google_project.main.number","google_project.main"]}},"schema_version":0,"count_expression":{"references":["var.default_network_tier"]}},{"address":"google_compute_shared_vpc_host_project.shared_vpc_host","mode":"managed","type":"google_compute_shared_vpc_host_project","name":"shared_vpc_host","provider_config_key":"google-beta","expressions":{"project":{"references":["google_project.main.project_id","google_project.main"]}},"schema_version":0,"count_expression":{"references":["var.enable_shared_vpc_host_project"]},"depends_on":["module.project_services"]},{"address":"google_compute_shared_vpc_service_project.shared_vpc_attachment","mode":"managed","type":"google_compute_shared_vpc_service_project","name":"shared_vpc_attachment","provider_config_key":"google-beta","expressions":{"host_project":{"references":["var.shared_vpc"]},"service_project":{"references":["google_project.main.project_id","google_project.main"]}},"schema_version":0,"count_expression":{"references":["var.enable_shared_vpc_service_project"]},"depends_on":["time_sleep.wait_5_seconds[0]","module.project_services"]},{"address":"google_compute_subnetwork_iam_member.apis_service_account_role_to_vpc_subnets","mode":"managed","type":"google_compute_subnetwork_iam_member","name":"apis_service_account_role_to_vpc_subnets","provider_config_key":"google-beta","expressions":{"member":{"references":["local.api_s_account_fmt"]},"project":{"references":["var.shared_vpc"]},"region":{"references":["var.shared_vpc_subnets","count.index","var.shared_vpc_subnets","count.index"]},"role":{"constant_value":"roles/compute.networkUser"},"subnetwork":{"references":["var.shared_vpc_subnets","count.index","var.shared_vpc_subnets","count.index"]}},"schema_version":0,"count_expression":{"references":["var.grant_network_role","var.enable_shared_vpc_service_project","var.shared_vpc_subnets","var.shared_vpc_subnets"]},"depends_on":["module.project_services"]},{"address":"google_compute_subnetwork_iam_member.group_role_to_vpc_subnets","mode":"managed","type":"google_compute_subnetwork_iam_member","name":"group_role_to_vpc_subnets","provider_config_key":"google-beta","expressions":{"member":{"references":["local.group_id"]},"project":{"references":["var.shared_vpc"]},"region":{"references":["var.shared_vpc_subnets","count.index","var.shared_vpc_subnets","count.index"]},"role":{"constant_value":"roles/compute.networkUser"},"subnetwork":{"references":["var.shared_vpc_subnets","count.index","var.shared_vpc_subnets","count.index"]}},"schema_version":0,"count_expression":{"references":["var.grant_network_role","var.enable_shared_vpc_service_project","var.shared_vpc_subnets","var.manage_group","var.shared_vpc_subnets"]}},{"address":"google_compute_subnetwork_iam_member.service_account_role_to_vpc_subnets","mode":"managed","type":"google_compute_subnetwork_iam_member","name":"service_account_role_to_vpc_subnets","provider_config_key":"google-beta","expressions":{"member":{"references":["local.s_account_fmt"]},"project":{"references":["var.shared_vpc"]},"region":{"references":["var.shared_vpc_subnets","count.index","var.shared_vpc_subnets","count.index"]},"role":{"constant_value":"roles/compute.networkUser"},"subnetwork":{"references":["var.shared_vpc_subnets","count.index","var.shared_vpc_subnets","count.index"]}},"schema_version":0,"count_expression":{"references":["var.grant_network_role","var.enable_shared_vpc_service_project","var.shared_vpc_subnets","var.create_project_sa","var.shared_vpc_subnets"]}},{"address":"google_project.main","mode":"managed","type":"google_project","name":"main","provider_config_key":"google","expressions":{"auto_create_network":{"references":["var.auto_create_network"]},"billing_account":{"references":["var.billing_account"]},"deletion_policy":{"references":["var.deletion_policy"]},"folder_id":{"references":["local.project_folder_id"]},"labels":{"references":["var.labels"]},"name":{"references":["var.name"]},"org_id":{"references":["local.project_org_id"]},"project_id":{"references":["local.temp_project_id"]}},"schema_version":1},{"address":"google_project_default_service_accounts.default_service_accounts","mode":"managed","type":"google_project_default_service_accounts","name":"default_service_accounts","provider_config_key":"google","expressions":{"action":{"references":["var.default_service_account"]},"project":{"references":["google_project.main.project_id","google_project.main"]},"restore_policy":{"constant_value":"REVERT_AND_IGNORE_FAILURE"}},"schema_version":0,"count_expression":{"references":["var.default_service_account"]},"depends_on":["module.project_services"]},{"address":"google_project_iam_member.controlling_group_vpc_membership","mode":"managed","type":"google_project_iam_member","name":"controlling_group_vpc_membership","provider_config_key":"google","expressions":{"member":{"references":["local.shared_vpc_users","count.index"]},"project":{"references":["var.shared_vpc"]},"role":{"constant_value":"roles/compute.networkUser"}},"schema_version":0,"count_expression":{"references":["var.grant_network_role","var.enable_shared_vpc_service_project","var.shared_vpc_subnets","local.shared_vpc_users_length"]},"depends_on":["module.project_services"]},{"address":"google_project_iam_member.default_service_account_membership","mode":"managed","type":"google_project_iam_member","name":"default_service_account_membership","provider_config_key":"google","expressions":{"member":{"references":["local.s_account_fmt"]},"project":{"references":["google_project.main.project_id","google_project.main"]},"role":{"references":["var.sa_role"]}},"schema_version":0,"count_expression":{"references":["var.sa_role","var.create_project_sa"]}},{"address":"google_project_iam_member.gsuite_group_role","mode":"managed","type":"google_project_iam_member","name":"gsuite_group_role","provider_config_key":"google","expressions":{"member":{"references":["local.group_id"]},"project":{"references":["google_project.main.project_id","google_project.main"]},"role":{"references":["var.group_role"]}},"schema_version":0,"count_expression":{"references":["var.manage_group"]}},{"address":"google_project_service.enable_access_context_manager","mode":"managed","type":"google_project_service","name":"enable_access_context_manager","provider_config_key":"google","expressions":{"project":{"references":["google_project.main.number","google_project.main"]},"service":{"constant_value":"accesscontextmanager.googleapis.com"}},"schema_version":0,"count_expression":{"references":["var.vpc_service_control_attach_enabled","var.vpc_service_control_attach_dry_run"]}},{"address":"google_project_usage_export_bucket.usage_report_export","mode":"managed","type":"google_project_usage_export_bucket","name":"usage_report_export","provider_config_key":"google","expressions":{"bucket_name":{"references":["var.usage_bucket_name"]},"prefix":{"references":["var.usage_bucket_prefix","var.usage_bucket_prefix","google_project.main.project_id","google_project.main"]},"project":{"references":["google_project.main.project_id","google_project.main"]}},"schema_version":0,"count_expression":{"references":["var.usage_bucket_name"]},"depends_on":["module.project_services"]},{"address":"google_resource_manager_lien.lien","mode":"managed","type":"google_resource_manager_lien","name":"lien","provider_config_key":"google","expressions":{"origin":{"constant_value":"project-factory"},"parent":{"references":["google_project.main.number","google_project.main"]},"reason":{"constant_value":"Project Factory lien"},"restrictions":{"constant_value":["resourcemanager.projects.delete"]}},"schema_version":0,"count_expression":{"references":["var.lien"]}},{"address":"google_service_account.default_service_account","mode":"managed","type":"google_service_account","name":"default_service_account","provider_config_key":"google","expressions":{"account_id":{"references":["var.project_sa_name"]},"create_ignore_already_exists":{"constant_value":true},"description":{"references":["var.project_sa_description"]},"display_name":{"references":["var.name"]},"project":{"references":["google_project.main.project_id","google_project.main"]}},"schema_version":0,"count_expression":{"references":["var.create_project_sa"]}},{"address":"google_service_account_iam_member.service_account_grant_to_group","mode":"managed","type":"google_service_account_iam_member","name":"service_account_grant_to_group","provider_config_key":"google","expressions":{"member":{"references":["local.group_id"]},"role":{"constant_value":"roles/iam.serviceAccountUser"},"service_account_id":{"references":["google_project.main.project_id","google_project.main","google_service_account.default_service_account[0].email","google_service_account.default_service_account[0]","google_service_account.default_service_account"]}},"schema_version":0,"count_expression":{"references":["var.manage_group","var.create_project_sa"]}},{"address":"google_storage_bucket.project_bucket","mode":"managed","type":"google_storage_bucket","name":"project_bucket","provider_config_key":"google-beta","expressions":{"force_destroy":{"references":["var.bucket_force_destroy"]},"labels":{"references":["var.bucket_labels"]},"location":{"references":["var.bucket_location"]},"name":{"references":["local.project_bucket_name"]},"project":{"references":["var.bucket_project","local.base_project_id","google_project.main.project_id","google_project.main","var.bucket_project"]},"public_access_prevention":{"references":["var.bucket_pap"]},"uniform_bucket_level_access":{"references":["var.bucket_ula"]},"versioning":[{"enabled":{"references":["var.bucket_versioning"]}}]},"schema_version":3,"count_expression":{"references":["local.create_bucket"]}},{"address":"google_storage_bucket_iam_member.api_s_account_storage_admin_on_project_bucket","mode":"managed","type":"google_storage_bucket_iam_member","name":"api_s_account_storage_admin_on_project_bucket","provider_config_key":"google","expressions":{"bucket":{"references":["google_storage_bucket.project_bucket[0].name","google_storage_bucket.project_bucket[0]","google_storage_bucket.project_bucket"]},"member":{"references":["local.api_s_account_fmt"]},"role":{"constant_value":"roles/storage.admin"}},"schema_version":0,"count_expression":{"references":["local.create_bucket"]},"depends_on":["module.project_services"]},{"address":"google_storage_bucket_iam_member.group_storage_admin_on_project_bucket","mode":"managed","type":"google_storage_bucket_iam_member","name":"group_storage_admin_on_project_bucket","provider_config_key":"google","expressions":{"bucket":{"references":["google_storage_bucket.project_bucket[0].name","google_storage_bucket.project_bucket[0]","google_storage_bucket.project_bucket"]},"member":{"references":["local.group_id"]},"role":{"constant_value":"roles/storage.admin"}},"schema_version":0,"count_expression":{"references":["local.create_bucket","var.manage_group"]}},{"address":"google_storage_bucket_iam_member.s_account_storage_admin_on_project_bucket","mode":"managed","type":"google_storage_bucket_iam_member","name":"s_account_storage_admin_on_project_bucket","provider_config_key":"google","expressions":{"bucket":{"references":["google_storage_bucket.project_bucket[0].name","google_storage_bucket.project_bucket[0]","google_storage_bucket.project_bucket"]},"member":{"references":["local.s_account_fmt"]},"role":{"constant_value":"roles/storage.admin"}},"schema_version":0,"count_expression":{"references":["local.create_bucket","var.create_project_sa"]}},{"address":"google_tags_tag_binding.bindings","mode":"managed","type":"google_tags_tag_binding","name":"bindings","provider_config_key":"google","expressions":{"parent":{"references":["google_project.main.number","google_project.main"]},"tag_value":{"references":["each.value"]}},"schema_version":0,"for_each_expression":{"references":["var.tag_binding_values"]}},{"address":"random_id.random_project_id_suffix","mode":"managed","type":"random_id","name":"random_project_id_suffix","provider_config_key":"module.cs-project-logging-monitoring.module.project-factory:random","expressions":{"byte_length":{"constant_value":2}},"schema_version":0},{"address":"random_string.random_project_id_suffix","mode":"managed","type":"random_string","name":"random_project_id_suffix","provider_config_key":"module.cs-project-logging-monitoring.module.project-factory:random","expressions":{"length":{"references":["var.random_project_id_length"]},"special":{"constant_value":false},"upper":{"constant_value":false}},"schema_version":2,"count_expression":{"references":["local.use_random_string"]}},{"address":"time_sleep.wait_5_seconds","mode":"managed","type":"time_sleep","name":"wait_5_seconds","provider_config_key":"module.cs-project-logging-monitoring.module.project-factory:time","expressions":{"create_duration":{"references":["var.vpc_service_control_sleep_duration"]}},"schema_version":0,"count_expression":{"references":["var.vpc_service_control_attach_enabled","var.vpc_service_control_attach_dry_run"]},"depends_on":["google_access_context_manager_service_perimeter_resource.service_perimeter_attachment[0]","google_project_service.enable_access_context_manager[0]"]}],"module_calls":{"project_services":{"source":"../project_services","expressions":{"activate_api_identities":{"references":["var.activate_api_identities"]},"activate_apis":{"references":["local.activate_apis"]},"disable_dependent_services":{"references":["var.disable_dependent_services"]},"disable_services_on_destroy":{"references":["var.disable_services_on_destroy"]},"project_id":{"references":["google_project.main.project_id","google_project.main"]}},"module":{"outputs":{"enabled_api_identities":{"expression":{"references":["google_project_service_identity.project_service_identities"]},"description":"Enabled API identities in the project"},"enabled_apis":{"expression":{"references":["google_project_service.project_services"]},"description":"Enabled APIs in the project"},"project_id":{"expression":{"references":["google_project_service.project_services","var.project_id"]},"description":"The GCP project you want to enable APIs on"}},"resources":[{"address":"google_project_iam_member.project_service_identity_roles","mode":"managed","type":"google_project_iam_member","name":"project_service_identity_roles","provider_config_key":"google","expressions":{"member":{"references":["each.value.email","each.value"]},"project":{"references":["var.project_id"]},"role":{"references":["each.value.role","each.value"]}},"schema_version":0,"for_each_expression":{"references":["local.add_service_roles"]}},{"address":"google_project_service.project_services","mode":"managed","type":"google_project_service","name":"project_services","provider_config_key":"google","expressions":{"disable_dependent_services":{"references":["var.disable_dependent_services"]},"disable_on_destroy":{"references":["var.disable_services_on_destroy"]},"project":{"references":["var.project_id"]},"service":{"references":["each.value"]}},"schema_version":0,"for_each_expression":{"references":["local.services"]}},{"address":"google_project_service_identity.project_service_identities","mode":"managed","type":"google_project_service_identity","name":"project_service_identities","provider_config_key":"google-beta","expressions":{"project":{"references":["var.project_id"]},"service":{"references":["each.value.api","each.value"]}},"schema_version":0,"for_each_expression":{"references":["var.activate_api_identities"]}},{"address":"data.google_compute_default_service_account.default","mode":"data","type":"google_compute_default_service_account","name":"default","provider_config_key":"google","expressions":{"project":{"references":["var.project_id"]}},"schema_version":0,"count_expression":{"references":["local.activate_compute_identity"]}}],"variables":{"activate_api_identities":{"default":[],"description":"    The list of service identities (Google Managed service account for the API) to force-create for the project (e.g. in order to grant additional roles).\n    APIs in this list will automatically be appended to `activate_apis`.\n    Not including the API in this list will follow the default behaviour for identity creation (which is usually when the first resource using the API is created).\n    Any roles (e.g. service agent role) must be explicitly listed. See https://cloud.google.com/iam/docs/understanding-roles#service-agent-roles-roles for a list of related roles.\n"},"activate_apis":{"default":[],"description":"The list of apis to activate within the project"},"disable_dependent_services":{"default":true,"description":"Whether services that are enabled and which depend on this service should also be disabled when this service is destroyed. https://www.terraform.io/docs/providers/google/r/google_project_service.html#disable_dependent_services"},"disable_services_on_destroy":{"default":true,"description":"Whether project services will be disabled when the resources are destroyed. https://www.terraform.io/docs/providers/google/r/google_project_service.html#disable_on_destroy"},"enable_apis":{"default":true,"description":"Whether to actually enable the APIs. If false, this module is a no-op."},"project_id":{"description":"The GCP project you want to enable APIs on"}}}}},"variables":{"activate_api_identities":{"default":[],"description":"    The list of service identities (Google Managed service account for the API) to force-create for the project (e.g. in order to grant additional roles).\n    APIs in this list will automatically be appended to `activate_apis`. Use for services supported by `gcloud beta services identity create`\n    Not including the API in this list will follow the default behaviour for identity creation (which is usually when the first resource using the API is created).\n    Any roles (e.g. service agent role) must be explicitly listed. See https://cloud.google.com/iam/docs/understanding-roles#service-agent-roles-roles for a list of related roles.\n"},"activate_apis":{"default":["compute.googleapis.com"],"description":"The list of apis to activate within the project"},"auto_create_network":{"default":false,"description":"Create the default network"},"billing_account":{"description":"The ID of the billing account to associate this project with"},"bucket_force_destroy":{"default":false,"description":"Force the deletion of all objects within the GCS bucket when deleting the bucket (optional)"},"bucket_labels":{"default":{},"description":" A map of key/value label pairs to assign to the bucket (optional)"},"bucket_location":{"default":"US","description":"The location for a GCS bucket to create (optional)"},"bucket_name":{"default":"","description":"A name for a GCS bucket to create (in the bucket_project project), useful for Terraform state (optional)"},"bucket_pap":{"default":"inherited","description":"Enable Public Access Prevention. Possible values are \"enforced\" or \"inherited\"."},"bucket_project":{"default":"","description":"A project to create a GCS bucket (bucket_name) in, useful for Terraform state (optional)"},"bucket_ula":{"default":true,"description":"Enable Uniform Bucket Level Access"},"bucket_versioning":{"default":false,"description":"Enable versioning for a GCS bucket to create (optional)"},"cloud_armor_tier":{"default":null,"description":"Managed protection tier to be set. Possible values are: CA_STANDARD, CA_ENTERPRISE_PAYGO"},"create_project_sa":{"default":true,"description":"Whether the default service account for the project shall be created"},"default_network_tier":{"default":"","description":"Default Network Service Tier for resources created in this project. If unset, the value will not be modified. See https://cloud.google.com/network-tiers/docs/using-network-service-tiers and https://cloud.google.com/network-tiers."},"default_service_account":{"default":"disable","description":"Project default service account setting: can be one of `delete`, `deprivilege`, `disable`, or `keep`."},"deletion_policy":{"default":"PREVENT","description":"The deletion policy for the project."},"disable_dependent_services":{"default":true,"description":"Whether services that are enabled and which depend on this service should also be disabled when this service is destroyed."},"disable_services_on_destroy":{"default":true,"description":"Whether project services will be disabled when the resources are destroyed"},"enable_shared_vpc_host_project":{"default":false,"description":"If this project is a shared VPC host project. If true, you must *not* set shared_vpc variable. Default is false."},"enable_shared_vpc_service_project":{"description":"If this project should be attached to a shared VPC. If true, you must set shared_vpc variable."},"folder_id":{"default":"","description":"The ID of a folder to host this project"},"grant_network_role":{"default":true,"description":"Whether or not to grant networkUser role on the host project/subnets"},"group_email":{"default":"","description":"The email address of a group to control the project by being assigned group_role."},"group_role":{"default":"","description":"The role to give the controlling group (group_name) over the project."},"labels":{"default":{},"description":"Map of labels for project"},"lien":{"default":false,"description":"Add a lien on the project to prevent accidental deletion"},"manage_group":{"default":false,"description":"A toggle to indicate if a G Suite group should be managed."},"name":{"description":"The name for the project"},"org_id":{"default":null,"description":"The organization ID."},"project_id":{"default":"","description":"The ID to give the project. If not provided, the `name` will be used."},"project_sa_description":{"default":null,"description":"Description to set for the project default service account."},"project_sa_name":{"default":"project-service-account","description":"Default service account name for the project."},"random_project_id":{"default":false,"description":"Adds a suffix of 4 random characters to the `project_id`."},"random_project_id_length":{"default":null,"description":"Sets the length of `random_project_id` to the provided length, and uses a `random_string` for a larger collusion domain.  Recommended for use with CI."},"sa_role":{"default":"","description":"A role to give the default Service Account for the project (defaults to none)"},"shared_vpc":{"default":"","description":"The ID of the host project which hosts the shared VPC"},"shared_vpc_subnets":{"default":[],"description":"List of subnets fully qualified subnet IDs (ie. projects/$project_id/regions/$region/subnetworks/$subnet_id)"},"tag_binding_values":{"default":[],"description":"Tag values to bind the project to."},"usage_bucket_name":{"default":"","description":"Name of a GCS bucket to store GCE usage reports in (optional)"},"usage_bucket_prefix":{"default":"","description":"Prefix in the GCS bucket to store GCE usage reports in (optional)"},"vpc_service_control_attach_dry_run":{"default":false,"description":"Whether the project will be attached to a VPC Service Control Perimeter in Dry Run Mode. vpc_service_control_attach_enabled should be false for this to be true"},"vpc_service_control_attach_enabled":{"default":false,"description":"Whether the project will be attached to a VPC Service Control Perimeter in ENFORCED MODE. vpc_service_control_attach_dry_run should be false for this to be true"},"vpc_service_control_perimeter_name":{"default":null,"description":"The name of a VPC Service Control Perimeter to add the created project to"},"vpc_service_control_sleep_duration":{"default":"5s","description":"The duration to sleep in seconds before adding the project to a shared VPC after the project is added to the VPC Service Control Perimeter. VPC-SC is eventually consistent."}}}},"quotas":{"source":"./modules/quota_manager","expressions":{"consumer_quotas":{"references":["var.consumer_quotas"]},"project_id":{"references":["module.project-factory.project_id","module.project-factory"]}},"module":{"outputs":{"quota_overrides":{"expression":{"references":["google_service_usage_consumer_quota_override.override"]},"description":"The server-generated names of the quota override."}},"resources":[{"address":"google_service_usage_consumer_quota_override.override","mode":"managed","type":"google_service_usage_consumer_quota_override","name":"override","provider_config_key":"google-beta","expressions":{"dimensions":{"references":["each.value.dimensions","each.value"]},"force":{"constant_value":true},"limit":{"references":["each.value.limit","each.value"]},"metric":{"references":["each.value.metric","each.value"]},"override_value":{"references":["each.value.value","each.value"]},"project":{"references":["var.project_id"]},"service":{"references":["each.value.service","each.value"]}},"schema_version":0,"for_each_expression":{"references":["local.consumer_quotas"]}}],"variables":{"consumer_quotas":{"description":"The quotas configuration you want to override for the project."},"project_id":{"description":"The GCP project where you want to manage the consumer quotas"}}}},"shared_vpc_access":{"source":"./modules/shared_vpc_access","expressions":{"active_apis":{"references":["var.activate_apis","var.activate_api_identities"]},"enable_shared_vpc_service_project":{"references":["var.svpc_host_project_id"]},"grant_network_role":{"references":["var.grant_network_role"]},"grant_services_security_admin_role":{"references":["var.grant_services_security_admin_role"]},"host_project_id":{"references":["var.svpc_host_project_id"]},"lookup_project_numbers":{"constant_value":false},"service_project_id":{"references":["module.project-factory.project_id","module.project-factory"]},"service_project_number":{"references":["module.project-factory.project_number","module.project-factory"]},"shared_vpc_subnets":{"references":["var.shared_vpc_subnets"]}},"module":{"outputs":{"active_api_service_accounts":{"expression":{"references":["local.active_apis"]},"description":"List of active API service accounts in the service project."},"project_id":{"expression":{"references":["var.service_project_id"]},"depends_on":["google_compute_subnetwork_iam_member.service_shared_vpc_subnet_users","google_project_iam_member.gke_host_agent","google_project_iam_member.service_shared_vpc_user"],"description":"Service project ID."}},"resources":[{"address":"google_compute_subnetwork_iam_member.cloudservices_shared_vpc_subnet_users","mode":"managed","type":"google_compute_subnetwork_iam_member","name":"cloudservices_shared_vpc_subnet_users","provider_config_key":"google-beta","expressions":{"member":{"references":["local.service_project_number"]},"project":{"references":["var.host_project_id"]},"region":{"references":["local.subnetwork_api","count.index","local.subnetwork_api","count.index"]},"role":{"constant_value":"roles/compute.networkUser"},"subnetwork":{"references":["local.subnetwork_api","count.index","local.subnetwork_api","count.index"]}},"schema_version":0,"count_expression":{"references":["local.gke_shared_vpc_enabled","var.enable_shared_vpc_service_project","var.grant_network_role","local.subnetwork_api"]}},{"address":"google_compute_subnetwork_iam_member.service_shared_vpc_subnet_users","mode":"managed","type":"google_compute_subnetwork_iam_member","name":"service_shared_vpc_subnet_users","provider_config_key":"google-beta","expressions":{"member":{"references":["local.apis","local.subnetwork_api","count.index"]},"project":{"references":["var.host_project_id"]},"region":{"references":["local.subnetwork_api","count.index","local.subnetwork_api","count.index"]},"role":{"references":["local.apis","local.subnetwork_api","count.index"]},"subnetwork":{"references":["local.subnetwork_api","count.index","local.subnetwork_api","count.index"]}},"schema_version":0,"count_expression":{"references":["var.grant_network_role","local.subnetwork_api"]}},{"address":"google_project_iam_member.cloudrun_network_viewer","mode":"managed","type":"google_project_iam_member","name":"cloudrun_network_viewer","provider_config_key":"google","expressions":{"member":{"references":["local.apis[\"run.googleapis.com\"].service_account","local.apis[\"run.googleapis.com\"]","local.apis"]},"project":{"references":["var.host_project_id"]},"role":{"constant_value":"roles/compute.networkViewer"}},"schema_version":0,"count_expression":{"references":["var.shared_vpc_subnets","local.cloudrun_shared_vpc_enabled","var.enable_shared_vpc_service_project","var.grant_network_role"]}},{"address":"google_project_iam_member.composer_host_agent","mode":"managed","type":"google_project_iam_member","name":"composer_host_agent","provider_config_key":"google","expressions":{"member":{"references":["local.apis[\"composer.googleapis.com\"].service_account","local.apis[\"composer.googleapis.com\"]","local.apis"]},"project":{"references":["var.host_project_id"]},"role":{"constant_value":"roles/composer.sharedVpcAgent"}},"schema_version":0,"count_expression":{"references":["local.composer_shared_vpc_enabled","var.enable_shared_vpc_service_project","var.grant_network_role"]}},{"address":"google_project_iam_member.datasfusion_network_viewer","mode":"managed","type":"google_project_iam_member","name":"datasfusion_network_viewer","provider_config_key":"google","expressions":{"member":{"references":["local.apis[\"datafusion.googleapis.com\"].service_account","local.apis[\"datafusion.googleapis.com\"]","local.apis"]},"project":{"references":["var.host_project_id"]},"role":{"constant_value":"roles/compute.networkViewer"}},"schema_version":0,"count_expression":{"references":["local.datafusion_shared_vpc_enabled","var.enable_shared_vpc_service_project","var.grant_network_role"]}},{"address":"google_project_iam_member.datastream_network_admin","mode":"managed","type":"google_project_iam_member","name":"datastream_network_admin","provider_config_key":"google","expressions":{"member":{"references":["local.apis[\"datastream.googleapis.com\"].service_account","local.apis[\"datastream.googleapis.com\"]","local.apis"]},"project":{"references":["var.host_project_id"]},"role":{"constant_value":"roles/compute.networkAdmin"}},"schema_version":0,"count_expression":{"references":["local.datastream_shared_vpc_enabled","var.enable_shared_vpc_service_project","var.grant_services_network_admin_role"]}},{"address":"google_project_iam_member.gke_host_agent","mode":"managed","type":"google_project_iam_member","name":"gke_host_agent","provider_config_key":"google","expressions":{"member":{"references":["local.apis[\"container.googleapis.com\"].service_account","local.apis[\"container.googleapis.com\"]","local.apis"]},"project":{"references":["var.host_project_id"]},"role":{"constant_value":"roles/container.hostServiceAgentUser"}},"schema_version":0,"count_expression":{"references":["local.gke_shared_vpc_enabled","var.enable_shared_vpc_service_project","var.grant_network_role"]}},{"address":"google_project_iam_member.gke_security_admin","mode":"managed","type":"google_project_iam_member","name":"gke_security_admin","provider_config_key":"google","expressions":{"member":{"references":["local.apis[\"container.googleapis.com\"].service_account","local.apis[\"container.googleapis.com\"]","local.apis"]},"project":{"references":["var.host_project_id"]},"role":{"constant_value":"roles/compute.securityAdmin"}},"schema_version":0,"count_expression":{"references":["local.gke_shared_vpc_enabled","var.enable_shared_vpc_service_project","var.grant_services_security_admin_role"]}},{"address":"google_project_iam_member.managed_kafka_service_agent","mode":"managed","type":"google_project_iam_member","name":"managed_kafka_service_agent","provider_config_key":"google","expressions":{"member":{"references":["local.service_project_number"]},"project":{"references":["var.host_project_id"]},"role":{"constant_value":"roles/managedkafka.serviceAgent"}},"schema_version":0,"count_expression":{"references":["local.managedkafka_shared_vpc_enabled","var.enable_shared_vpc_service_project","var.grant_network_role"]}},{"address":"google_project_iam_member.service_shared_vpc_user","mode":"managed","type":"google_project_iam_member","name":"service_shared_vpc_user","provider_config_key":"google","expressions":{"member":{"references":["local.apis","each.value"]},"project":{"references":["var.host_project_id"]},"role":{"references":["local.apis","each.value"]}},"schema_version":0,"for_each_expression":{"references":["var.shared_vpc_subnets","var.enable_shared_vpc_service_project","var.grant_network_role","local.active_apis"]}},{"address":"data.google_project.service_project","mode":"data","type":"google_project","name":"service_project","provider_config_key":"google","expressions":{"project_id":{"references":["var.service_project_id"]}},"schema_version":0,"count_expression":{"references":["var.lookup_project_numbers"]}}],"variables":{"active_apis":{"default":[],"description":"The list of active apis on the service project. If api is not active this module will not try to activate it"},"enable_shared_vpc_service_project":{"description":"Flag set if SVPC enabled"},"grant_network_role":{"default":true,"description":"Whether or not to grant service agents the network roles on the host project"},"grant_services_network_admin_role":{"default":false,"description":"Whether or not to grant Datastream Service acount the Network Admin role on the host project so it can manage firewall rules"},"grant_services_security_admin_role":{"default":false,"description":"Whether or not to grant Kubernetes Engine Service Agent the Security Admin role on the host project so it can manage firewall rules"},"host_project_id":{"description":"The ID of the host project which hosts the shared VPC"},"lookup_project_numbers":{"default":true,"description":"Whether to look up the project numbers from data sources. If false, `service_project_number` will be used instead."},"service_project_id":{"description":"The ID of the service project"},"service_project_number":{"default":null,"description":"Project number of the service project. Will be used if `lookup_service_project_number` is false."},"shared_vpc_subnets":{"default":[],"description":"List of subnets fully qualified subnet IDs (ie. projects/$project_id/regions/$region/subnetworks/$subnet_id)"}}},"depends_on":["module.project-factory.enabled_apis"]}},"variables":{"activate_api_identities":{"default":[],"description":"    The list of service identities (Google Managed service account for the API) to force-create for the project (e.g. in order to grant additional roles).\n    APIs in this list will automatically be appended to `activate_apis`.\n    Not including the API in this list will follow the default behaviour for identity creation (which is usually when the first resource using the API is created).\n    Any roles (e.g. service agent role) must be explicitly listed. See https://cloud.google.com/iam/docs/understanding-roles#service-agent-roles-roles for a list of related roles.\n"},"activate_apis":{"default":["compute.googleapis.com"],"description":"The list of apis to activate within the project"},"auto_create_network":{"default":false,"description":"Create the default network"},"billing_account":{"description":"The ID of the billing account to associate this project with"},"bucket_force_destroy":{"default":false,"description":"Force the deletion of all objects within the GCS bucket when deleting the bucket (optional)"},"bucket_labels":{"default":{},"description":" A map of key/value label pairs to assign to the bucket (optional)"},"bucket_location":{"default":"US","description":"The location for a GCS bucket to create (optional)"},"bucket_name":{"default":"","description":"A name for a GCS bucket to create (in the bucket_project project), useful for Terraform state (optional)"},"bucket_pap":{"default":"inherited","description":"Enable Public Access Prevention. Possible values are \"enforced\" or \"inherited\"."},"bucket_project":{"default":"","description":"A project to create a GCS bucket (bucket_name) in, useful for Terraform state (optional)"},"bucket_ula":{"default":true,"description":"Enable Uniform Bucket Level Access"},"bucket_versioning":{"default":false,"description":"Enable versioning for a GCS bucket to create (optional)"},"budget_alert_pubsub_topic":{"default":null,"description":"The name of the Cloud Pub/Sub topic where budget related messages will be published, in the form of `projects/{project_id}/topics/{topic_id}`"},"budget_alert_spend_basis":{"default":"CURRENT_SPEND","description":"The type of basis used to determine if spend has passed the threshold"},"budget_alert_spent_percents":{"default":[0.5,0.7,1],"description":"A list of percentages of the budget to alert on when threshold is exceeded"},"budget_amount":{"default":null,"description":"The amount to use for a budget alert"},"budget_calendar_period":{"default":null,"description":"Specifies the calendar period for the budget. Possible values are MONTH, QUARTER, YEAR, CALENDAR_PERIOD_UNSPECIFIED, CUSTOM. custom_period_start_date and custom_period_end_date must be set if CUSTOM"},"budget_custom_period_end_date":{"default":null,"description":"Specifies the end date (DD-MM-YYYY) for the calendar_period CUSTOM"},"budget_custom_period_start_date":{"default":null,"description":"Specifies the start date (DD-MM-YYYY) for the calendar_period CUSTOM"},"budget_display_name":{"default":null,"description":"The display name of the budget. If not set defaults to `Budget For \u003cprojects[0]|All Projects\u003e` "},"budget_labels":{"default":{},"description":"A single label and value pair specifying that usage from only this set of labeled resources should be included in the budget."},"budget_monitoring_notification_channels":{"default":[],"description":"A list of monitoring notification channels in the form `[projects/{project_id}/notificationChannels/{channel_id}]`. A maximum of 5 channels are allowed."},"cloud_armor_tier":{"default":null,"description":"Managed protection tier to be set. Possible values are: CA_STANDARD, CA_ENTERPRISE_PAYGO"},"consumer_quotas":{"default":[],"description":"The quotas configuration you want to override for the project."},"create_project_sa":{"default":true,"description":"Whether the default service account for the project shall be created"},"default_network_tier":{"default":"","description":"Default Network Service Tier for resources created in this project. If unset, the value will not be modified. See https://cloud.google.com/network-tiers/docs/using-network-service-tiers and https://cloud.google.com/network-tiers."},"default_service_account":{"default":"disable","description":"Project default service account setting: can be one of `delete`, `deprivilege`, `disable`, or `keep`."},"deletion_policy":{"default":"PREVENT","description":"The deletion policy for the project. Possible values are: DELETE, PREVENT"},"disable_dependent_services":{"default":true,"description":"Whether services that are enabled and which depend on this service should also be disabled when this service is destroyed."},"disable_services_on_destroy":{"default":true,"description":"Whether project services will be disabled when the resources are destroyed"},"domain":{"default":"","description":"The domain name (optional)."},"enable_shared_vpc_host_project":{"default":false,"description":"If this project is a shared VPC host project. If true, you must *not* set svpc_host_project_id variable. Default is false."},"essential_contacts":{"default":{},"description":"A mapping of users or groups to be assigned as Essential Contacts to the project, specifying a notification category"},"folder_id":{"default":"","description":"The ID of a folder to host this project"},"grant_network_role":{"default":true,"description":"Whether or not to grant networkUser role on the host project/subnets"},"grant_services_security_admin_role":{"default":false,"description":"Whether or not to grant Kubernetes Engine Service Agent the Security Admin role on the host project so it can manage firewall rules"},"group_name":{"default":"","description":"A group to control the project by being assigned group_role (defaults to project editor)"},"group_role":{"default":"roles/editor","description":"The role to give the controlling group (group_name) over the project (defaults to project editor)"},"labels":{"default":{},"description":"Map of labels for project"},"language_tag":{"default":"en-US","description":"Language code to be used for essential contacts notifications"},"lien":{"default":false,"description":"Add a lien on the project to prevent accidental deletion"},"name":{"description":"The name for the project"},"org_id":{"default":null,"description":"The organization ID."},"project_id":{"default":"","description":"The ID to give the project. If not provided, the `name` will be used."},"project_sa_description":{"default":null,"description":"Description to set for the project default service account."},"project_sa_name":{"default":"project-service-account","description":"Default service account name for the project."},"random_project_id":{"default":false,"description":"Adds a suffix of 4 random characters to the `project_id`."},"random_project_id_length":{"default":null,"description":"Sets the length of `random_project_id` to the provided length, and uses a `random_string` for a larger collusion domain.  Recommended for use with CI."},"sa_role":{"default":"","description":"A role to give the default Service Account for the project (defaults to none)"},"shared_vpc_subnets":{"default":[],"description":"List of subnets fully qualified subnet IDs (ie. projects/$project_id/regions/$region/subnetworks/$subnet_id)"},"svpc_host_project_id":{"default":"","description":"The ID of the host project which hosts the shared VPC"},"tag_binding_values":{"default":[],"description":"Tag values to bind the project to."},"usage_bucket_name":{"default":"","description":"Name of a GCS bucket to store GCE usage reports in (optional)"},"usage_bucket_prefix":{"default":"","description":"Prefix in the GCS bucket to store GCE usage reports in (optional)"},"vpc_service_control_attach_dry_run":{"default":false,"description":"Whether the project will be attached to a VPC Service Control Perimeter in Dry Run Mode. vpc_service_control_attach_enabled should be false for this to be true"},"vpc_service_control_attach_enabled":{"default":false,"description":"Whether the project will be attached to a VPC Service Control Perimeter in ENFORCED MODE. vpc_service_control_attach_dry_run should be false for this to be true"},"vpc_service_control_perimeter_name":{"default":null,"description":"The name of a VPC Service Control Perimeter to add the created project to"},"vpc_service_control_sleep_duration":{"default":"5s","description":"The duration to sleep in seconds before adding the project to a shared VPC after the project is added to the VPC Service Control Perimeter. VPC-SC is eventually consistent."}}},"version_constraint":"~\u003e 18.0","depends_on":["module.cs-org-policy-iam_allowedPolicyMemberDomains","module.cs-org-policy-iam_automaticIamGrantsForDefaultServiceAccounts","module.cs-org-policy-compute_skipDefaultNetworkCreation"]},"cs-project-vpc-host-nonprod":{"source":"terraform-google-modules/project-factory/google","expressions":{"billing_account":{"references":["var.billing_account"]},"enable_shared_vpc_host_project":{"constant_value":true},"folder_id":{"references":["local.folder_map[\"Common\"].id","local.folder_map[\"Common\"]","local.folder_map"]},"name":{"constant_value":"vpc-host-nonprod"},"org_id":{"references":["var.org_id"]},"project_id":{"constant_value":"vpc-host-nonprod-ng786-al606"}},"module":{"outputs":{"api_s_account":{"expression":{"references":["module.project-factory.api_s_account","module.project-factory"]},"description":"API service account email"},"api_s_account_fmt":{"expression":{"references":["module.project-factory.api_s_account_fmt","module.project-factory"]},"description":"API service account email formatted for terraform use"},"budget_name":{"expression":{"references":["module.budget.name","module.budget"]},"description":"The name of the budget if created"},"domain":{"expression":{"references":["module.gsuite_group.domain","module.gsuite_group"]},"description":"The organization's domain"},"enabled_api_identities":{"expression":{"references":["module.project-factory.enabled_api_identities","module.project-factory"]},"description":"Enabled API identities in the project"},"enabled_apis":{"expression":{"references":["module.project-factory.enabled_apis","module.project-factory"]},"description":"Enabled APIs in the project"},"group_email":{"expression":{"references":["module.gsuite_group.email","module.gsuite_group"]},"description":"The email of the G Suite group with group_name"},"project_bucket_self_link":{"expression":{"references":["module.project-factory.project_bucket_self_link","module.project-factory"]},"description":"Project's bucket selfLink"},"project_bucket_url":{"expression":{"references":["module.project-factory.project_bucket_url","module.project-factory"]},"description":"Project's bucket url"},"project_id":{"expression":{"references":["module.project-factory.project_id","module.project-factory"]},"description":"ID of the project"},"project_name":{"expression":{"references":["module.project-factory.project_name","module.project-factory"]},"description":"Name of the project"},"project_number":{"expression":{"references":["module.project-factory.project_number","module.project-factory"]},"description":"Numeric identifier for the project"},"service_account_display_name":{"expression":{"references":["module.project-factory.service_account_display_name","module.project-factory"]},"description":"The display name of the default service account"},"service_account_email":{"expression":{"references":["module.project-factory.service_account_email","module.project-factory"]},"description":"The email of the default service account"},"service_account_id":{"expression":{"references":["module.project-factory.service_account_id","module.project-factory"]},"description":"The id of the default service account"},"service_account_name":{"expression":{"references":["module.project-factory.service_account_name","module.project-factory"]},"description":"The fully-qualified name of the default service account"},"service_account_unique_id":{"expression":{"references":["module.project-factory.service_account_unique_id","module.project-factory"]},"description":"The unique id of the default service account"},"tag_bindings":{"expression":{"references":["module.project-factory.tag_bindings","module.project-factory"]},"description":"Tag bindings"},"usage_report_export_bucket":{"expression":{"references":["module.project-factory.usage_report_export_bucket","module.project-factory"]},"description":"GCE usage reports bucket"}},"module_calls":{"budget":{"source":"./modules/budget","expressions":{"alert_pubsub_topic":{"references":["var.budget_alert_pubsub_topic"]},"alert_spend_basis":{"references":["var.budget_alert_spend_basis"]},"alert_spent_percents":{"references":["var.budget_alert_spent_percents"]},"amount":{"references":["var.budget_amount"]},"billing_account":{"references":["var.billing_account"]},"calendar_period":{"references":["var.budget_calendar_period"]},"create_budget":{"references":["var.budget_amount"]},"custom_period_end_date":{"references":["var.budget_custom_period_end_date"]},"custom_period_start_date":{"references":["var.budget_custom_period_start_date"]},"display_name":{"references":["var.budget_display_name","var.budget_display_name"]},"labels":{"references":["var.budget_labels"]},"monitoring_notification_channels":{"references":["var.budget_monitoring_notification_channels"]},"projects":{"references":["module.project-factory.project_id","module.project-factory"]}},"module":{"outputs":{"name":{"expression":{"references":["google_billing_budget.budget","google_billing_budget.budget[0].name","google_billing_budget.budget[0]","google_billing_budget.budget"]},"description":"Resource name of the budget. Values are of the form `billingAccounts/{billingAccountId}/budgets/{budgetId}.`"}},"resources":[{"address":"google_billing_budget.budget","mode":"managed","type":"google_billing_budget","name":"budget","provider_config_key":"google","expressions":{"amount":[{"specified_amount":[{"units":{"references":["var.amount"]}}]}],"billing_account":{"references":["var.billing_account"]},"budget_filter":[{"calendar_period":{"references":["local.custom_period","var.calendar_period"]},"credit_types_treatment":{"references":["var.credit_types_treatment"]},"labels":{"references":["var.labels"]},"projects":{"references":["local.projects"]},"services":{"references":["local.services"]}}],"display_name":{"references":["local.display_name"]}},"schema_version":1,"count_expression":{"references":["var.create_budget"]}},{"address":"data.google_project.project","mode":"data","type":"google_project","name":"project","provider_config_key":"google","expressions":{"project_id":{"references":["var.projects","count.index"]}},"schema_version":0,"count_expression":{"references":["var.create_budget","var.projects"]},"depends_on":["var.projects"]}],"variables":{"alert_pubsub_topic":{"default":null,"description":"The name of the Cloud Pub/Sub topic where budget related messages will be published, in the form of `projects/{project_id}/topics/{topic_id}`"},"alert_spend_basis":{"default":"CURRENT_SPEND","description":"The type of basis used to determine if spend has passed the threshold"},"alert_spent_percents":{"default":[0.5,0.7,1],"description":"A list of percentages of the budget to alert on when threshold is exceeded"},"amount":{"description":"The amount to use as the budget"},"billing_account":{"description":"ID of the billing account to set a budget on"},"calendar_period":{"default":null,"description":"Specifies the calendar period for the budget. Possible values are MONTH, QUARTER, YEAR, CALENDAR_PERIOD_UNSPECIFIED, CUSTOM. custom_period_start_date and custom_period_end_date must be set if CUSTOM"},"create_budget":{"default":true,"description":"If the budget should be created"},"credit_types_treatment":{"default":"INCLUDE_ALL_CREDITS","description":"Specifies how credits should be treated when determining spend for threshold calculations"},"custom_period_end_date":{"default":null,"description":"Specifies the end date (DD-MM-YYYY) for the calendar_period CUSTOM"},"custom_period_start_date":{"default":null,"description":"Specifies the start date (DD-MM-YYYY) for the calendar_period CUSTOM"},"display_name":{"default":null,"description":"The display name of the budget. If not set defaults to `Budget For \u003cprojects[0]|All Projects\u003e` "},"labels":{"default":{},"description":"A single label and value pair specifying that usage from only this set of labeled resources should be included in the budget."},"monitoring_notification_channels":{"default":[],"description":"A list of monitoring notification channels in the form `[projects/{project_id}/notificationChannels/{channel_id}]`. A maximum of 5 channels are allowed."},"projects":{"description":"The project ids to include in this budget. If empty budget will include all projects"},"services":{"default":null,"description":"A list of services ids to be included in the budget. If omitted, all services will be included in the budget. Service ids can be found at https://cloud.google.com/skus/"}}}},"essential_contacts":{"source":"./modules/essential_contacts","expressions":{"essential_contacts":{"references":["var.essential_contacts"]},"language_tag":{"references":["var.language_tag"]},"project_id":{"references":["module.project-factory.project_id","module.project-factory"]}},"module":{"outputs":{"essential_contacts":{"expression":{"references":["google_essential_contacts_contact.contact"]},"description":"Essential Contact resources created"},"project_id":{"expression":{"references":["var.project_id"]},"description":"The GCP project you want to enable APIs on"}},"resources":[{"address":"google_essential_contacts_contact.contact","mode":"managed","type":"google_essential_contacts_contact","name":"contact","provider_config_key":"google","expressions":{"email":{"references":["each.key"]},"language_tag":{"references":["var.language_tag"]},"notification_category_subscriptions":{"references":["each.value"]},"parent":{"references":["var.project_id"]}},"schema_version":0,"for_each_expression":{"references":["var.essential_contacts"]}}],"variables":{"essential_contacts":{"default":{},"description":"A mapping of users or groups to be assigned as Essential Contacts to the project, specifying a notification category"},"language_tag":{"description":"Language code to be used for essential contacts notifiactions"},"project_id":{"description":"The GCP project you want to send Essential Contacts notifications for"}}}},"gsuite_group":{"source":"./modules/gsuite_group","expressions":{"domain":{"references":["var.domain"]},"name":{"references":["var.group_name"]},"org_id":{"references":["var.org_id"]}},"module":{"outputs":{"domain":{"expression":{"references":["local.domain"]},"description":"The domain of the group's organization."},"email":{"expression":{"references":["local.email"]},"description":"The email address of the group."},"name":{"expression":{"references":["var.name"]},"description":"The username portion of the email address of the group."}},"resources":[{"address":"data.google_organization.org","mode":"data","type":"google_organization","name":"org","provider_config_key":"google","expressions":{"organization":{"references":["var.org_id"]}},"schema_version":0,"count_expression":{"references":["var.domain","var.name"]}}],"variables":{"domain":{"default":"","description":"The domain name"},"name":{"default":"","description":"The name of the group."},"org_id":{"default":null,"description":"The organization ID."}}}},"project-factory":{"source":"./modules/core_project_factory","expressions":{"activate_api_identities":{"references":["var.activate_api_identities"]},"activate_apis":{"references":["var.activate_apis"]},"auto_create_network":{"references":["var.auto_create_network"]},"billing_account":{"references":["var.billing_account"]},"bucket_force_destroy":{"references":["var.bucket_force_destroy"]},"bucket_labels":{"references":["var.bucket_labels"]},"bucket_location":{"references":["var.bucket_location"]},"bucket_name":{"references":["var.bucket_name"]},"bucket_pap":{"references":["var.bucket_pap"]},"bucket_project":{"references":["var.bucket_project"]},"bucket_ula":{"references":["var.bucket_ula"]},"bucket_versioning":{"references":["var.bucket_versioning"]},"cloud_armor_tier":{"references":["var.cloud_armor_tier"]},"create_project_sa":{"references":["var.create_project_sa"]},"default_network_tier":{"references":["var.default_network_tier"]},"default_service_account":{"references":["var.default_service_account"]},"deletion_policy":{"references":["var.deletion_policy"]},"disable_dependent_services":{"references":["var.disable_dependent_services"]},"disable_services_on_destroy":{"references":["var.disable_services_on_destroy"]},"enable_shared_vpc_host_project":{"references":["var.enable_shared_vpc_host_project"]},"enable_shared_vpc_service_project":{"references":["var.svpc_host_project_id"]},"folder_id":{"references":["var.folder_id"]},"grant_network_role":{"references":["var.grant_network_role"]},"group_email":{"references":["module.gsuite_group.email","module.gsuite_group"]},"group_role":{"references":["var.group_role"]},"labels":{"references":["var.labels"]},"lien":{"references":["var.lien"]},"manage_group":{"references":["var.group_name"]},"name":{"references":["var.name"]},"org_id":{"references":["var.folder_id","var.org_id"]},"project_id":{"references":["var.project_id"]},"project_sa_description":{"references":["var.project_sa_description"]},"project_sa_name":{"references":["var.project_sa_name"]},"random_project_id":{"references":["var.random_project_id"]},"random_project_id_length":{"references":["var.random_project_id_length"]},"sa_role":{"references":["var.sa_role"]},"shared_vpc":{"references":["var.svpc_host_project_id"]},"shared_vpc_subnets":{"references":["var.shared_vpc_subnets"]},"tag_binding_values":{"references":["var.tag_binding_values"]},"usage_bucket_name":{"references":["var.usage_bucket_name"]},"usage_bucket_prefix":{"references":["var.usage_bucket_prefix"]},"vpc_service_control_attach_dry_run":{"references":["var.vpc_service_control_attach_dry_run"]},"vpc_service_control_attach_enabled":{"references":["var.vpc_service_control_attach_enabled"]},"vpc_service_control_perimeter_name":{"references":["var.vpc_service_control_perimeter_name"]},"vpc_service_control_sleep_duration":{"references":["var.vpc_service_control_sleep_duration"]}},"module":{"outputs":{"api_s_account":{"expression":{"references":["local.api_s_account"]},"description":"API service account email"},"api_s_account_fmt":{"expression":{"references":["local.api_s_account_fmt"]},"description":"API service account email formatted for terraform use"},"enabled_api_identities":{"expression":{"references":["module.project_services.enabled_api_identities","module.project_services"]},"description":"Enabled API identities in the project"},"enabled_apis":{"expression":{"references":["module.project_services.enabled_apis","module.project_services"]},"description":"Enabled APIs in the project"},"project_bucket_name":{"expression":{"references":["google_storage_bucket.project_bucket"]},"description":"The name of the projec's bucket"},"project_bucket_self_link":{"expression":{"references":["google_storage_bucket.project_bucket"]},"description":"Project's bucket selfLink"},"project_bucket_url":{"expression":{"references":["google_storage_bucket.project_bucket"]},"description":"Project's bucket url"},"project_id":{"expression":{"references":["module.project_services.project_id","module.project_services"]},"depends_on":["module.project_services","google_project.main","google_compute_shared_vpc_service_project.shared_vpc_attachment","google_compute_shared_vpc_host_project.shared_vpc_host"],"description":"ID of the project"},"project_name":{"expression":{"references":["google_project.main.name","google_project.main"]},"description":"Name of the project"},"project_number":{"expression":{"references":["google_project.main.number","google_project.main"]},"depends_on":["module.project_services"],"description":"Numeric identifier for the project"},"service_account_display_name":{"expression":{"references":["var.create_project_sa","google_service_account.default_service_account[0].display_name","google_service_account.default_service_account[0]","google_service_account.default_service_account"]},"description":"The display name of the default service account"},"service_account_email":{"expression":{"references":["var.create_project_sa","google_service_account.default_service_account[0].email","google_service_account.default_service_account[0]","google_service_account.default_service_account"]},"description":"The email of the default service account"},"service_account_id":{"expression":{"references":["var.create_project_sa","google_service_account.default_service_account[0].account_id","google_service_account.default_service_account[0]","google_service_account.default_service_account"]},"description":"The id of the default service account"},"service_account_name":{"expression":{"references":["var.create_project_sa","google_service_account.default_service_account[0].name","google_service_account.default_service_account[0]","google_service_account.default_service_account"]},"description":"The fully-qualified name of the default service account"},"service_account_unique_id":{"expression":{"references":["var.create_project_sa","google_service_account.default_service_account[0].unique_id","google_service_account.default_service_account[0]","google_service_account.default_service_account"]},"description":"The unique id of the default service account"},"tag_bindings":{"expression":{"references":["google_tags_tag_binding.bindings"]},"description":"Tag bindings"},"usage_report_export_bucket":{"expression":{"references":["google_project_usage_export_bucket.usage_report_export[0]","google_project_usage_export_bucket.usage_report_export"]},"description":"GCE usage reports bucket"}},"resources":[{"address":"google_access_context_manager_service_perimeter_dry_run_resource.service_perimeter_attachment_dry_run","mode":"managed","type":"google_access_context_manager_service_perimeter_dry_run_resource","name":"service_perimeter_attachment_dry_run","provider_config_key":"google","expressions":{"perimeter_name":{"references":["var.vpc_service_control_perimeter_name"]},"resource":{"references":["google_project.main.number","google_project.main"]}},"schema_version":0,"count_expression":{"references":["var.vpc_service_control_attach_dry_run","var.vpc_service_control_attach_enabled"]},"depends_on":["google_service_account.default_service_account"]},{"address":"google_access_context_manager_service_perimeter_resource.service_perimeter_attachment","mode":"managed","type":"google_access_context_manager_service_perimeter_resource","name":"service_perimeter_attachment","provider_config_key":"google","expressions":{"perimeter_name":{"references":["var.vpc_service_control_perimeter_name"]},"resource":{"references":["google_project.main.number","google_project.main"]}},"schema_version":0,"count_expression":{"references":["var.vpc_service_control_attach_enabled"]},"depends_on":["google_service_account.default_service_account"]},{"address":"google_compute_project_cloud_armor_tier.cloud_armor_tier_config","mode":"managed","type":"google_compute_project_cloud_armor_tier","name":"cloud_armor_tier_config","provider_config_key":"google","expressions":{"cloud_armor_tier":{"references":["var.cloud_armor_tier"]},"project":{"references":["var.project_id"]}},"schema_version":0,"count_expression":{"references":["var.cloud_armor_tier"]}},{"address":"google_compute_project_default_network_tier.default","mode":"managed","type":"google_compute_project_default_network_tier","name":"default","provider_config_key":"google","expressions":{"network_tier":{"references":["var.default_network_tier"]},"project":{"references":["google_project.main.number","google_project.main"]}},"schema_version":0,"count_expression":{"references":["var.default_network_tier"]}},{"address":"google_compute_shared_vpc_host_project.shared_vpc_host","mode":"managed","type":"google_compute_shared_vpc_host_project","name":"shared_vpc_host","provider_config_key":"google-beta","expressions":{"project":{"references":["google_project.main.project_id","google_project.main"]}},"schema_version":0,"count_expression":{"references":["var.enable_shared_vpc_host_project"]},"depends_on":["module.project_services"]},{"address":"google_compute_shared_vpc_service_project.shared_vpc_attachment","mode":"managed","type":"google_compute_shared_vpc_service_project","name":"shared_vpc_attachment","provider_config_key":"google-beta","expressions":{"host_project":{"references":["var.shared_vpc"]},"service_project":{"references":["google_project.main.project_id","google_project.main"]}},"schema_version":0,"count_expression":{"references":["var.enable_shared_vpc_service_project"]},"depends_on":["time_sleep.wait_5_seconds[0]","module.project_services"]},{"address":"google_compute_subnetwork_iam_member.apis_service_account_role_to_vpc_subnets","mode":"managed","type":"google_compute_subnetwork_iam_member","name":"apis_service_account_role_to_vpc_subnets","provider_config_key":"google-beta","expressions":{"member":{"references":["local.api_s_account_fmt"]},"project":{"references":["var.shared_vpc"]},"region":{"references":["var.shared_vpc_subnets","count.index","var.shared_vpc_subnets","count.index"]},"role":{"constant_value":"roles/compute.networkUser"},"subnetwork":{"references":["var.shared_vpc_subnets","count.index","var.shared_vpc_subnets","count.index"]}},"schema_version":0,"count_expression":{"references":["var.grant_network_role","var.enable_shared_vpc_service_project","var.shared_vpc_subnets","var.shared_vpc_subnets"]},"depends_on":["module.project_services"]},{"address":"google_compute_subnetwork_iam_member.group_role_to_vpc_subnets","mode":"managed","type":"google_compute_subnetwork_iam_member","name":"group_role_to_vpc_subnets","provider_config_key":"google-beta","expressions":{"member":{"references":["local.group_id"]},"project":{"references":["var.shared_vpc"]},"region":{"references":["var.shared_vpc_subnets","count.index","var.shared_vpc_subnets","count.index"]},"role":{"constant_value":"roles/compute.networkUser"},"subnetwork":{"references":["var.shared_vpc_subnets","count.index","var.shared_vpc_subnets","count.index"]}},"schema_version":0,"count_expression":{"references":["var.grant_network_role","var.enable_shared_vpc_service_project","var.shared_vpc_subnets","var.manage_group","var.shared_vpc_subnets"]}},{"address":"google_compute_subnetwork_iam_member.service_account_role_to_vpc_subnets","mode":"managed","type":"google_compute_subnetwork_iam_member","name":"service_account_role_to_vpc_subnets","provider_config_key":"google-beta","expressions":{"member":{"references":["local.s_account_fmt"]},"project":{"references":["var.shared_vpc"]},"region":{"references":["var.shared_vpc_subnets","count.index","var.shared_vpc_subnets","count.index"]},"role":{"constant_value":"roles/compute.networkUser"},"subnetwork":{"references":["var.shared_vpc_subnets","count.index","var.shared_vpc_subnets","count.index"]}},"schema_version":0,"count_expression":{"references":["var.grant_network_role","var.enable_shared_vpc_service_project","var.shared_vpc_subnets","var.create_project_sa","var.shared_vpc_subnets"]}},{"address":"google_project.main","mode":"managed","type":"google_project","name":"main","provider_config_key":"google","expressions":{"auto_create_network":{"references":["var.auto_create_network"]},"billing_account":{"references":["var.billing_account"]},"deletion_policy":{"references":["var.deletion_policy"]},"folder_id":{"references":["local.project_folder_id"]},"labels":{"references":["var.labels"]},"name":{"references":["var.name"]},"org_id":{"references":["local.project_org_id"]},"project_id":{"references":["local.temp_project_id"]}},"schema_version":1},{"address":"google_project_default_service_accounts.default_service_accounts","mode":"managed","type":"google_project_default_service_accounts","name":"default_service_accounts","provider_config_key":"google","expressions":{"action":{"references":["var.default_service_account"]},"project":{"references":["google_project.main.project_id","google_project.main"]},"restore_policy":{"constant_value":"REVERT_AND_IGNORE_FAILURE"}},"schema_version":0,"count_expression":{"references":["var.default_service_account"]},"depends_on":["module.project_services"]},{"address":"google_project_iam_member.controlling_group_vpc_membership","mode":"managed","type":"google_project_iam_member","name":"controlling_group_vpc_membership","provider_config_key":"google","expressions":{"member":{"references":["local.shared_vpc_users","count.index"]},"project":{"references":["var.shared_vpc"]},"role":{"constant_value":"roles/compute.networkUser"}},"schema_version":0,"count_expression":{"references":["var.grant_network_role","var.enable_shared_vpc_service_project","var.shared_vpc_subnets","local.shared_vpc_users_length"]},"depends_on":["module.project_services"]},{"address":"google_project_iam_member.default_service_account_membership","mode":"managed","type":"google_project_iam_member","name":"default_service_account_membership","provider_config_key":"google","expressions":{"member":{"references":["local.s_account_fmt"]},"project":{"references":["google_project.main.project_id","google_project.main"]},"role":{"references":["var.sa_role"]}},"schema_version":0,"count_expression":{"references":["var.sa_role","var.create_project_sa"]}},{"address":"google_project_iam_member.gsuite_group_role","mode":"managed","type":"google_project_iam_member","name":"gsuite_group_role","provider_config_key":"google","expressions":{"member":{"references":["local.group_id"]},"project":{"references":["google_project.main.project_id","google_project.main"]},"role":{"references":["var.group_role"]}},"schema_version":0,"count_expression":{"references":["var.manage_group"]}},{"address":"google_project_service.enable_access_context_manager","mode":"managed","type":"google_project_service","name":"enable_access_context_manager","provider_config_key":"google","expressions":{"project":{"references":["google_project.main.number","google_project.main"]},"service":{"constant_value":"accesscontextmanager.googleapis.com"}},"schema_version":0,"count_expression":{"references":["var.vpc_service_control_attach_enabled","var.vpc_service_control_attach_dry_run"]}},{"address":"google_project_usage_export_bucket.usage_report_export","mode":"managed","type":"google_project_usage_export_bucket","name":"usage_report_export","provider_config_key":"google","expressions":{"bucket_name":{"references":["var.usage_bucket_name"]},"prefix":{"references":["var.usage_bucket_prefix","var.usage_bucket_prefix","google_project.main.project_id","google_project.main"]},"project":{"references":["google_project.main.project_id","google_project.main"]}},"schema_version":0,"count_expression":{"references":["var.usage_bucket_name"]},"depends_on":["module.project_services"]},{"address":"google_resource_manager_lien.lien","mode":"managed","type":"google_resource_manager_lien","name":"lien","provider_config_key":"google","expressions":{"origin":{"constant_value":"project-factory"},"parent":{"references":["google_project.main.number","google_project.main"]},"reason":{"constant_value":"Project Factory lien"},"restrictions":{"constant_value":["resourcemanager.projects.delete"]}},"schema_version":0,"count_expression":{"references":["var.lien"]}},{"address":"google_service_account.default_service_account","mode":"managed","type":"google_service_account","name":"default_service_account","provider_config_key":"google","expressions":{"account_id":{"references":["var.project_sa_name"]},"create_ignore_already_exists":{"constant_value":true},"description":{"references":["var.project_sa_description"]},"display_name":{"references":["var.name"]},"project":{"references":["google_project.main.project_id","google_project.main"]}},"schema_version":0,"count_expression":{"references":["var.create_project_sa"]}},{"address":"google_service_account_iam_member.service_account_grant_to_group","mode":"managed","type":"google_service_account_iam_member","name":"service_account_grant_to_group","provider_config_key":"google","expressions":{"member":{"references":["local.group_id"]},"role":{"constant_value":"roles/iam.serviceAccountUser"},"service_account_id":{"references":["google_project.main.project_id","google_project.main","google_service_account.default_service_account[0].email","google_service_account.default_service_account[0]","google_service_account.default_service_account"]}},"schema_version":0,"count_expression":{"references":["var.manage_group","var.create_project_sa"]}},{"address":"google_storage_bucket.project_bucket","mode":"managed","type":"google_storage_bucket","name":"project_bucket","provider_config_key":"google-beta","expressions":{"force_destroy":{"references":["var.bucket_force_destroy"]},"labels":{"references":["var.bucket_labels"]},"location":{"references":["var.bucket_location"]},"name":{"references":["local.project_bucket_name"]},"project":{"references":["var.bucket_project","local.base_project_id","google_project.main.project_id","google_project.main","var.bucket_project"]},"public_access_prevention":{"references":["var.bucket_pap"]},"uniform_bucket_level_access":{"references":["var.bucket_ula"]},"versioning":[{"enabled":{"references":["var.bucket_versioning"]}}]},"schema_version":3,"count_expression":{"references":["local.create_bucket"]}},{"address":"google_storage_bucket_iam_member.api_s_account_storage_admin_on_project_bucket","mode":"managed","type":"google_storage_bucket_iam_member","name":"api_s_account_storage_admin_on_project_bucket","provider_config_key":"google","expressions":{"bucket":{"references":["google_storage_bucket.project_bucket[0].name","google_storage_bucket.project_bucket[0]","google_storage_bucket.project_bucket"]},"member":{"references":["local.api_s_account_fmt"]},"role":{"constant_value":"roles/storage.admin"}},"schema_version":0,"count_expression":{"references":["local.create_bucket"]},"depends_on":["module.project_services"]},{"address":"google_storage_bucket_iam_member.group_storage_admin_on_project_bucket","mode":"managed","type":"google_storage_bucket_iam_member","name":"group_storage_admin_on_project_bucket","provider_config_key":"google","expressions":{"bucket":{"references":["google_storage_bucket.project_bucket[0].name","google_storage_bucket.project_bucket[0]","google_storage_bucket.project_bucket"]},"member":{"references":["local.group_id"]},"role":{"constant_value":"roles/storage.admin"}},"schema_version":0,"count_expression":{"references":["local.create_bucket","var.manage_group"]}},{"address":"google_storage_bucket_iam_member.s_account_storage_admin_on_project_bucket","mode":"managed","type":"google_storage_bucket_iam_member","name":"s_account_storage_admin_on_project_bucket","provider_config_key":"google","expressions":{"bucket":{"references":["google_storage_bucket.project_bucket[0].name","google_storage_bucket.project_bucket[0]","google_storage_bucket.project_bucket"]},"member":{"references":["local.s_account_fmt"]},"role":{"constant_value":"roles/storage.admin"}},"schema_version":0,"count_expression":{"references":["local.create_bucket","var.create_project_sa"]}},{"address":"google_tags_tag_binding.bindings","mode":"managed","type":"google_tags_tag_binding","name":"bindings","provider_config_key":"google","expressions":{"parent":{"references":["google_project.main.number","google_project.main"]},"tag_value":{"references":["each.value"]}},"schema_version":0,"for_each_expression":{"references":["var.tag_binding_values"]}},{"address":"random_id.random_project_id_suffix","mode":"managed","type":"random_id","name":"random_project_id_suffix","provider_config_key":"module.cs-project-vpc-host-nonprod.module.project-factory:random","expressions":{"byte_length":{"constant_value":2}},"schema_version":0},{"address":"random_string.random_project_id_suffix","mode":"managed","type":"random_string","name":"random_project_id_suffix","provider_config_key":"module.cs-project-vpc-host-nonprod.module.project-factory:random","expressions":{"length":{"references":["var.random_project_id_length"]},"special":{"constant_value":false},"upper":{"constant_value":false}},"schema_version":2,"count_expression":{"references":["local.use_random_string"]}},{"address":"time_sleep.wait_5_seconds","mode":"managed","type":"time_sleep","name":"wait_5_seconds","provider_config_key":"module.cs-project-vpc-host-nonprod.module.project-factory:time","expressions":{"create_duration":{"references":["var.vpc_service_control_sleep_duration"]}},"schema_version":0,"count_expression":{"references":["var.vpc_service_control_attach_enabled","var.vpc_service_control_attach_dry_run"]},"depends_on":["google_access_context_manager_service_perimeter_resource.service_perimeter_attachment[0]","google_project_service.enable_access_context_manager[0]"]}],"module_calls":{"project_services":{"source":"../project_services","expressions":{"activate_api_identities":{"references":["var.activate_api_identities"]},"activate_apis":{"references":["local.activate_apis"]},"disable_dependent_services":{"references":["var.disable_dependent_services"]},"disable_services_on_destroy":{"references":["var.disable_services_on_destroy"]},"project_id":{"references":["google_project.main.project_id","google_project.main"]}},"module":{"outputs":{"enabled_api_identities":{"expression":{"references":["google_project_service_identity.project_service_identities"]},"description":"Enabled API identities in the project"},"enabled_apis":{"expression":{"references":["google_project_service.project_services"]},"description":"Enabled APIs in the project"},"project_id":{"expression":{"references":["google_project_service.project_services","var.project_id"]},"description":"The GCP project you want to enable APIs on"}},"resources":[{"address":"google_project_iam_member.project_service_identity_roles","mode":"managed","type":"google_project_iam_member","name":"project_service_identity_roles","provider_config_key":"google","expressions":{"member":{"references":["each.value.email","each.value"]},"project":{"references":["var.project_id"]},"role":{"references":["each.value.role","each.value"]}},"schema_version":0,"for_each_expression":{"references":["local.add_service_roles"]}},{"address":"google_project_service.project_services","mode":"managed","type":"google_project_service","name":"project_services","provider_config_key":"google","expressions":{"disable_dependent_services":{"references":["var.disable_dependent_services"]},"disable_on_destroy":{"references":["var.disable_services_on_destroy"]},"project":{"references":["var.project_id"]},"service":{"references":["each.value"]}},"schema_version":0,"for_each_expression":{"references":["local.services"]}},{"address":"google_project_service_identity.project_service_identities","mode":"managed","type":"google_project_service_identity","name":"project_service_identities","provider_config_key":"google-beta","expressions":{"project":{"references":["var.project_id"]},"service":{"references":["each.value.api","each.value"]}},"schema_version":0,"for_each_expression":{"references":["var.activate_api_identities"]}},{"address":"data.google_compute_default_service_account.default","mode":"data","type":"google_compute_default_service_account","name":"default","provider_config_key":"google","expressions":{"project":{"references":["var.project_id"]}},"schema_version":0,"count_expression":{"references":["local.activate_compute_identity"]}}],"variables":{"activate_api_identities":{"default":[],"description":"    The list of service identities (Google Managed service account for the API) to force-create for the project (e.g. in order to grant additional roles).\n    APIs in this list will automatically be appended to `activate_apis`.\n    Not including the API in this list will follow the default behaviour for identity creation (which is usually when the first resource using the API is created).\n    Any roles (e.g. service agent role) must be explicitly listed. See https://cloud.google.com/iam/docs/understanding-roles#service-agent-roles-roles for a list of related roles.\n"},"activate_apis":{"default":[],"description":"The list of apis to activate within the project"},"disable_dependent_services":{"default":true,"description":"Whether services that are enabled and which depend on this service should also be disabled when this service is destroyed. https://www.terraform.io/docs/providers/google/r/google_project_service.html#disable_dependent_services"},"disable_services_on_destroy":{"default":true,"description":"Whether project services will be disabled when the resources are destroyed. https://www.terraform.io/docs/providers/google/r/google_project_service.html#disable_on_destroy"},"enable_apis":{"default":true,"description":"Whether to actually enable the APIs. If false, this module is a no-op."},"project_id":{"description":"The GCP project you want to enable APIs on"}}}}},"variables":{"activate_api_identities":{"default":[],"description":"    The list of service identities (Google Managed service account for the API) to force-create for the project (e.g. in order to grant additional roles).\n    APIs in this list will automatically be appended to `activate_apis`. Use for services supported by `gcloud beta services identity create`\n    Not including the API in this list will follow the default behaviour for identity creation (which is usually when the first resource using the API is created).\n    Any roles (e.g. service agent role) must be explicitly listed. See https://cloud.google.com/iam/docs/understanding-roles#service-agent-roles-roles for a list of related roles.\n"},"activate_apis":{"default":["compute.googleapis.com"],"description":"The list of apis to activate within the project"},"auto_create_network":{"default":false,"description":"Create the default network"},"billing_account":{"description":"The ID of the billing account to associate this project with"},"bucket_force_destroy":{"default":false,"description":"Force the deletion of all objects within the GCS bucket when deleting the bucket (optional)"},"bucket_labels":{"default":{},"description":" A map of key/value label pairs to assign to the bucket (optional)"},"bucket_location":{"default":"US","description":"The location for a GCS bucket to create (optional)"},"bucket_name":{"default":"","description":"A name for a GCS bucket to create (in the bucket_project project), useful for Terraform state (optional)"},"bucket_pap":{"default":"inherited","description":"Enable Public Access Prevention. Possible values are \"enforced\" or \"inherited\"."},"bucket_project":{"default":"","description":"A project to create a GCS bucket (bucket_name) in, useful for Terraform state (optional)"},"bucket_ula":{"default":true,"description":"Enable Uniform Bucket Level Access"},"bucket_versioning":{"default":false,"description":"Enable versioning for a GCS bucket to create (optional)"},"cloud_armor_tier":{"default":null,"description":"Managed protection tier to be set. Possible values are: CA_STANDARD, CA_ENTERPRISE_PAYGO"},"create_project_sa":{"default":true,"description":"Whether the default service account for the project shall be created"},"default_network_tier":{"default":"","description":"Default Network Service Tier for resources created in this project. If unset, the value will not be modified. See https://cloud.google.com/network-tiers/docs/using-network-service-tiers and https://cloud.google.com/network-tiers."},"default_service_account":{"default":"disable","description":"Project default service account setting: can be one of `delete`, `deprivilege`, `disable`, or `keep`."},"deletion_policy":{"default":"PREVENT","description":"The deletion policy for the project."},"disable_dependent_services":{"default":true,"description":"Whether services that are enabled and which depend on this service should also be disabled when this service is destroyed."},"disable_services_on_destroy":{"default":true,"description":"Whether project services will be disabled when the resources are destroyed"},"enable_shared_vpc_host_project":{"default":false,"description":"If this project is a shared VPC host project. If true, you must *not* set shared_vpc variable. Default is false."},"enable_shared_vpc_service_project":{"description":"If this project should be attached to a shared VPC. If true, you must set shared_vpc variable."},"folder_id":{"default":"","description":"The ID of a folder to host this project"},"grant_network_role":{"default":true,"description":"Whether or not to grant networkUser role on the host project/subnets"},"group_email":{"default":"","description":"The email address of a group to control the project by being assigned group_role."},"group_role":{"default":"","description":"The role to give the controlling group (group_name) over the project."},"labels":{"default":{},"description":"Map of labels for project"},"lien":{"default":false,"description":"Add a lien on the project to prevent accidental deletion"},"manage_group":{"default":false,"description":"A toggle to indicate if a G Suite group should be managed."},"name":{"description":"The name for the project"},"org_id":{"default":null,"description":"The organization ID."},"project_id":{"default":"","description":"The ID to give the project. If not provided, the `name` will be used."},"project_sa_description":{"default":null,"description":"Description to set for the project default service account."},"project_sa_name":{"default":"project-service-account","description":"Default service account name for the project."},"random_project_id":{"default":false,"description":"Adds a suffix of 4 random characters to the `project_id`."},"random_project_id_length":{"default":null,"description":"Sets the length of `random_project_id` to the provided length, and uses a `random_string` for a larger collusion domain.  Recommended for use with CI."},"sa_role":{"default":"","description":"A role to give the default Service Account for the project (defaults to none)"},"shared_vpc":{"default":"","description":"The ID of the host project which hosts the shared VPC"},"shared_vpc_subnets":{"default":[],"description":"List of subnets fully qualified subnet IDs (ie. projects/$project_id/regions/$region/subnetworks/$subnet_id)"},"tag_binding_values":{"default":[],"description":"Tag values to bind the project to."},"usage_bucket_name":{"default":"","description":"Name of a GCS bucket to store GCE usage reports in (optional)"},"usage_bucket_prefix":{"default":"","description":"Prefix in the GCS bucket to store GCE usage reports in (optional)"},"vpc_service_control_attach_dry_run":{"default":false,"description":"Whether the project will be attached to a VPC Service Control Perimeter in Dry Run Mode. vpc_service_control_attach_enabled should be false for this to be true"},"vpc_service_control_attach_enabled":{"default":false,"description":"Whether the project will be attached to a VPC Service Control Perimeter in ENFORCED MODE. vpc_service_control_attach_dry_run should be false for this to be true"},"vpc_service_control_perimeter_name":{"default":null,"description":"The name of a VPC Service Control Perimeter to add the created project to"},"vpc_service_control_sleep_duration":{"default":"5s","description":"The duration to sleep in seconds before adding the project to a shared VPC after the project is added to the VPC Service Control Perimeter. VPC-SC is eventually consistent."}}}},"quotas":{"source":"./modules/quota_manager","expressions":{"consumer_quotas":{"references":["var.consumer_quotas"]},"project_id":{"references":["module.project-factory.project_id","module.project-factory"]}},"module":{"outputs":{"quota_overrides":{"expression":{"references":["google_service_usage_consumer_quota_override.override"]},"description":"The server-generated names of the quota override."}},"resources":[{"address":"google_service_usage_consumer_quota_override.override","mode":"managed","type":"google_service_usage_consumer_quota_override","name":"override","provider_config_key":"google-beta","expressions":{"dimensions":{"references":["each.value.dimensions","each.value"]},"force":{"constant_value":true},"limit":{"references":["each.value.limit","each.value"]},"metric":{"references":["each.value.metric","each.value"]},"override_value":{"references":["each.value.value","each.value"]},"project":{"references":["var.project_id"]},"service":{"references":["each.value.service","each.value"]}},"schema_version":0,"for_each_expression":{"references":["local.consumer_quotas"]}}],"variables":{"consumer_quotas":{"description":"The quotas configuration you want to override for the project."},"project_id":{"description":"The GCP project where you want to manage the consumer quotas"}}}},"shared_vpc_access":{"source":"./modules/shared_vpc_access","expressions":{"active_apis":{"references":["var.activate_apis","var.activate_api_identities"]},"enable_shared_vpc_service_project":{"references":["var.svpc_host_project_id"]},"grant_network_role":{"references":["var.grant_network_role"]},"grant_services_security_admin_role":{"references":["var.grant_services_security_admin_role"]},"host_project_id":{"references":["var.svpc_host_project_id"]},"lookup_project_numbers":{"constant_value":false},"service_project_id":{"references":["module.project-factory.project_id","module.project-factory"]},"service_project_number":{"references":["module.project-factory.project_number","module.project-factory"]},"shared_vpc_subnets":{"references":["var.shared_vpc_subnets"]}},"module":{"outputs":{"active_api_service_accounts":{"expression":{"references":["local.active_apis"]},"description":"List of active API service accounts in the service project."},"project_id":{"expression":{"references":["var.service_project_id"]},"depends_on":["google_compute_subnetwork_iam_member.service_shared_vpc_subnet_users","google_project_iam_member.gke_host_agent","google_project_iam_member.service_shared_vpc_user"],"description":"Service project ID."}},"resources":[{"address":"google_compute_subnetwork_iam_member.cloudservices_shared_vpc_subnet_users","mode":"managed","type":"google_compute_subnetwork_iam_member","name":"cloudservices_shared_vpc_subnet_users","provider_config_key":"google-beta","expressions":{"member":{"references":["local.service_project_number"]},"project":{"references":["var.host_project_id"]},"region":{"references":["local.subnetwork_api","count.index","local.subnetwork_api","count.index"]},"role":{"constant_value":"roles/compute.networkUser"},"subnetwork":{"references":["local.subnetwork_api","count.index","local.subnetwork_api","count.index"]}},"schema_version":0,"count_expression":{"references":["local.gke_shared_vpc_enabled","var.enable_shared_vpc_service_project","var.grant_network_role","local.subnetwork_api"]}},{"address":"google_compute_subnetwork_iam_member.service_shared_vpc_subnet_users","mode":"managed","type":"google_compute_subnetwork_iam_member","name":"service_shared_vpc_subnet_users","provider_config_key":"google-beta","expressions":{"member":{"references":["local.apis","local.subnetwork_api","count.index"]},"project":{"references":["var.host_project_id"]},"region":{"references":["local.subnetwork_api","count.index","local.subnetwork_api","count.index"]},"role":{"references":["local.apis","local.subnetwork_api","count.index"]},"subnetwork":{"references":["local.subnetwork_api","count.index","local.subnetwork_api","count.index"]}},"schema_version":0,"count_expression":{"references":["var.grant_network_role","local.subnetwork_api"]}},{"address":"google_project_iam_member.cloudrun_network_viewer","mode":"managed","type":"google_project_iam_member","name":"cloudrun_network_viewer","provider_config_key":"google","expressions":{"member":{"references":["local.apis[\"run.googleapis.com\"].service_account","local.apis[\"run.googleapis.com\"]","local.apis"]},"project":{"references":["var.host_project_id"]},"role":{"constant_value":"roles/compute.networkViewer"}},"schema_version":0,"count_expression":{"references":["var.shared_vpc_subnets","local.cloudrun_shared_vpc_enabled","var.enable_shared_vpc_service_project","var.grant_network_role"]}},{"address":"google_project_iam_member.composer_host_agent","mode":"managed","type":"google_project_iam_member","name":"composer_host_agent","provider_config_key":"google","expressions":{"member":{"references":["local.apis[\"composer.googleapis.com\"].service_account","local.apis[\"composer.googleapis.com\"]","local.apis"]},"project":{"references":["var.host_project_id"]},"role":{"constant_value":"roles/composer.sharedVpcAgent"}},"schema_version":0,"count_expression":{"references":["local.composer_shared_vpc_enabled","var.enable_shared_vpc_service_project","var.grant_network_role"]}},{"address":"google_project_iam_member.datasfusion_network_viewer","mode":"managed","type":"google_project_iam_member","name":"datasfusion_network_viewer","provider_config_key":"google","expressions":{"member":{"references":["local.apis[\"datafusion.googleapis.com\"].service_account","local.apis[\"datafusion.googleapis.com\"]","local.apis"]},"project":{"references":["var.host_project_id"]},"role":{"constant_value":"roles/compute.networkViewer"}},"schema_version":0,"count_expression":{"references":["local.datafusion_shared_vpc_enabled","var.enable_shared_vpc_service_project","var.grant_network_role"]}},{"address":"google_project_iam_member.datastream_network_admin","mode":"managed","type":"google_project_iam_member","name":"datastream_network_admin","provider_config_key":"google","expressions":{"member":{"references":["local.apis[\"datastream.googleapis.com\"].service_account","local.apis[\"datastream.googleapis.com\"]","local.apis"]},"project":{"references":["var.host_project_id"]},"role":{"constant_value":"roles/compute.networkAdmin"}},"schema_version":0,"count_expression":{"references":["local.datastream_shared_vpc_enabled","var.enable_shared_vpc_service_project","var.grant_services_network_admin_role"]}},{"address":"google_project_iam_member.gke_host_agent","mode":"managed","type":"google_project_iam_member","name":"gke_host_agent","provider_config_key":"google","expressions":{"member":{"references":["local.apis[\"container.googleapis.com\"].service_account","local.apis[\"container.googleapis.com\"]","local.apis"]},"project":{"references":["var.host_project_id"]},"role":{"constant_value":"roles/container.hostServiceAgentUser"}},"schema_version":0,"count_expression":{"references":["local.gke_shared_vpc_enabled","var.enable_shared_vpc_service_project","var.grant_network_role"]}},{"address":"google_project_iam_member.gke_security_admin","mode":"managed","type":"google_project_iam_member","name":"gke_security_admin","provider_config_key":"google","expressions":{"member":{"references":["local.apis[\"container.googleapis.com\"].service_account","local.apis[\"container.googleapis.com\"]","local.apis"]},"project":{"references":["var.host_project_id"]},"role":{"constant_value":"roles/compute.securityAdmin"}},"schema_version":0,"count_expression":{"references":["local.gke_shared_vpc_enabled","var.enable_shared_vpc_service_project","var.grant_services_security_admin_role"]}},{"address":"google_project_iam_member.managed_kafka_service_agent","mode":"managed","type":"google_project_iam_member","name":"managed_kafka_service_agent","provider_config_key":"google","expressions":{"member":{"references":["local.service_project_number"]},"project":{"references":["var.host_project_id"]},"role":{"constant_value":"roles/managedkafka.serviceAgent"}},"schema_version":0,"count_expression":{"references":["local.managedkafka_shared_vpc_enabled","var.enable_shared_vpc_service_project","var.grant_network_role"]}},{"address":"google_project_iam_member.service_shared_vpc_user","mode":"managed","type":"google_project_iam_member","name":"service_shared_vpc_user","provider_config_key":"google","expressions":{"member":{"references":["local.apis","each.value"]},"project":{"references":["var.host_project_id"]},"role":{"references":["local.apis","each.value"]}},"schema_version":0,"for_each_expression":{"references":["var.shared_vpc_subnets","var.enable_shared_vpc_service_project","var.grant_network_role","local.active_apis"]}},{"address":"data.google_project.service_project","mode":"data","type":"google_project","name":"service_project","provider_config_key":"google","expressions":{"project_id":{"references":["var.service_project_id"]}},"schema_version":0,"count_expression":{"references":["var.lookup_project_numbers"]}}],"variables":{"active_apis":{"default":[],"description":"The list of active apis on the service project. If api is not active this module will not try to activate it"},"enable_shared_vpc_service_project":{"description":"Flag set if SVPC enabled"},"grant_network_role":{"default":true,"description":"Whether or not to grant service agents the network roles on the host project"},"grant_services_network_admin_role":{"default":false,"description":"Whether or not to grant Datastream Service acount the Network Admin role on the host project so it can manage firewall rules"},"grant_services_security_admin_role":{"default":false,"description":"Whether or not to grant Kubernetes Engine Service Agent the Security Admin role on the host project so it can manage firewall rules"},"host_project_id":{"description":"The ID of the host project which hosts the shared VPC"},"lookup_project_numbers":{"default":true,"description":"Whether to look up the project numbers from data sources. If false, `service_project_number` will be used instead."},"service_project_id":{"description":"The ID of the service project"},"service_project_number":{"default":null,"description":"Project number of the service project. Will be used if `lookup_service_project_number` is false."},"shared_vpc_subnets":{"default":[],"description":"List of subnets fully qualified subnet IDs (ie. projects/$project_id/regions/$region/subnetworks/$subnet_id)"}}},"depends_on":["module.project-factory.enabled_apis"]}},"variables":{"activate_api_identities":{"default":[],"description":"    The list of service identities (Google Managed service account for the API) to force-create for the project (e.g. in order to grant additional roles).\n    APIs in this list will automatically be appended to `activate_apis`.\n    Not including the API in this list will follow the default behaviour for identity creation (which is usually when the first resource using the API is created).\n    Any roles (e.g. service agent role) must be explicitly listed. See https://cloud.google.com/iam/docs/understanding-roles#service-agent-roles-roles for a list of related roles.\n"},"activate_apis":{"default":["compute.googleapis.com"],"description":"The list of apis to activate within the project"},"auto_create_network":{"default":false,"description":"Create the default network"},"billing_account":{"description":"The ID of the billing account to associate this project with"},"bucket_force_destroy":{"default":false,"description":"Force the deletion of all objects within the GCS bucket when deleting the bucket (optional)"},"bucket_labels":{"default":{},"description":" A map of key/value label pairs to assign to the bucket (optional)"},"bucket_location":{"default":"US","description":"The location for a GCS bucket to create (optional)"},"bucket_name":{"default":"","description":"A name for a GCS bucket to create (in the bucket_project project), useful for Terraform state (optional)"},"bucket_pap":{"default":"inherited","description":"Enable Public Access Prevention. Possible values are \"enforced\" or \"inherited\"."},"bucket_project":{"default":"","description":"A project to create a GCS bucket (bucket_name) in, useful for Terraform state (optional)"},"bucket_ula":{"default":true,"description":"Enable Uniform Bucket Level Access"},"bucket_versioning":{"default":false,"description":"Enable versioning for a GCS bucket to create (optional)"},"budget_alert_pubsub_topic":{"default":null,"description":"The name of the Cloud Pub/Sub topic where budget related messages will be published, in the form of `projects/{project_id}/topics/{topic_id}`"},"budget_alert_spend_basis":{"default":"CURRENT_SPEND","description":"The type of basis used to determine if spend has passed the threshold"},"budget_alert_spent_percents":{"default":[0.5,0.7,1],"description":"A list of percentages of the budget to alert on when threshold is exceeded"},"budget_amount":{"default":null,"description":"The amount to use for a budget alert"},"budget_calendar_period":{"default":null,"description":"Specifies the calendar period for the budget. Possible values are MONTH, QUARTER, YEAR, CALENDAR_PERIOD_UNSPECIFIED, CUSTOM. custom_period_start_date and custom_period_end_date must be set if CUSTOM"},"budget_custom_period_end_date":{"default":null,"description":"Specifies the end date (DD-MM-YYYY) for the calendar_period CUSTOM"},"budget_custom_period_start_date":{"default":null,"description":"Specifies the start date (DD-MM-YYYY) for the calendar_period CUSTOM"},"budget_display_name":{"default":null,"description":"The display name of the budget. If not set defaults to `Budget For \u003cprojects[0]|All Projects\u003e` "},"budget_labels":{"default":{},"description":"A single label and value pair specifying that usage from only this set of labeled resources should be included in the budget."},"budget_monitoring_notification_channels":{"default":[],"description":"A list of monitoring notification channels in the form `[projects/{project_id}/notificationChannels/{channel_id}]`. A maximum of 5 channels are allowed."},"cloud_armor_tier":{"default":null,"description":"Managed protection tier to be set. Possible values are: CA_STANDARD, CA_ENTERPRISE_PAYGO"},"consumer_quotas":{"default":[],"description":"The quotas configuration you want to override for the project."},"create_project_sa":{"default":true,"description":"Whether the default service account for the project shall be created"},"default_network_tier":{"default":"","description":"Default Network Service Tier for resources created in this project. If unset, the value will not be modified. See https://cloud.google.com/network-tiers/docs/using-network-service-tiers and https://cloud.google.com/network-tiers."},"default_service_account":{"default":"disable","description":"Project default service account setting: can be one of `delete`, `deprivilege`, `disable`, or `keep`."},"deletion_policy":{"default":"PREVENT","description":"The deletion policy for the project. Possible values are: DELETE, PREVENT"},"disable_dependent_services":{"default":true,"description":"Whether services that are enabled and which depend on this service should also be disabled when this service is destroyed."},"disable_services_on_destroy":{"default":true,"description":"Whether project services will be disabled when the resources are destroyed"},"domain":{"default":"","description":"The domain name (optional)."},"enable_shared_vpc_host_project":{"default":false,"description":"If this project is a shared VPC host project. If true, you must *not* set svpc_host_project_id variable. Default is false."},"essential_contacts":{"default":{},"description":"A mapping of users or groups to be assigned as Essential Contacts to the project, specifying a notification category"},"folder_id":{"default":"","description":"The ID of a folder to host this project"},"grant_network_role":{"default":true,"description":"Whether or not to grant networkUser role on the host project/subnets"},"grant_services_security_admin_role":{"default":false,"description":"Whether or not to grant Kubernetes Engine Service Agent the Security Admin role on the host project so it can manage firewall rules"},"group_name":{"default":"","description":"A group to control the project by being assigned group_role (defaults to project editor)"},"group_role":{"default":"roles/editor","description":"The role to give the controlling group (group_name) over the project (defaults to project editor)"},"labels":{"default":{},"description":"Map of labels for project"},"language_tag":{"default":"en-US","description":"Language code to be used for essential contacts notifications"},"lien":{"default":false,"description":"Add a lien on the project to prevent accidental deletion"},"name":{"description":"The name for the project"},"org_id":{"default":null,"description":"The organization ID."},"project_id":{"default":"","description":"The ID to give the project. If not provided, the `name` will be used."},"project_sa_description":{"default":null,"description":"Description to set for the project default service account."},"project_sa_name":{"default":"project-service-account","description":"Default service account name for the project."},"random_project_id":{"default":false,"description":"Adds a suffix of 4 random characters to the `project_id`."},"random_project_id_length":{"default":null,"description":"Sets the length of `random_project_id` to the provided length, and uses a `random_string` for a larger collusion domain.  Recommended for use with CI."},"sa_role":{"default":"","description":"A role to give the default Service Account for the project (defaults to none)"},"shared_vpc_subnets":{"default":[],"description":"List of subnets fully qualified subnet IDs (ie. projects/$project_id/regions/$region/subnetworks/$subnet_id)"},"svpc_host_project_id":{"default":"","description":"The ID of the host project which hosts the shared VPC"},"tag_binding_values":{"default":[],"description":"Tag values to bind the project to."},"usage_bucket_name":{"default":"","description":"Name of a GCS bucket to store GCE usage reports in (optional)"},"usage_bucket_prefix":{"default":"","description":"Prefix in the GCS bucket to store GCE usage reports in (optional)"},"vpc_service_control_attach_dry_run":{"default":false,"description":"Whether the project will be attached to a VPC Service Control Perimeter in Dry Run Mode. vpc_service_control_attach_enabled should be false for this to be true"},"vpc_service_control_attach_enabled":{"default":false,"description":"Whether the project will be attached to a VPC Service Control Perimeter in ENFORCED MODE. vpc_service_control_attach_dry_run should be false for this to be true"},"vpc_service_control_perimeter_name":{"default":null,"description":"The name of a VPC Service Control Perimeter to add the created project to"},"vpc_service_control_sleep_duration":{"default":"5s","description":"The duration to sleep in seconds before adding the project to a shared VPC after the project is added to the VPC Service Control Perimeter. VPC-SC is eventually consistent."}}},"version_constraint":"~\u003e 18.0","depends_on":["module.cs-org-policy-iam_allowedPolicyMemberDomains","module.cs-org-policy-iam_automaticIamGrantsForDefaultServiceAccounts","module.cs-org-policy-compute_skipDefaultNetworkCreation"]},"cs-project-vpc-host-prod":{"source":"terraform-google-modules/project-factory/google","expressions":{"billing_account":{"references":["var.billing_account"]},"enable_shared_vpc_host_project":{"constant_value":true},"folder_id":{"references":["local.folder_map[\"Common\"].id","local.folder_map[\"Common\"]","local.folder_map"]},"name":{"constant_value":"vpc-host-prod"},"org_id":{"references":["var.org_id"]},"project_id":{"constant_value":"vpc-host-prod-ds581-hy386"}},"module":{"outputs":{"api_s_account":{"expression":{"references":["module.project-factory.api_s_account","module.project-factory"]},"description":"API service account email"},"api_s_account_fmt":{"expression":{"references":["module.project-factory.api_s_account_fmt","module.project-factory"]},"description":"API service account email formatted for terraform use"},"budget_name":{"expression":{"references":["module.budget.name","module.budget"]},"description":"The name of the budget if created"},"domain":{"expression":{"references":["module.gsuite_group.domain","module.gsuite_group"]},"description":"The organization's domain"},"enabled_api_identities":{"expression":{"references":["module.project-factory.enabled_api_identities","module.project-factory"]},"description":"Enabled API identities in the project"},"enabled_apis":{"expression":{"references":["module.project-factory.enabled_apis","module.project-factory"]},"description":"Enabled APIs in the project"},"group_email":{"expression":{"references":["module.gsuite_group.email","module.gsuite_group"]},"description":"The email of the G Suite group with group_name"},"project_bucket_self_link":{"expression":{"references":["module.project-factory.project_bucket_self_link","module.project-factory"]},"description":"Project's bucket selfLink"},"project_bucket_url":{"expression":{"references":["module.project-factory.project_bucket_url","module.project-factory"]},"description":"Project's bucket url"},"project_id":{"expression":{"references":["module.project-factory.project_id","module.project-factory"]},"description":"ID of the project"},"project_name":{"expression":{"references":["module.project-factory.project_name","module.project-factory"]},"description":"Name of the project"},"project_number":{"expression":{"references":["module.project-factory.project_number","module.project-factory"]},"description":"Numeric identifier for the project"},"service_account_display_name":{"expression":{"references":["module.project-factory.service_account_display_name","module.project-factory"]},"description":"The display name of the default service account"},"service_account_email":{"expression":{"references":["module.project-factory.service_account_email","module.project-factory"]},"description":"The email of the default service account"},"service_account_id":{"expression":{"references":["module.project-factory.service_account_id","module.project-factory"]},"description":"The id of the default service account"},"service_account_name":{"expression":{"references":["module.project-factory.service_account_name","module.project-factory"]},"description":"The fully-qualified name of the default service account"},"service_account_unique_id":{"expression":{"references":["module.project-factory.service_account_unique_id","module.project-factory"]},"description":"The unique id of the default service account"},"tag_bindings":{"expression":{"references":["module.project-factory.tag_bindings","module.project-factory"]},"description":"Tag bindings"},"usage_report_export_bucket":{"expression":{"references":["module.project-factory.usage_report_export_bucket","module.project-factory"]},"description":"GCE usage reports bucket"}},"module_calls":{"budget":{"source":"./modules/budget","expressions":{"alert_pubsub_topic":{"references":["var.budget_alert_pubsub_topic"]},"alert_spend_basis":{"references":["var.budget_alert_spend_basis"]},"alert_spent_percents":{"references":["var.budget_alert_spent_percents"]},"amount":{"references":["var.budget_amount"]},"billing_account":{"references":["var.billing_account"]},"calendar_period":{"references":["var.budget_calendar_period"]},"create_budget":{"references":["var.budget_amount"]},"custom_period_end_date":{"references":["var.budget_custom_period_end_date"]},"custom_period_start_date":{"references":["var.budget_custom_period_start_date"]},"display_name":{"references":["var.budget_display_name","var.budget_display_name"]},"labels":{"references":["var.budget_labels"]},"monitoring_notification_channels":{"references":["var.budget_monitoring_notification_channels"]},"projects":{"references":["module.project-factory.project_id","module.project-factory"]}},"module":{"outputs":{"name":{"expression":{"references":["google_billing_budget.budget","google_billing_budget.budget[0].name","google_billing_budget.budget[0]","google_billing_budget.budget"]},"description":"Resource name of the budget. Values are of the form `billingAccounts/{billingAccountId}/budgets/{budgetId}.`"}},"resources":[{"address":"google_billing_budget.budget","mode":"managed","type":"google_billing_budget","name":"budget","provider_config_key":"google","expressions":{"amount":[{"specified_amount":[{"units":{"references":["var.amount"]}}]}],"billing_account":{"references":["var.billing_account"]},"budget_filter":[{"calendar_period":{"references":["local.custom_period","var.calendar_period"]},"credit_types_treatment":{"references":["var.credit_types_treatment"]},"labels":{"references":["var.labels"]},"projects":{"references":["local.projects"]},"services":{"references":["local.services"]}}],"display_name":{"references":["local.display_name"]}},"schema_version":1,"count_expression":{"references":["var.create_budget"]}},{"address":"data.google_project.project","mode":"data","type":"google_project","name":"project","provider_config_key":"google","expressions":{"project_id":{"references":["var.projects","count.index"]}},"schema_version":0,"count_expression":{"references":["var.create_budget","var.projects"]},"depends_on":["var.projects"]}],"variables":{"alert_pubsub_topic":{"default":null,"description":"The name of the Cloud Pub/Sub topic where budget related messages will be published, in the form of `projects/{project_id}/topics/{topic_id}`"},"alert_spend_basis":{"default":"CURRENT_SPEND","description":"The type of basis used to determine if spend has passed the threshold"},"alert_spent_percents":{"default":[0.5,0.7,1],"description":"A list of percentages of the budget to alert on when threshold is exceeded"},"amount":{"description":"The amount to use as the budget"},"billing_account":{"description":"ID of the billing account to set a budget on"},"calendar_period":{"default":null,"description":"Specifies the calendar period for the budget. Possible values are MONTH, QUARTER, YEAR, CALENDAR_PERIOD_UNSPECIFIED, CUSTOM. custom_period_start_date and custom_period_end_date must be set if CUSTOM"},"create_budget":{"default":true,"description":"If the budget should be created"},"credit_types_treatment":{"default":"INCLUDE_ALL_CREDITS","description":"Specifies how credits should be treated when determining spend for threshold calculations"},"custom_period_end_date":{"default":null,"description":"Specifies the end date (DD-MM-YYYY) for the calendar_period CUSTOM"},"custom_period_start_date":{"default":null,"description":"Specifies the start date (DD-MM-YYYY) for the calendar_period CUSTOM"},"display_name":{"default":null,"description":"The display name of the budget. If not set defaults to `Budget For \u003cprojects[0]|All Projects\u003e` "},"labels":{"default":{},"description":"A single label and value pair specifying that usage from only this set of labeled resources should be included in the budget."},"monitoring_notification_channels":{"default":[],"description":"A list of monitoring notification channels in the form `[projects/{project_id}/notificationChannels/{channel_id}]`. A maximum of 5 channels are allowed."},"projects":{"description":"The project ids to include in this budget. If empty budget will include all projects"},"services":{"default":null,"description":"A list of services ids to be included in the budget. If omitted, all services will be included in the budget. Service ids can be found at https://cloud.google.com/skus/"}}}},"essential_contacts":{"source":"./modules/essential_contacts","expressions":{"essential_contacts":{"references":["var.essential_contacts"]},"language_tag":{"references":["var.language_tag"]},"project_id":{"references":["module.project-factory.project_id","module.project-factory"]}},"module":{"outputs":{"essential_contacts":{"expression":{"references":["google_essential_contacts_contact.contact"]},"description":"Essential Contact resources created"},"project_id":{"expression":{"references":["var.project_id"]},"description":"The GCP project you want to enable APIs on"}},"resources":[{"address":"google_essential_contacts_contact.contact","mode":"managed","type":"google_essential_contacts_contact","name":"contact","provider_config_key":"google","expressions":{"email":{"references":["each.key"]},"language_tag":{"references":["var.language_tag"]},"notification_category_subscriptions":{"references":["each.value"]},"parent":{"references":["var.project_id"]}},"schema_version":0,"for_each_expression":{"references":["var.essential_contacts"]}}],"variables":{"essential_contacts":{"default":{},"description":"A mapping of users or groups to be assigned as Essential Contacts to the project, specifying a notification category"},"language_tag":{"description":"Language code to be used for essential contacts notifiactions"},"project_id":{"description":"The GCP project you want to send Essential Contacts notifications for"}}}},"gsuite_group":{"source":"./modules/gsuite_group","expressions":{"domain":{"references":["var.domain"]},"name":{"references":["var.group_name"]},"org_id":{"references":["var.org_id"]}},"module":{"outputs":{"domain":{"expression":{"references":["local.domain"]},"description":"The domain of the group's organization."},"email":{"expression":{"references":["local.email"]},"description":"The email address of the group."},"name":{"expression":{"references":["var.name"]},"description":"The username portion of the email address of the group."}},"resources":[{"address":"data.google_organization.org","mode":"data","type":"google_organization","name":"org","provider_config_key":"google","expressions":{"organization":{"references":["var.org_id"]}},"schema_version":0,"count_expression":{"references":["var.domain","var.name"]}}],"variables":{"domain":{"default":"","description":"The domain name"},"name":{"default":"","description":"The name of the group."},"org_id":{"default":null,"description":"The organization ID."}}}},"project-factory":{"source":"./modules/core_project_factory","expressions":{"activate_api_identities":{"references":["var.activate_api_identities"]},"activate_apis":{"references":["var.activate_apis"]},"auto_create_network":{"references":["var.auto_create_network"]},"billing_account":{"references":["var.billing_account"]},"bucket_force_destroy":{"references":["var.bucket_force_destroy"]},"bucket_labels":{"references":["var.bucket_labels"]},"bucket_location":{"references":["var.bucket_location"]},"bucket_name":{"references":["var.bucket_name"]},"bucket_pap":{"references":["var.bucket_pap"]},"bucket_project":{"references":["var.bucket_project"]},"bucket_ula":{"references":["var.bucket_ula"]},"bucket_versioning":{"references":["var.bucket_versioning"]},"cloud_armor_tier":{"references":["var.cloud_armor_tier"]},"create_project_sa":{"references":["var.create_project_sa"]},"default_network_tier":{"references":["var.default_network_tier"]},"default_service_account":{"references":["var.default_service_account"]},"deletion_policy":{"references":["var.deletion_policy"]},"disable_dependent_services":{"references":["var.disable_dependent_services"]},"disable_services_on_destroy":{"references":["var.disable_services_on_destroy"]},"enable_shared_vpc_host_project":{"references":["var.enable_shared_vpc_host_project"]},"enable_shared_vpc_service_project":{"references":["var.svpc_host_project_id"]},"folder_id":{"references":["var.folder_id"]},"grant_network_role":{"references":["var.grant_network_role"]},"group_email":{"references":["module.gsuite_group.email","module.gsuite_group"]},"group_role":{"references":["var.group_role"]},"labels":{"references":["var.labels"]},"lien":{"references":["var.lien"]},"manage_group":{"references":["var.group_name"]},"name":{"references":["var.name"]},"org_id":{"references":["var.folder_id","var.org_id"]},"project_id":{"references":["var.project_id"]},"project_sa_description":{"references":["var.project_sa_description"]},"project_sa_name":{"references":["var.project_sa_name"]},"random_project_id":{"references":["var.random_project_id"]},"random_project_id_length":{"references":["var.random_project_id_length"]},"sa_role":{"references":["var.sa_role"]},"shared_vpc":{"references":["var.svpc_host_project_id"]},"shared_vpc_subnets":{"references":["var.shared_vpc_subnets"]},"tag_binding_values":{"references":["var.tag_binding_values"]},"usage_bucket_name":{"references":["var.usage_bucket_name"]},"usage_bucket_prefix":{"references":["var.usage_bucket_prefix"]},"vpc_service_control_attach_dry_run":{"references":["var.vpc_service_control_attach_dry_run"]},"vpc_service_control_attach_enabled":{"references":["var.vpc_service_control_attach_enabled"]},"vpc_service_control_perimeter_name":{"references":["var.vpc_service_control_perimeter_name"]},"vpc_service_control_sleep_duration":{"references":["var.vpc_service_control_sleep_duration"]}},"module":{"outputs":{"api_s_account":{"expression":{"references":["local.api_s_account"]},"description":"API service account email"},"api_s_account_fmt":{"expression":{"references":["local.api_s_account_fmt"]},"description":"API service account email formatted for terraform use"},"enabled_api_identities":{"expression":{"references":["module.project_services.enabled_api_identities","module.project_services"]},"description":"Enabled API identities in the project"},"enabled_apis":{"expression":{"references":["module.project_services.enabled_apis","module.project_services"]},"description":"Enabled APIs in the project"},"project_bucket_name":{"expression":{"references":["google_storage_bucket.project_bucket"]},"description":"The name of the projec's bucket"},"project_bucket_self_link":{"expression":{"references":["google_storage_bucket.project_bucket"]},"description":"Project's bucket selfLink"},"project_bucket_url":{"expression":{"references":["google_storage_bucket.project_bucket"]},"description":"Project's bucket url"},"project_id":{"expression":{"references":["module.project_services.project_id","module.project_services"]},"depends_on":["module.project_services","google_project.main","google_compute_shared_vpc_service_project.shared_vpc_attachment","google_compute_shared_vpc_host_project.shared_vpc_host"],"description":"ID of the project"},"project_name":{"expression":{"references":["google_project.main.name","google_project.main"]},"description":"Name of the project"},"project_number":{"expression":{"references":["google_project.main.number","google_project.main"]},"depends_on":["module.project_services"],"description":"Numeric identifier for the project"},"service_account_display_name":{"expression":{"references":["var.create_project_sa","google_service_account.default_service_account[0].display_name","google_service_account.default_service_account[0]","google_service_account.default_service_account"]},"description":"The display name of the default service account"},"service_account_email":{"expression":{"references":["var.create_project_sa","google_service_account.default_service_account[0].email","google_service_account.default_service_account[0]","google_service_account.default_service_account"]},"description":"The email of the default service account"},"service_account_id":{"expression":{"references":["var.create_project_sa","google_service_account.default_service_account[0].account_id","google_service_account.default_service_account[0]","google_service_account.default_service_account"]},"description":"The id of the default service account"},"service_account_name":{"expression":{"references":["var.create_project_sa","google_service_account.default_service_account[0].name","google_service_account.default_service_account[0]","google_service_account.default_service_account"]},"description":"The fully-qualified name of the default service account"},"service_account_unique_id":{"expression":{"references":["var.create_project_sa","google_service_account.default_service_account[0].unique_id","google_service_account.default_service_account[0]","google_service_account.default_service_account"]},"description":"The unique id of the default service account"},"tag_bindings":{"expression":{"references":["google_tags_tag_binding.bindings"]},"description":"Tag bindings"},"usage_report_export_bucket":{"expression":{"references":["google_project_usage_export_bucket.usage_report_export[0]","google_project_usage_export_bucket.usage_report_export"]},"description":"GCE usage reports bucket"}},"resources":[{"address":"google_access_context_manager_service_perimeter_dry_run_resource.service_perimeter_attachment_dry_run","mode":"managed","type":"google_access_context_manager_service_perimeter_dry_run_resource","name":"service_perimeter_attachment_dry_run","provider_config_key":"google","expressions":{"perimeter_name":{"references":["var.vpc_service_control_perimeter_name"]},"resource":{"references":["google_project.main.number","google_project.main"]}},"schema_version":0,"count_expression":{"references":["var.vpc_service_control_attach_dry_run","var.vpc_service_control_attach_enabled"]},"depends_on":["google_service_account.default_service_account"]},{"address":"google_access_context_manager_service_perimeter_resource.service_perimeter_attachment","mode":"managed","type":"google_access_context_manager_service_perimeter_resource","name":"service_perimeter_attachment","provider_config_key":"google","expressions":{"perimeter_name":{"references":["var.vpc_service_control_perimeter_name"]},"resource":{"references":["google_project.main.number","google_project.main"]}},"schema_version":0,"count_expression":{"references":["var.vpc_service_control_attach_enabled"]},"depends_on":["google_service_account.default_service_account"]},{"address":"google_compute_project_cloud_armor_tier.cloud_armor_tier_config","mode":"managed","type":"google_compute_project_cloud_armor_tier","name":"cloud_armor_tier_config","provider_config_key":"google","expressions":{"cloud_armor_tier":{"references":["var.cloud_armor_tier"]},"project":{"references":["var.project_id"]}},"schema_version":0,"count_expression":{"references":["var.cloud_armor_tier"]}},{"address":"google_compute_project_default_network_tier.default","mode":"managed","type":"google_compute_project_default_network_tier","name":"default","provider_config_key":"google","expressions":{"network_tier":{"references":["var.default_network_tier"]},"project":{"references":["google_project.main.number","google_project.main"]}},"schema_version":0,"count_expression":{"references":["var.default_network_tier"]}},{"address":"google_compute_shared_vpc_host_project.shared_vpc_host","mode":"managed","type":"google_compute_shared_vpc_host_project","name":"shared_vpc_host","provider_config_key":"google-beta","expressions":{"project":{"references":["google_project.main.project_id","google_project.main"]}},"schema_version":0,"count_expression":{"references":["var.enable_shared_vpc_host_project"]},"depends_on":["module.project_services"]},{"address":"google_compute_shared_vpc_service_project.shared_vpc_attachment","mode":"managed","type":"google_compute_shared_vpc_service_project","name":"shared_vpc_attachment","provider_config_key":"google-beta","expressions":{"host_project":{"references":["var.shared_vpc"]},"service_project":{"references":["google_project.main.project_id","google_project.main"]}},"schema_version":0,"count_expression":{"references":["var.enable_shared_vpc_service_project"]},"depends_on":["time_sleep.wait_5_seconds[0]","module.project_services"]},{"address":"google_compute_subnetwork_iam_member.apis_service_account_role_to_vpc_subnets","mode":"managed","type":"google_compute_subnetwork_iam_member","name":"apis_service_account_role_to_vpc_subnets","provider_config_key":"google-beta","expressions":{"member":{"references":["local.api_s_account_fmt"]},"project":{"references":["var.shared_vpc"]},"region":{"references":["var.shared_vpc_subnets","count.index","var.shared_vpc_subnets","count.index"]},"role":{"constant_value":"roles/compute.networkUser"},"subnetwork":{"references":["var.shared_vpc_subnets","count.index","var.shared_vpc_subnets","count.index"]}},"schema_version":0,"count_expression":{"references":["var.grant_network_role","var.enable_shared_vpc_service_project","var.shared_vpc_subnets","var.shared_vpc_subnets"]},"depends_on":["module.project_services"]},{"address":"google_compute_subnetwork_iam_member.group_role_to_vpc_subnets","mode":"managed","type":"google_compute_subnetwork_iam_member","name":"group_role_to_vpc_subnets","provider_config_key":"google-beta","expressions":{"member":{"references":["local.group_id"]},"project":{"references":["var.shared_vpc"]},"region":{"references":["var.shared_vpc_subnets","count.index","var.shared_vpc_subnets","count.index"]},"role":{"constant_value":"roles/compute.networkUser"},"subnetwork":{"references":["var.shared_vpc_subnets","count.index","var.shared_vpc_subnets","count.index"]}},"schema_version":0,"count_expression":{"references":["var.grant_network_role","var.enable_shared_vpc_service_project","var.shared_vpc_subnets","var.manage_group","var.shared_vpc_subnets"]}},{"address":"google_compute_subnetwork_iam_member.service_account_role_to_vpc_subnets","mode":"managed","type":"google_compute_subnetwork_iam_member","name":"service_account_role_to_vpc_subnets","provider_config_key":"google-beta","expressions":{"member":{"references":["local.s_account_fmt"]},"project":{"references":["var.shared_vpc"]},"region":{"references":["var.shared_vpc_subnets","count.index","var.shared_vpc_subnets","count.index"]},"role":{"constant_value":"roles/compute.networkUser"},"subnetwork":{"references":["var.shared_vpc_subnets","count.index","var.shared_vpc_subnets","count.index"]}},"schema_version":0,"count_expression":{"references":["var.grant_network_role","var.enable_shared_vpc_service_project","var.shared_vpc_subnets","var.create_project_sa","var.shared_vpc_subnets"]}},{"address":"google_project.main","mode":"managed","type":"google_project","name":"main","provider_config_key":"google","expressions":{"auto_create_network":{"references":["var.auto_create_network"]},"billing_account":{"references":["var.billing_account"]},"deletion_policy":{"references":["var.deletion_policy"]},"folder_id":{"references":["local.project_folder_id"]},"labels":{"references":["var.labels"]},"name":{"references":["var.name"]},"org_id":{"references":["local.project_org_id"]},"project_id":{"references":["local.temp_project_id"]}},"schema_version":1},{"address":"google_project_default_service_accounts.default_service_accounts","mode":"managed","type":"google_project_default_service_accounts","name":"default_service_accounts","provider_config_key":"google","expressions":{"action":{"references":["var.default_service_account"]},"project":{"references":["google_project.main.project_id","google_project.main"]},"restore_policy":{"constant_value":"REVERT_AND_IGNORE_FAILURE"}},"schema_version":0,"count_expression":{"references":["var.default_service_account"]},"depends_on":["module.project_services"]},{"address":"google_project_iam_member.controlling_group_vpc_membership","mode":"managed","type":"google_project_iam_member","name":"controlling_group_vpc_membership","provider_config_key":"google","expressions":{"member":{"references":["local.shared_vpc_users","count.index"]},"project":{"references":["var.shared_vpc"]},"role":{"constant_value":"roles/compute.networkUser"}},"schema_version":0,"count_expression":{"references":["var.grant_network_role","var.enable_shared_vpc_service_project","var.shared_vpc_subnets","local.shared_vpc_users_length"]},"depends_on":["module.project_services"]},{"address":"google_project_iam_member.default_service_account_membership","mode":"managed","type":"google_project_iam_member","name":"default_service_account_membership","provider_config_key":"google","expressions":{"member":{"references":["local.s_account_fmt"]},"project":{"references":["google_project.main.project_id","google_project.main"]},"role":{"references":["var.sa_role"]}},"schema_version":0,"count_expression":{"references":["var.sa_role","var.create_project_sa"]}},{"address":"google_project_iam_member.gsuite_group_role","mode":"managed","type":"google_project_iam_member","name":"gsuite_group_role","provider_config_key":"google","expressions":{"member":{"references":["local.group_id"]},"project":{"references":["google_project.main.project_id","google_project.main"]},"role":{"references":["var.group_role"]}},"schema_version":0,"count_expression":{"references":["var.manage_group"]}},{"address":"google_project_service.enable_access_context_manager","mode":"managed","type":"google_project_service","name":"enable_access_context_manager","provider_config_key":"google","expressions":{"project":{"references":["google_project.main.number","google_project.main"]},"service":{"constant_value":"accesscontextmanager.googleapis.com"}},"schema_version":0,"count_expression":{"references":["var.vpc_service_control_attach_enabled","var.vpc_service_control_attach_dry_run"]}},{"address":"google_project_usage_export_bucket.usage_report_export","mode":"managed","type":"google_project_usage_export_bucket","name":"usage_report_export","provider_config_key":"google","expressions":{"bucket_name":{"references":["var.usage_bucket_name"]},"prefix":{"references":["var.usage_bucket_prefix","var.usage_bucket_prefix","google_project.main.project_id","google_project.main"]},"project":{"references":["google_project.main.project_id","google_project.main"]}},"schema_version":0,"count_expression":{"references":["var.usage_bucket_name"]},"depends_on":["module.project_services"]},{"address":"google_resource_manager_lien.lien","mode":"managed","type":"google_resource_manager_lien","name":"lien","provider_config_key":"google","expressions":{"origin":{"constant_value":"project-factory"},"parent":{"references":["google_project.main.number","google_project.main"]},"reason":{"constant_value":"Project Factory lien"},"restrictions":{"constant_value":["resourcemanager.projects.delete"]}},"schema_version":0,"count_expression":{"references":["var.lien"]}},{"address":"google_service_account.default_service_account","mode":"managed","type":"google_service_account","name":"default_service_account","provider_config_key":"google","expressions":{"account_id":{"references":["var.project_sa_name"]},"create_ignore_already_exists":{"constant_value":true},"description":{"references":["var.project_sa_description"]},"display_name":{"references":["var.name"]},"project":{"references":["google_project.main.project_id","google_project.main"]}},"schema_version":0,"count_expression":{"references":["var.create_project_sa"]}},{"address":"google_service_account_iam_member.service_account_grant_to_group","mode":"managed","type":"google_service_account_iam_member","name":"service_account_grant_to_group","provider_config_key":"google","expressions":{"member":{"references":["local.group_id"]},"role":{"constant_value":"roles/iam.serviceAccountUser"},"service_account_id":{"references":["google_project.main.project_id","google_project.main","google_service_account.default_service_account[0].email","google_service_account.default_service_account[0]","google_service_account.default_service_account"]}},"schema_version":0,"count_expression":{"references":["var.manage_group","var.create_project_sa"]}},{"address":"google_storage_bucket.project_bucket","mode":"managed","type":"google_storage_bucket","name":"project_bucket","provider_config_key":"google-beta","expressions":{"force_destroy":{"references":["var.bucket_force_destroy"]},"labels":{"references":["var.bucket_labels"]},"location":{"references":["var.bucket_location"]},"name":{"references":["local.project_bucket_name"]},"project":{"references":["var.bucket_project","local.base_project_id","google_project.main.project_id","google_project.main","var.bucket_project"]},"public_access_prevention":{"references":["var.bucket_pap"]},"uniform_bucket_level_access":{"references":["var.bucket_ula"]},"versioning":[{"enabled":{"references":["var.bucket_versioning"]}}]},"schema_version":3,"count_expression":{"references":["local.create_bucket"]}},{"address":"google_storage_bucket_iam_member.api_s_account_storage_admin_on_project_bucket","mode":"managed","type":"google_storage_bucket_iam_member","name":"api_s_account_storage_admin_on_project_bucket","provider_config_key":"google","expressions":{"bucket":{"references":["google_storage_bucket.project_bucket[0].name","google_storage_bucket.project_bucket[0]","google_storage_bucket.project_bucket"]},"member":{"references":["local.api_s_account_fmt"]},"role":{"constant_value":"roles/storage.admin"}},"schema_version":0,"count_expression":{"references":["local.create_bucket"]},"depends_on":["module.project_services"]},{"address":"google_storage_bucket_iam_member.group_storage_admin_on_project_bucket","mode":"managed","type":"google_storage_bucket_iam_member","name":"group_storage_admin_on_project_bucket","provider_config_key":"google","expressions":{"bucket":{"references":["google_storage_bucket.project_bucket[0].name","google_storage_bucket.project_bucket[0]","google_storage_bucket.project_bucket"]},"member":{"references":["local.group_id"]},"role":{"constant_value":"roles/storage.admin"}},"schema_version":0,"count_expression":{"references":["local.create_bucket","var.manage_group"]}},{"address":"google_storage_bucket_iam_member.s_account_storage_admin_on_project_bucket","mode":"managed","type":"google_storage_bucket_iam_member","name":"s_account_storage_admin_on_project_bucket","provider_config_key":"google","expressions":{"bucket":{"references":["google_storage_bucket.project_bucket[0].name","google_storage_bucket.project_bucket[0]","google_storage_bucket.project_bucket"]},"member":{"references":["local.s_account_fmt"]},"role":{"constant_value":"roles/storage.admin"}},"schema_version":0,"count_expression":{"references":["local.create_bucket","var.create_project_sa"]}},{"address":"google_tags_tag_binding.bindings","mode":"managed","type":"google_tags_tag_binding","name":"bindings","provider_config_key":"google","expressions":{"parent":{"references":["google_project.main.number","google_project.main"]},"tag_value":{"references":["each.value"]}},"schema_version":0,"for_each_expression":{"references":["var.tag_binding_values"]}},{"address":"random_id.random_project_id_suffix","mode":"managed","type":"random_id","name":"random_project_id_suffix","provider_config_key":"module.cs-project-vpc-host-prod.module.project-factory:random","expressions":{"byte_length":{"constant_value":2}},"schema_version":0},{"address":"random_string.random_project_id_suffix","mode":"managed","type":"random_string","name":"random_project_id_suffix","provider_config_key":"module.cs-project-vpc-host-prod.module.project-factory:random","expressions":{"length":{"references":["var.random_project_id_length"]},"special":{"constant_value":false},"upper":{"constant_value":false}},"schema_version":2,"count_expression":{"references":["local.use_random_string"]}},{"address":"time_sleep.wait_5_seconds","mode":"managed","type":"time_sleep","name":"wait_5_seconds","provider_config_key":"module.cs-project-vpc-host-prod.module.project-factory:time","expressions":{"create_duration":{"references":["var.vpc_service_control_sleep_duration"]}},"schema_version":0,"count_expression":{"references":["var.vpc_service_control_attach_enabled","var.vpc_service_control_attach_dry_run"]},"depends_on":["google_access_context_manager_service_perimeter_resource.service_perimeter_attachment[0]","google_project_service.enable_access_context_manager[0]"]}],"module_calls":{"project_services":{"source":"../project_services","expressions":{"activate_api_identities":{"references":["var.activate_api_identities"]},"activate_apis":{"references":["local.activate_apis"]},"disable_dependent_services":{"references":["var.disable_dependent_services"]},"disable_services_on_destroy":{"references":["var.disable_services_on_destroy"]},"project_id":{"references":["google_project.main.project_id","google_project.main"]}},"module":{"outputs":{"enabled_api_identities":{"expression":{"references":["google_project_service_identity.project_service_identities"]},"description":"Enabled API identities in the project"},"enabled_apis":{"expression":{"references":["google_project_service.project_services"]},"description":"Enabled APIs in the project"},"project_id":{"expression":{"references":["google_project_service.project_services","var.project_id"]},"description":"The GCP project you want to enable APIs on"}},"resources":[{"address":"google_project_iam_member.project_service_identity_roles","mode":"managed","type":"google_project_iam_member","name":"project_service_identity_roles","provider_config_key":"google","expressions":{"member":{"references":["each.value.email","each.value"]},"project":{"references":["var.project_id"]},"role":{"references":["each.value.role","each.value"]}},"schema_version":0,"for_each_expression":{"references":["local.add_service_roles"]}},{"address":"google_project_service.project_services","mode":"managed","type":"google_project_service","name":"project_services","provider_config_key":"google","expressions":{"disable_dependent_services":{"references":["var.disable_dependent_services"]},"disable_on_destroy":{"references":["var.disable_services_on_destroy"]},"project":{"references":["var.project_id"]},"service":{"references":["each.value"]}},"schema_version":0,"for_each_expression":{"references":["local.services"]}},{"address":"google_project_service_identity.project_service_identities","mode":"managed","type":"google_project_service_identity","name":"project_service_identities","provider_config_key":"google-beta","expressions":{"project":{"references":["var.project_id"]},"service":{"references":["each.value.api","each.value"]}},"schema_version":0,"for_each_expression":{"references":["var.activate_api_identities"]}},{"address":"data.google_compute_default_service_account.default","mode":"data","type":"google_compute_default_service_account","name":"default","provider_config_key":"google","expressions":{"project":{"references":["var.project_id"]}},"schema_version":0,"count_expression":{"references":["local.activate_compute_identity"]}}],"variables":{"activate_api_identities":{"default":[],"description":"    The list of service identities (Google Managed service account for the API) to force-create for the project (e.g. in order to grant additional roles).\n    APIs in this list will automatically be appended to `activate_apis`.\n    Not including the API in this list will follow the default behaviour for identity creation (which is usually when the first resource using the API is created).\n    Any roles (e.g. service agent role) must be explicitly listed. See https://cloud.google.com/iam/docs/understanding-roles#service-agent-roles-roles for a list of related roles.\n"},"activate_apis":{"default":[],"description":"The list of apis to activate within the project"},"disable_dependent_services":{"default":true,"description":"Whether services that are enabled and which depend on this service should also be disabled when this service is destroyed. https://www.terraform.io/docs/providers/google/r/google_project_service.html#disable_dependent_services"},"disable_services_on_destroy":{"default":true,"description":"Whether project services will be disabled when the resources are destroyed. https://www.terraform.io/docs/providers/google/r/google_project_service.html#disable_on_destroy"},"enable_apis":{"default":true,"description":"Whether to actually enable the APIs. If false, this module is a no-op."},"project_id":{"description":"The GCP project you want to enable APIs on"}}}}},"variables":{"activate_api_identities":{"default":[],"description":"    The list of service identities (Google Managed service account for the API) to force-create for the project (e.g. in order to grant additional roles).\n    APIs in this list will automatically be appended to `activate_apis`. Use for services supported by `gcloud beta services identity create`\n    Not including the API in this list will follow the default behaviour for identity creation (which is usually when the first resource using the API is created).\n    Any roles (e.g. service agent role) must be explicitly listed. See https://cloud.google.com/iam/docs/understanding-roles#service-agent-roles-roles for a list of related roles.\n"},"activate_apis":{"default":["compute.googleapis.com"],"description":"The list of apis to activate within the project"},"auto_create_network":{"default":false,"description":"Create the default network"},"billing_account":{"description":"The ID of the billing account to associate this project with"},"bucket_force_destroy":{"default":false,"description":"Force the deletion of all objects within the GCS bucket when deleting the bucket (optional)"},"bucket_labels":{"default":{},"description":" A map of key/value label pairs to assign to the bucket (optional)"},"bucket_location":{"default":"US","description":"The location for a GCS bucket to create (optional)"},"bucket_name":{"default":"","description":"A name for a GCS bucket to create (in the bucket_project project), useful for Terraform state (optional)"},"bucket_pap":{"default":"inherited","description":"Enable Public Access Prevention. Possible values are \"enforced\" or \"inherited\"."},"bucket_project":{"default":"","description":"A project to create a GCS bucket (bucket_name) in, useful for Terraform state (optional)"},"bucket_ula":{"default":true,"description":"Enable Uniform Bucket Level Access"},"bucket_versioning":{"default":false,"description":"Enable versioning for a GCS bucket to create (optional)"},"cloud_armor_tier":{"default":null,"description":"Managed protection tier to be set. Possible values are: CA_STANDARD, CA_ENTERPRISE_PAYGO"},"create_project_sa":{"default":true,"description":"Whether the default service account for the project shall be created"},"default_network_tier":{"default":"","description":"Default Network Service Tier for resources created in this project. If unset, the value will not be modified. See https://cloud.google.com/network-tiers/docs/using-network-service-tiers and https://cloud.google.com/network-tiers."},"default_service_account":{"default":"disable","description":"Project default service account setting: can be one of `delete`, `deprivilege`, `disable`, or `keep`."},"deletion_policy":{"default":"PREVENT","description":"The deletion policy for the project."},"disable_dependent_services":{"default":true,"description":"Whether services that are enabled and which depend on this service should also be disabled when this service is destroyed."},"disable_services_on_destroy":{"default":true,"description":"Whether project services will be disabled when the resources are destroyed"},"enable_shared_vpc_host_project":{"default":false,"description":"If this project is a shared VPC host project. If true, you must *not* set shared_vpc variable. Default is false."},"enable_shared_vpc_service_project":{"description":"If this project should be attached to a shared VPC. If true, you must set shared_vpc variable."},"folder_id":{"default":"","description":"The ID of a folder to host this project"},"grant_network_role":{"default":true,"description":"Whether or not to grant networkUser role on the host project/subnets"},"group_email":{"default":"","description":"The email address of a group to control the project by being assigned group_role."},"group_role":{"default":"","description":"The role to give the controlling group (group_name) over the project."},"labels":{"default":{},"description":"Map of labels for project"},"lien":{"default":false,"description":"Add a lien on the project to prevent accidental deletion"},"manage_group":{"default":false,"description":"A toggle to indicate if a G Suite group should be managed."},"name":{"description":"The name for the project"},"org_id":{"default":null,"description":"The organization ID."},"project_id":{"default":"","description":"The ID to give the project. If not provided, the `name` will be used."},"project_sa_description":{"default":null,"description":"Description to set for the project default service account."},"project_sa_name":{"default":"project-service-account","description":"Default service account name for the project."},"random_project_id":{"default":false,"description":"Adds a suffix of 4 random characters to the `project_id`."},"random_project_id_length":{"default":null,"description":"Sets the length of `random_project_id` to the provided length, and uses a `random_string` for a larger collusion domain.  Recommended for use with CI."},"sa_role":{"default":"","description":"A role to give the default Service Account for the project (defaults to none)"},"shared_vpc":{"default":"","description":"The ID of the host project which hosts the shared VPC"},"shared_vpc_subnets":{"default":[],"description":"List of subnets fully qualified subnet IDs (ie. projects/$project_id/regions/$region/subnetworks/$subnet_id)"},"tag_binding_values":{"default":[],"description":"Tag values to bind the project to."},"usage_bucket_name":{"default":"","description":"Name of a GCS bucket to store GCE usage reports in (optional)"},"usage_bucket_prefix":{"default":"","description":"Prefix in the GCS bucket to store GCE usage reports in (optional)"},"vpc_service_control_attach_dry_run":{"default":false,"description":"Whether the project will be attached to a VPC Service Control Perimeter in Dry Run Mode. vpc_service_control_attach_enabled should be false for this to be true"},"vpc_service_control_attach_enabled":{"default":false,"description":"Whether the project will be attached to a VPC Service Control Perimeter in ENFORCED MODE. vpc_service_control_attach_dry_run should be false for this to be true"},"vpc_service_control_perimeter_name":{"default":null,"description":"The name of a VPC Service Control Perimeter to add the created project to"},"vpc_service_control_sleep_duration":{"default":"5s","description":"The duration to sleep in seconds before adding the project to a shared VPC after the project is added to the VPC Service Control Perimeter. VPC-SC is eventually consistent."}}}},"quotas":{"source":"./modules/quota_manager","expressions":{"consumer_quotas":{"references":["var.consumer_quotas"]},"project_id":{"references":["module.project-factory.project_id","module.project-factory"]}},"module":{"outputs":{"quota_overrides":{"expression":{"references":["google_service_usage_consumer_quota_override.override"]},"description":"The server-generated names of the quota override."}},"resources":[{"address":"google_service_usage_consumer_quota_override.override","mode":"managed","type":"google_service_usage_consumer_quota_override","name":"override","provider_config_key":"google-beta","expressions":{"dimensions":{"references":["each.value.dimensions","each.value"]},"force":{"constant_value":true},"limit":{"references":["each.value.limit","each.value"]},"metric":{"references":["each.value.metric","each.value"]},"override_value":{"references":["each.value.value","each.value"]},"project":{"references":["var.project_id"]},"service":{"references":["each.value.service","each.value"]}},"schema_version":0,"for_each_expression":{"references":["local.consumer_quotas"]}}],"variables":{"consumer_quotas":{"description":"The quotas configuration you want to override for the project."},"project_id":{"description":"The GCP project where you want to manage the consumer quotas"}}}},"shared_vpc_access":{"source":"./modules/shared_vpc_access","expressions":{"active_apis":{"references":["var.activate_apis","var.activate_api_identities"]},"enable_shared_vpc_service_project":{"references":["var.svpc_host_project_id"]},"grant_network_role":{"references":["var.grant_network_role"]},"grant_services_security_admin_role":{"references":["var.grant_services_security_admin_role"]},"host_project_id":{"references":["var.svpc_host_project_id"]},"lookup_project_numbers":{"constant_value":false},"service_project_id":{"references":["module.project-factory.project_id","module.project-factory"]},"service_project_number":{"references":["module.project-factory.project_number","module.project-factory"]},"shared_vpc_subnets":{"references":["var.shared_vpc_subnets"]}},"module":{"outputs":{"active_api_service_accounts":{"expression":{"references":["local.active_apis"]},"description":"List of active API service accounts in the service project."},"project_id":{"expression":{"references":["var.service_project_id"]},"depends_on":["google_compute_subnetwork_iam_member.service_shared_vpc_subnet_users","google_project_iam_member.gke_host_agent","google_project_iam_member.service_shared_vpc_user"],"description":"Service project ID."}},"resources":[{"address":"google_compute_subnetwork_iam_member.cloudservices_shared_vpc_subnet_users","mode":"managed","type":"google_compute_subnetwork_iam_member","name":"cloudservices_shared_vpc_subnet_users","provider_config_key":"google-beta","expressions":{"member":{"references":["local.service_project_number"]},"project":{"references":["var.host_project_id"]},"region":{"references":["local.subnetwork_api","count.index","local.subnetwork_api","count.index"]},"role":{"constant_value":"roles/compute.networkUser"},"subnetwork":{"references":["local.subnetwork_api","count.index","local.subnetwork_api","count.index"]}},"schema_version":0,"count_expression":{"references":["local.gke_shared_vpc_enabled","var.enable_shared_vpc_service_project","var.grant_network_role","local.subnetwork_api"]}},{"address":"google_compute_subnetwork_iam_member.service_shared_vpc_subnet_users","mode":"managed","type":"google_compute_subnetwork_iam_member","name":"service_shared_vpc_subnet_users","provider_config_key":"google-beta","expressions":{"member":{"references":["local.apis","local.subnetwork_api","count.index"]},"project":{"references":["var.host_project_id"]},"region":{"references":["local.subnetwork_api","count.index","local.subnetwork_api","count.index"]},"role":{"references":["local.apis","local.subnetwork_api","count.index"]},"subnetwork":{"references":["local.subnetwork_api","count.index","local.subnetwork_api","count.index"]}},"schema_version":0,"count_expression":{"references":["var.grant_network_role","local.subnetwork_api"]}},{"address":"google_project_iam_member.cloudrun_network_viewer","mode":"managed","type":"google_project_iam_member","name":"cloudrun_network_viewer","provider_config_key":"google","expressions":{"member":{"references":["local.apis[\"run.googleapis.com\"].service_account","local.apis[\"run.googleapis.com\"]","local.apis"]},"project":{"references":["var.host_project_id"]},"role":{"constant_value":"roles/compute.networkViewer"}},"schema_version":0,"count_expression":{"references":["var.shared_vpc_subnets","local.cloudrun_shared_vpc_enabled","var.enable_shared_vpc_service_project","var.grant_network_role"]}},{"address":"google_project_iam_member.composer_host_agent","mode":"managed","type":"google_project_iam_member","name":"composer_host_agent","provider_config_key":"google","expressions":{"member":{"references":["local.apis[\"composer.googleapis.com\"].service_account","local.apis[\"composer.googleapis.com\"]","local.apis"]},"project":{"references":["var.host_project_id"]},"role":{"constant_value":"roles/composer.sharedVpcAgent"}},"schema_version":0,"count_expression":{"references":["local.composer_shared_vpc_enabled","var.enable_shared_vpc_service_project","var.grant_network_role"]}},{"address":"google_project_iam_member.datasfusion_network_viewer","mode":"managed","type":"google_project_iam_member","name":"datasfusion_network_viewer","provider_config_key":"google","expressions":{"member":{"references":["local.apis[\"datafusion.googleapis.com\"].service_account","local.apis[\"datafusion.googleapis.com\"]","local.apis"]},"project":{"references":["var.host_project_id"]},"role":{"constant_value":"roles/compute.networkViewer"}},"schema_version":0,"count_expression":{"references":["local.datafusion_shared_vpc_enabled","var.enable_shared_vpc_service_project","var.grant_network_role"]}},{"address":"google_project_iam_member.datastream_network_admin","mode":"managed","type":"google_project_iam_member","name":"datastream_network_admin","provider_config_key":"google","expressions":{"member":{"references":["local.apis[\"datastream.googleapis.com\"].service_account","local.apis[\"datastream.googleapis.com\"]","local.apis"]},"project":{"references":["var.host_project_id"]},"role":{"constant_value":"roles/compute.networkAdmin"}},"schema_version":0,"count_expression":{"references":["local.datastream_shared_vpc_enabled","var.enable_shared_vpc_service_project","var.grant_services_network_admin_role"]}},{"address":"google_project_iam_member.gke_host_agent","mode":"managed","type":"google_project_iam_member","name":"gke_host_agent","provider_config_key":"google","expressions":{"member":{"references":["local.apis[\"container.googleapis.com\"].service_account","local.apis[\"container.googleapis.com\"]","local.apis"]},"project":{"references":["var.host_project_id"]},"role":{"constant_value":"roles/container.hostServiceAgentUser"}},"schema_version":0,"count_expression":{"references":["local.gke_shared_vpc_enabled","var.enable_shared_vpc_service_project","var.grant_network_role"]}},{"address":"google_project_iam_member.gke_security_admin","mode":"managed","type":"google_project_iam_member","name":"gke_security_admin","provider_config_key":"google","expressions":{"member":{"references":["local.apis[\"container.googleapis.com\"].service_account","local.apis[\"container.googleapis.com\"]","local.apis"]},"project":{"references":["var.host_project_id"]},"role":{"constant_value":"roles/compute.securityAdmin"}},"schema_version":0,"count_expression":{"references":["local.gke_shared_vpc_enabled","var.enable_shared_vpc_service_project","var.grant_services_security_admin_role"]}},{"address":"google_project_iam_member.managed_kafka_service_agent","mode":"managed","type":"google_project_iam_member","name":"managed_kafka_service_agent","provider_config_key":"google","expressions":{"member":{"references":["local.service_project_number"]},"project":{"references":["var.host_project_id"]},"role":{"constant_value":"roles/managedkafka.serviceAgent"}},"schema_version":0,"count_expression":{"references":["local.managedkafka_shared_vpc_enabled","var.enable_shared_vpc_service_project","var.grant_network_role"]}},{"address":"google_project_iam_member.service_shared_vpc_user","mode":"managed","type":"google_project_iam_member","name":"service_shared_vpc_user","provider_config_key":"google","expressions":{"member":{"references":["local.apis","each.value"]},"project":{"references":["var.host_project_id"]},"role":{"references":["local.apis","each.value"]}},"schema_version":0,"for_each_expression":{"references":["var.shared_vpc_subnets","var.enable_shared_vpc_service_project","var.grant_network_role","local.active_apis"]}},{"address":"data.google_project.service_project","mode":"data","type":"google_project","name":"service_project","provider_config_key":"google","expressions":{"project_id":{"references":["var.service_project_id"]}},"schema_version":0,"count_expression":{"references":["var.lookup_project_numbers"]}}],"variables":{"active_apis":{"default":[],"description":"The list of active apis on the service project. If api is not active this module will not try to activate it"},"enable_shared_vpc_service_project":{"description":"Flag set if SVPC enabled"},"grant_network_role":{"default":true,"description":"Whether or not to grant service agents the network roles on the host project"},"grant_services_network_admin_role":{"default":false,"description":"Whether or not to grant Datastream Service acount the Network Admin role on the host project so it can manage firewall rules"},"grant_services_security_admin_role":{"default":false,"description":"Whether or not to grant Kubernetes Engine Service Agent the Security Admin role on the host project so it can manage firewall rules"},"host_project_id":{"description":"The ID of the host project which hosts the shared VPC"},"lookup_project_numbers":{"default":true,"description":"Whether to look up the project numbers from data sources. If false, `service_project_number` will be used instead."},"service_project_id":{"description":"The ID of the service project"},"service_project_number":{"default":null,"description":"Project number of the service project. Will be used if `lookup_service_project_number` is false."},"shared_vpc_subnets":{"default":[],"description":"List of subnets fully qualified subnet IDs (ie. projects/$project_id/regions/$region/subnetworks/$subnet_id)"}}},"depends_on":["module.project-factory.enabled_apis"]}},"variables":{"activate_api_identities":{"default":[],"description":"    The list of service identities (Google Managed service account for the API) to force-create for the project (e.g. in order to grant additional roles).\n    APIs in this list will automatically be appended to `activate_apis`.\n    Not including the API in this list will follow the default behaviour for identity creation (which is usually when the first resource using the API is created).\n    Any roles (e.g. service agent role) must be explicitly listed. See https://cloud.google.com/iam/docs/understanding-roles#service-agent-roles-roles for a list of related roles.\n"},"activate_apis":{"default":["compute.googleapis.com"],"description":"The list of apis to activate within the project"},"auto_create_network":{"default":false,"description":"Create the default network"},"billing_account":{"description":"The ID of the billing account to associate this project with"},"bucket_force_destroy":{"default":false,"description":"Force the deletion of all objects within the GCS bucket when deleting the bucket (optional)"},"bucket_labels":{"default":{},"description":" A map of key/value label pairs to assign to the bucket (optional)"},"bucket_location":{"default":"US","description":"The location for a GCS bucket to create (optional)"},"bucket_name":{"default":"","description":"A name for a GCS bucket to create (in the bucket_project project), useful for Terraform state (optional)"},"bucket_pap":{"default":"inherited","description":"Enable Public Access Prevention. Possible values are \"enforced\" or \"inherited\"."},"bucket_project":{"default":"","description":"A project to create a GCS bucket (bucket_name) in, useful for Terraform state (optional)"},"bucket_ula":{"default":true,"description":"Enable Uniform Bucket Level Access"},"bucket_versioning":{"default":false,"description":"Enable versioning for a GCS bucket to create (optional)"},"budget_alert_pubsub_topic":{"default":null,"description":"The name of the Cloud Pub/Sub topic where budget related messages will be published, in the form of `projects/{project_id}/topics/{topic_id}`"},"budget_alert_spend_basis":{"default":"CURRENT_SPEND","description":"The type of basis used to determine if spend has passed the threshold"},"budget_alert_spent_percents":{"default":[0.5,0.7,1],"description":"A list of percentages of the budget to alert on when threshold is exceeded"},"budget_amount":{"default":null,"description":"The amount to use for a budget alert"},"budget_calendar_period":{"default":null,"description":"Specifies the calendar period for the budget. Possible values are MONTH, QUARTER, YEAR, CALENDAR_PERIOD_UNSPECIFIED, CUSTOM. custom_period_start_date and custom_period_end_date must be set if CUSTOM"},"budget_custom_period_end_date":{"default":null,"description":"Specifies the end date (DD-MM-YYYY) for the calendar_period CUSTOM"},"budget_custom_period_start_date":{"default":null,"description":"Specifies the start date (DD-MM-YYYY) for the calendar_period CUSTOM"},"budget_display_name":{"default":null,"description":"The display name of the budget. If not set defaults to `Budget For \u003cprojects[0]|All Projects\u003e` "},"budget_labels":{"default":{},"description":"A single label and value pair specifying that usage from only this set of labeled resources should be included in the budget."},"budget_monitoring_notification_channels":{"default":[],"description":"A list of monitoring notification channels in the form `[projects/{project_id}/notificationChannels/{channel_id}]`. A maximum of 5 channels are allowed."},"cloud_armor_tier":{"default":null,"description":"Managed protection tier to be set. Possible values are: CA_STANDARD, CA_ENTERPRISE_PAYGO"},"consumer_quotas":{"default":[],"description":"The quotas configuration you want to override for the project."},"create_project_sa":{"default":true,"description":"Whether the default service account for the project shall be created"},"default_network_tier":{"default":"","description":"Default Network Service Tier for resources created in this project. If unset, the value will not be modified. See https://cloud.google.com/network-tiers/docs/using-network-service-tiers and https://cloud.google.com/network-tiers."},"default_service_account":{"default":"disable","description":"Project default service account setting: can be one of `delete`, `deprivilege`, `disable`, or `keep`."},"deletion_policy":{"default":"PREVENT","description":"The deletion policy for the project. Possible values are: DELETE, PREVENT"},"disable_dependent_services":{"default":true,"description":"Whether services that are enabled and which depend on this service should also be disabled when this service is destroyed."},"disable_services_on_destroy":{"default":true,"description":"Whether project services will be disabled when the resources are destroyed"},"domain":{"default":"","description":"The domain name (optional)."},"enable_shared_vpc_host_project":{"default":false,"description":"If this project is a shared VPC host project. If true, you must *not* set svpc_host_project_id variable. Default is false."},"essential_contacts":{"default":{},"description":"A mapping of users or groups to be assigned as Essential Contacts to the project, specifying a notification category"},"folder_id":{"default":"","description":"The ID of a folder to host this project"},"grant_network_role":{"default":true,"description":"Whether or not to grant networkUser role on the host project/subnets"},"grant_services_security_admin_role":{"default":false,"description":"Whether or not to grant Kubernetes Engine Service Agent the Security Admin role on the host project so it can manage firewall rules"},"group_name":{"default":"","description":"A group to control the project by being assigned group_role (defaults to project editor)"},"group_role":{"default":"roles/editor","description":"The role to give the controlling group (group_name) over the project (defaults to project editor)"},"labels":{"default":{},"description":"Map of labels for project"},"language_tag":{"default":"en-US","description":"Language code to be used for essential contacts notifications"},"lien":{"default":false,"description":"Add a lien on the project to prevent accidental deletion"},"name":{"description":"The name for the project"},"org_id":{"default":null,"description":"The organization ID."},"project_id":{"default":"","description":"The ID to give the project. If not provided, the `name` will be used."},"project_sa_description":{"default":null,"description":"Description to set for the project default service account."},"project_sa_name":{"default":"project-service-account","description":"Default service account name for the project."},"random_project_id":{"default":false,"description":"Adds a suffix of 4 random characters to the `project_id`."},"random_project_id_length":{"default":null,"description":"Sets the length of `random_project_id` to the provided length, and uses a `random_string` for a larger collusion domain.  Recommended for use with CI."},"sa_role":{"default":"","description":"A role to give the default Service Account for the project (defaults to none)"},"shared_vpc_subnets":{"default":[],"description":"List of subnets fully qualified subnet IDs (ie. projects/$project_id/regions/$region/subnetworks/$subnet_id)"},"svpc_host_project_id":{"default":"","description":"The ID of the host project which hosts the shared VPC"},"tag_binding_values":{"default":[],"description":"Tag values to bind the project to."},"usage_bucket_name":{"default":"","description":"Name of a GCS bucket to store GCE usage reports in (optional)"},"usage_bucket_prefix":{"default":"","description":"Prefix in the GCS bucket to store GCE usage reports in (optional)"},"vpc_service_control_attach_dry_run":{"default":false,"description":"Whether the project will be attached to a VPC Service Control Perimeter in Dry Run Mode. vpc_service_control_attach_enabled should be false for this to be true"},"vpc_service_control_attach_enabled":{"default":false,"description":"Whether the project will be attached to a VPC Service Control Perimeter in ENFORCED MODE. vpc_service_control_attach_dry_run should be false for this to be true"},"vpc_service_control_perimeter_name":{"default":null,"description":"The name of a VPC Service Control Perimeter to add the created project to"},"vpc_service_control_sleep_duration":{"default":"5s","description":"The duration to sleep in seconds before adding the project to a shared VPC after the project is added to the VPC Service Control Perimeter. VPC-SC is eventually consistent."}}},"version_constraint":"~\u003e 18.0","depends_on":["module.cs-org-policy-iam_allowedPolicyMemberDomains","module.cs-org-policy-iam_automaticIamGrantsForDefaultServiceAccounts","module.cs-org-policy-compute_skipDefaultNetworkCreation"]},"cs-projects-iam-8-bigquerydataViewer":{"source":"terraform-google-modules/iam/google//modules/projects_iam","expressions":{"bindings":{"constant_value":{"roles/bigquery.dataViewer":["group:gcp-logging-monitoring-viewers@smartrentalstsv.com.au"]}},"projects":{"references":["module.cs-project-logging-monitoring.project_id","module.cs-project-logging-monitoring"]}},"module":{"outputs":{"members":{"expression":{"references":["module.helper.bindings_by_member","module.helper"]},"description":"Members which were bound to projects."},"projects":{"expression":{"references":["module.helper.bindings_by_member","module.helper"]},"depends_on":["google_project_iam_binding.project_iam_authoritative","google_project_iam_member.project_iam_additive"],"description":"Projects wich received bindings."},"roles":{"expression":{"references":["module.helper.bindings_by_member","module.helper"]},"description":"Roles which were assigned to members."}},"resources":[{"address":"google_project_iam_binding.project_iam_authoritative","mode":"managed","type":"google_project_iam_binding","name":"project_iam_authoritative","provider_config_key":"google","expressions":{"members":{"references":["module.helper.bindings_authoritative","module.helper","each.key"]},"project":{"references":["module.helper.bindings_authoritative","module.helper","each.key"]},"role":{"references":["module.helper.bindings_authoritative","module.helper","each.key"]}},"schema_version":0,"for_each_expression":{"references":["module.helper.set_authoritative","module.helper"]}},{"address":"google_project_iam_member.project_iam_additive","mode":"managed","type":"google_project_iam_member","name":"project_iam_additive","provider_config_key":"google","expressions":{"member":{"references":["module.helper.bindings_additive","module.helper","each.key"]},"project":{"references":["module.helper.bindings_additive","module.helper","each.key"]},"role":{"references":["module.helper.bindings_additive","module.helper","each.key"]}},"schema_version":0,"for_each_expression":{"references":["module.helper.set_additive","module.helper"]}}],"module_calls":{"helper":{"source":"../helper","expressions":{"bindings":{"references":["var.bindings"]},"conditional_bindings":{"references":["var.conditional_bindings"]},"entities":{"references":["var.projects"]},"mode":{"references":["var.mode"]}},"module":{"outputs":{"bindings_additive":{"expression":{"references":["local.bindings_additive"]},"description":"Map of additive bindings for entities. Unwinded by members."},"bindings_authoritative":{"expression":{"references":["local.bindings_authoritative"]},"description":"Map of authoritative bindings for entities. Unwinded by roles."},"bindings_by_member":{"expression":{"references":["local.bindings_by_member"]},"description":"List of bindings for entities unwinded by members."},"set_additive":{"expression":{"references":["local.set_additive"]},"description":"A set of additive binding keys (from bindings_additive) to be used in for_each. Unwinded by members."},"set_authoritative":{"expression":{"references":["local.set_authoritative"]},"description":"A set of authoritative binding keys (from bindings_authoritative) to be used in for_each. Unwinded by roles."}},"variables":{"bindings":{"default":{},"description":"Map of role (key) and list of members (value) to add the IAM policies/bindings"},"conditional_bindings":{"default":[],"description":"List of maps of role and respective conditions, and the members to add the IAM policies/bindings"},"entities":{"description":"Entities list to add the IAM policies/bindings"},"mode":{"default":"additive","description":"Mode for adding the IAM policies/bindings, additive and authoritative"}}}}},"variables":{"bindings":{"default":{},"description":"Map of role (key) and list of members (value) to add the IAM policies/bindings"},"conditional_bindings":{"default":[],"description":"List of maps of role and respective conditions, and the members to add the IAM policies/bindings"},"mode":{"default":"additive","description":"Mode for adding the IAM policies/bindings, additive and authoritative"},"projects":{"default":[],"description":"Projects list to add the IAM policies/bindings"}}},"version_constraint":"~\u003e 8.0"},"cs-projects-iam-8-loggingprivateLogViewer":{"source":"terraform-google-modules/iam/google//modules/projects_iam","expressions":{"bindings":{"constant_value":{"roles/logging.privateLogViewer":["group:gcp-logging-monitoring-viewers@smartrentalstsv.com.au"]}},"projects":{"references":["module.cs-project-logging-monitoring.project_id","module.cs-project-logging-monitoring"]}},"module":{"outputs":{"members":{"expression":{"references":["module.helper.bindings_by_member","module.helper"]},"description":"Members which were bound to projects."},"projects":{"expression":{"references":["module.helper.bindings_by_member","module.helper"]},"depends_on":["google_project_iam_binding.project_iam_authoritative","google_project_iam_member.project_iam_additive"],"description":"Projects wich received bindings."},"roles":{"expression":{"references":["module.helper.bindings_by_member","module.helper"]},"description":"Roles which were assigned to members."}},"resources":[{"address":"google_project_iam_binding.project_iam_authoritative","mode":"managed","type":"google_project_iam_binding","name":"project_iam_authoritative","provider_config_key":"google","expressions":{"members":{"references":["module.helper.bindings_authoritative","module.helper","each.key"]},"project":{"references":["module.helper.bindings_authoritative","module.helper","each.key"]},"role":{"references":["module.helper.bindings_authoritative","module.helper","each.key"]}},"schema_version":0,"for_each_expression":{"references":["module.helper.set_authoritative","module.helper"]}},{"address":"google_project_iam_member.project_iam_additive","mode":"managed","type":"google_project_iam_member","name":"project_iam_additive","provider_config_key":"google","expressions":{"member":{"references":["module.helper.bindings_additive","module.helper","each.key"]},"project":{"references":["module.helper.bindings_additive","module.helper","each.key"]},"role":{"references":["module.helper.bindings_additive","module.helper","each.key"]}},"schema_version":0,"for_each_expression":{"references":["module.helper.set_additive","module.helper"]}}],"module_calls":{"helper":{"source":"../helper","expressions":{"bindings":{"references":["var.bindings"]},"conditional_bindings":{"references":["var.conditional_bindings"]},"entities":{"references":["var.projects"]},"mode":{"references":["var.mode"]}},"module":{"outputs":{"bindings_additive":{"expression":{"references":["local.bindings_additive"]},"description":"Map of additive bindings for entities. Unwinded by members."},"bindings_authoritative":{"expression":{"references":["local.bindings_authoritative"]},"description":"Map of authoritative bindings for entities. Unwinded by roles."},"bindings_by_member":{"expression":{"references":["local.bindings_by_member"]},"description":"List of bindings for entities unwinded by members."},"set_additive":{"expression":{"references":["local.set_additive"]},"description":"A set of additive binding keys (from bindings_additive) to be used in for_each. Unwinded by members."},"set_authoritative":{"expression":{"references":["local.set_authoritative"]},"description":"A set of authoritative binding keys (from bindings_authoritative) to be used in for_each. Unwinded by roles."}},"variables":{"bindings":{"default":{},"description":"Map of role (key) and list of members (value) to add the IAM policies/bindings"},"conditional_bindings":{"default":[],"description":"List of maps of role and respective conditions, and the members to add the IAM policies/bindings"},"entities":{"description":"Entities list to add the IAM policies/bindings"},"mode":{"default":"additive","description":"Mode for adding the IAM policies/bindings, additive and authoritative"}}}}},"variables":{"bindings":{"default":{},"description":"Map of role (key) and list of members (value) to add the IAM policies/bindings"},"conditional_bindings":{"default":[],"description":"List of maps of role and respective conditions, and the members to add the IAM policies/bindings"},"mode":{"default":"additive","description":"Mode for adding the IAM policies/bindings, additive and authoritative"},"projects":{"default":[],"description":"Projects list to add the IAM policies/bindings"}}},"version_constraint":"~\u003e 8.0"},"cs-projects-iam-8-loggingviewer":{"source":"terraform-google-modules/iam/google//modules/projects_iam","expressions":{"bindings":{"constant_value":{"roles/logging.viewer":["group:gcp-logging-monitoring-viewers@smartrentalstsv.com.au"]}},"projects":{"references":["module.cs-project-logging-monitoring.project_id","module.cs-project-logging-monitoring"]}},"module":{"outputs":{"members":{"expression":{"references":["module.helper.bindings_by_member","module.helper"]},"description":"Members which were bound to projects."},"projects":{"expression":{"references":["module.helper.bindings_by_member","module.helper"]},"depends_on":["google_project_iam_binding.project_iam_authoritative","google_project_iam_member.project_iam_additive"],"description":"Projects wich received bindings."},"roles":{"expression":{"references":["module.helper.bindings_by_member","module.helper"]},"description":"Roles which were assigned to members."}},"resources":[{"address":"google_project_iam_binding.project_iam_authoritative","mode":"managed","type":"google_project_iam_binding","name":"project_iam_authoritative","provider_config_key":"google","expressions":{"members":{"references":["module.helper.bindings_authoritative","module.helper","each.key"]},"project":{"references":["module.helper.bindings_authoritative","module.helper","each.key"]},"role":{"references":["module.helper.bindings_authoritative","module.helper","each.key"]}},"schema_version":0,"for_each_expression":{"references":["module.helper.set_authoritative","module.helper"]}},{"address":"google_project_iam_member.project_iam_additive","mode":"managed","type":"google_project_iam_member","name":"project_iam_additive","provider_config_key":"google","expressions":{"member":{"references":["module.helper.bindings_additive","module.helper","each.key"]},"project":{"references":["module.helper.bindings_additive","module.helper","each.key"]},"role":{"references":["module.helper.bindings_additive","module.helper","each.key"]}},"schema_version":0,"for_each_expression":{"references":["module.helper.set_additive","module.helper"]}}],"module_calls":{"helper":{"source":"../helper","expressions":{"bindings":{"references":["var.bindings"]},"conditional_bindings":{"references":["var.conditional_bindings"]},"entities":{"references":["var.projects"]},"mode":{"references":["var.mode"]}},"module":{"outputs":{"bindings_additive":{"expression":{"references":["local.bindings_additive"]},"description":"Map of additive bindings for entities. Unwinded by members."},"bindings_authoritative":{"expression":{"references":["local.bindings_authoritative"]},"description":"Map of authoritative bindings for entities. Unwinded by roles."},"bindings_by_member":{"expression":{"references":["local.bindings_by_member"]},"description":"List of bindings for entities unwinded by members."},"set_additive":{"expression":{"references":["local.set_additive"]},"description":"A set of additive binding keys (from bindings_additive) to be used in for_each. Unwinded by members."},"set_authoritative":{"expression":{"references":["local.set_authoritative"]},"description":"A set of authoritative binding keys (from bindings_authoritative) to be used in for_each. Unwinded by roles."}},"variables":{"bindings":{"default":{},"description":"Map of role (key) and list of members (value) to add the IAM policies/bindings"},"conditional_bindings":{"default":[],"description":"List of maps of role and respective conditions, and the members to add the IAM policies/bindings"},"entities":{"description":"Entities list to add the IAM policies/bindings"},"mode":{"default":"additive","description":"Mode for adding the IAM policies/bindings, additive and authoritative"}}}}},"variables":{"bindings":{"default":{},"description":"Map of role (key) and list of members (value) to add the IAM policies/bindings"},"conditional_bindings":{"default":[],"description":"List of maps of role and respective conditions, and the members to add the IAM policies/bindings"},"mode":{"default":"additive","description":"Mode for adding the IAM policies/bindings, additive and authoritative"},"projects":{"default":[],"description":"Projects list to add the IAM policies/bindings"}}},"version_constraint":"~\u003e 8.0"},"cs-projects-iam-8-monitoringviewer":{"source":"terraform-google-modules/iam/google//modules/projects_iam","expressions":{"bindings":{"constant_value":{"roles/monitoring.viewer":["group:gcp-logging-monitoring-viewers@smartrentalstsv.com.au"]}},"projects":{"references":["module.cs-project-logging-monitoring.project_id","module.cs-project-logging-monitoring"]}},"module":{"outputs":{"members":{"expression":{"references":["module.helper.bindings_by_member","module.helper"]},"description":"Members which were bound to projects."},"projects":{"expression":{"references":["module.helper.bindings_by_member","module.helper"]},"depends_on":["google_project_iam_binding.project_iam_authoritative","google_project_iam_member.project_iam_additive"],"description":"Projects wich received bindings."},"roles":{"expression":{"references":["module.helper.bindings_by_member","module.helper"]},"description":"Roles which were assigned to members."}},"resources":[{"address":"google_project_iam_binding.project_iam_authoritative","mode":"managed","type":"google_project_iam_binding","name":"project_iam_authoritative","provider_config_key":"google","expressions":{"members":{"references":["module.helper.bindings_authoritative","module.helper","each.key"]},"project":{"references":["module.helper.bindings_authoritative","module.helper","each.key"]},"role":{"references":["module.helper.bindings_authoritative","module.helper","each.key"]}},"schema_version":0,"for_each_expression":{"references":["module.helper.set_authoritative","module.helper"]}},{"address":"google_project_iam_member.project_iam_additive","mode":"managed","type":"google_project_iam_member","name":"project_iam_additive","provider_config_key":"google","expressions":{"member":{"references":["module.helper.bindings_additive","module.helper","each.key"]},"project":{"references":["module.helper.bindings_additive","module.helper","each.key"]},"role":{"references":["module.helper.bindings_additive","module.helper","each.key"]}},"schema_version":0,"for_each_expression":{"references":["module.helper.set_additive","module.helper"]}}],"module_calls":{"helper":{"source":"../helper","expressions":{"bindings":{"references":["var.bindings"]},"conditional_bindings":{"references":["var.conditional_bindings"]},"entities":{"references":["var.projects"]},"mode":{"references":["var.mode"]}},"module":{"outputs":{"bindings_additive":{"expression":{"references":["local.bindings_additive"]},"description":"Map of additive bindings for entities. Unwinded by members."},"bindings_authoritative":{"expression":{"references":["local.bindings_authoritative"]},"description":"Map of authoritative bindings for entities. Unwinded by roles."},"bindings_by_member":{"expression":{"references":["local.bindings_by_member"]},"description":"List of bindings for entities unwinded by members."},"set_additive":{"expression":{"references":["local.set_additive"]},"description":"A set of additive binding keys (from bindings_additive) to be used in for_each. Unwinded by members."},"set_authoritative":{"expression":{"references":["local.set_authoritative"]},"description":"A set of authoritative binding keys (from bindings_authoritative) to be used in for_each. Unwinded by roles."}},"variables":{"bindings":{"default":{},"description":"Map of role (key) and list of members (value) to add the IAM policies/bindings"},"conditional_bindings":{"default":[],"description":"List of maps of role and respective conditions, and the members to add the IAM policies/bindings"},"entities":{"description":"Entities list to add the IAM policies/bindings"},"mode":{"default":"additive","description":"Mode for adding the IAM policies/bindings, additive and authoritative"}}}}},"variables":{"bindings":{"default":{},"description":"Map of role (key) and list of members (value) to add the IAM policies/bindings"},"conditional_bindings":{"default":[],"description":"List of maps of role and respective conditions, and the members to add the IAM policies/bindings"},"mode":{"default":"additive","description":"Mode for adding the IAM policies/bindings, additive and authoritative"},"projects":{"default":[],"description":"Projects list to add the IAM policies/bindings"}}},"version_constraint":"~\u003e 8.0"},"cs-projects-iam-8-pubsubviewer":{"source":"terraform-google-modules/iam/google//modules/projects_iam","expressions":{"bindings":{"constant_value":{"roles/pubsub.viewer":["group:gcp-logging-monitoring-viewers@smartrentalstsv.com.au"]}},"projects":{"references":["module.cs-project-logging-monitoring.project_id","module.cs-project-logging-monitoring"]}},"module":{"outputs":{"members":{"expression":{"references":["module.helper.bindings_by_member","module.helper"]},"description":"Members which were bound to projects."},"projects":{"expression":{"references":["module.helper.bindings_by_member","module.helper"]},"depends_on":["google_project_iam_binding.project_iam_authoritative","google_project_iam_member.project_iam_additive"],"description":"Projects wich received bindings."},"roles":{"expression":{"references":["module.helper.bindings_by_member","module.helper"]},"description":"Roles which were assigned to members."}},"resources":[{"address":"google_project_iam_binding.project_iam_authoritative","mode":"managed","type":"google_project_iam_binding","name":"project_iam_authoritative","provider_config_key":"google","expressions":{"members":{"references":["module.helper.bindings_authoritative","module.helper","each.key"]},"project":{"references":["module.helper.bindings_authoritative","module.helper","each.key"]},"role":{"references":["module.helper.bindings_authoritative","module.helper","each.key"]}},"schema_version":0,"for_each_expression":{"references":["module.helper.set_authoritative","module.helper"]}},{"address":"google_project_iam_member.project_iam_additive","mode":"managed","type":"google_project_iam_member","name":"project_iam_additive","provider_config_key":"google","expressions":{"member":{"references":["module.helper.bindings_additive","module.helper","each.key"]},"project":{"references":["module.helper.bindings_additive","module.helper","each.key"]},"role":{"references":["module.helper.bindings_additive","module.helper","each.key"]}},"schema_version":0,"for_each_expression":{"references":["module.helper.set_additive","module.helper"]}}],"module_calls":{"helper":{"source":"../helper","expressions":{"bindings":{"references":["var.bindings"]},"conditional_bindings":{"references":["var.conditional_bindings"]},"entities":{"references":["var.projects"]},"mode":{"references":["var.mode"]}},"module":{"outputs":{"bindings_additive":{"expression":{"references":["local.bindings_additive"]},"description":"Map of additive bindings for entities. Unwinded by members."},"bindings_authoritative":{"expression":{"references":["local.bindings_authoritative"]},"description":"Map of authoritative bindings for entities. Unwinded by roles."},"bindings_by_member":{"expression":{"references":["local.bindings_by_member"]},"description":"List of bindings for entities unwinded by members."},"set_additive":{"expression":{"references":["local.set_additive"]},"description":"A set of additive binding keys (from bindings_additive) to be used in for_each. Unwinded by members."},"set_authoritative":{"expression":{"references":["local.set_authoritative"]},"description":"A set of authoritative binding keys (from bindings_authoritative) to be used in for_each. Unwinded by roles."}},"variables":{"bindings":{"default":{},"description":"Map of role (key) and list of members (value) to add the IAM policies/bindings"},"conditional_bindings":{"default":[],"description":"List of maps of role and respective conditions, and the members to add the IAM policies/bindings"},"entities":{"description":"Entities list to add the IAM policies/bindings"},"mode":{"default":"additive","description":"Mode for adding the IAM policies/bindings, additive and authoritative"}}}}},"variables":{"bindings":{"default":{},"description":"Map of role (key) and list of members (value) to add the IAM policies/bindings"},"conditional_bindings":{"default":[],"description":"List of maps of role and respective conditions, and the members to add the IAM policies/bindings"},"mode":{"default":"additive","description":"Mode for adding the IAM policies/bindings, additive and authoritative"},"projects":{"default":[],"description":"Projects list to add the IAM policies/bindings"}}},"version_constraint":"~\u003e 8.0"},"cs-projects-iam-9-bigquerydataViewer":{"source":"terraform-google-modules/iam/google//modules/projects_iam","expressions":{"bindings":{"constant_value":{"roles/bigquery.dataViewer":["group:gcp-security-admins@smartrentalstsv.com.au"]}},"projects":{"references":["module.cs-project-logging-monitoring.project_id","module.cs-project-logging-monitoring"]}},"module":{"outputs":{"members":{"expression":{"references":["module.helper.bindings_by_member","module.helper"]},"description":"Members which were bound to projects."},"projects":{"expression":{"references":["module.helper.bindings_by_member","module.helper"]},"depends_on":["google_project_iam_binding.project_iam_authoritative","google_project_iam_member.project_iam_additive"],"description":"Projects wich received bindings."},"roles":{"expression":{"references":["module.helper.bindings_by_member","module.helper"]},"description":"Roles which were assigned to members."}},"resources":[{"address":"google_project_iam_binding.project_iam_authoritative","mode":"managed","type":"google_project_iam_binding","name":"project_iam_authoritative","provider_config_key":"google","expressions":{"members":{"references":["module.helper.bindings_authoritative","module.helper","each.key"]},"project":{"references":["module.helper.bindings_authoritative","module.helper","each.key"]},"role":{"references":["module.helper.bindings_authoritative","module.helper","each.key"]}},"schema_version":0,"for_each_expression":{"references":["module.helper.set_authoritative","module.helper"]}},{"address":"google_project_iam_member.project_iam_additive","mode":"managed","type":"google_project_iam_member","name":"project_iam_additive","provider_config_key":"google","expressions":{"member":{"references":["module.helper.bindings_additive","module.helper","each.key"]},"project":{"references":["module.helper.bindings_additive","module.helper","each.key"]},"role":{"references":["module.helper.bindings_additive","module.helper","each.key"]}},"schema_version":0,"for_each_expression":{"references":["module.helper.set_additive","module.helper"]}}],"module_calls":{"helper":{"source":"../helper","expressions":{"bindings":{"references":["var.bindings"]},"conditional_bindings":{"references":["var.conditional_bindings"]},"entities":{"references":["var.projects"]},"mode":{"references":["var.mode"]}},"module":{"outputs":{"bindings_additive":{"expression":{"references":["local.bindings_additive"]},"description":"Map of additive bindings for entities. Unwinded by members."},"bindings_authoritative":{"expression":{"references":["local.bindings_authoritative"]},"description":"Map of authoritative bindings for entities. Unwinded by roles."},"bindings_by_member":{"expression":{"references":["local.bindings_by_member"]},"description":"List of bindings for entities unwinded by members."},"set_additive":{"expression":{"references":["local.set_additive"]},"description":"A set of additive binding keys (from bindings_additive) to be used in for_each. Unwinded by members."},"set_authoritative":{"expression":{"references":["local.set_authoritative"]},"description":"A set of authoritative binding keys (from bindings_authoritative) to be used in for_each. Unwinded by roles."}},"variables":{"bindings":{"default":{},"description":"Map of role (key) and list of members (value) to add the IAM policies/bindings"},"conditional_bindings":{"default":[],"description":"List of maps of role and respective conditions, and the members to add the IAM policies/bindings"},"entities":{"description":"Entities list to add the IAM policies/bindings"},"mode":{"default":"additive","description":"Mode for adding the IAM policies/bindings, additive and authoritative"}}}}},"variables":{"bindings":{"default":{},"description":"Map of role (key) and list of members (value) to add the IAM policies/bindings"},"conditional_bindings":{"default":[],"description":"List of maps of role and respective conditions, and the members to add the IAM policies/bindings"},"mode":{"default":"additive","description":"Mode for adding the IAM policies/bindings, additive and authoritative"},"projects":{"default":[],"description":"Projects list to add the IAM policies/bindings"}}},"version_constraint":"~\u003e 8.0"},"cs-projects-iam-9-pubsubviewer":{"source":"terraform-google-modules/iam/google//modules/projects_iam","expressions":{"bindings":{"constant_value":{"roles/pubsub.viewer":["group:gcp-security-admins@smartrentalstsv.com.au"]}},"projects":{"references":["module.cs-project-logging-monitoring.project_id","module.cs-project-logging-monitoring"]}},"module":{"outputs":{"members":{"expression":{"references":["module.helper.bindings_by_member","module.helper"]},"description":"Members which were bound to projects."},"projects":{"expression":{"references":["module.helper.bindings_by_member","module.helper"]},"depends_on":["google_project_iam_binding.project_iam_authoritative","google_project_iam_member.project_iam_additive"],"description":"Projects wich received bindings."},"roles":{"expression":{"references":["module.helper.bindings_by_member","module.helper"]},"description":"Roles which were assigned to members."}},"resources":[{"address":"google_project_iam_binding.project_iam_authoritative","mode":"managed","type":"google_project_iam_binding","name":"project_iam_authoritative","provider_config_key":"google","expressions":{"members":{"references":["module.helper.bindings_authoritative","module.helper","each.key"]},"project":{"references":["module.helper.bindings_authoritative","module.helper","each.key"]},"role":{"references":["module.helper.bindings_authoritative","module.helper","each.key"]}},"schema_version":0,"for_each_expression":{"references":["module.helper.set_authoritative","module.helper"]}},{"address":"google_project_iam_member.project_iam_additive","mode":"managed","type":"google_project_iam_member","name":"project_iam_additive","provider_config_key":"google","expressions":{"member":{"references":["module.helper.bindings_additive","module.helper","each.key"]},"project":{"references":["module.helper.bindings_additive","module.helper","each.key"]},"role":{"references":["module.helper.bindings_additive","module.helper","each.key"]}},"schema_version":0,"for_each_expression":{"references":["module.helper.set_additive","module.helper"]}}],"module_calls":{"helper":{"source":"../helper","expressions":{"bindings":{"references":["var.bindings"]},"conditional_bindings":{"references":["var.conditional_bindings"]},"entities":{"references":["var.projects"]},"mode":{"references":["var.mode"]}},"module":{"outputs":{"bindings_additive":{"expression":{"references":["local.bindings_additive"]},"description":"Map of additive bindings for entities. Unwinded by members."},"bindings_authoritative":{"expression":{"references":["local.bindings_authoritative"]},"description":"Map of authoritative bindings for entities. Unwinded by roles."},"bindings_by_member":{"expression":{"references":["local.bindings_by_member"]},"description":"List of bindings for entities unwinded by members."},"set_additive":{"expression":{"references":["local.set_additive"]},"description":"A set of additive binding keys (from bindings_additive) to be used in for_each. Unwinded by members."},"set_authoritative":{"expression":{"references":["local.set_authoritative"]},"description":"A set of authoritative binding keys (from bindings_authoritative) to be used in for_each. Unwinded by roles."}},"variables":{"bindings":{"default":{},"description":"Map of role (key) and list of members (value) to add the IAM policies/bindings"},"conditional_bindings":{"default":[],"description":"List of maps of role and respective conditions, and the members to add the IAM policies/bindings"},"entities":{"description":"Entities list to add the IAM policies/bindings"},"mode":{"default":"additive","description":"Mode for adding the IAM policies/bindings, additive and authoritative"}}}}},"variables":{"bindings":{"default":{},"description":"Map of role (key) and list of members (value) to add the IAM policies/bindings"},"conditional_bindings":{"default":[],"description":"List of maps of role and respective conditions, and the members to add the IAM policies/bindings"},"mode":{"default":"additive","description":"Mode for adding the IAM policies/bindings, additive and authoritative"},"projects":{"default":[],"description":"Projects list to add the IAM policies/bindings"}}},"version_constraint":"~\u003e 8.0"},"cs-svc-smart-rentals-prod-svc":{"source":"terraform-google-modules/project-factory/google//modules/svpc_service_project","expressions":{"activate_apis":{"constant_value":["compute.googleapis.com","run.googleapis.com","artifactregistry.googleapis.com","cloudbuild.googleapis.com"]},"billing_account":{"references":["var.billing_account"]},"domain":{"references":["data.google_organization.org.domain","data.google_organization.org"]},"folder_id":{"references":["local.folder_map[\"Operations/Production\"].id","local.folder_map[\"Operations/Production\"]","local.folder_map"]},"group_name":{"references":["module.cs-gg-operations-prod-service.name","module.cs-gg-operations-prod-service"]},"group_role":{"constant_value":"roles/viewer"},"name":{"constant_value":"smart-rentals-prod-service"},"org_id":{"references":["var.org_id"]},"project_id":{"constant_value":"smart-rentals-prod-svc"},"shared_vpc":{"references":["module.cs-vpc-prod-shared.project_id","module.cs-vpc-prod-shared"]},"shared_vpc_subnets":{"references":["module.cs-vpc-prod-shared.subnets[\"australia-southeast2/subnet-prod-2\"].self_link","module.cs-vpc-prod-shared.subnets[\"australia-southeast2/subnet-prod-2\"]","module.cs-vpc-prod-shared.subnets","module.cs-vpc-prod-shared"]}},"module":{"outputs":{"domain":{"expression":{"references":["module.gsuite_group.domain","module.gsuite_group"]},"description":"The organization's domain"},"group_email":{"expression":{"references":["module.gsuite_group.email","module.gsuite_group"]},"description":"The email of the G Suite group with group_name"},"project_bucket_self_link":{"expression":{"references":["module.project-factory.project_bucket_self_link","module.project-factory"]},"description":"Project's bucket selfLink"},"project_bucket_url":{"expression":{"references":["module.project-factory.project_bucket_url","module.project-factory"]},"description":"Project's bucket url"},"project_id":{"expression":{"references":["module.shared_vpc_access.project_id","module.shared_vpc_access"]},"description":"If provided, the project uses the given project ID. Mutually exclusive with random_project_id being true."},"project_name":{"expression":{"references":["module.project-factory.project_name","module.project-factory"]},"description":"The name for the project"},"project_number":{"expression":{"references":["module.project-factory.project_number","module.project-factory"]},"description":"The number for the project"},"service_account_display_name":{"expression":{"references":["module.project-factory.service_account_display_name","module.project-factory"]},"description":"The display name of the default service account"},"service_account_email":{"expression":{"references":["module.project-factory.service_account_email","module.project-factory"]},"description":"The email of the default service account"},"service_account_id":{"expression":{"references":["module.project-factory.service_account_id","module.project-factory"]},"description":"The id of the default service account"},"service_account_name":{"expression":{"references":["module.project-factory.service_account_name","module.project-factory"]},"description":"The fully-qualified name of the default service account"},"service_account_unique_id":{"expression":{"references":["module.project-factory.service_account_unique_id","module.project-factory"]},"description":"The unique id of the default service account"}},"module_calls":{"budget":{"source":"../budget","expressions":{"alert_pubsub_topic":{"references":["var.budget_alert_pubsub_topic"]},"alert_spent_percents":{"references":["var.budget_alert_spent_percents"]},"amount":{"references":["var.budget_amount"]},"billing_account":{"references":["var.billing_account"]},"create_budget":{"references":["var.budget_amount"]},"monitoring_notification_channels":{"references":["var.budget_monitoring_notification_channels"]},"projects":{"references":["module.project-factory.project_id","module.project-factory"]}},"module":{"outputs":{"name":{"expression":{"references":["google_billing_budget.budget","google_billing_budget.budget[0].name","google_billing_budget.budget[0]","google_billing_budget.budget"]},"description":"Resource name of the budget. Values are of the form `billingAccounts/{billingAccountId}/budgets/{budgetId}.`"}},"resources":[{"address":"google_billing_budget.budget","mode":"managed","type":"google_billing_budget","name":"budget","provider_config_key":"google","expressions":{"amount":[{"specified_amount":[{"units":{"references":["var.amount"]}}]}],"billing_account":{"references":["var.billing_account"]},"budget_filter":[{"calendar_period":{"references":["local.custom_period","var.calendar_period"]},"credit_types_treatment":{"references":["var.credit_types_treatment"]},"labels":{"references":["var.labels"]},"projects":{"references":["local.projects"]},"services":{"references":["local.services"]}}],"display_name":{"references":["local.display_name"]}},"schema_version":1,"count_expression":{"references":["var.create_budget"]}},{"address":"data.google_project.project","mode":"data","type":"google_project","name":"project","provider_config_key":"google","expressions":{"project_id":{"references":["var.projects","count.index"]}},"schema_version":0,"count_expression":{"references":["var.create_budget","var.projects"]},"depends_on":["var.projects"]}],"variables":{"alert_pubsub_topic":{"default":null,"description":"The name of the Cloud Pub/Sub topic where budget related messages will be published, in the form of `projects/{project_id}/topics/{topic_id}`"},"alert_spend_basis":{"default":"CURRENT_SPEND","description":"The type of basis used to determine if spend has passed the threshold"},"alert_spent_percents":{"default":[0.5,0.7,1],"description":"A list of percentages of the budget to alert on when threshold is exceeded"},"amount":{"description":"The amount to use as the budget"},"billing_account":{"description":"ID of the billing account to set a budget on"},"calendar_period":{"default":null,"description":"Specifies the calendar period for the budget. Possible values are MONTH, QUARTER, YEAR, CALENDAR_PERIOD_UNSPECIFIED, CUSTOM. custom_period_start_date and custom_period_end_date must be set if CUSTOM"},"create_budget":{"default":true,"description":"If the budget should be created"},"credit_types_treatment":{"default":"INCLUDE_ALL_CREDITS","description":"Specifies how credits should be treated when determining spend for threshold calculations"},"custom_period_end_date":{"default":null,"description":"Specifies the end date (DD-MM-YYYY) for the calendar_period CUSTOM"},"custom_period_start_date":{"default":null,"description":"Specifies the start date (DD-MM-YYYY) for the calendar_period CUSTOM"},"display_name":{"default":null,"description":"The display name of the budget. If not set defaults to `Budget For \u003cprojects[0]|All Projects\u003e` "},"labels":{"default":{},"description":"A single label and value pair specifying that usage from only this set of labeled resources should be included in the budget."},"monitoring_notification_channels":{"default":[],"description":"A list of monitoring notification channels in the form `[projects/{project_id}/notificationChannels/{channel_id}]`. A maximum of 5 channels are allowed."},"projects":{"description":"The project ids to include in this budget. If empty budget will include all projects"},"services":{"default":null,"description":"A list of services ids to be included in the budget. If omitted, all services will be included in the budget. Service ids can be found at https://cloud.google.com/skus/"}}}},"gsuite_group":{"source":"../gsuite_group","expressions":{"domain":{"references":["var.domain"]},"name":{"references":["var.group_name"]},"org_id":{"references":["var.org_id"]}},"module":{"outputs":{"domain":{"expression":{"references":["local.domain"]},"description":"The domain of the group's organization."},"email":{"expression":{"references":["local.email"]},"description":"The email address of the group."},"name":{"expression":{"references":["var.name"]},"description":"The username portion of the email address of the group."}},"resources":[{"address":"data.google_organization.org","mode":"data","type":"google_organization","name":"org","provider_config_key":"google","expressions":{"organization":{"references":["var.org_id"]}},"schema_version":0,"count_expression":{"references":["var.domain","var.name"]}}],"variables":{"domain":{"default":"","description":"The domain name"},"name":{"default":"","description":"The name of the group."},"org_id":{"default":null,"description":"The organization ID."}}}},"project-factory":{"source":"../core_project_factory","expressions":{"activate_api_identities":{"references":["var.activate_api_identities"]},"activate_apis":{"references":["var.activate_apis"]},"auto_create_network":{"references":["var.auto_create_network"]},"billing_account":{"references":["var.billing_account"]},"bucket_location":{"references":["var.bucket_location"]},"bucket_name":{"references":["var.bucket_name"]},"bucket_project":{"references":["var.bucket_project"]},"bucket_versioning":{"references":["var.bucket_versioning"]},"create_project_sa":{"references":["var.create_project_sa"]},"default_network_tier":{"references":["var.default_network_tier"]},"default_service_account":{"references":["var.default_service_account"]},"deletion_policy":{"references":["var.deletion_policy"]},"disable_dependent_services":{"references":["var.disable_dependent_services"]},"disable_services_on_destroy":{"references":["var.disable_services_on_destroy"]},"enable_shared_vpc_service_project":{"constant_value":true},"folder_id":{"references":["var.folder_id"]},"grant_network_role":{"references":["var.grant_network_role"]},"group_email":{"references":["module.gsuite_group.email","module.gsuite_group"]},"group_role":{"references":["var.group_role"]},"labels":{"references":["var.labels"]},"lien":{"references":["var.lien"]},"manage_group":{"references":["var.group_name"]},"name":{"references":["var.name"]},"org_id":{"references":["var.org_id"]},"project_id":{"references":["var.project_id"]},"project_sa_name":{"references":["var.project_sa_name"]},"random_project_id":{"references":["var.random_project_id"]},"sa_role":{"references":["var.sa_role"]},"shared_vpc":{"references":["var.shared_vpc"]},"shared_vpc_subnets":{"references":["var.shared_vpc_subnets"]},"usage_bucket_name":{"references":["var.usage_bucket_name"]},"usage_bucket_prefix":{"references":["var.usage_bucket_prefix"]}},"module":{"outputs":{"api_s_account":{"expression":{"references":["local.api_s_account"]},"description":"API service account email"},"api_s_account_fmt":{"expression":{"references":["local.api_s_account_fmt"]},"description":"API service account email formatted for terraform use"},"enabled_api_identities":{"expression":{"references":["module.project_services.enabled_api_identities","module.project_services"]},"description":"Enabled API identities in the project"},"enabled_apis":{"expression":{"references":["module.project_services.enabled_apis","module.project_services"]},"description":"Enabled APIs in the project"},"project_bucket_name":{"expression":{"references":["google_storage_bucket.project_bucket"]},"description":"The name of the projec's bucket"},"project_bucket_self_link":{"expression":{"references":["google_storage_bucket.project_bucket"]},"description":"Project's bucket selfLink"},"project_bucket_url":{"expression":{"references":["google_storage_bucket.project_bucket"]},"description":"Project's bucket url"},"project_id":{"expression":{"references":["module.project_services.project_id","module.project_services"]},"depends_on":["module.project_services","google_project.main","google_compute_shared_vpc_service_project.shared_vpc_attachment","google_compute_shared_vpc_host_project.shared_vpc_host"],"description":"ID of the project"},"project_name":{"expression":{"references":["google_project.main.name","google_project.main"]},"description":"Name of the project"},"project_number":{"expression":{"references":["google_project.main.number","google_project.main"]},"depends_on":["module.project_services"],"description":"Numeric identifier for the project"},"service_account_display_name":{"expression":{"references":["var.create_project_sa","google_service_account.default_service_account[0].display_name","google_service_account.default_service_account[0]","google_service_account.default_service_account"]},"description":"The display name of the default service account"},"service_account_email":{"expression":{"references":["var.create_project_sa","google_service_account.default_service_account[0].email","google_service_account.default_service_account[0]","google_service_account.default_service_account"]},"description":"The email of the default service account"},"service_account_id":{"expression":{"references":["var.create_project_sa","google_service_account.default_service_account[0].account_id","google_service_account.default_service_account[0]","google_service_account.default_service_account"]},"description":"The id of the default service account"},"service_account_name":{"expression":{"references":["var.create_project_sa","google_service_account.default_service_account[0].name","google_service_account.default_service_account[0]","google_service_account.default_service_account"]},"description":"The fully-qualified name of the default service account"},"service_account_unique_id":{"expression":{"references":["var.create_project_sa","google_service_account.default_service_account[0].unique_id","google_service_account.default_service_account[0]","google_service_account.default_service_account"]},"description":"The unique id of the default service account"},"tag_bindings":{"expression":{"references":["google_tags_tag_binding.bindings"]},"description":"Tag bindings"},"usage_report_export_bucket":{"expression":{"references":["google_project_usage_export_bucket.usage_report_export[0]","google_project_usage_export_bucket.usage_report_export"]},"description":"GCE usage reports bucket"}},"resources":[{"address":"google_access_context_manager_service_perimeter_dry_run_resource.service_perimeter_attachment_dry_run","mode":"managed","type":"google_access_context_manager_service_perimeter_dry_run_resource","name":"service_perimeter_attachment_dry_run","provider_config_key":"google","expressions":{"perimeter_name":{"references":["var.vpc_service_control_perimeter_name"]},"resource":{"references":["google_project.main.number","google_project.main"]}},"schema_version":0,"count_expression":{"references":["var.vpc_service_control_attach_dry_run","var.vpc_service_control_attach_enabled"]},"depends_on":["google_service_account.default_service_account"]},{"address":"google_access_context_manager_service_perimeter_resource.service_perimeter_attachment","mode":"managed","type":"google_access_context_manager_service_perimeter_resource","name":"service_perimeter_attachment","provider_config_key":"google","expressions":{"perimeter_name":{"references":["var.vpc_service_control_perimeter_name"]},"resource":{"references":["google_project.main.number","google_project.main"]}},"schema_version":0,"count_expression":{"references":["var.vpc_service_control_attach_enabled"]},"depends_on":["google_service_account.default_service_account"]},{"address":"google_compute_project_cloud_armor_tier.cloud_armor_tier_config","mode":"managed","type":"google_compute_project_cloud_armor_tier","name":"cloud_armor_tier_config","provider_config_key":"google","expressions":{"cloud_armor_tier":{"references":["var.cloud_armor_tier"]},"project":{"references":["var.project_id"]}},"schema_version":0,"count_expression":{"references":["var.cloud_armor_tier"]}},{"address":"google_compute_project_default_network_tier.default","mode":"managed","type":"google_compute_project_default_network_tier","name":"default","provider_config_key":"google","expressions":{"network_tier":{"references":["var.default_network_tier"]},"project":{"references":["google_project.main.number","google_project.main"]}},"schema_version":0,"count_expression":{"references":["var.default_network_tier"]}},{"address":"google_compute_shared_vpc_host_project.shared_vpc_host","mode":"managed","type":"google_compute_shared_vpc_host_project","name":"shared_vpc_host","provider_config_key":"google-beta","expressions":{"project":{"references":["google_project.main.project_id","google_project.main"]}},"schema_version":0,"count_expression":{"references":["var.enable_shared_vpc_host_project"]},"depends_on":["module.project_services"]},{"address":"google_compute_shared_vpc_service_project.shared_vpc_attachment","mode":"managed","type":"google_compute_shared_vpc_service_project","name":"shared_vpc_attachment","provider_config_key":"google-beta","expressions":{"host_project":{"references":["var.shared_vpc"]},"service_project":{"references":["google_project.main.project_id","google_project.main"]}},"schema_version":0,"count_expression":{"references":["var.enable_shared_vpc_service_project"]},"depends_on":["time_sleep.wait_5_seconds[0]","module.project_services"]},{"address":"google_compute_subnetwork_iam_member.apis_service_account_role_to_vpc_subnets","mode":"managed","type":"google_compute_subnetwork_iam_member","name":"apis_service_account_role_to_vpc_subnets","provider_config_key":"google-beta","expressions":{"member":{"references":["local.api_s_account_fmt"]},"project":{"references":["var.shared_vpc"]},"region":{"references":["var.shared_vpc_subnets","count.index","var.shared_vpc_subnets","count.index"]},"role":{"constant_value":"roles/compute.networkUser"},"subnetwork":{"references":["var.shared_vpc_subnets","count.index","var.shared_vpc_subnets","count.index"]}},"schema_version":0,"count_expression":{"references":["var.grant_network_role","var.enable_shared_vpc_service_project","var.shared_vpc_subnets","var.shared_vpc_subnets"]},"depends_on":["module.project_services"]},{"address":"google_compute_subnetwork_iam_member.group_role_to_vpc_subnets","mode":"managed","type":"google_compute_subnetwork_iam_member","name":"group_role_to_vpc_subnets","provider_config_key":"google-beta","expressions":{"member":{"references":["local.group_id"]},"project":{"references":["var.shared_vpc"]},"region":{"references":["var.shared_vpc_subnets","count.index","var.shared_vpc_subnets","count.index"]},"role":{"constant_value":"roles/compute.networkUser"},"subnetwork":{"references":["var.shared_vpc_subnets","count.index","var.shared_vpc_subnets","count.index"]}},"schema_version":0,"count_expression":{"references":["var.grant_network_role","var.enable_shared_vpc_service_project","var.shared_vpc_subnets","var.manage_group","var.shared_vpc_subnets"]}},{"address":"google_compute_subnetwork_iam_member.service_account_role_to_vpc_subnets","mode":"managed","type":"google_compute_subnetwork_iam_member","name":"service_account_role_to_vpc_subnets","provider_config_key":"google-beta","expressions":{"member":{"references":["local.s_account_fmt"]},"project":{"references":["var.shared_vpc"]},"region":{"references":["var.shared_vpc_subnets","count.index","var.shared_vpc_subnets","count.index"]},"role":{"constant_value":"roles/compute.networkUser"},"subnetwork":{"references":["var.shared_vpc_subnets","count.index","var.shared_vpc_subnets","count.index"]}},"schema_version":0,"count_expression":{"references":["var.grant_network_role","var.enable_shared_vpc_service_project","var.shared_vpc_subnets","var.create_project_sa","var.shared_vpc_subnets"]}},{"address":"google_project.main","mode":"managed","type":"google_project","name":"main","provider_config_key":"google","expressions":{"auto_create_network":{"references":["var.auto_create_network"]},"billing_account":{"references":["var.billing_account"]},"deletion_policy":{"references":["var.deletion_policy"]},"folder_id":{"references":["local.project_folder_id"]},"labels":{"references":["var.labels"]},"name":{"references":["var.name"]},"org_id":{"references":["local.project_org_id"]},"project_id":{"references":["local.temp_project_id"]}},"schema_version":1},{"address":"google_project_default_service_accounts.default_service_accounts","mode":"managed","type":"google_project_default_service_accounts","name":"default_service_accounts","provider_config_key":"google","expressions":{"action":{"references":["var.default_service_account"]},"project":{"references":["google_project.main.project_id","google_project.main"]},"restore_policy":{"constant_value":"REVERT_AND_IGNORE_FAILURE"}},"schema_version":0,"count_expression":{"references":["var.default_service_account"]},"depends_on":["module.project_services"]},{"address":"google_project_iam_member.controlling_group_vpc_membership","mode":"managed","type":"google_project_iam_member","name":"controlling_group_vpc_membership","provider_config_key":"google","expressions":{"member":{"references":["local.shared_vpc_users","count.index"]},"project":{"references":["var.shared_vpc"]},"role":{"constant_value":"roles/compute.networkUser"}},"schema_version":0,"count_expression":{"references":["var.grant_network_role","var.enable_shared_vpc_service_project","var.shared_vpc_subnets","local.shared_vpc_users_length"]},"depends_on":["module.project_services"]},{"address":"google_project_iam_member.default_service_account_membership","mode":"managed","type":"google_project_iam_member","name":"default_service_account_membership","provider_config_key":"google","expressions":{"member":{"references":["local.s_account_fmt"]},"project":{"references":["google_project.main.project_id","google_project.main"]},"role":{"references":["var.sa_role"]}},"schema_version":0,"count_expression":{"references":["var.sa_role","var.create_project_sa"]}},{"address":"google_project_iam_member.gsuite_group_role","mode":"managed","type":"google_project_iam_member","name":"gsuite_group_role","provider_config_key":"google","expressions":{"member":{"references":["local.group_id"]},"project":{"references":["google_project.main.project_id","google_project.main"]},"role":{"references":["var.group_role"]}},"schema_version":0,"count_expression":{"references":["var.manage_group"]}},{"address":"google_project_service.enable_access_context_manager","mode":"managed","type":"google_project_service","name":"enable_access_context_manager","provider_config_key":"google","expressions":{"project":{"references":["google_project.main.number","google_project.main"]},"service":{"constant_value":"accesscontextmanager.googleapis.com"}},"schema_version":0,"count_expression":{"references":["var.vpc_service_control_attach_enabled","var.vpc_service_control_attach_dry_run"]}},{"address":"google_project_usage_export_bucket.usage_report_export","mode":"managed","type":"google_project_usage_export_bucket","name":"usage_report_export","provider_config_key":"google","expressions":{"bucket_name":{"references":["var.usage_bucket_name"]},"prefix":{"references":["var.usage_bucket_prefix","var.usage_bucket_prefix","google_project.main.project_id","google_project.main"]},"project":{"references":["google_project.main.project_id","google_project.main"]}},"schema_version":0,"count_expression":{"references":["var.usage_bucket_name"]},"depends_on":["module.project_services"]},{"address":"google_resource_manager_lien.lien","mode":"managed","type":"google_resource_manager_lien","name":"lien","provider_config_key":"google","expressions":{"origin":{"constant_value":"project-factory"},"parent":{"references":["google_project.main.number","google_project.main"]},"reason":{"constant_value":"Project Factory lien"},"restrictions":{"constant_value":["resourcemanager.projects.delete"]}},"schema_version":0,"count_expression":{"references":["var.lien"]}},{"address":"google_service_account.default_service_account","mode":"managed","type":"google_service_account","name":"default_service_account","provider_config_key":"google","expressions":{"account_id":{"references":["var.project_sa_name"]},"create_ignore_already_exists":{"constant_value":true},"description":{"references":["var.project_sa_description"]},"display_name":{"references":["var.name"]},"project":{"references":["google_project.main.project_id","google_project.main"]}},"schema_version":0,"count_expression":{"references":["var.create_project_sa"]}},{"address":"google_service_account_iam_member.service_account_grant_to_group","mode":"managed","type":"google_service_account_iam_member","name":"service_account_grant_to_group","provider_config_key":"google","expressions":{"member":{"references":["local.group_id"]},"role":{"constant_value":"roles/iam.serviceAccountUser"},"service_account_id":{"references":["google_project.main.project_id","google_project.main","google_service_account.default_service_account[0].email","google_service_account.default_service_account[0]","google_service_account.default_service_account"]}},"schema_version":0,"count_expression":{"references":["var.manage_group","var.create_project_sa"]}},{"address":"google_storage_bucket.project_bucket","mode":"managed","type":"google_storage_bucket","name":"project_bucket","provider_config_key":"google-beta","expressions":{"force_destroy":{"references":["var.bucket_force_destroy"]},"labels":{"references":["var.bucket_labels"]},"location":{"references":["var.bucket_location"]},"name":{"references":["local.project_bucket_name"]},"project":{"references":["var.bucket_project","local.base_project_id","google_project.main.project_id","google_project.main","var.bucket_project"]},"public_access_prevention":{"references":["var.bucket_pap"]},"uniform_bucket_level_access":{"references":["var.bucket_ula"]},"versioning":[{"enabled":{"references":["var.bucket_versioning"]}}]},"schema_version":3,"count_expression":{"references":["local.create_bucket"]}},{"address":"google_storage_bucket_iam_member.api_s_account_storage_admin_on_project_bucket","mode":"managed","type":"google_storage_bucket_iam_member","name":"api_s_account_storage_admin_on_project_bucket","provider_config_key":"google","expressions":{"bucket":{"references":["google_storage_bucket.project_bucket[0].name","google_storage_bucket.project_bucket[0]","google_storage_bucket.project_bucket"]},"member":{"references":["local.api_s_account_fmt"]},"role":{"constant_value":"roles/storage.admin"}},"schema_version":0,"count_expression":{"references":["local.create_bucket"]},"depends_on":["module.project_services"]},{"address":"google_storage_bucket_iam_member.group_storage_admin_on_project_bucket","mode":"managed","type":"google_storage_bucket_iam_member","name":"group_storage_admin_on_project_bucket","provider_config_key":"google","expressions":{"bucket":{"references":["google_storage_bucket.project_bucket[0].name","google_storage_bucket.project_bucket[0]","google_storage_bucket.project_bucket"]},"member":{"references":["local.group_id"]},"role":{"constant_value":"roles/storage.admin"}},"schema_version":0,"count_expression":{"references":["local.create_bucket","var.manage_group"]}},{"address":"google_storage_bucket_iam_member.s_account_storage_admin_on_project_bucket","mode":"managed","type":"google_storage_bucket_iam_member","name":"s_account_storage_admin_on_project_bucket","provider_config_key":"google","expressions":{"bucket":{"references":["google_storage_bucket.project_bucket[0].name","google_storage_bucket.project_bucket[0]","google_storage_bucket.project_bucket"]},"member":{"references":["local.s_account_fmt"]},"role":{"constant_value":"roles/storage.admin"}},"schema_version":0,"count_expression":{"references":["local.create_bucket","var.create_project_sa"]}},{"address":"google_tags_tag_binding.bindings","mode":"managed","type":"google_tags_tag_binding","name":"bindings","provider_config_key":"google","expressions":{"parent":{"references":["google_project.main.number","google_project.main"]},"tag_value":{"references":["each.value"]}},"schema_version":0,"for_each_expression":{"references":["var.tag_binding_values"]}},{"address":"random_id.random_project_id_suffix","mode":"managed","type":"random_id","name":"random_project_id_suffix","provider_config_key":"module.cs-svc-smart-rentals-prod-svc.module.project-factory:random","expressions":{"byte_length":{"constant_value":2}},"schema_version":0},{"address":"random_string.random_project_id_suffix","mode":"managed","type":"random_string","name":"random_project_id_suffix","provider_config_key":"module.cs-svc-smart-rentals-prod-svc.module.project-factory:random","expressions":{"length":{"references":["var.random_project_id_length"]},"special":{"constant_value":false},"upper":{"constant_value":false}},"schema_version":2,"count_expression":{"references":["local.use_random_string"]}},{"address":"time_sleep.wait_5_seconds","mode":"managed","type":"time_sleep","name":"wait_5_seconds","provider_config_key":"module.cs-svc-smart-rentals-prod-svc.module.project-factory:time","expressions":{"create_duration":{"references":["var.vpc_service_control_sleep_duration"]}},"schema_version":0,"count_expression":{"references":["var.vpc_service_control_attach_enabled","var.vpc_service_control_attach_dry_run"]},"depends_on":["google_access_context_manager_service_perimeter_resource.service_perimeter_attachment[0]","google_project_service.enable_access_context_manager[0]"]}],"module_calls":{"project_services":{"source":"../project_services","expressions":{"activate_api_identities":{"references":["var.activate_api_identities"]},"activate_apis":{"references":["local.activate_apis"]},"disable_dependent_services":{"references":["var.disable_dependent_services"]},"disable_services_on_destroy":{"references":["var.disable_services_on_destroy"]},"project_id":{"references":["google_project.main.project_id","google_project.main"]}},"module":{"outputs":{"enabled_api_identities":{"expression":{"references":["google_project_service_identity.project_service_identities"]},"description":"Enabled API identities in the project"},"enabled_apis":{"expression":{"references":["google_project_service.project_services"]},"description":"Enabled APIs in the project"},"project_id":{"expression":{"references":["google_project_service.project_services","var.project_id"]},"description":"The GCP project you want to enable APIs on"}},"resources":[{"address":"google_project_iam_member.project_service_identity_roles","mode":"managed","type":"google_project_iam_member","name":"project_service_identity_roles","provider_config_key":"google","expressions":{"member":{"references":["each.value.email","each.value"]},"project":{"references":["var.project_id"]},"role":{"references":["each.value.role","each.value"]}},"schema_version":0,"for_each_expression":{"references":["local.add_service_roles"]}},{"address":"google_project_service.project_services","mode":"managed","type":"google_project_service","name":"project_services","provider_config_key":"google","expressions":{"disable_dependent_services":{"references":["var.disable_dependent_services"]},"disable_on_destroy":{"references":["var.disable_services_on_destroy"]},"project":{"references":["var.project_id"]},"service":{"references":["each.value"]}},"schema_version":0,"for_each_expression":{"references":["local.services"]}},{"address":"google_project_service_identity.project_service_identities","mode":"managed","type":"google_project_service_identity","name":"project_service_identities","provider_config_key":"google-beta","expressions":{"project":{"references":["var.project_id"]},"service":{"references":["each.value.api","each.value"]}},"schema_version":0,"for_each_expression":{"references":["var.activate_api_identities"]}},{"address":"data.google_compute_default_service_account.default","mode":"data","type":"google_compute_default_service_account","name":"default","provider_config_key":"google","expressions":{"project":{"references":["var.project_id"]}},"schema_version":0,"count_expression":{"references":["local.activate_compute_identity"]}}],"variables":{"activate_api_identities":{"default":[],"description":"    The list of service identities (Google Managed service account for the API) to force-create for the project (e.g. in order to grant additional roles).\n    APIs in this list will automatically be appended to `activate_apis`.\n    Not including the API in this list will follow the default behaviour for identity creation (which is usually when the first resource using the API is created).\n    Any roles (e.g. service agent role) must be explicitly listed. See https://cloud.google.com/iam/docs/understanding-roles#service-agent-roles-roles for a list of related roles.\n"},"activate_apis":{"default":[],"description":"The list of apis to activate within the project"},"disable_dependent_services":{"default":true,"description":"Whether services that are enabled and which depend on this service should also be disabled when this service is destroyed. https://www.terraform.io/docs/providers/google/r/google_project_service.html#disable_dependent_services"},"disable_services_on_destroy":{"default":true,"description":"Whether project services will be disabled when the resources are destroyed. https://www.terraform.io/docs/providers/google/r/google_project_service.html#disable_on_destroy"},"enable_apis":{"default":true,"description":"Whether to actually enable the APIs. If false, this module is a no-op."},"project_id":{"description":"The GCP project you want to enable APIs on"}}}}},"variables":{"activate_api_identities":{"default":[],"description":"    The list of service identities (Google Managed service account for the API) to force-create for the project (e.g. in order to grant additional roles).\n    APIs in this list will automatically be appended to `activate_apis`. Use for services supported by `gcloud beta services identity create`\n    Not including the API in this list will follow the default behaviour for identity creation (which is usually when the first resource using the API is created).\n    Any roles (e.g. service agent role) must be explicitly listed. See https://cloud.google.com/iam/docs/understanding-roles#service-agent-roles-roles for a list of related roles.\n"},"activate_apis":{"default":["compute.googleapis.com"],"description":"The list of apis to activate within the project"},"auto_create_network":{"default":false,"description":"Create the default network"},"billing_account":{"description":"The ID of the billing account to associate this project with"},"bucket_force_destroy":{"default":false,"description":"Force the deletion of all objects within the GCS bucket when deleting the bucket (optional)"},"bucket_labels":{"default":{},"description":" A map of key/value label pairs to assign to the bucket (optional)"},"bucket_location":{"default":"US","description":"The location for a GCS bucket to create (optional)"},"bucket_name":{"default":"","description":"A name for a GCS bucket to create (in the bucket_project project), useful for Terraform state (optional)"},"bucket_pap":{"default":"inherited","description":"Enable Public Access Prevention. Possible values are \"enforced\" or \"inherited\"."},"bucket_project":{"default":"","description":"A project to create a GCS bucket (bucket_name) in, useful for Terraform state (optional)"},"bucket_ula":{"default":true,"description":"Enable Uniform Bucket Level Access"},"bucket_versioning":{"default":false,"description":"Enable versioning for a GCS bucket to create (optional)"},"cloud_armor_tier":{"default":null,"description":"Managed protection tier to be set. Possible values are: CA_STANDARD, CA_ENTERPRISE_PAYGO"},"create_project_sa":{"default":true,"description":"Whether the default service account for the project shall be created"},"default_network_tier":{"default":"","description":"Default Network Service Tier for resources created in this project. If unset, the value will not be modified. See https://cloud.google.com/network-tiers/docs/using-network-service-tiers and https://cloud.google.com/network-tiers."},"default_service_account":{"default":"disable","description":"Project default service account setting: can be one of `delete`, `deprivilege`, `disable`, or `keep`."},"deletion_policy":{"default":"PREVENT","description":"The deletion policy for the project."},"disable_dependent_services":{"default":true,"description":"Whether services that are enabled and which depend on this service should also be disabled when this service is destroyed."},"disable_services_on_destroy":{"default":true,"description":"Whether project services will be disabled when the resources are destroyed"},"enable_shared_vpc_host_project":{"default":false,"description":"If this project is a shared VPC host project. If true, you must *not* set shared_vpc variable. Default is false."},"enable_shared_vpc_service_project":{"description":"If this project should be attached to a shared VPC. If true, you must set shared_vpc variable."},"folder_id":{"default":"","description":"The ID of a folder to host this project"},"grant_network_role":{"default":true,"description":"Whether or not to grant networkUser role on the host project/subnets"},"group_email":{"default":"","description":"The email address of a group to control the project by being assigned group_role."},"group_role":{"default":"","description":"The role to give the controlling group (group_name) over the project."},"labels":{"default":{},"description":"Map of labels for project"},"lien":{"default":false,"description":"Add a lien on the project to prevent accidental deletion"},"manage_group":{"default":false,"description":"A toggle to indicate if a G Suite group should be managed."},"name":{"description":"The name for the project"},"org_id":{"default":null,"description":"The organization ID."},"project_id":{"default":"","description":"The ID to give the project. If not provided, the `name` will be used."},"project_sa_description":{"default":null,"description":"Description to set for the project default service account."},"project_sa_name":{"default":"project-service-account","description":"Default service account name for the project."},"random_project_id":{"default":false,"description":"Adds a suffix of 4 random characters to the `project_id`."},"random_project_id_length":{"default":null,"description":"Sets the length of `random_project_id` to the provided length, and uses a `random_string` for a larger collusion domain.  Recommended for use with CI."},"sa_role":{"default":"","description":"A role to give the default Service Account for the project (defaults to none)"},"shared_vpc":{"default":"","description":"The ID of the host project which hosts the shared VPC"},"shared_vpc_subnets":{"default":[],"description":"List of subnets fully qualified subnet IDs (ie. projects/$project_id/regions/$region/subnetworks/$subnet_id)"},"tag_binding_values":{"default":[],"description":"Tag values to bind the project to."},"usage_bucket_name":{"default":"","description":"Name of a GCS bucket to store GCE usage reports in (optional)"},"usage_bucket_prefix":{"default":"","description":"Prefix in the GCS bucket to store GCE usage reports in (optional)"},"vpc_service_control_attach_dry_run":{"default":false,"description":"Whether the project will be attached to a VPC Service Control Perimeter in Dry Run Mode. vpc_service_control_attach_enabled should be false for this to be true"},"vpc_service_control_attach_enabled":{"default":false,"description":"Whether the project will be attached to a VPC Service Control Perimeter in ENFORCED MODE. vpc_service_control_attach_dry_run should be false for this to be true"},"vpc_service_control_perimeter_name":{"default":null,"description":"The name of a VPC Service Control Perimeter to add the created project to"},"vpc_service_control_sleep_duration":{"default":"5s","description":"The duration to sleep in seconds before adding the project to a shared VPC after the project is added to the VPC Service Control Perimeter. VPC-SC is eventually consistent."}}}},"shared_vpc_access":{"source":"../shared_vpc_access","expressions":{"active_apis":{"references":["var.activate_apis","var.activate_api_identities"]},"enable_shared_vpc_service_project":{"constant_value":true},"grant_network_role":{"references":["var.grant_network_role"]},"grant_services_security_admin_role":{"references":["var.grant_services_security_admin_role"]},"host_project_id":{"references":["var.shared_vpc"]},"lookup_project_numbers":{"constant_value":false},"service_project_id":{"references":["module.project-factory.project_id","module.project-factory"]},"service_project_number":{"references":["module.project-factory.project_number","module.project-factory"]},"shared_vpc_subnets":{"references":["var.shared_vpc_subnets"]}},"module":{"outputs":{"active_api_service_accounts":{"expression":{"references":["local.active_apis"]},"description":"List of active API service accounts in the service project."},"project_id":{"expression":{"references":["var.service_project_id"]},"depends_on":["google_compute_subnetwork_iam_member.service_shared_vpc_subnet_users","google_project_iam_member.gke_host_agent","google_project_iam_member.service_shared_vpc_user"],"description":"Service project ID."}},"resources":[{"address":"google_compute_subnetwork_iam_member.cloudservices_shared_vpc_subnet_users","mode":"managed","type":"google_compute_subnetwork_iam_member","name":"cloudservices_shared_vpc_subnet_users","provider_config_key":"google-beta","expressions":{"member":{"references":["local.service_project_number"]},"project":{"references":["var.host_project_id"]},"region":{"references":["local.subnetwork_api","count.index","local.subnetwork_api","count.index"]},"role":{"constant_value":"roles/compute.networkUser"},"subnetwork":{"references":["local.subnetwork_api","count.index","local.subnetwork_api","count.index"]}},"schema_version":0,"count_expression":{"references":["local.gke_shared_vpc_enabled","var.enable_shared_vpc_service_project","var.grant_network_role","local.subnetwork_api"]}},{"address":"google_compute_subnetwork_iam_member.service_shared_vpc_subnet_users","mode":"managed","type":"google_compute_subnetwork_iam_member","name":"service_shared_vpc_subnet_users","provider_config_key":"google-beta","expressions":{"member":{"references":["local.apis","local.subnetwork_api","count.index"]},"project":{"references":["var.host_project_id"]},"region":{"references":["local.subnetwork_api","count.index","local.subnetwork_api","count.index"]},"role":{"references":["local.apis","local.subnetwork_api","count.index"]},"subnetwork":{"references":["local.subnetwork_api","count.index","local.subnetwork_api","count.index"]}},"schema_version":0,"count_expression":{"references":["var.grant_network_role","local.subnetwork_api"]}},{"address":"google_project_iam_member.cloudrun_network_viewer","mode":"managed","type":"google_project_iam_member","name":"cloudrun_network_viewer","provider_config_key":"google","expressions":{"member":{"references":["local.apis[\"run.googleapis.com\"].service_account","local.apis[\"run.googleapis.com\"]","local.apis"]},"project":{"references":["var.host_project_id"]},"role":{"constant_value":"roles/compute.networkViewer"}},"schema_version":0,"count_expression":{"references":["var.shared_vpc_subnets","local.cloudrun_shared_vpc_enabled","var.enable_shared_vpc_service_project","var.grant_network_role"]}},{"address":"google_project_iam_member.composer_host_agent","mode":"managed","type":"google_project_iam_member","name":"composer_host_agent","provider_config_key":"google","expressions":{"member":{"references":["local.apis[\"composer.googleapis.com\"].service_account","local.apis[\"composer.googleapis.com\"]","local.apis"]},"project":{"references":["var.host_project_id"]},"role":{"constant_value":"roles/composer.sharedVpcAgent"}},"schema_version":0,"count_expression":{"references":["local.composer_shared_vpc_enabled","var.enable_shared_vpc_service_project","var.grant_network_role"]}},{"address":"google_project_iam_member.datasfusion_network_viewer","mode":"managed","type":"google_project_iam_member","name":"datasfusion_network_viewer","provider_config_key":"google","expressions":{"member":{"references":["local.apis[\"datafusion.googleapis.com\"].service_account","local.apis[\"datafusion.googleapis.com\"]","local.apis"]},"project":{"references":["var.host_project_id"]},"role":{"constant_value":"roles/compute.networkViewer"}},"schema_version":0,"count_expression":{"references":["local.datafusion_shared_vpc_enabled","var.enable_shared_vpc_service_project","var.grant_network_role"]}},{"address":"google_project_iam_member.datastream_network_admin","mode":"managed","type":"google_project_iam_member","name":"datastream_network_admin","provider_config_key":"google","expressions":{"member":{"references":["local.apis[\"datastream.googleapis.com\"].service_account","local.apis[\"datastream.googleapis.com\"]","local.apis"]},"project":{"references":["var.host_project_id"]},"role":{"constant_value":"roles/compute.networkAdmin"}},"schema_version":0,"count_expression":{"references":["local.datastream_shared_vpc_enabled","var.enable_shared_vpc_service_project","var.grant_services_network_admin_role"]}},{"address":"google_project_iam_member.gke_host_agent","mode":"managed","type":"google_project_iam_member","name":"gke_host_agent","provider_config_key":"google","expressions":{"member":{"references":["local.apis[\"container.googleapis.com\"].service_account","local.apis[\"container.googleapis.com\"]","local.apis"]},"project":{"references":["var.host_project_id"]},"role":{"constant_value":"roles/container.hostServiceAgentUser"}},"schema_version":0,"count_expression":{"references":["local.gke_shared_vpc_enabled","var.enable_shared_vpc_service_project","var.grant_network_role"]}},{"address":"google_project_iam_member.gke_security_admin","mode":"managed","type":"google_project_iam_member","name":"gke_security_admin","provider_config_key":"google","expressions":{"member":{"references":["local.apis[\"container.googleapis.com\"].service_account","local.apis[\"container.googleapis.com\"]","local.apis"]},"project":{"references":["var.host_project_id"]},"role":{"constant_value":"roles/compute.securityAdmin"}},"schema_version":0,"count_expression":{"references":["local.gke_shared_vpc_enabled","var.enable_shared_vpc_service_project","var.grant_services_security_admin_role"]}},{"address":"google_project_iam_member.managed_kafka_service_agent","mode":"managed","type":"google_project_iam_member","name":"managed_kafka_service_agent","provider_config_key":"google","expressions":{"member":{"references":["local.service_project_number"]},"project":{"references":["var.host_project_id"]},"role":{"constant_value":"roles/managedkafka.serviceAgent"}},"schema_version":0,"count_expression":{"references":["local.managedkafka_shared_vpc_enabled","var.enable_shared_vpc_service_project","var.grant_network_role"]}},{"address":"google_project_iam_member.service_shared_vpc_user","mode":"managed","type":"google_project_iam_member","name":"service_shared_vpc_user","provider_config_key":"google","expressions":{"member":{"references":["local.apis","each.value"]},"project":{"references":["var.host_project_id"]},"role":{"references":["local.apis","each.value"]}},"schema_version":0,"for_each_expression":{"references":["var.shared_vpc_subnets","var.enable_shared_vpc_service_project","var.grant_network_role","local.active_apis"]}},{"address":"data.google_project.service_project","mode":"data","type":"google_project","name":"service_project","provider_config_key":"google","expressions":{"project_id":{"references":["var.service_project_id"]}},"schema_version":0,"count_expression":{"references":["var.lookup_project_numbers"]}}],"variables":{"active_apis":{"default":[],"description":"The list of active apis on the service project. If api is not active this module will not try to activate it"},"enable_shared_vpc_service_project":{"description":"Flag set if SVPC enabled"},"grant_network_role":{"default":true,"description":"Whether or not to grant service agents the network roles on the host project"},"grant_services_network_admin_role":{"default":false,"description":"Whether or not to grant Datastream Service acount the Network Admin role on the host project so it can manage firewall rules"},"grant_services_security_admin_role":{"default":false,"description":"Whether or not to grant Kubernetes Engine Service Agent the Security Admin role on the host project so it can manage firewall rules"},"host_project_id":{"description":"The ID of the host project which hosts the shared VPC"},"lookup_project_numbers":{"default":true,"description":"Whether to look up the project numbers from data sources. If false, `service_project_number` will be used instead."},"service_project_id":{"description":"The ID of the service project"},"service_project_number":{"default":null,"description":"Project number of the service project. Will be used if `lookup_service_project_number` is false."},"shared_vpc_subnets":{"default":[],"description":"List of subnets fully qualified subnet IDs (ie. projects/$project_id/regions/$region/subnetworks/$subnet_id)"}}},"depends_on":["module.project-factory.enabled_apis"]}},"variables":{"activate_api_identities":{"default":[],"description":"    The list of service identities (Google Managed service account for the API) to force-create for the project (e.g. in order to grant additional roles).\n    APIs in this list will automatically be appended to `activate_apis`.\n    Not including the API in this list will follow the default behaviour for identity creation (which is usually when the first resource using the API is created).\n    Any roles (e.g. service agent role) must be explicitly listed. See https://cloud.google.com/iam/docs/understanding-roles#service-agent-roles-roles for a list of related roles.\n"},"activate_apis":{"default":["compute.googleapis.com"],"description":"The list of apis to activate within the project"},"auto_create_network":{"default":false,"description":"Create the default network"},"billing_account":{"description":"The ID of the billing account to associate this project with"},"bucket_location":{"default":"US","description":"The location for a GCS bucket to create (optional)"},"bucket_name":{"default":"","description":"A name for a GCS bucket to create (in the bucket_project project), useful for Terraform state (optional)"},"bucket_project":{"default":"","description":"A project to create a GCS bucket (bucket_name) in, useful for Terraform state (optional)"},"bucket_versioning":{"default":false,"description":"Enable versioning for a GCS bucket to create (optional)"},"budget_alert_pubsub_topic":{"default":null,"description":"The name of the Cloud Pub/Sub topic where budget related messages will be published, in the form of `projects/{project_id}/topics/{topic_id}`"},"budget_alert_spent_percents":{"default":[0.5,0.7,1],"description":"A list of percentages of the budget to alert on when threshold is exceeded"},"budget_amount":{"default":null,"description":"The amount to use for a budget alert"},"budget_monitoring_notification_channels":{"default":[],"description":"A list of monitoring notification channels in the form `[projects/{project_id}/notificationChannels/{channel_id}]`. A maximum of 5 channels are allowed."},"create_project_sa":{"default":true,"description":"Whether the default service account for the project shall be created"},"default_network_tier":{"default":"","description":"Default Network Service Tier for resources created in this project. If unset, the value will not be modified. See https://cloud.google.com/network-tiers/docs/using-network-service-tiers and https://cloud.google.com/network-tiers."},"default_service_account":{"default":"disable","description":"Project default service account setting: can be one of `delete`, `deprivilege`, `disable`, or `keep`."},"deletion_policy":{"default":"PREVENT","description":"The deletion policy for the project."},"disable_dependent_services":{"default":true,"description":"Whether services that are enabled and which depend on this service should also be disabled when this service is destroyed."},"disable_services_on_destroy":{"default":true,"description":"Whether project services will be disabled when the resources are destroyed"},"domain":{"default":"","description":"The domain name (optional)."},"folder_id":{"default":"","description":"The ID of a folder to host this project"},"grant_network_role":{"default":true,"description":"Whether or not to grant service agents the network roles on the host project"},"grant_services_security_admin_role":{"default":false,"description":"Whether or not to grant Kubernetes Engine Service Agent the Security Admin role on the host project so it can manage firewall rules"},"group_name":{"default":"","description":"A group to control the project by being assigned group_role (defaults to project editor)"},"group_role":{"default":"roles/editor","description":"The role to give the controlling group (group_name) over the project (defaults to project editor)"},"labels":{"default":{},"description":"Map of labels for project"},"lien":{"default":false,"description":"Add a lien on the project to prevent accidental deletion"},"name":{"description":"The name for the project"},"org_id":{"description":"The organization ID."},"project_id":{"default":"","description":"The ID to give the project. If not provided, the `name` will be used."},"project_sa_name":{"default":"project-service-account","description":"Default service account name for the project."},"random_project_id":{"default":false,"description":"Adds a suffix of 4 random characters to the `project_id`"},"sa_role":{"default":"","description":"A role to give the default Service Account for the project (defaults to none)"},"shared_vpc":{"default":"","description":"The ID of the host project which hosts the shared VPC"},"shared_vpc_subnets":{"default":[],"description":"List of subnets fully qualified subnet IDs (ie. projects/$project_id/regions/$region/subnetworks/$subnet_id)"},"usage_bucket_name":{"default":"","description":"Name of a GCS bucket to store GCE usage reports in (optional)"},"usage_bucket_prefix":{"default":"","description":"Prefix in the GCS bucket to store GCE usage reports in (optional)"}}},"version_constraint":"~\u003e 18.0"},"cs-vpc-nonprod-shared":{"source":"terraform-google-modules/network/google","expressions":{"firewall_rules":{"constant_value":[{"allow":[{"ports":[],"protocol":"icmp"}],"direction":"INGRESS","log_config":{"metadata":"INCLUDE_ALL_METADATA"},"name":"vpc-nonprod-shared-allow-icmp","priority":10000,"ranges":["10.128.0.0/9"]},{"allow":[{"ports":["22"],"protocol":"tcp"}],"direction":"INGRESS","log_config":{"metadata":"INCLUDE_ALL_METADATA"},"name":"vpc-nonprod-shared-allow-ssh","priority":10000,"ranges":["35.235.240.0/20"]},{"allow":[{"ports":["3389"],"protocol":"tcp"}],"direction":"INGRESS","log_config":{"metadata":"INCLUDE_ALL_METADATA"},"name":"vpc-nonprod-shared-allow-rdp","priority":10000,"ranges":["35.235.240.0/20"]}]},"network_name":{"constant_value":"vpc-nonprod-shared"},"project_id":{"references":["module.cs-project-vpc-host-nonprod.project_id","module.cs-project-vpc-host-nonprod"]},"subnets":{"constant_value":[{"subnet_flow_logs":true,"subnet_flow_logs_interval":"INTERVAL_10_MIN","subnet_flow_logs_metadata":"INCLUDE_ALL_METADATA","subnet_flow_logs_sampling":"0.5","subnet_ip":"10.0.0.0/24","subnet_name":"subnet-non-prod-1","subnet_private_access":true,"subnet_region":"australia-southeast1"},{"subnet_flow_logs":true,"subnet_flow_logs_interval":"INTERVAL_10_MIN","subnet_flow_logs_metadata":"INCLUDE_ALL_METADATA","subnet_flow_logs_sampling":"0.5","subnet_ip":"192.168.0.0/16","subnet_name":"subnet-non-prod-2","subnet_private_access":true,"subnet_region":"australia-southeast2"}]}},"module":{"outputs":{"network":{"expression":{"references":["module.vpc"]},"description":"The created network"},"network_id":{"expression":{"references":["module.vpc.network_id","module.vpc"]},"description":"The ID of the VPC being created"},"network_name":{"expression":{"references":["module.vpc.network_name","module.vpc"]},"description":"The name of the VPC being created"},"network_self_link":{"expression":{"references":["module.vpc.network_self_link","module.vpc"]},"description":"The URI of the VPC being created"},"project_id":{"expression":{"references":["module.vpc.project_id","module.vpc"]},"description":"VPC project id"},"route_names":{"expression":{"references":["module.routes.routes","module.routes"]},"description":"The route names associated with this VPC"},"subnets":{"expression":{"references":["module.subnets.subnets","module.subnets"]},"description":"A map with keys of form subnet_region/subnet_name and values being the outputs of the google_compute_subnetwork resources used to create corresponding subnets."},"subnets_flow_logs":{"expression":{"references":["module.subnets.subnets","module.subnets"]},"description":"Whether the subnets will have VPC flow logs enabled"},"subnets_ids":{"expression":{"references":["module.subnets.subnets","module.subnets"]},"description":"The IDs of the subnets being created"},"subnets_ips":{"expression":{"references":["module.subnets.subnets","module.subnets"]},"description":"The IPs and CIDRs of the subnets being created"},"subnets_names":{"expression":{"references":["module.subnets.subnets","module.subnets"]},"description":"The names of the subnets being created"},"subnets_private_access":{"expression":{"references":["module.subnets.subnets","module.subnets"]},"description":"Whether the subnets will have access to Google API's without a public IP"},"subnets_regions":{"expression":{"references":["module.subnets.subnets","module.subnets"]},"description":"The region where the subnets will be created"},"subnets_secondary_ranges":{"expression":{"references":["module.subnets.subnets","module.subnets"]},"description":"The secondary ranges associated with these subnets"},"subnets_self_links":{"expression":{"references":["module.subnets.subnets","module.subnets"]},"description":"The self-links of subnets being created"}},"module_calls":{"firewall_rules":{"source":"./modules/firewall-rules","expressions":{"egress_rules":{"references":["var.egress_rules"]},"ingress_rules":{"references":["var.ingress_rules"]},"network_name":{"references":["module.vpc.network_name","module.vpc"]},"project_id":{"references":["var.project_id"]},"rules":{"references":["local.rules"]}},"module":{"outputs":{"firewall_rules":{"expression":{"references":["google_compute_firewall.rules"]},"description":"The created firewall rule resources"},"firewall_rules_ingress_egress":{"expression":{"references":["google_compute_firewall.rules_ingress_egress"]},"description":"The created firewall ingress/egress rule resources"}},"resources":[{"address":"google_compute_firewall.rules","mode":"managed","type":"google_compute_firewall","name":"rules","provider_config_key":"google","expressions":{"description":{"references":["each.value.description","each.value"]},"destination_ranges":{"references":["each.value.direction","each.value","each.value.ranges","each.value"]},"direction":{"references":["each.value.direction","each.value"]},"disabled":{"references":["each.value.disabled","each.value"]},"name":{"references":["each.value.name","each.value"]},"network":{"references":["var.network_name"]},"priority":{"references":["each.value.priority","each.value"]},"project":{"references":["var.project_id"]},"source_ranges":{"references":["each.value.direction","each.value","each.value.ranges","each.value"]},"source_service_accounts":{"references":["each.value.source_service_accounts","each.value"]},"source_tags":{"references":["each.value.source_tags","each.value"]},"target_service_accounts":{"references":["each.value.target_service_accounts","each.value"]},"target_tags":{"references":["each.value.target_tags","each.value"]}},"schema_version":1,"for_each_expression":{"references":["var.rules","var.rules"]}},{"address":"google_compute_firewall.rules_ingress_egress","mode":"managed","type":"google_compute_firewall","name":"rules_ingress_egress","provider_config_key":"google","expressions":{"description":{"references":["each.value.description","each.value"]},"destination_ranges":{"references":["each.value"]},"direction":{"references":["each.value.direction","each.value"]},"disabled":{"references":["each.value.disabled","each.value"]},"name":{"references":["each.value.name","each.value"]},"network":{"references":["var.network_name"]},"priority":{"references":["each.value.priority","each.value"]},"project":{"references":["var.project_id"]},"source_ranges":{"references":["each.value"]},"source_service_accounts":{"references":["each.value.source_service_accounts","each.value"]},"source_tags":{"references":["each.value.source_tags","each.value"]},"target_service_accounts":{"references":["each.value.target_service_accounts","each.value"]},"target_tags":{"references":["each.value.target_tags","each.value"]}},"schema_version":1,"for_each_expression":{"references":["var.rules","local.rules_all"]}}],"variables":{"egress_rules":{"default":[],"description":"List of egress rules. This will be ignored if variable 'rules' is non-empty"},"ingress_rules":{"default":[],"description":"List of ingress rules. This will be ignored if variable 'rules' is non-empty"},"network_name":{"description":"Name of the network this set of firewall rules applies to."},"project_id":{"description":"Project id of the project that holds the network."},"rules":{"default":[],"description":"This is DEPRICATED and available for backward compatiblity. Use ingress_rules and egress_rules variables. List of custom rule definitions"}}}},"routes":{"source":"./modules/routes","expressions":{"module_depends_on":{"references":["module.subnets.subnets","module.subnets"]},"network_name":{"references":["module.vpc.network_name","module.vpc"]},"project_id":{"references":["var.project_id"]},"routes":{"references":["var.routes"]}},"module":{"outputs":{"routes":{"expression":{"references":["google_compute_route.route"]},"description":"The created routes resources"}},"resources":[{"address":"google_compute_route.route","mode":"managed","type":"google_compute_route","name":"route","provider_config_key":"google","expressions":{"description":{"references":["each.value"]},"dest_range":{"references":["each.value"]},"name":{"references":["each.key"]},"network":{"references":["var.network_name"]},"next_hop_gateway":{"references":["each.value"]},"next_hop_ilb":{"references":["each.value"]},"next_hop_instance":{"references":["each.value"]},"next_hop_instance_zone":{"references":["each.value"]},"next_hop_ip":{"references":["each.value"]},"next_hop_vpn_tunnel":{"references":["each.value"]},"priority":{"references":["each.value"]},"project":{"references":["var.project_id"]},"tags":{"references":["each.value"]}},"schema_version":0,"for_each_expression":{"references":["local.routes"]},"depends_on":["var.module_depends_on"]}],"variables":{"module_depends_on":{"default":[],"description":"List of modules or resources this module depends on."},"network_name":{"description":"The name of the network where routes will be created"},"project_id":{"description":"The ID of the project where the routes will be created"},"routes":{"default":[],"description":"List of routes being created in this VPC"}}}},"subnets":{"source":"./modules/subnets","expressions":{"network_name":{"references":["module.vpc.network_name","module.vpc"]},"project_id":{"references":["var.project_id"]},"secondary_ranges":{"references":["var.secondary_ranges"]},"subnets":{"references":["var.subnets"]}},"module":{"outputs":{"subnets":{"expression":{"references":["google_compute_subnetwork.subnetwork"]},"description":"The created subnet resources"}},"resources":[{"address":"google_compute_subnetwork.subnetwork","mode":"managed","type":"google_compute_subnetwork","name":"subnetwork","provider_config_key":"google","expressions":{"description":{"references":["each.value"]},"ip_cidr_range":{"references":["each.value.subnet_ip","each.value"]},"ipv6_access_type":{"references":["each.value"]},"name":{"references":["each.value.subnet_name","each.value"]},"network":{"references":["var.network_name"]},"private_ip_google_access":{"references":["each.value"]},"private_ipv6_google_access":{"references":["each.value"]},"project":{"references":["var.project_id"]},"purpose":{"references":["each.value"]},"region":{"references":["each.value.subnet_region","each.value"]},"role":{"references":["each.value"]},"stack_type":{"references":["each.value"]}},"schema_version":0,"for_each_expression":{"references":["local.subnets"]}}],"variables":{"network_name":{"description":"The name of the network where subnets will be created"},"project_id":{"description":"The ID of the project where subnets will be created"},"secondary_ranges":{"default":{},"description":"Secondary ranges that will be used in some of the subnets"},"subnets":{"description":"The list of subnets being created"}}}},"vpc":{"source":"./modules/vpc","expressions":{"auto_create_subnetworks":{"references":["var.auto_create_subnetworks"]},"delete_default_internet_gateway_routes":{"references":["var.delete_default_internet_gateway_routes"]},"description":{"references":["var.description"]},"enable_ipv6_ula":{"references":["var.enable_ipv6_ula"]},"internal_ipv6_range":{"references":["var.internal_ipv6_range"]},"mtu":{"references":["var.mtu"]},"network_firewall_policy_enforcement_order":{"references":["var.network_firewall_policy_enforcement_order"]},"network_name":{"references":["var.network_name"]},"project_id":{"references":["var.project_id"]},"routing_mode":{"references":["var.routing_mode"]},"shared_vpc_host":{"references":["var.shared_vpc_host"]}},"module":{"outputs":{"network":{"expression":{"references":["google_compute_network.network"]},"description":"The VPC resource being created"},"network_id":{"expression":{"references":["google_compute_network.network.id","google_compute_network.network"]},"description":"The ID of the VPC being created"},"network_name":{"expression":{"references":["google_compute_network.network.name","google_compute_network.network"]},"description":"The name of the VPC being created"},"network_self_link":{"expression":{"references":["google_compute_network.network.self_link","google_compute_network.network"]},"description":"The URI of the VPC being created"},"project_id":{"expression":{"references":["var.shared_vpc_host","google_compute_shared_vpc_host_project.shared_vpc_host","google_compute_shared_vpc_host_project.shared_vpc_host[0].project","google_compute_shared_vpc_host_project.shared_vpc_host[0]","google_compute_shared_vpc_host_project.shared_vpc_host","google_compute_network.network.project","google_compute_network.network"]},"description":"VPC project id"}},"resources":[{"address":"google_compute_network.network","mode":"managed","type":"google_compute_network","name":"network","provider_config_key":"google","expressions":{"auto_create_subnetworks":{"references":["var.auto_create_subnetworks"]},"delete_default_routes_on_create":{"references":["var.delete_default_internet_gateway_routes"]},"description":{"references":["var.description"]},"enable_ula_internal_ipv6":{"references":["var.enable_ipv6_ula"]},"internal_ipv6_range":{"references":["var.internal_ipv6_range"]},"mtu":{"references":["var.mtu"]},"name":{"references":["var.network_name"]},"network_firewall_policy_enforcement_order":{"references":["var.network_firewall_policy_enforcement_order"]},"project":{"references":["var.project_id"]},"routing_mode":{"references":["var.routing_mode"]}},"schema_version":0},{"address":"google_compute_shared_vpc_host_project.shared_vpc_host","mode":"managed","type":"google_compute_shared_vpc_host_project","name":"shared_vpc_host","provider_config_key":"google-beta","expressions":{"project":{"references":["var.project_id"]}},"schema_version":0,"count_expression":{"references":["var.shared_vpc_host"]},"depends_on":["google_compute_network.network"]}],"variables":{"auto_create_subnetworks":{"default":false,"description":"When set to true, the network is created in 'auto subnet mode' and it will create a subnet for each region automatically across the 10.128.0.0/9 address range. When set to false, the network is created in 'custom subnet mode' so the user can explicitly connect subnetwork resources."},"delete_default_internet_gateway_routes":{"default":false,"description":"If set, ensure that all routes within the network specified whose names begin with 'default-route' and with a next hop of 'default-internet-gateway' are deleted"},"description":{"default":"","description":"An optional description of this resource. The resource must be recreated to modify this field."},"enable_ipv6_ula":{"default":false,"description":"Enabled IPv6 ULA, this is a permenant change and cannot be undone! (default 'false')"},"internal_ipv6_range":{"default":null,"description":"When enabling IPv6 ULA, optionally, specify a /48 from fd20::/20 (default null)"},"mtu":{"default":0,"description":"The network MTU (If set to 0, meaning MTU is unset - defaults to '1460'). Recommended values: 1460 (default for historic reasons), 1500 (Internet default), or 8896 (for Jumbo packets). Allowed are all values in the range 1300 to 8896, inclusively."},"network_firewall_policy_enforcement_order":{"default":null,"description":"Set the order that Firewall Rules and Firewall Policies are evaluated. Valid values are `BEFORE_CLASSIC_FIREWALL` and `AFTER_CLASSIC_FIREWALL`. (default null or equivalent to `AFTER_CLASSIC_FIREWALL`)"},"network_name":{"description":"The name of the network being created"},"project_id":{"description":"The ID of the project where this VPC will be created"},"routing_mode":{"default":"GLOBAL","description":"The network routing mode (default 'GLOBAL')"},"shared_vpc_host":{"default":false,"description":"Makes this project a Shared VPC host if 'true' (default 'false')"}}}}},"variables":{"auto_create_subnetworks":{"default":false,"description":"When set to true, the network is created in 'auto subnet mode' and it will create a subnet for each region automatically across the 10.128.0.0/9 address range. When set to false, the network is created in 'custom subnet mode' so the user can explicitly connect subnetwork resources."},"delete_default_internet_gateway_routes":{"default":false,"description":"If set, ensure that all routes within the network specified whose names begin with 'default-route' and with a next hop of 'default-internet-gateway' are deleted"},"description":{"default":"","description":"An optional description of this resource. The resource must be recreated to modify this field."},"egress_rules":{"default":[],"description":"List of egress rules. This will be ignored if variable 'rules' is non-empty"},"enable_ipv6_ula":{"default":false,"description":"Enabled IPv6 ULA, this is a permenant change and cannot be undone! (default 'false')"},"firewall_rules":{"default":[],"description":"This is DEPRICATED and available for backward compatiblity. Use ingress_rules and egress_rules variables. List of firewall rules"},"ingress_rules":{"default":[],"description":"List of ingress rules. This will be ignored if variable 'rules' is non-empty"},"internal_ipv6_range":{"default":null,"description":"When enabling IPv6 ULA, optionally, specify a /48 from fd20::/20 (default null)"},"mtu":{"default":0,"description":"The network MTU (If set to 0, meaning MTU is unset - defaults to '1460'). Recommended values: 1460 (default for historic reasons), 1500 (Internet default), or 8896 (for Jumbo packets). Allowed are all values in the range 1300 to 8896, inclusively."},"network_firewall_policy_enforcement_order":{"default":null,"description":"Set the order that Firewall Rules and Firewall Policies are evaluated. Valid values are `BEFORE_CLASSIC_FIREWALL` and `AFTER_CLASSIC_FIREWALL`. (default null or equivalent to `AFTER_CLASSIC_FIREWALL`)"},"network_name":{"description":"The name of the network being created"},"project_id":{"description":"The ID of the project where this VPC will be created"},"routes":{"default":[],"description":"List of routes being created in this VPC"},"routing_mode":{"default":"GLOBAL","description":"The network routing mode (default 'GLOBAL')"},"secondary_ranges":{"default":{},"description":"Secondary ranges that will be used in some of the subnets"},"shared_vpc_host":{"default":false,"description":"Makes this project a Shared VPC host if 'true' (default 'false')"},"subnets":{"description":"The list of subnets being created"}}},"version_constraint":"~\u003e 9.0"},"cs-vpc-prod-shared":{"source":"terraform-google-modules/network/google","expressions":{"firewall_rules":{"constant_value":[{"allow":[{"ports":[],"protocol":"icmp"}],"direction":"INGRESS","log_config":{"metadata":"INCLUDE_ALL_METADATA"},"name":"vpc-prod-shared-allow-icmp","priority":10000,"ranges":["10.128.0.0/9"]},{"allow":[{"ports":["22"],"protocol":"tcp"}],"direction":"INGRESS","log_config":{"metadata":"INCLUDE_ALL_METADATA"},"name":"vpc-prod-shared-allow-ssh","priority":10000,"ranges":["35.235.240.0/20"]},{"allow":[{"ports":["3389"],"protocol":"tcp"}],"direction":"INGRESS","log_config":{"metadata":"INCLUDE_ALL_METADATA"},"name":"vpc-prod-shared-allow-rdp","priority":10000,"ranges":["35.235.240.0/20"]}]},"network_name":{"constant_value":"vpc-prod-shared"},"project_id":{"references":["module.cs-project-vpc-host-prod.project_id","module.cs-project-vpc-host-prod"]},"subnets":{"constant_value":[{"subnet_flow_logs":true,"subnet_flow_logs_interval":"INTERVAL_10_MIN","subnet_flow_logs_metadata":"INCLUDE_ALL_METADATA","subnet_flow_logs_sampling":"0.5","subnet_ip":"10.0.0.0/24","subnet_name":"subnet-prod-1","subnet_private_access":true,"subnet_region":"australia-southeast1"},{"subnet_flow_logs":true,"subnet_flow_logs_interval":"INTERVAL_10_MIN","subnet_flow_logs_metadata":"INCLUDE_ALL_METADATA","subnet_flow_logs_sampling":"0.5","subnet_ip":"192.168.0.0/16","subnet_name":"subnet-prod-2","subnet_private_access":true,"subnet_region":"australia-southeast2"}]}},"module":{"outputs":{"network":{"expression":{"references":["module.vpc"]},"description":"The created network"},"network_id":{"expression":{"references":["module.vpc.network_id","module.vpc"]},"description":"The ID of the VPC being created"},"network_name":{"expression":{"references":["module.vpc.network_name","module.vpc"]},"description":"The name of the VPC being created"},"network_self_link":{"expression":{"references":["module.vpc.network_self_link","module.vpc"]},"description":"The URI of the VPC being created"},"project_id":{"expression":{"references":["module.vpc.project_id","module.vpc"]},"description":"VPC project id"},"route_names":{"expression":{"references":["module.routes.routes","module.routes"]},"description":"The route names associated with this VPC"},"subnets":{"expression":{"references":["module.subnets.subnets","module.subnets"]},"description":"A map with keys of form subnet_region/subnet_name and values being the outputs of the google_compute_subnetwork resources used to create corresponding subnets."},"subnets_flow_logs":{"expression":{"references":["module.subnets.subnets","module.subnets"]},"description":"Whether the subnets will have VPC flow logs enabled"},"subnets_ids":{"expression":{"references":["module.subnets.subnets","module.subnets"]},"description":"The IDs of the subnets being created"},"subnets_ips":{"expression":{"references":["module.subnets.subnets","module.subnets"]},"description":"The IPs and CIDRs of the subnets being created"},"subnets_names":{"expression":{"references":["module.subnets.subnets","module.subnets"]},"description":"The names of the subnets being created"},"subnets_private_access":{"expression":{"references":["module.subnets.subnets","module.subnets"]},"description":"Whether the subnets will have access to Google API's without a public IP"},"subnets_regions":{"expression":{"references":["module.subnets.subnets","module.subnets"]},"description":"The region where the subnets will be created"},"subnets_secondary_ranges":{"expression":{"references":["module.subnets.subnets","module.subnets"]},"description":"The secondary ranges associated with these subnets"},"subnets_self_links":{"expression":{"references":["module.subnets.subnets","module.subnets"]},"description":"The self-links of subnets being created"}},"module_calls":{"firewall_rules":{"source":"./modules/firewall-rules","expressions":{"egress_rules":{"references":["var.egress_rules"]},"ingress_rules":{"references":["var.ingress_rules"]},"network_name":{"references":["module.vpc.network_name","module.vpc"]},"project_id":{"references":["var.project_id"]},"rules":{"references":["local.rules"]}},"module":{"outputs":{"firewall_rules":{"expression":{"references":["google_compute_firewall.rules"]},"description":"The created firewall rule resources"},"firewall_rules_ingress_egress":{"expression":{"references":["google_compute_firewall.rules_ingress_egress"]},"description":"The created firewall ingress/egress rule resources"}},"resources":[{"address":"google_compute_firewall.rules","mode":"managed","type":"google_compute_firewall","name":"rules","provider_config_key":"google","expressions":{"description":{"references":["each.value.description","each.value"]},"destination_ranges":{"references":["each.value.direction","each.value","each.value.ranges","each.value"]},"direction":{"references":["each.value.direction","each.value"]},"disabled":{"references":["each.value.disabled","each.value"]},"name":{"references":["each.value.name","each.value"]},"network":{"references":["var.network_name"]},"priority":{"references":["each.value.priority","each.value"]},"project":{"references":["var.project_id"]},"source_ranges":{"references":["each.value.direction","each.value","each.value.ranges","each.value"]},"source_service_accounts":{"references":["each.value.source_service_accounts","each.value"]},"source_tags":{"references":["each.value.source_tags","each.value"]},"target_service_accounts":{"references":["each.value.target_service_accounts","each.value"]},"target_tags":{"references":["each.value.target_tags","each.value"]}},"schema_version":1,"for_each_expression":{"references":["var.rules","var.rules"]}},{"address":"google_compute_firewall.rules_ingress_egress","mode":"managed","type":"google_compute_firewall","name":"rules_ingress_egress","provider_config_key":"google","expressions":{"description":{"references":["each.value.description","each.value"]},"destination_ranges":{"references":["each.value"]},"direction":{"references":["each.value.direction","each.value"]},"disabled":{"references":["each.value.disabled","each.value"]},"name":{"references":["each.value.name","each.value"]},"network":{"references":["var.network_name"]},"priority":{"references":["each.value.priority","each.value"]},"project":{"references":["var.project_id"]},"source_ranges":{"references":["each.value"]},"source_service_accounts":{"references":["each.value.source_service_accounts","each.value"]},"source_tags":{"references":["each.value.source_tags","each.value"]},"target_service_accounts":{"references":["each.value.target_service_accounts","each.value"]},"target_tags":{"references":["each.value.target_tags","each.value"]}},"schema_version":1,"for_each_expression":{"references":["var.rules","local.rules_all"]}}],"variables":{"egress_rules":{"default":[],"description":"List of egress rules. This will be ignored if variable 'rules' is non-empty"},"ingress_rules":{"default":[],"description":"List of ingress rules. This will be ignored if variable 'rules' is non-empty"},"network_name":{"description":"Name of the network this set of firewall rules applies to."},"project_id":{"description":"Project id of the project that holds the network."},"rules":{"default":[],"description":"This is DEPRICATED and available for backward compatiblity. Use ingress_rules and egress_rules variables. List of custom rule definitions"}}}},"routes":{"source":"./modules/routes","expressions":{"module_depends_on":{"references":["module.subnets.subnets","module.subnets"]},"network_name":{"references":["module.vpc.network_name","module.vpc"]},"project_id":{"references":["var.project_id"]},"routes":{"references":["var.routes"]}},"module":{"outputs":{"routes":{"expression":{"references":["google_compute_route.route"]},"description":"The created routes resources"}},"resources":[{"address":"google_compute_route.route","mode":"managed","type":"google_compute_route","name":"route","provider_config_key":"google","expressions":{"description":{"references":["each.value"]},"dest_range":{"references":["each.value"]},"name":{"references":["each.key"]},"network":{"references":["var.network_name"]},"next_hop_gateway":{"references":["each.value"]},"next_hop_ilb":{"references":["each.value"]},"next_hop_instance":{"references":["each.value"]},"next_hop_instance_zone":{"references":["each.value"]},"next_hop_ip":{"references":["each.value"]},"next_hop_vpn_tunnel":{"references":["each.value"]},"priority":{"references":["each.value"]},"project":{"references":["var.project_id"]},"tags":{"references":["each.value"]}},"schema_version":0,"for_each_expression":{"references":["local.routes"]},"depends_on":["var.module_depends_on"]}],"variables":{"module_depends_on":{"default":[],"description":"List of modules or resources this module depends on."},"network_name":{"description":"The name of the network where routes will be created"},"project_id":{"description":"The ID of the project where the routes will be created"},"routes":{"default":[],"description":"List of routes being created in this VPC"}}}},"subnets":{"source":"./modules/subnets","expressions":{"network_name":{"references":["module.vpc.network_name","module.vpc"]},"project_id":{"references":["var.project_id"]},"secondary_ranges":{"references":["var.secondary_ranges"]},"subnets":{"references":["var.subnets"]}},"module":{"outputs":{"subnets":{"expression":{"references":["google_compute_subnetwork.subnetwork"]},"description":"The created subnet resources"}},"resources":[{"address":"google_compute_subnetwork.subnetwork","mode":"managed","type":"google_compute_subnetwork","name":"subnetwork","provider_config_key":"google","expressions":{"description":{"references":["each.value"]},"ip_cidr_range":{"references":["each.value.subnet_ip","each.value"]},"ipv6_access_type":{"references":["each.value"]},"name":{"references":["each.value.subnet_name","each.value"]},"network":{"references":["var.network_name"]},"private_ip_google_access":{"references":["each.value"]},"private_ipv6_google_access":{"references":["each.value"]},"project":{"references":["var.project_id"]},"purpose":{"references":["each.value"]},"region":{"references":["each.value.subnet_region","each.value"]},"role":{"references":["each.value"]},"stack_type":{"references":["each.value"]}},"schema_version":0,"for_each_expression":{"references":["local.subnets"]}}],"variables":{"network_name":{"description":"The name of the network where subnets will be created"},"project_id":{"description":"The ID of the project where subnets will be created"},"secondary_ranges":{"default":{},"description":"Secondary ranges that will be used in some of the subnets"},"subnets":{"description":"The list of subnets being created"}}}},"vpc":{"source":"./modules/vpc","expressions":{"auto_create_subnetworks":{"references":["var.auto_create_subnetworks"]},"delete_default_internet_gateway_routes":{"references":["var.delete_default_internet_gateway_routes"]},"description":{"references":["var.description"]},"enable_ipv6_ula":{"references":["var.enable_ipv6_ula"]},"internal_ipv6_range":{"references":["var.internal_ipv6_range"]},"mtu":{"references":["var.mtu"]},"network_firewall_policy_enforcement_order":{"references":["var.network_firewall_policy_enforcement_order"]},"network_name":{"references":["var.network_name"]},"project_id":{"references":["var.project_id"]},"routing_mode":{"references":["var.routing_mode"]},"shared_vpc_host":{"references":["var.shared_vpc_host"]}},"module":{"outputs":{"network":{"expression":{"references":["google_compute_network.network"]},"description":"The VPC resource being created"},"network_id":{"expression":{"references":["google_compute_network.network.id","google_compute_network.network"]},"description":"The ID of the VPC being created"},"network_name":{"expression":{"references":["google_compute_network.network.name","google_compute_network.network"]},"description":"The name of the VPC being created"},"network_self_link":{"expression":{"references":["google_compute_network.network.self_link","google_compute_network.network"]},"description":"The URI of the VPC being created"},"project_id":{"expression":{"references":["var.shared_vpc_host","google_compute_shared_vpc_host_project.shared_vpc_host","google_compute_shared_vpc_host_project.shared_vpc_host[0].project","google_compute_shared_vpc_host_project.shared_vpc_host[0]","google_compute_shared_vpc_host_project.shared_vpc_host","google_compute_network.network.project","google_compute_network.network"]},"description":"VPC project id"}},"resources":[{"address":"google_compute_network.network","mode":"managed","type":"google_compute_network","name":"network","provider_config_key":"google","expressions":{"auto_create_subnetworks":{"references":["var.auto_create_subnetworks"]},"delete_default_routes_on_create":{"references":["var.delete_default_internet_gateway_routes"]},"description":{"references":["var.description"]},"enable_ula_internal_ipv6":{"references":["var.enable_ipv6_ula"]},"internal_ipv6_range":{"references":["var.internal_ipv6_range"]},"mtu":{"references":["var.mtu"]},"name":{"references":["var.network_name"]},"network_firewall_policy_enforcement_order":{"references":["var.network_firewall_policy_enforcement_order"]},"project":{"references":["var.project_id"]},"routing_mode":{"references":["var.routing_mode"]}},"schema_version":0},{"address":"google_compute_shared_vpc_host_project.shared_vpc_host","mode":"managed","type":"google_compute_shared_vpc_host_project","name":"shared_vpc_host","provider_config_key":"google-beta","expressions":{"project":{"references":["var.project_id"]}},"schema_version":0,"count_expression":{"references":["var.shared_vpc_host"]},"depends_on":["google_compute_network.network"]}],"variables":{"auto_create_subnetworks":{"default":false,"description":"When set to true, the network is created in 'auto subnet mode' and it will create a subnet for each region automatically across the 10.128.0.0/9 address range. When set to false, the network is created in 'custom subnet mode' so the user can explicitly connect subnetwork resources."},"delete_default_internet_gateway_routes":{"default":false,"description":"If set, ensure that all routes within the network specified whose names begin with 'default-route' and with a next hop of 'default-internet-gateway' are deleted"},"description":{"default":"","description":"An optional description of this resource. The resource must be recreated to modify this field."},"enable_ipv6_ula":{"default":false,"description":"Enabled IPv6 ULA, this is a permenant change and cannot be undone! (default 'false')"},"internal_ipv6_range":{"default":null,"description":"When enabling IPv6 ULA, optionally, specify a /48 from fd20::/20 (default null)"},"mtu":{"default":0,"description":"The network MTU (If set to 0, meaning MTU is unset - defaults to '1460'). Recommended values: 1460 (default for historic reasons), 1500 (Internet default), or 8896 (for Jumbo packets). Allowed are all values in the range 1300 to 8896, inclusively."},"network_firewall_policy_enforcement_order":{"default":null,"description":"Set the order that Firewall Rules and Firewall Policies are evaluated. Valid values are `BEFORE_CLASSIC_FIREWALL` and `AFTER_CLASSIC_FIREWALL`. (default null or equivalent to `AFTER_CLASSIC_FIREWALL`)"},"network_name":{"description":"The name of the network being created"},"project_id":{"description":"The ID of the project where this VPC will be created"},"routing_mode":{"default":"GLOBAL","description":"The network routing mode (default 'GLOBAL')"},"shared_vpc_host":{"default":false,"description":"Makes this project a Shared VPC host if 'true' (default 'false')"}}}}},"variables":{"auto_create_subnetworks":{"default":false,"description":"When set to true, the network is created in 'auto subnet mode' and it will create a subnet for each region automatically across the 10.128.0.0/9 address range. When set to false, the network is created in 'custom subnet mode' so the user can explicitly connect subnetwork resources."},"delete_default_internet_gateway_routes":{"default":false,"description":"If set, ensure that all routes within the network specified whose names begin with 'default-route' and with a next hop of 'default-internet-gateway' are deleted"},"description":{"default":"","description":"An optional description of this resource. The resource must be recreated to modify this field."},"egress_rules":{"default":[],"description":"List of egress rules. This will be ignored if variable 'rules' is non-empty"},"enable_ipv6_ula":{"default":false,"description":"Enabled IPv6 ULA, this is a permenant change and cannot be undone! (default 'false')"},"firewall_rules":{"default":[],"description":"This is DEPRICATED and available for backward compatiblity. Use ingress_rules and egress_rules variables. List of firewall rules"},"ingress_rules":{"default":[],"description":"List of ingress rules. This will be ignored if variable 'rules' is non-empty"},"internal_ipv6_range":{"default":null,"description":"When enabling IPv6 ULA, optionally, specify a /48 from fd20::/20 (default null)"},"mtu":{"default":0,"description":"The network MTU (If set to 0, meaning MTU is unset - defaults to '1460'). Recommended values: 1460 (default for historic reasons), 1500 (Internet default), or 8896 (for Jumbo packets). Allowed are all values in the range 1300 to 8896, inclusively."},"network_firewall_policy_enforcement_order":{"default":null,"description":"Set the order that Firewall Rules and Firewall Policies are evaluated. Valid values are `BEFORE_CLASSIC_FIREWALL` and `AFTER_CLASSIC_FIREWALL`. (default null or equivalent to `AFTER_CLASSIC_FIREWALL`)"},"network_name":{"description":"The name of the network being created"},"project_id":{"description":"The ID of the project where this VPC will be created"},"routes":{"default":[],"description":"List of routes being created in this VPC"},"routing_mode":{"default":"GLOBAL","description":"The network routing mode (default 'GLOBAL')"},"secondary_ranges":{"default":{},"description":"Secondary ranges that will be used in some of the subnets"},"shared_vpc_host":{"default":false,"description":"Makes this project a Shared VPC host if 'true' (default 'false')"},"subnets":{"description":"The list of subnets being created"}}},"version_constraint":"~\u003e 9.0"}},"variables":{"application_enabled_folder_paths":{"description":"The folder paths to enable resource manager capability"},"billing_account":{"default":"01A890-50B478-5C132C","description":"The ID of the billing account to associate projects with"},"billing_project":{"default":"cs-host-c6889db1289b4fba8e3d96","description":"The project id to use for billing"},"folders":{"description":"Folder structure as a map"},"org_id":{"default":"403564791417","description":"The organization id for the associated resources"}}}},"relevant_attributes":[{"resource":"module.cs-vpc-prod-shared.module.routes.google_compute_route.route","attribute":[]},{"resource":"module.cs-folders-level-1[\"Sales/Production\"].google_folder.folders","attribute":[]},{"resource":"module.cs-project-logging-monitoring.module.project-factory.google_tags_tag_binding.bindings","attribute":[]},{"resource":"module.cs-gg-sales-prod-service.google_cloud_identity_group.group","attribute":["group_key",0,"id"]},{"resource":"data.google_secret_manager_secret_version_access.secret_data[\"prod-australia-southeast1-1\"]","attribute":["secret_data"]},{"resource":"module.cs-folders-level-1[\"API_Manager/Production\"].google_folder.folders","attribute":[]},{"resource":"module.cs-svc-smart-rentals-prod-svc.module.project-factory.google_storage_bucket.project_bucket","attribute":[]},{"resource":"module.cs-vpc-prod-shared.module.firewall_rules.google_compute_firewall.rules","attribute":[]},{"resource":"module.cs-logsink-logbucketsink.google_logging_organization_sink.sink","attribute":[]},{"resource":"module.cs-gg-operations-prod-service.google_cloud_identity_group.group","attribute":["name"]},{"resource":"module.cs-folders-level-1[\"Managers/Development\"].google_folder.folders","attribute":[]},{"resource":"module.cs-project-vpc-host-prod.module.project-factory.random_id.random_project_id_suffix","attribute":["hex"]},{"resource":"module.cs-project-vpc-host-prod.module.gsuite_group.data.google_organization.org","attribute":[]},{"resource":"module.cs-folders-level-1.google_folder.folders","attribute":[]},{"resource":"module.cs-gg-operations-nonprod-service.google_cloud_identity_group.group","attribute":["group_key",0,"id"]},{"resource":"module.cs-project-vpc-host-prod.module.quotas.google_service_usage_consumer_quota_override.override","attribute":[]},{"resource":"module.cs-svc-smart-rentals-prod-svc.module.project-factory.google_project.main","attribute":["number"]},{"resource":"module.cs-logging-destination.google_logging_project_bucket_config.bucket","attribute":["id"]},{"resource":"module.cs-project-vpc-host-nonprod.module.project-factory.google_service_account.default_service_account[0]","attribute":["display_name"]},{"resource":"module.cs-project-logging-monitoring.module.essential_contacts.google_essential_contacts_contact.contact","attribute":[]},{"resource":"module.cs-project-logging-monitoring.module.project-factory.google_service_account.default_service_account[0]","attribute":["account_id"]},{"resource":"module.cs-project-logging-monitoring.module.quotas.google_service_usage_consumer_quota_override.override","attribute":[]},{"resource":"module.cs-folders-level-1[\"Operations/Production\"].google_folder.folders","attribute":[]},{"resource":"module.cs-project-logging-monitoring.module.project-factory.google_service_account.default_service_account[0]","attribute":["unique_id"]},{"resource":"module.cs-project-vpc-host-prod.module.project-factory.module.project_services.google_project_service.project_services","attribute":[]},{"resource":"module.cs-vpc-prod-shared.module.vpc.google_compute_network.network","attribute":["self_link"]},{"resource":"module.cs-project-vpc-host-nonprod.module.project-factory.random_id.random_project_id_suffix","attribute":["hex"]},{"resource":"module.cs-project-logging-monitoring.module.budget.data.google_project.project","attribute":[]},{"resource":"module.cs-project-vpc-host-prod.module.project-factory.google_project.main","attribute":["project_id"]},{"resource":"module.cs-svc-smart-rentals-prod-svc.module.project-factory.google_project.main","attribute":["name"]},{"resource":"module.cs-gg-sales-nonprod-service.google_cloud_identity_group.group","attribute":["name"]},{"resource":"module.cs-project-logging-monitoring.module.project-factory.module.project_services.google_project_service_identity.project_service_identities","attribute":[]},{"resource":"module.cs-project-logging-monitoring.module.project-factory.google_service_account.default_service_account[0]","attribute":["email"]},{"resource":"module.cs-project-vpc-host-nonprod.module.budget.google_billing_budget.budget[0]","attribute":["name"]},{"resource":"module.cs-vpc-prod-shared.module.vpc.google_compute_network.network","attribute":["name"]},{"resource":"module.cs-svc-smart-rentals-prod-svc.module.project-factory.module.project_services.google_project_service.project_services","attribute":[]},{"resource":"module.cs-project-logging-monitoring.module.project-factory.google_project.main","attribute":["project_id"]},{"resource":"module.cs-svc-smart-rentals-prod-svc.module.project-factory.google_project.main","attribute":["project_id"]},{"resource":"module.cs-gg-operations-nonprod-service.data.google_organization.org[0]","attribute":["directory_customer_id"]},{"resource":"module.cs-project-vpc-host-prod.module.project-factory.random_string.random_project_id_suffix[0]","attribute":["result"]},{"resource":"module.cs-folders-level-1[\"Managers/Non-Production\"].google_folder.folders","attribute":[]},{"resource":"module.cs-vpc-prod-shared.module.vpc.google_compute_network.network","attribute":["id"]},{"resource":"module.cs-project-vpc-host-prod.module.project-factory.google_service_account.default_service_account[0]","attribute":["account_id"]},{"resource":"module.cs-project-vpc-host-nonprod.module.quotas.google_service_usage_consumer_quota_override.override","attribute":[]},{"resource":"data.google_secret_manager_secret_version_access.secret_data[\"prod-australia-southeast1-0\"]","attribute":["secret_data"]},{"resource":"module.cs-common.google_folder.folders","attribute":[]},{"resource":"module.cs-project-logging-monitoring.module.project-factory.google_service_account.default_service_account[0]","attribute":["display_name"]},{"resource":"module.cs-svc-smart-rentals-prod-svc.module.budget.data.google_project.project","attribute":[]},{"resource":"module.cs-svc-smart-rentals-prod-svc.module.project-factory.google_tags_tag_binding.bindings","attribute":[]},{"resource":"module.cs-project-vpc-host-prod.module.budget.google_billing_budget.budget","attribute":[]},{"resource":"module.cs-vpc-prod-shared.module.vpc.google_compute_shared_vpc_host_project.shared_vpc_host","attribute":[]},{"resource":"module.cs-gg-operations-nonprod-service.google_cloud_identity_group.group","attribute":["name"]},{"resource":"module.cs-project-vpc-host-nonprod.module.project-factory.google_project.main","attribute":["name"]},{"resource":"module.cs-project-logging-monitoring.module.project-factory.google_storage_bucket.project_bucket","attribute":[]},{"resource":"module.cs-project-vpc-host-nonprod.module.project-factory.google_tags_tag_binding.bindings","attribute":[]},{"resource":"module.cs-project-vpc-host-nonprod.module.project-factory.module.project_services.google_project_service_identity.project_service_identities","attribute":[]},{"resource":"module.cs-svc-smart-rentals-prod-svc.module.project-factory.module.project_services.google_project_service_identity.project_service_identities","attribute":[]},{"resource":"module.cs-vpc-nonprod-shared.module.subnets.google_compute_subnetwork.subnetwork","attribute":[]},{"resource":"module.cs-prod-prod-australia-southeast1-gateway.google_compute_router.router[0]","attribute":["name"]},{"resource":"module.cs-folders-level-1[\"Sales/Development\"].google_folder.folders","attribute":[]},{"resource":"module.cs-folders-level-1[\"API_Manager/Non-Production\"].google_folder.folders","attribute":[]},{"resource":"module.cs-project-vpc-host-prod.module.budget.data.google_project.project","attribute":[]},{"resource":"data.google_organization.org","attribute":["domain"]},{"resource":"module.cs-project-vpc-host-nonprod.module.project-factory.google_project.main","attribute":["number"]},{"resource":"module.cs-vpc-nonprod-shared.module.vpc.google_compute_network.network","attribute":["id"]},{"resource":"module.cs-vpc-nonprod-shared.module.vpc.google_compute_network.network","attribute":["project"]},{"resource":"module.cs-logsink-logbucketsink.google_logging_project_sink.sink","attribute":[]},{"resource":"module.cs-gg-sales-nonprod-service.google_cloud_identity_group.group","attribute":["group_key",0,"id"]},{"resource":"module.cs-folders-level-0[\"API_Manager\"].google_folder.folders","attribute":[]},{"resource":"module.cs-vpc-nonprod-shared.module.firewall_rules.google_compute_firewall.rules","attribute":[]},{"resource":"module.cs-project-logging-monitoring.module.project-factory.random_string.random_project_id_suffix[0]","attribute":["result"]},{"resource":"module.cs-folders-level-1[\"Managers/Production\"].google_folder.folders","attribute":[]},{"resource":"module.cs-vpc-nonprod-shared.module.vpc.google_compute_network.network","attribute":[]},{"resource":"module.cs-vpc-prod-shared.module.vpc.google_compute_network.network","attribute":[]},{"resource":"module.cs-vpc-nonprod-shared.module.firewall_rules.google_compute_firewall.rules_ingress_egress","attribute":[]},{"resource":"module.cs-svc-smart-rentals-prod-svc.module.project-factory.google_service_account.default_service_account[0]","attribute":["account_id"]},{"resource":"module.cs-prod-prod-australia-southeast1-gateway.google_compute_external_vpn_gateway.external_gateway[0]","attribute":["self_link"]},{"resource":"random_integer.hostnum[\"prod-australia-southeast1-1\"]","attribute":["result"]},{"resource":"module.cs-project-vpc-host-prod.module.project-factory.google_service_account.default_service_account[0]","attribute":["unique_id"]},{"resource":"module.cs-project-vpc-host-nonprod.module.project-factory.google_service_account.default_service_account[0]","attribute":["name"]},{"resource":"module.cs-prod-prod-australia-southeast1-gateway.google_compute_ha_vpn_gateway.ha_gateway","attribute":[]},{"resource":"module.cs-svc-smart-rentals-prod-svc.module.project-factory.google_service_account.default_service_account[0]","attribute":["name"]},{"resource":"module.cs-project-vpc-host-prod.module.project-factory.google_project.main","attribute":["name"]},{"resource":"module.cs-project-vpc-host-nonprod.module.project-factory.google_service_account.default_service_account[0]","attribute":["account_id"]},{"resource":"module.cs-svc-smart-rentals-prod-svc.module.project-factory.google_service_account.default_service_account[0]","attribute":["unique_id"]},{"resource":"module.cs-svc-smart-rentals-prod-svc.module.budget.google_billing_budget.budget","attribute":[]},{"resource":"random_id.suffix","attribute":["hex"]},{"resource":"module.cs-prod-prod-australia-southeast1-gateway.random_id.secret","attribute":["b64_url"]},{"resource":"module.cs-folders-level-1[\"Sales/Non-Production\"].google_folder.folders","attribute":[]},{"resource":"module.cs-folders-level-1[\"Operations/Development\"].google_folder.folders","attribute":[]},{"resource":"module.cs-svc-smart-rentals-prod-svc.module.project-factory.random_string.random_project_id_suffix[0]","attribute":["result"]},{"resource":"module.cs-project-vpc-host-nonprod.module.shared_vpc_access.data.google_project.service_project[0]","attribute":["number"]},{"resource":"module.cs-project-vpc-host-nonprod.module.gsuite_group.data.google_organization.org","attribute":[]},{"resource":"module.cs-project-vpc-host-nonprod.module.project-factory.google_project.main","attribute":["project_id"]},{"resource":"module.cs-prod-prod-australia-southeast1-gateway.google_compute_external_vpn_gateway.external_gateway[0]","attribute":[]},{"resource":"module.cs-project-vpc-host-nonprod.module.essential_contacts.google_essential_contacts_contact.contact","attribute":[]},{"resource":"module.cs-gg-operations-prod-service.data.google_organization.org[0]","attribute":["directory_customer_id"]},{"resource":"module.cs-svc-smart-rentals-prod-svc.module.gsuite_group.data.google_organization.org","attribute":[]},{"resource":"module.cs-svc-smart-rentals-prod-svc.module.project-factory.random_id.random_project_id_suffix","attribute":["hex"]},{"resource":"module.cs-folders-level-0[\"Sales\"].google_folder.folders","attribute":[]},{"resource":"module.cs-project-logging-monitoring.module.project-factory.google_project.main","attribute":["number"]},{"resource":"module.cs-vpc-nonprod-shared.module.vpc.google_compute_network.network","attribute":["self_link"]},{"resource":"module.cs-logsink-logbucketsink.google_logging_billing_account_sink.sink","attribute":[]},{"resource":"module.cs-project-vpc-host-prod.module.project-factory.google_tags_tag_binding.bindings","attribute":[]},{"resource":"module.cs-project-vpc-host-nonprod.module.budget.google_billing_budget.budget","attribute":[]},{"resource":"module.cs-logging-destination.google_logging_project_bucket_config.bucket","attribute":["bucket_id"]},{"resource":"module.cs-svc-smart-rentals-prod-svc.module.project-factory.google_service_account.default_service_account[0]","attribute":["display_name"]},{"resource":"module.cs-project-logging-monitoring.module.shared_vpc_access.data.google_project.service_project[0]","attribute":["number"]},{"resource":"module.cs-project-vpc-host-prod.module.shared_vpc_access.data.google_project.service_project[0]","attribute":["number"]},{"resource":"module.cs-logging-destination.google_logging_project_bucket_config.bucket","attribute":["project"]},{"resource":"module.cs-folders-level-1[\"Operations/Non-Production\"].google_folder.folders","attribute":[]},{"resource":"module.cs-project-logging-monitoring.module.budget.google_billing_budget.budget[0]","attribute":["name"]},{"resource":"module.cs-project-vpc-host-prod.module.budget.google_billing_budget.budget[0]","attribute":["name"]},{"resource":"module.cs-vpc-nonprod-shared.module.vpc.google_compute_shared_vpc_host_project.shared_vpc_host[0]","attribute":["project"]},{"resource":"module.cs-vpc-nonprod-shared.module.routes.google_compute_route.route","attribute":[]},{"resource":"module.cs-logging-destination.google_project_service.enable_destination_api","attribute":["project"]},{"resource":"module.cs-project-logging-monitoring.module.budget.google_billing_budget.budget","attribute":[]},{"resource":"module.cs-logging-destination.google_logging_linked_dataset.linked_dataset[0]","attribute":["name"]},{"resource":"module.cs-vpc-nonprod-shared.module.vpc.google_compute_shared_vpc_host_project.shared_vpc_host","attribute":[]},{"resource":"module.cs-vpc-prod-shared.module.firewall_rules.google_compute_firewall.rules_ingress_egress","attribute":[]},{"resource":"module.cs-project-vpc-host-nonprod.module.project-factory.random_string.random_project_id_suffix[0]","attribute":["result"]},{"resource":"module.cs-gg-sales-prod-service.data.google_organization.org[0]","attribute":["directory_customer_id"]},{"resource":"module.cs-gg-sales-prod-service.google_cloud_identity_group.group","attribute":["name"]},{"resource":"module.cs-project-vpc-host-nonprod.module.project-factory.google_storage_bucket.project_bucket","attribute":[]},{"resource":"module.cs-prod-prod-australia-southeast1-gateway.google_compute_router.router[0]","attribute":[]},{"resource":"module.cs-project-logging-monitoring.module.gsuite_group.data.google_organization.org","attribute":[]},{"resource":"module.cs-folders-level-1[\"API_Manager/Development\"].google_folder.folders","attribute":[]},{"resource":"module.cs-project-vpc-host-nonprod.module.project-factory.google_service_account.default_service_account[0]","attribute":["unique_id"]},{"resource":"module.cs-logsink-logbucketsink.google_logging_folder_sink.sink","attribute":[]},{"resource":"module.cs-project-logging-monitoring.module.project-factory.random_id.random_project_id_suffix","attribute":["hex"]},{"resource":"module.cs-project-vpc-host-nonprod.module.budget.data.google_project.project","attribute":[]},{"resource":"module.cs-project-vpc-host-nonprod.module.project-factory.module.project_services.google_project_service.project_services","attribute":[]},{"resource":"module.cs-project-vpc-host-prod.module.project-factory.google_project.main","attribute":["number"]},{"resource":"module.cs-folders-level-0.google_folder.folders","attribute":[]},{"resource":"module.cs-prod-prod-australia-southeast1-gateway.google_compute_ha_vpn_gateway.ha_gateway[0]","attribute":["self_link"]},{"resource":"random_integer.hostnum[\"prod-australia-southeast1-0\"]","attribute":["result"]},{"resource":"module.cs-folders-level-2.google_folder.folders","attribute":[]},{"resource":"module.cs-gg-operations-prod-service.google_cloud_identity_group.group","attribute":["group_key",0,"id"]},{"resource":"module.cs-folders-level-0[\"Managers\"].google_folder.folders","attribute":[]},{"resource":"module.cs-project-logging-monitoring.module.project-factory.google_project.main","attribute":["name"]},{"resource":"module.cs-project-logging-monitoring.module.project-factory.module.project_services.google_project_service.project_services","attribute":[]},{"resource":"module.cs-prod-prod-australia-southeast1-gateway.google_compute_vpn_tunnel.tunnels","attribute":[]},{"resource":"module.cs-svc-smart-rentals-prod-svc.module.project-factory.google_service_account.default_service_account[0]","attribute":["email"]},{"resource":"module.cs-project-vpc-host-prod.module.project-factory.google_service_account.default_service_account[0]","attribute":["email"]},{"resource":"module.cs-vpc-nonprod-shared.module.vpc.google_compute_network.network","attribute":["name"]},{"resource":"module.cs-vpc-prod-shared.module.vpc.google_compute_shared_vpc_host_project.shared_vpc_host[0]","attribute":["project"]},{"resource":"module.cs-vpc-prod-shared.module.vpc.google_compute_network.network","attribute":["project"]},{"resource":"module.cs-project-vpc-host-prod.module.project-factory.google_storage_bucket.project_bucket","attribute":[]},{"resource":"module.cs-project-logging-monitoring.module.project-factory.google_service_account.default_service_account[0]","attribute":["name"]},{"resource":"module.cs-project-vpc-host-prod.module.project-factory.google_service_account.default_service_account[0]","attribute":["display_name"]},{"resource":"module.cs-project-vpc-host-prod.module.essential_contacts.google_essential_contacts_contact.contact","attribute":[]},{"resource":"module.cs-svc-smart-rentals-prod-svc.module.budget.google_billing_budget.budget[0]","attribute":["name"]},{"resource":"module.cs-gg-sales-nonprod-service.data.google_organization.org[0]","attribute":["directory_customer_id"]},{"resource":"module.cs-prod-prod-australia-southeast1-gateway.google_compute_router_interface.router_interface","attribute":[]},{"resource":"module.cs-folders-level-0[\"Operations\"].google_folder.folders","attribute":[]},{"resource":"module.cs-project-vpc-host-nonprod.module.project-factory.google_service_account.default_service_account[0]","attribute":["email"]},{"resource":"module.cs-vpc-prod-shared.module.subnets.google_compute_subnetwork.subnetwork","attribute":[]},{"resource":"module.cs-svc-smart-rentals-prod-svc.module.shared_vpc_access.data.google_project.service_project[0]","attribute":["number"]},{"resource":"data.google_organization.org","attribute":["directory_customer_id"]},{"resource":"module.cs-project-vpc-host-prod.module.project-factory.module.project_services.google_project_service_identity.project_service_identities","attribute":[]},{"resource":"module.cs-project-vpc-host-prod.module.project-factory.google_service_account.default_service_account[0]","attribute":["name"]}],"timestamp":"2025-12-06T08:38:09Z"}
